{
  "version": 4,
  "terraform_version": "1.9.8",
  "serial": 263,
  "lineage": "ef8f4f2c-7ad0-0339-aef0-70a91fc880fc",
  "outputs": {},
  "resources": [
    {
      "module": "module.apigateway",
      "mode": "data",
      "type": "aws_caller_identity",
      "name": "current",
      "provider": "provider[\"registry.terraform.io/hashicorp/aws\"]",
      "instances": [
        {
          "schema_version": 0,
          "attributes": {
            "account_id": "233925838033",
            "arn": "arn:aws:iam::233925838033:root",
            "id": "233925838033",
            "user_id": "233925838033"
          },
          "sensitive_attributes": []
        }
      ]
    },
    {
      "module": "module.apigateway",
      "mode": "data",
      "type": "aws_region",
      "name": "current",
      "provider": "provider[\"registry.terraform.io/hashicorp/aws\"]",
      "instances": [
        {
          "schema_version": 0,
          "attributes": {
            "description": "US East (N. Virginia)",
            "endpoint": "ec2.us-east-1.amazonaws.com",
            "id": "us-east-1",
            "name": "us-east-1"
          },
          "sensitive_attributes": []
        }
      ]
    },
    {
      "module": "module.apigateway",
      "mode": "managed",
      "type": "aws_apigatewayv2_api",
      "name": "main",
      "provider": "provider[\"registry.terraform.io/hashicorp/aws\"]",
      "instances": [
        {
          "schema_version": 0,
          "attributes": {
            "api_endpoint": "https://u83oit2sq6.execute-api.us-east-1.amazonaws.com",
            "api_key_selection_expression": "$request.header.x-api-key",
            "arn": "arn:aws:apigateway:us-east-1::/apis/u83oit2sq6",
            "body": null,
            "cors_configuration": [
              {
                "allow_credentials": false,
                "allow_headers": [
                  "*"
                ],
                "allow_methods": [
                  "DELETE",
                  "GET",
                  "OPTIONS",
                  "POST",
                  "PUT"
                ],
                "allow_origins": [
                  "*",
                  "http://localhost:3000"
                ],
                "expose_headers": [],
                "max_age": 300
              }
            ],
            "credentials_arn": null,
            "description": "api-celeste-dev API Gateway",
            "disable_execute_api_endpoint": false,
            "execution_arn": "arn:aws:execute-api:us-east-1:233925838033:u83oit2sq6",
            "fail_on_warnings": null,
            "id": "u83oit2sq6",
            "name": "api-celeste-dev",
            "protocol_type": "HTTP",
            "route_key": null,
            "route_selection_expression": "$request.method $request.path",
            "tags": {},
            "tags_all": {
              "iac": "terraform"
            },
            "target": null,
            "version": ""
          },
          "sensitive_attributes": [],
          "private": "bnVsbA==",
          "dependencies": [
            "module.tables_dynamodb.aws_dynamodb_table.tbl_customers",
            "module.tables_dynamodb.aws_dynamodb_table.tbl_employees",
            "module.tables_dynamodb.aws_dynamodb_table.tbl_inventories",
            "module.tables_dynamodb.aws_dynamodb_table.tbl_suppliers",
            "module.tables_dynamodb.aws_dynamodb_table.tbl_token",
            "module.tables_dynamodb.aws_dynamodb_table.tbl_users"
          ]
        }
      ]
    },
    {
      "module": "module.apigateway",
      "mode": "managed",
      "type": "aws_apigatewayv2_stage",
      "name": "dev",
      "provider": "provider[\"registry.terraform.io/hashicorp/aws\"]",
      "instances": [
        {
          "schema_version": 0,
          "attributes": {
            "access_log_settings": [
              {
                "destination_arn": "arn:aws:logs:us-east-1:233925838033:log-group:/aws/api-gw/api-celeste-dev",
                "format": "{\"apiGatewayError\":\"$context.error.message\",\"authorizationError\":\"$context.authorizer.error\",\"httpMethod\":\"$context.httpMethod\",\"integrationErrorMessage\":\"$context.integrationErrorMessage\",\"integrationRealError\":\"$context.integration.error\",\"protocol\":\"$context.protocol\",\"requestId\":\"$context.requestId\",\"requestTime\":\"$context.requestTime\",\"resourcePath\":\"$context.resourcePath\",\"responseLength\":\"$context.responseLength\",\"routeKey\":\"$context.routeKey\",\"sourceIp\":\"$context.identity.sourceIp\",\"status\":\"$context.status\"}"
              }
            ],
            "api_id": "u83oit2sq6",
            "arn": "arn:aws:apigateway:us-east-1::/apis/u83oit2sq6/stages/dev",
            "auto_deploy": true,
            "client_certificate_id": "",
            "default_route_settings": [
              {
                "data_trace_enabled": false,
                "detailed_metrics_enabled": false,
                "logging_level": "",
                "throttling_burst_limit": 50,
                "throttling_rate_limit": 100
              }
            ],
            "deployment_id": "7b5jwj",
            "description": "",
            "execution_arn": "arn:aws:execute-api:us-east-1:233925838033:u83oit2sq6/dev",
            "id": "dev",
            "invoke_url": "https://u83oit2sq6.execute-api.us-east-1.amazonaws.com/dev",
            "name": "dev",
            "route_settings": [],
            "stage_variables": {},
            "tags": {},
            "tags_all": {
              "iac": "terraform"
            }
          },
          "sensitive_attributes": [],
          "private": "bnVsbA==",
          "dependencies": [
            "module.apigateway.aws_apigatewayv2_api.main",
            "module.apigateway.aws_cloudwatch_log_group.main_api_gw",
            "module.tables_dynamodb.aws_dynamodb_table.tbl_customers",
            "module.tables_dynamodb.aws_dynamodb_table.tbl_employees",
            "module.tables_dynamodb.aws_dynamodb_table.tbl_inventories",
            "module.tables_dynamodb.aws_dynamodb_table.tbl_suppliers",
            "module.tables_dynamodb.aws_dynamodb_table.tbl_token",
            "module.tables_dynamodb.aws_dynamodb_table.tbl_users"
          ]
        }
      ]
    },
    {
      "module": "module.apigateway",
      "mode": "managed",
      "type": "aws_cloudwatch_log_group",
      "name": "main_api_gw",
      "provider": "provider[\"registry.terraform.io/hashicorp/aws\"]",
      "instances": [
        {
          "schema_version": 0,
          "attributes": {
            "arn": "arn:aws:logs:us-east-1:233925838033:log-group:/aws/api-gw/api-celeste-dev",
            "id": "/aws/api-gw/api-celeste-dev",
            "kms_key_id": "",
            "log_group_class": "STANDARD",
            "name": "/aws/api-gw/api-celeste-dev",
            "name_prefix": "",
            "retention_in_days": 7,
            "skip_destroy": false,
            "tags": {},
            "tags_all": {
              "iac": "terraform"
            }
          },
          "sensitive_attributes": [],
          "private": "bnVsbA==",
          "dependencies": [
            "module.apigateway.aws_apigatewayv2_api.main",
            "module.tables_dynamodb.aws_dynamodb_table.tbl_customers",
            "module.tables_dynamodb.aws_dynamodb_table.tbl_employees",
            "module.tables_dynamodb.aws_dynamodb_table.tbl_inventories",
            "module.tables_dynamodb.aws_dynamodb_table.tbl_suppliers",
            "module.tables_dynamodb.aws_dynamodb_table.tbl_token",
            "module.tables_dynamodb.aws_dynamodb_table.tbl_users"
          ]
        }
      ]
    },
    {
      "module": "module.apigateway_resource_authorization",
      "mode": "data",
      "type": "archive_file",
      "name": "lambda_package_authorizer",
      "provider": "provider[\"registry.terraform.io/hashicorp/archive\"]",
      "instances": [
        {
          "schema_version": 0,
          "attributes": {
            "exclude_symlink_directories": null,
            "excludes": null,
            "id": "b38077d821abefef54626872a47b83c9bd20fa7b",
            "output_base64sha256": "6xBrHmxbh1USnI0fLP+wnntZ1QIF32xc2te25tXWJ5o=",
            "output_base64sha512": "jv1078if4zKsTGdUCoz42j2VyTjdrn7z6vw3awtdF98LnyjGsYyLSa96e348JYGEo/62zW0WcKsFf/tsdXoISQ==",
            "output_file_mode": null,
            "output_md5": "50568585117c0dd2888f6ac722eda072",
            "output_path": "./resources/auth/authorizer/index.zip",
            "output_sha": "b38077d821abefef54626872a47b83c9bd20fa7b",
            "output_sha256": "eb106b1e6c5b8755129c8d1f2cffb09e7b59d50205df6c5cdad7b6e6d5d6279a",
            "output_sha512": "8efd74efc89fe332ac4c67540a8cf8da3d95c938ddae7ef3eafc376b0b5d17df0b9f28c6b18c8b49af7a7b7e3c258184a3feb6cd6d1670ab057ffb6c757a0849",
            "output_size": 370851,
            "source": [],
            "source_content": null,
            "source_content_filename": null,
            "source_dir": "./lambdas/auth/authorizer",
            "source_file": null,
            "type": "zip"
          },
          "sensitive_attributes": []
        }
      ]
    },
    {
      "module": "module.apigateway_resource_authorization",
      "mode": "data",
      "type": "aws_apigatewayv2_api",
      "name": "selected",
      "provider": "provider[\"registry.terraform.io/hashicorp/aws\"]",
      "instances": [
        {
          "schema_version": 0,
          "attributes": {
            "api_endpoint": "https://u83oit2sq6.execute-api.us-east-1.amazonaws.com",
            "api_id": "u83oit2sq6",
            "api_key_selection_expression": "$request.header.x-api-key",
            "arn": "arn:aws:apigateway:us-east-1::/apis/u83oit2sq6",
            "cors_configuration": [
              {
                "allow_credentials": false,
                "allow_headers": [
                  "*"
                ],
                "allow_methods": [
                  "DELETE",
                  "GET",
                  "OPTIONS",
                  "POST",
                  "PUT"
                ],
                "allow_origins": [
                  "*",
                  "http://localhost:3000"
                ],
                "expose_headers": [],
                "max_age": 300
              }
            ],
            "description": "api-celeste-dev API Gateway",
            "disable_execute_api_endpoint": false,
            "execution_arn": "arn:aws:execute-api:us-east-1:233925838033:u83oit2sq6",
            "id": "u83oit2sq6",
            "name": "api-celeste-dev",
            "protocol_type": "HTTP",
            "route_selection_expression": "$request.method $request.path",
            "tags": {
              "iac": "terraform"
            },
            "version": ""
          },
          "sensitive_attributes": []
        }
      ]
    },
    {
      "module": "module.apigateway_resource_authorization",
      "mode": "data",
      "type": "aws_caller_identity",
      "name": "current",
      "provider": "provider[\"registry.terraform.io/hashicorp/aws\"]",
      "instances": [
        {
          "schema_version": 0,
          "attributes": {
            "account_id": "233925838033",
            "arn": "arn:aws:iam::233925838033:root",
            "id": "233925838033",
            "user_id": "233925838033"
          },
          "sensitive_attributes": []
        }
      ]
    },
    {
      "module": "module.apigateway_resource_authorization",
      "mode": "data",
      "type": "aws_iam_policy_document",
      "name": "lambda_policy_document_authorizer",
      "provider": "provider[\"registry.terraform.io/hashicorp/aws\"]",
      "instances": [
        {
          "schema_version": 0,
          "attributes": {
            "id": "444371159",
            "json": "{\n  \"Version\": \"2012-10-17\",\n  \"Statement\": [\n    {\n      \"Effect\": \"Allow\",\n      \"Action\": [\n        \"dynamodb:Scan\",\n        \"dynamodb:PutItem\",\n        \"dynamodb:GetItem\",\n        \"dynamodb:DeleteItem\"\n      ],\n      \"Resource\": \"arn:aws:dynamodb:us-east-1:233925838033:table/tbl-celeste-token-dev\"\n    }\n  ]\n}",
            "minified_json": "{\"Version\":\"2012-10-17\",\"Statement\":[{\"Effect\":\"Allow\",\"Action\":[\"dynamodb:Scan\",\"dynamodb:PutItem\",\"dynamodb:GetItem\",\"dynamodb:DeleteItem\"],\"Resource\":\"arn:aws:dynamodb:us-east-1:233925838033:table/tbl-celeste-token-dev\"}]}",
            "override_json": null,
            "override_policy_documents": null,
            "policy_id": null,
            "source_json": null,
            "source_policy_documents": null,
            "statement": [
              {
                "actions": [
                  "dynamodb:DeleteItem",
                  "dynamodb:GetItem",
                  "dynamodb:PutItem",
                  "dynamodb:Scan"
                ],
                "condition": [],
                "effect": "Allow",
                "not_actions": [],
                "not_principals": [],
                "not_resources": [],
                "principals": [],
                "resources": [
                  "arn:aws:dynamodb:us-east-1:233925838033:table/tbl-celeste-token-dev"
                ],
                "sid": ""
              }
            ],
            "version": "2012-10-17"
          },
          "sensitive_attributes": []
        }
      ]
    },
    {
      "module": "module.apigateway_resource_authorization",
      "mode": "data",
      "type": "aws_region",
      "name": "current",
      "provider": "provider[\"registry.terraform.io/hashicorp/aws\"]",
      "instances": [
        {
          "schema_version": 0,
          "attributes": {
            "description": "US East (N. Virginia)",
            "endpoint": "ec2.us-east-1.amazonaws.com",
            "id": "us-east-1",
            "name": "us-east-1"
          },
          "sensitive_attributes": []
        }
      ]
    },
    {
      "module": "module.apigateway_resource_authorization",
      "mode": "managed",
      "type": "aws_apigatewayv2_authorizer",
      "name": "header_based_authorizer",
      "provider": "provider[\"registry.terraform.io/hashicorp/aws\"]",
      "instances": [
        {
          "schema_version": 0,
          "attributes": {
            "api_id": "u83oit2sq6",
            "authorizer_credentials_arn": "",
            "authorizer_payload_format_version": "2.0",
            "authorizer_result_ttl_in_seconds": 3600,
            "authorizer_type": "REQUEST",
            "authorizer_uri": "arn:aws:apigateway:us-east-1:lambda:path/2015-03-31/functions/arn:aws:lambda:us-east-1:233925838033:function:lmb-celeste-authorizer-dev/invocations",
            "enable_simple_responses": true,
            "id": "10477d",
            "identity_sources": [
              "$request.header.authorization"
            ],
            "jwt_configuration": [],
            "name": "lmb-celeste-authorizer-dev",
            "timeouts": null
          },
          "sensitive_attributes": [],
          "private": "eyJlMmJmYjczMC1lY2FhLTExZTYtOGY4OC0zNDM2M2JjN2M0YzAiOnsiZGVsZXRlIjoxODAwMDAwMDAwMDAwfX0=",
          "dependencies": [
            "module.apigateway.aws_apigatewayv2_api.main",
            "module.apigateway.aws_apigatewayv2_stage.dev",
            "module.apigateway.aws_cloudwatch_log_group.main_api_gw",
            "module.apigateway.data.aws_caller_identity.current",
            "module.apigateway.data.aws_region.current",
            "module.apigateway_resource_authorization.aws_iam_role.lambda_role_authorizer",
            "module.apigateway_resource_authorization.aws_lambda_function.html_lambda_authorizer",
            "module.apigateway_resource_authorization.data.archive_file.lambda_package_authorizer",
            "module.tables_dynamodb.aws_dynamodb_table.tbl_customers",
            "module.tables_dynamodb.aws_dynamodb_table.tbl_employees",
            "module.tables_dynamodb.aws_dynamodb_table.tbl_inventories",
            "module.tables_dynamodb.aws_dynamodb_table.tbl_suppliers",
            "module.tables_dynamodb.aws_dynamodb_table.tbl_token",
            "module.tables_dynamodb.aws_dynamodb_table.tbl_users"
          ]
        }
      ]
    },
    {
      "module": "module.apigateway_resource_authorization",
      "mode": "managed",
      "type": "aws_cloudwatch_log_group",
      "name": "html_loggroup_lambda_authorizer",
      "provider": "provider[\"registry.terraform.io/hashicorp/aws\"]",
      "instances": [
        {
          "schema_version": 0,
          "attributes": {
            "arn": "arn:aws:logs:us-east-1:233925838033:log-group:/aws/lambda/lmb-celeste-authorizer-dev",
            "id": "/aws/lambda/lmb-celeste-authorizer-dev",
            "kms_key_id": "",
            "log_group_class": "STANDARD",
            "name": "/aws/lambda/lmb-celeste-authorizer-dev",
            "name_prefix": "",
            "retention_in_days": 7,
            "skip_destroy": false,
            "tags": {
              "app_name": "celeste",
              "env": "dev"
            },
            "tags_all": {
              "app_name": "celeste",
              "env": "dev",
              "iac": "terraform"
            }
          },
          "sensitive_attributes": [],
          "private": "bnVsbA==",
          "dependencies": [
            "module.apigateway.aws_apigatewayv2_api.main",
            "module.apigateway.aws_apigatewayv2_stage.dev",
            "module.apigateway.aws_cloudwatch_log_group.main_api_gw",
            "module.apigateway.data.aws_caller_identity.current",
            "module.apigateway.data.aws_region.current",
            "module.apigateway_resource_authorization.aws_iam_role.lambda_role_authorizer",
            "module.apigateway_resource_authorization.aws_lambda_function.html_lambda_authorizer",
            "module.apigateway_resource_authorization.data.archive_file.lambda_package_authorizer",
            "module.tables_dynamodb.aws_dynamodb_table.tbl_customers",
            "module.tables_dynamodb.aws_dynamodb_table.tbl_employees",
            "module.tables_dynamodb.aws_dynamodb_table.tbl_inventories",
            "module.tables_dynamodb.aws_dynamodb_table.tbl_suppliers",
            "module.tables_dynamodb.aws_dynamodb_table.tbl_token",
            "module.tables_dynamodb.aws_dynamodb_table.tbl_users"
          ]
        }
      ]
    },
    {
      "module": "module.apigateway_resource_authorization",
      "mode": "managed",
      "type": "aws_iam_policy",
      "name": "dynamodb_lambda_policy_authorizer",
      "provider": "provider[\"registry.terraform.io/hashicorp/aws\"]",
      "instances": [
        {
          "schema_version": 0,
          "attributes": {
            "arn": "arn:aws:iam::233925838033:policy/policy-celeste-authorizer-dev",
            "attachment_count": 1,
            "description": "This policy will be used by the lambda to write get data from DynamoDB",
            "id": "arn:aws:iam::233925838033:policy/policy-celeste-authorizer-dev",
            "name": "policy-celeste-authorizer-dev",
            "name_prefix": "",
            "path": "/",
            "policy": "{\"Statement\":[{\"Action\":[\"dynamodb:Scan\",\"dynamodb:PutItem\",\"dynamodb:GetItem\",\"dynamodb:DeleteItem\"],\"Effect\":\"Allow\",\"Resource\":\"arn:aws:dynamodb:us-east-1:233925838033:table/tbl-celeste-token-dev\"}],\"Version\":\"2012-10-17\"}",
            "policy_id": "ANPATM5YRATI47KAKTIYJ",
            "tags": {
              "app_name": "celeste",
              "env": "dev"
            },
            "tags_all": {
              "app_name": "celeste",
              "env": "dev",
              "iac": "terraform"
            }
          },
          "sensitive_attributes": [],
          "private": "bnVsbA==",
          "dependencies": [
            "module.apigateway.aws_apigatewayv2_api.main",
            "module.apigateway.aws_apigatewayv2_stage.dev",
            "module.apigateway.aws_cloudwatch_log_group.main_api_gw",
            "module.apigateway.data.aws_caller_identity.current",
            "module.apigateway.data.aws_region.current",
            "module.apigateway_resource_authorization.data.aws_caller_identity.current",
            "module.apigateway_resource_authorization.data.aws_iam_policy_document.lambda_policy_document_authorizer",
            "module.apigateway_resource_authorization.data.aws_region.current",
            "module.tables_dynamodb.aws_dynamodb_table.tbl_customers",
            "module.tables_dynamodb.aws_dynamodb_table.tbl_employees",
            "module.tables_dynamodb.aws_dynamodb_table.tbl_inventories",
            "module.tables_dynamodb.aws_dynamodb_table.tbl_suppliers",
            "module.tables_dynamodb.aws_dynamodb_table.tbl_token",
            "module.tables_dynamodb.aws_dynamodb_table.tbl_users"
          ]
        }
      ]
    },
    {
      "module": "module.apigateway_resource_authorization",
      "mode": "managed",
      "type": "aws_iam_role",
      "name": "lambda_role_authorizer",
      "provider": "provider[\"registry.terraform.io/hashicorp/aws\"]",
      "instances": [
        {
          "schema_version": 0,
          "attributes": {
            "arn": "arn:aws:iam::233925838033:role/role-celeste-authorizer-dev",
            "assume_role_policy": "{\"Statement\":[{\"Action\":\"sts:AssumeRole\",\"Effect\":\"Allow\",\"Principal\":{\"Service\":\"lambda.amazonaws.com\"}}],\"Version\":\"2012-10-17\"}",
            "create_date": "2025-03-06T21:18:23Z",
            "description": "",
            "force_detach_policies": false,
            "id": "role-celeste-authorizer-dev",
            "inline_policy": [],
            "managed_policy_arns": [
              "arn:aws:iam::233925838033:policy/policy-celeste-authorizer-dev",
              "arn:aws:iam::aws:policy/service-role/AWSLambdaBasicExecutionRole"
            ],
            "max_session_duration": 3600,
            "name": "role-celeste-authorizer-dev",
            "name_prefix": "",
            "path": "/",
            "permissions_boundary": "",
            "tags": {
              "app_name": "celeste",
              "env": "dev"
            },
            "tags_all": {
              "app_name": "celeste",
              "env": "dev",
              "iac": "terraform"
            },
            "unique_id": "AROATM5YRATIUGWJKZM2Y"
          },
          "sensitive_attributes": [],
          "private": "bnVsbA==",
          "dependencies": [
            "module.apigateway.aws_apigatewayv2_api.main",
            "module.apigateway.aws_apigatewayv2_stage.dev",
            "module.apigateway.aws_cloudwatch_log_group.main_api_gw",
            "module.apigateway.data.aws_caller_identity.current",
            "module.apigateway.data.aws_region.current",
            "module.tables_dynamodb.aws_dynamodb_table.tbl_customers",
            "module.tables_dynamodb.aws_dynamodb_table.tbl_employees",
            "module.tables_dynamodb.aws_dynamodb_table.tbl_inventories",
            "module.tables_dynamodb.aws_dynamodb_table.tbl_suppliers",
            "module.tables_dynamodb.aws_dynamodb_table.tbl_token",
            "module.tables_dynamodb.aws_dynamodb_table.tbl_users"
          ]
        }
      ]
    },
    {
      "module": "module.apigateway_resource_authorization",
      "mode": "managed",
      "type": "aws_iam_role_policy_attachment",
      "name": "lambda_attachements",
      "provider": "provider[\"registry.terraform.io/hashicorp/aws\"]",
      "instances": [
        {
          "schema_version": 0,
          "attributes": {
            "id": "role-celeste-authorizer-dev-20250306211824179200000002",
            "policy_arn": "arn:aws:iam::233925838033:policy/policy-celeste-authorizer-dev",
            "role": "role-celeste-authorizer-dev"
          },
          "sensitive_attributes": [],
          "private": "bnVsbA==",
          "dependencies": [
            "module.apigateway.aws_apigatewayv2_api.main",
            "module.apigateway.aws_apigatewayv2_stage.dev",
            "module.apigateway.aws_cloudwatch_log_group.main_api_gw",
            "module.apigateway.data.aws_caller_identity.current",
            "module.apigateway.data.aws_region.current",
            "module.apigateway_resource_authorization.aws_iam_policy.dynamodb_lambda_policy_authorizer",
            "module.apigateway_resource_authorization.aws_iam_role.lambda_role_authorizer",
            "module.apigateway_resource_authorization.data.aws_caller_identity.current",
            "module.apigateway_resource_authorization.data.aws_iam_policy_document.lambda_policy_document_authorizer",
            "module.apigateway_resource_authorization.data.aws_region.current",
            "module.tables_dynamodb.aws_dynamodb_table.tbl_customers",
            "module.tables_dynamodb.aws_dynamodb_table.tbl_employees",
            "module.tables_dynamodb.aws_dynamodb_table.tbl_inventories",
            "module.tables_dynamodb.aws_dynamodb_table.tbl_suppliers",
            "module.tables_dynamodb.aws_dynamodb_table.tbl_token",
            "module.tables_dynamodb.aws_dynamodb_table.tbl_users"
          ]
        }
      ]
    },
    {
      "module": "module.apigateway_resource_authorization",
      "mode": "managed",
      "type": "aws_iam_role_policy_attachment",
      "name": "lambda_role_policy_authorizer",
      "provider": "provider[\"registry.terraform.io/hashicorp/aws\"]",
      "instances": [
        {
          "schema_version": 0,
          "attributes": {
            "id": "role-celeste-authorizer-dev-20250306211824127100000001",
            "policy_arn": "arn:aws:iam::aws:policy/service-role/AWSLambdaBasicExecutionRole",
            "role": "role-celeste-authorizer-dev"
          },
          "sensitive_attributes": [],
          "private": "bnVsbA==",
          "dependencies": [
            "module.apigateway.aws_apigatewayv2_api.main",
            "module.apigateway.aws_apigatewayv2_stage.dev",
            "module.apigateway.aws_cloudwatch_log_group.main_api_gw",
            "module.apigateway.data.aws_caller_identity.current",
            "module.apigateway.data.aws_region.current",
            "module.apigateway_resource_authorization.aws_iam_role.lambda_role_authorizer",
            "module.tables_dynamodb.aws_dynamodb_table.tbl_customers",
            "module.tables_dynamodb.aws_dynamodb_table.tbl_employees",
            "module.tables_dynamodb.aws_dynamodb_table.tbl_inventories",
            "module.tables_dynamodb.aws_dynamodb_table.tbl_suppliers",
            "module.tables_dynamodb.aws_dynamodb_table.tbl_token",
            "module.tables_dynamodb.aws_dynamodb_table.tbl_users"
          ]
        }
      ]
    },
    {
      "module": "module.apigateway_resource_authorization",
      "mode": "managed",
      "type": "aws_lambda_function",
      "name": "html_lambda_authorizer",
      "provider": "provider[\"registry.terraform.io/hashicorp/aws\"]",
      "instances": [
        {
          "schema_version": 0,
          "attributes": {
            "architectures": [
              "arm64"
            ],
            "arn": "arn:aws:lambda:us-east-1:233925838033:function:lmb-celeste-authorizer-dev",
            "code_sha256": "6xBrHmxbh1USnI0fLP+wnntZ1QIF32xc2te25tXWJ5o=",
            "code_signing_config_arn": "",
            "dead_letter_config": [],
            "description": "",
            "environment": [],
            "ephemeral_storage": [
              {
                "size": 512
              }
            ],
            "file_system_config": [],
            "filename": "./resources/auth/authorizer/index.zip",
            "function_name": "lmb-celeste-authorizer-dev",
            "handler": "index.handler",
            "id": "lmb-celeste-authorizer-dev",
            "image_config": [],
            "image_uri": "",
            "invoke_arn": "arn:aws:apigateway:us-east-1:lambda:path/2015-03-31/functions/arn:aws:lambda:us-east-1:233925838033:function:lmb-celeste-authorizer-dev/invocations",
            "kms_key_arn": "",
            "last_modified": "2025-03-06T22:06:27.000+0000",
            "layers": [],
            "logging_config": [
              {
                "application_log_level": "",
                "log_format": "Text",
                "log_group": "/aws/lambda/lmb-celeste-authorizer-dev",
                "system_log_level": ""
              }
            ],
            "memory_size": 128,
            "package_type": "Zip",
            "publish": false,
            "qualified_arn": "arn:aws:lambda:us-east-1:233925838033:function:lmb-celeste-authorizer-dev:$LATEST",
            "qualified_invoke_arn": "arn:aws:apigateway:us-east-1:lambda:path/2015-03-31/functions/arn:aws:lambda:us-east-1:233925838033:function:lmb-celeste-authorizer-dev:$LATEST/invocations",
            "replace_security_groups_on_destroy": null,
            "replacement_security_group_ids": null,
            "reserved_concurrent_executions": -1,
            "role": "arn:aws:iam::233925838033:role/role-celeste-authorizer-dev",
            "runtime": "nodejs22.x",
            "s3_bucket": null,
            "s3_key": null,
            "s3_object_version": null,
            "signing_job_arn": "",
            "signing_profile_version_arn": "",
            "skip_destroy": false,
            "snap_start": [],
            "source_code_hash": "6xBrHmxbh1USnI0fLP+wnntZ1QIF32xc2te25tXWJ5o=",
            "source_code_size": 370851,
            "tags": {
              "app_name": "celeste",
              "env": "dev"
            },
            "tags_all": {
              "app_name": "celeste",
              "env": "dev",
              "iac": "terraform"
            },
            "timeout": 30,
            "timeouts": null,
            "tracing_config": [
              {
                "mode": "PassThrough"
              }
            ],
            "version": "$LATEST",
            "vpc_config": []
          },
          "sensitive_attributes": [],
          "private": "eyJlMmJmYjczMC1lY2FhLTExZTYtOGY4OC0zNDM2M2JjN2M0YzAiOnsiY3JlYXRlIjo2MDAwMDAwMDAwMDAsImRlbGV0ZSI6NjAwMDAwMDAwMDAwLCJ1cGRhdGUiOjYwMDAwMDAwMDAwMH19",
          "dependencies": [
            "module.apigateway.aws_apigatewayv2_api.main",
            "module.apigateway.aws_apigatewayv2_stage.dev",
            "module.apigateway.aws_cloudwatch_log_group.main_api_gw",
            "module.apigateway.data.aws_caller_identity.current",
            "module.apigateway.data.aws_region.current",
            "module.apigateway_resource_authorization.aws_iam_role.lambda_role_authorizer",
            "module.apigateway_resource_authorization.data.archive_file.lambda_package_authorizer",
            "module.tables_dynamodb.aws_dynamodb_table.tbl_customers",
            "module.tables_dynamodb.aws_dynamodb_table.tbl_employees",
            "module.tables_dynamodb.aws_dynamodb_table.tbl_inventories",
            "module.tables_dynamodb.aws_dynamodb_table.tbl_suppliers",
            "module.tables_dynamodb.aws_dynamodb_table.tbl_token",
            "module.tables_dynamodb.aws_dynamodb_table.tbl_users"
          ]
        }
      ]
    },
    {
      "module": "module.apigateway_resource_authorization",
      "mode": "managed",
      "type": "aws_lambda_permission",
      "name": "allow_api_gw_invoke_authorizer",
      "provider": "provider[\"registry.terraform.io/hashicorp/aws\"]",
      "instances": [
        {
          "schema_version": 0,
          "attributes": {
            "action": "lambda:InvokeFunction",
            "event_source_token": null,
            "function_name": "lmb-celeste-authorizer-dev",
            "function_url_auth_type": null,
            "id": "allowInvokeFromAPIGatewayAuthorizer",
            "principal": "apigateway.amazonaws.com",
            "principal_org_id": null,
            "qualifier": "",
            "source_account": null,
            "source_arn": "arn:aws:execute-api:us-east-1:233925838033:u83oit2sq6/authorizers/10477d",
            "statement_id": "allowInvokeFromAPIGatewayAuthorizer",
            "statement_id_prefix": ""
          },
          "sensitive_attributes": [],
          "private": "bnVsbA==",
          "dependencies": [
            "module.apigateway.aws_apigatewayv2_api.main",
            "module.apigateway.aws_apigatewayv2_stage.dev",
            "module.apigateway.aws_cloudwatch_log_group.main_api_gw",
            "module.apigateway.data.aws_caller_identity.current",
            "module.apigateway.data.aws_region.current",
            "module.apigateway_resource_authorization.aws_apigatewayv2_authorizer.header_based_authorizer",
            "module.apigateway_resource_authorization.aws_iam_role.lambda_role_authorizer",
            "module.apigateway_resource_authorization.aws_lambda_function.html_lambda_authorizer",
            "module.apigateway_resource_authorization.data.archive_file.lambda_package_authorizer",
            "module.apigateway_resource_authorization.data.aws_apigatewayv2_api.selected",
            "module.tables_dynamodb.aws_dynamodb_table.tbl_customers",
            "module.tables_dynamodb.aws_dynamodb_table.tbl_employees",
            "module.tables_dynamodb.aws_dynamodb_table.tbl_inventories",
            "module.tables_dynamodb.aws_dynamodb_table.tbl_suppliers",
            "module.tables_dynamodb.aws_dynamodb_table.tbl_token",
            "module.tables_dynamodb.aws_dynamodb_table.tbl_users"
          ]
        }
      ]
    },
    {
      "module": "module.apigateway_resource_customers",
      "mode": "data",
      "type": "archive_file",
      "name": "lambda_package_customers_create",
      "provider": "provider[\"registry.terraform.io/hashicorp/archive\"]",
      "instances": [
        {
          "schema_version": 0,
          "attributes": {
            "exclude_symlink_directories": null,
            "excludes": null,
            "id": "41d356c7751639fe3cf015cec93d9dd5b67c95ec",
            "output_base64sha256": "9zaGJqQxeUIs/z8gluqXrvD+EhrqxxiR2I4F7sXHaKw=",
            "output_base64sha512": "g5Pzn8zgqt6vVgJ0WtgnSmvJmUPv6MvMDNZgdD35kXjoGHuwz5hzRY3IatLiYblwHSXktjmdmgdse3QyvCaf0A==",
            "output_file_mode": null,
            "output_md5": "a6a1c5d15ae37f1ae4208402c81b8463",
            "output_path": "./resources/core/customers-create/index.zip",
            "output_sha": "41d356c7751639fe3cf015cec93d9dd5b67c95ec",
            "output_sha256": "f7368626a43179422cff3f2096ea97aef0fe121aeac71891d88e05eec5c768ac",
            "output_sha512": "8393f39fcce0aadeaf5602745ad8274a6bc99943efe8cbcc0cd660743df99178e8187bb0cf9873458dc86ad2e261b9701d25e4b6399d9a076c7b7432bc269fd0",
            "output_size": 362125,
            "source": [],
            "source_content": null,
            "source_content_filename": null,
            "source_dir": "./lambdas/core/customers-create",
            "source_file": null,
            "type": "zip"
          },
          "sensitive_attributes": []
        }
      ]
    },
    {
      "module": "module.apigateway_resource_customers",
      "mode": "data",
      "type": "archive_file",
      "name": "lambda_package_customers_delete_by_id",
      "provider": "provider[\"registry.terraform.io/hashicorp/archive\"]",
      "instances": [
        {
          "schema_version": 0,
          "attributes": {
            "exclude_symlink_directories": null,
            "excludes": null,
            "id": "4711c28422b6ba048f304b6f82b6831dba5f237b",
            "output_base64sha256": "6gmpJN0Fm57HfsDaREiEIWVmHK5jOprN8ZlUyZ52+ok=",
            "output_base64sha512": "m921HyMEq+UfaIg09TC/nX6mjBFyDiM3uIEalmNne2GKXO6heFIIc8r38rER7RTfaFJmff0a7Z/taLjSAvlwmg==",
            "output_file_mode": null,
            "output_md5": "51964f8396b5023c19ad143ea49540be",
            "output_path": "./resources/core/customers-delete-by-id/index.zip",
            "output_sha": "4711c28422b6ba048f304b6f82b6831dba5f237b",
            "output_sha256": "ea09a924dd059b9ec77ec0da4448842165661cae633a9acdf19954c99e76fa89",
            "output_sha512": "9bddb51f2304abe51f688834f530bf9d7ea68c11720e2337b8811a9663677b618a5ceea178520873caf7f2b111ed14df6852667dfd1aed9fed68b8d202f9709a",
            "output_size": 361263,
            "source": [],
            "source_content": null,
            "source_content_filename": null,
            "source_dir": "./lambdas/core/customers-delete-by-id",
            "source_file": null,
            "type": "zip"
          },
          "sensitive_attributes": []
        }
      ]
    },
    {
      "module": "module.apigateway_resource_customers",
      "mode": "data",
      "type": "archive_file",
      "name": "lambda_package_customers_filter",
      "provider": "provider[\"registry.terraform.io/hashicorp/archive\"]",
      "instances": [
        {
          "schema_version": 0,
          "attributes": {
            "exclude_symlink_directories": null,
            "excludes": null,
            "id": "300aabbf66b8373f239eb9a81e7b3c9a452fb55e",
            "output_base64sha256": "57LXDK5lWQoZW+SVzz8G6NZKy2XEHMEvilAB95mBBt4=",
            "output_base64sha512": "nd1XFciRCz+eHqW/x+SwnRoHdXUDabMW7mvlJeFzKjxZ7XhZsWJGZ9R9LpofwctQJ+MOjdLEnch+9UC20rMeBQ==",
            "output_file_mode": null,
            "output_md5": "06b14a56a67cdaeb0bda95745e717daa",
            "output_path": "./resources/core/customers-filter/index.zip",
            "output_sha": "300aabbf66b8373f239eb9a81e7b3c9a452fb55e",
            "output_sha256": "e7b2d70cae65590a195be495cf3f06e8d64acb65c41cc12f8a5001f7998106de",
            "output_sha512": "9ddd5715c8910b3f9e1ea5bfc7e4b09d1a0775750369b316ee6be525e1732a3c59ed7859b1624667d47d2e9a1fc1cb5027e30e8dd2c49dc87ef540b6d2b31e05",
            "output_size": 370387,
            "source": [],
            "source_content": null,
            "source_content_filename": null,
            "source_dir": "./lambdas/core/customers-filter",
            "source_file": null,
            "type": "zip"
          },
          "sensitive_attributes": []
        }
      ]
    },
    {
      "module": "module.apigateway_resource_customers",
      "mode": "data",
      "type": "archive_file",
      "name": "lambda_package_customers_update",
      "provider": "provider[\"registry.terraform.io/hashicorp/archive\"]",
      "instances": [
        {
          "schema_version": 0,
          "attributes": {
            "exclude_symlink_directories": null,
            "excludes": null,
            "id": "525cd4c5b9952a8c90112064b49b0b3614a0f9de",
            "output_base64sha256": "DPMyzIXs+bmuYLH3SkeWkyYCbRRxnHLEwzQFjj3WGeQ=",
            "output_base64sha512": "aPQCc13y9KfeKZPdwTe2v712P1wRKrXZJ+qOrbLZ0XJIcycZEMIMZnuc8h3Pf/QotKZw3tCOQPAi6JkevhFRcA==",
            "output_file_mode": null,
            "output_md5": "4a7ebb19ec8e798e5013e39d5866af53",
            "output_path": "./resources/core/customers-update-by-id/index.zip",
            "output_sha": "525cd4c5b9952a8c90112064b49b0b3614a0f9de",
            "output_sha256": "0cf332cc85ecf9b9ae60b1f74a47969326026d14719c72c4c334058e3dd619e4",
            "output_sha512": "68f402735df2f4a7de2993ddc137b6bfbd763f5c112ab5d927ea8eadb2d9d1724873271910c20c667b9cf21dcf7ff428b4a670ded08e40f022e8991ebe115170",
            "output_size": 564602,
            "source": [],
            "source_content": null,
            "source_content_filename": null,
            "source_dir": "./lambdas/core/customers-update-by-id",
            "source_file": null,
            "type": "zip"
          },
          "sensitive_attributes": []
        }
      ]
    },
    {
      "module": "module.apigateway_resource_customers",
      "mode": "data",
      "type": "aws_apigatewayv2_api",
      "name": "selected",
      "provider": "provider[\"registry.terraform.io/hashicorp/aws\"]",
      "instances": [
        {
          "schema_version": 0,
          "attributes": {
            "api_endpoint": "https://u83oit2sq6.execute-api.us-east-1.amazonaws.com",
            "api_id": "u83oit2sq6",
            "api_key_selection_expression": "$request.header.x-api-key",
            "arn": "arn:aws:apigateway:us-east-1::/apis/u83oit2sq6",
            "cors_configuration": [
              {
                "allow_credentials": false,
                "allow_headers": [
                  "*"
                ],
                "allow_methods": [
                  "DELETE",
                  "GET",
                  "OPTIONS",
                  "POST",
                  "PUT"
                ],
                "allow_origins": [
                  "*",
                  "http://localhost:3000"
                ],
                "expose_headers": [],
                "max_age": 300
              }
            ],
            "description": "api-celeste-dev API Gateway",
            "disable_execute_api_endpoint": false,
            "execution_arn": "arn:aws:execute-api:us-east-1:233925838033:u83oit2sq6",
            "id": "u83oit2sq6",
            "name": "api-celeste-dev",
            "protocol_type": "HTTP",
            "route_selection_expression": "$request.method $request.path",
            "tags": {
              "iac": "terraform"
            },
            "version": ""
          },
          "sensitive_attributes": []
        }
      ]
    },
    {
      "module": "module.apigateway_resource_customers",
      "mode": "data",
      "type": "aws_caller_identity",
      "name": "current",
      "provider": "provider[\"registry.terraform.io/hashicorp/aws\"]",
      "instances": [
        {
          "schema_version": 0,
          "attributes": {
            "account_id": "233925838033",
            "arn": "arn:aws:iam::233925838033:root",
            "id": "233925838033",
            "user_id": "233925838033"
          },
          "sensitive_attributes": []
        }
      ]
    },
    {
      "module": "module.apigateway_resource_customers",
      "mode": "data",
      "type": "aws_iam_policy_document",
      "name": "lambda_policy_document_customers_create",
      "provider": "provider[\"registry.terraform.io/hashicorp/aws\"]",
      "instances": [
        {
          "schema_version": 0,
          "attributes": {
            "id": "1976467649",
            "json": "{\n  \"Version\": \"2012-10-17\",\n  \"Statement\": [\n    {\n      \"Effect\": \"Allow\",\n      \"Action\": [\n        \"dynamodb:Scan\",\n        \"dynamodb:Query\",\n        \"dynamodb:PutItem\"\n      ],\n      \"Resource\": \"arn:aws:dynamodb:us-east-1:233925838033:table/tbl-celeste-customers-dev\"\n    }\n  ]\n}",
            "minified_json": "{\"Version\":\"2012-10-17\",\"Statement\":[{\"Effect\":\"Allow\",\"Action\":[\"dynamodb:Scan\",\"dynamodb:Query\",\"dynamodb:PutItem\"],\"Resource\":\"arn:aws:dynamodb:us-east-1:233925838033:table/tbl-celeste-customers-dev\"}]}",
            "override_json": null,
            "override_policy_documents": null,
            "policy_id": null,
            "source_json": null,
            "source_policy_documents": null,
            "statement": [
              {
                "actions": [
                  "dynamodb:PutItem",
                  "dynamodb:Query",
                  "dynamodb:Scan"
                ],
                "condition": [],
                "effect": "Allow",
                "not_actions": [],
                "not_principals": [],
                "not_resources": [],
                "principals": [],
                "resources": [
                  "arn:aws:dynamodb:us-east-1:233925838033:table/tbl-celeste-customers-dev"
                ],
                "sid": ""
              }
            ],
            "version": "2012-10-17"
          },
          "sensitive_attributes": []
        }
      ]
    },
    {
      "module": "module.apigateway_resource_customers",
      "mode": "data",
      "type": "aws_iam_policy_document",
      "name": "lambda_policy_document_customers_delete_by_id",
      "provider": "provider[\"registry.terraform.io/hashicorp/aws\"]",
      "instances": [
        {
          "schema_version": 0,
          "attributes": {
            "id": "2958851233",
            "json": "{\n  \"Version\": \"2012-10-17\",\n  \"Statement\": [\n    {\n      \"Effect\": \"Allow\",\n      \"Action\": \"dynamodb:UpdateItem\",\n      \"Resource\": \"arn:aws:dynamodb:us-east-1:233925838033:table/tbl-celeste-customers-dev\"\n    }\n  ]\n}",
            "minified_json": "{\"Version\":\"2012-10-17\",\"Statement\":[{\"Effect\":\"Allow\",\"Action\":\"dynamodb:UpdateItem\",\"Resource\":\"arn:aws:dynamodb:us-east-1:233925838033:table/tbl-celeste-customers-dev\"}]}",
            "override_json": null,
            "override_policy_documents": null,
            "policy_id": null,
            "source_json": null,
            "source_policy_documents": null,
            "statement": [
              {
                "actions": [
                  "dynamodb:UpdateItem"
                ],
                "condition": [],
                "effect": "Allow",
                "not_actions": [],
                "not_principals": [],
                "not_resources": [],
                "principals": [],
                "resources": [
                  "arn:aws:dynamodb:us-east-1:233925838033:table/tbl-celeste-customers-dev"
                ],
                "sid": ""
              }
            ],
            "version": "2012-10-17"
          },
          "sensitive_attributes": []
        }
      ]
    },
    {
      "module": "module.apigateway_resource_customers",
      "mode": "data",
      "type": "aws_iam_policy_document",
      "name": "lambda_policy_document_customers_filter",
      "provider": "provider[\"registry.terraform.io/hashicorp/aws\"]",
      "instances": [
        {
          "schema_version": 0,
          "attributes": {
            "id": "3148687448",
            "json": "{\n  \"Version\": \"2012-10-17\",\n  \"Statement\": [\n    {\n      \"Effect\": \"Allow\",\n      \"Action\": \"dynamodb:Scan\",\n      \"Resource\": \"arn:aws:dynamodb:us-east-1:233925838033:table/tbl-celeste-customers-dev\"\n    }\n  ]\n}",
            "minified_json": "{\"Version\":\"2012-10-17\",\"Statement\":[{\"Effect\":\"Allow\",\"Action\":\"dynamodb:Scan\",\"Resource\":\"arn:aws:dynamodb:us-east-1:233925838033:table/tbl-celeste-customers-dev\"}]}",
            "override_json": null,
            "override_policy_documents": null,
            "policy_id": null,
            "source_json": null,
            "source_policy_documents": null,
            "statement": [
              {
                "actions": [
                  "dynamodb:Scan"
                ],
                "condition": [],
                "effect": "Allow",
                "not_actions": [],
                "not_principals": [],
                "not_resources": [],
                "principals": [],
                "resources": [
                  "arn:aws:dynamodb:us-east-1:233925838033:table/tbl-celeste-customers-dev"
                ],
                "sid": ""
              }
            ],
            "version": "2012-10-17"
          },
          "sensitive_attributes": []
        }
      ]
    },
    {
      "module": "module.apigateway_resource_customers",
      "mode": "data",
      "type": "aws_iam_policy_document",
      "name": "lambda_policy_document_customers_update",
      "provider": "provider[\"registry.terraform.io/hashicorp/aws\"]",
      "instances": [
        {
          "schema_version": 0,
          "attributes": {
            "id": "2958851233",
            "json": "{\n  \"Version\": \"2012-10-17\",\n  \"Statement\": [\n    {\n      \"Effect\": \"Allow\",\n      \"Action\": \"dynamodb:UpdateItem\",\n      \"Resource\": \"arn:aws:dynamodb:us-east-1:233925838033:table/tbl-celeste-customers-dev\"\n    }\n  ]\n}",
            "minified_json": "{\"Version\":\"2012-10-17\",\"Statement\":[{\"Effect\":\"Allow\",\"Action\":\"dynamodb:UpdateItem\",\"Resource\":\"arn:aws:dynamodb:us-east-1:233925838033:table/tbl-celeste-customers-dev\"}]}",
            "override_json": null,
            "override_policy_documents": null,
            "policy_id": null,
            "source_json": null,
            "source_policy_documents": null,
            "statement": [
              {
                "actions": [
                  "dynamodb:UpdateItem"
                ],
                "condition": [],
                "effect": "Allow",
                "not_actions": [],
                "not_principals": [],
                "not_resources": [],
                "principals": [],
                "resources": [
                  "arn:aws:dynamodb:us-east-1:233925838033:table/tbl-celeste-customers-dev"
                ],
                "sid": ""
              }
            ],
            "version": "2012-10-17"
          },
          "sensitive_attributes": []
        }
      ]
    },
    {
      "module": "module.apigateway_resource_customers",
      "mode": "data",
      "type": "aws_region",
      "name": "current",
      "provider": "provider[\"registry.terraform.io/hashicorp/aws\"]",
      "instances": [
        {
          "schema_version": 0,
          "attributes": {
            "description": "US East (N. Virginia)",
            "endpoint": "ec2.us-east-1.amazonaws.com",
            "id": "us-east-1",
            "name": "us-east-1"
          },
          "sensitive_attributes": []
        }
      ]
    },
    {
      "module": "module.apigateway_resource_customers",
      "mode": "managed",
      "type": "aws_apigatewayv2_integration",
      "name": "lambda_handler_customers_create",
      "provider": "provider[\"registry.terraform.io/hashicorp/aws\"]",
      "instances": [
        {
          "schema_version": 0,
          "attributes": {
            "api_id": "u83oit2sq6",
            "connection_id": "",
            "connection_type": "INTERNET",
            "content_handling_strategy": "",
            "credentials_arn": "",
            "description": "",
            "id": "docwp2r",
            "integration_method": "POST",
            "integration_response_selection_expression": "",
            "integration_subtype": "",
            "integration_type": "AWS_PROXY",
            "integration_uri": "arn:aws:apigateway:us-east-1:lambda:path/2015-03-31/functions/arn:aws:lambda:us-east-1:233925838033:function:lmb-celeste-customers-create-dev/invocations",
            "passthrough_behavior": "",
            "payload_format_version": "1.0",
            "request_parameters": {},
            "request_templates": {},
            "response_parameters": [],
            "template_selection_expression": "",
            "timeout_milliseconds": 30000,
            "tls_config": []
          },
          "sensitive_attributes": [],
          "private": "bnVsbA==",
          "dependencies": [
            "module.apigateway.aws_apigatewayv2_api.main",
            "module.apigateway.aws_apigatewayv2_stage.dev",
            "module.apigateway.aws_cloudwatch_log_group.main_api_gw",
            "module.apigateway.data.aws_caller_identity.current",
            "module.apigateway.data.aws_region.current",
            "module.apigateway_resource_authorization.aws_apigatewayv2_authorizer.header_based_authorizer",
            "module.apigateway_resource_authorization.aws_cloudwatch_log_group.html_loggroup_lambda_authorizer",
            "module.apigateway_resource_authorization.aws_iam_policy.dynamodb_lambda_policy_authorizer",
            "module.apigateway_resource_authorization.aws_iam_role.lambda_role_authorizer",
            "module.apigateway_resource_authorization.aws_iam_role_policy_attachment.lambda_attachements",
            "module.apigateway_resource_authorization.aws_iam_role_policy_attachment.lambda_role_policy_authorizer",
            "module.apigateway_resource_authorization.aws_lambda_function.html_lambda_authorizer",
            "module.apigateway_resource_authorization.aws_lambda_permission.allow_api_gw_invoke_authorizer",
            "module.apigateway_resource_authorization.data.archive_file.lambda_package_authorizer",
            "module.apigateway_resource_authorization.data.aws_apigatewayv2_api.selected",
            "module.apigateway_resource_authorization.data.aws_caller_identity.current",
            "module.apigateway_resource_authorization.data.aws_iam_policy_document.lambda_policy_document_authorizer",
            "module.apigateway_resource_authorization.data.aws_region.current",
            "module.apigateway_resource_customers.aws_iam_role.lambda_role_customers_create",
            "module.apigateway_resource_customers.aws_lambda_function.html_lambda_customers_create",
            "module.apigateway_resource_customers.data.archive_file.lambda_package_customers_create",
            "module.tables_dynamodb.aws_dynamodb_table.tbl_customers",
            "module.tables_dynamodb.aws_dynamodb_table.tbl_employees",
            "module.tables_dynamodb.aws_dynamodb_table.tbl_inventories",
            "module.tables_dynamodb.aws_dynamodb_table.tbl_suppliers",
            "module.tables_dynamodb.aws_dynamodb_table.tbl_token",
            "module.tables_dynamodb.aws_dynamodb_table.tbl_users"
          ]
        }
      ]
    },
    {
      "module": "module.apigateway_resource_customers",
      "mode": "managed",
      "type": "aws_apigatewayv2_integration",
      "name": "lambda_handler_customers_delete_by_id",
      "provider": "provider[\"registry.terraform.io/hashicorp/aws\"]",
      "instances": [
        {
          "schema_version": 0,
          "attributes": {
            "api_id": "u83oit2sq6",
            "connection_id": "",
            "connection_type": "INTERNET",
            "content_handling_strategy": "",
            "credentials_arn": "",
            "description": "",
            "id": "idzgha9",
            "integration_method": "POST",
            "integration_response_selection_expression": "",
            "integration_subtype": "",
            "integration_type": "AWS_PROXY",
            "integration_uri": "arn:aws:apigateway:us-east-1:lambda:path/2015-03-31/functions/arn:aws:lambda:us-east-1:233925838033:function:lmb-celeste-customers-delete-by-id-dev/invocations",
            "passthrough_behavior": "",
            "payload_format_version": "1.0",
            "request_parameters": {},
            "request_templates": {},
            "response_parameters": [],
            "template_selection_expression": "",
            "timeout_milliseconds": 30000,
            "tls_config": []
          },
          "sensitive_attributes": [],
          "private": "bnVsbA==",
          "dependencies": [
            "module.apigateway.aws_apigatewayv2_api.main",
            "module.apigateway.aws_apigatewayv2_stage.dev",
            "module.apigateway.aws_cloudwatch_log_group.main_api_gw",
            "module.apigateway.data.aws_caller_identity.current",
            "module.apigateway.data.aws_region.current",
            "module.apigateway_resource_authorization.aws_apigatewayv2_authorizer.header_based_authorizer",
            "module.apigateway_resource_authorization.aws_cloudwatch_log_group.html_loggroup_lambda_authorizer",
            "module.apigateway_resource_authorization.aws_iam_policy.dynamodb_lambda_policy_authorizer",
            "module.apigateway_resource_authorization.aws_iam_role.lambda_role_authorizer",
            "module.apigateway_resource_authorization.aws_iam_role_policy_attachment.lambda_attachements",
            "module.apigateway_resource_authorization.aws_iam_role_policy_attachment.lambda_role_policy_authorizer",
            "module.apigateway_resource_authorization.aws_lambda_function.html_lambda_authorizer",
            "module.apigateway_resource_authorization.aws_lambda_permission.allow_api_gw_invoke_authorizer",
            "module.apigateway_resource_authorization.data.archive_file.lambda_package_authorizer",
            "module.apigateway_resource_authorization.data.aws_apigatewayv2_api.selected",
            "module.apigateway_resource_authorization.data.aws_caller_identity.current",
            "module.apigateway_resource_authorization.data.aws_iam_policy_document.lambda_policy_document_authorizer",
            "module.apigateway_resource_authorization.data.aws_region.current",
            "module.apigateway_resource_customers.aws_iam_role.lambda_role_customers_delete_by_id",
            "module.apigateway_resource_customers.aws_lambda_function.html_lambda_customers_delete_by_id",
            "module.apigateway_resource_customers.data.archive_file.lambda_package_customers_delete_by_id",
            "module.tables_dynamodb.aws_dynamodb_table.tbl_customers",
            "module.tables_dynamodb.aws_dynamodb_table.tbl_employees",
            "module.tables_dynamodb.aws_dynamodb_table.tbl_inventories",
            "module.tables_dynamodb.aws_dynamodb_table.tbl_suppliers",
            "module.tables_dynamodb.aws_dynamodb_table.tbl_token",
            "module.tables_dynamodb.aws_dynamodb_table.tbl_users"
          ]
        }
      ]
    },
    {
      "module": "module.apigateway_resource_customers",
      "mode": "managed",
      "type": "aws_apigatewayv2_integration",
      "name": "lambda_handler_customers_filter",
      "provider": "provider[\"registry.terraform.io/hashicorp/aws\"]",
      "instances": [
        {
          "schema_version": 0,
          "attributes": {
            "api_id": "u83oit2sq6",
            "connection_id": "",
            "connection_type": "INTERNET",
            "content_handling_strategy": "",
            "credentials_arn": "",
            "description": "",
            "id": "b19bt3o",
            "integration_method": "POST",
            "integration_response_selection_expression": "",
            "integration_subtype": "",
            "integration_type": "AWS_PROXY",
            "integration_uri": "arn:aws:apigateway:us-east-1:lambda:path/2015-03-31/functions/arn:aws:lambda:us-east-1:233925838033:function:lmb-celeste-customers-filter-dev/invocations",
            "passthrough_behavior": "",
            "payload_format_version": "1.0",
            "request_parameters": {},
            "request_templates": {},
            "response_parameters": [],
            "template_selection_expression": "",
            "timeout_milliseconds": 30000,
            "tls_config": []
          },
          "sensitive_attributes": [],
          "private": "bnVsbA==",
          "dependencies": [
            "module.apigateway.aws_apigatewayv2_api.main",
            "module.apigateway.aws_apigatewayv2_stage.dev",
            "module.apigateway.aws_cloudwatch_log_group.main_api_gw",
            "module.apigateway.data.aws_caller_identity.current",
            "module.apigateway.data.aws_region.current",
            "module.apigateway_resource_authorization.aws_apigatewayv2_authorizer.header_based_authorizer",
            "module.apigateway_resource_authorization.aws_cloudwatch_log_group.html_loggroup_lambda_authorizer",
            "module.apigateway_resource_authorization.aws_iam_policy.dynamodb_lambda_policy_authorizer",
            "module.apigateway_resource_authorization.aws_iam_role.lambda_role_authorizer",
            "module.apigateway_resource_authorization.aws_iam_role_policy_attachment.lambda_attachements",
            "module.apigateway_resource_authorization.aws_iam_role_policy_attachment.lambda_role_policy_authorizer",
            "module.apigateway_resource_authorization.aws_lambda_function.html_lambda_authorizer",
            "module.apigateway_resource_authorization.aws_lambda_permission.allow_api_gw_invoke_authorizer",
            "module.apigateway_resource_authorization.data.archive_file.lambda_package_authorizer",
            "module.apigateway_resource_authorization.data.aws_apigatewayv2_api.selected",
            "module.apigateway_resource_authorization.data.aws_caller_identity.current",
            "module.apigateway_resource_authorization.data.aws_iam_policy_document.lambda_policy_document_authorizer",
            "module.apigateway_resource_authorization.data.aws_region.current",
            "module.apigateway_resource_customers.aws_iam_role.lambda_role_customers_filter",
            "module.apigateway_resource_customers.aws_lambda_function.html_lambda_customers_filter",
            "module.apigateway_resource_customers.data.archive_file.lambda_package_customers_filter",
            "module.tables_dynamodb.aws_dynamodb_table.tbl_customers",
            "module.tables_dynamodb.aws_dynamodb_table.tbl_employees",
            "module.tables_dynamodb.aws_dynamodb_table.tbl_inventories",
            "module.tables_dynamodb.aws_dynamodb_table.tbl_suppliers",
            "module.tables_dynamodb.aws_dynamodb_table.tbl_token",
            "module.tables_dynamodb.aws_dynamodb_table.tbl_users"
          ]
        }
      ]
    },
    {
      "module": "module.apigateway_resource_customers",
      "mode": "managed",
      "type": "aws_apigatewayv2_integration",
      "name": "lambda_handler_customers_update",
      "provider": "provider[\"registry.terraform.io/hashicorp/aws\"]",
      "instances": [
        {
          "schema_version": 0,
          "attributes": {
            "api_id": "u83oit2sq6",
            "connection_id": "",
            "connection_type": "INTERNET",
            "content_handling_strategy": "",
            "credentials_arn": "",
            "description": "",
            "id": "10i662h",
            "integration_method": "POST",
            "integration_response_selection_expression": "",
            "integration_subtype": "",
            "integration_type": "AWS_PROXY",
            "integration_uri": "arn:aws:apigateway:us-east-1:lambda:path/2015-03-31/functions/arn:aws:lambda:us-east-1:233925838033:function:lmb-celeste-customers-update-dev/invocations",
            "passthrough_behavior": "",
            "payload_format_version": "1.0",
            "request_parameters": {},
            "request_templates": {},
            "response_parameters": [],
            "template_selection_expression": "",
            "timeout_milliseconds": 30000,
            "tls_config": []
          },
          "sensitive_attributes": [],
          "private": "bnVsbA==",
          "dependencies": [
            "module.apigateway.aws_apigatewayv2_api.main",
            "module.apigateway.aws_apigatewayv2_stage.dev",
            "module.apigateway.aws_cloudwatch_log_group.main_api_gw",
            "module.apigateway.data.aws_caller_identity.current",
            "module.apigateway.data.aws_region.current",
            "module.apigateway_resource_authorization.aws_apigatewayv2_authorizer.header_based_authorizer",
            "module.apigateway_resource_authorization.aws_cloudwatch_log_group.html_loggroup_lambda_authorizer",
            "module.apigateway_resource_authorization.aws_iam_policy.dynamodb_lambda_policy_authorizer",
            "module.apigateway_resource_authorization.aws_iam_role.lambda_role_authorizer",
            "module.apigateway_resource_authorization.aws_iam_role_policy_attachment.lambda_attachements",
            "module.apigateway_resource_authorization.aws_iam_role_policy_attachment.lambda_role_policy_authorizer",
            "module.apigateway_resource_authorization.aws_lambda_function.html_lambda_authorizer",
            "module.apigateway_resource_authorization.aws_lambda_permission.allow_api_gw_invoke_authorizer",
            "module.apigateway_resource_authorization.data.archive_file.lambda_package_authorizer",
            "module.apigateway_resource_authorization.data.aws_apigatewayv2_api.selected",
            "module.apigateway_resource_authorization.data.aws_caller_identity.current",
            "module.apigateway_resource_authorization.data.aws_iam_policy_document.lambda_policy_document_authorizer",
            "module.apigateway_resource_authorization.data.aws_region.current",
            "module.apigateway_resource_customers.aws_iam_role.lambda_role_customers_update",
            "module.apigateway_resource_customers.aws_lambda_function.html_lambda_customers_update",
            "module.apigateway_resource_customers.data.archive_file.lambda_package_customers_update",
            "module.tables_dynamodb.aws_dynamodb_table.tbl_customers",
            "module.tables_dynamodb.aws_dynamodb_table.tbl_employees",
            "module.tables_dynamodb.aws_dynamodb_table.tbl_inventories",
            "module.tables_dynamodb.aws_dynamodb_table.tbl_suppliers",
            "module.tables_dynamodb.aws_dynamodb_table.tbl_token",
            "module.tables_dynamodb.aws_dynamodb_table.tbl_users"
          ]
        }
      ]
    },
    {
      "module": "module.apigateway_resource_customers",
      "mode": "managed",
      "type": "aws_apigatewayv2_route",
      "name": "handler_customers_create",
      "provider": "provider[\"registry.terraform.io/hashicorp/aws\"]",
      "instances": [
        {
          "schema_version": 0,
          "attributes": {
            "api_id": "u83oit2sq6",
            "api_key_required": false,
            "authorization_scopes": [],
            "authorization_type": "CUSTOM",
            "authorizer_id": "10477d",
            "id": "8gfx77c",
            "model_selection_expression": "",
            "operation_name": "",
            "request_models": {},
            "request_parameter": [],
            "route_key": "POST /api/v1/customers",
            "route_response_selection_expression": "",
            "target": "integrations/docwp2r"
          },
          "sensitive_attributes": [],
          "private": "bnVsbA==",
          "dependencies": [
            "module.apigateway.aws_apigatewayv2_api.main",
            "module.apigateway.aws_apigatewayv2_stage.dev",
            "module.apigateway.aws_cloudwatch_log_group.main_api_gw",
            "module.apigateway.data.aws_caller_identity.current",
            "module.apigateway.data.aws_region.current",
            "module.apigateway_resource_authorization.aws_apigatewayv2_authorizer.header_based_authorizer",
            "module.apigateway_resource_authorization.aws_cloudwatch_log_group.html_loggroup_lambda_authorizer",
            "module.apigateway_resource_authorization.aws_iam_policy.dynamodb_lambda_policy_authorizer",
            "module.apigateway_resource_authorization.aws_iam_role.lambda_role_authorizer",
            "module.apigateway_resource_authorization.aws_iam_role_policy_attachment.lambda_attachements",
            "module.apigateway_resource_authorization.aws_iam_role_policy_attachment.lambda_role_policy_authorizer",
            "module.apigateway_resource_authorization.aws_lambda_function.html_lambda_authorizer",
            "module.apigateway_resource_authorization.aws_lambda_permission.allow_api_gw_invoke_authorizer",
            "module.apigateway_resource_authorization.data.archive_file.lambda_package_authorizer",
            "module.apigateway_resource_authorization.data.aws_apigatewayv2_api.selected",
            "module.apigateway_resource_authorization.data.aws_caller_identity.current",
            "module.apigateway_resource_authorization.data.aws_iam_policy_document.lambda_policy_document_authorizer",
            "module.apigateway_resource_authorization.data.aws_region.current",
            "module.apigateway_resource_customers.aws_apigatewayv2_integration.lambda_handler_customers_create",
            "module.apigateway_resource_customers.aws_iam_role.lambda_role_customers_create",
            "module.apigateway_resource_customers.aws_lambda_function.html_lambda_customers_create",
            "module.apigateway_resource_customers.data.archive_file.lambda_package_customers_create",
            "module.tables_dynamodb.aws_dynamodb_table.tbl_customers",
            "module.tables_dynamodb.aws_dynamodb_table.tbl_employees",
            "module.tables_dynamodb.aws_dynamodb_table.tbl_inventories",
            "module.tables_dynamodb.aws_dynamodb_table.tbl_suppliers",
            "module.tables_dynamodb.aws_dynamodb_table.tbl_token",
            "module.tables_dynamodb.aws_dynamodb_table.tbl_users"
          ]
        }
      ]
    },
    {
      "module": "module.apigateway_resource_customers",
      "mode": "managed",
      "type": "aws_apigatewayv2_route",
      "name": "handler_customers_delete_by_id",
      "provider": "provider[\"registry.terraform.io/hashicorp/aws\"]",
      "instances": [
        {
          "schema_version": 0,
          "attributes": {
            "api_id": "u83oit2sq6",
            "api_key_required": false,
            "authorization_scopes": [],
            "authorization_type": "CUSTOM",
            "authorizer_id": "10477d",
            "id": "pcxhzee",
            "model_selection_expression": "",
            "operation_name": "",
            "request_models": {},
            "request_parameter": [],
            "route_key": "DELETE /api/v1/customers/{id}",
            "route_response_selection_expression": "",
            "target": "integrations/idzgha9"
          },
          "sensitive_attributes": [],
          "private": "bnVsbA==",
          "dependencies": [
            "module.apigateway.aws_apigatewayv2_api.main",
            "module.apigateway.aws_apigatewayv2_stage.dev",
            "module.apigateway.aws_cloudwatch_log_group.main_api_gw",
            "module.apigateway.data.aws_caller_identity.current",
            "module.apigateway.data.aws_region.current",
            "module.apigateway_resource_authorization.aws_apigatewayv2_authorizer.header_based_authorizer",
            "module.apigateway_resource_authorization.aws_cloudwatch_log_group.html_loggroup_lambda_authorizer",
            "module.apigateway_resource_authorization.aws_iam_policy.dynamodb_lambda_policy_authorizer",
            "module.apigateway_resource_authorization.aws_iam_role.lambda_role_authorizer",
            "module.apigateway_resource_authorization.aws_iam_role_policy_attachment.lambda_attachements",
            "module.apigateway_resource_authorization.aws_iam_role_policy_attachment.lambda_role_policy_authorizer",
            "module.apigateway_resource_authorization.aws_lambda_function.html_lambda_authorizer",
            "module.apigateway_resource_authorization.aws_lambda_permission.allow_api_gw_invoke_authorizer",
            "module.apigateway_resource_authorization.data.archive_file.lambda_package_authorizer",
            "module.apigateway_resource_authorization.data.aws_apigatewayv2_api.selected",
            "module.apigateway_resource_authorization.data.aws_caller_identity.current",
            "module.apigateway_resource_authorization.data.aws_iam_policy_document.lambda_policy_document_authorizer",
            "module.apigateway_resource_authorization.data.aws_region.current",
            "module.apigateway_resource_customers.aws_apigatewayv2_integration.lambda_handler_customers_delete_by_id",
            "module.apigateway_resource_customers.aws_iam_role.lambda_role_customers_delete_by_id",
            "module.apigateway_resource_customers.aws_lambda_function.html_lambda_customers_delete_by_id",
            "module.apigateway_resource_customers.data.archive_file.lambda_package_customers_delete_by_id",
            "module.tables_dynamodb.aws_dynamodb_table.tbl_customers",
            "module.tables_dynamodb.aws_dynamodb_table.tbl_employees",
            "module.tables_dynamodb.aws_dynamodb_table.tbl_inventories",
            "module.tables_dynamodb.aws_dynamodb_table.tbl_suppliers",
            "module.tables_dynamodb.aws_dynamodb_table.tbl_token",
            "module.tables_dynamodb.aws_dynamodb_table.tbl_users"
          ]
        }
      ]
    },
    {
      "module": "module.apigateway_resource_customers",
      "mode": "managed",
      "type": "aws_apigatewayv2_route",
      "name": "handler_customers_filter",
      "provider": "provider[\"registry.terraform.io/hashicorp/aws\"]",
      "instances": [
        {
          "schema_version": 0,
          "attributes": {
            "api_id": "u83oit2sq6",
            "api_key_required": false,
            "authorization_scopes": [],
            "authorization_type": "CUSTOM",
            "authorizer_id": "10477d",
            "id": "5kzc7wp",
            "model_selection_expression": "",
            "operation_name": "",
            "request_models": {},
            "request_parameter": [],
            "route_key": "GET /api/v1/customers",
            "route_response_selection_expression": "",
            "target": "integrations/b19bt3o"
          },
          "sensitive_attributes": [],
          "private": "bnVsbA==",
          "dependencies": [
            "module.apigateway.aws_apigatewayv2_api.main",
            "module.apigateway.aws_apigatewayv2_stage.dev",
            "module.apigateway.aws_cloudwatch_log_group.main_api_gw",
            "module.apigateway.data.aws_caller_identity.current",
            "module.apigateway.data.aws_region.current",
            "module.apigateway_resource_authorization.aws_apigatewayv2_authorizer.header_based_authorizer",
            "module.apigateway_resource_authorization.aws_cloudwatch_log_group.html_loggroup_lambda_authorizer",
            "module.apigateway_resource_authorization.aws_iam_policy.dynamodb_lambda_policy_authorizer",
            "module.apigateway_resource_authorization.aws_iam_role.lambda_role_authorizer",
            "module.apigateway_resource_authorization.aws_iam_role_policy_attachment.lambda_attachements",
            "module.apigateway_resource_authorization.aws_iam_role_policy_attachment.lambda_role_policy_authorizer",
            "module.apigateway_resource_authorization.aws_lambda_function.html_lambda_authorizer",
            "module.apigateway_resource_authorization.aws_lambda_permission.allow_api_gw_invoke_authorizer",
            "module.apigateway_resource_authorization.data.archive_file.lambda_package_authorizer",
            "module.apigateway_resource_authorization.data.aws_apigatewayv2_api.selected",
            "module.apigateway_resource_authorization.data.aws_caller_identity.current",
            "module.apigateway_resource_authorization.data.aws_iam_policy_document.lambda_policy_document_authorizer",
            "module.apigateway_resource_authorization.data.aws_region.current",
            "module.apigateway_resource_customers.aws_apigatewayv2_integration.lambda_handler_customers_filter",
            "module.apigateway_resource_customers.aws_iam_role.lambda_role_customers_filter",
            "module.apigateway_resource_customers.aws_lambda_function.html_lambda_customers_filter",
            "module.apigateway_resource_customers.data.archive_file.lambda_package_customers_filter",
            "module.tables_dynamodb.aws_dynamodb_table.tbl_customers",
            "module.tables_dynamodb.aws_dynamodb_table.tbl_employees",
            "module.tables_dynamodb.aws_dynamodb_table.tbl_inventories",
            "module.tables_dynamodb.aws_dynamodb_table.tbl_suppliers",
            "module.tables_dynamodb.aws_dynamodb_table.tbl_token",
            "module.tables_dynamodb.aws_dynamodb_table.tbl_users"
          ]
        }
      ]
    },
    {
      "module": "module.apigateway_resource_customers",
      "mode": "managed",
      "type": "aws_apigatewayv2_route",
      "name": "handler_customers_update",
      "provider": "provider[\"registry.terraform.io/hashicorp/aws\"]",
      "instances": [
        {
          "schema_version": 0,
          "attributes": {
            "api_id": "u83oit2sq6",
            "api_key_required": false,
            "authorization_scopes": [],
            "authorization_type": "CUSTOM",
            "authorizer_id": "10477d",
            "id": "vu5o0m2",
            "model_selection_expression": "",
            "operation_name": "",
            "request_models": {},
            "request_parameter": [],
            "route_key": "PUT /api/v1/customers/{id}",
            "route_response_selection_expression": "",
            "target": "integrations/10i662h"
          },
          "sensitive_attributes": [],
          "private": "bnVsbA==",
          "dependencies": [
            "module.apigateway.aws_apigatewayv2_api.main",
            "module.apigateway.aws_apigatewayv2_stage.dev",
            "module.apigateway.aws_cloudwatch_log_group.main_api_gw",
            "module.apigateway.data.aws_caller_identity.current",
            "module.apigateway.data.aws_region.current",
            "module.apigateway_resource_authorization.aws_apigatewayv2_authorizer.header_based_authorizer",
            "module.apigateway_resource_authorization.aws_cloudwatch_log_group.html_loggroup_lambda_authorizer",
            "module.apigateway_resource_authorization.aws_iam_policy.dynamodb_lambda_policy_authorizer",
            "module.apigateway_resource_authorization.aws_iam_role.lambda_role_authorizer",
            "module.apigateway_resource_authorization.aws_iam_role_policy_attachment.lambda_attachements",
            "module.apigateway_resource_authorization.aws_iam_role_policy_attachment.lambda_role_policy_authorizer",
            "module.apigateway_resource_authorization.aws_lambda_function.html_lambda_authorizer",
            "module.apigateway_resource_authorization.aws_lambda_permission.allow_api_gw_invoke_authorizer",
            "module.apigateway_resource_authorization.data.archive_file.lambda_package_authorizer",
            "module.apigateway_resource_authorization.data.aws_apigatewayv2_api.selected",
            "module.apigateway_resource_authorization.data.aws_caller_identity.current",
            "module.apigateway_resource_authorization.data.aws_iam_policy_document.lambda_policy_document_authorizer",
            "module.apigateway_resource_authorization.data.aws_region.current",
            "module.apigateway_resource_customers.aws_apigatewayv2_integration.lambda_handler_customers_update",
            "module.apigateway_resource_customers.aws_iam_role.lambda_role_customers_update",
            "module.apigateway_resource_customers.aws_lambda_function.html_lambda_customers_update",
            "module.apigateway_resource_customers.data.archive_file.lambda_package_customers_update",
            "module.tables_dynamodb.aws_dynamodb_table.tbl_customers",
            "module.tables_dynamodb.aws_dynamodb_table.tbl_employees",
            "module.tables_dynamodb.aws_dynamodb_table.tbl_inventories",
            "module.tables_dynamodb.aws_dynamodb_table.tbl_suppliers",
            "module.tables_dynamodb.aws_dynamodb_table.tbl_token",
            "module.tables_dynamodb.aws_dynamodb_table.tbl_users"
          ]
        }
      ]
    },
    {
      "module": "module.apigateway_resource_customers",
      "mode": "managed",
      "type": "aws_cloudwatch_log_group",
      "name": "html_loggroup_lambda_customers_create",
      "provider": "provider[\"registry.terraform.io/hashicorp/aws\"]",
      "instances": [
        {
          "schema_version": 0,
          "attributes": {
            "arn": "arn:aws:logs:us-east-1:233925838033:log-group:/aws/lambda/lmb-celeste-customers-create-dev",
            "id": "/aws/lambda/lmb-celeste-customers-create-dev",
            "kms_key_id": "",
            "log_group_class": "STANDARD",
            "name": "/aws/lambda/lmb-celeste-customers-create-dev",
            "name_prefix": "",
            "retention_in_days": 7,
            "skip_destroy": false,
            "tags": {},
            "tags_all": {
              "iac": "terraform"
            }
          },
          "sensitive_attributes": [],
          "private": "bnVsbA==",
          "dependencies": [
            "module.apigateway.aws_apigatewayv2_api.main",
            "module.apigateway.aws_apigatewayv2_stage.dev",
            "module.apigateway.aws_cloudwatch_log_group.main_api_gw",
            "module.apigateway.data.aws_caller_identity.current",
            "module.apigateway.data.aws_region.current",
            "module.apigateway_resource_authorization.aws_apigatewayv2_authorizer.header_based_authorizer",
            "module.apigateway_resource_authorization.aws_cloudwatch_log_group.html_loggroup_lambda_authorizer",
            "module.apigateway_resource_authorization.aws_iam_policy.dynamodb_lambda_policy_authorizer",
            "module.apigateway_resource_authorization.aws_iam_role.lambda_role_authorizer",
            "module.apigateway_resource_authorization.aws_iam_role_policy_attachment.lambda_attachements",
            "module.apigateway_resource_authorization.aws_iam_role_policy_attachment.lambda_role_policy_authorizer",
            "module.apigateway_resource_authorization.aws_lambda_function.html_lambda_authorizer",
            "module.apigateway_resource_authorization.aws_lambda_permission.allow_api_gw_invoke_authorizer",
            "module.apigateway_resource_authorization.data.archive_file.lambda_package_authorizer",
            "module.apigateway_resource_authorization.data.aws_apigatewayv2_api.selected",
            "module.apigateway_resource_authorization.data.aws_caller_identity.current",
            "module.apigateway_resource_authorization.data.aws_iam_policy_document.lambda_policy_document_authorizer",
            "module.apigateway_resource_authorization.data.aws_region.current",
            "module.apigateway_resource_customers.aws_iam_role.lambda_role_customers_create",
            "module.apigateway_resource_customers.aws_lambda_function.html_lambda_customers_create",
            "module.apigateway_resource_customers.data.archive_file.lambda_package_customers_create",
            "module.tables_dynamodb.aws_dynamodb_table.tbl_customers",
            "module.tables_dynamodb.aws_dynamodb_table.tbl_employees",
            "module.tables_dynamodb.aws_dynamodb_table.tbl_inventories",
            "module.tables_dynamodb.aws_dynamodb_table.tbl_suppliers",
            "module.tables_dynamodb.aws_dynamodb_table.tbl_token",
            "module.tables_dynamodb.aws_dynamodb_table.tbl_users"
          ]
        }
      ]
    },
    {
      "module": "module.apigateway_resource_customers",
      "mode": "managed",
      "type": "aws_cloudwatch_log_group",
      "name": "html_loggroup_lambda_customers_delete_by_id",
      "provider": "provider[\"registry.terraform.io/hashicorp/aws\"]",
      "instances": [
        {
          "schema_version": 0,
          "attributes": {
            "arn": "arn:aws:logs:us-east-1:233925838033:log-group:/aws/lambda/lmb-celeste-customers-delete-by-id-dev",
            "id": "/aws/lambda/lmb-celeste-customers-delete-by-id-dev",
            "kms_key_id": "",
            "log_group_class": "STANDARD",
            "name": "/aws/lambda/lmb-celeste-customers-delete-by-id-dev",
            "name_prefix": "",
            "retention_in_days": 7,
            "skip_destroy": false,
            "tags": {},
            "tags_all": {
              "iac": "terraform"
            }
          },
          "sensitive_attributes": [],
          "private": "bnVsbA==",
          "dependencies": [
            "module.apigateway.aws_apigatewayv2_api.main",
            "module.apigateway.aws_apigatewayv2_stage.dev",
            "module.apigateway.aws_cloudwatch_log_group.main_api_gw",
            "module.apigateway.data.aws_caller_identity.current",
            "module.apigateway.data.aws_region.current",
            "module.apigateway_resource_authorization.aws_apigatewayv2_authorizer.header_based_authorizer",
            "module.apigateway_resource_authorization.aws_cloudwatch_log_group.html_loggroup_lambda_authorizer",
            "module.apigateway_resource_authorization.aws_iam_policy.dynamodb_lambda_policy_authorizer",
            "module.apigateway_resource_authorization.aws_iam_role.lambda_role_authorizer",
            "module.apigateway_resource_authorization.aws_iam_role_policy_attachment.lambda_attachements",
            "module.apigateway_resource_authorization.aws_iam_role_policy_attachment.lambda_role_policy_authorizer",
            "module.apigateway_resource_authorization.aws_lambda_function.html_lambda_authorizer",
            "module.apigateway_resource_authorization.aws_lambda_permission.allow_api_gw_invoke_authorizer",
            "module.apigateway_resource_authorization.data.archive_file.lambda_package_authorizer",
            "module.apigateway_resource_authorization.data.aws_apigatewayv2_api.selected",
            "module.apigateway_resource_authorization.data.aws_caller_identity.current",
            "module.apigateway_resource_authorization.data.aws_iam_policy_document.lambda_policy_document_authorizer",
            "module.apigateway_resource_authorization.data.aws_region.current",
            "module.apigateway_resource_customers.aws_iam_role.lambda_role_customers_delete_by_id",
            "module.apigateway_resource_customers.aws_lambda_function.html_lambda_customers_delete_by_id",
            "module.apigateway_resource_customers.data.archive_file.lambda_package_customers_delete_by_id",
            "module.tables_dynamodb.aws_dynamodb_table.tbl_customers",
            "module.tables_dynamodb.aws_dynamodb_table.tbl_employees",
            "module.tables_dynamodb.aws_dynamodb_table.tbl_inventories",
            "module.tables_dynamodb.aws_dynamodb_table.tbl_suppliers",
            "module.tables_dynamodb.aws_dynamodb_table.tbl_token",
            "module.tables_dynamodb.aws_dynamodb_table.tbl_users"
          ]
        }
      ]
    },
    {
      "module": "module.apigateway_resource_customers",
      "mode": "managed",
      "type": "aws_cloudwatch_log_group",
      "name": "html_loggroup_lambda_customers_filter",
      "provider": "provider[\"registry.terraform.io/hashicorp/aws\"]",
      "instances": [
        {
          "schema_version": 0,
          "attributes": {
            "arn": "arn:aws:logs:us-east-1:233925838033:log-group:/aws/lambda/lmb-celeste-customers-filter-dev",
            "id": "/aws/lambda/lmb-celeste-customers-filter-dev",
            "kms_key_id": "",
            "log_group_class": "STANDARD",
            "name": "/aws/lambda/lmb-celeste-customers-filter-dev",
            "name_prefix": "",
            "retention_in_days": 7,
            "skip_destroy": false,
            "tags": {},
            "tags_all": {
              "iac": "terraform"
            }
          },
          "sensitive_attributes": [],
          "private": "bnVsbA==",
          "dependencies": [
            "module.apigateway.aws_apigatewayv2_api.main",
            "module.apigateway.aws_apigatewayv2_stage.dev",
            "module.apigateway.aws_cloudwatch_log_group.main_api_gw",
            "module.apigateway.data.aws_caller_identity.current",
            "module.apigateway.data.aws_region.current",
            "module.apigateway_resource_authorization.aws_apigatewayv2_authorizer.header_based_authorizer",
            "module.apigateway_resource_authorization.aws_cloudwatch_log_group.html_loggroup_lambda_authorizer",
            "module.apigateway_resource_authorization.aws_iam_policy.dynamodb_lambda_policy_authorizer",
            "module.apigateway_resource_authorization.aws_iam_role.lambda_role_authorizer",
            "module.apigateway_resource_authorization.aws_iam_role_policy_attachment.lambda_attachements",
            "module.apigateway_resource_authorization.aws_iam_role_policy_attachment.lambda_role_policy_authorizer",
            "module.apigateway_resource_authorization.aws_lambda_function.html_lambda_authorizer",
            "module.apigateway_resource_authorization.aws_lambda_permission.allow_api_gw_invoke_authorizer",
            "module.apigateway_resource_authorization.data.archive_file.lambda_package_authorizer",
            "module.apigateway_resource_authorization.data.aws_apigatewayv2_api.selected",
            "module.apigateway_resource_authorization.data.aws_caller_identity.current",
            "module.apigateway_resource_authorization.data.aws_iam_policy_document.lambda_policy_document_authorizer",
            "module.apigateway_resource_authorization.data.aws_region.current",
            "module.apigateway_resource_customers.aws_iam_role.lambda_role_customers_filter",
            "module.apigateway_resource_customers.aws_lambda_function.html_lambda_customers_filter",
            "module.apigateway_resource_customers.data.archive_file.lambda_package_customers_filter",
            "module.tables_dynamodb.aws_dynamodb_table.tbl_customers",
            "module.tables_dynamodb.aws_dynamodb_table.tbl_employees",
            "module.tables_dynamodb.aws_dynamodb_table.tbl_inventories",
            "module.tables_dynamodb.aws_dynamodb_table.tbl_suppliers",
            "module.tables_dynamodb.aws_dynamodb_table.tbl_token",
            "module.tables_dynamodb.aws_dynamodb_table.tbl_users"
          ]
        }
      ]
    },
    {
      "module": "module.apigateway_resource_customers",
      "mode": "managed",
      "type": "aws_cloudwatch_log_group",
      "name": "html_loggroup_lambda_customers_update",
      "provider": "provider[\"registry.terraform.io/hashicorp/aws\"]",
      "instances": [
        {
          "schema_version": 0,
          "attributes": {
            "arn": "arn:aws:logs:us-east-1:233925838033:log-group:/aws/lambda/lmb-celeste-customers-update-dev",
            "id": "/aws/lambda/lmb-celeste-customers-update-dev",
            "kms_key_id": "",
            "log_group_class": "STANDARD",
            "name": "/aws/lambda/lmb-celeste-customers-update-dev",
            "name_prefix": "",
            "retention_in_days": 7,
            "skip_destroy": false,
            "tags": {},
            "tags_all": {
              "iac": "terraform"
            }
          },
          "sensitive_attributes": [],
          "private": "bnVsbA==",
          "dependencies": [
            "module.apigateway.aws_apigatewayv2_api.main",
            "module.apigateway.aws_apigatewayv2_stage.dev",
            "module.apigateway.aws_cloudwatch_log_group.main_api_gw",
            "module.apigateway.data.aws_caller_identity.current",
            "module.apigateway.data.aws_region.current",
            "module.apigateway_resource_authorization.aws_apigatewayv2_authorizer.header_based_authorizer",
            "module.apigateway_resource_authorization.aws_cloudwatch_log_group.html_loggroup_lambda_authorizer",
            "module.apigateway_resource_authorization.aws_iam_policy.dynamodb_lambda_policy_authorizer",
            "module.apigateway_resource_authorization.aws_iam_role.lambda_role_authorizer",
            "module.apigateway_resource_authorization.aws_iam_role_policy_attachment.lambda_attachements",
            "module.apigateway_resource_authorization.aws_iam_role_policy_attachment.lambda_role_policy_authorizer",
            "module.apigateway_resource_authorization.aws_lambda_function.html_lambda_authorizer",
            "module.apigateway_resource_authorization.aws_lambda_permission.allow_api_gw_invoke_authorizer",
            "module.apigateway_resource_authorization.data.archive_file.lambda_package_authorizer",
            "module.apigateway_resource_authorization.data.aws_apigatewayv2_api.selected",
            "module.apigateway_resource_authorization.data.aws_caller_identity.current",
            "module.apigateway_resource_authorization.data.aws_iam_policy_document.lambda_policy_document_authorizer",
            "module.apigateway_resource_authorization.data.aws_region.current",
            "module.apigateway_resource_customers.aws_iam_role.lambda_role_customers_update",
            "module.apigateway_resource_customers.aws_lambda_function.html_lambda_customers_update",
            "module.apigateway_resource_customers.data.archive_file.lambda_package_customers_update",
            "module.tables_dynamodb.aws_dynamodb_table.tbl_customers",
            "module.tables_dynamodb.aws_dynamodb_table.tbl_employees",
            "module.tables_dynamodb.aws_dynamodb_table.tbl_inventories",
            "module.tables_dynamodb.aws_dynamodb_table.tbl_suppliers",
            "module.tables_dynamodb.aws_dynamodb_table.tbl_token",
            "module.tables_dynamodb.aws_dynamodb_table.tbl_users"
          ]
        }
      ]
    },
    {
      "module": "module.apigateway_resource_customers",
      "mode": "managed",
      "type": "aws_iam_policy",
      "name": "dynamodb_lambda_policy_customers_create",
      "provider": "provider[\"registry.terraform.io/hashicorp/aws\"]",
      "instances": [
        {
          "schema_version": 0,
          "attributes": {
            "arn": "arn:aws:iam::233925838033:policy/policy-celeste-customers-create-dev",
            "attachment_count": 1,
            "description": "This policy will be used by the lambda to write get data from DynamoDB",
            "id": "arn:aws:iam::233925838033:policy/policy-celeste-customers-create-dev",
            "name": "policy-celeste-customers-create-dev",
            "name_prefix": "",
            "path": "/",
            "policy": "{\"Statement\":[{\"Action\":[\"dynamodb:Scan\",\"dynamodb:Query\",\"dynamodb:PutItem\"],\"Effect\":\"Allow\",\"Resource\":\"arn:aws:dynamodb:us-east-1:233925838033:table/tbl-celeste-customers-dev\"}],\"Version\":\"2012-10-17\"}",
            "policy_id": "ANPATM5YRATIQB7DNCXGZ",
            "tags": {},
            "tags_all": {
              "iac": "terraform"
            }
          },
          "sensitive_attributes": [],
          "private": "bnVsbA==",
          "dependencies": [
            "module.apigateway.aws_apigatewayv2_api.main",
            "module.apigateway.aws_apigatewayv2_stage.dev",
            "module.apigateway.aws_cloudwatch_log_group.main_api_gw",
            "module.apigateway.data.aws_caller_identity.current",
            "module.apigateway.data.aws_region.current",
            "module.apigateway_resource_authorization.aws_apigatewayv2_authorizer.header_based_authorizer",
            "module.apigateway_resource_authorization.aws_cloudwatch_log_group.html_loggroup_lambda_authorizer",
            "module.apigateway_resource_authorization.aws_iam_policy.dynamodb_lambda_policy_authorizer",
            "module.apigateway_resource_authorization.aws_iam_role.lambda_role_authorizer",
            "module.apigateway_resource_authorization.aws_iam_role_policy_attachment.lambda_attachements",
            "module.apigateway_resource_authorization.aws_iam_role_policy_attachment.lambda_role_policy_authorizer",
            "module.apigateway_resource_authorization.aws_lambda_function.html_lambda_authorizer",
            "module.apigateway_resource_authorization.aws_lambda_permission.allow_api_gw_invoke_authorizer",
            "module.apigateway_resource_authorization.data.archive_file.lambda_package_authorizer",
            "module.apigateway_resource_authorization.data.aws_apigatewayv2_api.selected",
            "module.apigateway_resource_authorization.data.aws_caller_identity.current",
            "module.apigateway_resource_authorization.data.aws_iam_policy_document.lambda_policy_document_authorizer",
            "module.apigateway_resource_authorization.data.aws_region.current",
            "module.apigateway_resource_customers.data.aws_caller_identity.current",
            "module.apigateway_resource_customers.data.aws_iam_policy_document.lambda_policy_document_customers_create",
            "module.apigateway_resource_customers.data.aws_region.current",
            "module.tables_dynamodb.aws_dynamodb_table.tbl_customers",
            "module.tables_dynamodb.aws_dynamodb_table.tbl_employees",
            "module.tables_dynamodb.aws_dynamodb_table.tbl_inventories",
            "module.tables_dynamodb.aws_dynamodb_table.tbl_suppliers",
            "module.tables_dynamodb.aws_dynamodb_table.tbl_token",
            "module.tables_dynamodb.aws_dynamodb_table.tbl_users"
          ]
        }
      ]
    },
    {
      "module": "module.apigateway_resource_customers",
      "mode": "managed",
      "type": "aws_iam_policy",
      "name": "dynamodb_lambda_policy_customers_delete_by_id",
      "provider": "provider[\"registry.terraform.io/hashicorp/aws\"]",
      "instances": [
        {
          "schema_version": 0,
          "attributes": {
            "arn": "arn:aws:iam::233925838033:policy/policy-celeste-customers-delete-by-id-dev",
            "attachment_count": 1,
            "description": "This policy will be used by the lambda to write get data from DynamoDB",
            "id": "arn:aws:iam::233925838033:policy/policy-celeste-customers-delete-by-id-dev",
            "name": "policy-celeste-customers-delete-by-id-dev",
            "name_prefix": "",
            "path": "/",
            "policy": "{\"Statement\":[{\"Action\":\"dynamodb:UpdateItem\",\"Effect\":\"Allow\",\"Resource\":\"arn:aws:dynamodb:us-east-1:233925838033:table/tbl-celeste-customers-dev\"}],\"Version\":\"2012-10-17\"}",
            "policy_id": "ANPATM5YRATIWKISIKNZL",
            "tags": {},
            "tags_all": {
              "iac": "terraform"
            }
          },
          "sensitive_attributes": [],
          "private": "bnVsbA==",
          "dependencies": [
            "module.apigateway.aws_apigatewayv2_api.main",
            "module.apigateway.aws_apigatewayv2_stage.dev",
            "module.apigateway.aws_cloudwatch_log_group.main_api_gw",
            "module.apigateway.data.aws_caller_identity.current",
            "module.apigateway.data.aws_region.current",
            "module.apigateway_resource_authorization.aws_apigatewayv2_authorizer.header_based_authorizer",
            "module.apigateway_resource_authorization.aws_cloudwatch_log_group.html_loggroup_lambda_authorizer",
            "module.apigateway_resource_authorization.aws_iam_policy.dynamodb_lambda_policy_authorizer",
            "module.apigateway_resource_authorization.aws_iam_role.lambda_role_authorizer",
            "module.apigateway_resource_authorization.aws_iam_role_policy_attachment.lambda_attachements",
            "module.apigateway_resource_authorization.aws_iam_role_policy_attachment.lambda_role_policy_authorizer",
            "module.apigateway_resource_authorization.aws_lambda_function.html_lambda_authorizer",
            "module.apigateway_resource_authorization.aws_lambda_permission.allow_api_gw_invoke_authorizer",
            "module.apigateway_resource_authorization.data.archive_file.lambda_package_authorizer",
            "module.apigateway_resource_authorization.data.aws_apigatewayv2_api.selected",
            "module.apigateway_resource_authorization.data.aws_caller_identity.current",
            "module.apigateway_resource_authorization.data.aws_iam_policy_document.lambda_policy_document_authorizer",
            "module.apigateway_resource_authorization.data.aws_region.current",
            "module.apigateway_resource_customers.data.aws_caller_identity.current",
            "module.apigateway_resource_customers.data.aws_iam_policy_document.lambda_policy_document_customers_delete_by_id",
            "module.apigateway_resource_customers.data.aws_region.current",
            "module.tables_dynamodb.aws_dynamodb_table.tbl_customers",
            "module.tables_dynamodb.aws_dynamodb_table.tbl_employees",
            "module.tables_dynamodb.aws_dynamodb_table.tbl_inventories",
            "module.tables_dynamodb.aws_dynamodb_table.tbl_suppliers",
            "module.tables_dynamodb.aws_dynamodb_table.tbl_token",
            "module.tables_dynamodb.aws_dynamodb_table.tbl_users"
          ]
        }
      ]
    },
    {
      "module": "module.apigateway_resource_customers",
      "mode": "managed",
      "type": "aws_iam_policy",
      "name": "dynamodb_lambda_policy_customers_filter",
      "provider": "provider[\"registry.terraform.io/hashicorp/aws\"]",
      "instances": [
        {
          "schema_version": 0,
          "attributes": {
            "arn": "arn:aws:iam::233925838033:policy/policy-celeste-customers-filter-dev",
            "attachment_count": 1,
            "description": "This policy will be used by the lambda to write get data from DynamoDB",
            "id": "arn:aws:iam::233925838033:policy/policy-celeste-customers-filter-dev",
            "name": "policy-celeste-customers-filter-dev",
            "name_prefix": "",
            "path": "/",
            "policy": "{\"Statement\":[{\"Action\":\"dynamodb:Scan\",\"Effect\":\"Allow\",\"Resource\":\"arn:aws:dynamodb:us-east-1:233925838033:table/tbl-celeste-customers-dev\"}],\"Version\":\"2012-10-17\"}",
            "policy_id": "ANPATM5YRATI7RXZMMWS3",
            "tags": {},
            "tags_all": {
              "iac": "terraform"
            }
          },
          "sensitive_attributes": [],
          "private": "bnVsbA==",
          "dependencies": [
            "module.apigateway.aws_apigatewayv2_api.main",
            "module.apigateway.aws_apigatewayv2_stage.dev",
            "module.apigateway.aws_cloudwatch_log_group.main_api_gw",
            "module.apigateway.data.aws_caller_identity.current",
            "module.apigateway.data.aws_region.current",
            "module.apigateway_resource_authorization.aws_apigatewayv2_authorizer.header_based_authorizer",
            "module.apigateway_resource_authorization.aws_cloudwatch_log_group.html_loggroup_lambda_authorizer",
            "module.apigateway_resource_authorization.aws_iam_policy.dynamodb_lambda_policy_authorizer",
            "module.apigateway_resource_authorization.aws_iam_role.lambda_role_authorizer",
            "module.apigateway_resource_authorization.aws_iam_role_policy_attachment.lambda_attachements",
            "module.apigateway_resource_authorization.aws_iam_role_policy_attachment.lambda_role_policy_authorizer",
            "module.apigateway_resource_authorization.aws_lambda_function.html_lambda_authorizer",
            "module.apigateway_resource_authorization.aws_lambda_permission.allow_api_gw_invoke_authorizer",
            "module.apigateway_resource_authorization.data.archive_file.lambda_package_authorizer",
            "module.apigateway_resource_authorization.data.aws_apigatewayv2_api.selected",
            "module.apigateway_resource_authorization.data.aws_caller_identity.current",
            "module.apigateway_resource_authorization.data.aws_iam_policy_document.lambda_policy_document_authorizer",
            "module.apigateway_resource_authorization.data.aws_region.current",
            "module.apigateway_resource_customers.data.aws_caller_identity.current",
            "module.apigateway_resource_customers.data.aws_iam_policy_document.lambda_policy_document_customers_filter",
            "module.apigateway_resource_customers.data.aws_region.current",
            "module.tables_dynamodb.aws_dynamodb_table.tbl_customers",
            "module.tables_dynamodb.aws_dynamodb_table.tbl_employees",
            "module.tables_dynamodb.aws_dynamodb_table.tbl_inventories",
            "module.tables_dynamodb.aws_dynamodb_table.tbl_suppliers",
            "module.tables_dynamodb.aws_dynamodb_table.tbl_token",
            "module.tables_dynamodb.aws_dynamodb_table.tbl_users"
          ]
        }
      ]
    },
    {
      "module": "module.apigateway_resource_customers",
      "mode": "managed",
      "type": "aws_iam_policy",
      "name": "dynamodb_lambda_policy_customers_update",
      "provider": "provider[\"registry.terraform.io/hashicorp/aws\"]",
      "instances": [
        {
          "schema_version": 0,
          "attributes": {
            "arn": "arn:aws:iam::233925838033:policy/policy-celeste-customers-update-dev",
            "attachment_count": 1,
            "description": "This policy will be used by the lambda to write get data from DynamoDB",
            "id": "arn:aws:iam::233925838033:policy/policy-celeste-customers-update-dev",
            "name": "policy-celeste-customers-update-dev",
            "name_prefix": "",
            "path": "/",
            "policy": "{\"Statement\":[{\"Action\":\"dynamodb:UpdateItem\",\"Effect\":\"Allow\",\"Resource\":\"arn:aws:dynamodb:us-east-1:233925838033:table/tbl-celeste-customers-dev\"}],\"Version\":\"2012-10-17\"}",
            "policy_id": "ANPATM5YRATIY2LQMZGQ3",
            "tags": {},
            "tags_all": {
              "iac": "terraform"
            }
          },
          "sensitive_attributes": [],
          "private": "bnVsbA==",
          "dependencies": [
            "module.apigateway.aws_apigatewayv2_api.main",
            "module.apigateway.aws_apigatewayv2_stage.dev",
            "module.apigateway.aws_cloudwatch_log_group.main_api_gw",
            "module.apigateway.data.aws_caller_identity.current",
            "module.apigateway.data.aws_region.current",
            "module.apigateway_resource_authorization.aws_apigatewayv2_authorizer.header_based_authorizer",
            "module.apigateway_resource_authorization.aws_cloudwatch_log_group.html_loggroup_lambda_authorizer",
            "module.apigateway_resource_authorization.aws_iam_policy.dynamodb_lambda_policy_authorizer",
            "module.apigateway_resource_authorization.aws_iam_role.lambda_role_authorizer",
            "module.apigateway_resource_authorization.aws_iam_role_policy_attachment.lambda_attachements",
            "module.apigateway_resource_authorization.aws_iam_role_policy_attachment.lambda_role_policy_authorizer",
            "module.apigateway_resource_authorization.aws_lambda_function.html_lambda_authorizer",
            "module.apigateway_resource_authorization.aws_lambda_permission.allow_api_gw_invoke_authorizer",
            "module.apigateway_resource_authorization.data.archive_file.lambda_package_authorizer",
            "module.apigateway_resource_authorization.data.aws_apigatewayv2_api.selected",
            "module.apigateway_resource_authorization.data.aws_caller_identity.current",
            "module.apigateway_resource_authorization.data.aws_iam_policy_document.lambda_policy_document_authorizer",
            "module.apigateway_resource_authorization.data.aws_region.current",
            "module.apigateway_resource_customers.data.aws_caller_identity.current",
            "module.apigateway_resource_customers.data.aws_iam_policy_document.lambda_policy_document_customers_update",
            "module.apigateway_resource_customers.data.aws_region.current",
            "module.tables_dynamodb.aws_dynamodb_table.tbl_customers",
            "module.tables_dynamodb.aws_dynamodb_table.tbl_employees",
            "module.tables_dynamodb.aws_dynamodb_table.tbl_inventories",
            "module.tables_dynamodb.aws_dynamodb_table.tbl_suppliers",
            "module.tables_dynamodb.aws_dynamodb_table.tbl_token",
            "module.tables_dynamodb.aws_dynamodb_table.tbl_users"
          ]
        }
      ]
    },
    {
      "module": "module.apigateway_resource_customers",
      "mode": "managed",
      "type": "aws_iam_role",
      "name": "lambda_role_customers_create",
      "provider": "provider[\"registry.terraform.io/hashicorp/aws\"]",
      "instances": [
        {
          "schema_version": 0,
          "attributes": {
            "arn": "arn:aws:iam::233925838033:role/role-celeste-customers-create-dev",
            "assume_role_policy": "{\"Statement\":[{\"Action\":\"sts:AssumeRole\",\"Effect\":\"Allow\",\"Principal\":{\"Service\":\"lambda.amazonaws.com\"}}],\"Version\":\"2012-10-17\"}",
            "create_date": "2025-03-12T15:47:30Z",
            "description": "",
            "force_detach_policies": false,
            "id": "role-celeste-customers-create-dev",
            "inline_policy": [],
            "managed_policy_arns": [
              "arn:aws:iam::233925838033:policy/policy-celeste-customers-create-dev",
              "arn:aws:iam::aws:policy/service-role/AWSLambdaBasicExecutionRole"
            ],
            "max_session_duration": 3600,
            "name": "role-celeste-customers-create-dev",
            "name_prefix": "",
            "path": "/",
            "permissions_boundary": "",
            "tags": {},
            "tags_all": {
              "iac": "terraform"
            },
            "unique_id": "AROATM5YRATI5K77UZSUE"
          },
          "sensitive_attributes": [],
          "private": "bnVsbA==",
          "dependencies": [
            "module.apigateway.aws_apigatewayv2_api.main",
            "module.apigateway.aws_apigatewayv2_stage.dev",
            "module.apigateway.aws_cloudwatch_log_group.main_api_gw",
            "module.apigateway.data.aws_caller_identity.current",
            "module.apigateway.data.aws_region.current",
            "module.apigateway_resource_authorization.aws_apigatewayv2_authorizer.header_based_authorizer",
            "module.apigateway_resource_authorization.aws_cloudwatch_log_group.html_loggroup_lambda_authorizer",
            "module.apigateway_resource_authorization.aws_iam_policy.dynamodb_lambda_policy_authorizer",
            "module.apigateway_resource_authorization.aws_iam_role.lambda_role_authorizer",
            "module.apigateway_resource_authorization.aws_iam_role_policy_attachment.lambda_attachements",
            "module.apigateway_resource_authorization.aws_iam_role_policy_attachment.lambda_role_policy_authorizer",
            "module.apigateway_resource_authorization.aws_lambda_function.html_lambda_authorizer",
            "module.apigateway_resource_authorization.aws_lambda_permission.allow_api_gw_invoke_authorizer",
            "module.apigateway_resource_authorization.data.archive_file.lambda_package_authorizer",
            "module.apigateway_resource_authorization.data.aws_apigatewayv2_api.selected",
            "module.apigateway_resource_authorization.data.aws_caller_identity.current",
            "module.apigateway_resource_authorization.data.aws_iam_policy_document.lambda_policy_document_authorizer",
            "module.apigateway_resource_authorization.data.aws_region.current",
            "module.tables_dynamodb.aws_dynamodb_table.tbl_customers",
            "module.tables_dynamodb.aws_dynamodb_table.tbl_employees",
            "module.tables_dynamodb.aws_dynamodb_table.tbl_inventories",
            "module.tables_dynamodb.aws_dynamodb_table.tbl_suppliers",
            "module.tables_dynamodb.aws_dynamodb_table.tbl_token",
            "module.tables_dynamodb.aws_dynamodb_table.tbl_users"
          ]
        }
      ]
    },
    {
      "module": "module.apigateway_resource_customers",
      "mode": "managed",
      "type": "aws_iam_role",
      "name": "lambda_role_customers_delete_by_id",
      "provider": "provider[\"registry.terraform.io/hashicorp/aws\"]",
      "instances": [
        {
          "schema_version": 0,
          "attributes": {
            "arn": "arn:aws:iam::233925838033:role/role-celeste-customers-delete-by-id-dev",
            "assume_role_policy": "{\"Statement\":[{\"Action\":\"sts:AssumeRole\",\"Effect\":\"Allow\",\"Principal\":{\"Service\":\"lambda.amazonaws.com\"}}],\"Version\":\"2012-10-17\"}",
            "create_date": "2025-03-12T15:47:30Z",
            "description": "",
            "force_detach_policies": false,
            "id": "role-celeste-customers-delete-by-id-dev",
            "inline_policy": [],
            "managed_policy_arns": [
              "arn:aws:iam::233925838033:policy/policy-celeste-customers-delete-by-id-dev",
              "arn:aws:iam::aws:policy/service-role/AWSLambdaBasicExecutionRole"
            ],
            "max_session_duration": 3600,
            "name": "role-celeste-customers-delete-by-id-dev",
            "name_prefix": "",
            "path": "/",
            "permissions_boundary": "",
            "tags": {},
            "tags_all": {
              "iac": "terraform"
            },
            "unique_id": "AROATM5YRATIT6EMC5PXX"
          },
          "sensitive_attributes": [],
          "private": "bnVsbA==",
          "dependencies": [
            "module.apigateway.aws_apigatewayv2_api.main",
            "module.apigateway.aws_apigatewayv2_stage.dev",
            "module.apigateway.aws_cloudwatch_log_group.main_api_gw",
            "module.apigateway.data.aws_caller_identity.current",
            "module.apigateway.data.aws_region.current",
            "module.apigateway_resource_authorization.aws_apigatewayv2_authorizer.header_based_authorizer",
            "module.apigateway_resource_authorization.aws_cloudwatch_log_group.html_loggroup_lambda_authorizer",
            "module.apigateway_resource_authorization.aws_iam_policy.dynamodb_lambda_policy_authorizer",
            "module.apigateway_resource_authorization.aws_iam_role.lambda_role_authorizer",
            "module.apigateway_resource_authorization.aws_iam_role_policy_attachment.lambda_attachements",
            "module.apigateway_resource_authorization.aws_iam_role_policy_attachment.lambda_role_policy_authorizer",
            "module.apigateway_resource_authorization.aws_lambda_function.html_lambda_authorizer",
            "module.apigateway_resource_authorization.aws_lambda_permission.allow_api_gw_invoke_authorizer",
            "module.apigateway_resource_authorization.data.archive_file.lambda_package_authorizer",
            "module.apigateway_resource_authorization.data.aws_apigatewayv2_api.selected",
            "module.apigateway_resource_authorization.data.aws_caller_identity.current",
            "module.apigateway_resource_authorization.data.aws_iam_policy_document.lambda_policy_document_authorizer",
            "module.apigateway_resource_authorization.data.aws_region.current",
            "module.tables_dynamodb.aws_dynamodb_table.tbl_customers",
            "module.tables_dynamodb.aws_dynamodb_table.tbl_employees",
            "module.tables_dynamodb.aws_dynamodb_table.tbl_inventories",
            "module.tables_dynamodb.aws_dynamodb_table.tbl_suppliers",
            "module.tables_dynamodb.aws_dynamodb_table.tbl_token",
            "module.tables_dynamodb.aws_dynamodb_table.tbl_users"
          ]
        }
      ]
    },
    {
      "module": "module.apigateway_resource_customers",
      "mode": "managed",
      "type": "aws_iam_role",
      "name": "lambda_role_customers_filter",
      "provider": "provider[\"registry.terraform.io/hashicorp/aws\"]",
      "instances": [
        {
          "schema_version": 0,
          "attributes": {
            "arn": "arn:aws:iam::233925838033:role/role-celeste-customers-filter-dev",
            "assume_role_policy": "{\"Statement\":[{\"Action\":\"sts:AssumeRole\",\"Effect\":\"Allow\",\"Principal\":{\"Service\":\"lambda.amazonaws.com\"}}],\"Version\":\"2012-10-17\"}",
            "create_date": "2025-03-12T15:47:30Z",
            "description": "",
            "force_detach_policies": false,
            "id": "role-celeste-customers-filter-dev",
            "inline_policy": [],
            "managed_policy_arns": [
              "arn:aws:iam::233925838033:policy/policy-celeste-customers-filter-dev",
              "arn:aws:iam::aws:policy/service-role/AWSLambdaBasicExecutionRole"
            ],
            "max_session_duration": 3600,
            "name": "role-celeste-customers-filter-dev",
            "name_prefix": "",
            "path": "/",
            "permissions_boundary": "",
            "tags": {},
            "tags_all": {
              "iac": "terraform"
            },
            "unique_id": "AROATM5YRATI4THWI4U75"
          },
          "sensitive_attributes": [],
          "private": "bnVsbA==",
          "dependencies": [
            "module.apigateway.aws_apigatewayv2_api.main",
            "module.apigateway.aws_apigatewayv2_stage.dev",
            "module.apigateway.aws_cloudwatch_log_group.main_api_gw",
            "module.apigateway.data.aws_caller_identity.current",
            "module.apigateway.data.aws_region.current",
            "module.apigateway_resource_authorization.aws_apigatewayv2_authorizer.header_based_authorizer",
            "module.apigateway_resource_authorization.aws_cloudwatch_log_group.html_loggroup_lambda_authorizer",
            "module.apigateway_resource_authorization.aws_iam_policy.dynamodb_lambda_policy_authorizer",
            "module.apigateway_resource_authorization.aws_iam_role.lambda_role_authorizer",
            "module.apigateway_resource_authorization.aws_iam_role_policy_attachment.lambda_attachements",
            "module.apigateway_resource_authorization.aws_iam_role_policy_attachment.lambda_role_policy_authorizer",
            "module.apigateway_resource_authorization.aws_lambda_function.html_lambda_authorizer",
            "module.apigateway_resource_authorization.aws_lambda_permission.allow_api_gw_invoke_authorizer",
            "module.apigateway_resource_authorization.data.archive_file.lambda_package_authorizer",
            "module.apigateway_resource_authorization.data.aws_apigatewayv2_api.selected",
            "module.apigateway_resource_authorization.data.aws_caller_identity.current",
            "module.apigateway_resource_authorization.data.aws_iam_policy_document.lambda_policy_document_authorizer",
            "module.apigateway_resource_authorization.data.aws_region.current",
            "module.tables_dynamodb.aws_dynamodb_table.tbl_customers",
            "module.tables_dynamodb.aws_dynamodb_table.tbl_employees",
            "module.tables_dynamodb.aws_dynamodb_table.tbl_inventories",
            "module.tables_dynamodb.aws_dynamodb_table.tbl_suppliers",
            "module.tables_dynamodb.aws_dynamodb_table.tbl_token",
            "module.tables_dynamodb.aws_dynamodb_table.tbl_users"
          ]
        }
      ]
    },
    {
      "module": "module.apigateway_resource_customers",
      "mode": "managed",
      "type": "aws_iam_role",
      "name": "lambda_role_customers_update",
      "provider": "provider[\"registry.terraform.io/hashicorp/aws\"]",
      "instances": [
        {
          "schema_version": 0,
          "attributes": {
            "arn": "arn:aws:iam::233925838033:role/role-celeste-customers-update-dev",
            "assume_role_policy": "{\"Statement\":[{\"Action\":\"sts:AssumeRole\",\"Effect\":\"Allow\",\"Principal\":{\"Service\":\"lambda.amazonaws.com\"}}],\"Version\":\"2012-10-17\"}",
            "create_date": "2025-03-12T15:47:30Z",
            "description": "",
            "force_detach_policies": false,
            "id": "role-celeste-customers-update-dev",
            "inline_policy": [],
            "managed_policy_arns": [
              "arn:aws:iam::233925838033:policy/policy-celeste-customers-update-dev",
              "arn:aws:iam::aws:policy/service-role/AWSLambdaBasicExecutionRole"
            ],
            "max_session_duration": 3600,
            "name": "role-celeste-customers-update-dev",
            "name_prefix": "",
            "path": "/",
            "permissions_boundary": "",
            "tags": {},
            "tags_all": {
              "iac": "terraform"
            },
            "unique_id": "AROATM5YRATIY2JNNSJNH"
          },
          "sensitive_attributes": [],
          "private": "bnVsbA==",
          "dependencies": [
            "module.apigateway.aws_apigatewayv2_api.main",
            "module.apigateway.aws_apigatewayv2_stage.dev",
            "module.apigateway.aws_cloudwatch_log_group.main_api_gw",
            "module.apigateway.data.aws_caller_identity.current",
            "module.apigateway.data.aws_region.current",
            "module.apigateway_resource_authorization.aws_apigatewayv2_authorizer.header_based_authorizer",
            "module.apigateway_resource_authorization.aws_cloudwatch_log_group.html_loggroup_lambda_authorizer",
            "module.apigateway_resource_authorization.aws_iam_policy.dynamodb_lambda_policy_authorizer",
            "module.apigateway_resource_authorization.aws_iam_role.lambda_role_authorizer",
            "module.apigateway_resource_authorization.aws_iam_role_policy_attachment.lambda_attachements",
            "module.apigateway_resource_authorization.aws_iam_role_policy_attachment.lambda_role_policy_authorizer",
            "module.apigateway_resource_authorization.aws_lambda_function.html_lambda_authorizer",
            "module.apigateway_resource_authorization.aws_lambda_permission.allow_api_gw_invoke_authorizer",
            "module.apigateway_resource_authorization.data.archive_file.lambda_package_authorizer",
            "module.apigateway_resource_authorization.data.aws_apigatewayv2_api.selected",
            "module.apigateway_resource_authorization.data.aws_caller_identity.current",
            "module.apigateway_resource_authorization.data.aws_iam_policy_document.lambda_policy_document_authorizer",
            "module.apigateway_resource_authorization.data.aws_region.current",
            "module.tables_dynamodb.aws_dynamodb_table.tbl_customers",
            "module.tables_dynamodb.aws_dynamodb_table.tbl_employees",
            "module.tables_dynamodb.aws_dynamodb_table.tbl_inventories",
            "module.tables_dynamodb.aws_dynamodb_table.tbl_suppliers",
            "module.tables_dynamodb.aws_dynamodb_table.tbl_token",
            "module.tables_dynamodb.aws_dynamodb_table.tbl_users"
          ]
        }
      ]
    },
    {
      "module": "module.apigateway_resource_customers",
      "mode": "managed",
      "type": "aws_iam_role_policy_attachment",
      "name": "lambda_attachements_customers_create",
      "provider": "provider[\"registry.terraform.io/hashicorp/aws\"]",
      "instances": [
        {
          "schema_version": 0,
          "attributes": {
            "id": "role-celeste-customers-create-dev-20250312154730613300000005",
            "policy_arn": "arn:aws:iam::233925838033:policy/policy-celeste-customers-create-dev",
            "role": "role-celeste-customers-create-dev"
          },
          "sensitive_attributes": [],
          "private": "bnVsbA==",
          "dependencies": [
            "module.apigateway.aws_apigatewayv2_api.main",
            "module.apigateway.aws_apigatewayv2_stage.dev",
            "module.apigateway.aws_cloudwatch_log_group.main_api_gw",
            "module.apigateway.data.aws_caller_identity.current",
            "module.apigateway.data.aws_region.current",
            "module.apigateway_resource_authorization.aws_apigatewayv2_authorizer.header_based_authorizer",
            "module.apigateway_resource_authorization.aws_cloudwatch_log_group.html_loggroup_lambda_authorizer",
            "module.apigateway_resource_authorization.aws_iam_policy.dynamodb_lambda_policy_authorizer",
            "module.apigateway_resource_authorization.aws_iam_role.lambda_role_authorizer",
            "module.apigateway_resource_authorization.aws_iam_role_policy_attachment.lambda_attachements",
            "module.apigateway_resource_authorization.aws_iam_role_policy_attachment.lambda_role_policy_authorizer",
            "module.apigateway_resource_authorization.aws_lambda_function.html_lambda_authorizer",
            "module.apigateway_resource_authorization.aws_lambda_permission.allow_api_gw_invoke_authorizer",
            "module.apigateway_resource_authorization.data.archive_file.lambda_package_authorizer",
            "module.apigateway_resource_authorization.data.aws_apigatewayv2_api.selected",
            "module.apigateway_resource_authorization.data.aws_caller_identity.current",
            "module.apigateway_resource_authorization.data.aws_iam_policy_document.lambda_policy_document_authorizer",
            "module.apigateway_resource_authorization.data.aws_region.current",
            "module.apigateway_resource_customers.aws_iam_policy.dynamodb_lambda_policy_customers_create",
            "module.apigateway_resource_customers.aws_iam_role.lambda_role_customers_create",
            "module.apigateway_resource_customers.data.aws_caller_identity.current",
            "module.apigateway_resource_customers.data.aws_iam_policy_document.lambda_policy_document_customers_create",
            "module.apigateway_resource_customers.data.aws_region.current",
            "module.tables_dynamodb.aws_dynamodb_table.tbl_customers",
            "module.tables_dynamodb.aws_dynamodb_table.tbl_employees",
            "module.tables_dynamodb.aws_dynamodb_table.tbl_inventories",
            "module.tables_dynamodb.aws_dynamodb_table.tbl_suppliers",
            "module.tables_dynamodb.aws_dynamodb_table.tbl_token",
            "module.tables_dynamodb.aws_dynamodb_table.tbl_users"
          ]
        }
      ]
    },
    {
      "module": "module.apigateway_resource_customers",
      "mode": "managed",
      "type": "aws_iam_role_policy_attachment",
      "name": "lambda_attachements_customers_delete",
      "provider": "provider[\"registry.terraform.io/hashicorp/aws\"]",
      "instances": [
        {
          "schema_version": 0,
          "attributes": {
            "id": "role-celeste-customers-delete-by-id-dev-20250312154730936900000007",
            "policy_arn": "arn:aws:iam::233925838033:policy/policy-celeste-customers-delete-by-id-dev",
            "role": "role-celeste-customers-delete-by-id-dev"
          },
          "sensitive_attributes": [],
          "private": "bnVsbA==",
          "dependencies": [
            "module.apigateway.aws_apigatewayv2_api.main",
            "module.apigateway.aws_apigatewayv2_stage.dev",
            "module.apigateway.aws_cloudwatch_log_group.main_api_gw",
            "module.apigateway.data.aws_caller_identity.current",
            "module.apigateway.data.aws_region.current",
            "module.apigateway_resource_authorization.aws_apigatewayv2_authorizer.header_based_authorizer",
            "module.apigateway_resource_authorization.aws_cloudwatch_log_group.html_loggroup_lambda_authorizer",
            "module.apigateway_resource_authorization.aws_iam_policy.dynamodb_lambda_policy_authorizer",
            "module.apigateway_resource_authorization.aws_iam_role.lambda_role_authorizer",
            "module.apigateway_resource_authorization.aws_iam_role_policy_attachment.lambda_attachements",
            "module.apigateway_resource_authorization.aws_iam_role_policy_attachment.lambda_role_policy_authorizer",
            "module.apigateway_resource_authorization.aws_lambda_function.html_lambda_authorizer",
            "module.apigateway_resource_authorization.aws_lambda_permission.allow_api_gw_invoke_authorizer",
            "module.apigateway_resource_authorization.data.archive_file.lambda_package_authorizer",
            "module.apigateway_resource_authorization.data.aws_apigatewayv2_api.selected",
            "module.apigateway_resource_authorization.data.aws_caller_identity.current",
            "module.apigateway_resource_authorization.data.aws_iam_policy_document.lambda_policy_document_authorizer",
            "module.apigateway_resource_authorization.data.aws_region.current",
            "module.apigateway_resource_customers.aws_iam_policy.dynamodb_lambda_policy_customers_delete_by_id",
            "module.apigateway_resource_customers.aws_iam_role.lambda_role_customers_delete_by_id",
            "module.apigateway_resource_customers.data.aws_caller_identity.current",
            "module.apigateway_resource_customers.data.aws_iam_policy_document.lambda_policy_document_customers_delete_by_id",
            "module.apigateway_resource_customers.data.aws_region.current",
            "module.tables_dynamodb.aws_dynamodb_table.tbl_customers",
            "module.tables_dynamodb.aws_dynamodb_table.tbl_employees",
            "module.tables_dynamodb.aws_dynamodb_table.tbl_inventories",
            "module.tables_dynamodb.aws_dynamodb_table.tbl_suppliers",
            "module.tables_dynamodb.aws_dynamodb_table.tbl_token",
            "module.tables_dynamodb.aws_dynamodb_table.tbl_users"
          ]
        }
      ]
    },
    {
      "module": "module.apigateway_resource_customers",
      "mode": "managed",
      "type": "aws_iam_role_policy_attachment",
      "name": "lambda_attachements_customers_filter",
      "provider": "provider[\"registry.terraform.io/hashicorp/aws\"]",
      "instances": [
        {
          "schema_version": 0,
          "attributes": {
            "id": "role-celeste-customers-filter-dev-20250312154730554900000001",
            "policy_arn": "arn:aws:iam::233925838033:policy/policy-celeste-customers-filter-dev",
            "role": "role-celeste-customers-filter-dev"
          },
          "sensitive_attributes": [],
          "private": "bnVsbA==",
          "dependencies": [
            "module.apigateway.aws_apigatewayv2_api.main",
            "module.apigateway.aws_apigatewayv2_stage.dev",
            "module.apigateway.aws_cloudwatch_log_group.main_api_gw",
            "module.apigateway.data.aws_caller_identity.current",
            "module.apigateway.data.aws_region.current",
            "module.apigateway_resource_authorization.aws_apigatewayv2_authorizer.header_based_authorizer",
            "module.apigateway_resource_authorization.aws_cloudwatch_log_group.html_loggroup_lambda_authorizer",
            "module.apigateway_resource_authorization.aws_iam_policy.dynamodb_lambda_policy_authorizer",
            "module.apigateway_resource_authorization.aws_iam_role.lambda_role_authorizer",
            "module.apigateway_resource_authorization.aws_iam_role_policy_attachment.lambda_attachements",
            "module.apigateway_resource_authorization.aws_iam_role_policy_attachment.lambda_role_policy_authorizer",
            "module.apigateway_resource_authorization.aws_lambda_function.html_lambda_authorizer",
            "module.apigateway_resource_authorization.aws_lambda_permission.allow_api_gw_invoke_authorizer",
            "module.apigateway_resource_authorization.data.archive_file.lambda_package_authorizer",
            "module.apigateway_resource_authorization.data.aws_apigatewayv2_api.selected",
            "module.apigateway_resource_authorization.data.aws_caller_identity.current",
            "module.apigateway_resource_authorization.data.aws_iam_policy_document.lambda_policy_document_authorizer",
            "module.apigateway_resource_authorization.data.aws_region.current",
            "module.apigateway_resource_customers.aws_iam_policy.dynamodb_lambda_policy_customers_filter",
            "module.apigateway_resource_customers.aws_iam_role.lambda_role_customers_filter",
            "module.apigateway_resource_customers.data.aws_caller_identity.current",
            "module.apigateway_resource_customers.data.aws_iam_policy_document.lambda_policy_document_customers_filter",
            "module.apigateway_resource_customers.data.aws_region.current",
            "module.tables_dynamodb.aws_dynamodb_table.tbl_customers",
            "module.tables_dynamodb.aws_dynamodb_table.tbl_employees",
            "module.tables_dynamodb.aws_dynamodb_table.tbl_inventories",
            "module.tables_dynamodb.aws_dynamodb_table.tbl_suppliers",
            "module.tables_dynamodb.aws_dynamodb_table.tbl_token",
            "module.tables_dynamodb.aws_dynamodb_table.tbl_users"
          ]
        }
      ]
    },
    {
      "module": "module.apigateway_resource_customers",
      "mode": "managed",
      "type": "aws_iam_role_policy_attachment",
      "name": "lambda_attachements_customers_update",
      "provider": "provider[\"registry.terraform.io/hashicorp/aws\"]",
      "instances": [
        {
          "schema_version": 0,
          "attributes": {
            "id": "role-celeste-customers-update-dev-20250312154730589800000003",
            "policy_arn": "arn:aws:iam::233925838033:policy/policy-celeste-customers-update-dev",
            "role": "role-celeste-customers-update-dev"
          },
          "sensitive_attributes": [],
          "private": "bnVsbA==",
          "dependencies": [
            "module.apigateway.aws_apigatewayv2_api.main",
            "module.apigateway.aws_apigatewayv2_stage.dev",
            "module.apigateway.aws_cloudwatch_log_group.main_api_gw",
            "module.apigateway.data.aws_caller_identity.current",
            "module.apigateway.data.aws_region.current",
            "module.apigateway_resource_authorization.aws_apigatewayv2_authorizer.header_based_authorizer",
            "module.apigateway_resource_authorization.aws_cloudwatch_log_group.html_loggroup_lambda_authorizer",
            "module.apigateway_resource_authorization.aws_iam_policy.dynamodb_lambda_policy_authorizer",
            "module.apigateway_resource_authorization.aws_iam_role.lambda_role_authorizer",
            "module.apigateway_resource_authorization.aws_iam_role_policy_attachment.lambda_attachements",
            "module.apigateway_resource_authorization.aws_iam_role_policy_attachment.lambda_role_policy_authorizer",
            "module.apigateway_resource_authorization.aws_lambda_function.html_lambda_authorizer",
            "module.apigateway_resource_authorization.aws_lambda_permission.allow_api_gw_invoke_authorizer",
            "module.apigateway_resource_authorization.data.archive_file.lambda_package_authorizer",
            "module.apigateway_resource_authorization.data.aws_apigatewayv2_api.selected",
            "module.apigateway_resource_authorization.data.aws_caller_identity.current",
            "module.apigateway_resource_authorization.data.aws_iam_policy_document.lambda_policy_document_authorizer",
            "module.apigateway_resource_authorization.data.aws_region.current",
            "module.apigateway_resource_customers.aws_iam_policy.dynamodb_lambda_policy_customers_update",
            "module.apigateway_resource_customers.aws_iam_role.lambda_role_customers_update",
            "module.apigateway_resource_customers.data.aws_caller_identity.current",
            "module.apigateway_resource_customers.data.aws_iam_policy_document.lambda_policy_document_customers_update",
            "module.apigateway_resource_customers.data.aws_region.current",
            "module.tables_dynamodb.aws_dynamodb_table.tbl_customers",
            "module.tables_dynamodb.aws_dynamodb_table.tbl_employees",
            "module.tables_dynamodb.aws_dynamodb_table.tbl_inventories",
            "module.tables_dynamodb.aws_dynamodb_table.tbl_suppliers",
            "module.tables_dynamodb.aws_dynamodb_table.tbl_token",
            "module.tables_dynamodb.aws_dynamodb_table.tbl_users"
          ]
        }
      ]
    },
    {
      "module": "module.apigateway_resource_customers",
      "mode": "managed",
      "type": "aws_iam_role_policy_attachment",
      "name": "lambda_role_policy_customers_create",
      "provider": "provider[\"registry.terraform.io/hashicorp/aws\"]",
      "instances": [
        {
          "schema_version": 0,
          "attributes": {
            "id": "role-celeste-customers-create-dev-20250312154730557200000002",
            "policy_arn": "arn:aws:iam::aws:policy/service-role/AWSLambdaBasicExecutionRole",
            "role": "role-celeste-customers-create-dev"
          },
          "sensitive_attributes": [],
          "private": "bnVsbA==",
          "dependencies": [
            "module.apigateway.aws_apigatewayv2_api.main",
            "module.apigateway.aws_apigatewayv2_stage.dev",
            "module.apigateway.aws_cloudwatch_log_group.main_api_gw",
            "module.apigateway.data.aws_caller_identity.current",
            "module.apigateway.data.aws_region.current",
            "module.apigateway_resource_authorization.aws_apigatewayv2_authorizer.header_based_authorizer",
            "module.apigateway_resource_authorization.aws_cloudwatch_log_group.html_loggroup_lambda_authorizer",
            "module.apigateway_resource_authorization.aws_iam_policy.dynamodb_lambda_policy_authorizer",
            "module.apigateway_resource_authorization.aws_iam_role.lambda_role_authorizer",
            "module.apigateway_resource_authorization.aws_iam_role_policy_attachment.lambda_attachements",
            "module.apigateway_resource_authorization.aws_iam_role_policy_attachment.lambda_role_policy_authorizer",
            "module.apigateway_resource_authorization.aws_lambda_function.html_lambda_authorizer",
            "module.apigateway_resource_authorization.aws_lambda_permission.allow_api_gw_invoke_authorizer",
            "module.apigateway_resource_authorization.data.archive_file.lambda_package_authorizer",
            "module.apigateway_resource_authorization.data.aws_apigatewayv2_api.selected",
            "module.apigateway_resource_authorization.data.aws_caller_identity.current",
            "module.apigateway_resource_authorization.data.aws_iam_policy_document.lambda_policy_document_authorizer",
            "module.apigateway_resource_authorization.data.aws_region.current",
            "module.apigateway_resource_customers.aws_iam_role.lambda_role_customers_create",
            "module.tables_dynamodb.aws_dynamodb_table.tbl_customers",
            "module.tables_dynamodb.aws_dynamodb_table.tbl_employees",
            "module.tables_dynamodb.aws_dynamodb_table.tbl_inventories",
            "module.tables_dynamodb.aws_dynamodb_table.tbl_suppliers",
            "module.tables_dynamodb.aws_dynamodb_table.tbl_token",
            "module.tables_dynamodb.aws_dynamodb_table.tbl_users"
          ]
        }
      ]
    },
    {
      "module": "module.apigateway_resource_customers",
      "mode": "managed",
      "type": "aws_iam_role_policy_attachment",
      "name": "lambda_role_policy_customers_delete_by_id",
      "provider": "provider[\"registry.terraform.io/hashicorp/aws\"]",
      "instances": [
        {
          "schema_version": 0,
          "attributes": {
            "id": "role-celeste-customers-delete-by-id-dev-20250312154730950500000008",
            "policy_arn": "arn:aws:iam::aws:policy/service-role/AWSLambdaBasicExecutionRole",
            "role": "role-celeste-customers-delete-by-id-dev"
          },
          "sensitive_attributes": [],
          "private": "bnVsbA==",
          "dependencies": [
            "module.apigateway.aws_apigatewayv2_api.main",
            "module.apigateway.aws_apigatewayv2_stage.dev",
            "module.apigateway.aws_cloudwatch_log_group.main_api_gw",
            "module.apigateway.data.aws_caller_identity.current",
            "module.apigateway.data.aws_region.current",
            "module.apigateway_resource_authorization.aws_apigatewayv2_authorizer.header_based_authorizer",
            "module.apigateway_resource_authorization.aws_cloudwatch_log_group.html_loggroup_lambda_authorizer",
            "module.apigateway_resource_authorization.aws_iam_policy.dynamodb_lambda_policy_authorizer",
            "module.apigateway_resource_authorization.aws_iam_role.lambda_role_authorizer",
            "module.apigateway_resource_authorization.aws_iam_role_policy_attachment.lambda_attachements",
            "module.apigateway_resource_authorization.aws_iam_role_policy_attachment.lambda_role_policy_authorizer",
            "module.apigateway_resource_authorization.aws_lambda_function.html_lambda_authorizer",
            "module.apigateway_resource_authorization.aws_lambda_permission.allow_api_gw_invoke_authorizer",
            "module.apigateway_resource_authorization.data.archive_file.lambda_package_authorizer",
            "module.apigateway_resource_authorization.data.aws_apigatewayv2_api.selected",
            "module.apigateway_resource_authorization.data.aws_caller_identity.current",
            "module.apigateway_resource_authorization.data.aws_iam_policy_document.lambda_policy_document_authorizer",
            "module.apigateway_resource_authorization.data.aws_region.current",
            "module.apigateway_resource_customers.aws_iam_role.lambda_role_customers_delete_by_id",
            "module.tables_dynamodb.aws_dynamodb_table.tbl_customers",
            "module.tables_dynamodb.aws_dynamodb_table.tbl_employees",
            "module.tables_dynamodb.aws_dynamodb_table.tbl_inventories",
            "module.tables_dynamodb.aws_dynamodb_table.tbl_suppliers",
            "module.tables_dynamodb.aws_dynamodb_table.tbl_token",
            "module.tables_dynamodb.aws_dynamodb_table.tbl_users"
          ]
        }
      ]
    },
    {
      "module": "module.apigateway_resource_customers",
      "mode": "managed",
      "type": "aws_iam_role_policy_attachment",
      "name": "lambda_role_policy_customers_filter",
      "provider": "provider[\"registry.terraform.io/hashicorp/aws\"]",
      "instances": [
        {
          "schema_version": 0,
          "attributes": {
            "id": "role-celeste-customers-filter-dev-20250312154730620000000006",
            "policy_arn": "arn:aws:iam::aws:policy/service-role/AWSLambdaBasicExecutionRole",
            "role": "role-celeste-customers-filter-dev"
          },
          "sensitive_attributes": [],
          "private": "bnVsbA==",
          "dependencies": [
            "module.apigateway.aws_apigatewayv2_api.main",
            "module.apigateway.aws_apigatewayv2_stage.dev",
            "module.apigateway.aws_cloudwatch_log_group.main_api_gw",
            "module.apigateway.data.aws_caller_identity.current",
            "module.apigateway.data.aws_region.current",
            "module.apigateway_resource_authorization.aws_apigatewayv2_authorizer.header_based_authorizer",
            "module.apigateway_resource_authorization.aws_cloudwatch_log_group.html_loggroup_lambda_authorizer",
            "module.apigateway_resource_authorization.aws_iam_policy.dynamodb_lambda_policy_authorizer",
            "module.apigateway_resource_authorization.aws_iam_role.lambda_role_authorizer",
            "module.apigateway_resource_authorization.aws_iam_role_policy_attachment.lambda_attachements",
            "module.apigateway_resource_authorization.aws_iam_role_policy_attachment.lambda_role_policy_authorizer",
            "module.apigateway_resource_authorization.aws_lambda_function.html_lambda_authorizer",
            "module.apigateway_resource_authorization.aws_lambda_permission.allow_api_gw_invoke_authorizer",
            "module.apigateway_resource_authorization.data.archive_file.lambda_package_authorizer",
            "module.apigateway_resource_authorization.data.aws_apigatewayv2_api.selected",
            "module.apigateway_resource_authorization.data.aws_caller_identity.current",
            "module.apigateway_resource_authorization.data.aws_iam_policy_document.lambda_policy_document_authorizer",
            "module.apigateway_resource_authorization.data.aws_region.current",
            "module.apigateway_resource_customers.aws_iam_role.lambda_role_customers_filter",
            "module.tables_dynamodb.aws_dynamodb_table.tbl_customers",
            "module.tables_dynamodb.aws_dynamodb_table.tbl_employees",
            "module.tables_dynamodb.aws_dynamodb_table.tbl_inventories",
            "module.tables_dynamodb.aws_dynamodb_table.tbl_suppliers",
            "module.tables_dynamodb.aws_dynamodb_table.tbl_token",
            "module.tables_dynamodb.aws_dynamodb_table.tbl_users"
          ]
        }
      ]
    },
    {
      "module": "module.apigateway_resource_customers",
      "mode": "managed",
      "type": "aws_iam_role_policy_attachment",
      "name": "lambda_role_policy_customers_update",
      "provider": "provider[\"registry.terraform.io/hashicorp/aws\"]",
      "instances": [
        {
          "schema_version": 0,
          "attributes": {
            "id": "role-celeste-customers-update-dev-20250312154730611800000004",
            "policy_arn": "arn:aws:iam::aws:policy/service-role/AWSLambdaBasicExecutionRole",
            "role": "role-celeste-customers-update-dev"
          },
          "sensitive_attributes": [],
          "private": "bnVsbA==",
          "dependencies": [
            "module.apigateway.aws_apigatewayv2_api.main",
            "module.apigateway.aws_apigatewayv2_stage.dev",
            "module.apigateway.aws_cloudwatch_log_group.main_api_gw",
            "module.apigateway.data.aws_caller_identity.current",
            "module.apigateway.data.aws_region.current",
            "module.apigateway_resource_authorization.aws_apigatewayv2_authorizer.header_based_authorizer",
            "module.apigateway_resource_authorization.aws_cloudwatch_log_group.html_loggroup_lambda_authorizer",
            "module.apigateway_resource_authorization.aws_iam_policy.dynamodb_lambda_policy_authorizer",
            "module.apigateway_resource_authorization.aws_iam_role.lambda_role_authorizer",
            "module.apigateway_resource_authorization.aws_iam_role_policy_attachment.lambda_attachements",
            "module.apigateway_resource_authorization.aws_iam_role_policy_attachment.lambda_role_policy_authorizer",
            "module.apigateway_resource_authorization.aws_lambda_function.html_lambda_authorizer",
            "module.apigateway_resource_authorization.aws_lambda_permission.allow_api_gw_invoke_authorizer",
            "module.apigateway_resource_authorization.data.archive_file.lambda_package_authorizer",
            "module.apigateway_resource_authorization.data.aws_apigatewayv2_api.selected",
            "module.apigateway_resource_authorization.data.aws_caller_identity.current",
            "module.apigateway_resource_authorization.data.aws_iam_policy_document.lambda_policy_document_authorizer",
            "module.apigateway_resource_authorization.data.aws_region.current",
            "module.apigateway_resource_customers.aws_iam_role.lambda_role_customers_update",
            "module.tables_dynamodb.aws_dynamodb_table.tbl_customers",
            "module.tables_dynamodb.aws_dynamodb_table.tbl_employees",
            "module.tables_dynamodb.aws_dynamodb_table.tbl_inventories",
            "module.tables_dynamodb.aws_dynamodb_table.tbl_suppliers",
            "module.tables_dynamodb.aws_dynamodb_table.tbl_token",
            "module.tables_dynamodb.aws_dynamodb_table.tbl_users"
          ]
        }
      ]
    },
    {
      "module": "module.apigateway_resource_customers",
      "mode": "managed",
      "type": "aws_lambda_function",
      "name": "html_lambda_customers_create",
      "provider": "provider[\"registry.terraform.io/hashicorp/aws\"]",
      "instances": [
        {
          "schema_version": 0,
          "attributes": {
            "architectures": [
              "arm64"
            ],
            "arn": "arn:aws:lambda:us-east-1:233925838033:function:lmb-celeste-customers-create-dev",
            "code_sha256": "9zaGJqQxeUIs/z8gluqXrvD+EhrqxxiR2I4F7sXHaKw=",
            "code_signing_config_arn": "",
            "dead_letter_config": [],
            "description": "",
            "environment": [],
            "ephemeral_storage": [
              {
                "size": 512
              }
            ],
            "file_system_config": [],
            "filename": "./resources/core/customers-create/index.zip",
            "function_name": "lmb-celeste-customers-create-dev",
            "handler": "index.handler",
            "id": "lmb-celeste-customers-create-dev",
            "image_config": [],
            "image_uri": "",
            "invoke_arn": "arn:aws:apigateway:us-east-1:lambda:path/2015-03-31/functions/arn:aws:lambda:us-east-1:233925838033:function:lmb-celeste-customers-create-dev/invocations",
            "kms_key_arn": "",
            "last_modified": "2025-03-13T21:04:35.000+0000",
            "layers": [],
            "logging_config": [
              {
                "application_log_level": "",
                "log_format": "Text",
                "log_group": "/aws/lambda/lmb-celeste-customers-create-dev",
                "system_log_level": ""
              }
            ],
            "memory_size": 128,
            "package_type": "Zip",
            "publish": false,
            "qualified_arn": "arn:aws:lambda:us-east-1:233925838033:function:lmb-celeste-customers-create-dev:$LATEST",
            "qualified_invoke_arn": "arn:aws:apigateway:us-east-1:lambda:path/2015-03-31/functions/arn:aws:lambda:us-east-1:233925838033:function:lmb-celeste-customers-create-dev:$LATEST/invocations",
            "replace_security_groups_on_destroy": null,
            "replacement_security_group_ids": null,
            "reserved_concurrent_executions": -1,
            "role": "arn:aws:iam::233925838033:role/role-celeste-customers-create-dev",
            "runtime": "nodejs22.x",
            "s3_bucket": null,
            "s3_key": null,
            "s3_object_version": null,
            "signing_job_arn": "",
            "signing_profile_version_arn": "",
            "skip_destroy": false,
            "snap_start": [],
            "source_code_hash": "9zaGJqQxeUIs/z8gluqXrvD+EhrqxxiR2I4F7sXHaKw=",
            "source_code_size": 362125,
            "tags": {
              "app_name": "celeste",
              "env": "dev"
            },
            "tags_all": {
              "app_name": "celeste",
              "env": "dev",
              "iac": "terraform"
            },
            "timeout": 30,
            "timeouts": null,
            "tracing_config": [
              {
                "mode": "PassThrough"
              }
            ],
            "version": "$LATEST",
            "vpc_config": []
          },
          "sensitive_attributes": [],
          "private": "eyJlMmJmYjczMC1lY2FhLTExZTYtOGY4OC0zNDM2M2JjN2M0YzAiOnsiY3JlYXRlIjo2MDAwMDAwMDAwMDAsImRlbGV0ZSI6NjAwMDAwMDAwMDAwLCJ1cGRhdGUiOjYwMDAwMDAwMDAwMH19",
          "dependencies": [
            "module.apigateway.aws_apigatewayv2_api.main",
            "module.apigateway.aws_apigatewayv2_stage.dev",
            "module.apigateway.aws_cloudwatch_log_group.main_api_gw",
            "module.apigateway.data.aws_caller_identity.current",
            "module.apigateway.data.aws_region.current",
            "module.apigateway_resource_authorization.aws_apigatewayv2_authorizer.header_based_authorizer",
            "module.apigateway_resource_authorization.aws_cloudwatch_log_group.html_loggroup_lambda_authorizer",
            "module.apigateway_resource_authorization.aws_iam_policy.dynamodb_lambda_policy_authorizer",
            "module.apigateway_resource_authorization.aws_iam_role.lambda_role_authorizer",
            "module.apigateway_resource_authorization.aws_iam_role_policy_attachment.lambda_attachements",
            "module.apigateway_resource_authorization.aws_iam_role_policy_attachment.lambda_role_policy_authorizer",
            "module.apigateway_resource_authorization.aws_lambda_function.html_lambda_authorizer",
            "module.apigateway_resource_authorization.aws_lambda_permission.allow_api_gw_invoke_authorizer",
            "module.apigateway_resource_authorization.data.archive_file.lambda_package_authorizer",
            "module.apigateway_resource_authorization.data.aws_apigatewayv2_api.selected",
            "module.apigateway_resource_authorization.data.aws_caller_identity.current",
            "module.apigateway_resource_authorization.data.aws_iam_policy_document.lambda_policy_document_authorizer",
            "module.apigateway_resource_authorization.data.aws_region.current",
            "module.apigateway_resource_customers.aws_iam_role.lambda_role_customers_create",
            "module.apigateway_resource_customers.data.archive_file.lambda_package_customers_create",
            "module.tables_dynamodb.aws_dynamodb_table.tbl_customers",
            "module.tables_dynamodb.aws_dynamodb_table.tbl_employees",
            "module.tables_dynamodb.aws_dynamodb_table.tbl_inventories",
            "module.tables_dynamodb.aws_dynamodb_table.tbl_suppliers",
            "module.tables_dynamodb.aws_dynamodb_table.tbl_token",
            "module.tables_dynamodb.aws_dynamodb_table.tbl_users"
          ]
        }
      ]
    },
    {
      "module": "module.apigateway_resource_customers",
      "mode": "managed",
      "type": "aws_lambda_function",
      "name": "html_lambda_customers_delete_by_id",
      "provider": "provider[\"registry.terraform.io/hashicorp/aws\"]",
      "instances": [
        {
          "schema_version": 0,
          "attributes": {
            "architectures": [
              "arm64"
            ],
            "arn": "arn:aws:lambda:us-east-1:233925838033:function:lmb-celeste-customers-delete-by-id-dev",
            "code_sha256": "6gmpJN0Fm57HfsDaREiEIWVmHK5jOprN8ZlUyZ52+ok=",
            "code_signing_config_arn": "",
            "dead_letter_config": [],
            "description": "",
            "environment": [],
            "ephemeral_storage": [
              {
                "size": 512
              }
            ],
            "file_system_config": [],
            "filename": "./resources/core/customers-delete-by-id/index.zip",
            "function_name": "lmb-celeste-customers-delete-by-id-dev",
            "handler": "index.handler",
            "id": "lmb-celeste-customers-delete-by-id-dev",
            "image_config": [],
            "image_uri": "",
            "invoke_arn": "arn:aws:apigateway:us-east-1:lambda:path/2015-03-31/functions/arn:aws:lambda:us-east-1:233925838033:function:lmb-celeste-customers-delete-by-id-dev/invocations",
            "kms_key_arn": "",
            "last_modified": "2025-03-12T15:47:57.489+0000",
            "layers": [],
            "logging_config": [
              {
                "application_log_level": "",
                "log_format": "Text",
                "log_group": "/aws/lambda/lmb-celeste-customers-delete-by-id-dev",
                "system_log_level": ""
              }
            ],
            "memory_size": 128,
            "package_type": "Zip",
            "publish": false,
            "qualified_arn": "arn:aws:lambda:us-east-1:233925838033:function:lmb-celeste-customers-delete-by-id-dev:$LATEST",
            "qualified_invoke_arn": "arn:aws:apigateway:us-east-1:lambda:path/2015-03-31/functions/arn:aws:lambda:us-east-1:233925838033:function:lmb-celeste-customers-delete-by-id-dev:$LATEST/invocations",
            "replace_security_groups_on_destroy": null,
            "replacement_security_group_ids": null,
            "reserved_concurrent_executions": -1,
            "role": "arn:aws:iam::233925838033:role/role-celeste-customers-delete-by-id-dev",
            "runtime": "nodejs22.x",
            "s3_bucket": null,
            "s3_key": null,
            "s3_object_version": null,
            "signing_job_arn": "",
            "signing_profile_version_arn": "",
            "skip_destroy": false,
            "snap_start": [],
            "source_code_hash": "6gmpJN0Fm57HfsDaREiEIWVmHK5jOprN8ZlUyZ52+ok=",
            "source_code_size": 361263,
            "tags": {
              "app_name": "celeste",
              "env": "dev"
            },
            "tags_all": {
              "app_name": "celeste",
              "env": "dev",
              "iac": "terraform"
            },
            "timeout": 30,
            "timeouts": null,
            "tracing_config": [
              {
                "mode": "PassThrough"
              }
            ],
            "version": "$LATEST",
            "vpc_config": []
          },
          "sensitive_attributes": [],
          "private": "eyJlMmJmYjczMC1lY2FhLTExZTYtOGY4OC0zNDM2M2JjN2M0YzAiOnsiY3JlYXRlIjo2MDAwMDAwMDAwMDAsImRlbGV0ZSI6NjAwMDAwMDAwMDAwLCJ1cGRhdGUiOjYwMDAwMDAwMDAwMH19",
          "dependencies": [
            "module.apigateway.aws_apigatewayv2_api.main",
            "module.apigateway.aws_apigatewayv2_stage.dev",
            "module.apigateway.aws_cloudwatch_log_group.main_api_gw",
            "module.apigateway.data.aws_caller_identity.current",
            "module.apigateway.data.aws_region.current",
            "module.apigateway_resource_authorization.aws_apigatewayv2_authorizer.header_based_authorizer",
            "module.apigateway_resource_authorization.aws_cloudwatch_log_group.html_loggroup_lambda_authorizer",
            "module.apigateway_resource_authorization.aws_iam_policy.dynamodb_lambda_policy_authorizer",
            "module.apigateway_resource_authorization.aws_iam_role.lambda_role_authorizer",
            "module.apigateway_resource_authorization.aws_iam_role_policy_attachment.lambda_attachements",
            "module.apigateway_resource_authorization.aws_iam_role_policy_attachment.lambda_role_policy_authorizer",
            "module.apigateway_resource_authorization.aws_lambda_function.html_lambda_authorizer",
            "module.apigateway_resource_authorization.aws_lambda_permission.allow_api_gw_invoke_authorizer",
            "module.apigateway_resource_authorization.data.archive_file.lambda_package_authorizer",
            "module.apigateway_resource_authorization.data.aws_apigatewayv2_api.selected",
            "module.apigateway_resource_authorization.data.aws_caller_identity.current",
            "module.apigateway_resource_authorization.data.aws_iam_policy_document.lambda_policy_document_authorizer",
            "module.apigateway_resource_authorization.data.aws_region.current",
            "module.apigateway_resource_customers.aws_iam_role.lambda_role_customers_delete_by_id",
            "module.apigateway_resource_customers.data.archive_file.lambda_package_customers_delete_by_id",
            "module.tables_dynamodb.aws_dynamodb_table.tbl_customers",
            "module.tables_dynamodb.aws_dynamodb_table.tbl_employees",
            "module.tables_dynamodb.aws_dynamodb_table.tbl_inventories",
            "module.tables_dynamodb.aws_dynamodb_table.tbl_suppliers",
            "module.tables_dynamodb.aws_dynamodb_table.tbl_token",
            "module.tables_dynamodb.aws_dynamodb_table.tbl_users"
          ]
        }
      ]
    },
    {
      "module": "module.apigateway_resource_customers",
      "mode": "managed",
      "type": "aws_lambda_function",
      "name": "html_lambda_customers_filter",
      "provider": "provider[\"registry.terraform.io/hashicorp/aws\"]",
      "instances": [
        {
          "schema_version": 0,
          "attributes": {
            "architectures": [
              "arm64"
            ],
            "arn": "arn:aws:lambda:us-east-1:233925838033:function:lmb-celeste-customers-filter-dev",
            "code_sha256": "57LXDK5lWQoZW+SVzz8G6NZKy2XEHMEvilAB95mBBt4=",
            "code_signing_config_arn": "",
            "dead_letter_config": [],
            "description": "",
            "environment": [],
            "ephemeral_storage": [
              {
                "size": 512
              }
            ],
            "file_system_config": [],
            "filename": "./resources/core/customers-filter/index.zip",
            "function_name": "lmb-celeste-customers-filter-dev",
            "handler": "index.handler",
            "id": "lmb-celeste-customers-filter-dev",
            "image_config": [],
            "image_uri": "",
            "invoke_arn": "arn:aws:apigateway:us-east-1:lambda:path/2015-03-31/functions/arn:aws:lambda:us-east-1:233925838033:function:lmb-celeste-customers-filter-dev/invocations",
            "kms_key_arn": "",
            "last_modified": "2025-03-12T15:47:37.676+0000",
            "layers": [],
            "logging_config": [
              {
                "application_log_level": "",
                "log_format": "Text",
                "log_group": "/aws/lambda/lmb-celeste-customers-filter-dev",
                "system_log_level": ""
              }
            ],
            "memory_size": 128,
            "package_type": "Zip",
            "publish": false,
            "qualified_arn": "arn:aws:lambda:us-east-1:233925838033:function:lmb-celeste-customers-filter-dev:$LATEST",
            "qualified_invoke_arn": "arn:aws:apigateway:us-east-1:lambda:path/2015-03-31/functions/arn:aws:lambda:us-east-1:233925838033:function:lmb-celeste-customers-filter-dev:$LATEST/invocations",
            "replace_security_groups_on_destroy": null,
            "replacement_security_group_ids": null,
            "reserved_concurrent_executions": -1,
            "role": "arn:aws:iam::233925838033:role/role-celeste-customers-filter-dev",
            "runtime": "nodejs22.x",
            "s3_bucket": null,
            "s3_key": null,
            "s3_object_version": null,
            "signing_job_arn": "",
            "signing_profile_version_arn": "",
            "skip_destroy": false,
            "snap_start": [],
            "source_code_hash": "57LXDK5lWQoZW+SVzz8G6NZKy2XEHMEvilAB95mBBt4=",
            "source_code_size": 370387,
            "tags": {
              "app_name": "celeste",
              "env": "dev"
            },
            "tags_all": {
              "app_name": "celeste",
              "env": "dev",
              "iac": "terraform"
            },
            "timeout": 30,
            "timeouts": null,
            "tracing_config": [
              {
                "mode": "PassThrough"
              }
            ],
            "version": "$LATEST",
            "vpc_config": []
          },
          "sensitive_attributes": [],
          "private": "eyJlMmJmYjczMC1lY2FhLTExZTYtOGY4OC0zNDM2M2JjN2M0YzAiOnsiY3JlYXRlIjo2MDAwMDAwMDAwMDAsImRlbGV0ZSI6NjAwMDAwMDAwMDAwLCJ1cGRhdGUiOjYwMDAwMDAwMDAwMH19",
          "dependencies": [
            "module.apigateway.aws_apigatewayv2_api.main",
            "module.apigateway.aws_apigatewayv2_stage.dev",
            "module.apigateway.aws_cloudwatch_log_group.main_api_gw",
            "module.apigateway.data.aws_caller_identity.current",
            "module.apigateway.data.aws_region.current",
            "module.apigateway_resource_authorization.aws_apigatewayv2_authorizer.header_based_authorizer",
            "module.apigateway_resource_authorization.aws_cloudwatch_log_group.html_loggroup_lambda_authorizer",
            "module.apigateway_resource_authorization.aws_iam_policy.dynamodb_lambda_policy_authorizer",
            "module.apigateway_resource_authorization.aws_iam_role.lambda_role_authorizer",
            "module.apigateway_resource_authorization.aws_iam_role_policy_attachment.lambda_attachements",
            "module.apigateway_resource_authorization.aws_iam_role_policy_attachment.lambda_role_policy_authorizer",
            "module.apigateway_resource_authorization.aws_lambda_function.html_lambda_authorizer",
            "module.apigateway_resource_authorization.aws_lambda_permission.allow_api_gw_invoke_authorizer",
            "module.apigateway_resource_authorization.data.archive_file.lambda_package_authorizer",
            "module.apigateway_resource_authorization.data.aws_apigatewayv2_api.selected",
            "module.apigateway_resource_authorization.data.aws_caller_identity.current",
            "module.apigateway_resource_authorization.data.aws_iam_policy_document.lambda_policy_document_authorizer",
            "module.apigateway_resource_authorization.data.aws_region.current",
            "module.apigateway_resource_customers.aws_iam_role.lambda_role_customers_filter",
            "module.apigateway_resource_customers.data.archive_file.lambda_package_customers_filter",
            "module.tables_dynamodb.aws_dynamodb_table.tbl_customers",
            "module.tables_dynamodb.aws_dynamodb_table.tbl_employees",
            "module.tables_dynamodb.aws_dynamodb_table.tbl_inventories",
            "module.tables_dynamodb.aws_dynamodb_table.tbl_suppliers",
            "module.tables_dynamodb.aws_dynamodb_table.tbl_token",
            "module.tables_dynamodb.aws_dynamodb_table.tbl_users"
          ]
        }
      ]
    },
    {
      "module": "module.apigateway_resource_customers",
      "mode": "managed",
      "type": "aws_lambda_function",
      "name": "html_lambda_customers_update",
      "provider": "provider[\"registry.terraform.io/hashicorp/aws\"]",
      "instances": [
        {
          "schema_version": 0,
          "attributes": {
            "architectures": [
              "arm64"
            ],
            "arn": "arn:aws:lambda:us-east-1:233925838033:function:lmb-celeste-customers-update-dev",
            "code_sha256": "DPMyzIXs+bmuYLH3SkeWkyYCbRRxnHLEwzQFjj3WGeQ=",
            "code_signing_config_arn": "",
            "dead_letter_config": [],
            "description": "",
            "environment": [],
            "ephemeral_storage": [
              {
                "size": 512
              }
            ],
            "file_system_config": [],
            "filename": "./resources/core/customers-update-by-id/index.zip",
            "function_name": "lmb-celeste-customers-update-dev",
            "handler": "index.handler",
            "id": "lmb-celeste-customers-update-dev",
            "image_config": [],
            "image_uri": "",
            "invoke_arn": "arn:aws:apigateway:us-east-1:lambda:path/2015-03-31/functions/arn:aws:lambda:us-east-1:233925838033:function:lmb-celeste-customers-update-dev/invocations",
            "kms_key_arn": "",
            "last_modified": "2025-03-13T21:04:29.000+0000",
            "layers": [],
            "logging_config": [
              {
                "application_log_level": "",
                "log_format": "Text",
                "log_group": "/aws/lambda/lmb-celeste-customers-update-dev",
                "system_log_level": ""
              }
            ],
            "memory_size": 128,
            "package_type": "Zip",
            "publish": false,
            "qualified_arn": "arn:aws:lambda:us-east-1:233925838033:function:lmb-celeste-customers-update-dev:$LATEST",
            "qualified_invoke_arn": "arn:aws:apigateway:us-east-1:lambda:path/2015-03-31/functions/arn:aws:lambda:us-east-1:233925838033:function:lmb-celeste-customers-update-dev:$LATEST/invocations",
            "replace_security_groups_on_destroy": null,
            "replacement_security_group_ids": null,
            "reserved_concurrent_executions": -1,
            "role": "arn:aws:iam::233925838033:role/role-celeste-customers-update-dev",
            "runtime": "nodejs22.x",
            "s3_bucket": null,
            "s3_key": null,
            "s3_object_version": null,
            "signing_job_arn": "",
            "signing_profile_version_arn": "",
            "skip_destroy": false,
            "snap_start": [],
            "source_code_hash": "DPMyzIXs+bmuYLH3SkeWkyYCbRRxnHLEwzQFjj3WGeQ=",
            "source_code_size": 564602,
            "tags": {
              "app_name": "celeste",
              "env": "dev"
            },
            "tags_all": {
              "app_name": "celeste",
              "env": "dev",
              "iac": "terraform"
            },
            "timeout": 30,
            "timeouts": null,
            "tracing_config": [
              {
                "mode": "PassThrough"
              }
            ],
            "version": "$LATEST",
            "vpc_config": []
          },
          "sensitive_attributes": [],
          "private": "eyJlMmJmYjczMC1lY2FhLTExZTYtOGY4OC0zNDM2M2JjN2M0YzAiOnsiY3JlYXRlIjo2MDAwMDAwMDAwMDAsImRlbGV0ZSI6NjAwMDAwMDAwMDAwLCJ1cGRhdGUiOjYwMDAwMDAwMDAwMH19",
          "dependencies": [
            "module.apigateway.aws_apigatewayv2_api.main",
            "module.apigateway.aws_apigatewayv2_stage.dev",
            "module.apigateway.aws_cloudwatch_log_group.main_api_gw",
            "module.apigateway.data.aws_caller_identity.current",
            "module.apigateway.data.aws_region.current",
            "module.apigateway_resource_authorization.aws_apigatewayv2_authorizer.header_based_authorizer",
            "module.apigateway_resource_authorization.aws_cloudwatch_log_group.html_loggroup_lambda_authorizer",
            "module.apigateway_resource_authorization.aws_iam_policy.dynamodb_lambda_policy_authorizer",
            "module.apigateway_resource_authorization.aws_iam_role.lambda_role_authorizer",
            "module.apigateway_resource_authorization.aws_iam_role_policy_attachment.lambda_attachements",
            "module.apigateway_resource_authorization.aws_iam_role_policy_attachment.lambda_role_policy_authorizer",
            "module.apigateway_resource_authorization.aws_lambda_function.html_lambda_authorizer",
            "module.apigateway_resource_authorization.aws_lambda_permission.allow_api_gw_invoke_authorizer",
            "module.apigateway_resource_authorization.data.archive_file.lambda_package_authorizer",
            "module.apigateway_resource_authorization.data.aws_apigatewayv2_api.selected",
            "module.apigateway_resource_authorization.data.aws_caller_identity.current",
            "module.apigateway_resource_authorization.data.aws_iam_policy_document.lambda_policy_document_authorizer",
            "module.apigateway_resource_authorization.data.aws_region.current",
            "module.apigateway_resource_customers.aws_iam_role.lambda_role_customers_update",
            "module.apigateway_resource_customers.data.archive_file.lambda_package_customers_update",
            "module.tables_dynamodb.aws_dynamodb_table.tbl_customers",
            "module.tables_dynamodb.aws_dynamodb_table.tbl_employees",
            "module.tables_dynamodb.aws_dynamodb_table.tbl_inventories",
            "module.tables_dynamodb.aws_dynamodb_table.tbl_suppliers",
            "module.tables_dynamodb.aws_dynamodb_table.tbl_token",
            "module.tables_dynamodb.aws_dynamodb_table.tbl_users"
          ]
        }
      ]
    },
    {
      "module": "module.apigateway_resource_customers",
      "mode": "managed",
      "type": "aws_lambda_permission",
      "name": "api_gw_customers_create",
      "provider": "provider[\"registry.terraform.io/hashicorp/aws\"]",
      "instances": [
        {
          "schema_version": 0,
          "attributes": {
            "action": "lambda:InvokeFunction",
            "event_source_token": null,
            "function_name": "lmb-celeste-customers-create-dev",
            "function_url_auth_type": null,
            "id": "AllowExecutionFromAPIGateway",
            "principal": "apigateway.amazonaws.com",
            "principal_org_id": null,
            "qualifier": "",
            "source_account": null,
            "source_arn": "arn:aws:execute-api:us-east-1:233925838033:u83oit2sq6/*/*",
            "statement_id": "AllowExecutionFromAPIGateway",
            "statement_id_prefix": ""
          },
          "sensitive_attributes": [],
          "private": "bnVsbA==",
          "dependencies": [
            "module.apigateway.aws_apigatewayv2_api.main",
            "module.apigateway.aws_apigatewayv2_stage.dev",
            "module.apigateway.aws_cloudwatch_log_group.main_api_gw",
            "module.apigateway.data.aws_caller_identity.current",
            "module.apigateway.data.aws_region.current",
            "module.apigateway_resource_authorization.aws_apigatewayv2_authorizer.header_based_authorizer",
            "module.apigateway_resource_authorization.aws_cloudwatch_log_group.html_loggroup_lambda_authorizer",
            "module.apigateway_resource_authorization.aws_iam_policy.dynamodb_lambda_policy_authorizer",
            "module.apigateway_resource_authorization.aws_iam_role.lambda_role_authorizer",
            "module.apigateway_resource_authorization.aws_iam_role_policy_attachment.lambda_attachements",
            "module.apigateway_resource_authorization.aws_iam_role_policy_attachment.lambda_role_policy_authorizer",
            "module.apigateway_resource_authorization.aws_lambda_function.html_lambda_authorizer",
            "module.apigateway_resource_authorization.aws_lambda_permission.allow_api_gw_invoke_authorizer",
            "module.apigateway_resource_authorization.data.archive_file.lambda_package_authorizer",
            "module.apigateway_resource_authorization.data.aws_apigatewayv2_api.selected",
            "module.apigateway_resource_authorization.data.aws_caller_identity.current",
            "module.apigateway_resource_authorization.data.aws_iam_policy_document.lambda_policy_document_authorizer",
            "module.apigateway_resource_authorization.data.aws_region.current",
            "module.apigateway_resource_customers.aws_iam_role.lambda_role_customers_create",
            "module.apigateway_resource_customers.aws_lambda_function.html_lambda_customers_create",
            "module.apigateway_resource_customers.data.archive_file.lambda_package_customers_create",
            "module.apigateway_resource_customers.data.aws_apigatewayv2_api.selected",
            "module.tables_dynamodb.aws_dynamodb_table.tbl_customers",
            "module.tables_dynamodb.aws_dynamodb_table.tbl_employees",
            "module.tables_dynamodb.aws_dynamodb_table.tbl_inventories",
            "module.tables_dynamodb.aws_dynamodb_table.tbl_suppliers",
            "module.tables_dynamodb.aws_dynamodb_table.tbl_token",
            "module.tables_dynamodb.aws_dynamodb_table.tbl_users"
          ]
        }
      ]
    },
    {
      "module": "module.apigateway_resource_customers",
      "mode": "managed",
      "type": "aws_lambda_permission",
      "name": "api_gw_customers_delete_by_id",
      "provider": "provider[\"registry.terraform.io/hashicorp/aws\"]",
      "instances": [
        {
          "schema_version": 0,
          "attributes": {
            "action": "lambda:InvokeFunction",
            "event_source_token": null,
            "function_name": "lmb-celeste-customers-delete-by-id-dev",
            "function_url_auth_type": null,
            "id": "AllowExecutionFromAPIGateway",
            "principal": "apigateway.amazonaws.com",
            "principal_org_id": null,
            "qualifier": "",
            "source_account": null,
            "source_arn": "arn:aws:execute-api:us-east-1:233925838033:u83oit2sq6/*/*",
            "statement_id": "AllowExecutionFromAPIGateway",
            "statement_id_prefix": ""
          },
          "sensitive_attributes": [],
          "private": "bnVsbA==",
          "dependencies": [
            "module.apigateway.aws_apigatewayv2_api.main",
            "module.apigateway.aws_apigatewayv2_stage.dev",
            "module.apigateway.aws_cloudwatch_log_group.main_api_gw",
            "module.apigateway.data.aws_caller_identity.current",
            "module.apigateway.data.aws_region.current",
            "module.apigateway_resource_authorization.aws_apigatewayv2_authorizer.header_based_authorizer",
            "module.apigateway_resource_authorization.aws_cloudwatch_log_group.html_loggroup_lambda_authorizer",
            "module.apigateway_resource_authorization.aws_iam_policy.dynamodb_lambda_policy_authorizer",
            "module.apigateway_resource_authorization.aws_iam_role.lambda_role_authorizer",
            "module.apigateway_resource_authorization.aws_iam_role_policy_attachment.lambda_attachements",
            "module.apigateway_resource_authorization.aws_iam_role_policy_attachment.lambda_role_policy_authorizer",
            "module.apigateway_resource_authorization.aws_lambda_function.html_lambda_authorizer",
            "module.apigateway_resource_authorization.aws_lambda_permission.allow_api_gw_invoke_authorizer",
            "module.apigateway_resource_authorization.data.archive_file.lambda_package_authorizer",
            "module.apigateway_resource_authorization.data.aws_apigatewayv2_api.selected",
            "module.apigateway_resource_authorization.data.aws_caller_identity.current",
            "module.apigateway_resource_authorization.data.aws_iam_policy_document.lambda_policy_document_authorizer",
            "module.apigateway_resource_authorization.data.aws_region.current",
            "module.apigateway_resource_customers.aws_iam_role.lambda_role_customers_delete_by_id",
            "module.apigateway_resource_customers.aws_lambda_function.html_lambda_customers_delete_by_id",
            "module.apigateway_resource_customers.data.archive_file.lambda_package_customers_delete_by_id",
            "module.apigateway_resource_customers.data.aws_apigatewayv2_api.selected",
            "module.tables_dynamodb.aws_dynamodb_table.tbl_customers",
            "module.tables_dynamodb.aws_dynamodb_table.tbl_employees",
            "module.tables_dynamodb.aws_dynamodb_table.tbl_inventories",
            "module.tables_dynamodb.aws_dynamodb_table.tbl_suppliers",
            "module.tables_dynamodb.aws_dynamodb_table.tbl_token",
            "module.tables_dynamodb.aws_dynamodb_table.tbl_users"
          ]
        }
      ]
    },
    {
      "module": "module.apigateway_resource_customers",
      "mode": "managed",
      "type": "aws_lambda_permission",
      "name": "api_gw_customers_filter",
      "provider": "provider[\"registry.terraform.io/hashicorp/aws\"]",
      "instances": [
        {
          "schema_version": 0,
          "attributes": {
            "action": "lambda:InvokeFunction",
            "event_source_token": null,
            "function_name": "lmb-celeste-customers-filter-dev",
            "function_url_auth_type": null,
            "id": "AllowExecutionFromAPIGateway",
            "principal": "apigateway.amazonaws.com",
            "principal_org_id": null,
            "qualifier": "",
            "source_account": null,
            "source_arn": "arn:aws:execute-api:us-east-1:233925838033:u83oit2sq6/*/*",
            "statement_id": "AllowExecutionFromAPIGateway",
            "statement_id_prefix": ""
          },
          "sensitive_attributes": [],
          "private": "bnVsbA==",
          "dependencies": [
            "module.apigateway.aws_apigatewayv2_api.main",
            "module.apigateway.aws_apigatewayv2_stage.dev",
            "module.apigateway.aws_cloudwatch_log_group.main_api_gw",
            "module.apigateway.data.aws_caller_identity.current",
            "module.apigateway.data.aws_region.current",
            "module.apigateway_resource_authorization.aws_apigatewayv2_authorizer.header_based_authorizer",
            "module.apigateway_resource_authorization.aws_cloudwatch_log_group.html_loggroup_lambda_authorizer",
            "module.apigateway_resource_authorization.aws_iam_policy.dynamodb_lambda_policy_authorizer",
            "module.apigateway_resource_authorization.aws_iam_role.lambda_role_authorizer",
            "module.apigateway_resource_authorization.aws_iam_role_policy_attachment.lambda_attachements",
            "module.apigateway_resource_authorization.aws_iam_role_policy_attachment.lambda_role_policy_authorizer",
            "module.apigateway_resource_authorization.aws_lambda_function.html_lambda_authorizer",
            "module.apigateway_resource_authorization.aws_lambda_permission.allow_api_gw_invoke_authorizer",
            "module.apigateway_resource_authorization.data.archive_file.lambda_package_authorizer",
            "module.apigateway_resource_authorization.data.aws_apigatewayv2_api.selected",
            "module.apigateway_resource_authorization.data.aws_caller_identity.current",
            "module.apigateway_resource_authorization.data.aws_iam_policy_document.lambda_policy_document_authorizer",
            "module.apigateway_resource_authorization.data.aws_region.current",
            "module.apigateway_resource_customers.aws_iam_role.lambda_role_customers_filter",
            "module.apigateway_resource_customers.aws_lambda_function.html_lambda_customers_filter",
            "module.apigateway_resource_customers.data.archive_file.lambda_package_customers_filter",
            "module.apigateway_resource_customers.data.aws_apigatewayv2_api.selected",
            "module.tables_dynamodb.aws_dynamodb_table.tbl_customers",
            "module.tables_dynamodb.aws_dynamodb_table.tbl_employees",
            "module.tables_dynamodb.aws_dynamodb_table.tbl_inventories",
            "module.tables_dynamodb.aws_dynamodb_table.tbl_suppliers",
            "module.tables_dynamodb.aws_dynamodb_table.tbl_token",
            "module.tables_dynamodb.aws_dynamodb_table.tbl_users"
          ]
        }
      ]
    },
    {
      "module": "module.apigateway_resource_customers",
      "mode": "managed",
      "type": "aws_lambda_permission",
      "name": "api_gw_customers_update",
      "provider": "provider[\"registry.terraform.io/hashicorp/aws\"]",
      "instances": [
        {
          "schema_version": 0,
          "attributes": {
            "action": "lambda:InvokeFunction",
            "event_source_token": null,
            "function_name": "lmb-celeste-customers-update-dev",
            "function_url_auth_type": null,
            "id": "AllowExecutionFromAPIGateway",
            "principal": "apigateway.amazonaws.com",
            "principal_org_id": null,
            "qualifier": "",
            "source_account": null,
            "source_arn": "arn:aws:execute-api:us-east-1:233925838033:u83oit2sq6/*/*",
            "statement_id": "AllowExecutionFromAPIGateway",
            "statement_id_prefix": ""
          },
          "sensitive_attributes": [],
          "private": "bnVsbA==",
          "dependencies": [
            "module.apigateway.aws_apigatewayv2_api.main",
            "module.apigateway.aws_apigatewayv2_stage.dev",
            "module.apigateway.aws_cloudwatch_log_group.main_api_gw",
            "module.apigateway.data.aws_caller_identity.current",
            "module.apigateway.data.aws_region.current",
            "module.apigateway_resource_authorization.aws_apigatewayv2_authorizer.header_based_authorizer",
            "module.apigateway_resource_authorization.aws_cloudwatch_log_group.html_loggroup_lambda_authorizer",
            "module.apigateway_resource_authorization.aws_iam_policy.dynamodb_lambda_policy_authorizer",
            "module.apigateway_resource_authorization.aws_iam_role.lambda_role_authorizer",
            "module.apigateway_resource_authorization.aws_iam_role_policy_attachment.lambda_attachements",
            "module.apigateway_resource_authorization.aws_iam_role_policy_attachment.lambda_role_policy_authorizer",
            "module.apigateway_resource_authorization.aws_lambda_function.html_lambda_authorizer",
            "module.apigateway_resource_authorization.aws_lambda_permission.allow_api_gw_invoke_authorizer",
            "module.apigateway_resource_authorization.data.archive_file.lambda_package_authorizer",
            "module.apigateway_resource_authorization.data.aws_apigatewayv2_api.selected",
            "module.apigateway_resource_authorization.data.aws_caller_identity.current",
            "module.apigateway_resource_authorization.data.aws_iam_policy_document.lambda_policy_document_authorizer",
            "module.apigateway_resource_authorization.data.aws_region.current",
            "module.apigateway_resource_customers.aws_iam_role.lambda_role_customers_update",
            "module.apigateway_resource_customers.aws_lambda_function.html_lambda_customers_update",
            "module.apigateway_resource_customers.data.archive_file.lambda_package_customers_update",
            "module.apigateway_resource_customers.data.aws_apigatewayv2_api.selected",
            "module.tables_dynamodb.aws_dynamodb_table.tbl_customers",
            "module.tables_dynamodb.aws_dynamodb_table.tbl_employees",
            "module.tables_dynamodb.aws_dynamodb_table.tbl_inventories",
            "module.tables_dynamodb.aws_dynamodb_table.tbl_suppliers",
            "module.tables_dynamodb.aws_dynamodb_table.tbl_token",
            "module.tables_dynamodb.aws_dynamodb_table.tbl_users"
          ]
        }
      ]
    },
    {
      "module": "module.apigateway_resource_employees",
      "mode": "data",
      "type": "archive_file",
      "name": "lambda_package_employees_create",
      "provider": "provider[\"registry.terraform.io/hashicorp/archive\"]",
      "instances": [
        {
          "schema_version": 0,
          "attributes": {
            "exclude_symlink_directories": null,
            "excludes": null,
            "id": "55a5d326167d2fc405fc282d443b8f4f4c8a7166",
            "output_base64sha256": "lf8A5suqjyrV6gCNVl439wUZlkduHJ29T2kCQdmLs5U=",
            "output_base64sha512": "Z2fJuYwpMT2xfWzutkznMi8h3kAFeYLVQqGOVuyQV0f+4gfQ8TBYxHHqrH41aIzFGsm3XKZRDQ0JPYliS3mGKg==",
            "output_file_mode": null,
            "output_md5": "93fdca3e84874fe26a5149dd05b0b7ec",
            "output_path": "./resources/core/employees-create/index.zip",
            "output_sha": "55a5d326167d2fc405fc282d443b8f4f4c8a7166",
            "output_sha256": "95ff00e6cbaa8f2ad5ea008d565e37f7051996476e1c9dbd4f690241d98bb395",
            "output_sha512": "6767c9b98c29313db17d6ceeb64ce7322f21de40057982d542a18e56ec905747fee207d0f13058c471eaac7e35688cc51ac9b75ca6510d0d093d89624b79862a",
            "output_size": 362078,
            "source": [],
            "source_content": null,
            "source_content_filename": null,
            "source_dir": "./lambdas/core/employees-create",
            "source_file": null,
            "type": "zip"
          },
          "sensitive_attributes": []
        }
      ]
    },
    {
      "module": "module.apigateway_resource_employees",
      "mode": "data",
      "type": "archive_file",
      "name": "lambda_package_employees_delete_by_id",
      "provider": "provider[\"registry.terraform.io/hashicorp/archive\"]",
      "instances": [
        {
          "schema_version": 0,
          "attributes": {
            "exclude_symlink_directories": null,
            "excludes": null,
            "id": "6d40913b4e8f447d638b6ac302f8a992cd8f7194",
            "output_base64sha256": "Mnx4AVpQBdzcfcn51Bl9C4o2Gh0ATi07/pUeiTqetTM=",
            "output_base64sha512": "7bVvtgvbs5VGfmAav7iryb2ALPcMc6Zo/FSvk1dNkioxTMtUmnnn1V8kvRd/7WhVSvUXPTr93Z6g8vfXco0CSw==",
            "output_file_mode": null,
            "output_md5": "7984652b4f41896f60788aab889aa3b4",
            "output_path": "./resources/core/employees-delete-by-id/index.zip",
            "output_sha": "6d40913b4e8f447d638b6ac302f8a992cd8f7194",
            "output_sha256": "327c78015a5005dcdc7dc9f9d4197d0b8a361a1d004e2d3bfe951e893a9eb533",
            "output_sha512": "edb56fb60bdbb395467e601abfb8abc9bd802cf70c73a668fc54af93574d922a314ccb549a79e7d55f24bd177fed68554af5173d3afddd9ea0f2f7d7728d024b",
            "output_size": 361264,
            "source": [],
            "source_content": null,
            "source_content_filename": null,
            "source_dir": "./lambdas/core/employees-delete-by-id",
            "source_file": null,
            "type": "zip"
          },
          "sensitive_attributes": []
        }
      ]
    },
    {
      "module": "module.apigateway_resource_employees",
      "mode": "data",
      "type": "archive_file",
      "name": "lambda_package_employees_filter",
      "provider": "provider[\"registry.terraform.io/hashicorp/archive\"]",
      "instances": [
        {
          "schema_version": 0,
          "attributes": {
            "exclude_symlink_directories": null,
            "excludes": null,
            "id": "2d522b13530a91c5cc56f730b4ff77cff9d2e30c",
            "output_base64sha256": "8pbhFMryB4Wo8EatwlM5BSSXpdXH7FEP5HT85ttwFNk=",
            "output_base64sha512": "0aMTiF32x/QCXuDNni75wfNNCAJ4rPxgbZtY6NNtV/oSO9lkkuKa/tVxv8drXpOZ/xsHR3XsoCiVtoX2vaazBw==",
            "output_file_mode": null,
            "output_md5": "0a13278a4dc7c11c87cb42fff4d12f2e",
            "output_path": "./resources/core/employees-filter/index.zip",
            "output_sha": "2d522b13530a91c5cc56f730b4ff77cff9d2e30c",
            "output_sha256": "f296e114caf20785a8f046adc25339052497a5d5c7ec510fe474fce6db7014d9",
            "output_sha512": "d1a313885df6c7f4025ee0cd9e2ef9c1f34d080278acfc606d9b58e8d36d57fa123bd96492e29afed571bfc76b5e9399ff1b074775eca02895b685f6bda6b307",
            "output_size": 370387,
            "source": [],
            "source_content": null,
            "source_content_filename": null,
            "source_dir": "./lambdas/core/employees-filter",
            "source_file": null,
            "type": "zip"
          },
          "sensitive_attributes": []
        }
      ]
    },
    {
      "module": "module.apigateway_resource_employees",
      "mode": "data",
      "type": "archive_file",
      "name": "lambda_package_employees_update",
      "provider": "provider[\"registry.terraform.io/hashicorp/archive\"]",
      "instances": [
        {
          "schema_version": 0,
          "attributes": {
            "exclude_symlink_directories": null,
            "excludes": null,
            "id": "cf5d89f26eb9d51fc37f93a81f809765c8d25abd",
            "output_base64sha256": "RjfB8zJnd6t9nPLfT3+knpgOUDjkKPyV+y047L2s9jI=",
            "output_base64sha512": "w2OgePgKdt0URNLrh4lUkLVrecgT3DWlUSNiW1YnaHRxDlzXMyHrgf6Iyz9KCZ2fG0mPKxZCRGWptGN1Q6yV1Q==",
            "output_file_mode": null,
            "output_md5": "4d071e070400bee605c2381f0b61b02c",
            "output_path": "./resources/core/employees-update-by-id/index.zip",
            "output_sha": "cf5d89f26eb9d51fc37f93a81f809765c8d25abd",
            "output_sha256": "4637c1f3326777ab7d9cf2df4f7fa49e980e5038e428fc95fb2d38ecbdacf632",
            "output_sha512": "c363a078f80a76dd1444d2eb87895490b56b79c813dc35a55123625b56276874710e5cd73321eb81fe88cb3f4a099d9f1b498f2b16424465a9b4637543ac95d5",
            "output_size": 564353,
            "source": [],
            "source_content": null,
            "source_content_filename": null,
            "source_dir": "./lambdas/core/employees-update-by-id",
            "source_file": null,
            "type": "zip"
          },
          "sensitive_attributes": []
        }
      ]
    },
    {
      "module": "module.apigateway_resource_employees",
      "mode": "data",
      "type": "aws_apigatewayv2_api",
      "name": "selected",
      "provider": "provider[\"registry.terraform.io/hashicorp/aws\"]",
      "instances": [
        {
          "schema_version": 0,
          "attributes": {
            "api_endpoint": "https://u83oit2sq6.execute-api.us-east-1.amazonaws.com",
            "api_id": "u83oit2sq6",
            "api_key_selection_expression": "$request.header.x-api-key",
            "arn": "arn:aws:apigateway:us-east-1::/apis/u83oit2sq6",
            "cors_configuration": [
              {
                "allow_credentials": false,
                "allow_headers": [
                  "*"
                ],
                "allow_methods": [
                  "DELETE",
                  "GET",
                  "OPTIONS",
                  "POST",
                  "PUT"
                ],
                "allow_origins": [
                  "*",
                  "http://localhost:3000"
                ],
                "expose_headers": [],
                "max_age": 300
              }
            ],
            "description": "api-celeste-dev API Gateway",
            "disable_execute_api_endpoint": false,
            "execution_arn": "arn:aws:execute-api:us-east-1:233925838033:u83oit2sq6",
            "id": "u83oit2sq6",
            "name": "api-celeste-dev",
            "protocol_type": "HTTP",
            "route_selection_expression": "$request.method $request.path",
            "tags": {
              "iac": "terraform"
            },
            "version": ""
          },
          "sensitive_attributes": []
        }
      ]
    },
    {
      "module": "module.apigateway_resource_employees",
      "mode": "data",
      "type": "aws_caller_identity",
      "name": "current",
      "provider": "provider[\"registry.terraform.io/hashicorp/aws\"]",
      "instances": [
        {
          "schema_version": 0,
          "attributes": {
            "account_id": "233925838033",
            "arn": "arn:aws:iam::233925838033:root",
            "id": "233925838033",
            "user_id": "233925838033"
          },
          "sensitive_attributes": []
        }
      ]
    },
    {
      "module": "module.apigateway_resource_employees",
      "mode": "data",
      "type": "aws_iam_policy_document",
      "name": "lambda_policy_document_employees_create",
      "provider": "provider[\"registry.terraform.io/hashicorp/aws\"]",
      "instances": [
        {
          "schema_version": 0,
          "attributes": {
            "id": "1740121085",
            "json": "{\n  \"Version\": \"2012-10-17\",\n  \"Statement\": [\n    {\n      \"Effect\": \"Allow\",\n      \"Action\": [\n        \"dynamodb:Scan\",\n        \"dynamodb:Query\",\n        \"dynamodb:PutItem\"\n      ],\n      \"Resource\": \"arn:aws:dynamodb:us-east-1:233925838033:table/tbl-celeste-employees-dev\"\n    }\n  ]\n}",
            "minified_json": "{\"Version\":\"2012-10-17\",\"Statement\":[{\"Effect\":\"Allow\",\"Action\":[\"dynamodb:Scan\",\"dynamodb:Query\",\"dynamodb:PutItem\"],\"Resource\":\"arn:aws:dynamodb:us-east-1:233925838033:table/tbl-celeste-employees-dev\"}]}",
            "override_json": null,
            "override_policy_documents": null,
            "policy_id": null,
            "source_json": null,
            "source_policy_documents": null,
            "statement": [
              {
                "actions": [
                  "dynamodb:PutItem",
                  "dynamodb:Query",
                  "dynamodb:Scan"
                ],
                "condition": [],
                "effect": "Allow",
                "not_actions": [],
                "not_principals": [],
                "not_resources": [],
                "principals": [],
                "resources": [
                  "arn:aws:dynamodb:us-east-1:233925838033:table/tbl-celeste-employees-dev"
                ],
                "sid": ""
              }
            ],
            "version": "2012-10-17"
          },
          "sensitive_attributes": []
        }
      ]
    },
    {
      "module": "module.apigateway_resource_employees",
      "mode": "data",
      "type": "aws_iam_policy_document",
      "name": "lambda_policy_document_employees_delete_by_id",
      "provider": "provider[\"registry.terraform.io/hashicorp/aws\"]",
      "instances": [
        {
          "schema_version": 0,
          "attributes": {
            "id": "2720718749",
            "json": "{\n  \"Version\": \"2012-10-17\",\n  \"Statement\": [\n    {\n      \"Effect\": \"Allow\",\n      \"Action\": \"dynamodb:UpdateItem\",\n      \"Resource\": \"arn:aws:dynamodb:us-east-1:233925838033:table/tbl-celeste-employees-dev\"\n    }\n  ]\n}",
            "minified_json": "{\"Version\":\"2012-10-17\",\"Statement\":[{\"Effect\":\"Allow\",\"Action\":\"dynamodb:UpdateItem\",\"Resource\":\"arn:aws:dynamodb:us-east-1:233925838033:table/tbl-celeste-employees-dev\"}]}",
            "override_json": null,
            "override_policy_documents": null,
            "policy_id": null,
            "source_json": null,
            "source_policy_documents": null,
            "statement": [
              {
                "actions": [
                  "dynamodb:UpdateItem"
                ],
                "condition": [],
                "effect": "Allow",
                "not_actions": [],
                "not_principals": [],
                "not_resources": [],
                "principals": [],
                "resources": [
                  "arn:aws:dynamodb:us-east-1:233925838033:table/tbl-celeste-employees-dev"
                ],
                "sid": ""
              }
            ],
            "version": "2012-10-17"
          },
          "sensitive_attributes": []
        }
      ]
    },
    {
      "module": "module.apigateway_resource_employees",
      "mode": "data",
      "type": "aws_iam_policy_document",
      "name": "lambda_policy_document_employees_filter",
      "provider": "provider[\"registry.terraform.io/hashicorp/aws\"]",
      "instances": [
        {
          "schema_version": 0,
          "attributes": {
            "id": "2849737572",
            "json": "{\n  \"Version\": \"2012-10-17\",\n  \"Statement\": [\n    {\n      \"Effect\": \"Allow\",\n      \"Action\": \"dynamodb:Scan\",\n      \"Resource\": \"arn:aws:dynamodb:us-east-1:233925838033:table/tbl-celeste-employees-dev\"\n    }\n  ]\n}",
            "minified_json": "{\"Version\":\"2012-10-17\",\"Statement\":[{\"Effect\":\"Allow\",\"Action\":\"dynamodb:Scan\",\"Resource\":\"arn:aws:dynamodb:us-east-1:233925838033:table/tbl-celeste-employees-dev\"}]}",
            "override_json": null,
            "override_policy_documents": null,
            "policy_id": null,
            "source_json": null,
            "source_policy_documents": null,
            "statement": [
              {
                "actions": [
                  "dynamodb:Scan"
                ],
                "condition": [],
                "effect": "Allow",
                "not_actions": [],
                "not_principals": [],
                "not_resources": [],
                "principals": [],
                "resources": [
                  "arn:aws:dynamodb:us-east-1:233925838033:table/tbl-celeste-employees-dev"
                ],
                "sid": ""
              }
            ],
            "version": "2012-10-17"
          },
          "sensitive_attributes": []
        }
      ]
    },
    {
      "module": "module.apigateway_resource_employees",
      "mode": "data",
      "type": "aws_iam_policy_document",
      "name": "lambda_policy_document_employees_update",
      "provider": "provider[\"registry.terraform.io/hashicorp/aws\"]",
      "instances": [
        {
          "schema_version": 0,
          "attributes": {
            "id": "2720718749",
            "json": "{\n  \"Version\": \"2012-10-17\",\n  \"Statement\": [\n    {\n      \"Effect\": \"Allow\",\n      \"Action\": \"dynamodb:UpdateItem\",\n      \"Resource\": \"arn:aws:dynamodb:us-east-1:233925838033:table/tbl-celeste-employees-dev\"\n    }\n  ]\n}",
            "minified_json": "{\"Version\":\"2012-10-17\",\"Statement\":[{\"Effect\":\"Allow\",\"Action\":\"dynamodb:UpdateItem\",\"Resource\":\"arn:aws:dynamodb:us-east-1:233925838033:table/tbl-celeste-employees-dev\"}]}",
            "override_json": null,
            "override_policy_documents": null,
            "policy_id": null,
            "source_json": null,
            "source_policy_documents": null,
            "statement": [
              {
                "actions": [
                  "dynamodb:UpdateItem"
                ],
                "condition": [],
                "effect": "Allow",
                "not_actions": [],
                "not_principals": [],
                "not_resources": [],
                "principals": [],
                "resources": [
                  "arn:aws:dynamodb:us-east-1:233925838033:table/tbl-celeste-employees-dev"
                ],
                "sid": ""
              }
            ],
            "version": "2012-10-17"
          },
          "sensitive_attributes": []
        }
      ]
    },
    {
      "module": "module.apigateway_resource_employees",
      "mode": "data",
      "type": "aws_region",
      "name": "current",
      "provider": "provider[\"registry.terraform.io/hashicorp/aws\"]",
      "instances": [
        {
          "schema_version": 0,
          "attributes": {
            "description": "US East (N. Virginia)",
            "endpoint": "ec2.us-east-1.amazonaws.com",
            "id": "us-east-1",
            "name": "us-east-1"
          },
          "sensitive_attributes": []
        }
      ]
    },
    {
      "module": "module.apigateway_resource_employees",
      "mode": "managed",
      "type": "aws_apigatewayv2_integration",
      "name": "lambda_handler_employees_create",
      "provider": "provider[\"registry.terraform.io/hashicorp/aws\"]",
      "instances": [
        {
          "schema_version": 0,
          "attributes": {
            "api_id": "u83oit2sq6",
            "connection_id": "",
            "connection_type": "INTERNET",
            "content_handling_strategy": "",
            "credentials_arn": "",
            "description": "",
            "id": "ln6gr9m",
            "integration_method": "POST",
            "integration_response_selection_expression": "",
            "integration_subtype": "",
            "integration_type": "AWS_PROXY",
            "integration_uri": "arn:aws:apigateway:us-east-1:lambda:path/2015-03-31/functions/arn:aws:lambda:us-east-1:233925838033:function:lmb-celeste-employees-create-dev/invocations",
            "passthrough_behavior": "",
            "payload_format_version": "1.0",
            "request_parameters": {},
            "request_templates": {},
            "response_parameters": [],
            "template_selection_expression": "",
            "timeout_milliseconds": 30000,
            "tls_config": []
          },
          "sensitive_attributes": [],
          "private": "bnVsbA==",
          "dependencies": [
            "module.apigateway.aws_apigatewayv2_api.main",
            "module.apigateway.aws_apigatewayv2_stage.dev",
            "module.apigateway.aws_cloudwatch_log_group.main_api_gw",
            "module.apigateway.data.aws_caller_identity.current",
            "module.apigateway.data.aws_region.current",
            "module.apigateway_resource_authorization.aws_apigatewayv2_authorizer.header_based_authorizer",
            "module.apigateway_resource_authorization.aws_cloudwatch_log_group.html_loggroup_lambda_authorizer",
            "module.apigateway_resource_authorization.aws_iam_policy.dynamodb_lambda_policy_authorizer",
            "module.apigateway_resource_authorization.aws_iam_role.lambda_role_authorizer",
            "module.apigateway_resource_authorization.aws_iam_role_policy_attachment.lambda_attachements",
            "module.apigateway_resource_authorization.aws_iam_role_policy_attachment.lambda_role_policy_authorizer",
            "module.apigateway_resource_authorization.aws_lambda_function.html_lambda_authorizer",
            "module.apigateway_resource_authorization.aws_lambda_permission.allow_api_gw_invoke_authorizer",
            "module.apigateway_resource_authorization.data.archive_file.lambda_package_authorizer",
            "module.apigateway_resource_authorization.data.aws_apigatewayv2_api.selected",
            "module.apigateway_resource_authorization.data.aws_caller_identity.current",
            "module.apigateway_resource_authorization.data.aws_iam_policy_document.lambda_policy_document_authorizer",
            "module.apigateway_resource_authorization.data.aws_region.current",
            "module.apigateway_resource_employees.aws_iam_role.lambda_role_employees_create",
            "module.apigateway_resource_employees.aws_lambda_function.html_lambda_employees_create",
            "module.apigateway_resource_employees.data.archive_file.lambda_package_employees_create",
            "module.tables_dynamodb.aws_dynamodb_table.tbl_customers",
            "module.tables_dynamodb.aws_dynamodb_table.tbl_employees",
            "module.tables_dynamodb.aws_dynamodb_table.tbl_inventories",
            "module.tables_dynamodb.aws_dynamodb_table.tbl_suppliers",
            "module.tables_dynamodb.aws_dynamodb_table.tbl_token",
            "module.tables_dynamodb.aws_dynamodb_table.tbl_users"
          ]
        }
      ]
    },
    {
      "module": "module.apigateway_resource_employees",
      "mode": "managed",
      "type": "aws_apigatewayv2_integration",
      "name": "lambda_handler_employees_delete_by_id",
      "provider": "provider[\"registry.terraform.io/hashicorp/aws\"]",
      "instances": [
        {
          "schema_version": 0,
          "attributes": {
            "api_id": "u83oit2sq6",
            "connection_id": "",
            "connection_type": "INTERNET",
            "content_handling_strategy": "",
            "credentials_arn": "",
            "description": "",
            "id": "pesivub",
            "integration_method": "POST",
            "integration_response_selection_expression": "",
            "integration_subtype": "",
            "integration_type": "AWS_PROXY",
            "integration_uri": "arn:aws:apigateway:us-east-1:lambda:path/2015-03-31/functions/arn:aws:lambda:us-east-1:233925838033:function:lmb-celeste-employees-delete-by-id-dev/invocations",
            "passthrough_behavior": "",
            "payload_format_version": "1.0",
            "request_parameters": {},
            "request_templates": {},
            "response_parameters": [],
            "template_selection_expression": "",
            "timeout_milliseconds": 30000,
            "tls_config": []
          },
          "sensitive_attributes": [],
          "private": "bnVsbA==",
          "dependencies": [
            "module.apigateway.aws_apigatewayv2_api.main",
            "module.apigateway.aws_apigatewayv2_stage.dev",
            "module.apigateway.aws_cloudwatch_log_group.main_api_gw",
            "module.apigateway.data.aws_caller_identity.current",
            "module.apigateway.data.aws_region.current",
            "module.apigateway_resource_authorization.aws_apigatewayv2_authorizer.header_based_authorizer",
            "module.apigateway_resource_authorization.aws_cloudwatch_log_group.html_loggroup_lambda_authorizer",
            "module.apigateway_resource_authorization.aws_iam_policy.dynamodb_lambda_policy_authorizer",
            "module.apigateway_resource_authorization.aws_iam_role.lambda_role_authorizer",
            "module.apigateway_resource_authorization.aws_iam_role_policy_attachment.lambda_attachements",
            "module.apigateway_resource_authorization.aws_iam_role_policy_attachment.lambda_role_policy_authorizer",
            "module.apigateway_resource_authorization.aws_lambda_function.html_lambda_authorizer",
            "module.apigateway_resource_authorization.aws_lambda_permission.allow_api_gw_invoke_authorizer",
            "module.apigateway_resource_authorization.data.archive_file.lambda_package_authorizer",
            "module.apigateway_resource_authorization.data.aws_apigatewayv2_api.selected",
            "module.apigateway_resource_authorization.data.aws_caller_identity.current",
            "module.apigateway_resource_authorization.data.aws_iam_policy_document.lambda_policy_document_authorizer",
            "module.apigateway_resource_authorization.data.aws_region.current",
            "module.apigateway_resource_employees.aws_iam_role.lambda_role_employees_delete_by_id",
            "module.apigateway_resource_employees.aws_lambda_function.html_lambda_employees_delete_by_id",
            "module.apigateway_resource_employees.data.archive_file.lambda_package_employees_delete_by_id",
            "module.tables_dynamodb.aws_dynamodb_table.tbl_customers",
            "module.tables_dynamodb.aws_dynamodb_table.tbl_employees",
            "module.tables_dynamodb.aws_dynamodb_table.tbl_inventories",
            "module.tables_dynamodb.aws_dynamodb_table.tbl_suppliers",
            "module.tables_dynamodb.aws_dynamodb_table.tbl_token",
            "module.tables_dynamodb.aws_dynamodb_table.tbl_users"
          ]
        }
      ]
    },
    {
      "module": "module.apigateway_resource_employees",
      "mode": "managed",
      "type": "aws_apigatewayv2_integration",
      "name": "lambda_handler_employees_filter",
      "provider": "provider[\"registry.terraform.io/hashicorp/aws\"]",
      "instances": [
        {
          "schema_version": 0,
          "attributes": {
            "api_id": "u83oit2sq6",
            "connection_id": "",
            "connection_type": "INTERNET",
            "content_handling_strategy": "",
            "credentials_arn": "",
            "description": "",
            "id": "ohnpiho",
            "integration_method": "POST",
            "integration_response_selection_expression": "",
            "integration_subtype": "",
            "integration_type": "AWS_PROXY",
            "integration_uri": "arn:aws:apigateway:us-east-1:lambda:path/2015-03-31/functions/arn:aws:lambda:us-east-1:233925838033:function:lmb-celeste-employees-filter-dev/invocations",
            "passthrough_behavior": "",
            "payload_format_version": "1.0",
            "request_parameters": {},
            "request_templates": {},
            "response_parameters": [],
            "template_selection_expression": "",
            "timeout_milliseconds": 30000,
            "tls_config": []
          },
          "sensitive_attributes": [],
          "private": "bnVsbA==",
          "dependencies": [
            "module.apigateway.aws_apigatewayv2_api.main",
            "module.apigateway.aws_apigatewayv2_stage.dev",
            "module.apigateway.aws_cloudwatch_log_group.main_api_gw",
            "module.apigateway.data.aws_caller_identity.current",
            "module.apigateway.data.aws_region.current",
            "module.apigateway_resource_authorization.aws_apigatewayv2_authorizer.header_based_authorizer",
            "module.apigateway_resource_authorization.aws_cloudwatch_log_group.html_loggroup_lambda_authorizer",
            "module.apigateway_resource_authorization.aws_iam_policy.dynamodb_lambda_policy_authorizer",
            "module.apigateway_resource_authorization.aws_iam_role.lambda_role_authorizer",
            "module.apigateway_resource_authorization.aws_iam_role_policy_attachment.lambda_attachements",
            "module.apigateway_resource_authorization.aws_iam_role_policy_attachment.lambda_role_policy_authorizer",
            "module.apigateway_resource_authorization.aws_lambda_function.html_lambda_authorizer",
            "module.apigateway_resource_authorization.aws_lambda_permission.allow_api_gw_invoke_authorizer",
            "module.apigateway_resource_authorization.data.archive_file.lambda_package_authorizer",
            "module.apigateway_resource_authorization.data.aws_apigatewayv2_api.selected",
            "module.apigateway_resource_authorization.data.aws_caller_identity.current",
            "module.apigateway_resource_authorization.data.aws_iam_policy_document.lambda_policy_document_authorizer",
            "module.apigateway_resource_authorization.data.aws_region.current",
            "module.apigateway_resource_employees.aws_iam_role.lambda_role_employees_filter",
            "module.apigateway_resource_employees.aws_lambda_function.html_lambda_employees_filter",
            "module.apigateway_resource_employees.data.archive_file.lambda_package_employees_filter",
            "module.tables_dynamodb.aws_dynamodb_table.tbl_customers",
            "module.tables_dynamodb.aws_dynamodb_table.tbl_employees",
            "module.tables_dynamodb.aws_dynamodb_table.tbl_inventories",
            "module.tables_dynamodb.aws_dynamodb_table.tbl_suppliers",
            "module.tables_dynamodb.aws_dynamodb_table.tbl_token",
            "module.tables_dynamodb.aws_dynamodb_table.tbl_users"
          ]
        }
      ]
    },
    {
      "module": "module.apigateway_resource_employees",
      "mode": "managed",
      "type": "aws_apigatewayv2_integration",
      "name": "lambda_handler_employees_update",
      "provider": "provider[\"registry.terraform.io/hashicorp/aws\"]",
      "instances": [
        {
          "schema_version": 0,
          "attributes": {
            "api_id": "u83oit2sq6",
            "connection_id": "",
            "connection_type": "INTERNET",
            "content_handling_strategy": "",
            "credentials_arn": "",
            "description": "",
            "id": "ggqxgqs",
            "integration_method": "POST",
            "integration_response_selection_expression": "",
            "integration_subtype": "",
            "integration_type": "AWS_PROXY",
            "integration_uri": "arn:aws:apigateway:us-east-1:lambda:path/2015-03-31/functions/arn:aws:lambda:us-east-1:233925838033:function:lmb-celeste-employees-update-dev/invocations",
            "passthrough_behavior": "",
            "payload_format_version": "1.0",
            "request_parameters": {},
            "request_templates": {},
            "response_parameters": [],
            "template_selection_expression": "",
            "timeout_milliseconds": 30000,
            "tls_config": []
          },
          "sensitive_attributes": [],
          "private": "bnVsbA==",
          "dependencies": [
            "module.apigateway.aws_apigatewayv2_api.main",
            "module.apigateway.aws_apigatewayv2_stage.dev",
            "module.apigateway.aws_cloudwatch_log_group.main_api_gw",
            "module.apigateway.data.aws_caller_identity.current",
            "module.apigateway.data.aws_region.current",
            "module.apigateway_resource_authorization.aws_apigatewayv2_authorizer.header_based_authorizer",
            "module.apigateway_resource_authorization.aws_cloudwatch_log_group.html_loggroup_lambda_authorizer",
            "module.apigateway_resource_authorization.aws_iam_policy.dynamodb_lambda_policy_authorizer",
            "module.apigateway_resource_authorization.aws_iam_role.lambda_role_authorizer",
            "module.apigateway_resource_authorization.aws_iam_role_policy_attachment.lambda_attachements",
            "module.apigateway_resource_authorization.aws_iam_role_policy_attachment.lambda_role_policy_authorizer",
            "module.apigateway_resource_authorization.aws_lambda_function.html_lambda_authorizer",
            "module.apigateway_resource_authorization.aws_lambda_permission.allow_api_gw_invoke_authorizer",
            "module.apigateway_resource_authorization.data.archive_file.lambda_package_authorizer",
            "module.apigateway_resource_authorization.data.aws_apigatewayv2_api.selected",
            "module.apigateway_resource_authorization.data.aws_caller_identity.current",
            "module.apigateway_resource_authorization.data.aws_iam_policy_document.lambda_policy_document_authorizer",
            "module.apigateway_resource_authorization.data.aws_region.current",
            "module.apigateway_resource_employees.aws_iam_role.lambda_role_employees_update",
            "module.apigateway_resource_employees.aws_lambda_function.html_lambda_employees_update",
            "module.apigateway_resource_employees.data.archive_file.lambda_package_employees_update",
            "module.tables_dynamodb.aws_dynamodb_table.tbl_customers",
            "module.tables_dynamodb.aws_dynamodb_table.tbl_employees",
            "module.tables_dynamodb.aws_dynamodb_table.tbl_inventories",
            "module.tables_dynamodb.aws_dynamodb_table.tbl_suppliers",
            "module.tables_dynamodb.aws_dynamodb_table.tbl_token",
            "module.tables_dynamodb.aws_dynamodb_table.tbl_users"
          ]
        }
      ]
    },
    {
      "module": "module.apigateway_resource_employees",
      "mode": "managed",
      "type": "aws_apigatewayv2_route",
      "name": "handler_employees_create",
      "provider": "provider[\"registry.terraform.io/hashicorp/aws\"]",
      "instances": [
        {
          "schema_version": 0,
          "attributes": {
            "api_id": "u83oit2sq6",
            "api_key_required": false,
            "authorization_scopes": [],
            "authorization_type": "CUSTOM",
            "authorizer_id": "10477d",
            "id": "ct0p4o0",
            "model_selection_expression": "",
            "operation_name": "",
            "request_models": {},
            "request_parameter": [],
            "route_key": "POST /api/v1/employees",
            "route_response_selection_expression": "",
            "target": "integrations/ln6gr9m"
          },
          "sensitive_attributes": [],
          "private": "bnVsbA==",
          "dependencies": [
            "module.apigateway.aws_apigatewayv2_api.main",
            "module.apigateway.aws_apigatewayv2_stage.dev",
            "module.apigateway.aws_cloudwatch_log_group.main_api_gw",
            "module.apigateway.data.aws_caller_identity.current",
            "module.apigateway.data.aws_region.current",
            "module.apigateway_resource_authorization.aws_apigatewayv2_authorizer.header_based_authorizer",
            "module.apigateway_resource_authorization.aws_cloudwatch_log_group.html_loggroup_lambda_authorizer",
            "module.apigateway_resource_authorization.aws_iam_policy.dynamodb_lambda_policy_authorizer",
            "module.apigateway_resource_authorization.aws_iam_role.lambda_role_authorizer",
            "module.apigateway_resource_authorization.aws_iam_role_policy_attachment.lambda_attachements",
            "module.apigateway_resource_authorization.aws_iam_role_policy_attachment.lambda_role_policy_authorizer",
            "module.apigateway_resource_authorization.aws_lambda_function.html_lambda_authorizer",
            "module.apigateway_resource_authorization.aws_lambda_permission.allow_api_gw_invoke_authorizer",
            "module.apigateway_resource_authorization.data.archive_file.lambda_package_authorizer",
            "module.apigateway_resource_authorization.data.aws_apigatewayv2_api.selected",
            "module.apigateway_resource_authorization.data.aws_caller_identity.current",
            "module.apigateway_resource_authorization.data.aws_iam_policy_document.lambda_policy_document_authorizer",
            "module.apigateway_resource_authorization.data.aws_region.current",
            "module.apigateway_resource_employees.aws_apigatewayv2_integration.lambda_handler_employees_create",
            "module.apigateway_resource_employees.aws_iam_role.lambda_role_employees_create",
            "module.apigateway_resource_employees.aws_lambda_function.html_lambda_employees_create",
            "module.apigateway_resource_employees.data.archive_file.lambda_package_employees_create",
            "module.tables_dynamodb.aws_dynamodb_table.tbl_customers",
            "module.tables_dynamodb.aws_dynamodb_table.tbl_employees",
            "module.tables_dynamodb.aws_dynamodb_table.tbl_inventories",
            "module.tables_dynamodb.aws_dynamodb_table.tbl_suppliers",
            "module.tables_dynamodb.aws_dynamodb_table.tbl_token",
            "module.tables_dynamodb.aws_dynamodb_table.tbl_users"
          ]
        }
      ]
    },
    {
      "module": "module.apigateway_resource_employees",
      "mode": "managed",
      "type": "aws_apigatewayv2_route",
      "name": "handler_employees_delete_by_id",
      "provider": "provider[\"registry.terraform.io/hashicorp/aws\"]",
      "instances": [
        {
          "schema_version": 0,
          "attributes": {
            "api_id": "u83oit2sq6",
            "api_key_required": false,
            "authorization_scopes": [],
            "authorization_type": "CUSTOM",
            "authorizer_id": "10477d",
            "id": "cizcov3",
            "model_selection_expression": "",
            "operation_name": "",
            "request_models": {},
            "request_parameter": [],
            "route_key": "DELETE /api/v1/employees/{id}",
            "route_response_selection_expression": "",
            "target": "integrations/pesivub"
          },
          "sensitive_attributes": [],
          "private": "bnVsbA==",
          "dependencies": [
            "module.apigateway.aws_apigatewayv2_api.main",
            "module.apigateway.aws_apigatewayv2_stage.dev",
            "module.apigateway.aws_cloudwatch_log_group.main_api_gw",
            "module.apigateway.data.aws_caller_identity.current",
            "module.apigateway.data.aws_region.current",
            "module.apigateway_resource_authorization.aws_apigatewayv2_authorizer.header_based_authorizer",
            "module.apigateway_resource_authorization.aws_cloudwatch_log_group.html_loggroup_lambda_authorizer",
            "module.apigateway_resource_authorization.aws_iam_policy.dynamodb_lambda_policy_authorizer",
            "module.apigateway_resource_authorization.aws_iam_role.lambda_role_authorizer",
            "module.apigateway_resource_authorization.aws_iam_role_policy_attachment.lambda_attachements",
            "module.apigateway_resource_authorization.aws_iam_role_policy_attachment.lambda_role_policy_authorizer",
            "module.apigateway_resource_authorization.aws_lambda_function.html_lambda_authorizer",
            "module.apigateway_resource_authorization.aws_lambda_permission.allow_api_gw_invoke_authorizer",
            "module.apigateway_resource_authorization.data.archive_file.lambda_package_authorizer",
            "module.apigateway_resource_authorization.data.aws_apigatewayv2_api.selected",
            "module.apigateway_resource_authorization.data.aws_caller_identity.current",
            "module.apigateway_resource_authorization.data.aws_iam_policy_document.lambda_policy_document_authorizer",
            "module.apigateway_resource_authorization.data.aws_region.current",
            "module.apigateway_resource_employees.aws_apigatewayv2_integration.lambda_handler_employees_delete_by_id",
            "module.apigateway_resource_employees.aws_iam_role.lambda_role_employees_delete_by_id",
            "module.apigateway_resource_employees.aws_lambda_function.html_lambda_employees_delete_by_id",
            "module.apigateway_resource_employees.data.archive_file.lambda_package_employees_delete_by_id",
            "module.tables_dynamodb.aws_dynamodb_table.tbl_customers",
            "module.tables_dynamodb.aws_dynamodb_table.tbl_employees",
            "module.tables_dynamodb.aws_dynamodb_table.tbl_inventories",
            "module.tables_dynamodb.aws_dynamodb_table.tbl_suppliers",
            "module.tables_dynamodb.aws_dynamodb_table.tbl_token",
            "module.tables_dynamodb.aws_dynamodb_table.tbl_users"
          ]
        }
      ]
    },
    {
      "module": "module.apigateway_resource_employees",
      "mode": "managed",
      "type": "aws_apigatewayv2_route",
      "name": "handler_employees_filter",
      "provider": "provider[\"registry.terraform.io/hashicorp/aws\"]",
      "instances": [
        {
          "schema_version": 0,
          "attributes": {
            "api_id": "u83oit2sq6",
            "api_key_required": false,
            "authorization_scopes": [],
            "authorization_type": "CUSTOM",
            "authorizer_id": "10477d",
            "id": "shw8j00",
            "model_selection_expression": "",
            "operation_name": "",
            "request_models": {},
            "request_parameter": [],
            "route_key": "GET /api/v1/employees",
            "route_response_selection_expression": "",
            "target": "integrations/ohnpiho"
          },
          "sensitive_attributes": [],
          "private": "bnVsbA==",
          "dependencies": [
            "module.apigateway.aws_apigatewayv2_api.main",
            "module.apigateway.aws_apigatewayv2_stage.dev",
            "module.apigateway.aws_cloudwatch_log_group.main_api_gw",
            "module.apigateway.data.aws_caller_identity.current",
            "module.apigateway.data.aws_region.current",
            "module.apigateway_resource_authorization.aws_apigatewayv2_authorizer.header_based_authorizer",
            "module.apigateway_resource_authorization.aws_cloudwatch_log_group.html_loggroup_lambda_authorizer",
            "module.apigateway_resource_authorization.aws_iam_policy.dynamodb_lambda_policy_authorizer",
            "module.apigateway_resource_authorization.aws_iam_role.lambda_role_authorizer",
            "module.apigateway_resource_authorization.aws_iam_role_policy_attachment.lambda_attachements",
            "module.apigateway_resource_authorization.aws_iam_role_policy_attachment.lambda_role_policy_authorizer",
            "module.apigateway_resource_authorization.aws_lambda_function.html_lambda_authorizer",
            "module.apigateway_resource_authorization.aws_lambda_permission.allow_api_gw_invoke_authorizer",
            "module.apigateway_resource_authorization.data.archive_file.lambda_package_authorizer",
            "module.apigateway_resource_authorization.data.aws_apigatewayv2_api.selected",
            "module.apigateway_resource_authorization.data.aws_caller_identity.current",
            "module.apigateway_resource_authorization.data.aws_iam_policy_document.lambda_policy_document_authorizer",
            "module.apigateway_resource_authorization.data.aws_region.current",
            "module.apigateway_resource_employees.aws_apigatewayv2_integration.lambda_handler_employees_filter",
            "module.apigateway_resource_employees.aws_iam_role.lambda_role_employees_filter",
            "module.apigateway_resource_employees.aws_lambda_function.html_lambda_employees_filter",
            "module.apigateway_resource_employees.data.archive_file.lambda_package_employees_filter",
            "module.tables_dynamodb.aws_dynamodb_table.tbl_customers",
            "module.tables_dynamodb.aws_dynamodb_table.tbl_employees",
            "module.tables_dynamodb.aws_dynamodb_table.tbl_inventories",
            "module.tables_dynamodb.aws_dynamodb_table.tbl_suppliers",
            "module.tables_dynamodb.aws_dynamodb_table.tbl_token",
            "module.tables_dynamodb.aws_dynamodb_table.tbl_users"
          ]
        }
      ]
    },
    {
      "module": "module.apigateway_resource_employees",
      "mode": "managed",
      "type": "aws_apigatewayv2_route",
      "name": "handler_employees_update",
      "provider": "provider[\"registry.terraform.io/hashicorp/aws\"]",
      "instances": [
        {
          "schema_version": 0,
          "attributes": {
            "api_id": "u83oit2sq6",
            "api_key_required": false,
            "authorization_scopes": [],
            "authorization_type": "CUSTOM",
            "authorizer_id": "10477d",
            "id": "746knw3",
            "model_selection_expression": "",
            "operation_name": "",
            "request_models": {},
            "request_parameter": [],
            "route_key": "PUT /api/v1/employees/{id}",
            "route_response_selection_expression": "",
            "target": "integrations/ggqxgqs"
          },
          "sensitive_attributes": [],
          "private": "bnVsbA==",
          "dependencies": [
            "module.apigateway.aws_apigatewayv2_api.main",
            "module.apigateway.aws_apigatewayv2_stage.dev",
            "module.apigateway.aws_cloudwatch_log_group.main_api_gw",
            "module.apigateway.data.aws_caller_identity.current",
            "module.apigateway.data.aws_region.current",
            "module.apigateway_resource_authorization.aws_apigatewayv2_authorizer.header_based_authorizer",
            "module.apigateway_resource_authorization.aws_cloudwatch_log_group.html_loggroup_lambda_authorizer",
            "module.apigateway_resource_authorization.aws_iam_policy.dynamodb_lambda_policy_authorizer",
            "module.apigateway_resource_authorization.aws_iam_role.lambda_role_authorizer",
            "module.apigateway_resource_authorization.aws_iam_role_policy_attachment.lambda_attachements",
            "module.apigateway_resource_authorization.aws_iam_role_policy_attachment.lambda_role_policy_authorizer",
            "module.apigateway_resource_authorization.aws_lambda_function.html_lambda_authorizer",
            "module.apigateway_resource_authorization.aws_lambda_permission.allow_api_gw_invoke_authorizer",
            "module.apigateway_resource_authorization.data.archive_file.lambda_package_authorizer",
            "module.apigateway_resource_authorization.data.aws_apigatewayv2_api.selected",
            "module.apigateway_resource_authorization.data.aws_caller_identity.current",
            "module.apigateway_resource_authorization.data.aws_iam_policy_document.lambda_policy_document_authorizer",
            "module.apigateway_resource_authorization.data.aws_region.current",
            "module.apigateway_resource_employees.aws_apigatewayv2_integration.lambda_handler_employees_update",
            "module.apigateway_resource_employees.aws_iam_role.lambda_role_employees_update",
            "module.apigateway_resource_employees.aws_lambda_function.html_lambda_employees_update",
            "module.apigateway_resource_employees.data.archive_file.lambda_package_employees_update",
            "module.tables_dynamodb.aws_dynamodb_table.tbl_customers",
            "module.tables_dynamodb.aws_dynamodb_table.tbl_employees",
            "module.tables_dynamodb.aws_dynamodb_table.tbl_inventories",
            "module.tables_dynamodb.aws_dynamodb_table.tbl_suppliers",
            "module.tables_dynamodb.aws_dynamodb_table.tbl_token",
            "module.tables_dynamodb.aws_dynamodb_table.tbl_users"
          ]
        }
      ]
    },
    {
      "module": "module.apigateway_resource_employees",
      "mode": "managed",
      "type": "aws_cloudwatch_log_group",
      "name": "html_loggroup_lambda_employees_create",
      "provider": "provider[\"registry.terraform.io/hashicorp/aws\"]",
      "instances": [
        {
          "schema_version": 0,
          "attributes": {
            "arn": "arn:aws:logs:us-east-1:233925838033:log-group:/aws/lambda/lmb-celeste-employees-create-dev",
            "id": "/aws/lambda/lmb-celeste-employees-create-dev",
            "kms_key_id": "",
            "log_group_class": "STANDARD",
            "name": "/aws/lambda/lmb-celeste-employees-create-dev",
            "name_prefix": "",
            "retention_in_days": 7,
            "skip_destroy": false,
            "tags": {},
            "tags_all": {
              "iac": "terraform"
            }
          },
          "sensitive_attributes": [],
          "private": "bnVsbA==",
          "dependencies": [
            "module.apigateway.aws_apigatewayv2_api.main",
            "module.apigateway.aws_apigatewayv2_stage.dev",
            "module.apigateway.aws_cloudwatch_log_group.main_api_gw",
            "module.apigateway.data.aws_caller_identity.current",
            "module.apigateway.data.aws_region.current",
            "module.apigateway_resource_authorization.aws_apigatewayv2_authorizer.header_based_authorizer",
            "module.apigateway_resource_authorization.aws_cloudwatch_log_group.html_loggroup_lambda_authorizer",
            "module.apigateway_resource_authorization.aws_iam_policy.dynamodb_lambda_policy_authorizer",
            "module.apigateway_resource_authorization.aws_iam_role.lambda_role_authorizer",
            "module.apigateway_resource_authorization.aws_iam_role_policy_attachment.lambda_attachements",
            "module.apigateway_resource_authorization.aws_iam_role_policy_attachment.lambda_role_policy_authorizer",
            "module.apigateway_resource_authorization.aws_lambda_function.html_lambda_authorizer",
            "module.apigateway_resource_authorization.aws_lambda_permission.allow_api_gw_invoke_authorizer",
            "module.apigateway_resource_authorization.data.archive_file.lambda_package_authorizer",
            "module.apigateway_resource_authorization.data.aws_apigatewayv2_api.selected",
            "module.apigateway_resource_authorization.data.aws_caller_identity.current",
            "module.apigateway_resource_authorization.data.aws_iam_policy_document.lambda_policy_document_authorizer",
            "module.apigateway_resource_authorization.data.aws_region.current",
            "module.apigateway_resource_employees.aws_iam_role.lambda_role_employees_create",
            "module.apigateway_resource_employees.aws_lambda_function.html_lambda_employees_create",
            "module.apigateway_resource_employees.data.archive_file.lambda_package_employees_create",
            "module.tables_dynamodb.aws_dynamodb_table.tbl_customers",
            "module.tables_dynamodb.aws_dynamodb_table.tbl_employees",
            "module.tables_dynamodb.aws_dynamodb_table.tbl_inventories",
            "module.tables_dynamodb.aws_dynamodb_table.tbl_suppliers",
            "module.tables_dynamodb.aws_dynamodb_table.tbl_token",
            "module.tables_dynamodb.aws_dynamodb_table.tbl_users"
          ]
        }
      ]
    },
    {
      "module": "module.apigateway_resource_employees",
      "mode": "managed",
      "type": "aws_cloudwatch_log_group",
      "name": "html_loggroup_lambda_employees_delete_by_id",
      "provider": "provider[\"registry.terraform.io/hashicorp/aws\"]",
      "instances": [
        {
          "schema_version": 0,
          "attributes": {
            "arn": "arn:aws:logs:us-east-1:233925838033:log-group:/aws/lambda/lmb-celeste-employees-delete-by-id-dev",
            "id": "/aws/lambda/lmb-celeste-employees-delete-by-id-dev",
            "kms_key_id": "",
            "log_group_class": "STANDARD",
            "name": "/aws/lambda/lmb-celeste-employees-delete-by-id-dev",
            "name_prefix": "",
            "retention_in_days": 7,
            "skip_destroy": false,
            "tags": {},
            "tags_all": {
              "iac": "terraform"
            }
          },
          "sensitive_attributes": [],
          "private": "bnVsbA==",
          "dependencies": [
            "module.apigateway.aws_apigatewayv2_api.main",
            "module.apigateway.aws_apigatewayv2_stage.dev",
            "module.apigateway.aws_cloudwatch_log_group.main_api_gw",
            "module.apigateway.data.aws_caller_identity.current",
            "module.apigateway.data.aws_region.current",
            "module.apigateway_resource_authorization.aws_apigatewayv2_authorizer.header_based_authorizer",
            "module.apigateway_resource_authorization.aws_cloudwatch_log_group.html_loggroup_lambda_authorizer",
            "module.apigateway_resource_authorization.aws_iam_policy.dynamodb_lambda_policy_authorizer",
            "module.apigateway_resource_authorization.aws_iam_role.lambda_role_authorizer",
            "module.apigateway_resource_authorization.aws_iam_role_policy_attachment.lambda_attachements",
            "module.apigateway_resource_authorization.aws_iam_role_policy_attachment.lambda_role_policy_authorizer",
            "module.apigateway_resource_authorization.aws_lambda_function.html_lambda_authorizer",
            "module.apigateway_resource_authorization.aws_lambda_permission.allow_api_gw_invoke_authorizer",
            "module.apigateway_resource_authorization.data.archive_file.lambda_package_authorizer",
            "module.apigateway_resource_authorization.data.aws_apigatewayv2_api.selected",
            "module.apigateway_resource_authorization.data.aws_caller_identity.current",
            "module.apigateway_resource_authorization.data.aws_iam_policy_document.lambda_policy_document_authorizer",
            "module.apigateway_resource_authorization.data.aws_region.current",
            "module.apigateway_resource_employees.aws_iam_role.lambda_role_employees_delete_by_id",
            "module.apigateway_resource_employees.aws_lambda_function.html_lambda_employees_delete_by_id",
            "module.apigateway_resource_employees.data.archive_file.lambda_package_employees_delete_by_id",
            "module.tables_dynamodb.aws_dynamodb_table.tbl_customers",
            "module.tables_dynamodb.aws_dynamodb_table.tbl_employees",
            "module.tables_dynamodb.aws_dynamodb_table.tbl_inventories",
            "module.tables_dynamodb.aws_dynamodb_table.tbl_suppliers",
            "module.tables_dynamodb.aws_dynamodb_table.tbl_token",
            "module.tables_dynamodb.aws_dynamodb_table.tbl_users"
          ]
        }
      ]
    },
    {
      "module": "module.apigateway_resource_employees",
      "mode": "managed",
      "type": "aws_cloudwatch_log_group",
      "name": "html_loggroup_lambda_employees_filter",
      "provider": "provider[\"registry.terraform.io/hashicorp/aws\"]",
      "instances": [
        {
          "schema_version": 0,
          "attributes": {
            "arn": "arn:aws:logs:us-east-1:233925838033:log-group:/aws/lambda/lmb-celeste-employees-filter-dev",
            "id": "/aws/lambda/lmb-celeste-employees-filter-dev",
            "kms_key_id": "",
            "log_group_class": "STANDARD",
            "name": "/aws/lambda/lmb-celeste-employees-filter-dev",
            "name_prefix": "",
            "retention_in_days": 7,
            "skip_destroy": false,
            "tags": {},
            "tags_all": {
              "iac": "terraform"
            }
          },
          "sensitive_attributes": [],
          "private": "bnVsbA==",
          "dependencies": [
            "module.apigateway.aws_apigatewayv2_api.main",
            "module.apigateway.aws_apigatewayv2_stage.dev",
            "module.apigateway.aws_cloudwatch_log_group.main_api_gw",
            "module.apigateway.data.aws_caller_identity.current",
            "module.apigateway.data.aws_region.current",
            "module.apigateway_resource_authorization.aws_apigatewayv2_authorizer.header_based_authorizer",
            "module.apigateway_resource_authorization.aws_cloudwatch_log_group.html_loggroup_lambda_authorizer",
            "module.apigateway_resource_authorization.aws_iam_policy.dynamodb_lambda_policy_authorizer",
            "module.apigateway_resource_authorization.aws_iam_role.lambda_role_authorizer",
            "module.apigateway_resource_authorization.aws_iam_role_policy_attachment.lambda_attachements",
            "module.apigateway_resource_authorization.aws_iam_role_policy_attachment.lambda_role_policy_authorizer",
            "module.apigateway_resource_authorization.aws_lambda_function.html_lambda_authorizer",
            "module.apigateway_resource_authorization.aws_lambda_permission.allow_api_gw_invoke_authorizer",
            "module.apigateway_resource_authorization.data.archive_file.lambda_package_authorizer",
            "module.apigateway_resource_authorization.data.aws_apigatewayv2_api.selected",
            "module.apigateway_resource_authorization.data.aws_caller_identity.current",
            "module.apigateway_resource_authorization.data.aws_iam_policy_document.lambda_policy_document_authorizer",
            "module.apigateway_resource_authorization.data.aws_region.current",
            "module.apigateway_resource_employees.aws_iam_role.lambda_role_employees_filter",
            "module.apigateway_resource_employees.aws_lambda_function.html_lambda_employees_filter",
            "module.apigateway_resource_employees.data.archive_file.lambda_package_employees_filter",
            "module.tables_dynamodb.aws_dynamodb_table.tbl_customers",
            "module.tables_dynamodb.aws_dynamodb_table.tbl_employees",
            "module.tables_dynamodb.aws_dynamodb_table.tbl_inventories",
            "module.tables_dynamodb.aws_dynamodb_table.tbl_suppliers",
            "module.tables_dynamodb.aws_dynamodb_table.tbl_token",
            "module.tables_dynamodb.aws_dynamodb_table.tbl_users"
          ]
        }
      ]
    },
    {
      "module": "module.apigateway_resource_employees",
      "mode": "managed",
      "type": "aws_cloudwatch_log_group",
      "name": "html_loggroup_lambda_employees_update",
      "provider": "provider[\"registry.terraform.io/hashicorp/aws\"]",
      "instances": [
        {
          "schema_version": 0,
          "attributes": {
            "arn": "arn:aws:logs:us-east-1:233925838033:log-group:/aws/lambda/lmb-celeste-employees-update-dev",
            "id": "/aws/lambda/lmb-celeste-employees-update-dev",
            "kms_key_id": "",
            "log_group_class": "STANDARD",
            "name": "/aws/lambda/lmb-celeste-employees-update-dev",
            "name_prefix": "",
            "retention_in_days": 7,
            "skip_destroy": false,
            "tags": {},
            "tags_all": {
              "iac": "terraform"
            }
          },
          "sensitive_attributes": [],
          "private": "bnVsbA==",
          "dependencies": [
            "module.apigateway.aws_apigatewayv2_api.main",
            "module.apigateway.aws_apigatewayv2_stage.dev",
            "module.apigateway.aws_cloudwatch_log_group.main_api_gw",
            "module.apigateway.data.aws_caller_identity.current",
            "module.apigateway.data.aws_region.current",
            "module.apigateway_resource_authorization.aws_apigatewayv2_authorizer.header_based_authorizer",
            "module.apigateway_resource_authorization.aws_cloudwatch_log_group.html_loggroup_lambda_authorizer",
            "module.apigateway_resource_authorization.aws_iam_policy.dynamodb_lambda_policy_authorizer",
            "module.apigateway_resource_authorization.aws_iam_role.lambda_role_authorizer",
            "module.apigateway_resource_authorization.aws_iam_role_policy_attachment.lambda_attachements",
            "module.apigateway_resource_authorization.aws_iam_role_policy_attachment.lambda_role_policy_authorizer",
            "module.apigateway_resource_authorization.aws_lambda_function.html_lambda_authorizer",
            "module.apigateway_resource_authorization.aws_lambda_permission.allow_api_gw_invoke_authorizer",
            "module.apigateway_resource_authorization.data.archive_file.lambda_package_authorizer",
            "module.apigateway_resource_authorization.data.aws_apigatewayv2_api.selected",
            "module.apigateway_resource_authorization.data.aws_caller_identity.current",
            "module.apigateway_resource_authorization.data.aws_iam_policy_document.lambda_policy_document_authorizer",
            "module.apigateway_resource_authorization.data.aws_region.current",
            "module.apigateway_resource_employees.aws_iam_role.lambda_role_employees_update",
            "module.apigateway_resource_employees.aws_lambda_function.html_lambda_employees_update",
            "module.apigateway_resource_employees.data.archive_file.lambda_package_employees_update",
            "module.tables_dynamodb.aws_dynamodb_table.tbl_customers",
            "module.tables_dynamodb.aws_dynamodb_table.tbl_employees",
            "module.tables_dynamodb.aws_dynamodb_table.tbl_inventories",
            "module.tables_dynamodb.aws_dynamodb_table.tbl_suppliers",
            "module.tables_dynamodb.aws_dynamodb_table.tbl_token",
            "module.tables_dynamodb.aws_dynamodb_table.tbl_users"
          ]
        }
      ]
    },
    {
      "module": "module.apigateway_resource_employees",
      "mode": "managed",
      "type": "aws_iam_policy",
      "name": "dynamodb_lambda_policy_employees_create",
      "provider": "provider[\"registry.terraform.io/hashicorp/aws\"]",
      "instances": [
        {
          "schema_version": 0,
          "attributes": {
            "arn": "arn:aws:iam::233925838033:policy/policy-celeste-employees-create-dev",
            "attachment_count": 1,
            "description": "This policy will be used by the lambda to write get data from DynamoDB",
            "id": "arn:aws:iam::233925838033:policy/policy-celeste-employees-create-dev",
            "name": "policy-celeste-employees-create-dev",
            "name_prefix": "",
            "path": "/",
            "policy": "{\"Statement\":[{\"Action\":[\"dynamodb:Scan\",\"dynamodb:Query\",\"dynamodb:PutItem\"],\"Effect\":\"Allow\",\"Resource\":\"arn:aws:dynamodb:us-east-1:233925838033:table/tbl-celeste-employees-dev\"}],\"Version\":\"2012-10-17\"}",
            "policy_id": "ANPATM5YRATIQYOZWRN5W",
            "tags": {},
            "tags_all": {
              "iac": "terraform"
            }
          },
          "sensitive_attributes": [],
          "private": "bnVsbA==",
          "dependencies": [
            "module.apigateway.aws_apigatewayv2_api.main",
            "module.apigateway.aws_apigatewayv2_stage.dev",
            "module.apigateway.aws_cloudwatch_log_group.main_api_gw",
            "module.apigateway.data.aws_caller_identity.current",
            "module.apigateway.data.aws_region.current",
            "module.apigateway_resource_authorization.aws_apigatewayv2_authorizer.header_based_authorizer",
            "module.apigateway_resource_authorization.aws_cloudwatch_log_group.html_loggroup_lambda_authorizer",
            "module.apigateway_resource_authorization.aws_iam_policy.dynamodb_lambda_policy_authorizer",
            "module.apigateway_resource_authorization.aws_iam_role.lambda_role_authorizer",
            "module.apigateway_resource_authorization.aws_iam_role_policy_attachment.lambda_attachements",
            "module.apigateway_resource_authorization.aws_iam_role_policy_attachment.lambda_role_policy_authorizer",
            "module.apigateway_resource_authorization.aws_lambda_function.html_lambda_authorizer",
            "module.apigateway_resource_authorization.aws_lambda_permission.allow_api_gw_invoke_authorizer",
            "module.apigateway_resource_authorization.data.archive_file.lambda_package_authorizer",
            "module.apigateway_resource_authorization.data.aws_apigatewayv2_api.selected",
            "module.apigateway_resource_authorization.data.aws_caller_identity.current",
            "module.apigateway_resource_authorization.data.aws_iam_policy_document.lambda_policy_document_authorizer",
            "module.apigateway_resource_authorization.data.aws_region.current",
            "module.apigateway_resource_employees.data.aws_caller_identity.current",
            "module.apigateway_resource_employees.data.aws_iam_policy_document.lambda_policy_document_employees_create",
            "module.apigateway_resource_employees.data.aws_region.current",
            "module.tables_dynamodb.aws_dynamodb_table.tbl_customers",
            "module.tables_dynamodb.aws_dynamodb_table.tbl_employees",
            "module.tables_dynamodb.aws_dynamodb_table.tbl_inventories",
            "module.tables_dynamodb.aws_dynamodb_table.tbl_suppliers",
            "module.tables_dynamodb.aws_dynamodb_table.tbl_token",
            "module.tables_dynamodb.aws_dynamodb_table.tbl_users"
          ]
        }
      ]
    },
    {
      "module": "module.apigateway_resource_employees",
      "mode": "managed",
      "type": "aws_iam_policy",
      "name": "dynamodb_lambda_policy_employees_delete_by_id",
      "provider": "provider[\"registry.terraform.io/hashicorp/aws\"]",
      "instances": [
        {
          "schema_version": 0,
          "attributes": {
            "arn": "arn:aws:iam::233925838033:policy/policy-celeste-employees-delete-by-id-dev",
            "attachment_count": 1,
            "description": "This policy will be used by the lambda to write get data from DynamoDB",
            "id": "arn:aws:iam::233925838033:policy/policy-celeste-employees-delete-by-id-dev",
            "name": "policy-celeste-employees-delete-by-id-dev",
            "name_prefix": "",
            "path": "/",
            "policy": "{\"Statement\":[{\"Action\":\"dynamodb:UpdateItem\",\"Effect\":\"Allow\",\"Resource\":\"arn:aws:dynamodb:us-east-1:233925838033:table/tbl-celeste-employees-dev\"}],\"Version\":\"2012-10-17\"}",
            "policy_id": "ANPATM5YRATITL7YLWI7D",
            "tags": {},
            "tags_all": {
              "iac": "terraform"
            }
          },
          "sensitive_attributes": [],
          "private": "bnVsbA==",
          "dependencies": [
            "module.apigateway.aws_apigatewayv2_api.main",
            "module.apigateway.aws_apigatewayv2_stage.dev",
            "module.apigateway.aws_cloudwatch_log_group.main_api_gw",
            "module.apigateway.data.aws_caller_identity.current",
            "module.apigateway.data.aws_region.current",
            "module.apigateway_resource_authorization.aws_apigatewayv2_authorizer.header_based_authorizer",
            "module.apigateway_resource_authorization.aws_cloudwatch_log_group.html_loggroup_lambda_authorizer",
            "module.apigateway_resource_authorization.aws_iam_policy.dynamodb_lambda_policy_authorizer",
            "module.apigateway_resource_authorization.aws_iam_role.lambda_role_authorizer",
            "module.apigateway_resource_authorization.aws_iam_role_policy_attachment.lambda_attachements",
            "module.apigateway_resource_authorization.aws_iam_role_policy_attachment.lambda_role_policy_authorizer",
            "module.apigateway_resource_authorization.aws_lambda_function.html_lambda_authorizer",
            "module.apigateway_resource_authorization.aws_lambda_permission.allow_api_gw_invoke_authorizer",
            "module.apigateway_resource_authorization.data.archive_file.lambda_package_authorizer",
            "module.apigateway_resource_authorization.data.aws_apigatewayv2_api.selected",
            "module.apigateway_resource_authorization.data.aws_caller_identity.current",
            "module.apigateway_resource_authorization.data.aws_iam_policy_document.lambda_policy_document_authorizer",
            "module.apigateway_resource_authorization.data.aws_region.current",
            "module.apigateway_resource_employees.data.aws_caller_identity.current",
            "module.apigateway_resource_employees.data.aws_iam_policy_document.lambda_policy_document_employees_delete_by_id",
            "module.apigateway_resource_employees.data.aws_region.current",
            "module.tables_dynamodb.aws_dynamodb_table.tbl_customers",
            "module.tables_dynamodb.aws_dynamodb_table.tbl_employees",
            "module.tables_dynamodb.aws_dynamodb_table.tbl_inventories",
            "module.tables_dynamodb.aws_dynamodb_table.tbl_suppliers",
            "module.tables_dynamodb.aws_dynamodb_table.tbl_token",
            "module.tables_dynamodb.aws_dynamodb_table.tbl_users"
          ]
        }
      ]
    },
    {
      "module": "module.apigateway_resource_employees",
      "mode": "managed",
      "type": "aws_iam_policy",
      "name": "dynamodb_lambda_policy_employees_filter",
      "provider": "provider[\"registry.terraform.io/hashicorp/aws\"]",
      "instances": [
        {
          "schema_version": 0,
          "attributes": {
            "arn": "arn:aws:iam::233925838033:policy/policy-celeste-employees-filter-dev",
            "attachment_count": 1,
            "description": "This policy will be used by the lambda to write get data from DynamoDB",
            "id": "arn:aws:iam::233925838033:policy/policy-celeste-employees-filter-dev",
            "name": "policy-celeste-employees-filter-dev",
            "name_prefix": "",
            "path": "/",
            "policy": "{\"Statement\":[{\"Action\":\"dynamodb:Scan\",\"Effect\":\"Allow\",\"Resource\":\"arn:aws:dynamodb:us-east-1:233925838033:table/tbl-celeste-employees-dev\"}],\"Version\":\"2012-10-17\"}",
            "policy_id": "ANPATM5YRATIUMMOLQOGO",
            "tags": {},
            "tags_all": {
              "iac": "terraform"
            }
          },
          "sensitive_attributes": [],
          "private": "bnVsbA==",
          "dependencies": [
            "module.apigateway.aws_apigatewayv2_api.main",
            "module.apigateway.aws_apigatewayv2_stage.dev",
            "module.apigateway.aws_cloudwatch_log_group.main_api_gw",
            "module.apigateway.data.aws_caller_identity.current",
            "module.apigateway.data.aws_region.current",
            "module.apigateway_resource_authorization.aws_apigatewayv2_authorizer.header_based_authorizer",
            "module.apigateway_resource_authorization.aws_cloudwatch_log_group.html_loggroup_lambda_authorizer",
            "module.apigateway_resource_authorization.aws_iam_policy.dynamodb_lambda_policy_authorizer",
            "module.apigateway_resource_authorization.aws_iam_role.lambda_role_authorizer",
            "module.apigateway_resource_authorization.aws_iam_role_policy_attachment.lambda_attachements",
            "module.apigateway_resource_authorization.aws_iam_role_policy_attachment.lambda_role_policy_authorizer",
            "module.apigateway_resource_authorization.aws_lambda_function.html_lambda_authorizer",
            "module.apigateway_resource_authorization.aws_lambda_permission.allow_api_gw_invoke_authorizer",
            "module.apigateway_resource_authorization.data.archive_file.lambda_package_authorizer",
            "module.apigateway_resource_authorization.data.aws_apigatewayv2_api.selected",
            "module.apigateway_resource_authorization.data.aws_caller_identity.current",
            "module.apigateway_resource_authorization.data.aws_iam_policy_document.lambda_policy_document_authorizer",
            "module.apigateway_resource_authorization.data.aws_region.current",
            "module.apigateway_resource_employees.data.aws_caller_identity.current",
            "module.apigateway_resource_employees.data.aws_iam_policy_document.lambda_policy_document_employees_filter",
            "module.apigateway_resource_employees.data.aws_region.current",
            "module.tables_dynamodb.aws_dynamodb_table.tbl_customers",
            "module.tables_dynamodb.aws_dynamodb_table.tbl_employees",
            "module.tables_dynamodb.aws_dynamodb_table.tbl_inventories",
            "module.tables_dynamodb.aws_dynamodb_table.tbl_suppliers",
            "module.tables_dynamodb.aws_dynamodb_table.tbl_token",
            "module.tables_dynamodb.aws_dynamodb_table.tbl_users"
          ]
        }
      ]
    },
    {
      "module": "module.apigateway_resource_employees",
      "mode": "managed",
      "type": "aws_iam_policy",
      "name": "dynamodb_lambda_policy_employees_update",
      "provider": "provider[\"registry.terraform.io/hashicorp/aws\"]",
      "instances": [
        {
          "schema_version": 0,
          "attributes": {
            "arn": "arn:aws:iam::233925838033:policy/policy-celeste-employees-update-dev",
            "attachment_count": 1,
            "description": "This policy will be used by the lambda to write get data from DynamoDB",
            "id": "arn:aws:iam::233925838033:policy/policy-celeste-employees-update-dev",
            "name": "policy-celeste-employees-update-dev",
            "name_prefix": "",
            "path": "/",
            "policy": "{\"Statement\":[{\"Action\":\"dynamodb:UpdateItem\",\"Effect\":\"Allow\",\"Resource\":\"arn:aws:dynamodb:us-east-1:233925838033:table/tbl-celeste-employees-dev\"}],\"Version\":\"2012-10-17\"}",
            "policy_id": "ANPATM5YRATIXRO7S7LZM",
            "tags": {},
            "tags_all": {
              "iac": "terraform"
            }
          },
          "sensitive_attributes": [],
          "private": "bnVsbA==",
          "dependencies": [
            "module.apigateway.aws_apigatewayv2_api.main",
            "module.apigateway.aws_apigatewayv2_stage.dev",
            "module.apigateway.aws_cloudwatch_log_group.main_api_gw",
            "module.apigateway.data.aws_caller_identity.current",
            "module.apigateway.data.aws_region.current",
            "module.apigateway_resource_authorization.aws_apigatewayv2_authorizer.header_based_authorizer",
            "module.apigateway_resource_authorization.aws_cloudwatch_log_group.html_loggroup_lambda_authorizer",
            "module.apigateway_resource_authorization.aws_iam_policy.dynamodb_lambda_policy_authorizer",
            "module.apigateway_resource_authorization.aws_iam_role.lambda_role_authorizer",
            "module.apigateway_resource_authorization.aws_iam_role_policy_attachment.lambda_attachements",
            "module.apigateway_resource_authorization.aws_iam_role_policy_attachment.lambda_role_policy_authorizer",
            "module.apigateway_resource_authorization.aws_lambda_function.html_lambda_authorizer",
            "module.apigateway_resource_authorization.aws_lambda_permission.allow_api_gw_invoke_authorizer",
            "module.apigateway_resource_authorization.data.archive_file.lambda_package_authorizer",
            "module.apigateway_resource_authorization.data.aws_apigatewayv2_api.selected",
            "module.apigateway_resource_authorization.data.aws_caller_identity.current",
            "module.apigateway_resource_authorization.data.aws_iam_policy_document.lambda_policy_document_authorizer",
            "module.apigateway_resource_authorization.data.aws_region.current",
            "module.apigateway_resource_employees.data.aws_caller_identity.current",
            "module.apigateway_resource_employees.data.aws_iam_policy_document.lambda_policy_document_employees_update",
            "module.apigateway_resource_employees.data.aws_region.current",
            "module.tables_dynamodb.aws_dynamodb_table.tbl_customers",
            "module.tables_dynamodb.aws_dynamodb_table.tbl_employees",
            "module.tables_dynamodb.aws_dynamodb_table.tbl_inventories",
            "module.tables_dynamodb.aws_dynamodb_table.tbl_suppliers",
            "module.tables_dynamodb.aws_dynamodb_table.tbl_token",
            "module.tables_dynamodb.aws_dynamodb_table.tbl_users"
          ]
        }
      ]
    },
    {
      "module": "module.apigateway_resource_employees",
      "mode": "managed",
      "type": "aws_iam_role",
      "name": "lambda_role_employees_create",
      "provider": "provider[\"registry.terraform.io/hashicorp/aws\"]",
      "instances": [
        {
          "schema_version": 0,
          "attributes": {
            "arn": "arn:aws:iam::233925838033:role/role-celeste-employees-create-dev",
            "assume_role_policy": "{\"Statement\":[{\"Action\":\"sts:AssumeRole\",\"Effect\":\"Allow\",\"Principal\":{\"Service\":\"lambda.amazonaws.com\"}}],\"Version\":\"2012-10-17\"}",
            "create_date": "2025-03-06T21:18:37Z",
            "description": "",
            "force_detach_policies": false,
            "id": "role-celeste-employees-create-dev",
            "inline_policy": [],
            "managed_policy_arns": [
              "arn:aws:iam::233925838033:policy/policy-celeste-employees-create-dev",
              "arn:aws:iam::aws:policy/service-role/AWSLambdaBasicExecutionRole"
            ],
            "max_session_duration": 3600,
            "name": "role-celeste-employees-create-dev",
            "name_prefix": "",
            "path": "/",
            "permissions_boundary": "",
            "tags": {},
            "tags_all": {
              "iac": "terraform"
            },
            "unique_id": "AROATM5YRATITM2POZ4AK"
          },
          "sensitive_attributes": [],
          "private": "bnVsbA==",
          "dependencies": [
            "module.apigateway.aws_apigatewayv2_api.main",
            "module.apigateway.aws_apigatewayv2_stage.dev",
            "module.apigateway.aws_cloudwatch_log_group.main_api_gw",
            "module.apigateway.data.aws_caller_identity.current",
            "module.apigateway.data.aws_region.current",
            "module.apigateway_resource_authorization.aws_apigatewayv2_authorizer.header_based_authorizer",
            "module.apigateway_resource_authorization.aws_cloudwatch_log_group.html_loggroup_lambda_authorizer",
            "module.apigateway_resource_authorization.aws_iam_policy.dynamodb_lambda_policy_authorizer",
            "module.apigateway_resource_authorization.aws_iam_role.lambda_role_authorizer",
            "module.apigateway_resource_authorization.aws_iam_role_policy_attachment.lambda_attachements",
            "module.apigateway_resource_authorization.aws_iam_role_policy_attachment.lambda_role_policy_authorizer",
            "module.apigateway_resource_authorization.aws_lambda_function.html_lambda_authorizer",
            "module.apigateway_resource_authorization.aws_lambda_permission.allow_api_gw_invoke_authorizer",
            "module.apigateway_resource_authorization.data.archive_file.lambda_package_authorizer",
            "module.apigateway_resource_authorization.data.aws_apigatewayv2_api.selected",
            "module.apigateway_resource_authorization.data.aws_caller_identity.current",
            "module.apigateway_resource_authorization.data.aws_iam_policy_document.lambda_policy_document_authorizer",
            "module.apigateway_resource_authorization.data.aws_region.current",
            "module.tables_dynamodb.aws_dynamodb_table.tbl_customers",
            "module.tables_dynamodb.aws_dynamodb_table.tbl_employees",
            "module.tables_dynamodb.aws_dynamodb_table.tbl_inventories",
            "module.tables_dynamodb.aws_dynamodb_table.tbl_suppliers",
            "module.tables_dynamodb.aws_dynamodb_table.tbl_token",
            "module.tables_dynamodb.aws_dynamodb_table.tbl_users"
          ]
        }
      ]
    },
    {
      "module": "module.apigateway_resource_employees",
      "mode": "managed",
      "type": "aws_iam_role",
      "name": "lambda_role_employees_delete_by_id",
      "provider": "provider[\"registry.terraform.io/hashicorp/aws\"]",
      "instances": [
        {
          "schema_version": 0,
          "attributes": {
            "arn": "arn:aws:iam::233925838033:role/role-celeste-employees-delete-by-id-dev",
            "assume_role_policy": "{\"Statement\":[{\"Action\":\"sts:AssumeRole\",\"Effect\":\"Allow\",\"Principal\":{\"Service\":\"lambda.amazonaws.com\"}}],\"Version\":\"2012-10-17\"}",
            "create_date": "2025-03-06T21:18:37Z",
            "description": "",
            "force_detach_policies": false,
            "id": "role-celeste-employees-delete-by-id-dev",
            "inline_policy": [],
            "managed_policy_arns": [
              "arn:aws:iam::233925838033:policy/policy-celeste-employees-delete-by-id-dev",
              "arn:aws:iam::aws:policy/service-role/AWSLambdaBasicExecutionRole"
            ],
            "max_session_duration": 3600,
            "name": "role-celeste-employees-delete-by-id-dev",
            "name_prefix": "",
            "path": "/",
            "permissions_boundary": "",
            "tags": {},
            "tags_all": {
              "iac": "terraform"
            },
            "unique_id": "AROATM5YRATI77BDM2LH5"
          },
          "sensitive_attributes": [],
          "private": "bnVsbA==",
          "dependencies": [
            "module.apigateway.aws_apigatewayv2_api.main",
            "module.apigateway.aws_apigatewayv2_stage.dev",
            "module.apigateway.aws_cloudwatch_log_group.main_api_gw",
            "module.apigateway.data.aws_caller_identity.current",
            "module.apigateway.data.aws_region.current",
            "module.apigateway_resource_authorization.aws_apigatewayv2_authorizer.header_based_authorizer",
            "module.apigateway_resource_authorization.aws_cloudwatch_log_group.html_loggroup_lambda_authorizer",
            "module.apigateway_resource_authorization.aws_iam_policy.dynamodb_lambda_policy_authorizer",
            "module.apigateway_resource_authorization.aws_iam_role.lambda_role_authorizer",
            "module.apigateway_resource_authorization.aws_iam_role_policy_attachment.lambda_attachements",
            "module.apigateway_resource_authorization.aws_iam_role_policy_attachment.lambda_role_policy_authorizer",
            "module.apigateway_resource_authorization.aws_lambda_function.html_lambda_authorizer",
            "module.apigateway_resource_authorization.aws_lambda_permission.allow_api_gw_invoke_authorizer",
            "module.apigateway_resource_authorization.data.archive_file.lambda_package_authorizer",
            "module.apigateway_resource_authorization.data.aws_apigatewayv2_api.selected",
            "module.apigateway_resource_authorization.data.aws_caller_identity.current",
            "module.apigateway_resource_authorization.data.aws_iam_policy_document.lambda_policy_document_authorizer",
            "module.apigateway_resource_authorization.data.aws_region.current",
            "module.tables_dynamodb.aws_dynamodb_table.tbl_customers",
            "module.tables_dynamodb.aws_dynamodb_table.tbl_employees",
            "module.tables_dynamodb.aws_dynamodb_table.tbl_inventories",
            "module.tables_dynamodb.aws_dynamodb_table.tbl_suppliers",
            "module.tables_dynamodb.aws_dynamodb_table.tbl_token",
            "module.tables_dynamodb.aws_dynamodb_table.tbl_users"
          ]
        }
      ]
    },
    {
      "module": "module.apigateway_resource_employees",
      "mode": "managed",
      "type": "aws_iam_role",
      "name": "lambda_role_employees_filter",
      "provider": "provider[\"registry.terraform.io/hashicorp/aws\"]",
      "instances": [
        {
          "schema_version": 0,
          "attributes": {
            "arn": "arn:aws:iam::233925838033:role/role-celeste-employees-filter-dev",
            "assume_role_policy": "{\"Statement\":[{\"Action\":\"sts:AssumeRole\",\"Effect\":\"Allow\",\"Principal\":{\"Service\":\"lambda.amazonaws.com\"}}],\"Version\":\"2012-10-17\"}",
            "create_date": "2025-03-06T21:18:37Z",
            "description": "",
            "force_detach_policies": false,
            "id": "role-celeste-employees-filter-dev",
            "inline_policy": [],
            "managed_policy_arns": [
              "arn:aws:iam::233925838033:policy/policy-celeste-employees-filter-dev",
              "arn:aws:iam::aws:policy/service-role/AWSLambdaBasicExecutionRole"
            ],
            "max_session_duration": 3600,
            "name": "role-celeste-employees-filter-dev",
            "name_prefix": "",
            "path": "/",
            "permissions_boundary": "",
            "tags": {},
            "tags_all": {
              "iac": "terraform"
            },
            "unique_id": "AROATM5YRATI3EXF6J2M6"
          },
          "sensitive_attributes": [],
          "private": "bnVsbA==",
          "dependencies": [
            "module.apigateway.aws_apigatewayv2_api.main",
            "module.apigateway.aws_apigatewayv2_stage.dev",
            "module.apigateway.aws_cloudwatch_log_group.main_api_gw",
            "module.apigateway.data.aws_caller_identity.current",
            "module.apigateway.data.aws_region.current",
            "module.apigateway_resource_authorization.aws_apigatewayv2_authorizer.header_based_authorizer",
            "module.apigateway_resource_authorization.aws_cloudwatch_log_group.html_loggroup_lambda_authorizer",
            "module.apigateway_resource_authorization.aws_iam_policy.dynamodb_lambda_policy_authorizer",
            "module.apigateway_resource_authorization.aws_iam_role.lambda_role_authorizer",
            "module.apigateway_resource_authorization.aws_iam_role_policy_attachment.lambda_attachements",
            "module.apigateway_resource_authorization.aws_iam_role_policy_attachment.lambda_role_policy_authorizer",
            "module.apigateway_resource_authorization.aws_lambda_function.html_lambda_authorizer",
            "module.apigateway_resource_authorization.aws_lambda_permission.allow_api_gw_invoke_authorizer",
            "module.apigateway_resource_authorization.data.archive_file.lambda_package_authorizer",
            "module.apigateway_resource_authorization.data.aws_apigatewayv2_api.selected",
            "module.apigateway_resource_authorization.data.aws_caller_identity.current",
            "module.apigateway_resource_authorization.data.aws_iam_policy_document.lambda_policy_document_authorizer",
            "module.apigateway_resource_authorization.data.aws_region.current",
            "module.tables_dynamodb.aws_dynamodb_table.tbl_customers",
            "module.tables_dynamodb.aws_dynamodb_table.tbl_employees",
            "module.tables_dynamodb.aws_dynamodb_table.tbl_inventories",
            "module.tables_dynamodb.aws_dynamodb_table.tbl_suppliers",
            "module.tables_dynamodb.aws_dynamodb_table.tbl_token",
            "module.tables_dynamodb.aws_dynamodb_table.tbl_users"
          ]
        }
      ]
    },
    {
      "module": "module.apigateway_resource_employees",
      "mode": "managed",
      "type": "aws_iam_role",
      "name": "lambda_role_employees_update",
      "provider": "provider[\"registry.terraform.io/hashicorp/aws\"]",
      "instances": [
        {
          "schema_version": 0,
          "attributes": {
            "arn": "arn:aws:iam::233925838033:role/role-celeste-employees-update-dev",
            "assume_role_policy": "{\"Statement\":[{\"Action\":\"sts:AssumeRole\",\"Effect\":\"Allow\",\"Principal\":{\"Service\":\"lambda.amazonaws.com\"}}],\"Version\":\"2012-10-17\"}",
            "create_date": "2025-03-06T21:18:37Z",
            "description": "",
            "force_detach_policies": false,
            "id": "role-celeste-employees-update-dev",
            "inline_policy": [],
            "managed_policy_arns": [
              "arn:aws:iam::233925838033:policy/policy-celeste-employees-update-dev",
              "arn:aws:iam::aws:policy/service-role/AWSLambdaBasicExecutionRole"
            ],
            "max_session_duration": 3600,
            "name": "role-celeste-employees-update-dev",
            "name_prefix": "",
            "path": "/",
            "permissions_boundary": "",
            "tags": {},
            "tags_all": {
              "iac": "terraform"
            },
            "unique_id": "AROATM5YRATI267UD3HCQ"
          },
          "sensitive_attributes": [],
          "private": "bnVsbA==",
          "dependencies": [
            "module.apigateway.aws_apigatewayv2_api.main",
            "module.apigateway.aws_apigatewayv2_stage.dev",
            "module.apigateway.aws_cloudwatch_log_group.main_api_gw",
            "module.apigateway.data.aws_caller_identity.current",
            "module.apigateway.data.aws_region.current",
            "module.apigateway_resource_authorization.aws_apigatewayv2_authorizer.header_based_authorizer",
            "module.apigateway_resource_authorization.aws_cloudwatch_log_group.html_loggroup_lambda_authorizer",
            "module.apigateway_resource_authorization.aws_iam_policy.dynamodb_lambda_policy_authorizer",
            "module.apigateway_resource_authorization.aws_iam_role.lambda_role_authorizer",
            "module.apigateway_resource_authorization.aws_iam_role_policy_attachment.lambda_attachements",
            "module.apigateway_resource_authorization.aws_iam_role_policy_attachment.lambda_role_policy_authorizer",
            "module.apigateway_resource_authorization.aws_lambda_function.html_lambda_authorizer",
            "module.apigateway_resource_authorization.aws_lambda_permission.allow_api_gw_invoke_authorizer",
            "module.apigateway_resource_authorization.data.archive_file.lambda_package_authorizer",
            "module.apigateway_resource_authorization.data.aws_apigatewayv2_api.selected",
            "module.apigateway_resource_authorization.data.aws_caller_identity.current",
            "module.apigateway_resource_authorization.data.aws_iam_policy_document.lambda_policy_document_authorizer",
            "module.apigateway_resource_authorization.data.aws_region.current",
            "module.tables_dynamodb.aws_dynamodb_table.tbl_customers",
            "module.tables_dynamodb.aws_dynamodb_table.tbl_employees",
            "module.tables_dynamodb.aws_dynamodb_table.tbl_inventories",
            "module.tables_dynamodb.aws_dynamodb_table.tbl_suppliers",
            "module.tables_dynamodb.aws_dynamodb_table.tbl_token",
            "module.tables_dynamodb.aws_dynamodb_table.tbl_users"
          ]
        }
      ]
    },
    {
      "module": "module.apigateway_resource_employees",
      "mode": "managed",
      "type": "aws_iam_role_policy_attachment",
      "name": "lambda_attachements_employees_create",
      "provider": "provider[\"registry.terraform.io/hashicorp/aws\"]",
      "instances": [
        {
          "schema_version": 0,
          "attributes": {
            "id": "role-celeste-employees-create-dev-2025030621184007340000000d",
            "policy_arn": "arn:aws:iam::233925838033:policy/policy-celeste-employees-create-dev",
            "role": "role-celeste-employees-create-dev"
          },
          "sensitive_attributes": [],
          "private": "bnVsbA==",
          "dependencies": [
            "module.apigateway.aws_apigatewayv2_api.main",
            "module.apigateway.aws_apigatewayv2_stage.dev",
            "module.apigateway.aws_cloudwatch_log_group.main_api_gw",
            "module.apigateway.data.aws_caller_identity.current",
            "module.apigateway.data.aws_region.current",
            "module.apigateway_resource_authorization.aws_apigatewayv2_authorizer.header_based_authorizer",
            "module.apigateway_resource_authorization.aws_cloudwatch_log_group.html_loggroup_lambda_authorizer",
            "module.apigateway_resource_authorization.aws_iam_policy.dynamodb_lambda_policy_authorizer",
            "module.apigateway_resource_authorization.aws_iam_role.lambda_role_authorizer",
            "module.apigateway_resource_authorization.aws_iam_role_policy_attachment.lambda_attachements",
            "module.apigateway_resource_authorization.aws_iam_role_policy_attachment.lambda_role_policy_authorizer",
            "module.apigateway_resource_authorization.aws_lambda_function.html_lambda_authorizer",
            "module.apigateway_resource_authorization.aws_lambda_permission.allow_api_gw_invoke_authorizer",
            "module.apigateway_resource_authorization.data.archive_file.lambda_package_authorizer",
            "module.apigateway_resource_authorization.data.aws_apigatewayv2_api.selected",
            "module.apigateway_resource_authorization.data.aws_caller_identity.current",
            "module.apigateway_resource_authorization.data.aws_iam_policy_document.lambda_policy_document_authorizer",
            "module.apigateway_resource_authorization.data.aws_region.current",
            "module.apigateway_resource_employees.aws_iam_policy.dynamodb_lambda_policy_employees_create",
            "module.apigateway_resource_employees.aws_iam_role.lambda_role_employees_create",
            "module.apigateway_resource_employees.data.aws_caller_identity.current",
            "module.apigateway_resource_employees.data.aws_iam_policy_document.lambda_policy_document_employees_create",
            "module.apigateway_resource_employees.data.aws_region.current",
            "module.tables_dynamodb.aws_dynamodb_table.tbl_customers",
            "module.tables_dynamodb.aws_dynamodb_table.tbl_employees",
            "module.tables_dynamodb.aws_dynamodb_table.tbl_inventories",
            "module.tables_dynamodb.aws_dynamodb_table.tbl_suppliers",
            "module.tables_dynamodb.aws_dynamodb_table.tbl_token",
            "module.tables_dynamodb.aws_dynamodb_table.tbl_users"
          ]
        }
      ]
    },
    {
      "module": "module.apigateway_resource_employees",
      "mode": "managed",
      "type": "aws_iam_role_policy_attachment",
      "name": "lambda_attachements_employees_delete",
      "provider": "provider[\"registry.terraform.io/hashicorp/aws\"]",
      "instances": [
        {
          "schema_version": 0,
          "attributes": {
            "id": "role-celeste-employees-delete-by-id-dev-2025030621184068650000000f",
            "policy_arn": "arn:aws:iam::233925838033:policy/policy-celeste-employees-delete-by-id-dev",
            "role": "role-celeste-employees-delete-by-id-dev"
          },
          "sensitive_attributes": [],
          "private": "bnVsbA==",
          "dependencies": [
            "module.apigateway.aws_apigatewayv2_api.main",
            "module.apigateway.aws_apigatewayv2_stage.dev",
            "module.apigateway.aws_cloudwatch_log_group.main_api_gw",
            "module.apigateway.data.aws_caller_identity.current",
            "module.apigateway.data.aws_region.current",
            "module.apigateway_resource_authorization.aws_apigatewayv2_authorizer.header_based_authorizer",
            "module.apigateway_resource_authorization.aws_cloudwatch_log_group.html_loggroup_lambda_authorizer",
            "module.apigateway_resource_authorization.aws_iam_policy.dynamodb_lambda_policy_authorizer",
            "module.apigateway_resource_authorization.aws_iam_role.lambda_role_authorizer",
            "module.apigateway_resource_authorization.aws_iam_role_policy_attachment.lambda_attachements",
            "module.apigateway_resource_authorization.aws_iam_role_policy_attachment.lambda_role_policy_authorizer",
            "module.apigateway_resource_authorization.aws_lambda_function.html_lambda_authorizer",
            "module.apigateway_resource_authorization.aws_lambda_permission.allow_api_gw_invoke_authorizer",
            "module.apigateway_resource_authorization.data.archive_file.lambda_package_authorizer",
            "module.apigateway_resource_authorization.data.aws_apigatewayv2_api.selected",
            "module.apigateway_resource_authorization.data.aws_caller_identity.current",
            "module.apigateway_resource_authorization.data.aws_iam_policy_document.lambda_policy_document_authorizer",
            "module.apigateway_resource_authorization.data.aws_region.current",
            "module.apigateway_resource_employees.aws_iam_policy.dynamodb_lambda_policy_employees_delete_by_id",
            "module.apigateway_resource_employees.aws_iam_role.lambda_role_employees_delete_by_id",
            "module.apigateway_resource_employees.data.aws_caller_identity.current",
            "module.apigateway_resource_employees.data.aws_iam_policy_document.lambda_policy_document_employees_delete_by_id",
            "module.apigateway_resource_employees.data.aws_region.current",
            "module.tables_dynamodb.aws_dynamodb_table.tbl_customers",
            "module.tables_dynamodb.aws_dynamodb_table.tbl_employees",
            "module.tables_dynamodb.aws_dynamodb_table.tbl_inventories",
            "module.tables_dynamodb.aws_dynamodb_table.tbl_suppliers",
            "module.tables_dynamodb.aws_dynamodb_table.tbl_token",
            "module.tables_dynamodb.aws_dynamodb_table.tbl_users"
          ]
        }
      ]
    },
    {
      "module": "module.apigateway_resource_employees",
      "mode": "managed",
      "type": "aws_iam_role_policy_attachment",
      "name": "lambda_attachements_employees_filter",
      "provider": "provider[\"registry.terraform.io/hashicorp/aws\"]",
      "instances": [
        {
          "schema_version": 0,
          "attributes": {
            "id": "role-celeste-employees-filter-dev-20250306211841305600000011",
            "policy_arn": "arn:aws:iam::233925838033:policy/policy-celeste-employees-filter-dev",
            "role": "role-celeste-employees-filter-dev"
          },
          "sensitive_attributes": [],
          "private": "bnVsbA==",
          "dependencies": [
            "module.apigateway.aws_apigatewayv2_api.main",
            "module.apigateway.aws_apigatewayv2_stage.dev",
            "module.apigateway.aws_cloudwatch_log_group.main_api_gw",
            "module.apigateway.data.aws_caller_identity.current",
            "module.apigateway.data.aws_region.current",
            "module.apigateway_resource_authorization.aws_apigatewayv2_authorizer.header_based_authorizer",
            "module.apigateway_resource_authorization.aws_cloudwatch_log_group.html_loggroup_lambda_authorizer",
            "module.apigateway_resource_authorization.aws_iam_policy.dynamodb_lambda_policy_authorizer",
            "module.apigateway_resource_authorization.aws_iam_role.lambda_role_authorizer",
            "module.apigateway_resource_authorization.aws_iam_role_policy_attachment.lambda_attachements",
            "module.apigateway_resource_authorization.aws_iam_role_policy_attachment.lambda_role_policy_authorizer",
            "module.apigateway_resource_authorization.aws_lambda_function.html_lambda_authorizer",
            "module.apigateway_resource_authorization.aws_lambda_permission.allow_api_gw_invoke_authorizer",
            "module.apigateway_resource_authorization.data.archive_file.lambda_package_authorizer",
            "module.apigateway_resource_authorization.data.aws_apigatewayv2_api.selected",
            "module.apigateway_resource_authorization.data.aws_caller_identity.current",
            "module.apigateway_resource_authorization.data.aws_iam_policy_document.lambda_policy_document_authorizer",
            "module.apigateway_resource_authorization.data.aws_region.current",
            "module.apigateway_resource_employees.aws_iam_policy.dynamodb_lambda_policy_employees_filter",
            "module.apigateway_resource_employees.aws_iam_role.lambda_role_employees_filter",
            "module.apigateway_resource_employees.data.aws_caller_identity.current",
            "module.apigateway_resource_employees.data.aws_iam_policy_document.lambda_policy_document_employees_filter",
            "module.apigateway_resource_employees.data.aws_region.current",
            "module.tables_dynamodb.aws_dynamodb_table.tbl_customers",
            "module.tables_dynamodb.aws_dynamodb_table.tbl_employees",
            "module.tables_dynamodb.aws_dynamodb_table.tbl_inventories",
            "module.tables_dynamodb.aws_dynamodb_table.tbl_suppliers",
            "module.tables_dynamodb.aws_dynamodb_table.tbl_token",
            "module.tables_dynamodb.aws_dynamodb_table.tbl_users"
          ]
        }
      ]
    },
    {
      "module": "module.apigateway_resource_employees",
      "mode": "managed",
      "type": "aws_iam_role_policy_attachment",
      "name": "lambda_attachements_employees_update",
      "provider": "provider[\"registry.terraform.io/hashicorp/aws\"]",
      "instances": [
        {
          "schema_version": 0,
          "attributes": {
            "id": "role-celeste-employees-update-dev-2025030621184038990000000e",
            "policy_arn": "arn:aws:iam::233925838033:policy/policy-celeste-employees-update-dev",
            "role": "role-celeste-employees-update-dev"
          },
          "sensitive_attributes": [],
          "private": "bnVsbA==",
          "dependencies": [
            "module.apigateway.aws_apigatewayv2_api.main",
            "module.apigateway.aws_apigatewayv2_stage.dev",
            "module.apigateway.aws_cloudwatch_log_group.main_api_gw",
            "module.apigateway.data.aws_caller_identity.current",
            "module.apigateway.data.aws_region.current",
            "module.apigateway_resource_authorization.aws_apigatewayv2_authorizer.header_based_authorizer",
            "module.apigateway_resource_authorization.aws_cloudwatch_log_group.html_loggroup_lambda_authorizer",
            "module.apigateway_resource_authorization.aws_iam_policy.dynamodb_lambda_policy_authorizer",
            "module.apigateway_resource_authorization.aws_iam_role.lambda_role_authorizer",
            "module.apigateway_resource_authorization.aws_iam_role_policy_attachment.lambda_attachements",
            "module.apigateway_resource_authorization.aws_iam_role_policy_attachment.lambda_role_policy_authorizer",
            "module.apigateway_resource_authorization.aws_lambda_function.html_lambda_authorizer",
            "module.apigateway_resource_authorization.aws_lambda_permission.allow_api_gw_invoke_authorizer",
            "module.apigateway_resource_authorization.data.archive_file.lambda_package_authorizer",
            "module.apigateway_resource_authorization.data.aws_apigatewayv2_api.selected",
            "module.apigateway_resource_authorization.data.aws_caller_identity.current",
            "module.apigateway_resource_authorization.data.aws_iam_policy_document.lambda_policy_document_authorizer",
            "module.apigateway_resource_authorization.data.aws_region.current",
            "module.apigateway_resource_employees.aws_iam_policy.dynamodb_lambda_policy_employees_update",
            "module.apigateway_resource_employees.aws_iam_role.lambda_role_employees_update",
            "module.apigateway_resource_employees.data.aws_caller_identity.current",
            "module.apigateway_resource_employees.data.aws_iam_policy_document.lambda_policy_document_employees_update",
            "module.apigateway_resource_employees.data.aws_region.current",
            "module.tables_dynamodb.aws_dynamodb_table.tbl_customers",
            "module.tables_dynamodb.aws_dynamodb_table.tbl_employees",
            "module.tables_dynamodb.aws_dynamodb_table.tbl_inventories",
            "module.tables_dynamodb.aws_dynamodb_table.tbl_suppliers",
            "module.tables_dynamodb.aws_dynamodb_table.tbl_token",
            "module.tables_dynamodb.aws_dynamodb_table.tbl_users"
          ]
        }
      ]
    },
    {
      "module": "module.apigateway_resource_employees",
      "mode": "managed",
      "type": "aws_iam_role_policy_attachment",
      "name": "lambda_role_policy_employees_create",
      "provider": "provider[\"registry.terraform.io/hashicorp/aws\"]",
      "instances": [
        {
          "schema_version": 0,
          "attributes": {
            "id": "role-celeste-employees-create-dev-2025030621183926920000000a",
            "policy_arn": "arn:aws:iam::aws:policy/service-role/AWSLambdaBasicExecutionRole",
            "role": "role-celeste-employees-create-dev"
          },
          "sensitive_attributes": [],
          "private": "bnVsbA==",
          "dependencies": [
            "module.apigateway.aws_apigatewayv2_api.main",
            "module.apigateway.aws_apigatewayv2_stage.dev",
            "module.apigateway.aws_cloudwatch_log_group.main_api_gw",
            "module.apigateway.data.aws_caller_identity.current",
            "module.apigateway.data.aws_region.current",
            "module.apigateway_resource_authorization.aws_apigatewayv2_authorizer.header_based_authorizer",
            "module.apigateway_resource_authorization.aws_cloudwatch_log_group.html_loggroup_lambda_authorizer",
            "module.apigateway_resource_authorization.aws_iam_policy.dynamodb_lambda_policy_authorizer",
            "module.apigateway_resource_authorization.aws_iam_role.lambda_role_authorizer",
            "module.apigateway_resource_authorization.aws_iam_role_policy_attachment.lambda_attachements",
            "module.apigateway_resource_authorization.aws_iam_role_policy_attachment.lambda_role_policy_authorizer",
            "module.apigateway_resource_authorization.aws_lambda_function.html_lambda_authorizer",
            "module.apigateway_resource_authorization.aws_lambda_permission.allow_api_gw_invoke_authorizer",
            "module.apigateway_resource_authorization.data.archive_file.lambda_package_authorizer",
            "module.apigateway_resource_authorization.data.aws_apigatewayv2_api.selected",
            "module.apigateway_resource_authorization.data.aws_caller_identity.current",
            "module.apigateway_resource_authorization.data.aws_iam_policy_document.lambda_policy_document_authorizer",
            "module.apigateway_resource_authorization.data.aws_region.current",
            "module.apigateway_resource_employees.aws_iam_role.lambda_role_employees_create",
            "module.tables_dynamodb.aws_dynamodb_table.tbl_customers",
            "module.tables_dynamodb.aws_dynamodb_table.tbl_employees",
            "module.tables_dynamodb.aws_dynamodb_table.tbl_inventories",
            "module.tables_dynamodb.aws_dynamodb_table.tbl_suppliers",
            "module.tables_dynamodb.aws_dynamodb_table.tbl_token",
            "module.tables_dynamodb.aws_dynamodb_table.tbl_users"
          ]
        }
      ]
    },
    {
      "module": "module.apigateway_resource_employees",
      "mode": "managed",
      "type": "aws_iam_role_policy_attachment",
      "name": "lambda_role_policy_employees_delete_by_id",
      "provider": "provider[\"registry.terraform.io/hashicorp/aws\"]",
      "instances": [
        {
          "schema_version": 0,
          "attributes": {
            "id": "role-celeste-employees-delete-by-id-dev-2025030621183945760000000b",
            "policy_arn": "arn:aws:iam::aws:policy/service-role/AWSLambdaBasicExecutionRole",
            "role": "role-celeste-employees-delete-by-id-dev"
          },
          "sensitive_attributes": [],
          "private": "bnVsbA==",
          "dependencies": [
            "module.apigateway.aws_apigatewayv2_api.main",
            "module.apigateway.aws_apigatewayv2_stage.dev",
            "module.apigateway.aws_cloudwatch_log_group.main_api_gw",
            "module.apigateway.data.aws_caller_identity.current",
            "module.apigateway.data.aws_region.current",
            "module.apigateway_resource_authorization.aws_apigatewayv2_authorizer.header_based_authorizer",
            "module.apigateway_resource_authorization.aws_cloudwatch_log_group.html_loggroup_lambda_authorizer",
            "module.apigateway_resource_authorization.aws_iam_policy.dynamodb_lambda_policy_authorizer",
            "module.apigateway_resource_authorization.aws_iam_role.lambda_role_authorizer",
            "module.apigateway_resource_authorization.aws_iam_role_policy_attachment.lambda_attachements",
            "module.apigateway_resource_authorization.aws_iam_role_policy_attachment.lambda_role_policy_authorizer",
            "module.apigateway_resource_authorization.aws_lambda_function.html_lambda_authorizer",
            "module.apigateway_resource_authorization.aws_lambda_permission.allow_api_gw_invoke_authorizer",
            "module.apigateway_resource_authorization.data.archive_file.lambda_package_authorizer",
            "module.apigateway_resource_authorization.data.aws_apigatewayv2_api.selected",
            "module.apigateway_resource_authorization.data.aws_caller_identity.current",
            "module.apigateway_resource_authorization.data.aws_iam_policy_document.lambda_policy_document_authorizer",
            "module.apigateway_resource_authorization.data.aws_region.current",
            "module.apigateway_resource_employees.aws_iam_role.lambda_role_employees_delete_by_id",
            "module.tables_dynamodb.aws_dynamodb_table.tbl_customers",
            "module.tables_dynamodb.aws_dynamodb_table.tbl_employees",
            "module.tables_dynamodb.aws_dynamodb_table.tbl_inventories",
            "module.tables_dynamodb.aws_dynamodb_table.tbl_suppliers",
            "module.tables_dynamodb.aws_dynamodb_table.tbl_token",
            "module.tables_dynamodb.aws_dynamodb_table.tbl_users"
          ]
        }
      ]
    },
    {
      "module": "module.apigateway_resource_employees",
      "mode": "managed",
      "type": "aws_iam_role_policy_attachment",
      "name": "lambda_role_policy_employees_filter",
      "provider": "provider[\"registry.terraform.io/hashicorp/aws\"]",
      "instances": [
        {
          "schema_version": 0,
          "attributes": {
            "id": "role-celeste-employees-filter-dev-20250306211838824800000006",
            "policy_arn": "arn:aws:iam::aws:policy/service-role/AWSLambdaBasicExecutionRole",
            "role": "role-celeste-employees-filter-dev"
          },
          "sensitive_attributes": [],
          "private": "bnVsbA==",
          "dependencies": [
            "module.apigateway.aws_apigatewayv2_api.main",
            "module.apigateway.aws_apigatewayv2_stage.dev",
            "module.apigateway.aws_cloudwatch_log_group.main_api_gw",
            "module.apigateway.data.aws_caller_identity.current",
            "module.apigateway.data.aws_region.current",
            "module.apigateway_resource_authorization.aws_apigatewayv2_authorizer.header_based_authorizer",
            "module.apigateway_resource_authorization.aws_cloudwatch_log_group.html_loggroup_lambda_authorizer",
            "module.apigateway_resource_authorization.aws_iam_policy.dynamodb_lambda_policy_authorizer",
            "module.apigateway_resource_authorization.aws_iam_role.lambda_role_authorizer",
            "module.apigateway_resource_authorization.aws_iam_role_policy_attachment.lambda_attachements",
            "module.apigateway_resource_authorization.aws_iam_role_policy_attachment.lambda_role_policy_authorizer",
            "module.apigateway_resource_authorization.aws_lambda_function.html_lambda_authorizer",
            "module.apigateway_resource_authorization.aws_lambda_permission.allow_api_gw_invoke_authorizer",
            "module.apigateway_resource_authorization.data.archive_file.lambda_package_authorizer",
            "module.apigateway_resource_authorization.data.aws_apigatewayv2_api.selected",
            "module.apigateway_resource_authorization.data.aws_caller_identity.current",
            "module.apigateway_resource_authorization.data.aws_iam_policy_document.lambda_policy_document_authorizer",
            "module.apigateway_resource_authorization.data.aws_region.current",
            "module.apigateway_resource_employees.aws_iam_role.lambda_role_employees_filter",
            "module.tables_dynamodb.aws_dynamodb_table.tbl_customers",
            "module.tables_dynamodb.aws_dynamodb_table.tbl_employees",
            "module.tables_dynamodb.aws_dynamodb_table.tbl_inventories",
            "module.tables_dynamodb.aws_dynamodb_table.tbl_suppliers",
            "module.tables_dynamodb.aws_dynamodb_table.tbl_token",
            "module.tables_dynamodb.aws_dynamodb_table.tbl_users"
          ]
        }
      ]
    },
    {
      "module": "module.apigateway_resource_employees",
      "mode": "managed",
      "type": "aws_iam_role_policy_attachment",
      "name": "lambda_role_policy_employees_update",
      "provider": "provider[\"registry.terraform.io/hashicorp/aws\"]",
      "instances": [
        {
          "schema_version": 0,
          "attributes": {
            "id": "role-celeste-employees-update-dev-20250306211839022200000008",
            "policy_arn": "arn:aws:iam::aws:policy/service-role/AWSLambdaBasicExecutionRole",
            "role": "role-celeste-employees-update-dev"
          },
          "sensitive_attributes": [],
          "private": "bnVsbA==",
          "dependencies": [
            "module.apigateway.aws_apigatewayv2_api.main",
            "module.apigateway.aws_apigatewayv2_stage.dev",
            "module.apigateway.aws_cloudwatch_log_group.main_api_gw",
            "module.apigateway.data.aws_caller_identity.current",
            "module.apigateway.data.aws_region.current",
            "module.apigateway_resource_authorization.aws_apigatewayv2_authorizer.header_based_authorizer",
            "module.apigateway_resource_authorization.aws_cloudwatch_log_group.html_loggroup_lambda_authorizer",
            "module.apigateway_resource_authorization.aws_iam_policy.dynamodb_lambda_policy_authorizer",
            "module.apigateway_resource_authorization.aws_iam_role.lambda_role_authorizer",
            "module.apigateway_resource_authorization.aws_iam_role_policy_attachment.lambda_attachements",
            "module.apigateway_resource_authorization.aws_iam_role_policy_attachment.lambda_role_policy_authorizer",
            "module.apigateway_resource_authorization.aws_lambda_function.html_lambda_authorizer",
            "module.apigateway_resource_authorization.aws_lambda_permission.allow_api_gw_invoke_authorizer",
            "module.apigateway_resource_authorization.data.archive_file.lambda_package_authorizer",
            "module.apigateway_resource_authorization.data.aws_apigatewayv2_api.selected",
            "module.apigateway_resource_authorization.data.aws_caller_identity.current",
            "module.apigateway_resource_authorization.data.aws_iam_policy_document.lambda_policy_document_authorizer",
            "module.apigateway_resource_authorization.data.aws_region.current",
            "module.apigateway_resource_employees.aws_iam_role.lambda_role_employees_update",
            "module.tables_dynamodb.aws_dynamodb_table.tbl_customers",
            "module.tables_dynamodb.aws_dynamodb_table.tbl_employees",
            "module.tables_dynamodb.aws_dynamodb_table.tbl_inventories",
            "module.tables_dynamodb.aws_dynamodb_table.tbl_suppliers",
            "module.tables_dynamodb.aws_dynamodb_table.tbl_token",
            "module.tables_dynamodb.aws_dynamodb_table.tbl_users"
          ]
        }
      ]
    },
    {
      "module": "module.apigateway_resource_employees",
      "mode": "managed",
      "type": "aws_lambda_function",
      "name": "html_lambda_employees_create",
      "provider": "provider[\"registry.terraform.io/hashicorp/aws\"]",
      "instances": [
        {
          "schema_version": 0,
          "attributes": {
            "architectures": [
              "arm64"
            ],
            "arn": "arn:aws:lambda:us-east-1:233925838033:function:lmb-celeste-employees-create-dev",
            "code_sha256": "lf8A5suqjyrV6gCNVl439wUZlkduHJ29T2kCQdmLs5U=",
            "code_signing_config_arn": "",
            "dead_letter_config": [],
            "description": "",
            "environment": [],
            "ephemeral_storage": [
              {
                "size": 512
              }
            ],
            "file_system_config": [],
            "filename": "./resources/core/employees-create/index.zip",
            "function_name": "lmb-celeste-employees-create-dev",
            "handler": "index.handler",
            "id": "lmb-celeste-employees-create-dev",
            "image_config": [],
            "image_uri": "",
            "invoke_arn": "arn:aws:apigateway:us-east-1:lambda:path/2015-03-31/functions/arn:aws:lambda:us-east-1:233925838033:function:lmb-celeste-employees-create-dev/invocations",
            "kms_key_arn": "",
            "last_modified": "2025-03-11T14:55:12.000+0000",
            "layers": [],
            "logging_config": [
              {
                "application_log_level": "",
                "log_format": "Text",
                "log_group": "/aws/lambda/lmb-celeste-employees-create-dev",
                "system_log_level": ""
              }
            ],
            "memory_size": 128,
            "package_type": "Zip",
            "publish": false,
            "qualified_arn": "arn:aws:lambda:us-east-1:233925838033:function:lmb-celeste-employees-create-dev:$LATEST",
            "qualified_invoke_arn": "arn:aws:apigateway:us-east-1:lambda:path/2015-03-31/functions/arn:aws:lambda:us-east-1:233925838033:function:lmb-celeste-employees-create-dev:$LATEST/invocations",
            "replace_security_groups_on_destroy": null,
            "replacement_security_group_ids": null,
            "reserved_concurrent_executions": -1,
            "role": "arn:aws:iam::233925838033:role/role-celeste-employees-create-dev",
            "runtime": "nodejs22.x",
            "s3_bucket": null,
            "s3_key": null,
            "s3_object_version": null,
            "signing_job_arn": "",
            "signing_profile_version_arn": "",
            "skip_destroy": false,
            "snap_start": [],
            "source_code_hash": "lf8A5suqjyrV6gCNVl439wUZlkduHJ29T2kCQdmLs5U=",
            "source_code_size": 362078,
            "tags": {
              "app_name": "celeste",
              "env": "dev"
            },
            "tags_all": {
              "app_name": "celeste",
              "env": "dev",
              "iac": "terraform"
            },
            "timeout": 30,
            "timeouts": null,
            "tracing_config": [
              {
                "mode": "PassThrough"
              }
            ],
            "version": "$LATEST",
            "vpc_config": []
          },
          "sensitive_attributes": [],
          "private": "eyJlMmJmYjczMC1lY2FhLTExZTYtOGY4OC0zNDM2M2JjN2M0YzAiOnsiY3JlYXRlIjo2MDAwMDAwMDAwMDAsImRlbGV0ZSI6NjAwMDAwMDAwMDAwLCJ1cGRhdGUiOjYwMDAwMDAwMDAwMH19",
          "dependencies": [
            "module.apigateway.aws_apigatewayv2_api.main",
            "module.apigateway.aws_apigatewayv2_stage.dev",
            "module.apigateway.aws_cloudwatch_log_group.main_api_gw",
            "module.apigateway.data.aws_caller_identity.current",
            "module.apigateway.data.aws_region.current",
            "module.apigateway_resource_authorization.aws_apigatewayv2_authorizer.header_based_authorizer",
            "module.apigateway_resource_authorization.aws_cloudwatch_log_group.html_loggroup_lambda_authorizer",
            "module.apigateway_resource_authorization.aws_iam_policy.dynamodb_lambda_policy_authorizer",
            "module.apigateway_resource_authorization.aws_iam_role.lambda_role_authorizer",
            "module.apigateway_resource_authorization.aws_iam_role_policy_attachment.lambda_attachements",
            "module.apigateway_resource_authorization.aws_iam_role_policy_attachment.lambda_role_policy_authorizer",
            "module.apigateway_resource_authorization.aws_lambda_function.html_lambda_authorizer",
            "module.apigateway_resource_authorization.aws_lambda_permission.allow_api_gw_invoke_authorizer",
            "module.apigateway_resource_authorization.data.archive_file.lambda_package_authorizer",
            "module.apigateway_resource_authorization.data.aws_apigatewayv2_api.selected",
            "module.apigateway_resource_authorization.data.aws_caller_identity.current",
            "module.apigateway_resource_authorization.data.aws_iam_policy_document.lambda_policy_document_authorizer",
            "module.apigateway_resource_authorization.data.aws_region.current",
            "module.apigateway_resource_employees.aws_iam_role.lambda_role_employees_create",
            "module.apigateway_resource_employees.data.archive_file.lambda_package_employees_create",
            "module.tables_dynamodb.aws_dynamodb_table.tbl_customers",
            "module.tables_dynamodb.aws_dynamodb_table.tbl_employees",
            "module.tables_dynamodb.aws_dynamodb_table.tbl_inventories",
            "module.tables_dynamodb.aws_dynamodb_table.tbl_suppliers",
            "module.tables_dynamodb.aws_dynamodb_table.tbl_token",
            "module.tables_dynamodb.aws_dynamodb_table.tbl_users"
          ]
        }
      ]
    },
    {
      "module": "module.apigateway_resource_employees",
      "mode": "managed",
      "type": "aws_lambda_function",
      "name": "html_lambda_employees_delete_by_id",
      "provider": "provider[\"registry.terraform.io/hashicorp/aws\"]",
      "instances": [
        {
          "schema_version": 0,
          "attributes": {
            "architectures": [
              "arm64"
            ],
            "arn": "arn:aws:lambda:us-east-1:233925838033:function:lmb-celeste-employees-delete-by-id-dev",
            "code_sha256": "Mnx4AVpQBdzcfcn51Bl9C4o2Gh0ATi07/pUeiTqetTM=",
            "code_signing_config_arn": "",
            "dead_letter_config": [],
            "description": "",
            "environment": [],
            "ephemeral_storage": [
              {
                "size": 512
              }
            ],
            "file_system_config": [],
            "filename": "./resources/core/employees-delete-by-id/index.zip",
            "function_name": "lmb-celeste-employees-delete-by-id-dev",
            "handler": "index.handler",
            "id": "lmb-celeste-employees-delete-by-id-dev",
            "image_config": [],
            "image_uri": "",
            "invoke_arn": "arn:aws:apigateway:us-east-1:lambda:path/2015-03-31/functions/arn:aws:lambda:us-east-1:233925838033:function:lmb-celeste-employees-delete-by-id-dev/invocations",
            "kms_key_arn": "",
            "last_modified": "2025-03-10T13:38:23.000+0000",
            "layers": [],
            "logging_config": [
              {
                "application_log_level": "",
                "log_format": "Text",
                "log_group": "/aws/lambda/lmb-celeste-employees-delete-by-id-dev",
                "system_log_level": ""
              }
            ],
            "memory_size": 128,
            "package_type": "Zip",
            "publish": false,
            "qualified_arn": "arn:aws:lambda:us-east-1:233925838033:function:lmb-celeste-employees-delete-by-id-dev:$LATEST",
            "qualified_invoke_arn": "arn:aws:apigateway:us-east-1:lambda:path/2015-03-31/functions/arn:aws:lambda:us-east-1:233925838033:function:lmb-celeste-employees-delete-by-id-dev:$LATEST/invocations",
            "replace_security_groups_on_destroy": null,
            "replacement_security_group_ids": null,
            "reserved_concurrent_executions": -1,
            "role": "arn:aws:iam::233925838033:role/role-celeste-employees-delete-by-id-dev",
            "runtime": "nodejs22.x",
            "s3_bucket": null,
            "s3_key": null,
            "s3_object_version": null,
            "signing_job_arn": "",
            "signing_profile_version_arn": "",
            "skip_destroy": false,
            "snap_start": [],
            "source_code_hash": "Mnx4AVpQBdzcfcn51Bl9C4o2Gh0ATi07/pUeiTqetTM=",
            "source_code_size": 361264,
            "tags": {
              "app_name": "celeste",
              "env": "dev"
            },
            "tags_all": {
              "app_name": "celeste",
              "env": "dev",
              "iac": "terraform"
            },
            "timeout": 30,
            "timeouts": null,
            "tracing_config": [
              {
                "mode": "PassThrough"
              }
            ],
            "version": "$LATEST",
            "vpc_config": []
          },
          "sensitive_attributes": [],
          "private": "eyJlMmJmYjczMC1lY2FhLTExZTYtOGY4OC0zNDM2M2JjN2M0YzAiOnsiY3JlYXRlIjo2MDAwMDAwMDAwMDAsImRlbGV0ZSI6NjAwMDAwMDAwMDAwLCJ1cGRhdGUiOjYwMDAwMDAwMDAwMH19",
          "dependencies": [
            "module.apigateway.aws_apigatewayv2_api.main",
            "module.apigateway.aws_apigatewayv2_stage.dev",
            "module.apigateway.aws_cloudwatch_log_group.main_api_gw",
            "module.apigateway.data.aws_caller_identity.current",
            "module.apigateway.data.aws_region.current",
            "module.apigateway_resource_authorization.aws_apigatewayv2_authorizer.header_based_authorizer",
            "module.apigateway_resource_authorization.aws_cloudwatch_log_group.html_loggroup_lambda_authorizer",
            "module.apigateway_resource_authorization.aws_iam_policy.dynamodb_lambda_policy_authorizer",
            "module.apigateway_resource_authorization.aws_iam_role.lambda_role_authorizer",
            "module.apigateway_resource_authorization.aws_iam_role_policy_attachment.lambda_attachements",
            "module.apigateway_resource_authorization.aws_iam_role_policy_attachment.lambda_role_policy_authorizer",
            "module.apigateway_resource_authorization.aws_lambda_function.html_lambda_authorizer",
            "module.apigateway_resource_authorization.aws_lambda_permission.allow_api_gw_invoke_authorizer",
            "module.apigateway_resource_authorization.data.archive_file.lambda_package_authorizer",
            "module.apigateway_resource_authorization.data.aws_apigatewayv2_api.selected",
            "module.apigateway_resource_authorization.data.aws_caller_identity.current",
            "module.apigateway_resource_authorization.data.aws_iam_policy_document.lambda_policy_document_authorizer",
            "module.apigateway_resource_authorization.data.aws_region.current",
            "module.apigateway_resource_employees.aws_iam_role.lambda_role_employees_delete_by_id",
            "module.apigateway_resource_employees.data.archive_file.lambda_package_employees_delete_by_id",
            "module.tables_dynamodb.aws_dynamodb_table.tbl_customers",
            "module.tables_dynamodb.aws_dynamodb_table.tbl_employees",
            "module.tables_dynamodb.aws_dynamodb_table.tbl_inventories",
            "module.tables_dynamodb.aws_dynamodb_table.tbl_suppliers",
            "module.tables_dynamodb.aws_dynamodb_table.tbl_token",
            "module.tables_dynamodb.aws_dynamodb_table.tbl_users"
          ]
        }
      ]
    },
    {
      "module": "module.apigateway_resource_employees",
      "mode": "managed",
      "type": "aws_lambda_function",
      "name": "html_lambda_employees_filter",
      "provider": "provider[\"registry.terraform.io/hashicorp/aws\"]",
      "instances": [
        {
          "schema_version": 0,
          "attributes": {
            "architectures": [
              "arm64"
            ],
            "arn": "arn:aws:lambda:us-east-1:233925838033:function:lmb-celeste-employees-filter-dev",
            "code_sha256": "8pbhFMryB4Wo8EatwlM5BSSXpdXH7FEP5HT85ttwFNk=",
            "code_signing_config_arn": "",
            "dead_letter_config": [],
            "description": "",
            "environment": [],
            "ephemeral_storage": [
              {
                "size": 512
              }
            ],
            "file_system_config": [],
            "filename": "./resources/core/employees-filter/index.zip",
            "function_name": "lmb-celeste-employees-filter-dev",
            "handler": "index.handler",
            "id": "lmb-celeste-employees-filter-dev",
            "image_config": [],
            "image_uri": "",
            "invoke_arn": "arn:aws:apigateway:us-east-1:lambda:path/2015-03-31/functions/arn:aws:lambda:us-east-1:233925838033:function:lmb-celeste-employees-filter-dev/invocations",
            "kms_key_arn": "",
            "last_modified": "2025-03-10T14:03:57.000+0000",
            "layers": [],
            "logging_config": [
              {
                "application_log_level": "",
                "log_format": "Text",
                "log_group": "/aws/lambda/lmb-celeste-employees-filter-dev",
                "system_log_level": ""
              }
            ],
            "memory_size": 128,
            "package_type": "Zip",
            "publish": false,
            "qualified_arn": "arn:aws:lambda:us-east-1:233925838033:function:lmb-celeste-employees-filter-dev:$LATEST",
            "qualified_invoke_arn": "arn:aws:apigateway:us-east-1:lambda:path/2015-03-31/functions/arn:aws:lambda:us-east-1:233925838033:function:lmb-celeste-employees-filter-dev:$LATEST/invocations",
            "replace_security_groups_on_destroy": null,
            "replacement_security_group_ids": null,
            "reserved_concurrent_executions": -1,
            "role": "arn:aws:iam::233925838033:role/role-celeste-employees-filter-dev",
            "runtime": "nodejs22.x",
            "s3_bucket": null,
            "s3_key": null,
            "s3_object_version": null,
            "signing_job_arn": "",
            "signing_profile_version_arn": "",
            "skip_destroy": false,
            "snap_start": [],
            "source_code_hash": "8pbhFMryB4Wo8EatwlM5BSSXpdXH7FEP5HT85ttwFNk=",
            "source_code_size": 370387,
            "tags": {
              "app_name": "celeste",
              "env": "dev"
            },
            "tags_all": {
              "app_name": "celeste",
              "env": "dev",
              "iac": "terraform"
            },
            "timeout": 30,
            "timeouts": null,
            "tracing_config": [
              {
                "mode": "PassThrough"
              }
            ],
            "version": "$LATEST",
            "vpc_config": []
          },
          "sensitive_attributes": [],
          "private": "eyJlMmJmYjczMC1lY2FhLTExZTYtOGY4OC0zNDM2M2JjN2M0YzAiOnsiY3JlYXRlIjo2MDAwMDAwMDAwMDAsImRlbGV0ZSI6NjAwMDAwMDAwMDAwLCJ1cGRhdGUiOjYwMDAwMDAwMDAwMH19",
          "dependencies": [
            "module.apigateway.aws_apigatewayv2_api.main",
            "module.apigateway.aws_apigatewayv2_stage.dev",
            "module.apigateway.aws_cloudwatch_log_group.main_api_gw",
            "module.apigateway.data.aws_caller_identity.current",
            "module.apigateway.data.aws_region.current",
            "module.apigateway_resource_authorization.aws_apigatewayv2_authorizer.header_based_authorizer",
            "module.apigateway_resource_authorization.aws_cloudwatch_log_group.html_loggroup_lambda_authorizer",
            "module.apigateway_resource_authorization.aws_iam_policy.dynamodb_lambda_policy_authorizer",
            "module.apigateway_resource_authorization.aws_iam_role.lambda_role_authorizer",
            "module.apigateway_resource_authorization.aws_iam_role_policy_attachment.lambda_attachements",
            "module.apigateway_resource_authorization.aws_iam_role_policy_attachment.lambda_role_policy_authorizer",
            "module.apigateway_resource_authorization.aws_lambda_function.html_lambda_authorizer",
            "module.apigateway_resource_authorization.aws_lambda_permission.allow_api_gw_invoke_authorizer",
            "module.apigateway_resource_authorization.data.archive_file.lambda_package_authorizer",
            "module.apigateway_resource_authorization.data.aws_apigatewayv2_api.selected",
            "module.apigateway_resource_authorization.data.aws_caller_identity.current",
            "module.apigateway_resource_authorization.data.aws_iam_policy_document.lambda_policy_document_authorizer",
            "module.apigateway_resource_authorization.data.aws_region.current",
            "module.apigateway_resource_employees.aws_iam_role.lambda_role_employees_filter",
            "module.apigateway_resource_employees.data.archive_file.lambda_package_employees_filter",
            "module.tables_dynamodb.aws_dynamodb_table.tbl_customers",
            "module.tables_dynamodb.aws_dynamodb_table.tbl_employees",
            "module.tables_dynamodb.aws_dynamodb_table.tbl_inventories",
            "module.tables_dynamodb.aws_dynamodb_table.tbl_suppliers",
            "module.tables_dynamodb.aws_dynamodb_table.tbl_token",
            "module.tables_dynamodb.aws_dynamodb_table.tbl_users"
          ]
        }
      ]
    },
    {
      "module": "module.apigateway_resource_employees",
      "mode": "managed",
      "type": "aws_lambda_function",
      "name": "html_lambda_employees_update",
      "provider": "provider[\"registry.terraform.io/hashicorp/aws\"]",
      "instances": [
        {
          "schema_version": 0,
          "attributes": {
            "architectures": [
              "arm64"
            ],
            "arn": "arn:aws:lambda:us-east-1:233925838033:function:lmb-celeste-employees-update-dev",
            "code_sha256": "RjfB8zJnd6t9nPLfT3+knpgOUDjkKPyV+y047L2s9jI=",
            "code_signing_config_arn": "",
            "dead_letter_config": [],
            "description": "",
            "environment": [],
            "ephemeral_storage": [
              {
                "size": 512
              }
            ],
            "file_system_config": [],
            "filename": "./resources/core/employees-update-by-id/index.zip",
            "function_name": "lmb-celeste-employees-update-dev",
            "handler": "index.handler",
            "id": "lmb-celeste-employees-update-dev",
            "image_config": [],
            "image_uri": "",
            "invoke_arn": "arn:aws:apigateway:us-east-1:lambda:path/2015-03-31/functions/arn:aws:lambda:us-east-1:233925838033:function:lmb-celeste-employees-update-dev/invocations",
            "kms_key_arn": "",
            "last_modified": "2025-03-12T15:47:30.000+0000",
            "layers": [],
            "logging_config": [
              {
                "application_log_level": "",
                "log_format": "Text",
                "log_group": "/aws/lambda/lmb-celeste-employees-update-dev",
                "system_log_level": ""
              }
            ],
            "memory_size": 128,
            "package_type": "Zip",
            "publish": false,
            "qualified_arn": "arn:aws:lambda:us-east-1:233925838033:function:lmb-celeste-employees-update-dev:$LATEST",
            "qualified_invoke_arn": "arn:aws:apigateway:us-east-1:lambda:path/2015-03-31/functions/arn:aws:lambda:us-east-1:233925838033:function:lmb-celeste-employees-update-dev:$LATEST/invocations",
            "replace_security_groups_on_destroy": null,
            "replacement_security_group_ids": null,
            "reserved_concurrent_executions": -1,
            "role": "arn:aws:iam::233925838033:role/role-celeste-employees-update-dev",
            "runtime": "nodejs22.x",
            "s3_bucket": null,
            "s3_key": null,
            "s3_object_version": null,
            "signing_job_arn": "",
            "signing_profile_version_arn": "",
            "skip_destroy": false,
            "snap_start": [],
            "source_code_hash": "RjfB8zJnd6t9nPLfT3+knpgOUDjkKPyV+y047L2s9jI=",
            "source_code_size": 564353,
            "tags": {
              "app_name": "celeste",
              "env": "dev"
            },
            "tags_all": {
              "app_name": "celeste",
              "env": "dev",
              "iac": "terraform"
            },
            "timeout": 30,
            "timeouts": null,
            "tracing_config": [
              {
                "mode": "PassThrough"
              }
            ],
            "version": "$LATEST",
            "vpc_config": []
          },
          "sensitive_attributes": [],
          "private": "eyJlMmJmYjczMC1lY2FhLTExZTYtOGY4OC0zNDM2M2JjN2M0YzAiOnsiY3JlYXRlIjo2MDAwMDAwMDAwMDAsImRlbGV0ZSI6NjAwMDAwMDAwMDAwLCJ1cGRhdGUiOjYwMDAwMDAwMDAwMH19",
          "dependencies": [
            "module.apigateway.aws_apigatewayv2_api.main",
            "module.apigateway.aws_apigatewayv2_stage.dev",
            "module.apigateway.aws_cloudwatch_log_group.main_api_gw",
            "module.apigateway.data.aws_caller_identity.current",
            "module.apigateway.data.aws_region.current",
            "module.apigateway_resource_authorization.aws_apigatewayv2_authorizer.header_based_authorizer",
            "module.apigateway_resource_authorization.aws_cloudwatch_log_group.html_loggroup_lambda_authorizer",
            "module.apigateway_resource_authorization.aws_iam_policy.dynamodb_lambda_policy_authorizer",
            "module.apigateway_resource_authorization.aws_iam_role.lambda_role_authorizer",
            "module.apigateway_resource_authorization.aws_iam_role_policy_attachment.lambda_attachements",
            "module.apigateway_resource_authorization.aws_iam_role_policy_attachment.lambda_role_policy_authorizer",
            "module.apigateway_resource_authorization.aws_lambda_function.html_lambda_authorizer",
            "module.apigateway_resource_authorization.aws_lambda_permission.allow_api_gw_invoke_authorizer",
            "module.apigateway_resource_authorization.data.archive_file.lambda_package_authorizer",
            "module.apigateway_resource_authorization.data.aws_apigatewayv2_api.selected",
            "module.apigateway_resource_authorization.data.aws_caller_identity.current",
            "module.apigateway_resource_authorization.data.aws_iam_policy_document.lambda_policy_document_authorizer",
            "module.apigateway_resource_authorization.data.aws_region.current",
            "module.apigateway_resource_employees.aws_iam_role.lambda_role_employees_update",
            "module.apigateway_resource_employees.data.archive_file.lambda_package_employees_update",
            "module.tables_dynamodb.aws_dynamodb_table.tbl_customers",
            "module.tables_dynamodb.aws_dynamodb_table.tbl_employees",
            "module.tables_dynamodb.aws_dynamodb_table.tbl_inventories",
            "module.tables_dynamodb.aws_dynamodb_table.tbl_suppliers",
            "module.tables_dynamodb.aws_dynamodb_table.tbl_token",
            "module.tables_dynamodb.aws_dynamodb_table.tbl_users"
          ]
        }
      ]
    },
    {
      "module": "module.apigateway_resource_employees",
      "mode": "managed",
      "type": "aws_lambda_permission",
      "name": "api_gw_employees_create",
      "provider": "provider[\"registry.terraform.io/hashicorp/aws\"]",
      "instances": [
        {
          "schema_version": 0,
          "attributes": {
            "action": "lambda:InvokeFunction",
            "event_source_token": null,
            "function_name": "lmb-celeste-employees-create-dev",
            "function_url_auth_type": null,
            "id": "AllowExecutionFromAPIGateway",
            "principal": "apigateway.amazonaws.com",
            "principal_org_id": null,
            "qualifier": "",
            "source_account": null,
            "source_arn": "arn:aws:execute-api:us-east-1:233925838033:u83oit2sq6/*/*",
            "statement_id": "AllowExecutionFromAPIGateway",
            "statement_id_prefix": ""
          },
          "sensitive_attributes": [],
          "private": "bnVsbA==",
          "dependencies": [
            "module.apigateway.aws_apigatewayv2_api.main",
            "module.apigateway.aws_apigatewayv2_stage.dev",
            "module.apigateway.aws_cloudwatch_log_group.main_api_gw",
            "module.apigateway.data.aws_caller_identity.current",
            "module.apigateway.data.aws_region.current",
            "module.apigateway_resource_authorization.aws_apigatewayv2_authorizer.header_based_authorizer",
            "module.apigateway_resource_authorization.aws_cloudwatch_log_group.html_loggroup_lambda_authorizer",
            "module.apigateway_resource_authorization.aws_iam_policy.dynamodb_lambda_policy_authorizer",
            "module.apigateway_resource_authorization.aws_iam_role.lambda_role_authorizer",
            "module.apigateway_resource_authorization.aws_iam_role_policy_attachment.lambda_attachements",
            "module.apigateway_resource_authorization.aws_iam_role_policy_attachment.lambda_role_policy_authorizer",
            "module.apigateway_resource_authorization.aws_lambda_function.html_lambda_authorizer",
            "module.apigateway_resource_authorization.aws_lambda_permission.allow_api_gw_invoke_authorizer",
            "module.apigateway_resource_authorization.data.archive_file.lambda_package_authorizer",
            "module.apigateway_resource_authorization.data.aws_apigatewayv2_api.selected",
            "module.apigateway_resource_authorization.data.aws_caller_identity.current",
            "module.apigateway_resource_authorization.data.aws_iam_policy_document.lambda_policy_document_authorizer",
            "module.apigateway_resource_authorization.data.aws_region.current",
            "module.apigateway_resource_employees.aws_iam_role.lambda_role_employees_create",
            "module.apigateway_resource_employees.aws_lambda_function.html_lambda_employees_create",
            "module.apigateway_resource_employees.data.archive_file.lambda_package_employees_create",
            "module.apigateway_resource_employees.data.aws_apigatewayv2_api.selected",
            "module.tables_dynamodb.aws_dynamodb_table.tbl_customers",
            "module.tables_dynamodb.aws_dynamodb_table.tbl_employees",
            "module.tables_dynamodb.aws_dynamodb_table.tbl_inventories",
            "module.tables_dynamodb.aws_dynamodb_table.tbl_suppliers",
            "module.tables_dynamodb.aws_dynamodb_table.tbl_token",
            "module.tables_dynamodb.aws_dynamodb_table.tbl_users"
          ]
        }
      ]
    },
    {
      "module": "module.apigateway_resource_employees",
      "mode": "managed",
      "type": "aws_lambda_permission",
      "name": "api_gw_employees_delete_by_id",
      "provider": "provider[\"registry.terraform.io/hashicorp/aws\"]",
      "instances": [
        {
          "schema_version": 0,
          "attributes": {
            "action": "lambda:InvokeFunction",
            "event_source_token": null,
            "function_name": "lmb-celeste-employees-delete-by-id-dev",
            "function_url_auth_type": null,
            "id": "AllowExecutionFromAPIGateway",
            "principal": "apigateway.amazonaws.com",
            "principal_org_id": null,
            "qualifier": "",
            "source_account": null,
            "source_arn": "arn:aws:execute-api:us-east-1:233925838033:u83oit2sq6/*/*",
            "statement_id": "AllowExecutionFromAPIGateway",
            "statement_id_prefix": ""
          },
          "sensitive_attributes": [],
          "private": "bnVsbA==",
          "dependencies": [
            "module.apigateway.aws_apigatewayv2_api.main",
            "module.apigateway.aws_apigatewayv2_stage.dev",
            "module.apigateway.aws_cloudwatch_log_group.main_api_gw",
            "module.apigateway.data.aws_caller_identity.current",
            "module.apigateway.data.aws_region.current",
            "module.apigateway_resource_authorization.aws_apigatewayv2_authorizer.header_based_authorizer",
            "module.apigateway_resource_authorization.aws_cloudwatch_log_group.html_loggroup_lambda_authorizer",
            "module.apigateway_resource_authorization.aws_iam_policy.dynamodb_lambda_policy_authorizer",
            "module.apigateway_resource_authorization.aws_iam_role.lambda_role_authorizer",
            "module.apigateway_resource_authorization.aws_iam_role_policy_attachment.lambda_attachements",
            "module.apigateway_resource_authorization.aws_iam_role_policy_attachment.lambda_role_policy_authorizer",
            "module.apigateway_resource_authorization.aws_lambda_function.html_lambda_authorizer",
            "module.apigateway_resource_authorization.aws_lambda_permission.allow_api_gw_invoke_authorizer",
            "module.apigateway_resource_authorization.data.archive_file.lambda_package_authorizer",
            "module.apigateway_resource_authorization.data.aws_apigatewayv2_api.selected",
            "module.apigateway_resource_authorization.data.aws_caller_identity.current",
            "module.apigateway_resource_authorization.data.aws_iam_policy_document.lambda_policy_document_authorizer",
            "module.apigateway_resource_authorization.data.aws_region.current",
            "module.apigateway_resource_employees.aws_iam_role.lambda_role_employees_delete_by_id",
            "module.apigateway_resource_employees.aws_lambda_function.html_lambda_employees_delete_by_id",
            "module.apigateway_resource_employees.data.archive_file.lambda_package_employees_delete_by_id",
            "module.apigateway_resource_employees.data.aws_apigatewayv2_api.selected",
            "module.tables_dynamodb.aws_dynamodb_table.tbl_customers",
            "module.tables_dynamodb.aws_dynamodb_table.tbl_employees",
            "module.tables_dynamodb.aws_dynamodb_table.tbl_inventories",
            "module.tables_dynamodb.aws_dynamodb_table.tbl_suppliers",
            "module.tables_dynamodb.aws_dynamodb_table.tbl_token",
            "module.tables_dynamodb.aws_dynamodb_table.tbl_users"
          ]
        }
      ]
    },
    {
      "module": "module.apigateway_resource_employees",
      "mode": "managed",
      "type": "aws_lambda_permission",
      "name": "api_gw_employees_filter",
      "provider": "provider[\"registry.terraform.io/hashicorp/aws\"]",
      "instances": [
        {
          "schema_version": 0,
          "attributes": {
            "action": "lambda:InvokeFunction",
            "event_source_token": null,
            "function_name": "lmb-celeste-employees-filter-dev",
            "function_url_auth_type": null,
            "id": "AllowExecutionFromAPIGateway",
            "principal": "apigateway.amazonaws.com",
            "principal_org_id": null,
            "qualifier": "",
            "source_account": null,
            "source_arn": "arn:aws:execute-api:us-east-1:233925838033:u83oit2sq6/*/*",
            "statement_id": "AllowExecutionFromAPIGateway",
            "statement_id_prefix": ""
          },
          "sensitive_attributes": [],
          "private": "bnVsbA==",
          "dependencies": [
            "module.apigateway.aws_apigatewayv2_api.main",
            "module.apigateway.aws_apigatewayv2_stage.dev",
            "module.apigateway.aws_cloudwatch_log_group.main_api_gw",
            "module.apigateway.data.aws_caller_identity.current",
            "module.apigateway.data.aws_region.current",
            "module.apigateway_resource_authorization.aws_apigatewayv2_authorizer.header_based_authorizer",
            "module.apigateway_resource_authorization.aws_cloudwatch_log_group.html_loggroup_lambda_authorizer",
            "module.apigateway_resource_authorization.aws_iam_policy.dynamodb_lambda_policy_authorizer",
            "module.apigateway_resource_authorization.aws_iam_role.lambda_role_authorizer",
            "module.apigateway_resource_authorization.aws_iam_role_policy_attachment.lambda_attachements",
            "module.apigateway_resource_authorization.aws_iam_role_policy_attachment.lambda_role_policy_authorizer",
            "module.apigateway_resource_authorization.aws_lambda_function.html_lambda_authorizer",
            "module.apigateway_resource_authorization.aws_lambda_permission.allow_api_gw_invoke_authorizer",
            "module.apigateway_resource_authorization.data.archive_file.lambda_package_authorizer",
            "module.apigateway_resource_authorization.data.aws_apigatewayv2_api.selected",
            "module.apigateway_resource_authorization.data.aws_caller_identity.current",
            "module.apigateway_resource_authorization.data.aws_iam_policy_document.lambda_policy_document_authorizer",
            "module.apigateway_resource_authorization.data.aws_region.current",
            "module.apigateway_resource_employees.aws_iam_role.lambda_role_employees_filter",
            "module.apigateway_resource_employees.aws_lambda_function.html_lambda_employees_filter",
            "module.apigateway_resource_employees.data.archive_file.lambda_package_employees_filter",
            "module.apigateway_resource_employees.data.aws_apigatewayv2_api.selected",
            "module.tables_dynamodb.aws_dynamodb_table.tbl_customers",
            "module.tables_dynamodb.aws_dynamodb_table.tbl_employees",
            "module.tables_dynamodb.aws_dynamodb_table.tbl_inventories",
            "module.tables_dynamodb.aws_dynamodb_table.tbl_suppliers",
            "module.tables_dynamodb.aws_dynamodb_table.tbl_token",
            "module.tables_dynamodb.aws_dynamodb_table.tbl_users"
          ]
        }
      ]
    },
    {
      "module": "module.apigateway_resource_employees",
      "mode": "managed",
      "type": "aws_lambda_permission",
      "name": "api_gw_employees_update",
      "provider": "provider[\"registry.terraform.io/hashicorp/aws\"]",
      "instances": [
        {
          "schema_version": 0,
          "attributes": {
            "action": "lambda:InvokeFunction",
            "event_source_token": null,
            "function_name": "lmb-celeste-employees-update-dev",
            "function_url_auth_type": null,
            "id": "AllowExecutionFromAPIGateway",
            "principal": "apigateway.amazonaws.com",
            "principal_org_id": null,
            "qualifier": "",
            "source_account": null,
            "source_arn": "arn:aws:execute-api:us-east-1:233925838033:u83oit2sq6/*/*",
            "statement_id": "AllowExecutionFromAPIGateway",
            "statement_id_prefix": ""
          },
          "sensitive_attributes": [],
          "private": "bnVsbA==",
          "dependencies": [
            "module.apigateway.aws_apigatewayv2_api.main",
            "module.apigateway.aws_apigatewayv2_stage.dev",
            "module.apigateway.aws_cloudwatch_log_group.main_api_gw",
            "module.apigateway.data.aws_caller_identity.current",
            "module.apigateway.data.aws_region.current",
            "module.apigateway_resource_authorization.aws_apigatewayv2_authorizer.header_based_authorizer",
            "module.apigateway_resource_authorization.aws_cloudwatch_log_group.html_loggroup_lambda_authorizer",
            "module.apigateway_resource_authorization.aws_iam_policy.dynamodb_lambda_policy_authorizer",
            "module.apigateway_resource_authorization.aws_iam_role.lambda_role_authorizer",
            "module.apigateway_resource_authorization.aws_iam_role_policy_attachment.lambda_attachements",
            "module.apigateway_resource_authorization.aws_iam_role_policy_attachment.lambda_role_policy_authorizer",
            "module.apigateway_resource_authorization.aws_lambda_function.html_lambda_authorizer",
            "module.apigateway_resource_authorization.aws_lambda_permission.allow_api_gw_invoke_authorizer",
            "module.apigateway_resource_authorization.data.archive_file.lambda_package_authorizer",
            "module.apigateway_resource_authorization.data.aws_apigatewayv2_api.selected",
            "module.apigateway_resource_authorization.data.aws_caller_identity.current",
            "module.apigateway_resource_authorization.data.aws_iam_policy_document.lambda_policy_document_authorizer",
            "module.apigateway_resource_authorization.data.aws_region.current",
            "module.apigateway_resource_employees.aws_iam_role.lambda_role_employees_update",
            "module.apigateway_resource_employees.aws_lambda_function.html_lambda_employees_update",
            "module.apigateway_resource_employees.data.archive_file.lambda_package_employees_update",
            "module.apigateway_resource_employees.data.aws_apigatewayv2_api.selected",
            "module.tables_dynamodb.aws_dynamodb_table.tbl_customers",
            "module.tables_dynamodb.aws_dynamodb_table.tbl_employees",
            "module.tables_dynamodb.aws_dynamodb_table.tbl_inventories",
            "module.tables_dynamodb.aws_dynamodb_table.tbl_suppliers",
            "module.tables_dynamodb.aws_dynamodb_table.tbl_token",
            "module.tables_dynamodb.aws_dynamodb_table.tbl_users"
          ]
        }
      ]
    },
    {
      "module": "module.apigateway_resource_security",
      "mode": "data",
      "type": "archive_file",
      "name": "lambda_package_login",
      "provider": "provider[\"registry.terraform.io/hashicorp/archive\"]",
      "instances": [
        {
          "schema_version": 0,
          "attributes": {
            "exclude_symlink_directories": null,
            "excludes": null,
            "id": "ba0fef42e1056d523e082827770d68a94dcae14f",
            "output_base64sha256": "PTee6DmT3ocbmU6TjBhuEm/pHbkDklzQQ+fyNjnvSDs=",
            "output_base64sha512": "2oisJg2/oD2GPkPr1jIJU95V8HqxIHUvvgu+jF69uMmv6BKtu9buTPDbqxeexCI2MGMfVDNoL6lI5zjzbExMPQ==",
            "output_file_mode": null,
            "output_md5": "9ce17adf41d4b6d76b8daaad7d44787e",
            "output_path": "./resources/auth/login/index.zip",
            "output_sha": "ba0fef42e1056d523e082827770d68a94dcae14f",
            "output_sha256": "3d379ee83993de871b994e938c186e126fe91db903925cd043e7f23639ef483b",
            "output_sha512": "da88ac260dbfa03d863e43ebd6320953de55f07ab120752fbe0bbe8c5ebdb8c9afe812adbbd6ee4cf0dbab179ec4223630631f5433682fa948e738f36c4c4c3d",
            "output_size": 361351,
            "source": [],
            "source_content": null,
            "source_content_filename": null,
            "source_dir": "./lambdas/auth/login",
            "source_file": null,
            "type": "zip"
          },
          "sensitive_attributes": []
        }
      ]
    },
    {
      "module": "module.apigateway_resource_security",
      "mode": "data",
      "type": "aws_apigatewayv2_api",
      "name": "selected",
      "provider": "provider[\"registry.terraform.io/hashicorp/aws\"]",
      "instances": [
        {
          "schema_version": 0,
          "attributes": {
            "api_endpoint": "https://u83oit2sq6.execute-api.us-east-1.amazonaws.com",
            "api_id": "u83oit2sq6",
            "api_key_selection_expression": "$request.header.x-api-key",
            "arn": "arn:aws:apigateway:us-east-1::/apis/u83oit2sq6",
            "cors_configuration": [
              {
                "allow_credentials": false,
                "allow_headers": [
                  "*"
                ],
                "allow_methods": [
                  "DELETE",
                  "GET",
                  "OPTIONS",
                  "POST",
                  "PUT"
                ],
                "allow_origins": [
                  "*",
                  "http://localhost:3000"
                ],
                "expose_headers": [],
                "max_age": 300
              }
            ],
            "description": "api-celeste-dev API Gateway",
            "disable_execute_api_endpoint": false,
            "execution_arn": "arn:aws:execute-api:us-east-1:233925838033:u83oit2sq6",
            "id": "u83oit2sq6",
            "name": "api-celeste-dev",
            "protocol_type": "HTTP",
            "route_selection_expression": "$request.method $request.path",
            "tags": {
              "iac": "terraform"
            },
            "version": ""
          },
          "sensitive_attributes": []
        }
      ]
    },
    {
      "module": "module.apigateway_resource_security",
      "mode": "data",
      "type": "aws_caller_identity",
      "name": "current",
      "provider": "provider[\"registry.terraform.io/hashicorp/aws\"]",
      "instances": [
        {
          "schema_version": 0,
          "attributes": {
            "account_id": "233925838033",
            "arn": "arn:aws:iam::233925838033:root",
            "id": "233925838033",
            "user_id": "233925838033"
          },
          "sensitive_attributes": []
        }
      ]
    },
    {
      "module": "module.apigateway_resource_security",
      "mode": "data",
      "type": "aws_iam_policy_document",
      "name": "lambda_policy_document_login",
      "provider": "provider[\"registry.terraform.io/hashicorp/aws\"]",
      "instances": [
        {
          "schema_version": 0,
          "attributes": {
            "id": "1159197497",
            "json": "{\n  \"Version\": \"2012-10-17\",\n  \"Statement\": [\n    {\n      \"Effect\": \"Allow\",\n      \"Action\": [\n        \"dynamodb:Scan\",\n        \"dynamodb:PutItem\",\n        \"dynamodb:DeleteItem\"\n      ],\n      \"Resource\": [\n        \"arn:aws:dynamodb:us-east-1:233925838033:table/tbl-celeste-users-dev\",\n        \"arn:aws:dynamodb:us-east-1:233925838033:table/tbl-celeste-token-dev\"\n      ]\n    }\n  ]\n}",
            "minified_json": "{\"Version\":\"2012-10-17\",\"Statement\":[{\"Effect\":\"Allow\",\"Action\":[\"dynamodb:Scan\",\"dynamodb:PutItem\",\"dynamodb:DeleteItem\"],\"Resource\":[\"arn:aws:dynamodb:us-east-1:233925838033:table/tbl-celeste-users-dev\",\"arn:aws:dynamodb:us-east-1:233925838033:table/tbl-celeste-token-dev\"]}]}",
            "override_json": null,
            "override_policy_documents": null,
            "policy_id": null,
            "source_json": null,
            "source_policy_documents": null,
            "statement": [
              {
                "actions": [
                  "dynamodb:DeleteItem",
                  "dynamodb:PutItem",
                  "dynamodb:Scan"
                ],
                "condition": [],
                "effect": "Allow",
                "not_actions": [],
                "not_principals": [],
                "not_resources": [],
                "principals": [],
                "resources": [
                  "arn:aws:dynamodb:us-east-1:233925838033:table/tbl-celeste-token-dev",
                  "arn:aws:dynamodb:us-east-1:233925838033:table/tbl-celeste-users-dev"
                ],
                "sid": ""
              }
            ],
            "version": "2012-10-17"
          },
          "sensitive_attributes": []
        }
      ]
    },
    {
      "module": "module.apigateway_resource_security",
      "mode": "data",
      "type": "aws_region",
      "name": "current",
      "provider": "provider[\"registry.terraform.io/hashicorp/aws\"]",
      "instances": [
        {
          "schema_version": 0,
          "attributes": {
            "description": "US East (N. Virginia)",
            "endpoint": "ec2.us-east-1.amazonaws.com",
            "id": "us-east-1",
            "name": "us-east-1"
          },
          "sensitive_attributes": []
        }
      ]
    },
    {
      "module": "module.apigateway_resource_security",
      "mode": "managed",
      "type": "aws_apigatewayv2_integration",
      "name": "lambda_handler_login",
      "provider": "provider[\"registry.terraform.io/hashicorp/aws\"]",
      "instances": [
        {
          "schema_version": 0,
          "attributes": {
            "api_id": "u83oit2sq6",
            "connection_id": "",
            "connection_type": "INTERNET",
            "content_handling_strategy": "",
            "credentials_arn": "",
            "description": "",
            "id": "sewomkm",
            "integration_method": "POST",
            "integration_response_selection_expression": "",
            "integration_subtype": "",
            "integration_type": "AWS_PROXY",
            "integration_uri": "arn:aws:apigateway:us-east-1:lambda:path/2015-03-31/functions/arn:aws:lambda:us-east-1:233925838033:function:lmb-celeste-login-dev/invocations",
            "passthrough_behavior": "",
            "payload_format_version": "1.0",
            "request_parameters": {},
            "request_templates": {},
            "response_parameters": [],
            "template_selection_expression": "",
            "timeout_milliseconds": 30000,
            "tls_config": []
          },
          "sensitive_attributes": [],
          "private": "bnVsbA==",
          "dependencies": [
            "module.apigateway.aws_apigatewayv2_api.main",
            "module.apigateway.aws_apigatewayv2_stage.dev",
            "module.apigateway.aws_cloudwatch_log_group.main_api_gw",
            "module.apigateway.data.aws_caller_identity.current",
            "module.apigateway.data.aws_region.current",
            "module.apigateway_resource_authorization.aws_apigatewayv2_authorizer.header_based_authorizer",
            "module.apigateway_resource_authorization.aws_cloudwatch_log_group.html_loggroup_lambda_authorizer",
            "module.apigateway_resource_authorization.aws_iam_policy.dynamodb_lambda_policy_authorizer",
            "module.apigateway_resource_authorization.aws_iam_role.lambda_role_authorizer",
            "module.apigateway_resource_authorization.aws_iam_role_policy_attachment.lambda_attachements",
            "module.apigateway_resource_authorization.aws_iam_role_policy_attachment.lambda_role_policy_authorizer",
            "module.apigateway_resource_authorization.aws_lambda_function.html_lambda_authorizer",
            "module.apigateway_resource_authorization.aws_lambda_permission.allow_api_gw_invoke_authorizer",
            "module.apigateway_resource_authorization.data.archive_file.lambda_package_authorizer",
            "module.apigateway_resource_authorization.data.aws_apigatewayv2_api.selected",
            "module.apigateway_resource_authorization.data.aws_caller_identity.current",
            "module.apigateway_resource_authorization.data.aws_iam_policy_document.lambda_policy_document_authorizer",
            "module.apigateway_resource_authorization.data.aws_region.current",
            "module.apigateway_resource_security.aws_iam_role.lambda_role_login",
            "module.apigateway_resource_security.aws_lambda_function.html_lambda_login",
            "module.apigateway_resource_security.data.archive_file.lambda_package_login",
            "module.tables_dynamodb.aws_dynamodb_table.tbl_customers",
            "module.tables_dynamodb.aws_dynamodb_table.tbl_employees",
            "module.tables_dynamodb.aws_dynamodb_table.tbl_inventories",
            "module.tables_dynamodb.aws_dynamodb_table.tbl_suppliers",
            "module.tables_dynamodb.aws_dynamodb_table.tbl_token",
            "module.tables_dynamodb.aws_dynamodb_table.tbl_users"
          ]
        }
      ]
    },
    {
      "module": "module.apigateway_resource_security",
      "mode": "managed",
      "type": "aws_apigatewayv2_route",
      "name": "handler_login",
      "provider": "provider[\"registry.terraform.io/hashicorp/aws\"]",
      "instances": [
        {
          "schema_version": 0,
          "attributes": {
            "api_id": "u83oit2sq6",
            "api_key_required": false,
            "authorization_scopes": [],
            "authorization_type": "NONE",
            "authorizer_id": "",
            "id": "1mok186",
            "model_selection_expression": "",
            "operation_name": "",
            "request_models": {},
            "request_parameter": [],
            "route_key": "POST /api/v1/security/login",
            "route_response_selection_expression": "",
            "target": "integrations/sewomkm"
          },
          "sensitive_attributes": [],
          "private": "bnVsbA==",
          "dependencies": [
            "module.apigateway.aws_apigatewayv2_api.main",
            "module.apigateway.aws_apigatewayv2_stage.dev",
            "module.apigateway.aws_cloudwatch_log_group.main_api_gw",
            "module.apigateway.data.aws_caller_identity.current",
            "module.apigateway.data.aws_region.current",
            "module.apigateway_resource_authorization.aws_apigatewayv2_authorizer.header_based_authorizer",
            "module.apigateway_resource_authorization.aws_cloudwatch_log_group.html_loggroup_lambda_authorizer",
            "module.apigateway_resource_authorization.aws_iam_policy.dynamodb_lambda_policy_authorizer",
            "module.apigateway_resource_authorization.aws_iam_role.lambda_role_authorizer",
            "module.apigateway_resource_authorization.aws_iam_role_policy_attachment.lambda_attachements",
            "module.apigateway_resource_authorization.aws_iam_role_policy_attachment.lambda_role_policy_authorizer",
            "module.apigateway_resource_authorization.aws_lambda_function.html_lambda_authorizer",
            "module.apigateway_resource_authorization.aws_lambda_permission.allow_api_gw_invoke_authorizer",
            "module.apigateway_resource_authorization.data.archive_file.lambda_package_authorizer",
            "module.apigateway_resource_authorization.data.aws_apigatewayv2_api.selected",
            "module.apigateway_resource_authorization.data.aws_caller_identity.current",
            "module.apigateway_resource_authorization.data.aws_iam_policy_document.lambda_policy_document_authorizer",
            "module.apigateway_resource_authorization.data.aws_region.current",
            "module.apigateway_resource_security.aws_apigatewayv2_integration.lambda_handler_login",
            "module.apigateway_resource_security.aws_iam_role.lambda_role_login",
            "module.apigateway_resource_security.aws_lambda_function.html_lambda_login",
            "module.apigateway_resource_security.data.archive_file.lambda_package_login",
            "module.tables_dynamodb.aws_dynamodb_table.tbl_customers",
            "module.tables_dynamodb.aws_dynamodb_table.tbl_employees",
            "module.tables_dynamodb.aws_dynamodb_table.tbl_inventories",
            "module.tables_dynamodb.aws_dynamodb_table.tbl_suppliers",
            "module.tables_dynamodb.aws_dynamodb_table.tbl_token",
            "module.tables_dynamodb.aws_dynamodb_table.tbl_users"
          ]
        }
      ]
    },
    {
      "module": "module.apigateway_resource_security",
      "mode": "managed",
      "type": "aws_cloudwatch_log_group",
      "name": "html_loggroup_lambda_login",
      "provider": "provider[\"registry.terraform.io/hashicorp/aws\"]",
      "instances": [
        {
          "schema_version": 0,
          "attributes": {
            "arn": "arn:aws:logs:us-east-1:233925838033:log-group:/aws/lambda/lmb-celeste-login-dev",
            "id": "/aws/lambda/lmb-celeste-login-dev",
            "kms_key_id": "",
            "log_group_class": "STANDARD",
            "name": "/aws/lambda/lmb-celeste-login-dev",
            "name_prefix": "",
            "retention_in_days": 7,
            "skip_destroy": false,
            "tags": {},
            "tags_all": {
              "iac": "terraform"
            }
          },
          "sensitive_attributes": [],
          "private": "bnVsbA==",
          "dependencies": [
            "module.apigateway.aws_apigatewayv2_api.main",
            "module.apigateway.aws_apigatewayv2_stage.dev",
            "module.apigateway.aws_cloudwatch_log_group.main_api_gw",
            "module.apigateway.data.aws_caller_identity.current",
            "module.apigateway.data.aws_region.current",
            "module.apigateway_resource_authorization.aws_apigatewayv2_authorizer.header_based_authorizer",
            "module.apigateway_resource_authorization.aws_cloudwatch_log_group.html_loggroup_lambda_authorizer",
            "module.apigateway_resource_authorization.aws_iam_policy.dynamodb_lambda_policy_authorizer",
            "module.apigateway_resource_authorization.aws_iam_role.lambda_role_authorizer",
            "module.apigateway_resource_authorization.aws_iam_role_policy_attachment.lambda_attachements",
            "module.apigateway_resource_authorization.aws_iam_role_policy_attachment.lambda_role_policy_authorizer",
            "module.apigateway_resource_authorization.aws_lambda_function.html_lambda_authorizer",
            "module.apigateway_resource_authorization.aws_lambda_permission.allow_api_gw_invoke_authorizer",
            "module.apigateway_resource_authorization.data.archive_file.lambda_package_authorizer",
            "module.apigateway_resource_authorization.data.aws_apigatewayv2_api.selected",
            "module.apigateway_resource_authorization.data.aws_caller_identity.current",
            "module.apigateway_resource_authorization.data.aws_iam_policy_document.lambda_policy_document_authorizer",
            "module.apigateway_resource_authorization.data.aws_region.current",
            "module.apigateway_resource_security.aws_iam_role.lambda_role_login",
            "module.apigateway_resource_security.aws_lambda_function.html_lambda_login",
            "module.apigateway_resource_security.data.archive_file.lambda_package_login",
            "module.tables_dynamodb.aws_dynamodb_table.tbl_customers",
            "module.tables_dynamodb.aws_dynamodb_table.tbl_employees",
            "module.tables_dynamodb.aws_dynamodb_table.tbl_inventories",
            "module.tables_dynamodb.aws_dynamodb_table.tbl_suppliers",
            "module.tables_dynamodb.aws_dynamodb_table.tbl_token",
            "module.tables_dynamodb.aws_dynamodb_table.tbl_users"
          ]
        }
      ]
    },
    {
      "module": "module.apigateway_resource_security",
      "mode": "managed",
      "type": "aws_iam_policy",
      "name": "dynamodb_lambda_policy_login",
      "provider": "provider[\"registry.terraform.io/hashicorp/aws\"]",
      "instances": [
        {
          "schema_version": 0,
          "attributes": {
            "arn": "arn:aws:iam::233925838033:policy/policy-celeste-login-dev",
            "attachment_count": 1,
            "description": "This policy will be used by the lambda to write get data from DynamoDB",
            "id": "arn:aws:iam::233925838033:policy/policy-celeste-login-dev",
            "name": "policy-celeste-login-dev",
            "name_prefix": "",
            "path": "/",
            "policy": "{\"Statement\":[{\"Action\":[\"dynamodb:Scan\",\"dynamodb:PutItem\",\"dynamodb:DeleteItem\"],\"Effect\":\"Allow\",\"Resource\":[\"arn:aws:dynamodb:us-east-1:233925838033:table/tbl-celeste-users-dev\",\"arn:aws:dynamodb:us-east-1:233925838033:table/tbl-celeste-token-dev\"]}],\"Version\":\"2012-10-17\"}",
            "policy_id": "ANPATM5YRATIU3EVKW6MP",
            "tags": {},
            "tags_all": {
              "iac": "terraform"
            }
          },
          "sensitive_attributes": [],
          "private": "bnVsbA==",
          "dependencies": [
            "module.apigateway.aws_apigatewayv2_api.main",
            "module.apigateway.aws_apigatewayv2_stage.dev",
            "module.apigateway.aws_cloudwatch_log_group.main_api_gw",
            "module.apigateway.data.aws_caller_identity.current",
            "module.apigateway.data.aws_region.current",
            "module.apigateway_resource_authorization.aws_apigatewayv2_authorizer.header_based_authorizer",
            "module.apigateway_resource_authorization.aws_cloudwatch_log_group.html_loggroup_lambda_authorizer",
            "module.apigateway_resource_authorization.aws_iam_policy.dynamodb_lambda_policy_authorizer",
            "module.apigateway_resource_authorization.aws_iam_role.lambda_role_authorizer",
            "module.apigateway_resource_authorization.aws_iam_role_policy_attachment.lambda_attachements",
            "module.apigateway_resource_authorization.aws_iam_role_policy_attachment.lambda_role_policy_authorizer",
            "module.apigateway_resource_authorization.aws_lambda_function.html_lambda_authorizer",
            "module.apigateway_resource_authorization.aws_lambda_permission.allow_api_gw_invoke_authorizer",
            "module.apigateway_resource_authorization.data.archive_file.lambda_package_authorizer",
            "module.apigateway_resource_authorization.data.aws_apigatewayv2_api.selected",
            "module.apigateway_resource_authorization.data.aws_caller_identity.current",
            "module.apigateway_resource_authorization.data.aws_iam_policy_document.lambda_policy_document_authorizer",
            "module.apigateway_resource_authorization.data.aws_region.current",
            "module.apigateway_resource_security.data.aws_caller_identity.current",
            "module.apigateway_resource_security.data.aws_iam_policy_document.lambda_policy_document_login",
            "module.apigateway_resource_security.data.aws_region.current",
            "module.tables_dynamodb.aws_dynamodb_table.tbl_customers",
            "module.tables_dynamodb.aws_dynamodb_table.tbl_employees",
            "module.tables_dynamodb.aws_dynamodb_table.tbl_inventories",
            "module.tables_dynamodb.aws_dynamodb_table.tbl_suppliers",
            "module.tables_dynamodb.aws_dynamodb_table.tbl_token",
            "module.tables_dynamodb.aws_dynamodb_table.tbl_users"
          ]
        }
      ]
    },
    {
      "module": "module.apigateway_resource_security",
      "mode": "managed",
      "type": "aws_iam_role",
      "name": "lambda_role_login",
      "provider": "provider[\"registry.terraform.io/hashicorp/aws\"]",
      "instances": [
        {
          "schema_version": 0,
          "attributes": {
            "arn": "arn:aws:iam::233925838033:role/role-celeste-login-dev",
            "assume_role_policy": "{\"Statement\":[{\"Action\":\"sts:AssumeRole\",\"Effect\":\"Allow\",\"Principal\":{\"Service\":\"lambda.amazonaws.com\"}}],\"Version\":\"2012-10-17\"}",
            "create_date": "2025-03-06T21:18:37Z",
            "description": "",
            "force_detach_policies": false,
            "id": "role-celeste-login-dev",
            "inline_policy": [],
            "managed_policy_arns": [
              "arn:aws:iam::233925838033:policy/policy-celeste-login-dev",
              "arn:aws:iam::aws:policy/service-role/AWSLambdaBasicExecutionRole"
            ],
            "max_session_duration": 3600,
            "name": "role-celeste-login-dev",
            "name_prefix": "",
            "path": "/",
            "permissions_boundary": "",
            "tags": {},
            "tags_all": {
              "iac": "terraform"
            },
            "unique_id": "AROATM5YRATIWCMCX7MBV"
          },
          "sensitive_attributes": [],
          "private": "bnVsbA==",
          "dependencies": [
            "module.apigateway.aws_apigatewayv2_api.main",
            "module.apigateway.aws_apigatewayv2_stage.dev",
            "module.apigateway.aws_cloudwatch_log_group.main_api_gw",
            "module.apigateway.data.aws_caller_identity.current",
            "module.apigateway.data.aws_region.current",
            "module.apigateway_resource_authorization.aws_apigatewayv2_authorizer.header_based_authorizer",
            "module.apigateway_resource_authorization.aws_cloudwatch_log_group.html_loggroup_lambda_authorizer",
            "module.apigateway_resource_authorization.aws_iam_policy.dynamodb_lambda_policy_authorizer",
            "module.apigateway_resource_authorization.aws_iam_role.lambda_role_authorizer",
            "module.apigateway_resource_authorization.aws_iam_role_policy_attachment.lambda_attachements",
            "module.apigateway_resource_authorization.aws_iam_role_policy_attachment.lambda_role_policy_authorizer",
            "module.apigateway_resource_authorization.aws_lambda_function.html_lambda_authorizer",
            "module.apigateway_resource_authorization.aws_lambda_permission.allow_api_gw_invoke_authorizer",
            "module.apigateway_resource_authorization.data.archive_file.lambda_package_authorizer",
            "module.apigateway_resource_authorization.data.aws_apigatewayv2_api.selected",
            "module.apigateway_resource_authorization.data.aws_caller_identity.current",
            "module.apigateway_resource_authorization.data.aws_iam_policy_document.lambda_policy_document_authorizer",
            "module.apigateway_resource_authorization.data.aws_region.current",
            "module.tables_dynamodb.aws_dynamodb_table.tbl_customers",
            "module.tables_dynamodb.aws_dynamodb_table.tbl_employees",
            "module.tables_dynamodb.aws_dynamodb_table.tbl_inventories",
            "module.tables_dynamodb.aws_dynamodb_table.tbl_suppliers",
            "module.tables_dynamodb.aws_dynamodb_table.tbl_token",
            "module.tables_dynamodb.aws_dynamodb_table.tbl_users"
          ]
        }
      ]
    },
    {
      "module": "module.apigateway_resource_security",
      "mode": "managed",
      "type": "aws_iam_role_policy_attachment",
      "name": "lambda_attachements_login",
      "provider": "provider[\"registry.terraform.io/hashicorp/aws\"]",
      "instances": [
        {
          "schema_version": 0,
          "attributes": {
            "id": "role-celeste-login-dev-20250306211838824900000007",
            "policy_arn": "arn:aws:iam::233925838033:policy/policy-celeste-login-dev",
            "role": "role-celeste-login-dev"
          },
          "sensitive_attributes": [],
          "private": "bnVsbA==",
          "dependencies": [
            "module.apigateway.aws_apigatewayv2_api.main",
            "module.apigateway.aws_apigatewayv2_stage.dev",
            "module.apigateway.aws_cloudwatch_log_group.main_api_gw",
            "module.apigateway.data.aws_caller_identity.current",
            "module.apigateway.data.aws_region.current",
            "module.apigateway_resource_authorization.aws_apigatewayv2_authorizer.header_based_authorizer",
            "module.apigateway_resource_authorization.aws_cloudwatch_log_group.html_loggroup_lambda_authorizer",
            "module.apigateway_resource_authorization.aws_iam_policy.dynamodb_lambda_policy_authorizer",
            "module.apigateway_resource_authorization.aws_iam_role.lambda_role_authorizer",
            "module.apigateway_resource_authorization.aws_iam_role_policy_attachment.lambda_attachements",
            "module.apigateway_resource_authorization.aws_iam_role_policy_attachment.lambda_role_policy_authorizer",
            "module.apigateway_resource_authorization.aws_lambda_function.html_lambda_authorizer",
            "module.apigateway_resource_authorization.aws_lambda_permission.allow_api_gw_invoke_authorizer",
            "module.apigateway_resource_authorization.data.archive_file.lambda_package_authorizer",
            "module.apigateway_resource_authorization.data.aws_apigatewayv2_api.selected",
            "module.apigateway_resource_authorization.data.aws_caller_identity.current",
            "module.apigateway_resource_authorization.data.aws_iam_policy_document.lambda_policy_document_authorizer",
            "module.apigateway_resource_authorization.data.aws_region.current",
            "module.apigateway_resource_security.aws_iam_policy.dynamodb_lambda_policy_login",
            "module.apigateway_resource_security.aws_iam_role.lambda_role_login",
            "module.apigateway_resource_security.data.aws_caller_identity.current",
            "module.apigateway_resource_security.data.aws_iam_policy_document.lambda_policy_document_login",
            "module.apigateway_resource_security.data.aws_region.current",
            "module.tables_dynamodb.aws_dynamodb_table.tbl_customers",
            "module.tables_dynamodb.aws_dynamodb_table.tbl_employees",
            "module.tables_dynamodb.aws_dynamodb_table.tbl_inventories",
            "module.tables_dynamodb.aws_dynamodb_table.tbl_suppliers",
            "module.tables_dynamodb.aws_dynamodb_table.tbl_token",
            "module.tables_dynamodb.aws_dynamodb_table.tbl_users"
          ]
        }
      ]
    },
    {
      "module": "module.apigateway_resource_security",
      "mode": "managed",
      "type": "aws_iam_role_policy_attachment",
      "name": "lambda_role_policy_login",
      "provider": "provider[\"registry.terraform.io/hashicorp/aws\"]",
      "instances": [
        {
          "schema_version": 0,
          "attributes": {
            "id": "role-celeste-login-dev-20250306211838320700000004",
            "policy_arn": "arn:aws:iam::aws:policy/service-role/AWSLambdaBasicExecutionRole",
            "role": "role-celeste-login-dev"
          },
          "sensitive_attributes": [],
          "private": "bnVsbA==",
          "dependencies": [
            "module.apigateway.aws_apigatewayv2_api.main",
            "module.apigateway.aws_apigatewayv2_stage.dev",
            "module.apigateway.aws_cloudwatch_log_group.main_api_gw",
            "module.apigateway.data.aws_caller_identity.current",
            "module.apigateway.data.aws_region.current",
            "module.apigateway_resource_authorization.aws_apigatewayv2_authorizer.header_based_authorizer",
            "module.apigateway_resource_authorization.aws_cloudwatch_log_group.html_loggroup_lambda_authorizer",
            "module.apigateway_resource_authorization.aws_iam_policy.dynamodb_lambda_policy_authorizer",
            "module.apigateway_resource_authorization.aws_iam_role.lambda_role_authorizer",
            "module.apigateway_resource_authorization.aws_iam_role_policy_attachment.lambda_attachements",
            "module.apigateway_resource_authorization.aws_iam_role_policy_attachment.lambda_role_policy_authorizer",
            "module.apigateway_resource_authorization.aws_lambda_function.html_lambda_authorizer",
            "module.apigateway_resource_authorization.aws_lambda_permission.allow_api_gw_invoke_authorizer",
            "module.apigateway_resource_authorization.data.archive_file.lambda_package_authorizer",
            "module.apigateway_resource_authorization.data.aws_apigatewayv2_api.selected",
            "module.apigateway_resource_authorization.data.aws_caller_identity.current",
            "module.apigateway_resource_authorization.data.aws_iam_policy_document.lambda_policy_document_authorizer",
            "module.apigateway_resource_authorization.data.aws_region.current",
            "module.apigateway_resource_security.aws_iam_role.lambda_role_login",
            "module.tables_dynamodb.aws_dynamodb_table.tbl_customers",
            "module.tables_dynamodb.aws_dynamodb_table.tbl_employees",
            "module.tables_dynamodb.aws_dynamodb_table.tbl_inventories",
            "module.tables_dynamodb.aws_dynamodb_table.tbl_suppliers",
            "module.tables_dynamodb.aws_dynamodb_table.tbl_token",
            "module.tables_dynamodb.aws_dynamodb_table.tbl_users"
          ]
        }
      ]
    },
    {
      "module": "module.apigateway_resource_security",
      "mode": "managed",
      "type": "aws_lambda_function",
      "name": "html_lambda_login",
      "provider": "provider[\"registry.terraform.io/hashicorp/aws\"]",
      "instances": [
        {
          "schema_version": 0,
          "attributes": {
            "architectures": [
              "arm64"
            ],
            "arn": "arn:aws:lambda:us-east-1:233925838033:function:lmb-celeste-login-dev",
            "code_sha256": "PTee6DmT3ocbmU6TjBhuEm/pHbkDklzQQ+fyNjnvSDs=",
            "code_signing_config_arn": "",
            "dead_letter_config": [],
            "description": "",
            "environment": [],
            "ephemeral_storage": [
              {
                "size": 512
              }
            ],
            "file_system_config": [],
            "filename": "./resources/auth/login/index.zip",
            "function_name": "lmb-celeste-login-dev",
            "handler": "index.handler",
            "id": "lmb-celeste-login-dev",
            "image_config": [],
            "image_uri": "",
            "invoke_arn": "arn:aws:apigateway:us-east-1:lambda:path/2015-03-31/functions/arn:aws:lambda:us-east-1:233925838033:function:lmb-celeste-login-dev/invocations",
            "kms_key_arn": "",
            "last_modified": "2025-03-06T21:36:24.000+0000",
            "layers": [],
            "logging_config": [
              {
                "application_log_level": "",
                "log_format": "Text",
                "log_group": "/aws/lambda/lmb-celeste-login-dev",
                "system_log_level": ""
              }
            ],
            "memory_size": 128,
            "package_type": "Zip",
            "publish": false,
            "qualified_arn": "arn:aws:lambda:us-east-1:233925838033:function:lmb-celeste-login-dev:$LATEST",
            "qualified_invoke_arn": "arn:aws:apigateway:us-east-1:lambda:path/2015-03-31/functions/arn:aws:lambda:us-east-1:233925838033:function:lmb-celeste-login-dev:$LATEST/invocations",
            "replace_security_groups_on_destroy": null,
            "replacement_security_group_ids": null,
            "reserved_concurrent_executions": -1,
            "role": "arn:aws:iam::233925838033:role/role-celeste-login-dev",
            "runtime": "nodejs22.x",
            "s3_bucket": null,
            "s3_key": null,
            "s3_object_version": null,
            "signing_job_arn": "",
            "signing_profile_version_arn": "",
            "skip_destroy": false,
            "snap_start": [],
            "source_code_hash": "PTee6DmT3ocbmU6TjBhuEm/pHbkDklzQQ+fyNjnvSDs=",
            "source_code_size": 361351,
            "tags": {
              "app_name": "celeste",
              "env": "dev"
            },
            "tags_all": {
              "app_name": "celeste",
              "env": "dev",
              "iac": "terraform"
            },
            "timeout": 30,
            "timeouts": null,
            "tracing_config": [
              {
                "mode": "PassThrough"
              }
            ],
            "version": "$LATEST",
            "vpc_config": []
          },
          "sensitive_attributes": [],
          "private": "eyJlMmJmYjczMC1lY2FhLTExZTYtOGY4OC0zNDM2M2JjN2M0YzAiOnsiY3JlYXRlIjo2MDAwMDAwMDAwMDAsImRlbGV0ZSI6NjAwMDAwMDAwMDAwLCJ1cGRhdGUiOjYwMDAwMDAwMDAwMH19",
          "dependencies": [
            "module.apigateway.aws_apigatewayv2_api.main",
            "module.apigateway.aws_apigatewayv2_stage.dev",
            "module.apigateway.aws_cloudwatch_log_group.main_api_gw",
            "module.apigateway.data.aws_caller_identity.current",
            "module.apigateway.data.aws_region.current",
            "module.apigateway_resource_authorization.aws_apigatewayv2_authorizer.header_based_authorizer",
            "module.apigateway_resource_authorization.aws_cloudwatch_log_group.html_loggroup_lambda_authorizer",
            "module.apigateway_resource_authorization.aws_iam_policy.dynamodb_lambda_policy_authorizer",
            "module.apigateway_resource_authorization.aws_iam_role.lambda_role_authorizer",
            "module.apigateway_resource_authorization.aws_iam_role_policy_attachment.lambda_attachements",
            "module.apigateway_resource_authorization.aws_iam_role_policy_attachment.lambda_role_policy_authorizer",
            "module.apigateway_resource_authorization.aws_lambda_function.html_lambda_authorizer",
            "module.apigateway_resource_authorization.aws_lambda_permission.allow_api_gw_invoke_authorizer",
            "module.apigateway_resource_authorization.data.archive_file.lambda_package_authorizer",
            "module.apigateway_resource_authorization.data.aws_apigatewayv2_api.selected",
            "module.apigateway_resource_authorization.data.aws_caller_identity.current",
            "module.apigateway_resource_authorization.data.aws_iam_policy_document.lambda_policy_document_authorizer",
            "module.apigateway_resource_authorization.data.aws_region.current",
            "module.apigateway_resource_security.aws_iam_role.lambda_role_login",
            "module.apigateway_resource_security.data.archive_file.lambda_package_login",
            "module.tables_dynamodb.aws_dynamodb_table.tbl_customers",
            "module.tables_dynamodb.aws_dynamodb_table.tbl_employees",
            "module.tables_dynamodb.aws_dynamodb_table.tbl_inventories",
            "module.tables_dynamodb.aws_dynamodb_table.tbl_suppliers",
            "module.tables_dynamodb.aws_dynamodb_table.tbl_token",
            "module.tables_dynamodb.aws_dynamodb_table.tbl_users"
          ]
        }
      ]
    },
    {
      "module": "module.apigateway_resource_security",
      "mode": "managed",
      "type": "aws_lambda_permission",
      "name": "api_gw_login",
      "provider": "provider[\"registry.terraform.io/hashicorp/aws\"]",
      "instances": [
        {
          "schema_version": 0,
          "attributes": {
            "action": "lambda:InvokeFunction",
            "event_source_token": null,
            "function_name": "lmb-celeste-login-dev",
            "function_url_auth_type": null,
            "id": "AllowExecutionFromAPIGateway",
            "principal": "apigateway.amazonaws.com",
            "principal_org_id": null,
            "qualifier": "",
            "source_account": null,
            "source_arn": "arn:aws:execute-api:us-east-1:233925838033:u83oit2sq6/*/*",
            "statement_id": "AllowExecutionFromAPIGateway",
            "statement_id_prefix": ""
          },
          "sensitive_attributes": [],
          "private": "bnVsbA==",
          "dependencies": [
            "module.apigateway.aws_apigatewayv2_api.main",
            "module.apigateway.aws_apigatewayv2_stage.dev",
            "module.apigateway.aws_cloudwatch_log_group.main_api_gw",
            "module.apigateway.data.aws_caller_identity.current",
            "module.apigateway.data.aws_region.current",
            "module.apigateway_resource_authorization.aws_apigatewayv2_authorizer.header_based_authorizer",
            "module.apigateway_resource_authorization.aws_cloudwatch_log_group.html_loggroup_lambda_authorizer",
            "module.apigateway_resource_authorization.aws_iam_policy.dynamodb_lambda_policy_authorizer",
            "module.apigateway_resource_authorization.aws_iam_role.lambda_role_authorizer",
            "module.apigateway_resource_authorization.aws_iam_role_policy_attachment.lambda_attachements",
            "module.apigateway_resource_authorization.aws_iam_role_policy_attachment.lambda_role_policy_authorizer",
            "module.apigateway_resource_authorization.aws_lambda_function.html_lambda_authorizer",
            "module.apigateway_resource_authorization.aws_lambda_permission.allow_api_gw_invoke_authorizer",
            "module.apigateway_resource_authorization.data.archive_file.lambda_package_authorizer",
            "module.apigateway_resource_authorization.data.aws_apigatewayv2_api.selected",
            "module.apigateway_resource_authorization.data.aws_caller_identity.current",
            "module.apigateway_resource_authorization.data.aws_iam_policy_document.lambda_policy_document_authorizer",
            "module.apigateway_resource_authorization.data.aws_region.current",
            "module.apigateway_resource_security.aws_iam_role.lambda_role_login",
            "module.apigateway_resource_security.aws_lambda_function.html_lambda_login",
            "module.apigateway_resource_security.data.archive_file.lambda_package_login",
            "module.apigateway_resource_security.data.aws_apigatewayv2_api.selected",
            "module.tables_dynamodb.aws_dynamodb_table.tbl_customers",
            "module.tables_dynamodb.aws_dynamodb_table.tbl_employees",
            "module.tables_dynamodb.aws_dynamodb_table.tbl_inventories",
            "module.tables_dynamodb.aws_dynamodb_table.tbl_suppliers",
            "module.tables_dynamodb.aws_dynamodb_table.tbl_token",
            "module.tables_dynamodb.aws_dynamodb_table.tbl_users"
          ]
        }
      ]
    },
    {
      "module": "module.apigateway_resource_users",
      "mode": "data",
      "type": "archive_file",
      "name": "lambda_package_users_create",
      "provider": "provider[\"registry.terraform.io/hashicorp/archive\"]",
      "instances": [
        {
          "schema_version": 0,
          "attributes": {
            "exclude_symlink_directories": null,
            "excludes": null,
            "id": "ed95df3421135b706c71e5579e5f687e3d806246",
            "output_base64sha256": "hwZy0n5pWPRvX6laDf3W4wNEvBKuSmObIj7DF/75jno=",
            "output_base64sha512": "xrTFtOI/Pc2vP8inQc9oewtlmdltmHoXma/vzZxn5cHMa+bLIFqDo+QcH5s5YTFbdc02Eid+cp2AdRUKr6g1xQ==",
            "output_file_mode": null,
            "output_md5": "b801b0e392c0703c7ce90f4ff753c649",
            "output_path": "./resources/core/users-create/index.zip",
            "output_sha": "ed95df3421135b706c71e5579e5f687e3d806246",
            "output_sha256": "870672d27e6958f46f5fa95a0dfdd6e30344bc12ae4a639b223ec317fef98e7a",
            "output_sha512": "c6b4c5b4e23f3dcdaf3fc8a741cf687b0b6599d96d987a1799afefcd9c67e5c1cc6be6cb205a83a3e41c1f9b3961315b75cd3612277e729d8075150aafa835c5",
            "output_size": 361972,
            "source": [],
            "source_content": null,
            "source_content_filename": null,
            "source_dir": "./lambdas/core/users-create",
            "source_file": null,
            "type": "zip"
          },
          "sensitive_attributes": []
        }
      ]
    },
    {
      "module": "module.apigateway_resource_users",
      "mode": "data",
      "type": "archive_file",
      "name": "lambda_package_users_delete_by_id",
      "provider": "provider[\"registry.terraform.io/hashicorp/archive\"]",
      "instances": [
        {
          "schema_version": 0,
          "attributes": {
            "exclude_symlink_directories": null,
            "excludes": null,
            "id": "85ffbb5dc04ffffa9f9a49f9f094e8b4dc27d38d",
            "output_base64sha256": "ywjrn3GGibidM0dINw7FBdEht0ik0VmehgKI3QSRXew=",
            "output_base64sha512": "tY3hsPxMZeWJI5AGnp3LB8GWy4LfiwobStt70oKylJorfydHdYHF4zbZ7jkVLyHwVgJTjTodi1eT9GBQqZVmwQ==",
            "output_file_mode": null,
            "output_md5": "eb834af7677ec99d4d0deb8da8f5691c",
            "output_path": "./resources/core/users-delete-by-id/index.zip",
            "output_sha": "85ffbb5dc04ffffa9f9a49f9f094e8b4dc27d38d",
            "output_sha256": "cb08eb9f718689b89d334748370ec505d121b748a4d1599e860288dd04915dec",
            "output_sha512": "b58de1b0fc4c65e5892390069e9dcb07c196cb82df8b0a1b4adb7bd282b2949a2b7f27477581c5e336d9ee39152f21f05602538d3a1d8b5793f46050a99566c1",
            "output_size": 361158,
            "source": [],
            "source_content": null,
            "source_content_filename": null,
            "source_dir": "./lambdas/core/users-delete-by-id",
            "source_file": null,
            "type": "zip"
          },
          "sensitive_attributes": []
        }
      ]
    },
    {
      "module": "module.apigateway_resource_users",
      "mode": "data",
      "type": "archive_file",
      "name": "lambda_package_users_find_by_id",
      "provider": "provider[\"registry.terraform.io/hashicorp/archive\"]",
      "instances": [
        {
          "schema_version": 0,
          "attributes": {
            "exclude_symlink_directories": null,
            "excludes": null,
            "id": "4e81c3ebb6f69f94be815ed673eacc9c374e8c41",
            "output_base64sha256": "kZDoQ/0U544ENsoztPWFaW5dEm8LDF1hfksItYxY6hQ=",
            "output_base64sha512": "1zH4p3GrCbQxtESfCOVSJSu1HeiEl+PIDZrKM83YDsKKII2bxop4V5XX0MHsjSIOtDRlYPOwyaAh4XkpsViplQ==",
            "output_file_mode": null,
            "output_md5": "7dca6a074afe3be70b886af313fc165c",
            "output_path": "./resources/core/users-find-by-id/index.zip",
            "output_sha": "4e81c3ebb6f69f94be815ed673eacc9c374e8c41",
            "output_sha256": "9190e843fd14e78e0436ca33b4f585696e5d126f0b0c5d617e4b08b58c58ea14",
            "output_sha512": "d731f8a771ab09b431b4449f08e552252bb51de88497e3c80d9aca33cdd80ec28a208d9bc68a785795d7d0c1ec8d220eb4346560f3b0c9a021e17929b158a995",
            "output_size": 361186,
            "source": [],
            "source_content": null,
            "source_content_filename": null,
            "source_dir": "./lambdas/core/users-find-by-id",
            "source_file": null,
            "type": "zip"
          },
          "sensitive_attributes": []
        }
      ]
    },
    {
      "module": "module.apigateway_resource_users",
      "mode": "data",
      "type": "archive_file",
      "name": "lambda_package_users_update",
      "provider": "provider[\"registry.terraform.io/hashicorp/archive\"]",
      "instances": [
        {
          "schema_version": 0,
          "attributes": {
            "exclude_symlink_directories": null,
            "excludes": null,
            "id": "ca8c99603deae63246bd59209b86255b81791782",
            "output_base64sha256": "qKmE9JbA4yNesFcOMfJXlVN/f1LyMN0fx1aIcTyayjA=",
            "output_base64sha512": "7E6WCqXOWAvk7KkSWvgxbHFIVZJd8XYPSgHfTuGdot9CSM/ZW9UPr5oqGY5B3J+n6MS6/ZIgy1jUP2W4/Qy0dQ==",
            "output_file_mode": null,
            "output_md5": "4ae8e0c165a625754d505668296766b3",
            "output_path": "./resources/core/users-update-by-id/index.zip",
            "output_sha": "ca8c99603deae63246bd59209b86255b81791782",
            "output_sha256": "a8a984f496c0e3235eb0570e31f25795537f7f52f230dd1fc75688713c9aca30",
            "output_sha512": "ec4e960aa5ce580be4eca9125af8316c714855925df1760f4a01df4ee19da2df4248cfd95bd50faf9a2a198e41dc9fa7e8c4bafd9220cb58d43f65b8fd0cb475",
            "output_size": 564314,
            "source": [],
            "source_content": null,
            "source_content_filename": null,
            "source_dir": "./lambdas/core/users-update-by-id",
            "source_file": null,
            "type": "zip"
          },
          "sensitive_attributes": []
        }
      ]
    },
    {
      "module": "module.apigateway_resource_users",
      "mode": "data",
      "type": "aws_apigatewayv2_api",
      "name": "selected",
      "provider": "provider[\"registry.terraform.io/hashicorp/aws\"]",
      "instances": [
        {
          "schema_version": 0,
          "attributes": {
            "api_endpoint": "https://u83oit2sq6.execute-api.us-east-1.amazonaws.com",
            "api_id": "u83oit2sq6",
            "api_key_selection_expression": "$request.header.x-api-key",
            "arn": "arn:aws:apigateway:us-east-1::/apis/u83oit2sq6",
            "cors_configuration": [
              {
                "allow_credentials": false,
                "allow_headers": [
                  "*"
                ],
                "allow_methods": [
                  "DELETE",
                  "GET",
                  "OPTIONS",
                  "POST",
                  "PUT"
                ],
                "allow_origins": [
                  "*",
                  "http://localhost:3000"
                ],
                "expose_headers": [],
                "max_age": 300
              }
            ],
            "description": "api-celeste-dev API Gateway",
            "disable_execute_api_endpoint": false,
            "execution_arn": "arn:aws:execute-api:us-east-1:233925838033:u83oit2sq6",
            "id": "u83oit2sq6",
            "name": "api-celeste-dev",
            "protocol_type": "HTTP",
            "route_selection_expression": "$request.method $request.path",
            "tags": {
              "iac": "terraform"
            },
            "version": ""
          },
          "sensitive_attributes": []
        }
      ]
    },
    {
      "module": "module.apigateway_resource_users",
      "mode": "data",
      "type": "aws_caller_identity",
      "name": "current",
      "provider": "provider[\"registry.terraform.io/hashicorp/aws\"]",
      "instances": [
        {
          "schema_version": 0,
          "attributes": {
            "account_id": "233925838033",
            "arn": "arn:aws:iam::233925838033:root",
            "id": "233925838033",
            "user_id": "233925838033"
          },
          "sensitive_attributes": []
        }
      ]
    },
    {
      "module": "module.apigateway_resource_users",
      "mode": "data",
      "type": "aws_iam_policy_document",
      "name": "lambda_policy_document_users_create",
      "provider": "provider[\"registry.terraform.io/hashicorp/aws\"]",
      "instances": [
        {
          "schema_version": 0,
          "attributes": {
            "id": "2018379957",
            "json": "{\n  \"Version\": \"2012-10-17\",\n  \"Statement\": [\n    {\n      \"Effect\": \"Allow\",\n      \"Action\": [\n        \"dynamodb:Scan\",\n        \"dynamodb:PutItem\"\n      ],\n      \"Resource\": \"arn:aws:dynamodb:us-east-1:233925838033:table/tbl-celeste-users-dev\"\n    }\n  ]\n}",
            "minified_json": "{\"Version\":\"2012-10-17\",\"Statement\":[{\"Effect\":\"Allow\",\"Action\":[\"dynamodb:Scan\",\"dynamodb:PutItem\"],\"Resource\":\"arn:aws:dynamodb:us-east-1:233925838033:table/tbl-celeste-users-dev\"}]}",
            "override_json": null,
            "override_policy_documents": null,
            "policy_id": null,
            "source_json": null,
            "source_policy_documents": null,
            "statement": [
              {
                "actions": [
                  "dynamodb:PutItem",
                  "dynamodb:Scan"
                ],
                "condition": [],
                "effect": "Allow",
                "not_actions": [],
                "not_principals": [],
                "not_resources": [],
                "principals": [],
                "resources": [
                  "arn:aws:dynamodb:us-east-1:233925838033:table/tbl-celeste-users-dev"
                ],
                "sid": ""
              }
            ],
            "version": "2012-10-17"
          },
          "sensitive_attributes": []
        }
      ]
    },
    {
      "module": "module.apigateway_resource_users",
      "mode": "data",
      "type": "aws_iam_policy_document",
      "name": "lambda_policy_document_users_delete_by_id",
      "provider": "provider[\"registry.terraform.io/hashicorp/aws\"]",
      "instances": [
        {
          "schema_version": 0,
          "attributes": {
            "id": "2490280816",
            "json": "{\n  \"Version\": \"2012-10-17\",\n  \"Statement\": [\n    {\n      \"Effect\": \"Allow\",\n      \"Action\": \"dynamodb:UpdateItem\",\n      \"Resource\": \"arn:aws:dynamodb:us-east-1:233925838033:table/tbl-celeste-users-dev\"\n    }\n  ]\n}",
            "minified_json": "{\"Version\":\"2012-10-17\",\"Statement\":[{\"Effect\":\"Allow\",\"Action\":\"dynamodb:UpdateItem\",\"Resource\":\"arn:aws:dynamodb:us-east-1:233925838033:table/tbl-celeste-users-dev\"}]}",
            "override_json": null,
            "override_policy_documents": null,
            "policy_id": null,
            "source_json": null,
            "source_policy_documents": null,
            "statement": [
              {
                "actions": [
                  "dynamodb:UpdateItem"
                ],
                "condition": [],
                "effect": "Allow",
                "not_actions": [],
                "not_principals": [],
                "not_resources": [],
                "principals": [],
                "resources": [
                  "arn:aws:dynamodb:us-east-1:233925838033:table/tbl-celeste-users-dev"
                ],
                "sid": ""
              }
            ],
            "version": "2012-10-17"
          },
          "sensitive_attributes": []
        }
      ]
    },
    {
      "module": "module.apigateway_resource_users",
      "mode": "data",
      "type": "aws_iam_policy_document",
      "name": "lambda_policy_document_users_find_by_id",
      "provider": "provider[\"registry.terraform.io/hashicorp/aws\"]",
      "instances": [
        {
          "schema_version": 0,
          "attributes": {
            "id": "2490280816",
            "json": "{\n  \"Version\": \"2012-10-17\",\n  \"Statement\": [\n    {\n      \"Effect\": \"Allow\",\n      \"Action\": \"dynamodb:UpdateItem\",\n      \"Resource\": \"arn:aws:dynamodb:us-east-1:233925838033:table/tbl-celeste-users-dev\"\n    }\n  ]\n}",
            "minified_json": "{\"Version\":\"2012-10-17\",\"Statement\":[{\"Effect\":\"Allow\",\"Action\":\"dynamodb:UpdateItem\",\"Resource\":\"arn:aws:dynamodb:us-east-1:233925838033:table/tbl-celeste-users-dev\"}]}",
            "override_json": null,
            "override_policy_documents": null,
            "policy_id": null,
            "source_json": null,
            "source_policy_documents": null,
            "statement": [
              {
                "actions": [
                  "dynamodb:UpdateItem"
                ],
                "condition": [],
                "effect": "Allow",
                "not_actions": [],
                "not_principals": [],
                "not_resources": [],
                "principals": [],
                "resources": [
                  "arn:aws:dynamodb:us-east-1:233925838033:table/tbl-celeste-users-dev"
                ],
                "sid": ""
              }
            ],
            "version": "2012-10-17"
          },
          "sensitive_attributes": []
        }
      ]
    },
    {
      "module": "module.apigateway_resource_users",
      "mode": "data",
      "type": "aws_iam_policy_document",
      "name": "lambda_policy_document_users_update",
      "provider": "provider[\"registry.terraform.io/hashicorp/aws\"]",
      "instances": [
        {
          "schema_version": 0,
          "attributes": {
            "id": "2490280816",
            "json": "{\n  \"Version\": \"2012-10-17\",\n  \"Statement\": [\n    {\n      \"Effect\": \"Allow\",\n      \"Action\": \"dynamodb:UpdateItem\",\n      \"Resource\": \"arn:aws:dynamodb:us-east-1:233925838033:table/tbl-celeste-users-dev\"\n    }\n  ]\n}",
            "minified_json": "{\"Version\":\"2012-10-17\",\"Statement\":[{\"Effect\":\"Allow\",\"Action\":\"dynamodb:UpdateItem\",\"Resource\":\"arn:aws:dynamodb:us-east-1:233925838033:table/tbl-celeste-users-dev\"}]}",
            "override_json": null,
            "override_policy_documents": null,
            "policy_id": null,
            "source_json": null,
            "source_policy_documents": null,
            "statement": [
              {
                "actions": [
                  "dynamodb:UpdateItem"
                ],
                "condition": [],
                "effect": "Allow",
                "not_actions": [],
                "not_principals": [],
                "not_resources": [],
                "principals": [],
                "resources": [
                  "arn:aws:dynamodb:us-east-1:233925838033:table/tbl-celeste-users-dev"
                ],
                "sid": ""
              }
            ],
            "version": "2012-10-17"
          },
          "sensitive_attributes": []
        }
      ]
    },
    {
      "module": "module.apigateway_resource_users",
      "mode": "data",
      "type": "aws_region",
      "name": "current",
      "provider": "provider[\"registry.terraform.io/hashicorp/aws\"]",
      "instances": [
        {
          "schema_version": 0,
          "attributes": {
            "description": "US East (N. Virginia)",
            "endpoint": "ec2.us-east-1.amazonaws.com",
            "id": "us-east-1",
            "name": "us-east-1"
          },
          "sensitive_attributes": []
        }
      ]
    },
    {
      "module": "module.apigateway_resource_users",
      "mode": "managed",
      "type": "aws_apigatewayv2_integration",
      "name": "lambda_handler_users_create",
      "provider": "provider[\"registry.terraform.io/hashicorp/aws\"]",
      "instances": [
        {
          "schema_version": 0,
          "attributes": {
            "api_id": "u83oit2sq6",
            "connection_id": "",
            "connection_type": "INTERNET",
            "content_handling_strategy": "",
            "credentials_arn": "",
            "description": "",
            "id": "05g40co",
            "integration_method": "POST",
            "integration_response_selection_expression": "",
            "integration_subtype": "",
            "integration_type": "AWS_PROXY",
            "integration_uri": "arn:aws:apigateway:us-east-1:lambda:path/2015-03-31/functions/arn:aws:lambda:us-east-1:233925838033:function:lmb-celeste-users-create-dev/invocations",
            "passthrough_behavior": "",
            "payload_format_version": "1.0",
            "request_parameters": {},
            "request_templates": {},
            "response_parameters": [],
            "template_selection_expression": "",
            "timeout_milliseconds": 30000,
            "tls_config": []
          },
          "sensitive_attributes": [],
          "private": "bnVsbA==",
          "dependencies": [
            "module.apigateway.aws_apigatewayv2_api.main",
            "module.apigateway.aws_apigatewayv2_stage.dev",
            "module.apigateway.aws_cloudwatch_log_group.main_api_gw",
            "module.apigateway.data.aws_caller_identity.current",
            "module.apigateway.data.aws_region.current",
            "module.apigateway_resource_authorization.aws_apigatewayv2_authorizer.header_based_authorizer",
            "module.apigateway_resource_authorization.aws_cloudwatch_log_group.html_loggroup_lambda_authorizer",
            "module.apigateway_resource_authorization.aws_iam_policy.dynamodb_lambda_policy_authorizer",
            "module.apigateway_resource_authorization.aws_iam_role.lambda_role_authorizer",
            "module.apigateway_resource_authorization.aws_iam_role_policy_attachment.lambda_attachements",
            "module.apigateway_resource_authorization.aws_iam_role_policy_attachment.lambda_role_policy_authorizer",
            "module.apigateway_resource_authorization.aws_lambda_function.html_lambda_authorizer",
            "module.apigateway_resource_authorization.aws_lambda_permission.allow_api_gw_invoke_authorizer",
            "module.apigateway_resource_authorization.data.archive_file.lambda_package_authorizer",
            "module.apigateway_resource_authorization.data.aws_apigatewayv2_api.selected",
            "module.apigateway_resource_authorization.data.aws_caller_identity.current",
            "module.apigateway_resource_authorization.data.aws_iam_policy_document.lambda_policy_document_authorizer",
            "module.apigateway_resource_authorization.data.aws_region.current",
            "module.apigateway_resource_users.aws_iam_role.lambda_role_users_create",
            "module.apigateway_resource_users.aws_lambda_function.html_lambda_users_create",
            "module.apigateway_resource_users.data.archive_file.lambda_package_users_create",
            "module.tables_dynamodb.aws_dynamodb_table.tbl_customers",
            "module.tables_dynamodb.aws_dynamodb_table.tbl_employees",
            "module.tables_dynamodb.aws_dynamodb_table.tbl_inventories",
            "module.tables_dynamodb.aws_dynamodb_table.tbl_suppliers",
            "module.tables_dynamodb.aws_dynamodb_table.tbl_token",
            "module.tables_dynamodb.aws_dynamodb_table.tbl_users"
          ]
        }
      ]
    },
    {
      "module": "module.apigateway_resource_users",
      "mode": "managed",
      "type": "aws_apigatewayv2_integration",
      "name": "lambda_handler_users_delete_by_id",
      "provider": "provider[\"registry.terraform.io/hashicorp/aws\"]",
      "instances": [
        {
          "schema_version": 0,
          "attributes": {
            "api_id": "u83oit2sq6",
            "connection_id": "",
            "connection_type": "INTERNET",
            "content_handling_strategy": "",
            "credentials_arn": "",
            "description": "",
            "id": "xw9ysms",
            "integration_method": "POST",
            "integration_response_selection_expression": "",
            "integration_subtype": "",
            "integration_type": "AWS_PROXY",
            "integration_uri": "arn:aws:apigateway:us-east-1:lambda:path/2015-03-31/functions/arn:aws:lambda:us-east-1:233925838033:function:lmb-celeste-users-delete-by-id-dev/invocations",
            "passthrough_behavior": "",
            "payload_format_version": "1.0",
            "request_parameters": {},
            "request_templates": {},
            "response_parameters": [],
            "template_selection_expression": "",
            "timeout_milliseconds": 30000,
            "tls_config": []
          },
          "sensitive_attributes": [],
          "private": "bnVsbA==",
          "dependencies": [
            "module.apigateway.aws_apigatewayv2_api.main",
            "module.apigateway.aws_apigatewayv2_stage.dev",
            "module.apigateway.aws_cloudwatch_log_group.main_api_gw",
            "module.apigateway.data.aws_caller_identity.current",
            "module.apigateway.data.aws_region.current",
            "module.apigateway_resource_authorization.aws_apigatewayv2_authorizer.header_based_authorizer",
            "module.apigateway_resource_authorization.aws_cloudwatch_log_group.html_loggroup_lambda_authorizer",
            "module.apigateway_resource_authorization.aws_iam_policy.dynamodb_lambda_policy_authorizer",
            "module.apigateway_resource_authorization.aws_iam_role.lambda_role_authorizer",
            "module.apigateway_resource_authorization.aws_iam_role_policy_attachment.lambda_attachements",
            "module.apigateway_resource_authorization.aws_iam_role_policy_attachment.lambda_role_policy_authorizer",
            "module.apigateway_resource_authorization.aws_lambda_function.html_lambda_authorizer",
            "module.apigateway_resource_authorization.aws_lambda_permission.allow_api_gw_invoke_authorizer",
            "module.apigateway_resource_authorization.data.archive_file.lambda_package_authorizer",
            "module.apigateway_resource_authorization.data.aws_apigatewayv2_api.selected",
            "module.apigateway_resource_authorization.data.aws_caller_identity.current",
            "module.apigateway_resource_authorization.data.aws_iam_policy_document.lambda_policy_document_authorizer",
            "module.apigateway_resource_authorization.data.aws_region.current",
            "module.apigateway_resource_users.aws_iam_role.lambda_role_users_delete_by_id",
            "module.apigateway_resource_users.aws_lambda_function.html_lambda_users_delete_by_id",
            "module.apigateway_resource_users.data.archive_file.lambda_package_users_delete_by_id",
            "module.tables_dynamodb.aws_dynamodb_table.tbl_customers",
            "module.tables_dynamodb.aws_dynamodb_table.tbl_employees",
            "module.tables_dynamodb.aws_dynamodb_table.tbl_inventories",
            "module.tables_dynamodb.aws_dynamodb_table.tbl_suppliers",
            "module.tables_dynamodb.aws_dynamodb_table.tbl_token",
            "module.tables_dynamodb.aws_dynamodb_table.tbl_users"
          ]
        }
      ]
    },
    {
      "module": "module.apigateway_resource_users",
      "mode": "managed",
      "type": "aws_apigatewayv2_integration",
      "name": "lambda_handler_users_find_by_id",
      "provider": "provider[\"registry.terraform.io/hashicorp/aws\"]",
      "instances": [
        {
          "schema_version": 0,
          "attributes": {
            "api_id": "u83oit2sq6",
            "connection_id": "",
            "connection_type": "INTERNET",
            "content_handling_strategy": "",
            "credentials_arn": "",
            "description": "",
            "id": "pcydr7t",
            "integration_method": "POST",
            "integration_response_selection_expression": "",
            "integration_subtype": "",
            "integration_type": "AWS_PROXY",
            "integration_uri": "arn:aws:apigateway:us-east-1:lambda:path/2015-03-31/functions/arn:aws:lambda:us-east-1:233925838033:function:lmb-celeste-users-find-by-id-dev/invocations",
            "passthrough_behavior": "",
            "payload_format_version": "1.0",
            "request_parameters": {},
            "request_templates": {},
            "response_parameters": [],
            "template_selection_expression": "",
            "timeout_milliseconds": 30000,
            "tls_config": []
          },
          "sensitive_attributes": [],
          "private": "bnVsbA==",
          "dependencies": [
            "module.apigateway.aws_apigatewayv2_api.main",
            "module.apigateway.aws_apigatewayv2_stage.dev",
            "module.apigateway.aws_cloudwatch_log_group.main_api_gw",
            "module.apigateway.data.aws_caller_identity.current",
            "module.apigateway.data.aws_region.current",
            "module.apigateway_resource_authorization.aws_apigatewayv2_authorizer.header_based_authorizer",
            "module.apigateway_resource_authorization.aws_cloudwatch_log_group.html_loggroup_lambda_authorizer",
            "module.apigateway_resource_authorization.aws_iam_policy.dynamodb_lambda_policy_authorizer",
            "module.apigateway_resource_authorization.aws_iam_role.lambda_role_authorizer",
            "module.apigateway_resource_authorization.aws_iam_role_policy_attachment.lambda_attachements",
            "module.apigateway_resource_authorization.aws_iam_role_policy_attachment.lambda_role_policy_authorizer",
            "module.apigateway_resource_authorization.aws_lambda_function.html_lambda_authorizer",
            "module.apigateway_resource_authorization.aws_lambda_permission.allow_api_gw_invoke_authorizer",
            "module.apigateway_resource_authorization.data.archive_file.lambda_package_authorizer",
            "module.apigateway_resource_authorization.data.aws_apigatewayv2_api.selected",
            "module.apigateway_resource_authorization.data.aws_caller_identity.current",
            "module.apigateway_resource_authorization.data.aws_iam_policy_document.lambda_policy_document_authorizer",
            "module.apigateway_resource_authorization.data.aws_region.current",
            "module.apigateway_resource_users.aws_iam_role.lambda_role_users_find_by_id",
            "module.apigateway_resource_users.aws_lambda_function.html_lambda_users_find_by_id",
            "module.apigateway_resource_users.data.archive_file.lambda_package_users_find_by_id",
            "module.tables_dynamodb.aws_dynamodb_table.tbl_customers",
            "module.tables_dynamodb.aws_dynamodb_table.tbl_employees",
            "module.tables_dynamodb.aws_dynamodb_table.tbl_inventories",
            "module.tables_dynamodb.aws_dynamodb_table.tbl_suppliers",
            "module.tables_dynamodb.aws_dynamodb_table.tbl_token",
            "module.tables_dynamodb.aws_dynamodb_table.tbl_users"
          ]
        }
      ]
    },
    {
      "module": "module.apigateway_resource_users",
      "mode": "managed",
      "type": "aws_apigatewayv2_integration",
      "name": "lambda_handler_users_update",
      "provider": "provider[\"registry.terraform.io/hashicorp/aws\"]",
      "instances": [
        {
          "schema_version": 0,
          "attributes": {
            "api_id": "u83oit2sq6",
            "connection_id": "",
            "connection_type": "INTERNET",
            "content_handling_strategy": "",
            "credentials_arn": "",
            "description": "",
            "id": "ac2wr69",
            "integration_method": "POST",
            "integration_response_selection_expression": "",
            "integration_subtype": "",
            "integration_type": "AWS_PROXY",
            "integration_uri": "arn:aws:apigateway:us-east-1:lambda:path/2015-03-31/functions/arn:aws:lambda:us-east-1:233925838033:function:lmb-celeste-users-update-dev/invocations",
            "passthrough_behavior": "",
            "payload_format_version": "1.0",
            "request_parameters": {},
            "request_templates": {},
            "response_parameters": [],
            "template_selection_expression": "",
            "timeout_milliseconds": 30000,
            "tls_config": []
          },
          "sensitive_attributes": [],
          "private": "bnVsbA==",
          "dependencies": [
            "module.apigateway.aws_apigatewayv2_api.main",
            "module.apigateway.aws_apigatewayv2_stage.dev",
            "module.apigateway.aws_cloudwatch_log_group.main_api_gw",
            "module.apigateway.data.aws_caller_identity.current",
            "module.apigateway.data.aws_region.current",
            "module.apigateway_resource_authorization.aws_apigatewayv2_authorizer.header_based_authorizer",
            "module.apigateway_resource_authorization.aws_cloudwatch_log_group.html_loggroup_lambda_authorizer",
            "module.apigateway_resource_authorization.aws_iam_policy.dynamodb_lambda_policy_authorizer",
            "module.apigateway_resource_authorization.aws_iam_role.lambda_role_authorizer",
            "module.apigateway_resource_authorization.aws_iam_role_policy_attachment.lambda_attachements",
            "module.apigateway_resource_authorization.aws_iam_role_policy_attachment.lambda_role_policy_authorizer",
            "module.apigateway_resource_authorization.aws_lambda_function.html_lambda_authorizer",
            "module.apigateway_resource_authorization.aws_lambda_permission.allow_api_gw_invoke_authorizer",
            "module.apigateway_resource_authorization.data.archive_file.lambda_package_authorizer",
            "module.apigateway_resource_authorization.data.aws_apigatewayv2_api.selected",
            "module.apigateway_resource_authorization.data.aws_caller_identity.current",
            "module.apigateway_resource_authorization.data.aws_iam_policy_document.lambda_policy_document_authorizer",
            "module.apigateway_resource_authorization.data.aws_region.current",
            "module.apigateway_resource_users.aws_iam_role.lambda_role_users_update",
            "module.apigateway_resource_users.aws_lambda_function.html_lambda_users_update",
            "module.apigateway_resource_users.data.archive_file.lambda_package_users_update",
            "module.tables_dynamodb.aws_dynamodb_table.tbl_customers",
            "module.tables_dynamodb.aws_dynamodb_table.tbl_employees",
            "module.tables_dynamodb.aws_dynamodb_table.tbl_inventories",
            "module.tables_dynamodb.aws_dynamodb_table.tbl_suppliers",
            "module.tables_dynamodb.aws_dynamodb_table.tbl_token",
            "module.tables_dynamodb.aws_dynamodb_table.tbl_users"
          ]
        }
      ]
    },
    {
      "module": "module.apigateway_resource_users",
      "mode": "managed",
      "type": "aws_apigatewayv2_route",
      "name": "handler_users_create",
      "provider": "provider[\"registry.terraform.io/hashicorp/aws\"]",
      "instances": [
        {
          "schema_version": 0,
          "attributes": {
            "api_id": "u83oit2sq6",
            "api_key_required": false,
            "authorization_scopes": [],
            "authorization_type": "NONE",
            "authorizer_id": "",
            "id": "8kqbn6q",
            "model_selection_expression": "",
            "operation_name": "",
            "request_models": {},
            "request_parameter": [],
            "route_key": "POST /api/v1/users",
            "route_response_selection_expression": "",
            "target": "integrations/05g40co"
          },
          "sensitive_attributes": [],
          "private": "bnVsbA==",
          "dependencies": [
            "module.apigateway.aws_apigatewayv2_api.main",
            "module.apigateway.aws_apigatewayv2_stage.dev",
            "module.apigateway.aws_cloudwatch_log_group.main_api_gw",
            "module.apigateway.data.aws_caller_identity.current",
            "module.apigateway.data.aws_region.current",
            "module.apigateway_resource_authorization.aws_apigatewayv2_authorizer.header_based_authorizer",
            "module.apigateway_resource_authorization.aws_cloudwatch_log_group.html_loggroup_lambda_authorizer",
            "module.apigateway_resource_authorization.aws_iam_policy.dynamodb_lambda_policy_authorizer",
            "module.apigateway_resource_authorization.aws_iam_role.lambda_role_authorizer",
            "module.apigateway_resource_authorization.aws_iam_role_policy_attachment.lambda_attachements",
            "module.apigateway_resource_authorization.aws_iam_role_policy_attachment.lambda_role_policy_authorizer",
            "module.apigateway_resource_authorization.aws_lambda_function.html_lambda_authorizer",
            "module.apigateway_resource_authorization.aws_lambda_permission.allow_api_gw_invoke_authorizer",
            "module.apigateway_resource_authorization.data.archive_file.lambda_package_authorizer",
            "module.apigateway_resource_authorization.data.aws_apigatewayv2_api.selected",
            "module.apigateway_resource_authorization.data.aws_caller_identity.current",
            "module.apigateway_resource_authorization.data.aws_iam_policy_document.lambda_policy_document_authorizer",
            "module.apigateway_resource_authorization.data.aws_region.current",
            "module.apigateway_resource_users.aws_apigatewayv2_integration.lambda_handler_users_create",
            "module.apigateway_resource_users.aws_iam_role.lambda_role_users_create",
            "module.apigateway_resource_users.aws_lambda_function.html_lambda_users_create",
            "module.apigateway_resource_users.data.archive_file.lambda_package_users_create",
            "module.tables_dynamodb.aws_dynamodb_table.tbl_customers",
            "module.tables_dynamodb.aws_dynamodb_table.tbl_employees",
            "module.tables_dynamodb.aws_dynamodb_table.tbl_inventories",
            "module.tables_dynamodb.aws_dynamodb_table.tbl_suppliers",
            "module.tables_dynamodb.aws_dynamodb_table.tbl_token",
            "module.tables_dynamodb.aws_dynamodb_table.tbl_users"
          ]
        }
      ]
    },
    {
      "module": "module.apigateway_resource_users",
      "mode": "managed",
      "type": "aws_apigatewayv2_route",
      "name": "handler_users_delete_by_id",
      "provider": "provider[\"registry.terraform.io/hashicorp/aws\"]",
      "instances": [
        {
          "schema_version": 0,
          "attributes": {
            "api_id": "u83oit2sq6",
            "api_key_required": false,
            "authorization_scopes": [],
            "authorization_type": "CUSTOM",
            "authorizer_id": "10477d",
            "id": "aelrhsq",
            "model_selection_expression": "",
            "operation_name": "",
            "request_models": {},
            "request_parameter": [],
            "route_key": "DELETE /api/v1/users/{id}",
            "route_response_selection_expression": "",
            "target": "integrations/xw9ysms"
          },
          "sensitive_attributes": [],
          "private": "bnVsbA==",
          "dependencies": [
            "module.apigateway.aws_apigatewayv2_api.main",
            "module.apigateway.aws_apigatewayv2_stage.dev",
            "module.apigateway.aws_cloudwatch_log_group.main_api_gw",
            "module.apigateway.data.aws_caller_identity.current",
            "module.apigateway.data.aws_region.current",
            "module.apigateway_resource_authorization.aws_apigatewayv2_authorizer.header_based_authorizer",
            "module.apigateway_resource_authorization.aws_cloudwatch_log_group.html_loggroup_lambda_authorizer",
            "module.apigateway_resource_authorization.aws_iam_policy.dynamodb_lambda_policy_authorizer",
            "module.apigateway_resource_authorization.aws_iam_role.lambda_role_authorizer",
            "module.apigateway_resource_authorization.aws_iam_role_policy_attachment.lambda_attachements",
            "module.apigateway_resource_authorization.aws_iam_role_policy_attachment.lambda_role_policy_authorizer",
            "module.apigateway_resource_authorization.aws_lambda_function.html_lambda_authorizer",
            "module.apigateway_resource_authorization.aws_lambda_permission.allow_api_gw_invoke_authorizer",
            "module.apigateway_resource_authorization.data.archive_file.lambda_package_authorizer",
            "module.apigateway_resource_authorization.data.aws_apigatewayv2_api.selected",
            "module.apigateway_resource_authorization.data.aws_caller_identity.current",
            "module.apigateway_resource_authorization.data.aws_iam_policy_document.lambda_policy_document_authorizer",
            "module.apigateway_resource_authorization.data.aws_region.current",
            "module.apigateway_resource_users.aws_apigatewayv2_integration.lambda_handler_users_delete_by_id",
            "module.apigateway_resource_users.aws_iam_role.lambda_role_users_delete_by_id",
            "module.apigateway_resource_users.aws_lambda_function.html_lambda_users_delete_by_id",
            "module.apigateway_resource_users.data.archive_file.lambda_package_users_delete_by_id",
            "module.tables_dynamodb.aws_dynamodb_table.tbl_customers",
            "module.tables_dynamodb.aws_dynamodb_table.tbl_employees",
            "module.tables_dynamodb.aws_dynamodb_table.tbl_inventories",
            "module.tables_dynamodb.aws_dynamodb_table.tbl_suppliers",
            "module.tables_dynamodb.aws_dynamodb_table.tbl_token",
            "module.tables_dynamodb.aws_dynamodb_table.tbl_users"
          ]
        }
      ]
    },
    {
      "module": "module.apigateway_resource_users",
      "mode": "managed",
      "type": "aws_apigatewayv2_route",
      "name": "handler_users_find_by_id",
      "provider": "provider[\"registry.terraform.io/hashicorp/aws\"]",
      "instances": [
        {
          "schema_version": 0,
          "attributes": {
            "api_id": "u83oit2sq6",
            "api_key_required": false,
            "authorization_scopes": [],
            "authorization_type": "CUSTOM",
            "authorizer_id": "10477d",
            "id": "d4j07b4",
            "model_selection_expression": "",
            "operation_name": "",
            "request_models": {},
            "request_parameter": [],
            "route_key": "GET /api/v1/users/{id}",
            "route_response_selection_expression": "",
            "target": "integrations/pcydr7t"
          },
          "sensitive_attributes": [],
          "private": "bnVsbA==",
          "dependencies": [
            "module.apigateway.aws_apigatewayv2_api.main",
            "module.apigateway.aws_apigatewayv2_stage.dev",
            "module.apigateway.aws_cloudwatch_log_group.main_api_gw",
            "module.apigateway.data.aws_caller_identity.current",
            "module.apigateway.data.aws_region.current",
            "module.apigateway_resource_authorization.aws_apigatewayv2_authorizer.header_based_authorizer",
            "module.apigateway_resource_authorization.aws_cloudwatch_log_group.html_loggroup_lambda_authorizer",
            "module.apigateway_resource_authorization.aws_iam_policy.dynamodb_lambda_policy_authorizer",
            "module.apigateway_resource_authorization.aws_iam_role.lambda_role_authorizer",
            "module.apigateway_resource_authorization.aws_iam_role_policy_attachment.lambda_attachements",
            "module.apigateway_resource_authorization.aws_iam_role_policy_attachment.lambda_role_policy_authorizer",
            "module.apigateway_resource_authorization.aws_lambda_function.html_lambda_authorizer",
            "module.apigateway_resource_authorization.aws_lambda_permission.allow_api_gw_invoke_authorizer",
            "module.apigateway_resource_authorization.data.archive_file.lambda_package_authorizer",
            "module.apigateway_resource_authorization.data.aws_apigatewayv2_api.selected",
            "module.apigateway_resource_authorization.data.aws_caller_identity.current",
            "module.apigateway_resource_authorization.data.aws_iam_policy_document.lambda_policy_document_authorizer",
            "module.apigateway_resource_authorization.data.aws_region.current",
            "module.apigateway_resource_users.aws_apigatewayv2_integration.lambda_handler_users_find_by_id",
            "module.apigateway_resource_users.aws_iam_role.lambda_role_users_find_by_id",
            "module.apigateway_resource_users.aws_lambda_function.html_lambda_users_find_by_id",
            "module.apigateway_resource_users.data.archive_file.lambda_package_users_find_by_id",
            "module.tables_dynamodb.aws_dynamodb_table.tbl_customers",
            "module.tables_dynamodb.aws_dynamodb_table.tbl_employees",
            "module.tables_dynamodb.aws_dynamodb_table.tbl_inventories",
            "module.tables_dynamodb.aws_dynamodb_table.tbl_suppliers",
            "module.tables_dynamodb.aws_dynamodb_table.tbl_token",
            "module.tables_dynamodb.aws_dynamodb_table.tbl_users"
          ]
        }
      ]
    },
    {
      "module": "module.apigateway_resource_users",
      "mode": "managed",
      "type": "aws_apigatewayv2_route",
      "name": "handler_users_update",
      "provider": "provider[\"registry.terraform.io/hashicorp/aws\"]",
      "instances": [
        {
          "schema_version": 0,
          "attributes": {
            "api_id": "u83oit2sq6",
            "api_key_required": false,
            "authorization_scopes": [],
            "authorization_type": "CUSTOM",
            "authorizer_id": "10477d",
            "id": "q5gr8rf",
            "model_selection_expression": "",
            "operation_name": "",
            "request_models": {},
            "request_parameter": [],
            "route_key": "PUT /api/v1/users/{id}",
            "route_response_selection_expression": "",
            "target": "integrations/ac2wr69"
          },
          "sensitive_attributes": [],
          "private": "bnVsbA==",
          "dependencies": [
            "module.apigateway.aws_apigatewayv2_api.main",
            "module.apigateway.aws_apigatewayv2_stage.dev",
            "module.apigateway.aws_cloudwatch_log_group.main_api_gw",
            "module.apigateway.data.aws_caller_identity.current",
            "module.apigateway.data.aws_region.current",
            "module.apigateway_resource_authorization.aws_apigatewayv2_authorizer.header_based_authorizer",
            "module.apigateway_resource_authorization.aws_cloudwatch_log_group.html_loggroup_lambda_authorizer",
            "module.apigateway_resource_authorization.aws_iam_policy.dynamodb_lambda_policy_authorizer",
            "module.apigateway_resource_authorization.aws_iam_role.lambda_role_authorizer",
            "module.apigateway_resource_authorization.aws_iam_role_policy_attachment.lambda_attachements",
            "module.apigateway_resource_authorization.aws_iam_role_policy_attachment.lambda_role_policy_authorizer",
            "module.apigateway_resource_authorization.aws_lambda_function.html_lambda_authorizer",
            "module.apigateway_resource_authorization.aws_lambda_permission.allow_api_gw_invoke_authorizer",
            "module.apigateway_resource_authorization.data.archive_file.lambda_package_authorizer",
            "module.apigateway_resource_authorization.data.aws_apigatewayv2_api.selected",
            "module.apigateway_resource_authorization.data.aws_caller_identity.current",
            "module.apigateway_resource_authorization.data.aws_iam_policy_document.lambda_policy_document_authorizer",
            "module.apigateway_resource_authorization.data.aws_region.current",
            "module.apigateway_resource_users.aws_apigatewayv2_integration.lambda_handler_users_update",
            "module.apigateway_resource_users.aws_iam_role.lambda_role_users_update",
            "module.apigateway_resource_users.aws_lambda_function.html_lambda_users_update",
            "module.apigateway_resource_users.data.archive_file.lambda_package_users_update",
            "module.tables_dynamodb.aws_dynamodb_table.tbl_customers",
            "module.tables_dynamodb.aws_dynamodb_table.tbl_employees",
            "module.tables_dynamodb.aws_dynamodb_table.tbl_inventories",
            "module.tables_dynamodb.aws_dynamodb_table.tbl_suppliers",
            "module.tables_dynamodb.aws_dynamodb_table.tbl_token",
            "module.tables_dynamodb.aws_dynamodb_table.tbl_users"
          ]
        }
      ]
    },
    {
      "module": "module.apigateway_resource_users",
      "mode": "managed",
      "type": "aws_cloudwatch_log_group",
      "name": "html_loggroup_lambda_users_create",
      "provider": "provider[\"registry.terraform.io/hashicorp/aws\"]",
      "instances": [
        {
          "schema_version": 0,
          "attributes": {
            "arn": "arn:aws:logs:us-east-1:233925838033:log-group:/aws/lambda/lmb-celeste-users-create-dev",
            "id": "/aws/lambda/lmb-celeste-users-create-dev",
            "kms_key_id": "",
            "log_group_class": "STANDARD",
            "name": "/aws/lambda/lmb-celeste-users-create-dev",
            "name_prefix": "",
            "retention_in_days": 7,
            "skip_destroy": false,
            "tags": {},
            "tags_all": {
              "iac": "terraform"
            }
          },
          "sensitive_attributes": [],
          "private": "bnVsbA==",
          "dependencies": [
            "module.apigateway.aws_apigatewayv2_api.main",
            "module.apigateway.aws_apigatewayv2_stage.dev",
            "module.apigateway.aws_cloudwatch_log_group.main_api_gw",
            "module.apigateway.data.aws_caller_identity.current",
            "module.apigateway.data.aws_region.current",
            "module.apigateway_resource_authorization.aws_apigatewayv2_authorizer.header_based_authorizer",
            "module.apigateway_resource_authorization.aws_cloudwatch_log_group.html_loggroup_lambda_authorizer",
            "module.apigateway_resource_authorization.aws_iam_policy.dynamodb_lambda_policy_authorizer",
            "module.apigateway_resource_authorization.aws_iam_role.lambda_role_authorizer",
            "module.apigateway_resource_authorization.aws_iam_role_policy_attachment.lambda_attachements",
            "module.apigateway_resource_authorization.aws_iam_role_policy_attachment.lambda_role_policy_authorizer",
            "module.apigateway_resource_authorization.aws_lambda_function.html_lambda_authorizer",
            "module.apigateway_resource_authorization.aws_lambda_permission.allow_api_gw_invoke_authorizer",
            "module.apigateway_resource_authorization.data.archive_file.lambda_package_authorizer",
            "module.apigateway_resource_authorization.data.aws_apigatewayv2_api.selected",
            "module.apigateway_resource_authorization.data.aws_caller_identity.current",
            "module.apigateway_resource_authorization.data.aws_iam_policy_document.lambda_policy_document_authorizer",
            "module.apigateway_resource_authorization.data.aws_region.current",
            "module.apigateway_resource_users.aws_iam_role.lambda_role_users_create",
            "module.apigateway_resource_users.aws_lambda_function.html_lambda_users_create",
            "module.apigateway_resource_users.data.archive_file.lambda_package_users_create",
            "module.tables_dynamodb.aws_dynamodb_table.tbl_customers",
            "module.tables_dynamodb.aws_dynamodb_table.tbl_employees",
            "module.tables_dynamodb.aws_dynamodb_table.tbl_inventories",
            "module.tables_dynamodb.aws_dynamodb_table.tbl_suppliers",
            "module.tables_dynamodb.aws_dynamodb_table.tbl_token",
            "module.tables_dynamodb.aws_dynamodb_table.tbl_users"
          ]
        }
      ]
    },
    {
      "module": "module.apigateway_resource_users",
      "mode": "managed",
      "type": "aws_cloudwatch_log_group",
      "name": "html_loggroup_lambda_users_delete_by_id",
      "provider": "provider[\"registry.terraform.io/hashicorp/aws\"]",
      "instances": [
        {
          "schema_version": 0,
          "attributes": {
            "arn": "arn:aws:logs:us-east-1:233925838033:log-group:/aws/lambda/lmb-celeste-users-delete-by-id-dev",
            "id": "/aws/lambda/lmb-celeste-users-delete-by-id-dev",
            "kms_key_id": "",
            "log_group_class": "STANDARD",
            "name": "/aws/lambda/lmb-celeste-users-delete-by-id-dev",
            "name_prefix": "",
            "retention_in_days": 7,
            "skip_destroy": false,
            "tags": {},
            "tags_all": {
              "iac": "terraform"
            }
          },
          "sensitive_attributes": [],
          "private": "bnVsbA==",
          "dependencies": [
            "module.apigateway.aws_apigatewayv2_api.main",
            "module.apigateway.aws_apigatewayv2_stage.dev",
            "module.apigateway.aws_cloudwatch_log_group.main_api_gw",
            "module.apigateway.data.aws_caller_identity.current",
            "module.apigateway.data.aws_region.current",
            "module.apigateway_resource_authorization.aws_apigatewayv2_authorizer.header_based_authorizer",
            "module.apigateway_resource_authorization.aws_cloudwatch_log_group.html_loggroup_lambda_authorizer",
            "module.apigateway_resource_authorization.aws_iam_policy.dynamodb_lambda_policy_authorizer",
            "module.apigateway_resource_authorization.aws_iam_role.lambda_role_authorizer",
            "module.apigateway_resource_authorization.aws_iam_role_policy_attachment.lambda_attachements",
            "module.apigateway_resource_authorization.aws_iam_role_policy_attachment.lambda_role_policy_authorizer",
            "module.apigateway_resource_authorization.aws_lambda_function.html_lambda_authorizer",
            "module.apigateway_resource_authorization.aws_lambda_permission.allow_api_gw_invoke_authorizer",
            "module.apigateway_resource_authorization.data.archive_file.lambda_package_authorizer",
            "module.apigateway_resource_authorization.data.aws_apigatewayv2_api.selected",
            "module.apigateway_resource_authorization.data.aws_caller_identity.current",
            "module.apigateway_resource_authorization.data.aws_iam_policy_document.lambda_policy_document_authorizer",
            "module.apigateway_resource_authorization.data.aws_region.current",
            "module.apigateway_resource_users.aws_iam_role.lambda_role_users_delete_by_id",
            "module.apigateway_resource_users.aws_lambda_function.html_lambda_users_delete_by_id",
            "module.apigateway_resource_users.data.archive_file.lambda_package_users_delete_by_id",
            "module.tables_dynamodb.aws_dynamodb_table.tbl_customers",
            "module.tables_dynamodb.aws_dynamodb_table.tbl_employees",
            "module.tables_dynamodb.aws_dynamodb_table.tbl_inventories",
            "module.tables_dynamodb.aws_dynamodb_table.tbl_suppliers",
            "module.tables_dynamodb.aws_dynamodb_table.tbl_token",
            "module.tables_dynamodb.aws_dynamodb_table.tbl_users"
          ]
        }
      ]
    },
    {
      "module": "module.apigateway_resource_users",
      "mode": "managed",
      "type": "aws_cloudwatch_log_group",
      "name": "html_loggroup_lambda_users_find_by_id",
      "provider": "provider[\"registry.terraform.io/hashicorp/aws\"]",
      "instances": [
        {
          "schema_version": 0,
          "attributes": {
            "arn": "arn:aws:logs:us-east-1:233925838033:log-group:/aws/lambda/lmb-celeste-users-find-by-id-dev",
            "id": "/aws/lambda/lmb-celeste-users-find-by-id-dev",
            "kms_key_id": "",
            "log_group_class": "STANDARD",
            "name": "/aws/lambda/lmb-celeste-users-find-by-id-dev",
            "name_prefix": "",
            "retention_in_days": 7,
            "skip_destroy": false,
            "tags": {},
            "tags_all": {
              "iac": "terraform"
            }
          },
          "sensitive_attributes": [],
          "private": "bnVsbA==",
          "dependencies": [
            "module.apigateway.aws_apigatewayv2_api.main",
            "module.apigateway.aws_apigatewayv2_stage.dev",
            "module.apigateway.aws_cloudwatch_log_group.main_api_gw",
            "module.apigateway.data.aws_caller_identity.current",
            "module.apigateway.data.aws_region.current",
            "module.apigateway_resource_authorization.aws_apigatewayv2_authorizer.header_based_authorizer",
            "module.apigateway_resource_authorization.aws_cloudwatch_log_group.html_loggroup_lambda_authorizer",
            "module.apigateway_resource_authorization.aws_iam_policy.dynamodb_lambda_policy_authorizer",
            "module.apigateway_resource_authorization.aws_iam_role.lambda_role_authorizer",
            "module.apigateway_resource_authorization.aws_iam_role_policy_attachment.lambda_attachements",
            "module.apigateway_resource_authorization.aws_iam_role_policy_attachment.lambda_role_policy_authorizer",
            "module.apigateway_resource_authorization.aws_lambda_function.html_lambda_authorizer",
            "module.apigateway_resource_authorization.aws_lambda_permission.allow_api_gw_invoke_authorizer",
            "module.apigateway_resource_authorization.data.archive_file.lambda_package_authorizer",
            "module.apigateway_resource_authorization.data.aws_apigatewayv2_api.selected",
            "module.apigateway_resource_authorization.data.aws_caller_identity.current",
            "module.apigateway_resource_authorization.data.aws_iam_policy_document.lambda_policy_document_authorizer",
            "module.apigateway_resource_authorization.data.aws_region.current",
            "module.apigateway_resource_users.aws_iam_role.lambda_role_users_find_by_id",
            "module.apigateway_resource_users.aws_lambda_function.html_lambda_users_find_by_id",
            "module.apigateway_resource_users.data.archive_file.lambda_package_users_find_by_id",
            "module.tables_dynamodb.aws_dynamodb_table.tbl_customers",
            "module.tables_dynamodb.aws_dynamodb_table.tbl_employees",
            "module.tables_dynamodb.aws_dynamodb_table.tbl_inventories",
            "module.tables_dynamodb.aws_dynamodb_table.tbl_suppliers",
            "module.tables_dynamodb.aws_dynamodb_table.tbl_token",
            "module.tables_dynamodb.aws_dynamodb_table.tbl_users"
          ]
        }
      ]
    },
    {
      "module": "module.apigateway_resource_users",
      "mode": "managed",
      "type": "aws_cloudwatch_log_group",
      "name": "html_loggroup_lambda_users_update",
      "provider": "provider[\"registry.terraform.io/hashicorp/aws\"]",
      "instances": [
        {
          "schema_version": 0,
          "attributes": {
            "arn": "arn:aws:logs:us-east-1:233925838033:log-group:/aws/lambda/lmb-celeste-users-update-dev",
            "id": "/aws/lambda/lmb-celeste-users-update-dev",
            "kms_key_id": "",
            "log_group_class": "STANDARD",
            "name": "/aws/lambda/lmb-celeste-users-update-dev",
            "name_prefix": "",
            "retention_in_days": 7,
            "skip_destroy": false,
            "tags": {},
            "tags_all": {
              "iac": "terraform"
            }
          },
          "sensitive_attributes": [],
          "private": "bnVsbA==",
          "dependencies": [
            "module.apigateway.aws_apigatewayv2_api.main",
            "module.apigateway.aws_apigatewayv2_stage.dev",
            "module.apigateway.aws_cloudwatch_log_group.main_api_gw",
            "module.apigateway.data.aws_caller_identity.current",
            "module.apigateway.data.aws_region.current",
            "module.apigateway_resource_authorization.aws_apigatewayv2_authorizer.header_based_authorizer",
            "module.apigateway_resource_authorization.aws_cloudwatch_log_group.html_loggroup_lambda_authorizer",
            "module.apigateway_resource_authorization.aws_iam_policy.dynamodb_lambda_policy_authorizer",
            "module.apigateway_resource_authorization.aws_iam_role.lambda_role_authorizer",
            "module.apigateway_resource_authorization.aws_iam_role_policy_attachment.lambda_attachements",
            "module.apigateway_resource_authorization.aws_iam_role_policy_attachment.lambda_role_policy_authorizer",
            "module.apigateway_resource_authorization.aws_lambda_function.html_lambda_authorizer",
            "module.apigateway_resource_authorization.aws_lambda_permission.allow_api_gw_invoke_authorizer",
            "module.apigateway_resource_authorization.data.archive_file.lambda_package_authorizer",
            "module.apigateway_resource_authorization.data.aws_apigatewayv2_api.selected",
            "module.apigateway_resource_authorization.data.aws_caller_identity.current",
            "module.apigateway_resource_authorization.data.aws_iam_policy_document.lambda_policy_document_authorizer",
            "module.apigateway_resource_authorization.data.aws_region.current",
            "module.apigateway_resource_users.aws_iam_role.lambda_role_users_update",
            "module.apigateway_resource_users.aws_lambda_function.html_lambda_users_update",
            "module.apigateway_resource_users.data.archive_file.lambda_package_users_update",
            "module.tables_dynamodb.aws_dynamodb_table.tbl_customers",
            "module.tables_dynamodb.aws_dynamodb_table.tbl_employees",
            "module.tables_dynamodb.aws_dynamodb_table.tbl_inventories",
            "module.tables_dynamodb.aws_dynamodb_table.tbl_suppliers",
            "module.tables_dynamodb.aws_dynamodb_table.tbl_token",
            "module.tables_dynamodb.aws_dynamodb_table.tbl_users"
          ]
        }
      ]
    },
    {
      "module": "module.apigateway_resource_users",
      "mode": "managed",
      "type": "aws_iam_policy",
      "name": "dynamodb_lambda_policy_users_create",
      "provider": "provider[\"registry.terraform.io/hashicorp/aws\"]",
      "instances": [
        {
          "schema_version": 0,
          "attributes": {
            "arn": "arn:aws:iam::233925838033:policy/policy-celeste-users-create-dev",
            "attachment_count": 1,
            "description": "This policy will be used by the lambda to write get data from DynamoDB",
            "id": "arn:aws:iam::233925838033:policy/policy-celeste-users-create-dev",
            "name": "policy-celeste-users-create-dev",
            "name_prefix": "",
            "path": "/",
            "policy": "{\"Statement\":[{\"Action\":[\"dynamodb:Scan\",\"dynamodb:PutItem\"],\"Effect\":\"Allow\",\"Resource\":\"arn:aws:dynamodb:us-east-1:233925838033:table/tbl-celeste-users-dev\"}],\"Version\":\"2012-10-17\"}",
            "policy_id": "ANPATM5YRATIQKUY2I4LE",
            "tags": {},
            "tags_all": {
              "iac": "terraform"
            }
          },
          "sensitive_attributes": [],
          "private": "bnVsbA==",
          "dependencies": [
            "module.apigateway.aws_apigatewayv2_api.main",
            "module.apigateway.aws_apigatewayv2_stage.dev",
            "module.apigateway.aws_cloudwatch_log_group.main_api_gw",
            "module.apigateway.data.aws_caller_identity.current",
            "module.apigateway.data.aws_region.current",
            "module.apigateway_resource_authorization.aws_apigatewayv2_authorizer.header_based_authorizer",
            "module.apigateway_resource_authorization.aws_cloudwatch_log_group.html_loggroup_lambda_authorizer",
            "module.apigateway_resource_authorization.aws_iam_policy.dynamodb_lambda_policy_authorizer",
            "module.apigateway_resource_authorization.aws_iam_role.lambda_role_authorizer",
            "module.apigateway_resource_authorization.aws_iam_role_policy_attachment.lambda_attachements",
            "module.apigateway_resource_authorization.aws_iam_role_policy_attachment.lambda_role_policy_authorizer",
            "module.apigateway_resource_authorization.aws_lambda_function.html_lambda_authorizer",
            "module.apigateway_resource_authorization.aws_lambda_permission.allow_api_gw_invoke_authorizer",
            "module.apigateway_resource_authorization.data.archive_file.lambda_package_authorizer",
            "module.apigateway_resource_authorization.data.aws_apigatewayv2_api.selected",
            "module.apigateway_resource_authorization.data.aws_caller_identity.current",
            "module.apigateway_resource_authorization.data.aws_iam_policy_document.lambda_policy_document_authorizer",
            "module.apigateway_resource_authorization.data.aws_region.current",
            "module.apigateway_resource_users.data.aws_caller_identity.current",
            "module.apigateway_resource_users.data.aws_iam_policy_document.lambda_policy_document_users_create",
            "module.apigateway_resource_users.data.aws_region.current",
            "module.tables_dynamodb.aws_dynamodb_table.tbl_customers",
            "module.tables_dynamodb.aws_dynamodb_table.tbl_employees",
            "module.tables_dynamodb.aws_dynamodb_table.tbl_inventories",
            "module.tables_dynamodb.aws_dynamodb_table.tbl_suppliers",
            "module.tables_dynamodb.aws_dynamodb_table.tbl_token",
            "module.tables_dynamodb.aws_dynamodb_table.tbl_users"
          ]
        }
      ]
    },
    {
      "module": "module.apigateway_resource_users",
      "mode": "managed",
      "type": "aws_iam_policy",
      "name": "dynamodb_lambda_policy_users_delete_by_id",
      "provider": "provider[\"registry.terraform.io/hashicorp/aws\"]",
      "instances": [
        {
          "schema_version": 0,
          "attributes": {
            "arn": "arn:aws:iam::233925838033:policy/policy-celeste-users-delete-by-id-dev",
            "attachment_count": 1,
            "description": "This policy will be used by the lambda to write get data from DynamoDB",
            "id": "arn:aws:iam::233925838033:policy/policy-celeste-users-delete-by-id-dev",
            "name": "policy-celeste-users-delete-by-id-dev",
            "name_prefix": "",
            "path": "/",
            "policy": "{\"Statement\":[{\"Action\":\"dynamodb:UpdateItem\",\"Effect\":\"Allow\",\"Resource\":\"arn:aws:dynamodb:us-east-1:233925838033:table/tbl-celeste-users-dev\"}],\"Version\":\"2012-10-17\"}",
            "policy_id": "ANPATM5YRATIY3GTMG52Y",
            "tags": {},
            "tags_all": {
              "iac": "terraform"
            }
          },
          "sensitive_attributes": [],
          "private": "bnVsbA==",
          "dependencies": [
            "module.apigateway.aws_apigatewayv2_api.main",
            "module.apigateway.aws_apigatewayv2_stage.dev",
            "module.apigateway.aws_cloudwatch_log_group.main_api_gw",
            "module.apigateway.data.aws_caller_identity.current",
            "module.apigateway.data.aws_region.current",
            "module.apigateway_resource_authorization.aws_apigatewayv2_authorizer.header_based_authorizer",
            "module.apigateway_resource_authorization.aws_cloudwatch_log_group.html_loggroup_lambda_authorizer",
            "module.apigateway_resource_authorization.aws_iam_policy.dynamodb_lambda_policy_authorizer",
            "module.apigateway_resource_authorization.aws_iam_role.lambda_role_authorizer",
            "module.apigateway_resource_authorization.aws_iam_role_policy_attachment.lambda_attachements",
            "module.apigateway_resource_authorization.aws_iam_role_policy_attachment.lambda_role_policy_authorizer",
            "module.apigateway_resource_authorization.aws_lambda_function.html_lambda_authorizer",
            "module.apigateway_resource_authorization.aws_lambda_permission.allow_api_gw_invoke_authorizer",
            "module.apigateway_resource_authorization.data.archive_file.lambda_package_authorizer",
            "module.apigateway_resource_authorization.data.aws_apigatewayv2_api.selected",
            "module.apigateway_resource_authorization.data.aws_caller_identity.current",
            "module.apigateway_resource_authorization.data.aws_iam_policy_document.lambda_policy_document_authorizer",
            "module.apigateway_resource_authorization.data.aws_region.current",
            "module.apigateway_resource_users.data.aws_caller_identity.current",
            "module.apigateway_resource_users.data.aws_iam_policy_document.lambda_policy_document_users_delete_by_id",
            "module.apigateway_resource_users.data.aws_region.current",
            "module.tables_dynamodb.aws_dynamodb_table.tbl_customers",
            "module.tables_dynamodb.aws_dynamodb_table.tbl_employees",
            "module.tables_dynamodb.aws_dynamodb_table.tbl_inventories",
            "module.tables_dynamodb.aws_dynamodb_table.tbl_suppliers",
            "module.tables_dynamodb.aws_dynamodb_table.tbl_token",
            "module.tables_dynamodb.aws_dynamodb_table.tbl_users"
          ]
        }
      ]
    },
    {
      "module": "module.apigateway_resource_users",
      "mode": "managed",
      "type": "aws_iam_policy",
      "name": "dynamodb_lambda_policy_users_find_by_id",
      "provider": "provider[\"registry.terraform.io/hashicorp/aws\"]",
      "instances": [
        {
          "schema_version": 0,
          "attributes": {
            "arn": "arn:aws:iam::233925838033:policy/policy-celeste-users-find-by-id-dev",
            "attachment_count": 1,
            "description": "This policy will be used by the lambda to write get data from DynamoDB",
            "id": "arn:aws:iam::233925838033:policy/policy-celeste-users-find-by-id-dev",
            "name": "policy-celeste-users-find-by-id-dev",
            "name_prefix": "",
            "path": "/",
            "policy": "{\"Statement\":[{\"Action\":\"dynamodb:UpdateItem\",\"Effect\":\"Allow\",\"Resource\":\"arn:aws:dynamodb:us-east-1:233925838033:table/tbl-celeste-users-dev\"}],\"Version\":\"2012-10-17\"}",
            "policy_id": "ANPATM5YRATIUCSQNDVHS",
            "tags": {},
            "tags_all": {
              "iac": "terraform"
            }
          },
          "sensitive_attributes": [],
          "private": "bnVsbA==",
          "dependencies": [
            "module.apigateway.aws_apigatewayv2_api.main",
            "module.apigateway.aws_apigatewayv2_stage.dev",
            "module.apigateway.aws_cloudwatch_log_group.main_api_gw",
            "module.apigateway.data.aws_caller_identity.current",
            "module.apigateway.data.aws_region.current",
            "module.apigateway_resource_authorization.aws_apigatewayv2_authorizer.header_based_authorizer",
            "module.apigateway_resource_authorization.aws_cloudwatch_log_group.html_loggroup_lambda_authorizer",
            "module.apigateway_resource_authorization.aws_iam_policy.dynamodb_lambda_policy_authorizer",
            "module.apigateway_resource_authorization.aws_iam_role.lambda_role_authorizer",
            "module.apigateway_resource_authorization.aws_iam_role_policy_attachment.lambda_attachements",
            "module.apigateway_resource_authorization.aws_iam_role_policy_attachment.lambda_role_policy_authorizer",
            "module.apigateway_resource_authorization.aws_lambda_function.html_lambda_authorizer",
            "module.apigateway_resource_authorization.aws_lambda_permission.allow_api_gw_invoke_authorizer",
            "module.apigateway_resource_authorization.data.archive_file.lambda_package_authorizer",
            "module.apigateway_resource_authorization.data.aws_apigatewayv2_api.selected",
            "module.apigateway_resource_authorization.data.aws_caller_identity.current",
            "module.apigateway_resource_authorization.data.aws_iam_policy_document.lambda_policy_document_authorizer",
            "module.apigateway_resource_authorization.data.aws_region.current",
            "module.apigateway_resource_users.data.aws_caller_identity.current",
            "module.apigateway_resource_users.data.aws_iam_policy_document.lambda_policy_document_users_find_by_id",
            "module.apigateway_resource_users.data.aws_region.current",
            "module.tables_dynamodb.aws_dynamodb_table.tbl_customers",
            "module.tables_dynamodb.aws_dynamodb_table.tbl_employees",
            "module.tables_dynamodb.aws_dynamodb_table.tbl_inventories",
            "module.tables_dynamodb.aws_dynamodb_table.tbl_suppliers",
            "module.tables_dynamodb.aws_dynamodb_table.tbl_token",
            "module.tables_dynamodb.aws_dynamodb_table.tbl_users"
          ]
        }
      ]
    },
    {
      "module": "module.apigateway_resource_users",
      "mode": "managed",
      "type": "aws_iam_policy",
      "name": "dynamodb_lambda_policy_users_update",
      "provider": "provider[\"registry.terraform.io/hashicorp/aws\"]",
      "instances": [
        {
          "schema_version": 0,
          "attributes": {
            "arn": "arn:aws:iam::233925838033:policy/policy-celeste-users-update-dev",
            "attachment_count": 1,
            "description": "This policy will be used by the lambda to write get data from DynamoDB",
            "id": "arn:aws:iam::233925838033:policy/policy-celeste-users-update-dev",
            "name": "policy-celeste-users-update-dev",
            "name_prefix": "",
            "path": "/",
            "policy": "{\"Statement\":[{\"Action\":\"dynamodb:UpdateItem\",\"Effect\":\"Allow\",\"Resource\":\"arn:aws:dynamodb:us-east-1:233925838033:table/tbl-celeste-users-dev\"}],\"Version\":\"2012-10-17\"}",
            "policy_id": "ANPATM5YRATI5LFWUPPXO",
            "tags": {},
            "tags_all": {
              "iac": "terraform"
            }
          },
          "sensitive_attributes": [],
          "private": "bnVsbA==",
          "dependencies": [
            "module.apigateway.aws_apigatewayv2_api.main",
            "module.apigateway.aws_apigatewayv2_stage.dev",
            "module.apigateway.aws_cloudwatch_log_group.main_api_gw",
            "module.apigateway.data.aws_caller_identity.current",
            "module.apigateway.data.aws_region.current",
            "module.apigateway_resource_authorization.aws_apigatewayv2_authorizer.header_based_authorizer",
            "module.apigateway_resource_authorization.aws_cloudwatch_log_group.html_loggroup_lambda_authorizer",
            "module.apigateway_resource_authorization.aws_iam_policy.dynamodb_lambda_policy_authorizer",
            "module.apigateway_resource_authorization.aws_iam_role.lambda_role_authorizer",
            "module.apigateway_resource_authorization.aws_iam_role_policy_attachment.lambda_attachements",
            "module.apigateway_resource_authorization.aws_iam_role_policy_attachment.lambda_role_policy_authorizer",
            "module.apigateway_resource_authorization.aws_lambda_function.html_lambda_authorizer",
            "module.apigateway_resource_authorization.aws_lambda_permission.allow_api_gw_invoke_authorizer",
            "module.apigateway_resource_authorization.data.archive_file.lambda_package_authorizer",
            "module.apigateway_resource_authorization.data.aws_apigatewayv2_api.selected",
            "module.apigateway_resource_authorization.data.aws_caller_identity.current",
            "module.apigateway_resource_authorization.data.aws_iam_policy_document.lambda_policy_document_authorizer",
            "module.apigateway_resource_authorization.data.aws_region.current",
            "module.apigateway_resource_users.data.aws_caller_identity.current",
            "module.apigateway_resource_users.data.aws_iam_policy_document.lambda_policy_document_users_update",
            "module.apigateway_resource_users.data.aws_region.current",
            "module.tables_dynamodb.aws_dynamodb_table.tbl_customers",
            "module.tables_dynamodb.aws_dynamodb_table.tbl_employees",
            "module.tables_dynamodb.aws_dynamodb_table.tbl_inventories",
            "module.tables_dynamodb.aws_dynamodb_table.tbl_suppliers",
            "module.tables_dynamodb.aws_dynamodb_table.tbl_token",
            "module.tables_dynamodb.aws_dynamodb_table.tbl_users"
          ]
        }
      ]
    },
    {
      "module": "module.apigateway_resource_users",
      "mode": "managed",
      "type": "aws_iam_role",
      "name": "lambda_role_users_create",
      "provider": "provider[\"registry.terraform.io/hashicorp/aws\"]",
      "instances": [
        {
          "schema_version": 0,
          "attributes": {
            "arn": "arn:aws:iam::233925838033:role/role-celeste-users-create-dev",
            "assume_role_policy": "{\"Statement\":[{\"Action\":\"sts:AssumeRole\",\"Effect\":\"Allow\",\"Principal\":{\"Service\":\"lambda.amazonaws.com\"}}],\"Version\":\"2012-10-17\"}",
            "create_date": "2025-03-06T21:18:37Z",
            "description": "",
            "force_detach_policies": false,
            "id": "role-celeste-users-create-dev",
            "inline_policy": [],
            "managed_policy_arns": [
              "arn:aws:iam::233925838033:policy/policy-celeste-users-create-dev",
              "arn:aws:iam::aws:policy/service-role/AWSLambdaBasicExecutionRole"
            ],
            "max_session_duration": 3600,
            "name": "role-celeste-users-create-dev",
            "name_prefix": "",
            "path": "/",
            "permissions_boundary": "",
            "tags": {},
            "tags_all": {
              "iac": "terraform"
            },
            "unique_id": "AROATM5YRATIRDR6MQX5Y"
          },
          "sensitive_attributes": [],
          "private": "bnVsbA==",
          "dependencies": [
            "module.apigateway.aws_apigatewayv2_api.main",
            "module.apigateway.aws_apigatewayv2_stage.dev",
            "module.apigateway.aws_cloudwatch_log_group.main_api_gw",
            "module.apigateway.data.aws_caller_identity.current",
            "module.apigateway.data.aws_region.current",
            "module.apigateway_resource_authorization.aws_apigatewayv2_authorizer.header_based_authorizer",
            "module.apigateway_resource_authorization.aws_cloudwatch_log_group.html_loggroup_lambda_authorizer",
            "module.apigateway_resource_authorization.aws_iam_policy.dynamodb_lambda_policy_authorizer",
            "module.apigateway_resource_authorization.aws_iam_role.lambda_role_authorizer",
            "module.apigateway_resource_authorization.aws_iam_role_policy_attachment.lambda_attachements",
            "module.apigateway_resource_authorization.aws_iam_role_policy_attachment.lambda_role_policy_authorizer",
            "module.apigateway_resource_authorization.aws_lambda_function.html_lambda_authorizer",
            "module.apigateway_resource_authorization.aws_lambda_permission.allow_api_gw_invoke_authorizer",
            "module.apigateway_resource_authorization.data.archive_file.lambda_package_authorizer",
            "module.apigateway_resource_authorization.data.aws_apigatewayv2_api.selected",
            "module.apigateway_resource_authorization.data.aws_caller_identity.current",
            "module.apigateway_resource_authorization.data.aws_iam_policy_document.lambda_policy_document_authorizer",
            "module.apigateway_resource_authorization.data.aws_region.current",
            "module.tables_dynamodb.aws_dynamodb_table.tbl_customers",
            "module.tables_dynamodb.aws_dynamodb_table.tbl_employees",
            "module.tables_dynamodb.aws_dynamodb_table.tbl_inventories",
            "module.tables_dynamodb.aws_dynamodb_table.tbl_suppliers",
            "module.tables_dynamodb.aws_dynamodb_table.tbl_token",
            "module.tables_dynamodb.aws_dynamodb_table.tbl_users"
          ]
        }
      ]
    },
    {
      "module": "module.apigateway_resource_users",
      "mode": "managed",
      "type": "aws_iam_role",
      "name": "lambda_role_users_delete_by_id",
      "provider": "provider[\"registry.terraform.io/hashicorp/aws\"]",
      "instances": [
        {
          "schema_version": 0,
          "attributes": {
            "arn": "arn:aws:iam::233925838033:role/role-celeste-users-delete-by-id-dev",
            "assume_role_policy": "{\"Statement\":[{\"Action\":\"sts:AssumeRole\",\"Effect\":\"Allow\",\"Principal\":{\"Service\":\"lambda.amazonaws.com\"}}],\"Version\":\"2012-10-17\"}",
            "create_date": "2025-03-06T21:18:37Z",
            "description": "",
            "force_detach_policies": false,
            "id": "role-celeste-users-delete-by-id-dev",
            "inline_policy": [],
            "managed_policy_arns": [
              "arn:aws:iam::233925838033:policy/policy-celeste-users-delete-by-id-dev",
              "arn:aws:iam::aws:policy/service-role/AWSLambdaBasicExecutionRole"
            ],
            "max_session_duration": 3600,
            "name": "role-celeste-users-delete-by-id-dev",
            "name_prefix": "",
            "path": "/",
            "permissions_boundary": "",
            "tags": {},
            "tags_all": {
              "iac": "terraform"
            },
            "unique_id": "AROATM5YRATI52EBZZ5Y5"
          },
          "sensitive_attributes": [],
          "private": "bnVsbA==",
          "dependencies": [
            "module.apigateway.aws_apigatewayv2_api.main",
            "module.apigateway.aws_apigatewayv2_stage.dev",
            "module.apigateway.aws_cloudwatch_log_group.main_api_gw",
            "module.apigateway.data.aws_caller_identity.current",
            "module.apigateway.data.aws_region.current",
            "module.apigateway_resource_authorization.aws_apigatewayv2_authorizer.header_based_authorizer",
            "module.apigateway_resource_authorization.aws_cloudwatch_log_group.html_loggroup_lambda_authorizer",
            "module.apigateway_resource_authorization.aws_iam_policy.dynamodb_lambda_policy_authorizer",
            "module.apigateway_resource_authorization.aws_iam_role.lambda_role_authorizer",
            "module.apigateway_resource_authorization.aws_iam_role_policy_attachment.lambda_attachements",
            "module.apigateway_resource_authorization.aws_iam_role_policy_attachment.lambda_role_policy_authorizer",
            "module.apigateway_resource_authorization.aws_lambda_function.html_lambda_authorizer",
            "module.apigateway_resource_authorization.aws_lambda_permission.allow_api_gw_invoke_authorizer",
            "module.apigateway_resource_authorization.data.archive_file.lambda_package_authorizer",
            "module.apigateway_resource_authorization.data.aws_apigatewayv2_api.selected",
            "module.apigateway_resource_authorization.data.aws_caller_identity.current",
            "module.apigateway_resource_authorization.data.aws_iam_policy_document.lambda_policy_document_authorizer",
            "module.apigateway_resource_authorization.data.aws_region.current",
            "module.tables_dynamodb.aws_dynamodb_table.tbl_customers",
            "module.tables_dynamodb.aws_dynamodb_table.tbl_employees",
            "module.tables_dynamodb.aws_dynamodb_table.tbl_inventories",
            "module.tables_dynamodb.aws_dynamodb_table.tbl_suppliers",
            "module.tables_dynamodb.aws_dynamodb_table.tbl_token",
            "module.tables_dynamodb.aws_dynamodb_table.tbl_users"
          ]
        }
      ]
    },
    {
      "module": "module.apigateway_resource_users",
      "mode": "managed",
      "type": "aws_iam_role",
      "name": "lambda_role_users_find_by_id",
      "provider": "provider[\"registry.terraform.io/hashicorp/aws\"]",
      "instances": [
        {
          "schema_version": 0,
          "attributes": {
            "arn": "arn:aws:iam::233925838033:role/role-celeste-users-find-by-id-dev",
            "assume_role_policy": "{\"Statement\":[{\"Action\":\"sts:AssumeRole\",\"Effect\":\"Allow\",\"Principal\":{\"Service\":\"lambda.amazonaws.com\"}}],\"Version\":\"2012-10-17\"}",
            "create_date": "2025-03-06T21:18:37Z",
            "description": "",
            "force_detach_policies": false,
            "id": "role-celeste-users-find-by-id-dev",
            "inline_policy": [],
            "managed_policy_arns": [
              "arn:aws:iam::233925838033:policy/policy-celeste-users-find-by-id-dev",
              "arn:aws:iam::aws:policy/service-role/AWSLambdaBasicExecutionRole"
            ],
            "max_session_duration": 3600,
            "name": "role-celeste-users-find-by-id-dev",
            "name_prefix": "",
            "path": "/",
            "permissions_boundary": "",
            "tags": {},
            "tags_all": {
              "iac": "terraform"
            },
            "unique_id": "AROATM5YRATIZQW7KN3AK"
          },
          "sensitive_attributes": [],
          "private": "bnVsbA==",
          "dependencies": [
            "module.apigateway.aws_apigatewayv2_api.main",
            "module.apigateway.aws_apigatewayv2_stage.dev",
            "module.apigateway.aws_cloudwatch_log_group.main_api_gw",
            "module.apigateway.data.aws_caller_identity.current",
            "module.apigateway.data.aws_region.current",
            "module.apigateway_resource_authorization.aws_apigatewayv2_authorizer.header_based_authorizer",
            "module.apigateway_resource_authorization.aws_cloudwatch_log_group.html_loggroup_lambda_authorizer",
            "module.apigateway_resource_authorization.aws_iam_policy.dynamodb_lambda_policy_authorizer",
            "module.apigateway_resource_authorization.aws_iam_role.lambda_role_authorizer",
            "module.apigateway_resource_authorization.aws_iam_role_policy_attachment.lambda_attachements",
            "module.apigateway_resource_authorization.aws_iam_role_policy_attachment.lambda_role_policy_authorizer",
            "module.apigateway_resource_authorization.aws_lambda_function.html_lambda_authorizer",
            "module.apigateway_resource_authorization.aws_lambda_permission.allow_api_gw_invoke_authorizer",
            "module.apigateway_resource_authorization.data.archive_file.lambda_package_authorizer",
            "module.apigateway_resource_authorization.data.aws_apigatewayv2_api.selected",
            "module.apigateway_resource_authorization.data.aws_caller_identity.current",
            "module.apigateway_resource_authorization.data.aws_iam_policy_document.lambda_policy_document_authorizer",
            "module.apigateway_resource_authorization.data.aws_region.current",
            "module.tables_dynamodb.aws_dynamodb_table.tbl_customers",
            "module.tables_dynamodb.aws_dynamodb_table.tbl_employees",
            "module.tables_dynamodb.aws_dynamodb_table.tbl_inventories",
            "module.tables_dynamodb.aws_dynamodb_table.tbl_suppliers",
            "module.tables_dynamodb.aws_dynamodb_table.tbl_token",
            "module.tables_dynamodb.aws_dynamodb_table.tbl_users"
          ]
        }
      ]
    },
    {
      "module": "module.apigateway_resource_users",
      "mode": "managed",
      "type": "aws_iam_role",
      "name": "lambda_role_users_update",
      "provider": "provider[\"registry.terraform.io/hashicorp/aws\"]",
      "instances": [
        {
          "schema_version": 0,
          "attributes": {
            "arn": "arn:aws:iam::233925838033:role/role-celeste-users-update-dev",
            "assume_role_policy": "{\"Statement\":[{\"Action\":\"sts:AssumeRole\",\"Effect\":\"Allow\",\"Principal\":{\"Service\":\"lambda.amazonaws.com\"}}],\"Version\":\"2012-10-17\"}",
            "create_date": "2025-03-06T21:18:37Z",
            "description": "",
            "force_detach_policies": false,
            "id": "role-celeste-users-update-dev",
            "inline_policy": [],
            "managed_policy_arns": [
              "arn:aws:iam::233925838033:policy/policy-celeste-users-update-dev",
              "arn:aws:iam::aws:policy/service-role/AWSLambdaBasicExecutionRole"
            ],
            "max_session_duration": 3600,
            "name": "role-celeste-users-update-dev",
            "name_prefix": "",
            "path": "/",
            "permissions_boundary": "",
            "tags": {},
            "tags_all": {
              "iac": "terraform"
            },
            "unique_id": "AROATM5YRATIQ5C5FWOAS"
          },
          "sensitive_attributes": [],
          "private": "bnVsbA==",
          "dependencies": [
            "module.apigateway.aws_apigatewayv2_api.main",
            "module.apigateway.aws_apigatewayv2_stage.dev",
            "module.apigateway.aws_cloudwatch_log_group.main_api_gw",
            "module.apigateway.data.aws_caller_identity.current",
            "module.apigateway.data.aws_region.current",
            "module.apigateway_resource_authorization.aws_apigatewayv2_authorizer.header_based_authorizer",
            "module.apigateway_resource_authorization.aws_cloudwatch_log_group.html_loggroup_lambda_authorizer",
            "module.apigateway_resource_authorization.aws_iam_policy.dynamodb_lambda_policy_authorizer",
            "module.apigateway_resource_authorization.aws_iam_role.lambda_role_authorizer",
            "module.apigateway_resource_authorization.aws_iam_role_policy_attachment.lambda_attachements",
            "module.apigateway_resource_authorization.aws_iam_role_policy_attachment.lambda_role_policy_authorizer",
            "module.apigateway_resource_authorization.aws_lambda_function.html_lambda_authorizer",
            "module.apigateway_resource_authorization.aws_lambda_permission.allow_api_gw_invoke_authorizer",
            "module.apigateway_resource_authorization.data.archive_file.lambda_package_authorizer",
            "module.apigateway_resource_authorization.data.aws_apigatewayv2_api.selected",
            "module.apigateway_resource_authorization.data.aws_caller_identity.current",
            "module.apigateway_resource_authorization.data.aws_iam_policy_document.lambda_policy_document_authorizer",
            "module.apigateway_resource_authorization.data.aws_region.current",
            "module.tables_dynamodb.aws_dynamodb_table.tbl_customers",
            "module.tables_dynamodb.aws_dynamodb_table.tbl_employees",
            "module.tables_dynamodb.aws_dynamodb_table.tbl_inventories",
            "module.tables_dynamodb.aws_dynamodb_table.tbl_suppliers",
            "module.tables_dynamodb.aws_dynamodb_table.tbl_token",
            "module.tables_dynamodb.aws_dynamodb_table.tbl_users"
          ]
        }
      ]
    },
    {
      "module": "module.apigateway_resource_users",
      "mode": "managed",
      "type": "aws_iam_role_policy_attachment",
      "name": "lambda_attachements_find_by_id",
      "provider": "provider[\"registry.terraform.io/hashicorp/aws\"]",
      "instances": [
        {
          "schema_version": 0,
          "attributes": {
            "id": "role-celeste-users-find-by-id-dev-20250306211841949800000013",
            "policy_arn": "arn:aws:iam::233925838033:policy/policy-celeste-users-find-by-id-dev",
            "role": "role-celeste-users-find-by-id-dev"
          },
          "sensitive_attributes": [],
          "private": "bnVsbA==",
          "dependencies": [
            "module.apigateway.aws_apigatewayv2_api.main",
            "module.apigateway.aws_apigatewayv2_stage.dev",
            "module.apigateway.aws_cloudwatch_log_group.main_api_gw",
            "module.apigateway.data.aws_caller_identity.current",
            "module.apigateway.data.aws_region.current",
            "module.apigateway_resource_authorization.aws_apigatewayv2_authorizer.header_based_authorizer",
            "module.apigateway_resource_authorization.aws_cloudwatch_log_group.html_loggroup_lambda_authorizer",
            "module.apigateway_resource_authorization.aws_iam_policy.dynamodb_lambda_policy_authorizer",
            "module.apigateway_resource_authorization.aws_iam_role.lambda_role_authorizer",
            "module.apigateway_resource_authorization.aws_iam_role_policy_attachment.lambda_attachements",
            "module.apigateway_resource_authorization.aws_iam_role_policy_attachment.lambda_role_policy_authorizer",
            "module.apigateway_resource_authorization.aws_lambda_function.html_lambda_authorizer",
            "module.apigateway_resource_authorization.aws_lambda_permission.allow_api_gw_invoke_authorizer",
            "module.apigateway_resource_authorization.data.archive_file.lambda_package_authorizer",
            "module.apigateway_resource_authorization.data.aws_apigatewayv2_api.selected",
            "module.apigateway_resource_authorization.data.aws_caller_identity.current",
            "module.apigateway_resource_authorization.data.aws_iam_policy_document.lambda_policy_document_authorizer",
            "module.apigateway_resource_authorization.data.aws_region.current",
            "module.apigateway_resource_users.aws_iam_policy.dynamodb_lambda_policy_users_find_by_id",
            "module.apigateway_resource_users.aws_iam_role.lambda_role_users_find_by_id",
            "module.apigateway_resource_users.data.aws_caller_identity.current",
            "module.apigateway_resource_users.data.aws_iam_policy_document.lambda_policy_document_users_find_by_id",
            "module.apigateway_resource_users.data.aws_region.current",
            "module.tables_dynamodb.aws_dynamodb_table.tbl_customers",
            "module.tables_dynamodb.aws_dynamodb_table.tbl_employees",
            "module.tables_dynamodb.aws_dynamodb_table.tbl_inventories",
            "module.tables_dynamodb.aws_dynamodb_table.tbl_suppliers",
            "module.tables_dynamodb.aws_dynamodb_table.tbl_token",
            "module.tables_dynamodb.aws_dynamodb_table.tbl_users"
          ]
        }
      ]
    },
    {
      "module": "module.apigateway_resource_users",
      "mode": "managed",
      "type": "aws_iam_role_policy_attachment",
      "name": "lambda_attachements_users_create",
      "provider": "provider[\"registry.terraform.io/hashicorp/aws\"]",
      "instances": [
        {
          "schema_version": 0,
          "attributes": {
            "id": "role-celeste-users-create-dev-20250306211840986900000010",
            "policy_arn": "arn:aws:iam::233925838033:policy/policy-celeste-users-create-dev",
            "role": "role-celeste-users-create-dev"
          },
          "sensitive_attributes": [],
          "private": "bnVsbA==",
          "dependencies": [
            "module.apigateway.aws_apigatewayv2_api.main",
            "module.apigateway.aws_apigatewayv2_stage.dev",
            "module.apigateway.aws_cloudwatch_log_group.main_api_gw",
            "module.apigateway.data.aws_caller_identity.current",
            "module.apigateway.data.aws_region.current",
            "module.apigateway_resource_authorization.aws_apigatewayv2_authorizer.header_based_authorizer",
            "module.apigateway_resource_authorization.aws_cloudwatch_log_group.html_loggroup_lambda_authorizer",
            "module.apigateway_resource_authorization.aws_iam_policy.dynamodb_lambda_policy_authorizer",
            "module.apigateway_resource_authorization.aws_iam_role.lambda_role_authorizer",
            "module.apigateway_resource_authorization.aws_iam_role_policy_attachment.lambda_attachements",
            "module.apigateway_resource_authorization.aws_iam_role_policy_attachment.lambda_role_policy_authorizer",
            "module.apigateway_resource_authorization.aws_lambda_function.html_lambda_authorizer",
            "module.apigateway_resource_authorization.aws_lambda_permission.allow_api_gw_invoke_authorizer",
            "module.apigateway_resource_authorization.data.archive_file.lambda_package_authorizer",
            "module.apigateway_resource_authorization.data.aws_apigatewayv2_api.selected",
            "module.apigateway_resource_authorization.data.aws_caller_identity.current",
            "module.apigateway_resource_authorization.data.aws_iam_policy_document.lambda_policy_document_authorizer",
            "module.apigateway_resource_authorization.data.aws_region.current",
            "module.apigateway_resource_users.aws_iam_policy.dynamodb_lambda_policy_users_create",
            "module.apigateway_resource_users.aws_iam_role.lambda_role_users_create",
            "module.apigateway_resource_users.data.aws_caller_identity.current",
            "module.apigateway_resource_users.data.aws_iam_policy_document.lambda_policy_document_users_create",
            "module.apigateway_resource_users.data.aws_region.current",
            "module.tables_dynamodb.aws_dynamodb_table.tbl_customers",
            "module.tables_dynamodb.aws_dynamodb_table.tbl_employees",
            "module.tables_dynamodb.aws_dynamodb_table.tbl_inventories",
            "module.tables_dynamodb.aws_dynamodb_table.tbl_suppliers",
            "module.tables_dynamodb.aws_dynamodb_table.tbl_token",
            "module.tables_dynamodb.aws_dynamodb_table.tbl_users"
          ]
        }
      ]
    },
    {
      "module": "module.apigateway_resource_users",
      "mode": "managed",
      "type": "aws_iam_role_policy_attachment",
      "name": "lambda_attachements_users_delete",
      "provider": "provider[\"registry.terraform.io/hashicorp/aws\"]",
      "instances": [
        {
          "schema_version": 0,
          "attributes": {
            "id": "role-celeste-users-delete-by-id-dev-20250306211841618000000012",
            "policy_arn": "arn:aws:iam::233925838033:policy/policy-celeste-users-delete-by-id-dev",
            "role": "role-celeste-users-delete-by-id-dev"
          },
          "sensitive_attributes": [],
          "private": "bnVsbA==",
          "dependencies": [
            "module.apigateway.aws_apigatewayv2_api.main",
            "module.apigateway.aws_apigatewayv2_stage.dev",
            "module.apigateway.aws_cloudwatch_log_group.main_api_gw",
            "module.apigateway.data.aws_caller_identity.current",
            "module.apigateway.data.aws_region.current",
            "module.apigateway_resource_authorization.aws_apigatewayv2_authorizer.header_based_authorizer",
            "module.apigateway_resource_authorization.aws_cloudwatch_log_group.html_loggroup_lambda_authorizer",
            "module.apigateway_resource_authorization.aws_iam_policy.dynamodb_lambda_policy_authorizer",
            "module.apigateway_resource_authorization.aws_iam_role.lambda_role_authorizer",
            "module.apigateway_resource_authorization.aws_iam_role_policy_attachment.lambda_attachements",
            "module.apigateway_resource_authorization.aws_iam_role_policy_attachment.lambda_role_policy_authorizer",
            "module.apigateway_resource_authorization.aws_lambda_function.html_lambda_authorizer",
            "module.apigateway_resource_authorization.aws_lambda_permission.allow_api_gw_invoke_authorizer",
            "module.apigateway_resource_authorization.data.archive_file.lambda_package_authorizer",
            "module.apigateway_resource_authorization.data.aws_apigatewayv2_api.selected",
            "module.apigateway_resource_authorization.data.aws_caller_identity.current",
            "module.apigateway_resource_authorization.data.aws_iam_policy_document.lambda_policy_document_authorizer",
            "module.apigateway_resource_authorization.data.aws_region.current",
            "module.apigateway_resource_users.aws_iam_policy.dynamodb_lambda_policy_users_delete_by_id",
            "module.apigateway_resource_users.aws_iam_role.lambda_role_users_delete_by_id",
            "module.apigateway_resource_users.data.aws_caller_identity.current",
            "module.apigateway_resource_users.data.aws_iam_policy_document.lambda_policy_document_users_delete_by_id",
            "module.apigateway_resource_users.data.aws_region.current",
            "module.tables_dynamodb.aws_dynamodb_table.tbl_customers",
            "module.tables_dynamodb.aws_dynamodb_table.tbl_employees",
            "module.tables_dynamodb.aws_dynamodb_table.tbl_inventories",
            "module.tables_dynamodb.aws_dynamodb_table.tbl_suppliers",
            "module.tables_dynamodb.aws_dynamodb_table.tbl_token",
            "module.tables_dynamodb.aws_dynamodb_table.tbl_users"
          ]
        }
      ]
    },
    {
      "module": "module.apigateway_resource_users",
      "mode": "managed",
      "type": "aws_iam_role_policy_attachment",
      "name": "lambda_attachements_users_update",
      "provider": "provider[\"registry.terraform.io/hashicorp/aws\"]",
      "instances": [
        {
          "schema_version": 0,
          "attributes": {
            "id": "role-celeste-users-update-dev-20250306211842258100000014",
            "policy_arn": "arn:aws:iam::233925838033:policy/policy-celeste-users-update-dev",
            "role": "role-celeste-users-update-dev"
          },
          "sensitive_attributes": [],
          "private": "bnVsbA==",
          "dependencies": [
            "module.apigateway.aws_apigatewayv2_api.main",
            "module.apigateway.aws_apigatewayv2_stage.dev",
            "module.apigateway.aws_cloudwatch_log_group.main_api_gw",
            "module.apigateway.data.aws_caller_identity.current",
            "module.apigateway.data.aws_region.current",
            "module.apigateway_resource_authorization.aws_apigatewayv2_authorizer.header_based_authorizer",
            "module.apigateway_resource_authorization.aws_cloudwatch_log_group.html_loggroup_lambda_authorizer",
            "module.apigateway_resource_authorization.aws_iam_policy.dynamodb_lambda_policy_authorizer",
            "module.apigateway_resource_authorization.aws_iam_role.lambda_role_authorizer",
            "module.apigateway_resource_authorization.aws_iam_role_policy_attachment.lambda_attachements",
            "module.apigateway_resource_authorization.aws_iam_role_policy_attachment.lambda_role_policy_authorizer",
            "module.apigateway_resource_authorization.aws_lambda_function.html_lambda_authorizer",
            "module.apigateway_resource_authorization.aws_lambda_permission.allow_api_gw_invoke_authorizer",
            "module.apigateway_resource_authorization.data.archive_file.lambda_package_authorizer",
            "module.apigateway_resource_authorization.data.aws_apigatewayv2_api.selected",
            "module.apigateway_resource_authorization.data.aws_caller_identity.current",
            "module.apigateway_resource_authorization.data.aws_iam_policy_document.lambda_policy_document_authorizer",
            "module.apigateway_resource_authorization.data.aws_region.current",
            "module.apigateway_resource_users.aws_iam_policy.dynamodb_lambda_policy_users_update",
            "module.apigateway_resource_users.aws_iam_role.lambda_role_users_update",
            "module.apigateway_resource_users.data.aws_caller_identity.current",
            "module.apigateway_resource_users.data.aws_iam_policy_document.lambda_policy_document_users_update",
            "module.apigateway_resource_users.data.aws_region.current",
            "module.tables_dynamodb.aws_dynamodb_table.tbl_customers",
            "module.tables_dynamodb.aws_dynamodb_table.tbl_employees",
            "module.tables_dynamodb.aws_dynamodb_table.tbl_inventories",
            "module.tables_dynamodb.aws_dynamodb_table.tbl_suppliers",
            "module.tables_dynamodb.aws_dynamodb_table.tbl_token",
            "module.tables_dynamodb.aws_dynamodb_table.tbl_users"
          ]
        }
      ]
    },
    {
      "module": "module.apigateway_resource_users",
      "mode": "managed",
      "type": "aws_iam_role_policy_attachment",
      "name": "lambda_role_policy_users_create",
      "provider": "provider[\"registry.terraform.io/hashicorp/aws\"]",
      "instances": [
        {
          "schema_version": 0,
          "attributes": {
            "id": "role-celeste-users-create-dev-20250306211838824000000005",
            "policy_arn": "arn:aws:iam::aws:policy/service-role/AWSLambdaBasicExecutionRole",
            "role": "role-celeste-users-create-dev"
          },
          "sensitive_attributes": [],
          "private": "bnVsbA==",
          "dependencies": [
            "module.apigateway.aws_apigatewayv2_api.main",
            "module.apigateway.aws_apigatewayv2_stage.dev",
            "module.apigateway.aws_cloudwatch_log_group.main_api_gw",
            "module.apigateway.data.aws_caller_identity.current",
            "module.apigateway.data.aws_region.current",
            "module.apigateway_resource_authorization.aws_apigatewayv2_authorizer.header_based_authorizer",
            "module.apigateway_resource_authorization.aws_cloudwatch_log_group.html_loggroup_lambda_authorizer",
            "module.apigateway_resource_authorization.aws_iam_policy.dynamodb_lambda_policy_authorizer",
            "module.apigateway_resource_authorization.aws_iam_role.lambda_role_authorizer",
            "module.apigateway_resource_authorization.aws_iam_role_policy_attachment.lambda_attachements",
            "module.apigateway_resource_authorization.aws_iam_role_policy_attachment.lambda_role_policy_authorizer",
            "module.apigateway_resource_authorization.aws_lambda_function.html_lambda_authorizer",
            "module.apigateway_resource_authorization.aws_lambda_permission.allow_api_gw_invoke_authorizer",
            "module.apigateway_resource_authorization.data.archive_file.lambda_package_authorizer",
            "module.apigateway_resource_authorization.data.aws_apigatewayv2_api.selected",
            "module.apigateway_resource_authorization.data.aws_caller_identity.current",
            "module.apigateway_resource_authorization.data.aws_iam_policy_document.lambda_policy_document_authorizer",
            "module.apigateway_resource_authorization.data.aws_region.current",
            "module.apigateway_resource_users.aws_iam_role.lambda_role_users_create",
            "module.tables_dynamodb.aws_dynamodb_table.tbl_customers",
            "module.tables_dynamodb.aws_dynamodb_table.tbl_employees",
            "module.tables_dynamodb.aws_dynamodb_table.tbl_inventories",
            "module.tables_dynamodb.aws_dynamodb_table.tbl_suppliers",
            "module.tables_dynamodb.aws_dynamodb_table.tbl_token",
            "module.tables_dynamodb.aws_dynamodb_table.tbl_users"
          ]
        }
      ]
    },
    {
      "module": "module.apigateway_resource_users",
      "mode": "managed",
      "type": "aws_iam_role_policy_attachment",
      "name": "lambda_role_policy_users_delete_by_id",
      "provider": "provider[\"registry.terraform.io/hashicorp/aws\"]",
      "instances": [
        {
          "schema_version": 0,
          "attributes": {
            "id": "role-celeste-users-delete-by-id-dev-20250306211838292100000003",
            "policy_arn": "arn:aws:iam::aws:policy/service-role/AWSLambdaBasicExecutionRole",
            "role": "role-celeste-users-delete-by-id-dev"
          },
          "sensitive_attributes": [],
          "private": "bnVsbA==",
          "dependencies": [
            "module.apigateway.aws_apigatewayv2_api.main",
            "module.apigateway.aws_apigatewayv2_stage.dev",
            "module.apigateway.aws_cloudwatch_log_group.main_api_gw",
            "module.apigateway.data.aws_caller_identity.current",
            "module.apigateway.data.aws_region.current",
            "module.apigateway_resource_authorization.aws_apigatewayv2_authorizer.header_based_authorizer",
            "module.apigateway_resource_authorization.aws_cloudwatch_log_group.html_loggroup_lambda_authorizer",
            "module.apigateway_resource_authorization.aws_iam_policy.dynamodb_lambda_policy_authorizer",
            "module.apigateway_resource_authorization.aws_iam_role.lambda_role_authorizer",
            "module.apigateway_resource_authorization.aws_iam_role_policy_attachment.lambda_attachements",
            "module.apigateway_resource_authorization.aws_iam_role_policy_attachment.lambda_role_policy_authorizer",
            "module.apigateway_resource_authorization.aws_lambda_function.html_lambda_authorizer",
            "module.apigateway_resource_authorization.aws_lambda_permission.allow_api_gw_invoke_authorizer",
            "module.apigateway_resource_authorization.data.archive_file.lambda_package_authorizer",
            "module.apigateway_resource_authorization.data.aws_apigatewayv2_api.selected",
            "module.apigateway_resource_authorization.data.aws_caller_identity.current",
            "module.apigateway_resource_authorization.data.aws_iam_policy_document.lambda_policy_document_authorizer",
            "module.apigateway_resource_authorization.data.aws_region.current",
            "module.apigateway_resource_users.aws_iam_role.lambda_role_users_delete_by_id",
            "module.tables_dynamodb.aws_dynamodb_table.tbl_customers",
            "module.tables_dynamodb.aws_dynamodb_table.tbl_employees",
            "module.tables_dynamodb.aws_dynamodb_table.tbl_inventories",
            "module.tables_dynamodb.aws_dynamodb_table.tbl_suppliers",
            "module.tables_dynamodb.aws_dynamodb_table.tbl_token",
            "module.tables_dynamodb.aws_dynamodb_table.tbl_users"
          ]
        }
      ]
    },
    {
      "module": "module.apigateway_resource_users",
      "mode": "managed",
      "type": "aws_iam_role_policy_attachment",
      "name": "lambda_role_policy_users_find_by_id",
      "provider": "provider[\"registry.terraform.io/hashicorp/aws\"]",
      "instances": [
        {
          "schema_version": 0,
          "attributes": {
            "id": "role-celeste-users-find-by-id-dev-2025030621183977560000000c",
            "policy_arn": "arn:aws:iam::aws:policy/service-role/AWSLambdaBasicExecutionRole",
            "role": "role-celeste-users-find-by-id-dev"
          },
          "sensitive_attributes": [],
          "private": "bnVsbA==",
          "dependencies": [
            "module.apigateway.aws_apigatewayv2_api.main",
            "module.apigateway.aws_apigatewayv2_stage.dev",
            "module.apigateway.aws_cloudwatch_log_group.main_api_gw",
            "module.apigateway.data.aws_caller_identity.current",
            "module.apigateway.data.aws_region.current",
            "module.apigateway_resource_authorization.aws_apigatewayv2_authorizer.header_based_authorizer",
            "module.apigateway_resource_authorization.aws_cloudwatch_log_group.html_loggroup_lambda_authorizer",
            "module.apigateway_resource_authorization.aws_iam_policy.dynamodb_lambda_policy_authorizer",
            "module.apigateway_resource_authorization.aws_iam_role.lambda_role_authorizer",
            "module.apigateway_resource_authorization.aws_iam_role_policy_attachment.lambda_attachements",
            "module.apigateway_resource_authorization.aws_iam_role_policy_attachment.lambda_role_policy_authorizer",
            "module.apigateway_resource_authorization.aws_lambda_function.html_lambda_authorizer",
            "module.apigateway_resource_authorization.aws_lambda_permission.allow_api_gw_invoke_authorizer",
            "module.apigateway_resource_authorization.data.archive_file.lambda_package_authorizer",
            "module.apigateway_resource_authorization.data.aws_apigatewayv2_api.selected",
            "module.apigateway_resource_authorization.data.aws_caller_identity.current",
            "module.apigateway_resource_authorization.data.aws_iam_policy_document.lambda_policy_document_authorizer",
            "module.apigateway_resource_authorization.data.aws_region.current",
            "module.apigateway_resource_users.aws_iam_role.lambda_role_users_find_by_id",
            "module.tables_dynamodb.aws_dynamodb_table.tbl_customers",
            "module.tables_dynamodb.aws_dynamodb_table.tbl_employees",
            "module.tables_dynamodb.aws_dynamodb_table.tbl_inventories",
            "module.tables_dynamodb.aws_dynamodb_table.tbl_suppliers",
            "module.tables_dynamodb.aws_dynamodb_table.tbl_token",
            "module.tables_dynamodb.aws_dynamodb_table.tbl_users"
          ]
        }
      ]
    },
    {
      "module": "module.apigateway_resource_users",
      "mode": "managed",
      "type": "aws_iam_role_policy_attachment",
      "name": "lambda_role_policy_users_update",
      "provider": "provider[\"registry.terraform.io/hashicorp/aws\"]",
      "instances": [
        {
          "schema_version": 0,
          "attributes": {
            "id": "role-celeste-users-update-dev-20250306211839145200000009",
            "policy_arn": "arn:aws:iam::aws:policy/service-role/AWSLambdaBasicExecutionRole",
            "role": "role-celeste-users-update-dev"
          },
          "sensitive_attributes": [],
          "private": "bnVsbA==",
          "dependencies": [
            "module.apigateway.aws_apigatewayv2_api.main",
            "module.apigateway.aws_apigatewayv2_stage.dev",
            "module.apigateway.aws_cloudwatch_log_group.main_api_gw",
            "module.apigateway.data.aws_caller_identity.current",
            "module.apigateway.data.aws_region.current",
            "module.apigateway_resource_authorization.aws_apigatewayv2_authorizer.header_based_authorizer",
            "module.apigateway_resource_authorization.aws_cloudwatch_log_group.html_loggroup_lambda_authorizer",
            "module.apigateway_resource_authorization.aws_iam_policy.dynamodb_lambda_policy_authorizer",
            "module.apigateway_resource_authorization.aws_iam_role.lambda_role_authorizer",
            "module.apigateway_resource_authorization.aws_iam_role_policy_attachment.lambda_attachements",
            "module.apigateway_resource_authorization.aws_iam_role_policy_attachment.lambda_role_policy_authorizer",
            "module.apigateway_resource_authorization.aws_lambda_function.html_lambda_authorizer",
            "module.apigateway_resource_authorization.aws_lambda_permission.allow_api_gw_invoke_authorizer",
            "module.apigateway_resource_authorization.data.archive_file.lambda_package_authorizer",
            "module.apigateway_resource_authorization.data.aws_apigatewayv2_api.selected",
            "module.apigateway_resource_authorization.data.aws_caller_identity.current",
            "module.apigateway_resource_authorization.data.aws_iam_policy_document.lambda_policy_document_authorizer",
            "module.apigateway_resource_authorization.data.aws_region.current",
            "module.apigateway_resource_users.aws_iam_role.lambda_role_users_update",
            "module.tables_dynamodb.aws_dynamodb_table.tbl_customers",
            "module.tables_dynamodb.aws_dynamodb_table.tbl_employees",
            "module.tables_dynamodb.aws_dynamodb_table.tbl_inventories",
            "module.tables_dynamodb.aws_dynamodb_table.tbl_suppliers",
            "module.tables_dynamodb.aws_dynamodb_table.tbl_token",
            "module.tables_dynamodb.aws_dynamodb_table.tbl_users"
          ]
        }
      ]
    },
    {
      "module": "module.apigateway_resource_users",
      "mode": "managed",
      "type": "aws_lambda_function",
      "name": "html_lambda_users_create",
      "provider": "provider[\"registry.terraform.io/hashicorp/aws\"]",
      "instances": [
        {
          "schema_version": 0,
          "attributes": {
            "architectures": [
              "arm64"
            ],
            "arn": "arn:aws:lambda:us-east-1:233925838033:function:lmb-celeste-users-create-dev",
            "code_sha256": "hwZy0n5pWPRvX6laDf3W4wNEvBKuSmObIj7DF/75jno=",
            "code_signing_config_arn": "",
            "dead_letter_config": [],
            "description": "",
            "environment": [],
            "ephemeral_storage": [
              {
                "size": 512
              }
            ],
            "file_system_config": [],
            "filename": "./resources/core/users-create/index.zip",
            "function_name": "lmb-celeste-users-create-dev",
            "handler": "index.handler",
            "id": "lmb-celeste-users-create-dev",
            "image_config": [],
            "image_uri": "",
            "invoke_arn": "arn:aws:apigateway:us-east-1:lambda:path/2015-03-31/functions/arn:aws:lambda:us-east-1:233925838033:function:lmb-celeste-users-create-dev/invocations",
            "kms_key_arn": "",
            "last_modified": "2025-03-06T21:24:12.000+0000",
            "layers": [],
            "logging_config": [
              {
                "application_log_level": "",
                "log_format": "Text",
                "log_group": "/aws/lambda/lmb-celeste-users-create-dev",
                "system_log_level": ""
              }
            ],
            "memory_size": 128,
            "package_type": "Zip",
            "publish": false,
            "qualified_arn": "arn:aws:lambda:us-east-1:233925838033:function:lmb-celeste-users-create-dev:$LATEST",
            "qualified_invoke_arn": "arn:aws:apigateway:us-east-1:lambda:path/2015-03-31/functions/arn:aws:lambda:us-east-1:233925838033:function:lmb-celeste-users-create-dev:$LATEST/invocations",
            "replace_security_groups_on_destroy": null,
            "replacement_security_group_ids": null,
            "reserved_concurrent_executions": -1,
            "role": "arn:aws:iam::233925838033:role/role-celeste-users-create-dev",
            "runtime": "nodejs22.x",
            "s3_bucket": null,
            "s3_key": null,
            "s3_object_version": null,
            "signing_job_arn": "",
            "signing_profile_version_arn": "",
            "skip_destroy": false,
            "snap_start": [],
            "source_code_hash": "hwZy0n5pWPRvX6laDf3W4wNEvBKuSmObIj7DF/75jno=",
            "source_code_size": 361972,
            "tags": {
              "app_name": "celeste",
              "env": "dev"
            },
            "tags_all": {
              "app_name": "celeste",
              "env": "dev",
              "iac": "terraform"
            },
            "timeout": 30,
            "timeouts": null,
            "tracing_config": [
              {
                "mode": "PassThrough"
              }
            ],
            "version": "$LATEST",
            "vpc_config": []
          },
          "sensitive_attributes": [],
          "private": "eyJlMmJmYjczMC1lY2FhLTExZTYtOGY4OC0zNDM2M2JjN2M0YzAiOnsiY3JlYXRlIjo2MDAwMDAwMDAwMDAsImRlbGV0ZSI6NjAwMDAwMDAwMDAwLCJ1cGRhdGUiOjYwMDAwMDAwMDAwMH19",
          "dependencies": [
            "module.apigateway.aws_apigatewayv2_api.main",
            "module.apigateway.aws_apigatewayv2_stage.dev",
            "module.apigateway.aws_cloudwatch_log_group.main_api_gw",
            "module.apigateway.data.aws_caller_identity.current",
            "module.apigateway.data.aws_region.current",
            "module.apigateway_resource_authorization.aws_apigatewayv2_authorizer.header_based_authorizer",
            "module.apigateway_resource_authorization.aws_cloudwatch_log_group.html_loggroup_lambda_authorizer",
            "module.apigateway_resource_authorization.aws_iam_policy.dynamodb_lambda_policy_authorizer",
            "module.apigateway_resource_authorization.aws_iam_role.lambda_role_authorizer",
            "module.apigateway_resource_authorization.aws_iam_role_policy_attachment.lambda_attachements",
            "module.apigateway_resource_authorization.aws_iam_role_policy_attachment.lambda_role_policy_authorizer",
            "module.apigateway_resource_authorization.aws_lambda_function.html_lambda_authorizer",
            "module.apigateway_resource_authorization.aws_lambda_permission.allow_api_gw_invoke_authorizer",
            "module.apigateway_resource_authorization.data.archive_file.lambda_package_authorizer",
            "module.apigateway_resource_authorization.data.aws_apigatewayv2_api.selected",
            "module.apigateway_resource_authorization.data.aws_caller_identity.current",
            "module.apigateway_resource_authorization.data.aws_iam_policy_document.lambda_policy_document_authorizer",
            "module.apigateway_resource_authorization.data.aws_region.current",
            "module.apigateway_resource_users.aws_iam_role.lambda_role_users_create",
            "module.apigateway_resource_users.data.archive_file.lambda_package_users_create",
            "module.tables_dynamodb.aws_dynamodb_table.tbl_customers",
            "module.tables_dynamodb.aws_dynamodb_table.tbl_employees",
            "module.tables_dynamodb.aws_dynamodb_table.tbl_inventories",
            "module.tables_dynamodb.aws_dynamodb_table.tbl_suppliers",
            "module.tables_dynamodb.aws_dynamodb_table.tbl_token",
            "module.tables_dynamodb.aws_dynamodb_table.tbl_users"
          ]
        }
      ]
    },
    {
      "module": "module.apigateway_resource_users",
      "mode": "managed",
      "type": "aws_lambda_function",
      "name": "html_lambda_users_delete_by_id",
      "provider": "provider[\"registry.terraform.io/hashicorp/aws\"]",
      "instances": [
        {
          "schema_version": 0,
          "attributes": {
            "architectures": [
              "arm64"
            ],
            "arn": "arn:aws:lambda:us-east-1:233925838033:function:lmb-celeste-users-delete-by-id-dev",
            "code_sha256": "ywjrn3GGibidM0dINw7FBdEht0ik0VmehgKI3QSRXew=",
            "code_signing_config_arn": "",
            "dead_letter_config": [],
            "description": "",
            "environment": [],
            "ephemeral_storage": [
              {
                "size": 512
              }
            ],
            "file_system_config": [],
            "filename": "./resources/core/users-delete-by-id/index.zip",
            "function_name": "lmb-celeste-users-delete-by-id-dev",
            "handler": "index.handler",
            "id": "lmb-celeste-users-delete-by-id-dev",
            "image_config": [],
            "image_uri": "",
            "invoke_arn": "arn:aws:apigateway:us-east-1:lambda:path/2015-03-31/functions/arn:aws:lambda:us-east-1:233925838033:function:lmb-celeste-users-delete-by-id-dev/invocations",
            "kms_key_arn": "",
            "last_modified": "2025-03-06T21:18:45.941+0000",
            "layers": [],
            "logging_config": [
              {
                "application_log_level": "",
                "log_format": "Text",
                "log_group": "/aws/lambda/lmb-celeste-users-delete-by-id-dev",
                "system_log_level": ""
              }
            ],
            "memory_size": 128,
            "package_type": "Zip",
            "publish": false,
            "qualified_arn": "arn:aws:lambda:us-east-1:233925838033:function:lmb-celeste-users-delete-by-id-dev:$LATEST",
            "qualified_invoke_arn": "arn:aws:apigateway:us-east-1:lambda:path/2015-03-31/functions/arn:aws:lambda:us-east-1:233925838033:function:lmb-celeste-users-delete-by-id-dev:$LATEST/invocations",
            "replace_security_groups_on_destroy": null,
            "replacement_security_group_ids": null,
            "reserved_concurrent_executions": -1,
            "role": "arn:aws:iam::233925838033:role/role-celeste-users-delete-by-id-dev",
            "runtime": "nodejs22.x",
            "s3_bucket": null,
            "s3_key": null,
            "s3_object_version": null,
            "signing_job_arn": "",
            "signing_profile_version_arn": "",
            "skip_destroy": false,
            "snap_start": [],
            "source_code_hash": "ywjrn3GGibidM0dINw7FBdEht0ik0VmehgKI3QSRXew=",
            "source_code_size": 361158,
            "tags": {
              "app_name": "celeste",
              "env": "dev"
            },
            "tags_all": {
              "app_name": "celeste",
              "env": "dev",
              "iac": "terraform"
            },
            "timeout": 30,
            "timeouts": null,
            "tracing_config": [
              {
                "mode": "PassThrough"
              }
            ],
            "version": "$LATEST",
            "vpc_config": []
          },
          "sensitive_attributes": [],
          "private": "eyJlMmJmYjczMC1lY2FhLTExZTYtOGY4OC0zNDM2M2JjN2M0YzAiOnsiY3JlYXRlIjo2MDAwMDAwMDAwMDAsImRlbGV0ZSI6NjAwMDAwMDAwMDAwLCJ1cGRhdGUiOjYwMDAwMDAwMDAwMH19",
          "dependencies": [
            "module.apigateway.aws_apigatewayv2_api.main",
            "module.apigateway.aws_apigatewayv2_stage.dev",
            "module.apigateway.aws_cloudwatch_log_group.main_api_gw",
            "module.apigateway.data.aws_caller_identity.current",
            "module.apigateway.data.aws_region.current",
            "module.apigateway_resource_authorization.aws_apigatewayv2_authorizer.header_based_authorizer",
            "module.apigateway_resource_authorization.aws_cloudwatch_log_group.html_loggroup_lambda_authorizer",
            "module.apigateway_resource_authorization.aws_iam_policy.dynamodb_lambda_policy_authorizer",
            "module.apigateway_resource_authorization.aws_iam_role.lambda_role_authorizer",
            "module.apigateway_resource_authorization.aws_iam_role_policy_attachment.lambda_attachements",
            "module.apigateway_resource_authorization.aws_iam_role_policy_attachment.lambda_role_policy_authorizer",
            "module.apigateway_resource_authorization.aws_lambda_function.html_lambda_authorizer",
            "module.apigateway_resource_authorization.aws_lambda_permission.allow_api_gw_invoke_authorizer",
            "module.apigateway_resource_authorization.data.archive_file.lambda_package_authorizer",
            "module.apigateway_resource_authorization.data.aws_apigatewayv2_api.selected",
            "module.apigateway_resource_authorization.data.aws_caller_identity.current",
            "module.apigateway_resource_authorization.data.aws_iam_policy_document.lambda_policy_document_authorizer",
            "module.apigateway_resource_authorization.data.aws_region.current",
            "module.apigateway_resource_users.aws_iam_role.lambda_role_users_delete_by_id",
            "module.apigateway_resource_users.data.archive_file.lambda_package_users_delete_by_id",
            "module.tables_dynamodb.aws_dynamodb_table.tbl_customers",
            "module.tables_dynamodb.aws_dynamodb_table.tbl_employees",
            "module.tables_dynamodb.aws_dynamodb_table.tbl_inventories",
            "module.tables_dynamodb.aws_dynamodb_table.tbl_suppliers",
            "module.tables_dynamodb.aws_dynamodb_table.tbl_token",
            "module.tables_dynamodb.aws_dynamodb_table.tbl_users"
          ]
        }
      ]
    },
    {
      "module": "module.apigateway_resource_users",
      "mode": "managed",
      "type": "aws_lambda_function",
      "name": "html_lambda_users_find_by_id",
      "provider": "provider[\"registry.terraform.io/hashicorp/aws\"]",
      "instances": [
        {
          "schema_version": 0,
          "attributes": {
            "architectures": [
              "arm64"
            ],
            "arn": "arn:aws:lambda:us-east-1:233925838033:function:lmb-celeste-users-find-by-id-dev",
            "code_sha256": "kZDoQ/0U544ENsoztPWFaW5dEm8LDF1hfksItYxY6hQ=",
            "code_signing_config_arn": "",
            "dead_letter_config": [],
            "description": "",
            "environment": [],
            "ephemeral_storage": [
              {
                "size": 512
              }
            ],
            "file_system_config": [],
            "filename": "./resources/core/users-find-by-id/index.zip",
            "function_name": "lmb-celeste-users-find-by-id-dev",
            "handler": "index.handler",
            "id": "lmb-celeste-users-find-by-id-dev",
            "image_config": [],
            "image_uri": "",
            "invoke_arn": "arn:aws:apigateway:us-east-1:lambda:path/2015-03-31/functions/arn:aws:lambda:us-east-1:233925838033:function:lmb-celeste-users-find-by-id-dev/invocations",
            "kms_key_arn": "",
            "last_modified": "2025-03-06T21:19:37.320+0000",
            "layers": [],
            "logging_config": [
              {
                "application_log_level": "",
                "log_format": "Text",
                "log_group": "/aws/lambda/lmb-celeste-users-find-by-id-dev",
                "system_log_level": ""
              }
            ],
            "memory_size": 128,
            "package_type": "Zip",
            "publish": false,
            "qualified_arn": "arn:aws:lambda:us-east-1:233925838033:function:lmb-celeste-users-find-by-id-dev:$LATEST",
            "qualified_invoke_arn": "arn:aws:apigateway:us-east-1:lambda:path/2015-03-31/functions/arn:aws:lambda:us-east-1:233925838033:function:lmb-celeste-users-find-by-id-dev:$LATEST/invocations",
            "replace_security_groups_on_destroy": null,
            "replacement_security_group_ids": null,
            "reserved_concurrent_executions": -1,
            "role": "arn:aws:iam::233925838033:role/role-celeste-users-find-by-id-dev",
            "runtime": "nodejs22.x",
            "s3_bucket": null,
            "s3_key": null,
            "s3_object_version": null,
            "signing_job_arn": "",
            "signing_profile_version_arn": "",
            "skip_destroy": false,
            "snap_start": [],
            "source_code_hash": "kZDoQ/0U544ENsoztPWFaW5dEm8LDF1hfksItYxY6hQ=",
            "source_code_size": 361186,
            "tags": {
              "app_name": "celeste",
              "env": "dev"
            },
            "tags_all": {
              "app_name": "celeste",
              "env": "dev",
              "iac": "terraform"
            },
            "timeout": 30,
            "timeouts": null,
            "tracing_config": [
              {
                "mode": "PassThrough"
              }
            ],
            "version": "$LATEST",
            "vpc_config": []
          },
          "sensitive_attributes": [],
          "private": "eyJlMmJmYjczMC1lY2FhLTExZTYtOGY4OC0zNDM2M2JjN2M0YzAiOnsiY3JlYXRlIjo2MDAwMDAwMDAwMDAsImRlbGV0ZSI6NjAwMDAwMDAwMDAwLCJ1cGRhdGUiOjYwMDAwMDAwMDAwMH19",
          "dependencies": [
            "module.apigateway.aws_apigatewayv2_api.main",
            "module.apigateway.aws_apigatewayv2_stage.dev",
            "module.apigateway.aws_cloudwatch_log_group.main_api_gw",
            "module.apigateway.data.aws_caller_identity.current",
            "module.apigateway.data.aws_region.current",
            "module.apigateway_resource_authorization.aws_apigatewayv2_authorizer.header_based_authorizer",
            "module.apigateway_resource_authorization.aws_cloudwatch_log_group.html_loggroup_lambda_authorizer",
            "module.apigateway_resource_authorization.aws_iam_policy.dynamodb_lambda_policy_authorizer",
            "module.apigateway_resource_authorization.aws_iam_role.lambda_role_authorizer",
            "module.apigateway_resource_authorization.aws_iam_role_policy_attachment.lambda_attachements",
            "module.apigateway_resource_authorization.aws_iam_role_policy_attachment.lambda_role_policy_authorizer",
            "module.apigateway_resource_authorization.aws_lambda_function.html_lambda_authorizer",
            "module.apigateway_resource_authorization.aws_lambda_permission.allow_api_gw_invoke_authorizer",
            "module.apigateway_resource_authorization.data.archive_file.lambda_package_authorizer",
            "module.apigateway_resource_authorization.data.aws_apigatewayv2_api.selected",
            "module.apigateway_resource_authorization.data.aws_caller_identity.current",
            "module.apigateway_resource_authorization.data.aws_iam_policy_document.lambda_policy_document_authorizer",
            "module.apigateway_resource_authorization.data.aws_region.current",
            "module.apigateway_resource_users.aws_iam_role.lambda_role_users_find_by_id",
            "module.apigateway_resource_users.data.archive_file.lambda_package_users_find_by_id",
            "module.tables_dynamodb.aws_dynamodb_table.tbl_customers",
            "module.tables_dynamodb.aws_dynamodb_table.tbl_employees",
            "module.tables_dynamodb.aws_dynamodb_table.tbl_inventories",
            "module.tables_dynamodb.aws_dynamodb_table.tbl_suppliers",
            "module.tables_dynamodb.aws_dynamodb_table.tbl_token",
            "module.tables_dynamodb.aws_dynamodb_table.tbl_users"
          ]
        }
      ]
    },
    {
      "module": "module.apigateway_resource_users",
      "mode": "managed",
      "type": "aws_lambda_function",
      "name": "html_lambda_users_update",
      "provider": "provider[\"registry.terraform.io/hashicorp/aws\"]",
      "instances": [
        {
          "schema_version": 0,
          "attributes": {
            "architectures": [
              "arm64"
            ],
            "arn": "arn:aws:lambda:us-east-1:233925838033:function:lmb-celeste-users-update-dev",
            "code_sha256": "qKmE9JbA4yNesFcOMfJXlVN/f1LyMN0fx1aIcTyayjA=",
            "code_signing_config_arn": "",
            "dead_letter_config": [],
            "description": "",
            "environment": [],
            "ephemeral_storage": [
              {
                "size": 512
              }
            ],
            "file_system_config": [],
            "filename": "./resources/core/users-update-by-id/index.zip",
            "function_name": "lmb-celeste-users-update-dev",
            "handler": "index.handler",
            "id": "lmb-celeste-users-update-dev",
            "image_config": [],
            "image_uri": "",
            "invoke_arn": "arn:aws:apigateway:us-east-1:lambda:path/2015-03-31/functions/arn:aws:lambda:us-east-1:233925838033:function:lmb-celeste-users-update-dev/invocations",
            "kms_key_arn": "",
            "last_modified": "2025-03-06T21:19:18.208+0000",
            "layers": [],
            "logging_config": [
              {
                "application_log_level": "",
                "log_format": "Text",
                "log_group": "/aws/lambda/lmb-celeste-users-update-dev",
                "system_log_level": ""
              }
            ],
            "memory_size": 128,
            "package_type": "Zip",
            "publish": false,
            "qualified_arn": "arn:aws:lambda:us-east-1:233925838033:function:lmb-celeste-users-update-dev:$LATEST",
            "qualified_invoke_arn": "arn:aws:apigateway:us-east-1:lambda:path/2015-03-31/functions/arn:aws:lambda:us-east-1:233925838033:function:lmb-celeste-users-update-dev:$LATEST/invocations",
            "replace_security_groups_on_destroy": null,
            "replacement_security_group_ids": null,
            "reserved_concurrent_executions": -1,
            "role": "arn:aws:iam::233925838033:role/role-celeste-users-update-dev",
            "runtime": "nodejs22.x",
            "s3_bucket": null,
            "s3_key": null,
            "s3_object_version": null,
            "signing_job_arn": "",
            "signing_profile_version_arn": "",
            "skip_destroy": false,
            "snap_start": [],
            "source_code_hash": "qKmE9JbA4yNesFcOMfJXlVN/f1LyMN0fx1aIcTyayjA=",
            "source_code_size": 564314,
            "tags": {
              "app_name": "celeste",
              "env": "dev"
            },
            "tags_all": {
              "app_name": "celeste",
              "env": "dev",
              "iac": "terraform"
            },
            "timeout": 30,
            "timeouts": null,
            "tracing_config": [
              {
                "mode": "PassThrough"
              }
            ],
            "version": "$LATEST",
            "vpc_config": []
          },
          "sensitive_attributes": [],
          "private": "eyJlMmJmYjczMC1lY2FhLTExZTYtOGY4OC0zNDM2M2JjN2M0YzAiOnsiY3JlYXRlIjo2MDAwMDAwMDAwMDAsImRlbGV0ZSI6NjAwMDAwMDAwMDAwLCJ1cGRhdGUiOjYwMDAwMDAwMDAwMH19",
          "dependencies": [
            "module.apigateway.aws_apigatewayv2_api.main",
            "module.apigateway.aws_apigatewayv2_stage.dev",
            "module.apigateway.aws_cloudwatch_log_group.main_api_gw",
            "module.apigateway.data.aws_caller_identity.current",
            "module.apigateway.data.aws_region.current",
            "module.apigateway_resource_authorization.aws_apigatewayv2_authorizer.header_based_authorizer",
            "module.apigateway_resource_authorization.aws_cloudwatch_log_group.html_loggroup_lambda_authorizer",
            "module.apigateway_resource_authorization.aws_iam_policy.dynamodb_lambda_policy_authorizer",
            "module.apigateway_resource_authorization.aws_iam_role.lambda_role_authorizer",
            "module.apigateway_resource_authorization.aws_iam_role_policy_attachment.lambda_attachements",
            "module.apigateway_resource_authorization.aws_iam_role_policy_attachment.lambda_role_policy_authorizer",
            "module.apigateway_resource_authorization.aws_lambda_function.html_lambda_authorizer",
            "module.apigateway_resource_authorization.aws_lambda_permission.allow_api_gw_invoke_authorizer",
            "module.apigateway_resource_authorization.data.archive_file.lambda_package_authorizer",
            "module.apigateway_resource_authorization.data.aws_apigatewayv2_api.selected",
            "module.apigateway_resource_authorization.data.aws_caller_identity.current",
            "module.apigateway_resource_authorization.data.aws_iam_policy_document.lambda_policy_document_authorizer",
            "module.apigateway_resource_authorization.data.aws_region.current",
            "module.apigateway_resource_users.aws_iam_role.lambda_role_users_update",
            "module.apigateway_resource_users.data.archive_file.lambda_package_users_update",
            "module.tables_dynamodb.aws_dynamodb_table.tbl_customers",
            "module.tables_dynamodb.aws_dynamodb_table.tbl_employees",
            "module.tables_dynamodb.aws_dynamodb_table.tbl_inventories",
            "module.tables_dynamodb.aws_dynamodb_table.tbl_suppliers",
            "module.tables_dynamodb.aws_dynamodb_table.tbl_token",
            "module.tables_dynamodb.aws_dynamodb_table.tbl_users"
          ]
        }
      ]
    },
    {
      "module": "module.apigateway_resource_users",
      "mode": "managed",
      "type": "aws_lambda_permission",
      "name": "api_gw_users_create",
      "provider": "provider[\"registry.terraform.io/hashicorp/aws\"]",
      "instances": [
        {
          "schema_version": 0,
          "attributes": {
            "action": "lambda:InvokeFunction",
            "event_source_token": null,
            "function_name": "lmb-celeste-users-create-dev",
            "function_url_auth_type": null,
            "id": "AllowExecutionFromAPIGateway",
            "principal": "apigateway.amazonaws.com",
            "principal_org_id": null,
            "qualifier": "",
            "source_account": null,
            "source_arn": "arn:aws:execute-api:us-east-1:233925838033:u83oit2sq6/*/*",
            "statement_id": "AllowExecutionFromAPIGateway",
            "statement_id_prefix": ""
          },
          "sensitive_attributes": [],
          "private": "bnVsbA==",
          "dependencies": [
            "module.apigateway.aws_apigatewayv2_api.main",
            "module.apigateway.aws_apigatewayv2_stage.dev",
            "module.apigateway.aws_cloudwatch_log_group.main_api_gw",
            "module.apigateway.data.aws_caller_identity.current",
            "module.apigateway.data.aws_region.current",
            "module.apigateway_resource_authorization.aws_apigatewayv2_authorizer.header_based_authorizer",
            "module.apigateway_resource_authorization.aws_cloudwatch_log_group.html_loggroup_lambda_authorizer",
            "module.apigateway_resource_authorization.aws_iam_policy.dynamodb_lambda_policy_authorizer",
            "module.apigateway_resource_authorization.aws_iam_role.lambda_role_authorizer",
            "module.apigateway_resource_authorization.aws_iam_role_policy_attachment.lambda_attachements",
            "module.apigateway_resource_authorization.aws_iam_role_policy_attachment.lambda_role_policy_authorizer",
            "module.apigateway_resource_authorization.aws_lambda_function.html_lambda_authorizer",
            "module.apigateway_resource_authorization.aws_lambda_permission.allow_api_gw_invoke_authorizer",
            "module.apigateway_resource_authorization.data.archive_file.lambda_package_authorizer",
            "module.apigateway_resource_authorization.data.aws_apigatewayv2_api.selected",
            "module.apigateway_resource_authorization.data.aws_caller_identity.current",
            "module.apigateway_resource_authorization.data.aws_iam_policy_document.lambda_policy_document_authorizer",
            "module.apigateway_resource_authorization.data.aws_region.current",
            "module.apigateway_resource_users.aws_iam_role.lambda_role_users_create",
            "module.apigateway_resource_users.aws_lambda_function.html_lambda_users_create",
            "module.apigateway_resource_users.data.archive_file.lambda_package_users_create",
            "module.apigateway_resource_users.data.aws_apigatewayv2_api.selected",
            "module.tables_dynamodb.aws_dynamodb_table.tbl_customers",
            "module.tables_dynamodb.aws_dynamodb_table.tbl_employees",
            "module.tables_dynamodb.aws_dynamodb_table.tbl_inventories",
            "module.tables_dynamodb.aws_dynamodb_table.tbl_suppliers",
            "module.tables_dynamodb.aws_dynamodb_table.tbl_token",
            "module.tables_dynamodb.aws_dynamodb_table.tbl_users"
          ]
        }
      ]
    },
    {
      "module": "module.apigateway_resource_users",
      "mode": "managed",
      "type": "aws_lambda_permission",
      "name": "api_gw_users_delete_by_id",
      "provider": "provider[\"registry.terraform.io/hashicorp/aws\"]",
      "instances": [
        {
          "schema_version": 0,
          "attributes": {
            "action": "lambda:InvokeFunction",
            "event_source_token": null,
            "function_name": "lmb-celeste-users-delete-by-id-dev",
            "function_url_auth_type": null,
            "id": "AllowExecutionFromAPIGateway",
            "principal": "apigateway.amazonaws.com",
            "principal_org_id": null,
            "qualifier": "",
            "source_account": null,
            "source_arn": "arn:aws:execute-api:us-east-1:233925838033:u83oit2sq6/*/*",
            "statement_id": "AllowExecutionFromAPIGateway",
            "statement_id_prefix": ""
          },
          "sensitive_attributes": [],
          "private": "bnVsbA==",
          "dependencies": [
            "module.apigateway.aws_apigatewayv2_api.main",
            "module.apigateway.aws_apigatewayv2_stage.dev",
            "module.apigateway.aws_cloudwatch_log_group.main_api_gw",
            "module.apigateway.data.aws_caller_identity.current",
            "module.apigateway.data.aws_region.current",
            "module.apigateway_resource_authorization.aws_apigatewayv2_authorizer.header_based_authorizer",
            "module.apigateway_resource_authorization.aws_cloudwatch_log_group.html_loggroup_lambda_authorizer",
            "module.apigateway_resource_authorization.aws_iam_policy.dynamodb_lambda_policy_authorizer",
            "module.apigateway_resource_authorization.aws_iam_role.lambda_role_authorizer",
            "module.apigateway_resource_authorization.aws_iam_role_policy_attachment.lambda_attachements",
            "module.apigateway_resource_authorization.aws_iam_role_policy_attachment.lambda_role_policy_authorizer",
            "module.apigateway_resource_authorization.aws_lambda_function.html_lambda_authorizer",
            "module.apigateway_resource_authorization.aws_lambda_permission.allow_api_gw_invoke_authorizer",
            "module.apigateway_resource_authorization.data.archive_file.lambda_package_authorizer",
            "module.apigateway_resource_authorization.data.aws_apigatewayv2_api.selected",
            "module.apigateway_resource_authorization.data.aws_caller_identity.current",
            "module.apigateway_resource_authorization.data.aws_iam_policy_document.lambda_policy_document_authorizer",
            "module.apigateway_resource_authorization.data.aws_region.current",
            "module.apigateway_resource_users.aws_iam_role.lambda_role_users_delete_by_id",
            "module.apigateway_resource_users.aws_lambda_function.html_lambda_users_delete_by_id",
            "module.apigateway_resource_users.data.archive_file.lambda_package_users_delete_by_id",
            "module.apigateway_resource_users.data.aws_apigatewayv2_api.selected",
            "module.tables_dynamodb.aws_dynamodb_table.tbl_customers",
            "module.tables_dynamodb.aws_dynamodb_table.tbl_employees",
            "module.tables_dynamodb.aws_dynamodb_table.tbl_inventories",
            "module.tables_dynamodb.aws_dynamodb_table.tbl_suppliers",
            "module.tables_dynamodb.aws_dynamodb_table.tbl_token",
            "module.tables_dynamodb.aws_dynamodb_table.tbl_users"
          ]
        }
      ]
    },
    {
      "module": "module.apigateway_resource_users",
      "mode": "managed",
      "type": "aws_lambda_permission",
      "name": "api_gw_users_find_by_id",
      "provider": "provider[\"registry.terraform.io/hashicorp/aws\"]",
      "instances": [
        {
          "schema_version": 0,
          "attributes": {
            "action": "lambda:InvokeFunction",
            "event_source_token": null,
            "function_name": "lmb-celeste-users-find-by-id-dev",
            "function_url_auth_type": null,
            "id": "AllowExecutionFromAPIGateway",
            "principal": "apigateway.amazonaws.com",
            "principal_org_id": null,
            "qualifier": "",
            "source_account": null,
            "source_arn": "arn:aws:execute-api:us-east-1:233925838033:u83oit2sq6/*/*",
            "statement_id": "AllowExecutionFromAPIGateway",
            "statement_id_prefix": ""
          },
          "sensitive_attributes": [],
          "private": "bnVsbA==",
          "dependencies": [
            "module.apigateway.aws_apigatewayv2_api.main",
            "module.apigateway.aws_apigatewayv2_stage.dev",
            "module.apigateway.aws_cloudwatch_log_group.main_api_gw",
            "module.apigateway.data.aws_caller_identity.current",
            "module.apigateway.data.aws_region.current",
            "module.apigateway_resource_authorization.aws_apigatewayv2_authorizer.header_based_authorizer",
            "module.apigateway_resource_authorization.aws_cloudwatch_log_group.html_loggroup_lambda_authorizer",
            "module.apigateway_resource_authorization.aws_iam_policy.dynamodb_lambda_policy_authorizer",
            "module.apigateway_resource_authorization.aws_iam_role.lambda_role_authorizer",
            "module.apigateway_resource_authorization.aws_iam_role_policy_attachment.lambda_attachements",
            "module.apigateway_resource_authorization.aws_iam_role_policy_attachment.lambda_role_policy_authorizer",
            "module.apigateway_resource_authorization.aws_lambda_function.html_lambda_authorizer",
            "module.apigateway_resource_authorization.aws_lambda_permission.allow_api_gw_invoke_authorizer",
            "module.apigateway_resource_authorization.data.archive_file.lambda_package_authorizer",
            "module.apigateway_resource_authorization.data.aws_apigatewayv2_api.selected",
            "module.apigateway_resource_authorization.data.aws_caller_identity.current",
            "module.apigateway_resource_authorization.data.aws_iam_policy_document.lambda_policy_document_authorizer",
            "module.apigateway_resource_authorization.data.aws_region.current",
            "module.apigateway_resource_users.aws_iam_role.lambda_role_users_find_by_id",
            "module.apigateway_resource_users.aws_lambda_function.html_lambda_users_find_by_id",
            "module.apigateway_resource_users.data.archive_file.lambda_package_users_find_by_id",
            "module.apigateway_resource_users.data.aws_apigatewayv2_api.selected",
            "module.tables_dynamodb.aws_dynamodb_table.tbl_customers",
            "module.tables_dynamodb.aws_dynamodb_table.tbl_employees",
            "module.tables_dynamodb.aws_dynamodb_table.tbl_inventories",
            "module.tables_dynamodb.aws_dynamodb_table.tbl_suppliers",
            "module.tables_dynamodb.aws_dynamodb_table.tbl_token",
            "module.tables_dynamodb.aws_dynamodb_table.tbl_users"
          ]
        }
      ]
    },
    {
      "module": "module.apigateway_resource_users",
      "mode": "managed",
      "type": "aws_lambda_permission",
      "name": "api_gw_users_update",
      "provider": "provider[\"registry.terraform.io/hashicorp/aws\"]",
      "instances": [
        {
          "schema_version": 0,
          "attributes": {
            "action": "lambda:InvokeFunction",
            "event_source_token": null,
            "function_name": "lmb-celeste-users-update-dev",
            "function_url_auth_type": null,
            "id": "AllowExecutionFromAPIGateway",
            "principal": "apigateway.amazonaws.com",
            "principal_org_id": null,
            "qualifier": "",
            "source_account": null,
            "source_arn": "arn:aws:execute-api:us-east-1:233925838033:u83oit2sq6/*/*",
            "statement_id": "AllowExecutionFromAPIGateway",
            "statement_id_prefix": ""
          },
          "sensitive_attributes": [],
          "private": "bnVsbA==",
          "dependencies": [
            "module.apigateway.aws_apigatewayv2_api.main",
            "module.apigateway.aws_apigatewayv2_stage.dev",
            "module.apigateway.aws_cloudwatch_log_group.main_api_gw",
            "module.apigateway.data.aws_caller_identity.current",
            "module.apigateway.data.aws_region.current",
            "module.apigateway_resource_authorization.aws_apigatewayv2_authorizer.header_based_authorizer",
            "module.apigateway_resource_authorization.aws_cloudwatch_log_group.html_loggroup_lambda_authorizer",
            "module.apigateway_resource_authorization.aws_iam_policy.dynamodb_lambda_policy_authorizer",
            "module.apigateway_resource_authorization.aws_iam_role.lambda_role_authorizer",
            "module.apigateway_resource_authorization.aws_iam_role_policy_attachment.lambda_attachements",
            "module.apigateway_resource_authorization.aws_iam_role_policy_attachment.lambda_role_policy_authorizer",
            "module.apigateway_resource_authorization.aws_lambda_function.html_lambda_authorizer",
            "module.apigateway_resource_authorization.aws_lambda_permission.allow_api_gw_invoke_authorizer",
            "module.apigateway_resource_authorization.data.archive_file.lambda_package_authorizer",
            "module.apigateway_resource_authorization.data.aws_apigatewayv2_api.selected",
            "module.apigateway_resource_authorization.data.aws_caller_identity.current",
            "module.apigateway_resource_authorization.data.aws_iam_policy_document.lambda_policy_document_authorizer",
            "module.apigateway_resource_authorization.data.aws_region.current",
            "module.apigateway_resource_users.aws_iam_role.lambda_role_users_update",
            "module.apigateway_resource_users.aws_lambda_function.html_lambda_users_update",
            "module.apigateway_resource_users.data.archive_file.lambda_package_users_update",
            "module.apigateway_resource_users.data.aws_apigatewayv2_api.selected",
            "module.tables_dynamodb.aws_dynamodb_table.tbl_customers",
            "module.tables_dynamodb.aws_dynamodb_table.tbl_employees",
            "module.tables_dynamodb.aws_dynamodb_table.tbl_inventories",
            "module.tables_dynamodb.aws_dynamodb_table.tbl_suppliers",
            "module.tables_dynamodb.aws_dynamodb_table.tbl_token",
            "module.tables_dynamodb.aws_dynamodb_table.tbl_users"
          ]
        }
      ]
    },
    {
      "module": "module.tables_dynamodb",
      "mode": "managed",
      "type": "aws_dynamodb_table",
      "name": "tbl_customers",
      "provider": "provider[\"registry.terraform.io/hashicorp/aws\"]",
      "instances": [
        {
          "schema_version": 1,
          "attributes": {
            "arn": "arn:aws:dynamodb:us-east-1:233925838033:table/tbl-celeste-customers-dev",
            "attribute": [
              {
                "name": "id",
                "type": "N"
              },
              {
                "name": "userId",
                "type": "N"
              }
            ],
            "billing_mode": "PAY_PER_REQUEST",
            "deletion_protection_enabled": false,
            "global_secondary_index": [],
            "hash_key": "id",
            "id": "tbl-celeste-customers-dev",
            "import_table": [],
            "local_secondary_index": [],
            "name": "tbl-celeste-customers-dev",
            "on_demand_throughput": [],
            "point_in_time_recovery": [
              {
                "enabled": false
              }
            ],
            "range_key": "userId",
            "read_capacity": 0,
            "replica": [],
            "restore_date_time": null,
            "restore_source_name": null,
            "restore_source_table_arn": null,
            "restore_to_latest_time": null,
            "server_side_encryption": [],
            "stream_arn": "",
            "stream_enabled": false,
            "stream_label": "",
            "stream_view_type": "",
            "table_class": "STANDARD",
            "tags": {
              "app_name": "celeste",
              "env": "dev"
            },
            "tags_all": {
              "app_name": "celeste",
              "env": "dev",
              "iac": "terraform"
            },
            "timeouts": null,
            "ttl": [
              {
                "attribute_name": "",
                "enabled": false
              }
            ],
            "write_capacity": 0
          },
          "sensitive_attributes": [],
          "private": "eyJlMmJmYjczMC1lY2FhLTExZTYtOGY4OC0zNDM2M2JjN2M0YzAiOnsiY3JlYXRlIjoxODAwMDAwMDAwMDAwLCJkZWxldGUiOjYwMDAwMDAwMDAwMCwidXBkYXRlIjozNjAwMDAwMDAwMDAwfSwic2NoZW1hX3ZlcnNpb24iOiIxIn0="
        }
      ]
    },
    {
      "module": "module.tables_dynamodb",
      "mode": "managed",
      "type": "aws_dynamodb_table",
      "name": "tbl_employees",
      "provider": "provider[\"registry.terraform.io/hashicorp/aws\"]",
      "instances": [
        {
          "schema_version": 1,
          "attributes": {
            "arn": "arn:aws:dynamodb:us-east-1:233925838033:table/tbl-celeste-employees-dev",
            "attribute": [
              {
                "name": "id",
                "type": "N"
              },
              {
                "name": "userId",
                "type": "N"
              }
            ],
            "billing_mode": "PAY_PER_REQUEST",
            "deletion_protection_enabled": false,
            "global_secondary_index": [],
            "hash_key": "id",
            "id": "tbl-celeste-employees-dev",
            "import_table": [],
            "local_secondary_index": [],
            "name": "tbl-celeste-employees-dev",
            "on_demand_throughput": [],
            "point_in_time_recovery": [
              {
                "enabled": false
              }
            ],
            "range_key": "userId",
            "read_capacity": 0,
            "replica": [],
            "restore_date_time": null,
            "restore_source_name": null,
            "restore_source_table_arn": null,
            "restore_to_latest_time": null,
            "server_side_encryption": [],
            "stream_arn": "",
            "stream_enabled": false,
            "stream_label": "",
            "stream_view_type": "",
            "table_class": "STANDARD",
            "tags": {
              "app_name": "celeste",
              "env": "dev"
            },
            "tags_all": {
              "app_name": "celeste",
              "env": "dev",
              "iac": "terraform"
            },
            "timeouts": null,
            "ttl": [
              {
                "attribute_name": "",
                "enabled": false
              }
            ],
            "write_capacity": 0
          },
          "sensitive_attributes": [],
          "private": "eyJlMmJmYjczMC1lY2FhLTExZTYtOGY4OC0zNDM2M2JjN2M0YzAiOnsiY3JlYXRlIjoxODAwMDAwMDAwMDAwLCJkZWxldGUiOjYwMDAwMDAwMDAwMCwidXBkYXRlIjozNjAwMDAwMDAwMDAwfSwic2NoZW1hX3ZlcnNpb24iOiIxIn0="
        }
      ]
    },
    {
      "module": "module.tables_dynamodb",
      "mode": "managed",
      "type": "aws_dynamodb_table",
      "name": "tbl_inventories",
      "provider": "provider[\"registry.terraform.io/hashicorp/aws\"]",
      "instances": [
        {
          "schema_version": 1,
          "attributes": {
            "arn": "arn:aws:dynamodb:us-east-1:233925838033:table/tbl-celeste-inventories-dev",
            "attribute": [
              {
                "name": "id",
                "type": "N"
              },
              {
                "name": "userId",
                "type": "N"
              }
            ],
            "billing_mode": "PAY_PER_REQUEST",
            "deletion_protection_enabled": false,
            "global_secondary_index": [],
            "hash_key": "id",
            "id": "tbl-celeste-inventories-dev",
            "import_table": [],
            "local_secondary_index": [],
            "name": "tbl-celeste-inventories-dev",
            "on_demand_throughput": [],
            "point_in_time_recovery": [
              {
                "enabled": false
              }
            ],
            "range_key": "userId",
            "read_capacity": 0,
            "replica": [],
            "restore_date_time": null,
            "restore_source_name": null,
            "restore_source_table_arn": null,
            "restore_to_latest_time": null,
            "server_side_encryption": [],
            "stream_arn": "",
            "stream_enabled": false,
            "stream_label": "",
            "stream_view_type": "",
            "table_class": "STANDARD",
            "tags": {
              "app_name": "celeste",
              "env": "dev"
            },
            "tags_all": {
              "app_name": "celeste",
              "env": "dev",
              "iac": "terraform"
            },
            "timeouts": null,
            "ttl": [
              {
                "attribute_name": "",
                "enabled": false
              }
            ],
            "write_capacity": 0
          },
          "sensitive_attributes": [],
          "private": "eyJlMmJmYjczMC1lY2FhLTExZTYtOGY4OC0zNDM2M2JjN2M0YzAiOnsiY3JlYXRlIjoxODAwMDAwMDAwMDAwLCJkZWxldGUiOjYwMDAwMDAwMDAwMCwidXBkYXRlIjozNjAwMDAwMDAwMDAwfSwic2NoZW1hX3ZlcnNpb24iOiIxIn0="
        }
      ]
    },
    {
      "module": "module.tables_dynamodb",
      "mode": "managed",
      "type": "aws_dynamodb_table",
      "name": "tbl_suppliers",
      "provider": "provider[\"registry.terraform.io/hashicorp/aws\"]",
      "instances": [
        {
          "schema_version": 1,
          "attributes": {
            "arn": "arn:aws:dynamodb:us-east-1:233925838033:table/tbl-celeste-suppliers-dev",
            "attribute": [
              {
                "name": "id",
                "type": "N"
              },
              {
                "name": "userId",
                "type": "N"
              }
            ],
            "billing_mode": "PAY_PER_REQUEST",
            "deletion_protection_enabled": false,
            "global_secondary_index": [],
            "hash_key": "id",
            "id": "tbl-celeste-suppliers-dev",
            "import_table": [],
            "local_secondary_index": [],
            "name": "tbl-celeste-suppliers-dev",
            "on_demand_throughput": [],
            "point_in_time_recovery": [
              {
                "enabled": false
              }
            ],
            "range_key": "userId",
            "read_capacity": 0,
            "replica": [],
            "restore_date_time": null,
            "restore_source_name": null,
            "restore_source_table_arn": null,
            "restore_to_latest_time": null,
            "server_side_encryption": [],
            "stream_arn": "",
            "stream_enabled": false,
            "stream_label": "",
            "stream_view_type": "",
            "table_class": "STANDARD",
            "tags": {
              "app_name": "celeste",
              "env": "dev"
            },
            "tags_all": {
              "app_name": "celeste",
              "env": "dev",
              "iac": "terraform"
            },
            "timeouts": null,
            "ttl": [
              {
                "attribute_name": "",
                "enabled": false
              }
            ],
            "write_capacity": 0
          },
          "sensitive_attributes": [],
          "private": "eyJlMmJmYjczMC1lY2FhLTExZTYtOGY4OC0zNDM2M2JjN2M0YzAiOnsiY3JlYXRlIjoxODAwMDAwMDAwMDAwLCJkZWxldGUiOjYwMDAwMDAwMDAwMCwidXBkYXRlIjozNjAwMDAwMDAwMDAwfSwic2NoZW1hX3ZlcnNpb24iOiIxIn0="
        }
      ]
    },
    {
      "module": "module.tables_dynamodb",
      "mode": "managed",
      "type": "aws_dynamodb_table",
      "name": "tbl_token",
      "provider": "provider[\"registry.terraform.io/hashicorp/aws\"]",
      "instances": [
        {
          "schema_version": 1,
          "attributes": {
            "arn": "arn:aws:dynamodb:us-east-1:233925838033:table/tbl-celeste-token-dev",
            "attribute": [
              {
                "name": "id",
                "type": "N"
              }
            ],
            "billing_mode": "PAY_PER_REQUEST",
            "deletion_protection_enabled": false,
            "global_secondary_index": [],
            "hash_key": "id",
            "id": "tbl-celeste-token-dev",
            "import_table": [],
            "local_secondary_index": [],
            "name": "tbl-celeste-token-dev",
            "on_demand_throughput": [],
            "point_in_time_recovery": [
              {
                "enabled": false
              }
            ],
            "range_key": null,
            "read_capacity": 0,
            "replica": [],
            "restore_date_time": null,
            "restore_source_name": null,
            "restore_source_table_arn": null,
            "restore_to_latest_time": null,
            "server_side_encryption": [],
            "stream_arn": "",
            "stream_enabled": false,
            "stream_label": "",
            "stream_view_type": "",
            "table_class": "STANDARD",
            "tags": {
              "app_name": "celeste",
              "env": "dev"
            },
            "tags_all": {
              "app_name": "celeste",
              "env": "dev",
              "iac": "terraform"
            },
            "timeouts": null,
            "ttl": [
              {
                "attribute_name": "",
                "enabled": false
              }
            ],
            "write_capacity": 0
          },
          "sensitive_attributes": [],
          "private": "eyJlMmJmYjczMC1lY2FhLTExZTYtOGY4OC0zNDM2M2JjN2M0YzAiOnsiY3JlYXRlIjoxODAwMDAwMDAwMDAwLCJkZWxldGUiOjYwMDAwMDAwMDAwMCwidXBkYXRlIjozNjAwMDAwMDAwMDAwfSwic2NoZW1hX3ZlcnNpb24iOiIxIn0="
        }
      ]
    },
    {
      "module": "module.tables_dynamodb",
      "mode": "managed",
      "type": "aws_dynamodb_table",
      "name": "tbl_users",
      "provider": "provider[\"registry.terraform.io/hashicorp/aws\"]",
      "instances": [
        {
          "schema_version": 1,
          "attributes": {
            "arn": "arn:aws:dynamodb:us-east-1:233925838033:table/tbl-celeste-users-dev",
            "attribute": [
              {
                "name": "id",
                "type": "N"
              }
            ],
            "billing_mode": "PAY_PER_REQUEST",
            "deletion_protection_enabled": false,
            "global_secondary_index": [],
            "hash_key": "id",
            "id": "tbl-celeste-users-dev",
            "import_table": [],
            "local_secondary_index": [],
            "name": "tbl-celeste-users-dev",
            "on_demand_throughput": [],
            "point_in_time_recovery": [
              {
                "enabled": false
              }
            ],
            "range_key": null,
            "read_capacity": 0,
            "replica": [],
            "restore_date_time": null,
            "restore_source_name": null,
            "restore_source_table_arn": null,
            "restore_to_latest_time": null,
            "server_side_encryption": [],
            "stream_arn": "",
            "stream_enabled": false,
            "stream_label": "",
            "stream_view_type": "",
            "table_class": "STANDARD",
            "tags": {
              "app_name": "celeste",
              "env": "dev"
            },
            "tags_all": {
              "app_name": "celeste",
              "env": "dev",
              "iac": "terraform"
            },
            "timeouts": null,
            "ttl": [
              {
                "attribute_name": "",
                "enabled": false
              }
            ],
            "write_capacity": 0
          },
          "sensitive_attributes": [],
          "private": "eyJlMmJmYjczMC1lY2FhLTExZTYtOGY4OC0zNDM2M2JjN2M0YzAiOnsiY3JlYXRlIjoxODAwMDAwMDAwMDAwLCJkZWxldGUiOjYwMDAwMDAwMDAwMCwidXBkYXRlIjozNjAwMDAwMDAwMDAwfSwic2NoZW1hX3ZlcnNpb24iOiIxIn0="
        }
      ]
    }
  ],
  "check_results": [
    {
      "object_kind": "var",
      "config_addr": "module.apigateway_resource_customers.var.env",
      "status": "unknown",
      "objects": [
        {
          "object_addr": "module.apigateway_resource_customers.var.env",
          "status": "unknown"
        }
      ]
    },
    {
      "object_kind": "var",
      "config_addr": "module.apigateway_resource_employees.var.env",
      "status": "unknown",
      "objects": [
        {
          "object_addr": "module.apigateway_resource_employees.var.env",
          "status": "unknown"
        }
      ]
    },
    {
      "object_kind": "var",
      "config_addr": "module.apigateway_resource_security.var.env",
      "status": "pass",
      "objects": [
        {
          "object_addr": "module.apigateway_resource_security.var.env",
          "status": "pass"
        }
      ]
    },
    {
      "object_kind": "var",
      "config_addr": "module.apigateway_resource_users.var.env",
      "status": "pass",
      "objects": [
        {
          "object_addr": "module.apigateway_resource_users.var.env",
          "status": "pass"
        }
      ]
    },
    {
      "object_kind": "var",
      "config_addr": "module.tables_dynamodb.var.env",
      "status": "unknown",
      "objects": [
        {
          "object_addr": "module.tables_dynamodb.var.env",
          "status": "unknown"
        }
      ]
    },
    {
      "object_kind": "var",
      "config_addr": "module.apigateway.var.env",
      "status": "pass",
      "objects": [
        {
          "object_addr": "module.apigateway.var.env",
          "status": "pass"
        }
      ]
    },
    {
      "object_kind": "var",
      "config_addr": "module.apigateway_resource_authorization.var.env",
      "status": "pass",
      "objects": [
        {
          "object_addr": "module.apigateway_resource_authorization.var.env",
          "status": "pass"
        }
      ]
    }
  ]
}
