{
  "version": 4,
  "terraform_version": "1.9.8",
  "serial": 406,
  "lineage": "ef8f4f2c-7ad0-0339-aef0-70a91fc880fc",
  "outputs": {},
  "resources": [
    {
      "module": "module.apigateway",
      "mode": "data",
      "type": "aws_caller_identity",
      "name": "current",
      "provider": "provider[\"registry.terraform.io/hashicorp/aws\"]",
      "instances": [
        {
          "schema_version": 0,
          "attributes": {
            "account_id": "233925838033",
            "arn": "arn:aws:iam::233925838033:root",
            "id": "233925838033",
            "user_id": "233925838033"
          },
          "sensitive_attributes": []
        }
      ]
    },
    {
      "module": "module.apigateway",
      "mode": "data",
      "type": "aws_region",
      "name": "current",
      "provider": "provider[\"registry.terraform.io/hashicorp/aws\"]",
      "instances": [
        {
          "schema_version": 0,
          "attributes": {
            "description": "US East (N. Virginia)",
            "endpoint": "ec2.us-east-1.amazonaws.com",
            "id": "us-east-1",
            "name": "us-east-1"
          },
          "sensitive_attributes": []
        }
      ]
    },
    {
      "module": "module.apigateway",
      "mode": "managed",
      "type": "aws_apigatewayv2_api",
      "name": "main",
      "provider": "provider[\"registry.terraform.io/hashicorp/aws\"]",
      "instances": [
        {
          "schema_version": 0,
          "attributes": {
            "api_endpoint": "https://u83oit2sq6.execute-api.us-east-1.amazonaws.com",
            "api_key_selection_expression": "$request.header.x-api-key",
            "arn": "arn:aws:apigateway:us-east-1::/apis/u83oit2sq6",
            "body": null,
            "cors_configuration": [
              {
                "allow_credentials": false,
                "allow_headers": [
                  "*"
                ],
                "allow_methods": [
                  "DELETE",
                  "GET",
                  "OPTIONS",
                  "POST",
                  "PUT"
                ],
                "allow_origins": [
                  "*",
                  "http://localhost:3000"
                ],
                "expose_headers": [],
                "max_age": 300
              }
            ],
            "credentials_arn": null,
            "description": "api-celeste-dev API Gateway",
            "disable_execute_api_endpoint": false,
            "execution_arn": "arn:aws:execute-api:us-east-1:233925838033:u83oit2sq6",
            "fail_on_warnings": null,
            "id": "u83oit2sq6",
            "name": "api-celeste-dev",
            "protocol_type": "HTTP",
            "route_key": null,
            "route_selection_expression": "$request.method $request.path",
            "tags": {},
            "tags_all": {
              "iac": "terraform"
            },
            "target": null,
            "version": ""
          },
          "sensitive_attributes": [],
          "private": "bnVsbA==",
          "dependencies": [
            "module.tables_dynamodb.aws_dynamodb_table.tbl_customers",
            "module.tables_dynamodb.aws_dynamodb_table.tbl_employees",
            "module.tables_dynamodb.aws_dynamodb_table.tbl_inventories",
            "module.tables_dynamodb.aws_dynamodb_table.tbl_suppliers",
            "module.tables_dynamodb.aws_dynamodb_table.tbl_token",
            "module.tables_dynamodb.aws_dynamodb_table.tbl_transaction_history",
            "module.tables_dynamodb.aws_dynamodb_table.tbl_users"
          ]
        }
      ]
    },
    {
      "module": "module.apigateway",
      "mode": "managed",
      "type": "aws_apigatewayv2_stage",
      "name": "dev",
      "provider": "provider[\"registry.terraform.io/hashicorp/aws\"]",
      "instances": [
        {
          "schema_version": 0,
          "attributes": {
            "access_log_settings": [
              {
                "destination_arn": "arn:aws:logs:us-east-1:233925838033:log-group:/aws/api-gw/api-celeste-dev",
                "format": "{\"apiGatewayError\":\"$context.error.message\",\"authorizationError\":\"$context.authorizer.error\",\"httpMethod\":\"$context.httpMethod\",\"integrationErrorMessage\":\"$context.integrationErrorMessage\",\"integrationRealError\":\"$context.integration.error\",\"protocol\":\"$context.protocol\",\"requestId\":\"$context.requestId\",\"requestTime\":\"$context.requestTime\",\"resourcePath\":\"$context.resourcePath\",\"responseLength\":\"$context.responseLength\",\"routeKey\":\"$context.routeKey\",\"sourceIp\":\"$context.identity.sourceIp\",\"status\":\"$context.status\"}"
              }
            ],
            "api_id": "u83oit2sq6",
            "arn": "arn:aws:apigateway:us-east-1::/apis/u83oit2sq6/stages/dev",
            "auto_deploy": true,
            "client_certificate_id": "",
            "default_route_settings": [
              {
                "data_trace_enabled": false,
                "detailed_metrics_enabled": false,
                "logging_level": "",
                "throttling_burst_limit": 50,
                "throttling_rate_limit": 100
              }
            ],
            "deployment_id": "4x964y",
            "description": "",
            "execution_arn": "arn:aws:execute-api:us-east-1:233925838033:u83oit2sq6/dev",
            "id": "dev",
            "invoke_url": "https://u83oit2sq6.execute-api.us-east-1.amazonaws.com/dev",
            "name": "dev",
            "route_settings": [],
            "stage_variables": {},
            "tags": {},
            "tags_all": {
              "iac": "terraform"
            }
          },
          "sensitive_attributes": [],
          "private": "bnVsbA==",
          "dependencies": [
            "module.apigateway.aws_apigatewayv2_api.main",
            "module.apigateway.aws_cloudwatch_log_group.main_api_gw",
            "module.tables_dynamodb.aws_dynamodb_table.tbl_customers",
            "module.tables_dynamodb.aws_dynamodb_table.tbl_employees",
            "module.tables_dynamodb.aws_dynamodb_table.tbl_inventories",
            "module.tables_dynamodb.aws_dynamodb_table.tbl_suppliers",
            "module.tables_dynamodb.aws_dynamodb_table.tbl_token",
            "module.tables_dynamodb.aws_dynamodb_table.tbl_transaction_history",
            "module.tables_dynamodb.aws_dynamodb_table.tbl_users"
          ]
        }
      ]
    },
    {
      "module": "module.apigateway",
      "mode": "managed",
      "type": "aws_cloudwatch_log_group",
      "name": "main_api_gw",
      "provider": "provider[\"registry.terraform.io/hashicorp/aws\"]",
      "instances": [
        {
          "schema_version": 0,
          "attributes": {
            "arn": "arn:aws:logs:us-east-1:233925838033:log-group:/aws/api-gw/api-celeste-dev",
            "id": "/aws/api-gw/api-celeste-dev",
            "kms_key_id": "",
            "log_group_class": "STANDARD",
            "name": "/aws/api-gw/api-celeste-dev",
            "name_prefix": "",
            "retention_in_days": 7,
            "skip_destroy": false,
            "tags": {},
            "tags_all": {
              "iac": "terraform"
            }
          },
          "sensitive_attributes": [],
          "private": "bnVsbA==",
          "dependencies": [
            "module.apigateway.aws_apigatewayv2_api.main",
            "module.tables_dynamodb.aws_dynamodb_table.tbl_customers",
            "module.tables_dynamodb.aws_dynamodb_table.tbl_employees",
            "module.tables_dynamodb.aws_dynamodb_table.tbl_inventories",
            "module.tables_dynamodb.aws_dynamodb_table.tbl_suppliers",
            "module.tables_dynamodb.aws_dynamodb_table.tbl_token",
            "module.tables_dynamodb.aws_dynamodb_table.tbl_transaction_history",
            "module.tables_dynamodb.aws_dynamodb_table.tbl_users"
          ]
        }
      ]
    },
    {
      "module": "module.apigateway_resource_authorization",
      "mode": "data",
      "type": "archive_file",
      "name": "lambda_package_authorizer",
      "provider": "provider[\"registry.terraform.io/hashicorp/archive\"]",
      "instances": [
        {
          "schema_version": 0,
          "attributes": {
            "exclude_symlink_directories": null,
            "excludes": null,
            "id": "39b78947a51957c8f89f50b202c7bd8b7dda3889",
            "output_base64sha256": "wE60/6PgdZFoM7ep4xDWPvGD+0Vc1m3uHEzkxMJd+6s=",
            "output_base64sha512": "k14lfxxJhQ/O1rSn0MosP3iY7UfijHR4I0/ETdJcnFM8dTBORrTsOKKJBBbEq236+fbnHU7sgeXgZqHPCPW9Kw==",
            "output_file_mode": null,
            "output_md5": "68d2e45a488d3fe89155552ad4461ec6",
            "output_path": "./resources/auth/authorizer/index.zip",
            "output_sha": "39b78947a51957c8f89f50b202c7bd8b7dda3889",
            "output_sha256": "c04eb4ffa3e075916833b7a9e310d63ef183fb455cd66dee1c4ce4c4c25dfbab",
            "output_sha512": "935e257f1c49850fced6b4a7d0ca2c3f7898ed47e28c7478234fc44dd25c9c533c75304e46b4ec38a2890416c4ab6dfaf9f6e71d4eec81e5e066a1cf08f5bd2b",
            "output_size": 370877,
            "source": [],
            "source_content": null,
            "source_content_filename": null,
            "source_dir": "./lambdas/auth/authorizer",
            "source_file": null,
            "type": "zip"
          },
          "sensitive_attributes": []
        }
      ]
    },
    {
      "module": "module.apigateway_resource_authorization",
      "mode": "data",
      "type": "aws_apigatewayv2_api",
      "name": "selected",
      "provider": "provider[\"registry.terraform.io/hashicorp/aws\"]",
      "instances": [
        {
          "schema_version": 0,
          "attributes": {
            "api_endpoint": "https://u83oit2sq6.execute-api.us-east-1.amazonaws.com",
            "api_id": "u83oit2sq6",
            "api_key_selection_expression": "$request.header.x-api-key",
            "arn": "arn:aws:apigateway:us-east-1::/apis/u83oit2sq6",
            "cors_configuration": [
              {
                "allow_credentials": false,
                "allow_headers": [
                  "*"
                ],
                "allow_methods": [
                  "DELETE",
                  "GET",
                  "OPTIONS",
                  "POST",
                  "PUT"
                ],
                "allow_origins": [
                  "*",
                  "http://localhost:3000"
                ],
                "expose_headers": [],
                "max_age": 300
              }
            ],
            "description": "api-celeste-dev API Gateway",
            "disable_execute_api_endpoint": false,
            "execution_arn": "arn:aws:execute-api:us-east-1:233925838033:u83oit2sq6",
            "id": "u83oit2sq6",
            "name": "api-celeste-dev",
            "protocol_type": "HTTP",
            "route_selection_expression": "$request.method $request.path",
            "tags": {
              "iac": "terraform"
            },
            "version": ""
          },
          "sensitive_attributes": []
        }
      ]
    },
    {
      "module": "module.apigateway_resource_authorization",
      "mode": "data",
      "type": "aws_caller_identity",
      "name": "current",
      "provider": "provider[\"registry.terraform.io/hashicorp/aws\"]",
      "instances": [
        {
          "schema_version": 0,
          "attributes": {
            "account_id": "233925838033",
            "arn": "arn:aws:iam::233925838033:root",
            "id": "233925838033",
            "user_id": "233925838033"
          },
          "sensitive_attributes": []
        }
      ]
    },
    {
      "module": "module.apigateway_resource_authorization",
      "mode": "data",
      "type": "aws_iam_policy_document",
      "name": "lambda_policy_document_authorizer",
      "provider": "provider[\"registry.terraform.io/hashicorp/aws\"]",
      "instances": [
        {
          "schema_version": 0,
          "attributes": {
            "id": "444371159",
            "json": "{\n  \"Version\": \"2012-10-17\",\n  \"Statement\": [\n    {\n      \"Effect\": \"Allow\",\n      \"Action\": [\n        \"dynamodb:Scan\",\n        \"dynamodb:PutItem\",\n        \"dynamodb:GetItem\",\n        \"dynamodb:DeleteItem\"\n      ],\n      \"Resource\": \"arn:aws:dynamodb:us-east-1:233925838033:table/tbl-celeste-token-dev\"\n    }\n  ]\n}",
            "minified_json": "{\"Version\":\"2012-10-17\",\"Statement\":[{\"Effect\":\"Allow\",\"Action\":[\"dynamodb:Scan\",\"dynamodb:PutItem\",\"dynamodb:GetItem\",\"dynamodb:DeleteItem\"],\"Resource\":\"arn:aws:dynamodb:us-east-1:233925838033:table/tbl-celeste-token-dev\"}]}",
            "override_json": null,
            "override_policy_documents": null,
            "policy_id": null,
            "source_json": null,
            "source_policy_documents": null,
            "statement": [
              {
                "actions": [
                  "dynamodb:DeleteItem",
                  "dynamodb:GetItem",
                  "dynamodb:PutItem",
                  "dynamodb:Scan"
                ],
                "condition": [],
                "effect": "Allow",
                "not_actions": [],
                "not_principals": [],
                "not_resources": [],
                "principals": [],
                "resources": [
                  "arn:aws:dynamodb:us-east-1:233925838033:table/tbl-celeste-token-dev"
                ],
                "sid": ""
              }
            ],
            "version": "2012-10-17"
          },
          "sensitive_attributes": []
        }
      ]
    },
    {
      "module": "module.apigateway_resource_authorization",
      "mode": "data",
      "type": "aws_region",
      "name": "current",
      "provider": "provider[\"registry.terraform.io/hashicorp/aws\"]",
      "instances": [
        {
          "schema_version": 0,
          "attributes": {
            "description": "US East (N. Virginia)",
            "endpoint": "ec2.us-east-1.amazonaws.com",
            "id": "us-east-1",
            "name": "us-east-1"
          },
          "sensitive_attributes": []
        }
      ]
    },
    {
      "module": "module.apigateway_resource_authorization",
      "mode": "managed",
      "type": "aws_apigatewayv2_authorizer",
      "name": "header_based_authorizer",
      "provider": "provider[\"registry.terraform.io/hashicorp/aws\"]",
      "instances": [
        {
          "schema_version": 0,
          "attributes": {
            "api_id": "u83oit2sq6",
            "authorizer_credentials_arn": "",
            "authorizer_payload_format_version": "2.0",
            "authorizer_result_ttl_in_seconds": 3600,
            "authorizer_type": "REQUEST",
            "authorizer_uri": "arn:aws:apigateway:us-east-1:lambda:path/2015-03-31/functions/arn:aws:lambda:us-east-1:233925838033:function:lmb-celeste-authorizer-dev/invocations",
            "enable_simple_responses": true,
            "id": "10477d",
            "identity_sources": [
              "$request.header.authorization"
            ],
            "jwt_configuration": [],
            "name": "lmb-celeste-authorizer-dev",
            "timeouts": null
          },
          "sensitive_attributes": [],
          "private": "eyJlMmJmYjczMC1lY2FhLTExZTYtOGY4OC0zNDM2M2JjN2M0YzAiOnsiZGVsZXRlIjoxODAwMDAwMDAwMDAwfX0=",
          "dependencies": [
            "module.apigateway.aws_apigatewayv2_api.main",
            "module.apigateway.aws_apigatewayv2_stage.dev",
            "module.apigateway.aws_cloudwatch_log_group.main_api_gw",
            "module.apigateway.data.aws_caller_identity.current",
            "module.apigateway.data.aws_region.current",
            "module.apigateway_resource_authorization.aws_iam_role.lambda_role_authorizer",
            "module.apigateway_resource_authorization.aws_lambda_function.html_lambda_authorizer",
            "module.apigateway_resource_authorization.data.archive_file.lambda_package_authorizer",
            "module.tables_dynamodb.aws_dynamodb_table.tbl_customers",
            "module.tables_dynamodb.aws_dynamodb_table.tbl_employees",
            "module.tables_dynamodb.aws_dynamodb_table.tbl_inventories",
            "module.tables_dynamodb.aws_dynamodb_table.tbl_suppliers",
            "module.tables_dynamodb.aws_dynamodb_table.tbl_token",
            "module.tables_dynamodb.aws_dynamodb_table.tbl_transaction_history",
            "module.tables_dynamodb.aws_dynamodb_table.tbl_users"
          ]
        }
      ]
    },
    {
      "module": "module.apigateway_resource_authorization",
      "mode": "managed",
      "type": "aws_cloudwatch_log_group",
      "name": "html_loggroup_lambda_authorizer",
      "provider": "provider[\"registry.terraform.io/hashicorp/aws\"]",
      "instances": [
        {
          "schema_version": 0,
          "attributes": {
            "arn": "arn:aws:logs:us-east-1:233925838033:log-group:/aws/lambda/lmb-celeste-authorizer-dev",
            "id": "/aws/lambda/lmb-celeste-authorizer-dev",
            "kms_key_id": "",
            "log_group_class": "STANDARD",
            "name": "/aws/lambda/lmb-celeste-authorizer-dev",
            "name_prefix": "",
            "retention_in_days": 7,
            "skip_destroy": false,
            "tags": {
              "app_name": "celeste",
              "env": "dev"
            },
            "tags_all": {
              "app_name": "celeste",
              "env": "dev",
              "iac": "terraform"
            }
          },
          "sensitive_attributes": [],
          "private": "bnVsbA==",
          "dependencies": [
            "module.apigateway.aws_apigatewayv2_api.main",
            "module.apigateway.aws_apigatewayv2_stage.dev",
            "module.apigateway.aws_cloudwatch_log_group.main_api_gw",
            "module.apigateway.data.aws_caller_identity.current",
            "module.apigateway.data.aws_region.current",
            "module.apigateway_resource_authorization.aws_iam_role.lambda_role_authorizer",
            "module.apigateway_resource_authorization.aws_lambda_function.html_lambda_authorizer",
            "module.apigateway_resource_authorization.data.archive_file.lambda_package_authorizer",
            "module.tables_dynamodb.aws_dynamodb_table.tbl_customers",
            "module.tables_dynamodb.aws_dynamodb_table.tbl_employees",
            "module.tables_dynamodb.aws_dynamodb_table.tbl_inventories",
            "module.tables_dynamodb.aws_dynamodb_table.tbl_suppliers",
            "module.tables_dynamodb.aws_dynamodb_table.tbl_token",
            "module.tables_dynamodb.aws_dynamodb_table.tbl_transaction_history",
            "module.tables_dynamodb.aws_dynamodb_table.tbl_users"
          ]
        }
      ]
    },
    {
      "module": "module.apigateway_resource_authorization",
      "mode": "managed",
      "type": "aws_iam_policy",
      "name": "dynamodb_lambda_policy_authorizer",
      "provider": "provider[\"registry.terraform.io/hashicorp/aws\"]",
      "instances": [
        {
          "schema_version": 0,
          "attributes": {
            "arn": "arn:aws:iam::233925838033:policy/policy-celeste-authorizer-dev",
            "attachment_count": 1,
            "description": "This policy will be used by the lambda to write get data from DynamoDB",
            "id": "arn:aws:iam::233925838033:policy/policy-celeste-authorizer-dev",
            "name": "policy-celeste-authorizer-dev",
            "name_prefix": "",
            "path": "/",
            "policy": "{\"Statement\":[{\"Action\":[\"dynamodb:Scan\",\"dynamodb:PutItem\",\"dynamodb:GetItem\",\"dynamodb:DeleteItem\"],\"Effect\":\"Allow\",\"Resource\":\"arn:aws:dynamodb:us-east-1:233925838033:table/tbl-celeste-token-dev\"}],\"Version\":\"2012-10-17\"}",
            "policy_id": "ANPATM5YRATI47KAKTIYJ",
            "tags": {
              "app_name": "celeste",
              "env": "dev"
            },
            "tags_all": {
              "app_name": "celeste",
              "env": "dev",
              "iac": "terraform"
            }
          },
          "sensitive_attributes": [],
          "private": "bnVsbA==",
          "dependencies": [
            "module.apigateway.aws_apigatewayv2_api.main",
            "module.apigateway.aws_apigatewayv2_stage.dev",
            "module.apigateway.aws_cloudwatch_log_group.main_api_gw",
            "module.apigateway.data.aws_caller_identity.current",
            "module.apigateway.data.aws_region.current",
            "module.apigateway_resource_authorization.data.aws_caller_identity.current",
            "module.apigateway_resource_authorization.data.aws_iam_policy_document.lambda_policy_document_authorizer",
            "module.apigateway_resource_authorization.data.aws_region.current",
            "module.tables_dynamodb.aws_dynamodb_table.tbl_customers",
            "module.tables_dynamodb.aws_dynamodb_table.tbl_employees",
            "module.tables_dynamodb.aws_dynamodb_table.tbl_inventories",
            "module.tables_dynamodb.aws_dynamodb_table.tbl_suppliers",
            "module.tables_dynamodb.aws_dynamodb_table.tbl_token",
            "module.tables_dynamodb.aws_dynamodb_table.tbl_transaction_history",
            "module.tables_dynamodb.aws_dynamodb_table.tbl_users"
          ]
        }
      ]
    },
    {
      "module": "module.apigateway_resource_authorization",
      "mode": "managed",
      "type": "aws_iam_role",
      "name": "lambda_role_authorizer",
      "provider": "provider[\"registry.terraform.io/hashicorp/aws\"]",
      "instances": [
        {
          "schema_version": 0,
          "attributes": {
            "arn": "arn:aws:iam::233925838033:role/role-celeste-authorizer-dev",
            "assume_role_policy": "{\"Statement\":[{\"Action\":\"sts:AssumeRole\",\"Effect\":\"Allow\",\"Principal\":{\"Service\":\"lambda.amazonaws.com\"}}],\"Version\":\"2012-10-17\"}",
            "create_date": "2025-03-06T21:18:23Z",
            "description": "",
            "force_detach_policies": false,
            "id": "role-celeste-authorizer-dev",
            "inline_policy": [],
            "managed_policy_arns": [
              "arn:aws:iam::233925838033:policy/policy-celeste-authorizer-dev",
              "arn:aws:iam::aws:policy/service-role/AWSLambdaBasicExecutionRole"
            ],
            "max_session_duration": 3600,
            "name": "role-celeste-authorizer-dev",
            "name_prefix": "",
            "path": "/",
            "permissions_boundary": "",
            "tags": {
              "app_name": "celeste",
              "env": "dev"
            },
            "tags_all": {
              "app_name": "celeste",
              "env": "dev",
              "iac": "terraform"
            },
            "unique_id": "AROATM5YRATIUGWJKZM2Y"
          },
          "sensitive_attributes": [],
          "private": "bnVsbA==",
          "dependencies": [
            "module.apigateway.aws_apigatewayv2_api.main",
            "module.apigateway.aws_apigatewayv2_stage.dev",
            "module.apigateway.aws_cloudwatch_log_group.main_api_gw",
            "module.apigateway.data.aws_caller_identity.current",
            "module.apigateway.data.aws_region.current",
            "module.tables_dynamodb.aws_dynamodb_table.tbl_customers",
            "module.tables_dynamodb.aws_dynamodb_table.tbl_employees",
            "module.tables_dynamodb.aws_dynamodb_table.tbl_inventories",
            "module.tables_dynamodb.aws_dynamodb_table.tbl_suppliers",
            "module.tables_dynamodb.aws_dynamodb_table.tbl_token",
            "module.tables_dynamodb.aws_dynamodb_table.tbl_transaction_history",
            "module.tables_dynamodb.aws_dynamodb_table.tbl_users"
          ]
        }
      ]
    },
    {
      "module": "module.apigateway_resource_authorization",
      "mode": "managed",
      "type": "aws_iam_role_policy_attachment",
      "name": "lambda_attachements",
      "provider": "provider[\"registry.terraform.io/hashicorp/aws\"]",
      "instances": [
        {
          "schema_version": 0,
          "attributes": {
            "id": "role-celeste-authorizer-dev-20250306211824179200000002",
            "policy_arn": "arn:aws:iam::233925838033:policy/policy-celeste-authorizer-dev",
            "role": "role-celeste-authorizer-dev"
          },
          "sensitive_attributes": [],
          "private": "bnVsbA==",
          "dependencies": [
            "module.apigateway.aws_apigatewayv2_api.main",
            "module.apigateway.aws_apigatewayv2_stage.dev",
            "module.apigateway.aws_cloudwatch_log_group.main_api_gw",
            "module.apigateway.data.aws_caller_identity.current",
            "module.apigateway.data.aws_region.current",
            "module.apigateway_resource_authorization.aws_iam_policy.dynamodb_lambda_policy_authorizer",
            "module.apigateway_resource_authorization.aws_iam_role.lambda_role_authorizer",
            "module.apigateway_resource_authorization.data.aws_caller_identity.current",
            "module.apigateway_resource_authorization.data.aws_iam_policy_document.lambda_policy_document_authorizer",
            "module.apigateway_resource_authorization.data.aws_region.current",
            "module.tables_dynamodb.aws_dynamodb_table.tbl_customers",
            "module.tables_dynamodb.aws_dynamodb_table.tbl_employees",
            "module.tables_dynamodb.aws_dynamodb_table.tbl_inventories",
            "module.tables_dynamodb.aws_dynamodb_table.tbl_suppliers",
            "module.tables_dynamodb.aws_dynamodb_table.tbl_token",
            "module.tables_dynamodb.aws_dynamodb_table.tbl_transaction_history",
            "module.tables_dynamodb.aws_dynamodb_table.tbl_users"
          ]
        }
      ]
    },
    {
      "module": "module.apigateway_resource_authorization",
      "mode": "managed",
      "type": "aws_iam_role_policy_attachment",
      "name": "lambda_role_policy_authorizer",
      "provider": "provider[\"registry.terraform.io/hashicorp/aws\"]",
      "instances": [
        {
          "schema_version": 0,
          "attributes": {
            "id": "role-celeste-authorizer-dev-20250306211824127100000001",
            "policy_arn": "arn:aws:iam::aws:policy/service-role/AWSLambdaBasicExecutionRole",
            "role": "role-celeste-authorizer-dev"
          },
          "sensitive_attributes": [],
          "private": "bnVsbA==",
          "dependencies": [
            "module.apigateway.aws_apigatewayv2_api.main",
            "module.apigateway.aws_apigatewayv2_stage.dev",
            "module.apigateway.aws_cloudwatch_log_group.main_api_gw",
            "module.apigateway.data.aws_caller_identity.current",
            "module.apigateway.data.aws_region.current",
            "module.apigateway_resource_authorization.aws_iam_role.lambda_role_authorizer",
            "module.tables_dynamodb.aws_dynamodb_table.tbl_customers",
            "module.tables_dynamodb.aws_dynamodb_table.tbl_employees",
            "module.tables_dynamodb.aws_dynamodb_table.tbl_inventories",
            "module.tables_dynamodb.aws_dynamodb_table.tbl_suppliers",
            "module.tables_dynamodb.aws_dynamodb_table.tbl_token",
            "module.tables_dynamodb.aws_dynamodb_table.tbl_transaction_history",
            "module.tables_dynamodb.aws_dynamodb_table.tbl_users"
          ]
        }
      ]
    },
    {
      "module": "module.apigateway_resource_authorization",
      "mode": "managed",
      "type": "aws_lambda_function",
      "name": "html_lambda_authorizer",
      "provider": "provider[\"registry.terraform.io/hashicorp/aws\"]",
      "instances": [
        {
          "schema_version": 0,
          "attributes": {
            "architectures": [
              "arm64"
            ],
            "arn": "arn:aws:lambda:us-east-1:233925838033:function:lmb-celeste-authorizer-dev",
            "code_sha256": "wE60/6PgdZFoM7ep4xDWPvGD+0Vc1m3uHEzkxMJd+6s=",
            "code_signing_config_arn": "",
            "dead_letter_config": [],
            "description": "",
            "environment": [],
            "ephemeral_storage": [
              {
                "size": 512
              }
            ],
            "file_system_config": [],
            "filename": "./resources/auth/authorizer/index.zip",
            "function_name": "lmb-celeste-authorizer-dev",
            "handler": "index.handler",
            "id": "lmb-celeste-authorizer-dev",
            "image_config": [],
            "image_uri": "",
            "invoke_arn": "arn:aws:apigateway:us-east-1:lambda:path/2015-03-31/functions/arn:aws:lambda:us-east-1:233925838033:function:lmb-celeste-authorizer-dev/invocations",
            "kms_key_arn": "",
            "last_modified": "2025-03-14T20:08:04.000+0000",
            "layers": [],
            "logging_config": [
              {
                "application_log_level": "",
                "log_format": "Text",
                "log_group": "/aws/lambda/lmb-celeste-authorizer-dev",
                "system_log_level": ""
              }
            ],
            "memory_size": 128,
            "package_type": "Zip",
            "publish": false,
            "qualified_arn": "arn:aws:lambda:us-east-1:233925838033:function:lmb-celeste-authorizer-dev:$LATEST",
            "qualified_invoke_arn": "arn:aws:apigateway:us-east-1:lambda:path/2015-03-31/functions/arn:aws:lambda:us-east-1:233925838033:function:lmb-celeste-authorizer-dev:$LATEST/invocations",
            "replace_security_groups_on_destroy": null,
            "replacement_security_group_ids": null,
            "reserved_concurrent_executions": -1,
            "role": "arn:aws:iam::233925838033:role/role-celeste-authorizer-dev",
            "runtime": "nodejs22.x",
            "s3_bucket": null,
            "s3_key": null,
            "s3_object_version": null,
            "signing_job_arn": "",
            "signing_profile_version_arn": "",
            "skip_destroy": false,
            "snap_start": [],
            "source_code_hash": "wE60/6PgdZFoM7ep4xDWPvGD+0Vc1m3uHEzkxMJd+6s=",
            "source_code_size": 370877,
            "tags": {
              "app_name": "celeste",
              "env": "dev"
            },
            "tags_all": {
              "app_name": "celeste",
              "env": "dev",
              "iac": "terraform"
            },
            "timeout": 30,
            "timeouts": null,
            "tracing_config": [
              {
                "mode": "PassThrough"
              }
            ],
            "version": "$LATEST",
            "vpc_config": []
          },
          "sensitive_attributes": [],
          "private": "eyJlMmJmYjczMC1lY2FhLTExZTYtOGY4OC0zNDM2M2JjN2M0YzAiOnsiY3JlYXRlIjo2MDAwMDAwMDAwMDAsImRlbGV0ZSI6NjAwMDAwMDAwMDAwLCJ1cGRhdGUiOjYwMDAwMDAwMDAwMH19",
          "dependencies": [
            "module.apigateway.aws_apigatewayv2_api.main",
            "module.apigateway.aws_apigatewayv2_stage.dev",
            "module.apigateway.aws_cloudwatch_log_group.main_api_gw",
            "module.apigateway.data.aws_caller_identity.current",
            "module.apigateway.data.aws_region.current",
            "module.apigateway_resource_authorization.aws_iam_role.lambda_role_authorizer",
            "module.apigateway_resource_authorization.data.archive_file.lambda_package_authorizer",
            "module.tables_dynamodb.aws_dynamodb_table.tbl_customers",
            "module.tables_dynamodb.aws_dynamodb_table.tbl_employees",
            "module.tables_dynamodb.aws_dynamodb_table.tbl_inventories",
            "module.tables_dynamodb.aws_dynamodb_table.tbl_suppliers",
            "module.tables_dynamodb.aws_dynamodb_table.tbl_token",
            "module.tables_dynamodb.aws_dynamodb_table.tbl_transaction_history",
            "module.tables_dynamodb.aws_dynamodb_table.tbl_users"
          ]
        }
      ]
    },
    {
      "module": "module.apigateway_resource_authorization",
      "mode": "managed",
      "type": "aws_lambda_permission",
      "name": "allow_api_gw_invoke_authorizer",
      "provider": "provider[\"registry.terraform.io/hashicorp/aws\"]",
      "instances": [
        {
          "schema_version": 0,
          "attributes": {
            "action": "lambda:InvokeFunction",
            "event_source_token": null,
            "function_name": "lmb-celeste-authorizer-dev",
            "function_url_auth_type": null,
            "id": "allowInvokeFromAPIGatewayAuthorizer",
            "principal": "apigateway.amazonaws.com",
            "principal_org_id": null,
            "qualifier": "",
            "source_account": null,
            "source_arn": "arn:aws:execute-api:us-east-1:233925838033:u83oit2sq6/authorizers/10477d",
            "statement_id": "allowInvokeFromAPIGatewayAuthorizer",
            "statement_id_prefix": ""
          },
          "sensitive_attributes": [],
          "private": "bnVsbA==",
          "dependencies": [
            "module.apigateway.aws_apigatewayv2_api.main",
            "module.apigateway.aws_apigatewayv2_stage.dev",
            "module.apigateway.aws_cloudwatch_log_group.main_api_gw",
            "module.apigateway.data.aws_caller_identity.current",
            "module.apigateway.data.aws_region.current",
            "module.apigateway_resource_authorization.aws_apigatewayv2_authorizer.header_based_authorizer",
            "module.apigateway_resource_authorization.aws_iam_role.lambda_role_authorizer",
            "module.apigateway_resource_authorization.aws_lambda_function.html_lambda_authorizer",
            "module.apigateway_resource_authorization.data.archive_file.lambda_package_authorizer",
            "module.apigateway_resource_authorization.data.aws_apigatewayv2_api.selected",
            "module.tables_dynamodb.aws_dynamodb_table.tbl_customers",
            "module.tables_dynamodb.aws_dynamodb_table.tbl_employees",
            "module.tables_dynamodb.aws_dynamodb_table.tbl_inventories",
            "module.tables_dynamodb.aws_dynamodb_table.tbl_suppliers",
            "module.tables_dynamodb.aws_dynamodb_table.tbl_token",
            "module.tables_dynamodb.aws_dynamodb_table.tbl_transaction_history",
            "module.tables_dynamodb.aws_dynamodb_table.tbl_users"
          ]
        }
      ]
    },
    {
      "module": "module.apigateway_resource_customers",
      "mode": "data",
      "type": "archive_file",
      "name": "lambda_package_customers_create",
      "provider": "provider[\"registry.terraform.io/hashicorp/archive\"]",
      "instances": [
        {
          "schema_version": 0,
          "attributes": {
            "exclude_symlink_directories": null,
            "excludes": null,
            "id": "d28fbd33027c102a59b3e316d34ef6600019b3c3",
            "output_base64sha256": "4Q1jKUx08IOBSBqYtZ2ivw1J/J22oqmU3yse/mvHJJY=",
            "output_base64sha512": "jAR5JbIAfR86UPvOYOxBEycKXuigV1f7UsQSOiVY/BJBlUaPJU89EJJz1RlU/ADmY1ys6AtrBnVlMPLf6BrZ0Q==",
            "output_file_mode": null,
            "output_md5": "57f11d2726a5e14100d617ebb5b6c9ef",
            "output_path": "./resources/core/customers-create/index.zip",
            "output_sha": "d28fbd33027c102a59b3e316d34ef6600019b3c3",
            "output_sha256": "e10d63294c74f08381481a98b59da2bf0d49fc9db6a2a994df2b1efe6bc72496",
            "output_sha512": "8c047925b2007d1f3a50fbce60ec4113270a5ee8a05757fb52c4123a2558fc124195468f254f3d109273d51954fc00e6635cace80b6b06756530f2dfe81ad9d1",
            "output_size": 362151,
            "source": [],
            "source_content": null,
            "source_content_filename": null,
            "source_dir": "./lambdas/core/customers-create",
            "source_file": null,
            "type": "zip"
          },
          "sensitive_attributes": []
        }
      ]
    },
    {
      "module": "module.apigateway_resource_customers",
      "mode": "data",
      "type": "archive_file",
      "name": "lambda_package_customers_delete_by_id",
      "provider": "provider[\"registry.terraform.io/hashicorp/archive\"]",
      "instances": [
        {
          "schema_version": 0,
          "attributes": {
            "exclude_symlink_directories": null,
            "excludes": null,
            "id": "c97f67ec3fbb7b5df62ee75476a19a4d1366a297",
            "output_base64sha256": "Prb/BBSA/dfz+zQI0m//xPr4oiTvx49FF02URW1Y2Zs=",
            "output_base64sha512": "C555GDDabQ3TXQJQCp/Q8eww/VMkHduRWbaSH71eqim+/d8tv04PmF8uCgMQsAxhyzZXk+AP792ZYggJN5CaSA==",
            "output_file_mode": null,
            "output_md5": "68c77753d0f09231c1df52cf7acfd0ea",
            "output_path": "./resources/core/customers-delete-by-id/index.zip",
            "output_sha": "c97f67ec3fbb7b5df62ee75476a19a4d1366a297",
            "output_sha256": "3eb6ff041480fdd7f3fb3408d26fffc4faf8a224efc78f45174d94456d58d99b",
            "output_sha512": "0b9e791830da6d0dd35d02500a9fd0f1ec30fd53241ddb9159b6921fbd5eaa29befddf2dbf4e0f985f2e0a0310b00c61cb365793e00fefdd9962080937909a48",
            "output_size": 361289,
            "source": [],
            "source_content": null,
            "source_content_filename": null,
            "source_dir": "./lambdas/core/customers-delete-by-id",
            "source_file": null,
            "type": "zip"
          },
          "sensitive_attributes": []
        }
      ]
    },
    {
      "module": "module.apigateway_resource_customers",
      "mode": "data",
      "type": "archive_file",
      "name": "lambda_package_customers_filter",
      "provider": "provider[\"registry.terraform.io/hashicorp/archive\"]",
      "instances": [
        {
          "schema_version": 0,
          "attributes": {
            "exclude_symlink_directories": null,
            "excludes": null,
            "id": "b205353c1fcd7956efcf521320129ff3d4775c6c",
            "output_base64sha256": "jGBh3xwS+LHdOvmcb2dkSa2Cacpt0jTGFp/nYRYjDss=",
            "output_base64sha512": "A/iaGsZzy7cPWqkaZ+pmzRq8XElkZh7M82cDL7/Ui3jgzwidrYNRFPoMFKvBJsooTlkL9+dXthkgxH6/g/J8zA==",
            "output_file_mode": null,
            "output_md5": "a5938929f060735b3248983ca9dd25ba",
            "output_path": "./resources/core/customers-filter/index.zip",
            "output_sha": "b205353c1fcd7956efcf521320129ff3d4775c6c",
            "output_sha256": "8c6061df1c12f8b1dd3af99c6f676449ad8269ca6dd234c6169fe76116230ecb",
            "output_sha512": "03f89a1ac673cbb70f5aa91a67ea66cd1abc5c4964661eccf367032fbfd48b78e0cf089dad835114fa0c14abc126ca284e590bf7e757b61920c47ebf83f27ccc",
            "output_size": 370531,
            "source": [],
            "source_content": null,
            "source_content_filename": null,
            "source_dir": "./lambdas/core/customers-filter",
            "source_file": null,
            "type": "zip"
          },
          "sensitive_attributes": []
        }
      ]
    },
    {
      "module": "module.apigateway_resource_customers",
      "mode": "data",
      "type": "archive_file",
      "name": "lambda_package_customers_update",
      "provider": "provider[\"registry.terraform.io/hashicorp/archive\"]",
      "instances": [
        {
          "schema_version": 0,
          "attributes": {
            "exclude_symlink_directories": null,
            "excludes": null,
            "id": "922b366bcf44ffa3eb4e61d27dece0b761c94fde",
            "output_base64sha256": "8Xl2w29RX87aOnkf+pWkWMi3l5k1+4naDYzGBlULbj4=",
            "output_base64sha512": "kVVzUjt7hZuJbi1BcrTmnfeSu3xkM1XHKnJJpvZSTivCJoE3vlypUYDQx9em0RSQGeYF9XhK2E8jK+bwI3LQUQ==",
            "output_file_mode": null,
            "output_md5": "39a3f62a6be1485aaecab530a6d80cca",
            "output_path": "./resources/core/customers-update-by-id/index.zip",
            "output_sha": "922b366bcf44ffa3eb4e61d27dece0b761c94fde",
            "output_sha256": "f17976c36f515fceda3a791ffa95a458c8b7979935fb89da0d8cc606550b6e3e",
            "output_sha512": "915573523b7b859b896e2d4172b4e69df792bb7c643355c72a7249a6f6524e2bc2268137be5ca95180d0c7d7a6d1149019e605f5784ad84f232be6f02372d051",
            "output_size": 564703,
            "source": [],
            "source_content": null,
            "source_content_filename": null,
            "source_dir": "./lambdas/core/customers-update-by-id",
            "source_file": null,
            "type": "zip"
          },
          "sensitive_attributes": []
        }
      ]
    },
    {
      "module": "module.apigateway_resource_customers",
      "mode": "data",
      "type": "aws_apigatewayv2_api",
      "name": "selected",
      "provider": "provider[\"registry.terraform.io/hashicorp/aws\"]",
      "instances": [
        {
          "schema_version": 0,
          "attributes": {
            "api_endpoint": "https://u83oit2sq6.execute-api.us-east-1.amazonaws.com",
            "api_id": "u83oit2sq6",
            "api_key_selection_expression": "$request.header.x-api-key",
            "arn": "arn:aws:apigateway:us-east-1::/apis/u83oit2sq6",
            "cors_configuration": [
              {
                "allow_credentials": false,
                "allow_headers": [
                  "*"
                ],
                "allow_methods": [
                  "DELETE",
                  "GET",
                  "OPTIONS",
                  "POST",
                  "PUT"
                ],
                "allow_origins": [
                  "*",
                  "http://localhost:3000"
                ],
                "expose_headers": [],
                "max_age": 300
              }
            ],
            "description": "api-celeste-dev API Gateway",
            "disable_execute_api_endpoint": false,
            "execution_arn": "arn:aws:execute-api:us-east-1:233925838033:u83oit2sq6",
            "id": "u83oit2sq6",
            "name": "api-celeste-dev",
            "protocol_type": "HTTP",
            "route_selection_expression": "$request.method $request.path",
            "tags": {
              "iac": "terraform"
            },
            "version": ""
          },
          "sensitive_attributes": []
        }
      ]
    },
    {
      "module": "module.apigateway_resource_customers",
      "mode": "data",
      "type": "aws_caller_identity",
      "name": "current",
      "provider": "provider[\"registry.terraform.io/hashicorp/aws\"]",
      "instances": [
        {
          "schema_version": 0,
          "attributes": {
            "account_id": "233925838033",
            "arn": "arn:aws:iam::233925838033:root",
            "id": "233925838033",
            "user_id": "233925838033"
          },
          "sensitive_attributes": []
        }
      ]
    },
    {
      "module": "module.apigateway_resource_customers",
      "mode": "data",
      "type": "aws_iam_policy_document",
      "name": "lambda_policy_document_customers_create",
      "provider": "provider[\"registry.terraform.io/hashicorp/aws\"]",
      "instances": [
        {
          "schema_version": 0,
          "attributes": {
            "id": "1976467649",
            "json": "{\n  \"Version\": \"2012-10-17\",\n  \"Statement\": [\n    {\n      \"Effect\": \"Allow\",\n      \"Action\": [\n        \"dynamodb:Scan\",\n        \"dynamodb:Query\",\n        \"dynamodb:PutItem\"\n      ],\n      \"Resource\": \"arn:aws:dynamodb:us-east-1:233925838033:table/tbl-celeste-customers-dev\"\n    }\n  ]\n}",
            "minified_json": "{\"Version\":\"2012-10-17\",\"Statement\":[{\"Effect\":\"Allow\",\"Action\":[\"dynamodb:Scan\",\"dynamodb:Query\",\"dynamodb:PutItem\"],\"Resource\":\"arn:aws:dynamodb:us-east-1:233925838033:table/tbl-celeste-customers-dev\"}]}",
            "override_json": null,
            "override_policy_documents": null,
            "policy_id": null,
            "source_json": null,
            "source_policy_documents": null,
            "statement": [
              {
                "actions": [
                  "dynamodb:PutItem",
                  "dynamodb:Query",
                  "dynamodb:Scan"
                ],
                "condition": [],
                "effect": "Allow",
                "not_actions": [],
                "not_principals": [],
                "not_resources": [],
                "principals": [],
                "resources": [
                  "arn:aws:dynamodb:us-east-1:233925838033:table/tbl-celeste-customers-dev"
                ],
                "sid": ""
              }
            ],
            "version": "2012-10-17"
          },
          "sensitive_attributes": []
        }
      ]
    },
    {
      "module": "module.apigateway_resource_customers",
      "mode": "data",
      "type": "aws_iam_policy_document",
      "name": "lambda_policy_document_customers_delete_by_id",
      "provider": "provider[\"registry.terraform.io/hashicorp/aws\"]",
      "instances": [
        {
          "schema_version": 0,
          "attributes": {
            "id": "2958851233",
            "json": "{\n  \"Version\": \"2012-10-17\",\n  \"Statement\": [\n    {\n      \"Effect\": \"Allow\",\n      \"Action\": \"dynamodb:UpdateItem\",\n      \"Resource\": \"arn:aws:dynamodb:us-east-1:233925838033:table/tbl-celeste-customers-dev\"\n    }\n  ]\n}",
            "minified_json": "{\"Version\":\"2012-10-17\",\"Statement\":[{\"Effect\":\"Allow\",\"Action\":\"dynamodb:UpdateItem\",\"Resource\":\"arn:aws:dynamodb:us-east-1:233925838033:table/tbl-celeste-customers-dev\"}]}",
            "override_json": null,
            "override_policy_documents": null,
            "policy_id": null,
            "source_json": null,
            "source_policy_documents": null,
            "statement": [
              {
                "actions": [
                  "dynamodb:UpdateItem"
                ],
                "condition": [],
                "effect": "Allow",
                "not_actions": [],
                "not_principals": [],
                "not_resources": [],
                "principals": [],
                "resources": [
                  "arn:aws:dynamodb:us-east-1:233925838033:table/tbl-celeste-customers-dev"
                ],
                "sid": ""
              }
            ],
            "version": "2012-10-17"
          },
          "sensitive_attributes": []
        }
      ]
    },
    {
      "module": "module.apigateway_resource_customers",
      "mode": "data",
      "type": "aws_iam_policy_document",
      "name": "lambda_policy_document_customers_filter",
      "provider": "provider[\"registry.terraform.io/hashicorp/aws\"]",
      "instances": [
        {
          "schema_version": 0,
          "attributes": {
            "id": "3148687448",
            "json": "{\n  \"Version\": \"2012-10-17\",\n  \"Statement\": [\n    {\n      \"Effect\": \"Allow\",\n      \"Action\": \"dynamodb:Scan\",\n      \"Resource\": \"arn:aws:dynamodb:us-east-1:233925838033:table/tbl-celeste-customers-dev\"\n    }\n  ]\n}",
            "minified_json": "{\"Version\":\"2012-10-17\",\"Statement\":[{\"Effect\":\"Allow\",\"Action\":\"dynamodb:Scan\",\"Resource\":\"arn:aws:dynamodb:us-east-1:233925838033:table/tbl-celeste-customers-dev\"}]}",
            "override_json": null,
            "override_policy_documents": null,
            "policy_id": null,
            "source_json": null,
            "source_policy_documents": null,
            "statement": [
              {
                "actions": [
                  "dynamodb:Scan"
                ],
                "condition": [],
                "effect": "Allow",
                "not_actions": [],
                "not_principals": [],
                "not_resources": [],
                "principals": [],
                "resources": [
                  "arn:aws:dynamodb:us-east-1:233925838033:table/tbl-celeste-customers-dev"
                ],
                "sid": ""
              }
            ],
            "version": "2012-10-17"
          },
          "sensitive_attributes": []
        }
      ]
    },
    {
      "module": "module.apigateway_resource_customers",
      "mode": "data",
      "type": "aws_iam_policy_document",
      "name": "lambda_policy_document_customers_update",
      "provider": "provider[\"registry.terraform.io/hashicorp/aws\"]",
      "instances": [
        {
          "schema_version": 0,
          "attributes": {
            "id": "4083335248",
            "json": "{\n  \"Version\": \"2012-10-17\",\n  \"Statement\": [\n    {\n      \"Effect\": \"Allow\",\n      \"Action\": [\n        \"dynamodb:UpdateItem\",\n        \"dynamodb:Scan\",\n        \"dynamodb:GetItem\"\n      ],\n      \"Resource\": \"arn:aws:dynamodb:us-east-1:233925838033:table/tbl-celeste-customers-dev\"\n    }\n  ]\n}",
            "minified_json": "{\"Version\":\"2012-10-17\",\"Statement\":[{\"Effect\":\"Allow\",\"Action\":[\"dynamodb:UpdateItem\",\"dynamodb:Scan\",\"dynamodb:GetItem\"],\"Resource\":\"arn:aws:dynamodb:us-east-1:233925838033:table/tbl-celeste-customers-dev\"}]}",
            "override_json": null,
            "override_policy_documents": null,
            "policy_id": null,
            "source_json": null,
            "source_policy_documents": null,
            "statement": [
              {
                "actions": [
                  "dynamodb:GetItem",
                  "dynamodb:Scan",
                  "dynamodb:UpdateItem"
                ],
                "condition": [],
                "effect": "Allow",
                "not_actions": [],
                "not_principals": [],
                "not_resources": [],
                "principals": [],
                "resources": [
                  "arn:aws:dynamodb:us-east-1:233925838033:table/tbl-celeste-customers-dev"
                ],
                "sid": ""
              }
            ],
            "version": "2012-10-17"
          },
          "sensitive_attributes": []
        }
      ]
    },
    {
      "module": "module.apigateway_resource_customers",
      "mode": "data",
      "type": "aws_region",
      "name": "current",
      "provider": "provider[\"registry.terraform.io/hashicorp/aws\"]",
      "instances": [
        {
          "schema_version": 0,
          "attributes": {
            "description": "US East (N. Virginia)",
            "endpoint": "ec2.us-east-1.amazonaws.com",
            "id": "us-east-1",
            "name": "us-east-1"
          },
          "sensitive_attributes": []
        }
      ]
    },
    {
      "module": "module.apigateway_resource_customers",
      "mode": "managed",
      "type": "aws_apigatewayv2_integration",
      "name": "lambda_handler_customers_create",
      "provider": "provider[\"registry.terraform.io/hashicorp/aws\"]",
      "instances": [
        {
          "schema_version": 0,
          "attributes": {
            "api_id": "u83oit2sq6",
            "connection_id": "",
            "connection_type": "INTERNET",
            "content_handling_strategy": "",
            "credentials_arn": "",
            "description": "",
            "id": "docwp2r",
            "integration_method": "POST",
            "integration_response_selection_expression": "",
            "integration_subtype": "",
            "integration_type": "AWS_PROXY",
            "integration_uri": "arn:aws:apigateway:us-east-1:lambda:path/2015-03-31/functions/arn:aws:lambda:us-east-1:233925838033:function:lmb-celeste-customers-create-dev/invocations",
            "passthrough_behavior": "",
            "payload_format_version": "1.0",
            "request_parameters": {},
            "request_templates": {},
            "response_parameters": [],
            "template_selection_expression": "",
            "timeout_milliseconds": 30000,
            "tls_config": []
          },
          "sensitive_attributes": [],
          "private": "bnVsbA==",
          "dependencies": [
            "module.apigateway.aws_apigatewayv2_api.main",
            "module.apigateway.aws_apigatewayv2_stage.dev",
            "module.apigateway.aws_cloudwatch_log_group.main_api_gw",
            "module.apigateway.data.aws_caller_identity.current",
            "module.apigateway.data.aws_region.current",
            "module.apigateway_resource_authorization.aws_apigatewayv2_authorizer.header_based_authorizer",
            "module.apigateway_resource_authorization.aws_cloudwatch_log_group.html_loggroup_lambda_authorizer",
            "module.apigateway_resource_authorization.aws_iam_policy.dynamodb_lambda_policy_authorizer",
            "module.apigateway_resource_authorization.aws_iam_role.lambda_role_authorizer",
            "module.apigateway_resource_authorization.aws_iam_role_policy_attachment.lambda_attachements",
            "module.apigateway_resource_authorization.aws_iam_role_policy_attachment.lambda_role_policy_authorizer",
            "module.apigateway_resource_authorization.aws_lambda_function.html_lambda_authorizer",
            "module.apigateway_resource_authorization.aws_lambda_permission.allow_api_gw_invoke_authorizer",
            "module.apigateway_resource_authorization.data.archive_file.lambda_package_authorizer",
            "module.apigateway_resource_authorization.data.aws_apigatewayv2_api.selected",
            "module.apigateway_resource_authorization.data.aws_caller_identity.current",
            "module.apigateway_resource_authorization.data.aws_iam_policy_document.lambda_policy_document_authorizer",
            "module.apigateway_resource_authorization.data.aws_region.current",
            "module.apigateway_resource_customers.aws_iam_role.lambda_role_customers_create",
            "module.apigateway_resource_customers.aws_lambda_function.html_lambda_customers_create",
            "module.apigateway_resource_customers.data.archive_file.lambda_package_customers_create",
            "module.tables_dynamodb.aws_dynamodb_table.tbl_customers",
            "module.tables_dynamodb.aws_dynamodb_table.tbl_employees",
            "module.tables_dynamodb.aws_dynamodb_table.tbl_inventories",
            "module.tables_dynamodb.aws_dynamodb_table.tbl_suppliers",
            "module.tables_dynamodb.aws_dynamodb_table.tbl_token",
            "module.tables_dynamodb.aws_dynamodb_table.tbl_transaction_history",
            "module.tables_dynamodb.aws_dynamodb_table.tbl_users"
          ]
        }
      ]
    },
    {
      "module": "module.apigateway_resource_customers",
      "mode": "managed",
      "type": "aws_apigatewayv2_integration",
      "name": "lambda_handler_customers_delete_by_id",
      "provider": "provider[\"registry.terraform.io/hashicorp/aws\"]",
      "instances": [
        {
          "schema_version": 0,
          "attributes": {
            "api_id": "u83oit2sq6",
            "connection_id": "",
            "connection_type": "INTERNET",
            "content_handling_strategy": "",
            "credentials_arn": "",
            "description": "",
            "id": "idzgha9",
            "integration_method": "POST",
            "integration_response_selection_expression": "",
            "integration_subtype": "",
            "integration_type": "AWS_PROXY",
            "integration_uri": "arn:aws:apigateway:us-east-1:lambda:path/2015-03-31/functions/arn:aws:lambda:us-east-1:233925838033:function:lmb-celeste-customers-delete-by-id-dev/invocations",
            "passthrough_behavior": "",
            "payload_format_version": "1.0",
            "request_parameters": {},
            "request_templates": {},
            "response_parameters": [],
            "template_selection_expression": "",
            "timeout_milliseconds": 30000,
            "tls_config": []
          },
          "sensitive_attributes": [],
          "private": "bnVsbA==",
          "dependencies": [
            "module.apigateway.aws_apigatewayv2_api.main",
            "module.apigateway.aws_apigatewayv2_stage.dev",
            "module.apigateway.aws_cloudwatch_log_group.main_api_gw",
            "module.apigateway.data.aws_caller_identity.current",
            "module.apigateway.data.aws_region.current",
            "module.apigateway_resource_authorization.aws_apigatewayv2_authorizer.header_based_authorizer",
            "module.apigateway_resource_authorization.aws_cloudwatch_log_group.html_loggroup_lambda_authorizer",
            "module.apigateway_resource_authorization.aws_iam_policy.dynamodb_lambda_policy_authorizer",
            "module.apigateway_resource_authorization.aws_iam_role.lambda_role_authorizer",
            "module.apigateway_resource_authorization.aws_iam_role_policy_attachment.lambda_attachements",
            "module.apigateway_resource_authorization.aws_iam_role_policy_attachment.lambda_role_policy_authorizer",
            "module.apigateway_resource_authorization.aws_lambda_function.html_lambda_authorizer",
            "module.apigateway_resource_authorization.aws_lambda_permission.allow_api_gw_invoke_authorizer",
            "module.apigateway_resource_authorization.data.archive_file.lambda_package_authorizer",
            "module.apigateway_resource_authorization.data.aws_apigatewayv2_api.selected",
            "module.apigateway_resource_authorization.data.aws_caller_identity.current",
            "module.apigateway_resource_authorization.data.aws_iam_policy_document.lambda_policy_document_authorizer",
            "module.apigateway_resource_authorization.data.aws_region.current",
            "module.apigateway_resource_customers.aws_iam_role.lambda_role_customers_delete_by_id",
            "module.apigateway_resource_customers.aws_lambda_function.html_lambda_customers_delete_by_id",
            "module.apigateway_resource_customers.data.archive_file.lambda_package_customers_delete_by_id",
            "module.tables_dynamodb.aws_dynamodb_table.tbl_customers",
            "module.tables_dynamodb.aws_dynamodb_table.tbl_employees",
            "module.tables_dynamodb.aws_dynamodb_table.tbl_inventories",
            "module.tables_dynamodb.aws_dynamodb_table.tbl_suppliers",
            "module.tables_dynamodb.aws_dynamodb_table.tbl_token",
            "module.tables_dynamodb.aws_dynamodb_table.tbl_transaction_history",
            "module.tables_dynamodb.aws_dynamodb_table.tbl_users"
          ]
        }
      ]
    },
    {
      "module": "module.apigateway_resource_customers",
      "mode": "managed",
      "type": "aws_apigatewayv2_integration",
      "name": "lambda_handler_customers_filter",
      "provider": "provider[\"registry.terraform.io/hashicorp/aws\"]",
      "instances": [
        {
          "schema_version": 0,
          "attributes": {
            "api_id": "u83oit2sq6",
            "connection_id": "",
            "connection_type": "INTERNET",
            "content_handling_strategy": "",
            "credentials_arn": "",
            "description": "",
            "id": "b19bt3o",
            "integration_method": "POST",
            "integration_response_selection_expression": "",
            "integration_subtype": "",
            "integration_type": "AWS_PROXY",
            "integration_uri": "arn:aws:apigateway:us-east-1:lambda:path/2015-03-31/functions/arn:aws:lambda:us-east-1:233925838033:function:lmb-celeste-customers-filter-dev/invocations",
            "passthrough_behavior": "",
            "payload_format_version": "1.0",
            "request_parameters": {},
            "request_templates": {},
            "response_parameters": [],
            "template_selection_expression": "",
            "timeout_milliseconds": 30000,
            "tls_config": []
          },
          "sensitive_attributes": [],
          "private": "bnVsbA==",
          "dependencies": [
            "module.apigateway.aws_apigatewayv2_api.main",
            "module.apigateway.aws_apigatewayv2_stage.dev",
            "module.apigateway.aws_cloudwatch_log_group.main_api_gw",
            "module.apigateway.data.aws_caller_identity.current",
            "module.apigateway.data.aws_region.current",
            "module.apigateway_resource_authorization.aws_apigatewayv2_authorizer.header_based_authorizer",
            "module.apigateway_resource_authorization.aws_cloudwatch_log_group.html_loggroup_lambda_authorizer",
            "module.apigateway_resource_authorization.aws_iam_policy.dynamodb_lambda_policy_authorizer",
            "module.apigateway_resource_authorization.aws_iam_role.lambda_role_authorizer",
            "module.apigateway_resource_authorization.aws_iam_role_policy_attachment.lambda_attachements",
            "module.apigateway_resource_authorization.aws_iam_role_policy_attachment.lambda_role_policy_authorizer",
            "module.apigateway_resource_authorization.aws_lambda_function.html_lambda_authorizer",
            "module.apigateway_resource_authorization.aws_lambda_permission.allow_api_gw_invoke_authorizer",
            "module.apigateway_resource_authorization.data.archive_file.lambda_package_authorizer",
            "module.apigateway_resource_authorization.data.aws_apigatewayv2_api.selected",
            "module.apigateway_resource_authorization.data.aws_caller_identity.current",
            "module.apigateway_resource_authorization.data.aws_iam_policy_document.lambda_policy_document_authorizer",
            "module.apigateway_resource_authorization.data.aws_region.current",
            "module.apigateway_resource_customers.aws_iam_role.lambda_role_customers_filter",
            "module.apigateway_resource_customers.aws_lambda_function.html_lambda_customers_filter",
            "module.apigateway_resource_customers.data.archive_file.lambda_package_customers_filter",
            "module.tables_dynamodb.aws_dynamodb_table.tbl_customers",
            "module.tables_dynamodb.aws_dynamodb_table.tbl_employees",
            "module.tables_dynamodb.aws_dynamodb_table.tbl_inventories",
            "module.tables_dynamodb.aws_dynamodb_table.tbl_suppliers",
            "module.tables_dynamodb.aws_dynamodb_table.tbl_token",
            "module.tables_dynamodb.aws_dynamodb_table.tbl_transaction_history",
            "module.tables_dynamodb.aws_dynamodb_table.tbl_users"
          ]
        }
      ]
    },
    {
      "module": "module.apigateway_resource_customers",
      "mode": "managed",
      "type": "aws_apigatewayv2_integration",
      "name": "lambda_handler_customers_update",
      "provider": "provider[\"registry.terraform.io/hashicorp/aws\"]",
      "instances": [
        {
          "schema_version": 0,
          "attributes": {
            "api_id": "u83oit2sq6",
            "connection_id": "",
            "connection_type": "INTERNET",
            "content_handling_strategy": "",
            "credentials_arn": "",
            "description": "",
            "id": "10i662h",
            "integration_method": "POST",
            "integration_response_selection_expression": "",
            "integration_subtype": "",
            "integration_type": "AWS_PROXY",
            "integration_uri": "arn:aws:apigateway:us-east-1:lambda:path/2015-03-31/functions/arn:aws:lambda:us-east-1:233925838033:function:lmb-celeste-customers-update-dev/invocations",
            "passthrough_behavior": "",
            "payload_format_version": "1.0",
            "request_parameters": {},
            "request_templates": {},
            "response_parameters": [],
            "template_selection_expression": "",
            "timeout_milliseconds": 30000,
            "tls_config": []
          },
          "sensitive_attributes": [],
          "private": "bnVsbA==",
          "dependencies": [
            "module.apigateway.aws_apigatewayv2_api.main",
            "module.apigateway.aws_apigatewayv2_stage.dev",
            "module.apigateway.aws_cloudwatch_log_group.main_api_gw",
            "module.apigateway.data.aws_caller_identity.current",
            "module.apigateway.data.aws_region.current",
            "module.apigateway_resource_authorization.aws_apigatewayv2_authorizer.header_based_authorizer",
            "module.apigateway_resource_authorization.aws_cloudwatch_log_group.html_loggroup_lambda_authorizer",
            "module.apigateway_resource_authorization.aws_iam_policy.dynamodb_lambda_policy_authorizer",
            "module.apigateway_resource_authorization.aws_iam_role.lambda_role_authorizer",
            "module.apigateway_resource_authorization.aws_iam_role_policy_attachment.lambda_attachements",
            "module.apigateway_resource_authorization.aws_iam_role_policy_attachment.lambda_role_policy_authorizer",
            "module.apigateway_resource_authorization.aws_lambda_function.html_lambda_authorizer",
            "module.apigateway_resource_authorization.aws_lambda_permission.allow_api_gw_invoke_authorizer",
            "module.apigateway_resource_authorization.data.archive_file.lambda_package_authorizer",
            "module.apigateway_resource_authorization.data.aws_apigatewayv2_api.selected",
            "module.apigateway_resource_authorization.data.aws_caller_identity.current",
            "module.apigateway_resource_authorization.data.aws_iam_policy_document.lambda_policy_document_authorizer",
            "module.apigateway_resource_authorization.data.aws_region.current",
            "module.apigateway_resource_customers.aws_iam_role.lambda_role_customers_update",
            "module.apigateway_resource_customers.aws_lambda_function.html_lambda_customers_update",
            "module.apigateway_resource_customers.data.archive_file.lambda_package_customers_update",
            "module.tables_dynamodb.aws_dynamodb_table.tbl_customers",
            "module.tables_dynamodb.aws_dynamodb_table.tbl_employees",
            "module.tables_dynamodb.aws_dynamodb_table.tbl_inventories",
            "module.tables_dynamodb.aws_dynamodb_table.tbl_suppliers",
            "module.tables_dynamodb.aws_dynamodb_table.tbl_token",
            "module.tables_dynamodb.aws_dynamodb_table.tbl_transaction_history",
            "module.tables_dynamodb.aws_dynamodb_table.tbl_users"
          ]
        }
      ]
    },
    {
      "module": "module.apigateway_resource_customers",
      "mode": "managed",
      "type": "aws_apigatewayv2_route",
      "name": "handler_customers_create",
      "provider": "provider[\"registry.terraform.io/hashicorp/aws\"]",
      "instances": [
        {
          "schema_version": 0,
          "attributes": {
            "api_id": "u83oit2sq6",
            "api_key_required": false,
            "authorization_scopes": [],
            "authorization_type": "CUSTOM",
            "authorizer_id": "10477d",
            "id": "8gfx77c",
            "model_selection_expression": "",
            "operation_name": "",
            "request_models": {},
            "request_parameter": [],
            "route_key": "POST /api/v1/customers",
            "route_response_selection_expression": "",
            "target": "integrations/docwp2r"
          },
          "sensitive_attributes": [],
          "private": "bnVsbA==",
          "dependencies": [
            "module.apigateway.aws_apigatewayv2_api.main",
            "module.apigateway.aws_apigatewayv2_stage.dev",
            "module.apigateway.aws_cloudwatch_log_group.main_api_gw",
            "module.apigateway.data.aws_caller_identity.current",
            "module.apigateway.data.aws_region.current",
            "module.apigateway_resource_authorization.aws_apigatewayv2_authorizer.header_based_authorizer",
            "module.apigateway_resource_authorization.aws_cloudwatch_log_group.html_loggroup_lambda_authorizer",
            "module.apigateway_resource_authorization.aws_iam_policy.dynamodb_lambda_policy_authorizer",
            "module.apigateway_resource_authorization.aws_iam_role.lambda_role_authorizer",
            "module.apigateway_resource_authorization.aws_iam_role_policy_attachment.lambda_attachements",
            "module.apigateway_resource_authorization.aws_iam_role_policy_attachment.lambda_role_policy_authorizer",
            "module.apigateway_resource_authorization.aws_lambda_function.html_lambda_authorizer",
            "module.apigateway_resource_authorization.aws_lambda_permission.allow_api_gw_invoke_authorizer",
            "module.apigateway_resource_authorization.data.archive_file.lambda_package_authorizer",
            "module.apigateway_resource_authorization.data.aws_apigatewayv2_api.selected",
            "module.apigateway_resource_authorization.data.aws_caller_identity.current",
            "module.apigateway_resource_authorization.data.aws_iam_policy_document.lambda_policy_document_authorizer",
            "module.apigateway_resource_authorization.data.aws_region.current",
            "module.apigateway_resource_customers.aws_apigatewayv2_integration.lambda_handler_customers_create",
            "module.apigateway_resource_customers.aws_iam_role.lambda_role_customers_create",
            "module.apigateway_resource_customers.aws_lambda_function.html_lambda_customers_create",
            "module.apigateway_resource_customers.data.archive_file.lambda_package_customers_create",
            "module.tables_dynamodb.aws_dynamodb_table.tbl_customers",
            "module.tables_dynamodb.aws_dynamodb_table.tbl_employees",
            "module.tables_dynamodb.aws_dynamodb_table.tbl_inventories",
            "module.tables_dynamodb.aws_dynamodb_table.tbl_suppliers",
            "module.tables_dynamodb.aws_dynamodb_table.tbl_token",
            "module.tables_dynamodb.aws_dynamodb_table.tbl_transaction_history",
            "module.tables_dynamodb.aws_dynamodb_table.tbl_users"
          ]
        }
      ]
    },
    {
      "module": "module.apigateway_resource_customers",
      "mode": "managed",
      "type": "aws_apigatewayv2_route",
      "name": "handler_customers_delete_by_id",
      "provider": "provider[\"registry.terraform.io/hashicorp/aws\"]",
      "instances": [
        {
          "schema_version": 0,
          "attributes": {
            "api_id": "u83oit2sq6",
            "api_key_required": false,
            "authorization_scopes": [],
            "authorization_type": "CUSTOM",
            "authorizer_id": "10477d",
            "id": "pcxhzee",
            "model_selection_expression": "",
            "operation_name": "",
            "request_models": {},
            "request_parameter": [],
            "route_key": "DELETE /api/v1/customers/{id}",
            "route_response_selection_expression": "",
            "target": "integrations/idzgha9"
          },
          "sensitive_attributes": [],
          "private": "bnVsbA==",
          "dependencies": [
            "module.apigateway.aws_apigatewayv2_api.main",
            "module.apigateway.aws_apigatewayv2_stage.dev",
            "module.apigateway.aws_cloudwatch_log_group.main_api_gw",
            "module.apigateway.data.aws_caller_identity.current",
            "module.apigateway.data.aws_region.current",
            "module.apigateway_resource_authorization.aws_apigatewayv2_authorizer.header_based_authorizer",
            "module.apigateway_resource_authorization.aws_cloudwatch_log_group.html_loggroup_lambda_authorizer",
            "module.apigateway_resource_authorization.aws_iam_policy.dynamodb_lambda_policy_authorizer",
            "module.apigateway_resource_authorization.aws_iam_role.lambda_role_authorizer",
            "module.apigateway_resource_authorization.aws_iam_role_policy_attachment.lambda_attachements",
            "module.apigateway_resource_authorization.aws_iam_role_policy_attachment.lambda_role_policy_authorizer",
            "module.apigateway_resource_authorization.aws_lambda_function.html_lambda_authorizer",
            "module.apigateway_resource_authorization.aws_lambda_permission.allow_api_gw_invoke_authorizer",
            "module.apigateway_resource_authorization.data.archive_file.lambda_package_authorizer",
            "module.apigateway_resource_authorization.data.aws_apigatewayv2_api.selected",
            "module.apigateway_resource_authorization.data.aws_caller_identity.current",
            "module.apigateway_resource_authorization.data.aws_iam_policy_document.lambda_policy_document_authorizer",
            "module.apigateway_resource_authorization.data.aws_region.current",
            "module.apigateway_resource_customers.aws_apigatewayv2_integration.lambda_handler_customers_delete_by_id",
            "module.apigateway_resource_customers.aws_iam_role.lambda_role_customers_delete_by_id",
            "module.apigateway_resource_customers.aws_lambda_function.html_lambda_customers_delete_by_id",
            "module.apigateway_resource_customers.data.archive_file.lambda_package_customers_delete_by_id",
            "module.tables_dynamodb.aws_dynamodb_table.tbl_customers",
            "module.tables_dynamodb.aws_dynamodb_table.tbl_employees",
            "module.tables_dynamodb.aws_dynamodb_table.tbl_inventories",
            "module.tables_dynamodb.aws_dynamodb_table.tbl_suppliers",
            "module.tables_dynamodb.aws_dynamodb_table.tbl_token",
            "module.tables_dynamodb.aws_dynamodb_table.tbl_transaction_history",
            "module.tables_dynamodb.aws_dynamodb_table.tbl_users"
          ]
        }
      ]
    },
    {
      "module": "module.apigateway_resource_customers",
      "mode": "managed",
      "type": "aws_apigatewayv2_route",
      "name": "handler_customers_filter",
      "provider": "provider[\"registry.terraform.io/hashicorp/aws\"]",
      "instances": [
        {
          "schema_version": 0,
          "attributes": {
            "api_id": "u83oit2sq6",
            "api_key_required": false,
            "authorization_scopes": [],
            "authorization_type": "CUSTOM",
            "authorizer_id": "10477d",
            "id": "5kzc7wp",
            "model_selection_expression": "",
            "operation_name": "",
            "request_models": {},
            "request_parameter": [],
            "route_key": "GET /api/v1/customers",
            "route_response_selection_expression": "",
            "target": "integrations/b19bt3o"
          },
          "sensitive_attributes": [],
          "private": "bnVsbA==",
          "dependencies": [
            "module.apigateway.aws_apigatewayv2_api.main",
            "module.apigateway.aws_apigatewayv2_stage.dev",
            "module.apigateway.aws_cloudwatch_log_group.main_api_gw",
            "module.apigateway.data.aws_caller_identity.current",
            "module.apigateway.data.aws_region.current",
            "module.apigateway_resource_authorization.aws_apigatewayv2_authorizer.header_based_authorizer",
            "module.apigateway_resource_authorization.aws_cloudwatch_log_group.html_loggroup_lambda_authorizer",
            "module.apigateway_resource_authorization.aws_iam_policy.dynamodb_lambda_policy_authorizer",
            "module.apigateway_resource_authorization.aws_iam_role.lambda_role_authorizer",
            "module.apigateway_resource_authorization.aws_iam_role_policy_attachment.lambda_attachements",
            "module.apigateway_resource_authorization.aws_iam_role_policy_attachment.lambda_role_policy_authorizer",
            "module.apigateway_resource_authorization.aws_lambda_function.html_lambda_authorizer",
            "module.apigateway_resource_authorization.aws_lambda_permission.allow_api_gw_invoke_authorizer",
            "module.apigateway_resource_authorization.data.archive_file.lambda_package_authorizer",
            "module.apigateway_resource_authorization.data.aws_apigatewayv2_api.selected",
            "module.apigateway_resource_authorization.data.aws_caller_identity.current",
            "module.apigateway_resource_authorization.data.aws_iam_policy_document.lambda_policy_document_authorizer",
            "module.apigateway_resource_authorization.data.aws_region.current",
            "module.apigateway_resource_customers.aws_apigatewayv2_integration.lambda_handler_customers_filter",
            "module.apigateway_resource_customers.aws_iam_role.lambda_role_customers_filter",
            "module.apigateway_resource_customers.aws_lambda_function.html_lambda_customers_filter",
            "module.apigateway_resource_customers.data.archive_file.lambda_package_customers_filter",
            "module.tables_dynamodb.aws_dynamodb_table.tbl_customers",
            "module.tables_dynamodb.aws_dynamodb_table.tbl_employees",
            "module.tables_dynamodb.aws_dynamodb_table.tbl_inventories",
            "module.tables_dynamodb.aws_dynamodb_table.tbl_suppliers",
            "module.tables_dynamodb.aws_dynamodb_table.tbl_token",
            "module.tables_dynamodb.aws_dynamodb_table.tbl_transaction_history",
            "module.tables_dynamodb.aws_dynamodb_table.tbl_users"
          ]
        }
      ]
    },
    {
      "module": "module.apigateway_resource_customers",
      "mode": "managed",
      "type": "aws_apigatewayv2_route",
      "name": "handler_customers_update",
      "provider": "provider[\"registry.terraform.io/hashicorp/aws\"]",
      "instances": [
        {
          "schema_version": 0,
          "attributes": {
            "api_id": "u83oit2sq6",
            "api_key_required": false,
            "authorization_scopes": [],
            "authorization_type": "CUSTOM",
            "authorizer_id": "10477d",
            "id": "vu5o0m2",
            "model_selection_expression": "",
            "operation_name": "",
            "request_models": {},
            "request_parameter": [],
            "route_key": "PUT /api/v1/customers/{id}",
            "route_response_selection_expression": "",
            "target": "integrations/10i662h"
          },
          "sensitive_attributes": [],
          "private": "bnVsbA==",
          "dependencies": [
            "module.apigateway.aws_apigatewayv2_api.main",
            "module.apigateway.aws_apigatewayv2_stage.dev",
            "module.apigateway.aws_cloudwatch_log_group.main_api_gw",
            "module.apigateway.data.aws_caller_identity.current",
            "module.apigateway.data.aws_region.current",
            "module.apigateway_resource_authorization.aws_apigatewayv2_authorizer.header_based_authorizer",
            "module.apigateway_resource_authorization.aws_cloudwatch_log_group.html_loggroup_lambda_authorizer",
            "module.apigateway_resource_authorization.aws_iam_policy.dynamodb_lambda_policy_authorizer",
            "module.apigateway_resource_authorization.aws_iam_role.lambda_role_authorizer",
            "module.apigateway_resource_authorization.aws_iam_role_policy_attachment.lambda_attachements",
            "module.apigateway_resource_authorization.aws_iam_role_policy_attachment.lambda_role_policy_authorizer",
            "module.apigateway_resource_authorization.aws_lambda_function.html_lambda_authorizer",
            "module.apigateway_resource_authorization.aws_lambda_permission.allow_api_gw_invoke_authorizer",
            "module.apigateway_resource_authorization.data.archive_file.lambda_package_authorizer",
            "module.apigateway_resource_authorization.data.aws_apigatewayv2_api.selected",
            "module.apigateway_resource_authorization.data.aws_caller_identity.current",
            "module.apigateway_resource_authorization.data.aws_iam_policy_document.lambda_policy_document_authorizer",
            "module.apigateway_resource_authorization.data.aws_region.current",
            "module.apigateway_resource_customers.aws_apigatewayv2_integration.lambda_handler_customers_update",
            "module.apigateway_resource_customers.aws_iam_role.lambda_role_customers_update",
            "module.apigateway_resource_customers.aws_lambda_function.html_lambda_customers_update",
            "module.apigateway_resource_customers.data.archive_file.lambda_package_customers_update",
            "module.tables_dynamodb.aws_dynamodb_table.tbl_customers",
            "module.tables_dynamodb.aws_dynamodb_table.tbl_employees",
            "module.tables_dynamodb.aws_dynamodb_table.tbl_inventories",
            "module.tables_dynamodb.aws_dynamodb_table.tbl_suppliers",
            "module.tables_dynamodb.aws_dynamodb_table.tbl_token",
            "module.tables_dynamodb.aws_dynamodb_table.tbl_transaction_history",
            "module.tables_dynamodb.aws_dynamodb_table.tbl_users"
          ]
        }
      ]
    },
    {
      "module": "module.apigateway_resource_customers",
      "mode": "managed",
      "type": "aws_cloudwatch_log_group",
      "name": "html_loggroup_lambda_customers_create",
      "provider": "provider[\"registry.terraform.io/hashicorp/aws\"]",
      "instances": [
        {
          "schema_version": 0,
          "attributes": {
            "arn": "arn:aws:logs:us-east-1:233925838033:log-group:/aws/lambda/lmb-celeste-customers-create-dev",
            "id": "/aws/lambda/lmb-celeste-customers-create-dev",
            "kms_key_id": "",
            "log_group_class": "STANDARD",
            "name": "/aws/lambda/lmb-celeste-customers-create-dev",
            "name_prefix": "",
            "retention_in_days": 7,
            "skip_destroy": false,
            "tags": {},
            "tags_all": {
              "iac": "terraform"
            }
          },
          "sensitive_attributes": [],
          "private": "bnVsbA==",
          "dependencies": [
            "module.apigateway.aws_apigatewayv2_api.main",
            "module.apigateway.aws_apigatewayv2_stage.dev",
            "module.apigateway.aws_cloudwatch_log_group.main_api_gw",
            "module.apigateway.data.aws_caller_identity.current",
            "module.apigateway.data.aws_region.current",
            "module.apigateway_resource_authorization.aws_apigatewayv2_authorizer.header_based_authorizer",
            "module.apigateway_resource_authorization.aws_cloudwatch_log_group.html_loggroup_lambda_authorizer",
            "module.apigateway_resource_authorization.aws_iam_policy.dynamodb_lambda_policy_authorizer",
            "module.apigateway_resource_authorization.aws_iam_role.lambda_role_authorizer",
            "module.apigateway_resource_authorization.aws_iam_role_policy_attachment.lambda_attachements",
            "module.apigateway_resource_authorization.aws_iam_role_policy_attachment.lambda_role_policy_authorizer",
            "module.apigateway_resource_authorization.aws_lambda_function.html_lambda_authorizer",
            "module.apigateway_resource_authorization.aws_lambda_permission.allow_api_gw_invoke_authorizer",
            "module.apigateway_resource_authorization.data.archive_file.lambda_package_authorizer",
            "module.apigateway_resource_authorization.data.aws_apigatewayv2_api.selected",
            "module.apigateway_resource_authorization.data.aws_caller_identity.current",
            "module.apigateway_resource_authorization.data.aws_iam_policy_document.lambda_policy_document_authorizer",
            "module.apigateway_resource_authorization.data.aws_region.current",
            "module.apigateway_resource_customers.aws_iam_role.lambda_role_customers_create",
            "module.apigateway_resource_customers.aws_lambda_function.html_lambda_customers_create",
            "module.apigateway_resource_customers.data.archive_file.lambda_package_customers_create",
            "module.tables_dynamodb.aws_dynamodb_table.tbl_customers",
            "module.tables_dynamodb.aws_dynamodb_table.tbl_employees",
            "module.tables_dynamodb.aws_dynamodb_table.tbl_inventories",
            "module.tables_dynamodb.aws_dynamodb_table.tbl_suppliers",
            "module.tables_dynamodb.aws_dynamodb_table.tbl_token",
            "module.tables_dynamodb.aws_dynamodb_table.tbl_transaction_history",
            "module.tables_dynamodb.aws_dynamodb_table.tbl_users"
          ]
        }
      ]
    },
    {
      "module": "module.apigateway_resource_customers",
      "mode": "managed",
      "type": "aws_cloudwatch_log_group",
      "name": "html_loggroup_lambda_customers_delete_by_id",
      "provider": "provider[\"registry.terraform.io/hashicorp/aws\"]",
      "instances": [
        {
          "schema_version": 0,
          "attributes": {
            "arn": "arn:aws:logs:us-east-1:233925838033:log-group:/aws/lambda/lmb-celeste-customers-delete-by-id-dev",
            "id": "/aws/lambda/lmb-celeste-customers-delete-by-id-dev",
            "kms_key_id": "",
            "log_group_class": "STANDARD",
            "name": "/aws/lambda/lmb-celeste-customers-delete-by-id-dev",
            "name_prefix": "",
            "retention_in_days": 7,
            "skip_destroy": false,
            "tags": {},
            "tags_all": {
              "iac": "terraform"
            }
          },
          "sensitive_attributes": [],
          "private": "bnVsbA==",
          "dependencies": [
            "module.apigateway.aws_apigatewayv2_api.main",
            "module.apigateway.aws_apigatewayv2_stage.dev",
            "module.apigateway.aws_cloudwatch_log_group.main_api_gw",
            "module.apigateway.data.aws_caller_identity.current",
            "module.apigateway.data.aws_region.current",
            "module.apigateway_resource_authorization.aws_apigatewayv2_authorizer.header_based_authorizer",
            "module.apigateway_resource_authorization.aws_cloudwatch_log_group.html_loggroup_lambda_authorizer",
            "module.apigateway_resource_authorization.aws_iam_policy.dynamodb_lambda_policy_authorizer",
            "module.apigateway_resource_authorization.aws_iam_role.lambda_role_authorizer",
            "module.apigateway_resource_authorization.aws_iam_role_policy_attachment.lambda_attachements",
            "module.apigateway_resource_authorization.aws_iam_role_policy_attachment.lambda_role_policy_authorizer",
            "module.apigateway_resource_authorization.aws_lambda_function.html_lambda_authorizer",
            "module.apigateway_resource_authorization.aws_lambda_permission.allow_api_gw_invoke_authorizer",
            "module.apigateway_resource_authorization.data.archive_file.lambda_package_authorizer",
            "module.apigateway_resource_authorization.data.aws_apigatewayv2_api.selected",
            "module.apigateway_resource_authorization.data.aws_caller_identity.current",
            "module.apigateway_resource_authorization.data.aws_iam_policy_document.lambda_policy_document_authorizer",
            "module.apigateway_resource_authorization.data.aws_region.current",
            "module.apigateway_resource_customers.aws_iam_role.lambda_role_customers_delete_by_id",
            "module.apigateway_resource_customers.aws_lambda_function.html_lambda_customers_delete_by_id",
            "module.apigateway_resource_customers.data.archive_file.lambda_package_customers_delete_by_id",
            "module.tables_dynamodb.aws_dynamodb_table.tbl_customers",
            "module.tables_dynamodb.aws_dynamodb_table.tbl_employees",
            "module.tables_dynamodb.aws_dynamodb_table.tbl_inventories",
            "module.tables_dynamodb.aws_dynamodb_table.tbl_suppliers",
            "module.tables_dynamodb.aws_dynamodb_table.tbl_token",
            "module.tables_dynamodb.aws_dynamodb_table.tbl_transaction_history",
            "module.tables_dynamodb.aws_dynamodb_table.tbl_users"
          ]
        }
      ]
    },
    {
      "module": "module.apigateway_resource_customers",
      "mode": "managed",
      "type": "aws_cloudwatch_log_group",
      "name": "html_loggroup_lambda_customers_filter",
      "provider": "provider[\"registry.terraform.io/hashicorp/aws\"]",
      "instances": [
        {
          "schema_version": 0,
          "attributes": {
            "arn": "arn:aws:logs:us-east-1:233925838033:log-group:/aws/lambda/lmb-celeste-customers-filter-dev",
            "id": "/aws/lambda/lmb-celeste-customers-filter-dev",
            "kms_key_id": "",
            "log_group_class": "STANDARD",
            "name": "/aws/lambda/lmb-celeste-customers-filter-dev",
            "name_prefix": "",
            "retention_in_days": 7,
            "skip_destroy": false,
            "tags": {},
            "tags_all": {
              "iac": "terraform"
            }
          },
          "sensitive_attributes": [],
          "private": "bnVsbA==",
          "dependencies": [
            "module.apigateway.aws_apigatewayv2_api.main",
            "module.apigateway.aws_apigatewayv2_stage.dev",
            "module.apigateway.aws_cloudwatch_log_group.main_api_gw",
            "module.apigateway.data.aws_caller_identity.current",
            "module.apigateway.data.aws_region.current",
            "module.apigateway_resource_authorization.aws_apigatewayv2_authorizer.header_based_authorizer",
            "module.apigateway_resource_authorization.aws_cloudwatch_log_group.html_loggroup_lambda_authorizer",
            "module.apigateway_resource_authorization.aws_iam_policy.dynamodb_lambda_policy_authorizer",
            "module.apigateway_resource_authorization.aws_iam_role.lambda_role_authorizer",
            "module.apigateway_resource_authorization.aws_iam_role_policy_attachment.lambda_attachements",
            "module.apigateway_resource_authorization.aws_iam_role_policy_attachment.lambda_role_policy_authorizer",
            "module.apigateway_resource_authorization.aws_lambda_function.html_lambda_authorizer",
            "module.apigateway_resource_authorization.aws_lambda_permission.allow_api_gw_invoke_authorizer",
            "module.apigateway_resource_authorization.data.archive_file.lambda_package_authorizer",
            "module.apigateway_resource_authorization.data.aws_apigatewayv2_api.selected",
            "module.apigateway_resource_authorization.data.aws_caller_identity.current",
            "module.apigateway_resource_authorization.data.aws_iam_policy_document.lambda_policy_document_authorizer",
            "module.apigateway_resource_authorization.data.aws_region.current",
            "module.apigateway_resource_customers.aws_iam_role.lambda_role_customers_filter",
            "module.apigateway_resource_customers.aws_lambda_function.html_lambda_customers_filter",
            "module.apigateway_resource_customers.data.archive_file.lambda_package_customers_filter",
            "module.tables_dynamodb.aws_dynamodb_table.tbl_customers",
            "module.tables_dynamodb.aws_dynamodb_table.tbl_employees",
            "module.tables_dynamodb.aws_dynamodb_table.tbl_inventories",
            "module.tables_dynamodb.aws_dynamodb_table.tbl_suppliers",
            "module.tables_dynamodb.aws_dynamodb_table.tbl_token",
            "module.tables_dynamodb.aws_dynamodb_table.tbl_transaction_history",
            "module.tables_dynamodb.aws_dynamodb_table.tbl_users"
          ]
        }
      ]
    },
    {
      "module": "module.apigateway_resource_customers",
      "mode": "managed",
      "type": "aws_cloudwatch_log_group",
      "name": "html_loggroup_lambda_customers_update",
      "provider": "provider[\"registry.terraform.io/hashicorp/aws\"]",
      "instances": [
        {
          "schema_version": 0,
          "attributes": {
            "arn": "arn:aws:logs:us-east-1:233925838033:log-group:/aws/lambda/lmb-celeste-customers-update-dev",
            "id": "/aws/lambda/lmb-celeste-customers-update-dev",
            "kms_key_id": "",
            "log_group_class": "STANDARD",
            "name": "/aws/lambda/lmb-celeste-customers-update-dev",
            "name_prefix": "",
            "retention_in_days": 7,
            "skip_destroy": false,
            "tags": {},
            "tags_all": {
              "iac": "terraform"
            }
          },
          "sensitive_attributes": [],
          "private": "bnVsbA==",
          "dependencies": [
            "module.apigateway.aws_apigatewayv2_api.main",
            "module.apigateway.aws_apigatewayv2_stage.dev",
            "module.apigateway.aws_cloudwatch_log_group.main_api_gw",
            "module.apigateway.data.aws_caller_identity.current",
            "module.apigateway.data.aws_region.current",
            "module.apigateway_resource_authorization.aws_apigatewayv2_authorizer.header_based_authorizer",
            "module.apigateway_resource_authorization.aws_cloudwatch_log_group.html_loggroup_lambda_authorizer",
            "module.apigateway_resource_authorization.aws_iam_policy.dynamodb_lambda_policy_authorizer",
            "module.apigateway_resource_authorization.aws_iam_role.lambda_role_authorizer",
            "module.apigateway_resource_authorization.aws_iam_role_policy_attachment.lambda_attachements",
            "module.apigateway_resource_authorization.aws_iam_role_policy_attachment.lambda_role_policy_authorizer",
            "module.apigateway_resource_authorization.aws_lambda_function.html_lambda_authorizer",
            "module.apigateway_resource_authorization.aws_lambda_permission.allow_api_gw_invoke_authorizer",
            "module.apigateway_resource_authorization.data.archive_file.lambda_package_authorizer",
            "module.apigateway_resource_authorization.data.aws_apigatewayv2_api.selected",
            "module.apigateway_resource_authorization.data.aws_caller_identity.current",
            "module.apigateway_resource_authorization.data.aws_iam_policy_document.lambda_policy_document_authorizer",
            "module.apigateway_resource_authorization.data.aws_region.current",
            "module.apigateway_resource_customers.aws_iam_role.lambda_role_customers_update",
            "module.apigateway_resource_customers.aws_lambda_function.html_lambda_customers_update",
            "module.apigateway_resource_customers.data.archive_file.lambda_package_customers_update",
            "module.tables_dynamodb.aws_dynamodb_table.tbl_customers",
            "module.tables_dynamodb.aws_dynamodb_table.tbl_employees",
            "module.tables_dynamodb.aws_dynamodb_table.tbl_inventories",
            "module.tables_dynamodb.aws_dynamodb_table.tbl_suppliers",
            "module.tables_dynamodb.aws_dynamodb_table.tbl_token",
            "module.tables_dynamodb.aws_dynamodb_table.tbl_transaction_history",
            "module.tables_dynamodb.aws_dynamodb_table.tbl_users"
          ]
        }
      ]
    },
    {
      "module": "module.apigateway_resource_customers",
      "mode": "managed",
      "type": "aws_iam_policy",
      "name": "dynamodb_lambda_policy_customers_create",
      "provider": "provider[\"registry.terraform.io/hashicorp/aws\"]",
      "instances": [
        {
          "schema_version": 0,
          "attributes": {
            "arn": "arn:aws:iam::233925838033:policy/policy-celeste-customers-create-dev",
            "attachment_count": 1,
            "description": "This policy will be used by the lambda to write get data from DynamoDB",
            "id": "arn:aws:iam::233925838033:policy/policy-celeste-customers-create-dev",
            "name": "policy-celeste-customers-create-dev",
            "name_prefix": "",
            "path": "/",
            "policy": "{\"Statement\":[{\"Action\":[\"dynamodb:Scan\",\"dynamodb:Query\",\"dynamodb:PutItem\"],\"Effect\":\"Allow\",\"Resource\":\"arn:aws:dynamodb:us-east-1:233925838033:table/tbl-celeste-customers-dev\"}],\"Version\":\"2012-10-17\"}",
            "policy_id": "ANPATM5YRATIQB7DNCXGZ",
            "tags": {},
            "tags_all": {
              "iac": "terraform"
            }
          },
          "sensitive_attributes": [],
          "private": "bnVsbA==",
          "dependencies": [
            "module.apigateway.aws_apigatewayv2_api.main",
            "module.apigateway.aws_apigatewayv2_stage.dev",
            "module.apigateway.aws_cloudwatch_log_group.main_api_gw",
            "module.apigateway.data.aws_caller_identity.current",
            "module.apigateway.data.aws_region.current",
            "module.apigateway_resource_authorization.aws_apigatewayv2_authorizer.header_based_authorizer",
            "module.apigateway_resource_authorization.aws_cloudwatch_log_group.html_loggroup_lambda_authorizer",
            "module.apigateway_resource_authorization.aws_iam_policy.dynamodb_lambda_policy_authorizer",
            "module.apigateway_resource_authorization.aws_iam_role.lambda_role_authorizer",
            "module.apigateway_resource_authorization.aws_iam_role_policy_attachment.lambda_attachements",
            "module.apigateway_resource_authorization.aws_iam_role_policy_attachment.lambda_role_policy_authorizer",
            "module.apigateway_resource_authorization.aws_lambda_function.html_lambda_authorizer",
            "module.apigateway_resource_authorization.aws_lambda_permission.allow_api_gw_invoke_authorizer",
            "module.apigateway_resource_authorization.data.archive_file.lambda_package_authorizer",
            "module.apigateway_resource_authorization.data.aws_apigatewayv2_api.selected",
            "module.apigateway_resource_authorization.data.aws_caller_identity.current",
            "module.apigateway_resource_authorization.data.aws_iam_policy_document.lambda_policy_document_authorizer",
            "module.apigateway_resource_authorization.data.aws_region.current",
            "module.apigateway_resource_customers.data.aws_caller_identity.current",
            "module.apigateway_resource_customers.data.aws_iam_policy_document.lambda_policy_document_customers_create",
            "module.apigateway_resource_customers.data.aws_region.current",
            "module.tables_dynamodb.aws_dynamodb_table.tbl_customers",
            "module.tables_dynamodb.aws_dynamodb_table.tbl_employees",
            "module.tables_dynamodb.aws_dynamodb_table.tbl_inventories",
            "module.tables_dynamodb.aws_dynamodb_table.tbl_suppliers",
            "module.tables_dynamodb.aws_dynamodb_table.tbl_token",
            "module.tables_dynamodb.aws_dynamodb_table.tbl_transaction_history",
            "module.tables_dynamodb.aws_dynamodb_table.tbl_users"
          ]
        }
      ]
    },
    {
      "module": "module.apigateway_resource_customers",
      "mode": "managed",
      "type": "aws_iam_policy",
      "name": "dynamodb_lambda_policy_customers_delete_by_id",
      "provider": "provider[\"registry.terraform.io/hashicorp/aws\"]",
      "instances": [
        {
          "schema_version": 0,
          "attributes": {
            "arn": "arn:aws:iam::233925838033:policy/policy-celeste-customers-delete-by-id-dev",
            "attachment_count": 1,
            "description": "This policy will be used by the lambda to write get data from DynamoDB",
            "id": "arn:aws:iam::233925838033:policy/policy-celeste-customers-delete-by-id-dev",
            "name": "policy-celeste-customers-delete-by-id-dev",
            "name_prefix": "",
            "path": "/",
            "policy": "{\"Statement\":[{\"Action\":\"dynamodb:UpdateItem\",\"Effect\":\"Allow\",\"Resource\":\"arn:aws:dynamodb:us-east-1:233925838033:table/tbl-celeste-customers-dev\"}],\"Version\":\"2012-10-17\"}",
            "policy_id": "ANPATM5YRATIWKISIKNZL",
            "tags": {},
            "tags_all": {
              "iac": "terraform"
            }
          },
          "sensitive_attributes": [],
          "private": "bnVsbA==",
          "dependencies": [
            "module.apigateway.aws_apigatewayv2_api.main",
            "module.apigateway.aws_apigatewayv2_stage.dev",
            "module.apigateway.aws_cloudwatch_log_group.main_api_gw",
            "module.apigateway.data.aws_caller_identity.current",
            "module.apigateway.data.aws_region.current",
            "module.apigateway_resource_authorization.aws_apigatewayv2_authorizer.header_based_authorizer",
            "module.apigateway_resource_authorization.aws_cloudwatch_log_group.html_loggroup_lambda_authorizer",
            "module.apigateway_resource_authorization.aws_iam_policy.dynamodb_lambda_policy_authorizer",
            "module.apigateway_resource_authorization.aws_iam_role.lambda_role_authorizer",
            "module.apigateway_resource_authorization.aws_iam_role_policy_attachment.lambda_attachements",
            "module.apigateway_resource_authorization.aws_iam_role_policy_attachment.lambda_role_policy_authorizer",
            "module.apigateway_resource_authorization.aws_lambda_function.html_lambda_authorizer",
            "module.apigateway_resource_authorization.aws_lambda_permission.allow_api_gw_invoke_authorizer",
            "module.apigateway_resource_authorization.data.archive_file.lambda_package_authorizer",
            "module.apigateway_resource_authorization.data.aws_apigatewayv2_api.selected",
            "module.apigateway_resource_authorization.data.aws_caller_identity.current",
            "module.apigateway_resource_authorization.data.aws_iam_policy_document.lambda_policy_document_authorizer",
            "module.apigateway_resource_authorization.data.aws_region.current",
            "module.apigateway_resource_customers.data.aws_caller_identity.current",
            "module.apigateway_resource_customers.data.aws_iam_policy_document.lambda_policy_document_customers_delete_by_id",
            "module.apigateway_resource_customers.data.aws_region.current",
            "module.tables_dynamodb.aws_dynamodb_table.tbl_customers",
            "module.tables_dynamodb.aws_dynamodb_table.tbl_employees",
            "module.tables_dynamodb.aws_dynamodb_table.tbl_inventories",
            "module.tables_dynamodb.aws_dynamodb_table.tbl_suppliers",
            "module.tables_dynamodb.aws_dynamodb_table.tbl_token",
            "module.tables_dynamodb.aws_dynamodb_table.tbl_transaction_history",
            "module.tables_dynamodb.aws_dynamodb_table.tbl_users"
          ]
        }
      ]
    },
    {
      "module": "module.apigateway_resource_customers",
      "mode": "managed",
      "type": "aws_iam_policy",
      "name": "dynamodb_lambda_policy_customers_filter",
      "provider": "provider[\"registry.terraform.io/hashicorp/aws\"]",
      "instances": [
        {
          "schema_version": 0,
          "attributes": {
            "arn": "arn:aws:iam::233925838033:policy/policy-celeste-customers-filter-dev",
            "attachment_count": 1,
            "description": "This policy will be used by the lambda to write get data from DynamoDB",
            "id": "arn:aws:iam::233925838033:policy/policy-celeste-customers-filter-dev",
            "name": "policy-celeste-customers-filter-dev",
            "name_prefix": "",
            "path": "/",
            "policy": "{\"Statement\":[{\"Action\":\"dynamodb:Scan\",\"Effect\":\"Allow\",\"Resource\":\"arn:aws:dynamodb:us-east-1:233925838033:table/tbl-celeste-customers-dev\"}],\"Version\":\"2012-10-17\"}",
            "policy_id": "ANPATM5YRATI7RXZMMWS3",
            "tags": {},
            "tags_all": {
              "iac": "terraform"
            }
          },
          "sensitive_attributes": [],
          "private": "bnVsbA==",
          "dependencies": [
            "module.apigateway.aws_apigatewayv2_api.main",
            "module.apigateway.aws_apigatewayv2_stage.dev",
            "module.apigateway.aws_cloudwatch_log_group.main_api_gw",
            "module.apigateway.data.aws_caller_identity.current",
            "module.apigateway.data.aws_region.current",
            "module.apigateway_resource_authorization.aws_apigatewayv2_authorizer.header_based_authorizer",
            "module.apigateway_resource_authorization.aws_cloudwatch_log_group.html_loggroup_lambda_authorizer",
            "module.apigateway_resource_authorization.aws_iam_policy.dynamodb_lambda_policy_authorizer",
            "module.apigateway_resource_authorization.aws_iam_role.lambda_role_authorizer",
            "module.apigateway_resource_authorization.aws_iam_role_policy_attachment.lambda_attachements",
            "module.apigateway_resource_authorization.aws_iam_role_policy_attachment.lambda_role_policy_authorizer",
            "module.apigateway_resource_authorization.aws_lambda_function.html_lambda_authorizer",
            "module.apigateway_resource_authorization.aws_lambda_permission.allow_api_gw_invoke_authorizer",
            "module.apigateway_resource_authorization.data.archive_file.lambda_package_authorizer",
            "module.apigateway_resource_authorization.data.aws_apigatewayv2_api.selected",
            "module.apigateway_resource_authorization.data.aws_caller_identity.current",
            "module.apigateway_resource_authorization.data.aws_iam_policy_document.lambda_policy_document_authorizer",
            "module.apigateway_resource_authorization.data.aws_region.current",
            "module.apigateway_resource_customers.data.aws_caller_identity.current",
            "module.apigateway_resource_customers.data.aws_iam_policy_document.lambda_policy_document_customers_filter",
            "module.apigateway_resource_customers.data.aws_region.current",
            "module.tables_dynamodb.aws_dynamodb_table.tbl_customers",
            "module.tables_dynamodb.aws_dynamodb_table.tbl_employees",
            "module.tables_dynamodb.aws_dynamodb_table.tbl_inventories",
            "module.tables_dynamodb.aws_dynamodb_table.tbl_suppliers",
            "module.tables_dynamodb.aws_dynamodb_table.tbl_token",
            "module.tables_dynamodb.aws_dynamodb_table.tbl_transaction_history",
            "module.tables_dynamodb.aws_dynamodb_table.tbl_users"
          ]
        }
      ]
    },
    {
      "module": "module.apigateway_resource_customers",
      "mode": "managed",
      "type": "aws_iam_policy",
      "name": "dynamodb_lambda_policy_customers_update",
      "provider": "provider[\"registry.terraform.io/hashicorp/aws\"]",
      "instances": [
        {
          "schema_version": 0,
          "attributes": {
            "arn": "arn:aws:iam::233925838033:policy/policy-celeste-customers-update-dev",
            "attachment_count": 1,
            "description": "This policy will be used by the lambda to write get data from DynamoDB",
            "id": "arn:aws:iam::233925838033:policy/policy-celeste-customers-update-dev",
            "name": "policy-celeste-customers-update-dev",
            "name_prefix": "",
            "path": "/",
            "policy": "{\"Statement\":[{\"Action\":[\"dynamodb:UpdateItem\",\"dynamodb:Scan\",\"dynamodb:GetItem\"],\"Effect\":\"Allow\",\"Resource\":\"arn:aws:dynamodb:us-east-1:233925838033:table/tbl-celeste-customers-dev\"}],\"Version\":\"2012-10-17\"}",
            "policy_id": "ANPATM5YRATIY2LQMZGQ3",
            "tags": {},
            "tags_all": {
              "iac": "terraform"
            }
          },
          "sensitive_attributes": [],
          "private": "bnVsbA==",
          "dependencies": [
            "module.apigateway.aws_apigatewayv2_api.main",
            "module.apigateway.aws_apigatewayv2_stage.dev",
            "module.apigateway.aws_cloudwatch_log_group.main_api_gw",
            "module.apigateway.data.aws_caller_identity.current",
            "module.apigateway.data.aws_region.current",
            "module.apigateway_resource_authorization.aws_apigatewayv2_authorizer.header_based_authorizer",
            "module.apigateway_resource_authorization.aws_cloudwatch_log_group.html_loggroup_lambda_authorizer",
            "module.apigateway_resource_authorization.aws_iam_policy.dynamodb_lambda_policy_authorizer",
            "module.apigateway_resource_authorization.aws_iam_role.lambda_role_authorizer",
            "module.apigateway_resource_authorization.aws_iam_role_policy_attachment.lambda_attachements",
            "module.apigateway_resource_authorization.aws_iam_role_policy_attachment.lambda_role_policy_authorizer",
            "module.apigateway_resource_authorization.aws_lambda_function.html_lambda_authorizer",
            "module.apigateway_resource_authorization.aws_lambda_permission.allow_api_gw_invoke_authorizer",
            "module.apigateway_resource_authorization.data.archive_file.lambda_package_authorizer",
            "module.apigateway_resource_authorization.data.aws_apigatewayv2_api.selected",
            "module.apigateway_resource_authorization.data.aws_caller_identity.current",
            "module.apigateway_resource_authorization.data.aws_iam_policy_document.lambda_policy_document_authorizer",
            "module.apigateway_resource_authorization.data.aws_region.current",
            "module.apigateway_resource_customers.data.aws_caller_identity.current",
            "module.apigateway_resource_customers.data.aws_iam_policy_document.lambda_policy_document_customers_update",
            "module.apigateway_resource_customers.data.aws_region.current",
            "module.tables_dynamodb.aws_dynamodb_table.tbl_customers",
            "module.tables_dynamodb.aws_dynamodb_table.tbl_employees",
            "module.tables_dynamodb.aws_dynamodb_table.tbl_inventories",
            "module.tables_dynamodb.aws_dynamodb_table.tbl_suppliers",
            "module.tables_dynamodb.aws_dynamodb_table.tbl_token",
            "module.tables_dynamodb.aws_dynamodb_table.tbl_transaction_history",
            "module.tables_dynamodb.aws_dynamodb_table.tbl_users"
          ]
        }
      ]
    },
    {
      "module": "module.apigateway_resource_customers",
      "mode": "managed",
      "type": "aws_iam_role",
      "name": "lambda_role_customers_create",
      "provider": "provider[\"registry.terraform.io/hashicorp/aws\"]",
      "instances": [
        {
          "schema_version": 0,
          "attributes": {
            "arn": "arn:aws:iam::233925838033:role/role-celeste-customers-create-dev",
            "assume_role_policy": "{\"Statement\":[{\"Action\":\"sts:AssumeRole\",\"Effect\":\"Allow\",\"Principal\":{\"Service\":\"lambda.amazonaws.com\"}}],\"Version\":\"2012-10-17\"}",
            "create_date": "2025-03-12T15:47:30Z",
            "description": "",
            "force_detach_policies": false,
            "id": "role-celeste-customers-create-dev",
            "inline_policy": [],
            "managed_policy_arns": [
              "arn:aws:iam::233925838033:policy/policy-celeste-customers-create-dev",
              "arn:aws:iam::aws:policy/service-role/AWSLambdaBasicExecutionRole"
            ],
            "max_session_duration": 3600,
            "name": "role-celeste-customers-create-dev",
            "name_prefix": "",
            "path": "/",
            "permissions_boundary": "",
            "tags": {},
            "tags_all": {
              "iac": "terraform"
            },
            "unique_id": "AROATM5YRATI5K77UZSUE"
          },
          "sensitive_attributes": [],
          "private": "bnVsbA==",
          "dependencies": [
            "module.apigateway.aws_apigatewayv2_api.main",
            "module.apigateway.aws_apigatewayv2_stage.dev",
            "module.apigateway.aws_cloudwatch_log_group.main_api_gw",
            "module.apigateway.data.aws_caller_identity.current",
            "module.apigateway.data.aws_region.current",
            "module.apigateway_resource_authorization.aws_apigatewayv2_authorizer.header_based_authorizer",
            "module.apigateway_resource_authorization.aws_cloudwatch_log_group.html_loggroup_lambda_authorizer",
            "module.apigateway_resource_authorization.aws_iam_policy.dynamodb_lambda_policy_authorizer",
            "module.apigateway_resource_authorization.aws_iam_role.lambda_role_authorizer",
            "module.apigateway_resource_authorization.aws_iam_role_policy_attachment.lambda_attachements",
            "module.apigateway_resource_authorization.aws_iam_role_policy_attachment.lambda_role_policy_authorizer",
            "module.apigateway_resource_authorization.aws_lambda_function.html_lambda_authorizer",
            "module.apigateway_resource_authorization.aws_lambda_permission.allow_api_gw_invoke_authorizer",
            "module.apigateway_resource_authorization.data.archive_file.lambda_package_authorizer",
            "module.apigateway_resource_authorization.data.aws_apigatewayv2_api.selected",
            "module.apigateway_resource_authorization.data.aws_caller_identity.current",
            "module.apigateway_resource_authorization.data.aws_iam_policy_document.lambda_policy_document_authorizer",
            "module.apigateway_resource_authorization.data.aws_region.current",
            "module.tables_dynamodb.aws_dynamodb_table.tbl_customers",
            "module.tables_dynamodb.aws_dynamodb_table.tbl_employees",
            "module.tables_dynamodb.aws_dynamodb_table.tbl_inventories",
            "module.tables_dynamodb.aws_dynamodb_table.tbl_suppliers",
            "module.tables_dynamodb.aws_dynamodb_table.tbl_token",
            "module.tables_dynamodb.aws_dynamodb_table.tbl_transaction_history",
            "module.tables_dynamodb.aws_dynamodb_table.tbl_users"
          ]
        }
      ]
    },
    {
      "module": "module.apigateway_resource_customers",
      "mode": "managed",
      "type": "aws_iam_role",
      "name": "lambda_role_customers_delete_by_id",
      "provider": "provider[\"registry.terraform.io/hashicorp/aws\"]",
      "instances": [
        {
          "schema_version": 0,
          "attributes": {
            "arn": "arn:aws:iam::233925838033:role/role-celeste-customers-delete-by-id-dev",
            "assume_role_policy": "{\"Statement\":[{\"Action\":\"sts:AssumeRole\",\"Effect\":\"Allow\",\"Principal\":{\"Service\":\"lambda.amazonaws.com\"}}],\"Version\":\"2012-10-17\"}",
            "create_date": "2025-03-12T15:47:30Z",
            "description": "",
            "force_detach_policies": false,
            "id": "role-celeste-customers-delete-by-id-dev",
            "inline_policy": [],
            "managed_policy_arns": [
              "arn:aws:iam::233925838033:policy/policy-celeste-customers-delete-by-id-dev",
              "arn:aws:iam::aws:policy/service-role/AWSLambdaBasicExecutionRole"
            ],
            "max_session_duration": 3600,
            "name": "role-celeste-customers-delete-by-id-dev",
            "name_prefix": "",
            "path": "/",
            "permissions_boundary": "",
            "tags": {},
            "tags_all": {
              "iac": "terraform"
            },
            "unique_id": "AROATM5YRATIT6EMC5PXX"
          },
          "sensitive_attributes": [],
          "private": "bnVsbA==",
          "dependencies": [
            "module.apigateway.aws_apigatewayv2_api.main",
            "module.apigateway.aws_apigatewayv2_stage.dev",
            "module.apigateway.aws_cloudwatch_log_group.main_api_gw",
            "module.apigateway.data.aws_caller_identity.current",
            "module.apigateway.data.aws_region.current",
            "module.apigateway_resource_authorization.aws_apigatewayv2_authorizer.header_based_authorizer",
            "module.apigateway_resource_authorization.aws_cloudwatch_log_group.html_loggroup_lambda_authorizer",
            "module.apigateway_resource_authorization.aws_iam_policy.dynamodb_lambda_policy_authorizer",
            "module.apigateway_resource_authorization.aws_iam_role.lambda_role_authorizer",
            "module.apigateway_resource_authorization.aws_iam_role_policy_attachment.lambda_attachements",
            "module.apigateway_resource_authorization.aws_iam_role_policy_attachment.lambda_role_policy_authorizer",
            "module.apigateway_resource_authorization.aws_lambda_function.html_lambda_authorizer",
            "module.apigateway_resource_authorization.aws_lambda_permission.allow_api_gw_invoke_authorizer",
            "module.apigateway_resource_authorization.data.archive_file.lambda_package_authorizer",
            "module.apigateway_resource_authorization.data.aws_apigatewayv2_api.selected",
            "module.apigateway_resource_authorization.data.aws_caller_identity.current",
            "module.apigateway_resource_authorization.data.aws_iam_policy_document.lambda_policy_document_authorizer",
            "module.apigateway_resource_authorization.data.aws_region.current",
            "module.tables_dynamodb.aws_dynamodb_table.tbl_customers",
            "module.tables_dynamodb.aws_dynamodb_table.tbl_employees",
            "module.tables_dynamodb.aws_dynamodb_table.tbl_inventories",
            "module.tables_dynamodb.aws_dynamodb_table.tbl_suppliers",
            "module.tables_dynamodb.aws_dynamodb_table.tbl_token",
            "module.tables_dynamodb.aws_dynamodb_table.tbl_transaction_history",
            "module.tables_dynamodb.aws_dynamodb_table.tbl_users"
          ]
        }
      ]
    },
    {
      "module": "module.apigateway_resource_customers",
      "mode": "managed",
      "type": "aws_iam_role",
      "name": "lambda_role_customers_filter",
      "provider": "provider[\"registry.terraform.io/hashicorp/aws\"]",
      "instances": [
        {
          "schema_version": 0,
          "attributes": {
            "arn": "arn:aws:iam::233925838033:role/role-celeste-customers-filter-dev",
            "assume_role_policy": "{\"Statement\":[{\"Action\":\"sts:AssumeRole\",\"Effect\":\"Allow\",\"Principal\":{\"Service\":\"lambda.amazonaws.com\"}}],\"Version\":\"2012-10-17\"}",
            "create_date": "2025-03-12T15:47:30Z",
            "description": "",
            "force_detach_policies": false,
            "id": "role-celeste-customers-filter-dev",
            "inline_policy": [],
            "managed_policy_arns": [
              "arn:aws:iam::233925838033:policy/policy-celeste-customers-filter-dev",
              "arn:aws:iam::aws:policy/service-role/AWSLambdaBasicExecutionRole"
            ],
            "max_session_duration": 3600,
            "name": "role-celeste-customers-filter-dev",
            "name_prefix": "",
            "path": "/",
            "permissions_boundary": "",
            "tags": {},
            "tags_all": {
              "iac": "terraform"
            },
            "unique_id": "AROATM5YRATI4THWI4U75"
          },
          "sensitive_attributes": [],
          "private": "bnVsbA==",
          "dependencies": [
            "module.apigateway.aws_apigatewayv2_api.main",
            "module.apigateway.aws_apigatewayv2_stage.dev",
            "module.apigateway.aws_cloudwatch_log_group.main_api_gw",
            "module.apigateway.data.aws_caller_identity.current",
            "module.apigateway.data.aws_region.current",
            "module.apigateway_resource_authorization.aws_apigatewayv2_authorizer.header_based_authorizer",
            "module.apigateway_resource_authorization.aws_cloudwatch_log_group.html_loggroup_lambda_authorizer",
            "module.apigateway_resource_authorization.aws_iam_policy.dynamodb_lambda_policy_authorizer",
            "module.apigateway_resource_authorization.aws_iam_role.lambda_role_authorizer",
            "module.apigateway_resource_authorization.aws_iam_role_policy_attachment.lambda_attachements",
            "module.apigateway_resource_authorization.aws_iam_role_policy_attachment.lambda_role_policy_authorizer",
            "module.apigateway_resource_authorization.aws_lambda_function.html_lambda_authorizer",
            "module.apigateway_resource_authorization.aws_lambda_permission.allow_api_gw_invoke_authorizer",
            "module.apigateway_resource_authorization.data.archive_file.lambda_package_authorizer",
            "module.apigateway_resource_authorization.data.aws_apigatewayv2_api.selected",
            "module.apigateway_resource_authorization.data.aws_caller_identity.current",
            "module.apigateway_resource_authorization.data.aws_iam_policy_document.lambda_policy_document_authorizer",
            "module.apigateway_resource_authorization.data.aws_region.current",
            "module.tables_dynamodb.aws_dynamodb_table.tbl_customers",
            "module.tables_dynamodb.aws_dynamodb_table.tbl_employees",
            "module.tables_dynamodb.aws_dynamodb_table.tbl_inventories",
            "module.tables_dynamodb.aws_dynamodb_table.tbl_suppliers",
            "module.tables_dynamodb.aws_dynamodb_table.tbl_token",
            "module.tables_dynamodb.aws_dynamodb_table.tbl_transaction_history",
            "module.tables_dynamodb.aws_dynamodb_table.tbl_users"
          ]
        }
      ]
    },
    {
      "module": "module.apigateway_resource_customers",
      "mode": "managed",
      "type": "aws_iam_role",
      "name": "lambda_role_customers_update",
      "provider": "provider[\"registry.terraform.io/hashicorp/aws\"]",
      "instances": [
        {
          "schema_version": 0,
          "attributes": {
            "arn": "arn:aws:iam::233925838033:role/role-celeste-customers-update-dev",
            "assume_role_policy": "{\"Statement\":[{\"Action\":\"sts:AssumeRole\",\"Effect\":\"Allow\",\"Principal\":{\"Service\":\"lambda.amazonaws.com\"}}],\"Version\":\"2012-10-17\"}",
            "create_date": "2025-03-12T15:47:30Z",
            "description": "",
            "force_detach_policies": false,
            "id": "role-celeste-customers-update-dev",
            "inline_policy": [],
            "managed_policy_arns": [
              "arn:aws:iam::233925838033:policy/policy-celeste-customers-update-dev",
              "arn:aws:iam::aws:policy/service-role/AWSLambdaBasicExecutionRole"
            ],
            "max_session_duration": 3600,
            "name": "role-celeste-customers-update-dev",
            "name_prefix": "",
            "path": "/",
            "permissions_boundary": "",
            "tags": {},
            "tags_all": {
              "iac": "terraform"
            },
            "unique_id": "AROATM5YRATIY2JNNSJNH"
          },
          "sensitive_attributes": [],
          "private": "bnVsbA==",
          "dependencies": [
            "module.apigateway.aws_apigatewayv2_api.main",
            "module.apigateway.aws_apigatewayv2_stage.dev",
            "module.apigateway.aws_cloudwatch_log_group.main_api_gw",
            "module.apigateway.data.aws_caller_identity.current",
            "module.apigateway.data.aws_region.current",
            "module.apigateway_resource_authorization.aws_apigatewayv2_authorizer.header_based_authorizer",
            "module.apigateway_resource_authorization.aws_cloudwatch_log_group.html_loggroup_lambda_authorizer",
            "module.apigateway_resource_authorization.aws_iam_policy.dynamodb_lambda_policy_authorizer",
            "module.apigateway_resource_authorization.aws_iam_role.lambda_role_authorizer",
            "module.apigateway_resource_authorization.aws_iam_role_policy_attachment.lambda_attachements",
            "module.apigateway_resource_authorization.aws_iam_role_policy_attachment.lambda_role_policy_authorizer",
            "module.apigateway_resource_authorization.aws_lambda_function.html_lambda_authorizer",
            "module.apigateway_resource_authorization.aws_lambda_permission.allow_api_gw_invoke_authorizer",
            "module.apigateway_resource_authorization.data.archive_file.lambda_package_authorizer",
            "module.apigateway_resource_authorization.data.aws_apigatewayv2_api.selected",
            "module.apigateway_resource_authorization.data.aws_caller_identity.current",
            "module.apigateway_resource_authorization.data.aws_iam_policy_document.lambda_policy_document_authorizer",
            "module.apigateway_resource_authorization.data.aws_region.current",
            "module.tables_dynamodb.aws_dynamodb_table.tbl_customers",
            "module.tables_dynamodb.aws_dynamodb_table.tbl_employees",
            "module.tables_dynamodb.aws_dynamodb_table.tbl_inventories",
            "module.tables_dynamodb.aws_dynamodb_table.tbl_suppliers",
            "module.tables_dynamodb.aws_dynamodb_table.tbl_token",
            "module.tables_dynamodb.aws_dynamodb_table.tbl_transaction_history",
            "module.tables_dynamodb.aws_dynamodb_table.tbl_users"
          ]
        }
      ]
    },
    {
      "module": "module.apigateway_resource_customers",
      "mode": "managed",
      "type": "aws_iam_role_policy_attachment",
      "name": "lambda_attachements_customers_create",
      "provider": "provider[\"registry.terraform.io/hashicorp/aws\"]",
      "instances": [
        {
          "schema_version": 0,
          "attributes": {
            "id": "role-celeste-customers-create-dev-20250312154730613300000005",
            "policy_arn": "arn:aws:iam::233925838033:policy/policy-celeste-customers-create-dev",
            "role": "role-celeste-customers-create-dev"
          },
          "sensitive_attributes": [],
          "private": "bnVsbA==",
          "dependencies": [
            "module.apigateway.aws_apigatewayv2_api.main",
            "module.apigateway.aws_apigatewayv2_stage.dev",
            "module.apigateway.aws_cloudwatch_log_group.main_api_gw",
            "module.apigateway.data.aws_caller_identity.current",
            "module.apigateway.data.aws_region.current",
            "module.apigateway_resource_authorization.aws_apigatewayv2_authorizer.header_based_authorizer",
            "module.apigateway_resource_authorization.aws_cloudwatch_log_group.html_loggroup_lambda_authorizer",
            "module.apigateway_resource_authorization.aws_iam_policy.dynamodb_lambda_policy_authorizer",
            "module.apigateway_resource_authorization.aws_iam_role.lambda_role_authorizer",
            "module.apigateway_resource_authorization.aws_iam_role_policy_attachment.lambda_attachements",
            "module.apigateway_resource_authorization.aws_iam_role_policy_attachment.lambda_role_policy_authorizer",
            "module.apigateway_resource_authorization.aws_lambda_function.html_lambda_authorizer",
            "module.apigateway_resource_authorization.aws_lambda_permission.allow_api_gw_invoke_authorizer",
            "module.apigateway_resource_authorization.data.archive_file.lambda_package_authorizer",
            "module.apigateway_resource_authorization.data.aws_apigatewayv2_api.selected",
            "module.apigateway_resource_authorization.data.aws_caller_identity.current",
            "module.apigateway_resource_authorization.data.aws_iam_policy_document.lambda_policy_document_authorizer",
            "module.apigateway_resource_authorization.data.aws_region.current",
            "module.apigateway_resource_customers.aws_iam_policy.dynamodb_lambda_policy_customers_create",
            "module.apigateway_resource_customers.aws_iam_role.lambda_role_customers_create",
            "module.apigateway_resource_customers.data.aws_caller_identity.current",
            "module.apigateway_resource_customers.data.aws_iam_policy_document.lambda_policy_document_customers_create",
            "module.apigateway_resource_customers.data.aws_region.current",
            "module.tables_dynamodb.aws_dynamodb_table.tbl_customers",
            "module.tables_dynamodb.aws_dynamodb_table.tbl_employees",
            "module.tables_dynamodb.aws_dynamodb_table.tbl_inventories",
            "module.tables_dynamodb.aws_dynamodb_table.tbl_suppliers",
            "module.tables_dynamodb.aws_dynamodb_table.tbl_token",
            "module.tables_dynamodb.aws_dynamodb_table.tbl_transaction_history",
            "module.tables_dynamodb.aws_dynamodb_table.tbl_users"
          ]
        }
      ]
    },
    {
      "module": "module.apigateway_resource_customers",
      "mode": "managed",
      "type": "aws_iam_role_policy_attachment",
      "name": "lambda_attachements_customers_delete",
      "provider": "provider[\"registry.terraform.io/hashicorp/aws\"]",
      "instances": [
        {
          "schema_version": 0,
          "attributes": {
            "id": "role-celeste-customers-delete-by-id-dev-20250312154730936900000007",
            "policy_arn": "arn:aws:iam::233925838033:policy/policy-celeste-customers-delete-by-id-dev",
            "role": "role-celeste-customers-delete-by-id-dev"
          },
          "sensitive_attributes": [],
          "private": "bnVsbA==",
          "dependencies": [
            "module.apigateway.aws_apigatewayv2_api.main",
            "module.apigateway.aws_apigatewayv2_stage.dev",
            "module.apigateway.aws_cloudwatch_log_group.main_api_gw",
            "module.apigateway.data.aws_caller_identity.current",
            "module.apigateway.data.aws_region.current",
            "module.apigateway_resource_authorization.aws_apigatewayv2_authorizer.header_based_authorizer",
            "module.apigateway_resource_authorization.aws_cloudwatch_log_group.html_loggroup_lambda_authorizer",
            "module.apigateway_resource_authorization.aws_iam_policy.dynamodb_lambda_policy_authorizer",
            "module.apigateway_resource_authorization.aws_iam_role.lambda_role_authorizer",
            "module.apigateway_resource_authorization.aws_iam_role_policy_attachment.lambda_attachements",
            "module.apigateway_resource_authorization.aws_iam_role_policy_attachment.lambda_role_policy_authorizer",
            "module.apigateway_resource_authorization.aws_lambda_function.html_lambda_authorizer",
            "module.apigateway_resource_authorization.aws_lambda_permission.allow_api_gw_invoke_authorizer",
            "module.apigateway_resource_authorization.data.archive_file.lambda_package_authorizer",
            "module.apigateway_resource_authorization.data.aws_apigatewayv2_api.selected",
            "module.apigateway_resource_authorization.data.aws_caller_identity.current",
            "module.apigateway_resource_authorization.data.aws_iam_policy_document.lambda_policy_document_authorizer",
            "module.apigateway_resource_authorization.data.aws_region.current",
            "module.apigateway_resource_customers.aws_iam_policy.dynamodb_lambda_policy_customers_delete_by_id",
            "module.apigateway_resource_customers.aws_iam_role.lambda_role_customers_delete_by_id",
            "module.apigateway_resource_customers.data.aws_caller_identity.current",
            "module.apigateway_resource_customers.data.aws_iam_policy_document.lambda_policy_document_customers_delete_by_id",
            "module.apigateway_resource_customers.data.aws_region.current",
            "module.tables_dynamodb.aws_dynamodb_table.tbl_customers",
            "module.tables_dynamodb.aws_dynamodb_table.tbl_employees",
            "module.tables_dynamodb.aws_dynamodb_table.tbl_inventories",
            "module.tables_dynamodb.aws_dynamodb_table.tbl_suppliers",
            "module.tables_dynamodb.aws_dynamodb_table.tbl_token",
            "module.tables_dynamodb.aws_dynamodb_table.tbl_transaction_history",
            "module.tables_dynamodb.aws_dynamodb_table.tbl_users"
          ]
        }
      ]
    },
    {
      "module": "module.apigateway_resource_customers",
      "mode": "managed",
      "type": "aws_iam_role_policy_attachment",
      "name": "lambda_attachements_customers_filter",
      "provider": "provider[\"registry.terraform.io/hashicorp/aws\"]",
      "instances": [
        {
          "schema_version": 0,
          "attributes": {
            "id": "role-celeste-customers-filter-dev-20250312154730554900000001",
            "policy_arn": "arn:aws:iam::233925838033:policy/policy-celeste-customers-filter-dev",
            "role": "role-celeste-customers-filter-dev"
          },
          "sensitive_attributes": [],
          "private": "bnVsbA==",
          "dependencies": [
            "module.apigateway.aws_apigatewayv2_api.main",
            "module.apigateway.aws_apigatewayv2_stage.dev",
            "module.apigateway.aws_cloudwatch_log_group.main_api_gw",
            "module.apigateway.data.aws_caller_identity.current",
            "module.apigateway.data.aws_region.current",
            "module.apigateway_resource_authorization.aws_apigatewayv2_authorizer.header_based_authorizer",
            "module.apigateway_resource_authorization.aws_cloudwatch_log_group.html_loggroup_lambda_authorizer",
            "module.apigateway_resource_authorization.aws_iam_policy.dynamodb_lambda_policy_authorizer",
            "module.apigateway_resource_authorization.aws_iam_role.lambda_role_authorizer",
            "module.apigateway_resource_authorization.aws_iam_role_policy_attachment.lambda_attachements",
            "module.apigateway_resource_authorization.aws_iam_role_policy_attachment.lambda_role_policy_authorizer",
            "module.apigateway_resource_authorization.aws_lambda_function.html_lambda_authorizer",
            "module.apigateway_resource_authorization.aws_lambda_permission.allow_api_gw_invoke_authorizer",
            "module.apigateway_resource_authorization.data.archive_file.lambda_package_authorizer",
            "module.apigateway_resource_authorization.data.aws_apigatewayv2_api.selected",
            "module.apigateway_resource_authorization.data.aws_caller_identity.current",
            "module.apigateway_resource_authorization.data.aws_iam_policy_document.lambda_policy_document_authorizer",
            "module.apigateway_resource_authorization.data.aws_region.current",
            "module.apigateway_resource_customers.aws_iam_policy.dynamodb_lambda_policy_customers_filter",
            "module.apigateway_resource_customers.aws_iam_role.lambda_role_customers_filter",
            "module.apigateway_resource_customers.data.aws_caller_identity.current",
            "module.apigateway_resource_customers.data.aws_iam_policy_document.lambda_policy_document_customers_filter",
            "module.apigateway_resource_customers.data.aws_region.current",
            "module.tables_dynamodb.aws_dynamodb_table.tbl_customers",
            "module.tables_dynamodb.aws_dynamodb_table.tbl_employees",
            "module.tables_dynamodb.aws_dynamodb_table.tbl_inventories",
            "module.tables_dynamodb.aws_dynamodb_table.tbl_suppliers",
            "module.tables_dynamodb.aws_dynamodb_table.tbl_token",
            "module.tables_dynamodb.aws_dynamodb_table.tbl_transaction_history",
            "module.tables_dynamodb.aws_dynamodb_table.tbl_users"
          ]
        }
      ]
    },
    {
      "module": "module.apigateway_resource_customers",
      "mode": "managed",
      "type": "aws_iam_role_policy_attachment",
      "name": "lambda_attachements_customers_update",
      "provider": "provider[\"registry.terraform.io/hashicorp/aws\"]",
      "instances": [
        {
          "schema_version": 0,
          "attributes": {
            "id": "role-celeste-customers-update-dev-20250312154730589800000003",
            "policy_arn": "arn:aws:iam::233925838033:policy/policy-celeste-customers-update-dev",
            "role": "role-celeste-customers-update-dev"
          },
          "sensitive_attributes": [],
          "private": "bnVsbA==",
          "dependencies": [
            "module.apigateway.aws_apigatewayv2_api.main",
            "module.apigateway.aws_apigatewayv2_stage.dev",
            "module.apigateway.aws_cloudwatch_log_group.main_api_gw",
            "module.apigateway.data.aws_caller_identity.current",
            "module.apigateway.data.aws_region.current",
            "module.apigateway_resource_authorization.aws_apigatewayv2_authorizer.header_based_authorizer",
            "module.apigateway_resource_authorization.aws_cloudwatch_log_group.html_loggroup_lambda_authorizer",
            "module.apigateway_resource_authorization.aws_iam_policy.dynamodb_lambda_policy_authorizer",
            "module.apigateway_resource_authorization.aws_iam_role.lambda_role_authorizer",
            "module.apigateway_resource_authorization.aws_iam_role_policy_attachment.lambda_attachements",
            "module.apigateway_resource_authorization.aws_iam_role_policy_attachment.lambda_role_policy_authorizer",
            "module.apigateway_resource_authorization.aws_lambda_function.html_lambda_authorizer",
            "module.apigateway_resource_authorization.aws_lambda_permission.allow_api_gw_invoke_authorizer",
            "module.apigateway_resource_authorization.data.archive_file.lambda_package_authorizer",
            "module.apigateway_resource_authorization.data.aws_apigatewayv2_api.selected",
            "module.apigateway_resource_authorization.data.aws_caller_identity.current",
            "module.apigateway_resource_authorization.data.aws_iam_policy_document.lambda_policy_document_authorizer",
            "module.apigateway_resource_authorization.data.aws_region.current",
            "module.apigateway_resource_customers.aws_iam_policy.dynamodb_lambda_policy_customers_update",
            "module.apigateway_resource_customers.aws_iam_role.lambda_role_customers_update",
            "module.apigateway_resource_customers.data.aws_caller_identity.current",
            "module.apigateway_resource_customers.data.aws_iam_policy_document.lambda_policy_document_customers_update",
            "module.apigateway_resource_customers.data.aws_region.current",
            "module.tables_dynamodb.aws_dynamodb_table.tbl_customers",
            "module.tables_dynamodb.aws_dynamodb_table.tbl_employees",
            "module.tables_dynamodb.aws_dynamodb_table.tbl_inventories",
            "module.tables_dynamodb.aws_dynamodb_table.tbl_suppliers",
            "module.tables_dynamodb.aws_dynamodb_table.tbl_token",
            "module.tables_dynamodb.aws_dynamodb_table.tbl_transaction_history",
            "module.tables_dynamodb.aws_dynamodb_table.tbl_users"
          ]
        }
      ]
    },
    {
      "module": "module.apigateway_resource_customers",
      "mode": "managed",
      "type": "aws_iam_role_policy_attachment",
      "name": "lambda_role_policy_customers_create",
      "provider": "provider[\"registry.terraform.io/hashicorp/aws\"]",
      "instances": [
        {
          "schema_version": 0,
          "attributes": {
            "id": "role-celeste-customers-create-dev-20250312154730557200000002",
            "policy_arn": "arn:aws:iam::aws:policy/service-role/AWSLambdaBasicExecutionRole",
            "role": "role-celeste-customers-create-dev"
          },
          "sensitive_attributes": [],
          "private": "bnVsbA==",
          "dependencies": [
            "module.apigateway.aws_apigatewayv2_api.main",
            "module.apigateway.aws_apigatewayv2_stage.dev",
            "module.apigateway.aws_cloudwatch_log_group.main_api_gw",
            "module.apigateway.data.aws_caller_identity.current",
            "module.apigateway.data.aws_region.current",
            "module.apigateway_resource_authorization.aws_apigatewayv2_authorizer.header_based_authorizer",
            "module.apigateway_resource_authorization.aws_cloudwatch_log_group.html_loggroup_lambda_authorizer",
            "module.apigateway_resource_authorization.aws_iam_policy.dynamodb_lambda_policy_authorizer",
            "module.apigateway_resource_authorization.aws_iam_role.lambda_role_authorizer",
            "module.apigateway_resource_authorization.aws_iam_role_policy_attachment.lambda_attachements",
            "module.apigateway_resource_authorization.aws_iam_role_policy_attachment.lambda_role_policy_authorizer",
            "module.apigateway_resource_authorization.aws_lambda_function.html_lambda_authorizer",
            "module.apigateway_resource_authorization.aws_lambda_permission.allow_api_gw_invoke_authorizer",
            "module.apigateway_resource_authorization.data.archive_file.lambda_package_authorizer",
            "module.apigateway_resource_authorization.data.aws_apigatewayv2_api.selected",
            "module.apigateway_resource_authorization.data.aws_caller_identity.current",
            "module.apigateway_resource_authorization.data.aws_iam_policy_document.lambda_policy_document_authorizer",
            "module.apigateway_resource_authorization.data.aws_region.current",
            "module.apigateway_resource_customers.aws_iam_role.lambda_role_customers_create",
            "module.tables_dynamodb.aws_dynamodb_table.tbl_customers",
            "module.tables_dynamodb.aws_dynamodb_table.tbl_employees",
            "module.tables_dynamodb.aws_dynamodb_table.tbl_inventories",
            "module.tables_dynamodb.aws_dynamodb_table.tbl_suppliers",
            "module.tables_dynamodb.aws_dynamodb_table.tbl_token",
            "module.tables_dynamodb.aws_dynamodb_table.tbl_transaction_history",
            "module.tables_dynamodb.aws_dynamodb_table.tbl_users"
          ]
        }
      ]
    },
    {
      "module": "module.apigateway_resource_customers",
      "mode": "managed",
      "type": "aws_iam_role_policy_attachment",
      "name": "lambda_role_policy_customers_delete_by_id",
      "provider": "provider[\"registry.terraform.io/hashicorp/aws\"]",
      "instances": [
        {
          "schema_version": 0,
          "attributes": {
            "id": "role-celeste-customers-delete-by-id-dev-20250312154730950500000008",
            "policy_arn": "arn:aws:iam::aws:policy/service-role/AWSLambdaBasicExecutionRole",
            "role": "role-celeste-customers-delete-by-id-dev"
          },
          "sensitive_attributes": [],
          "private": "bnVsbA==",
          "dependencies": [
            "module.apigateway.aws_apigatewayv2_api.main",
            "module.apigateway.aws_apigatewayv2_stage.dev",
            "module.apigateway.aws_cloudwatch_log_group.main_api_gw",
            "module.apigateway.data.aws_caller_identity.current",
            "module.apigateway.data.aws_region.current",
            "module.apigateway_resource_authorization.aws_apigatewayv2_authorizer.header_based_authorizer",
            "module.apigateway_resource_authorization.aws_cloudwatch_log_group.html_loggroup_lambda_authorizer",
            "module.apigateway_resource_authorization.aws_iam_policy.dynamodb_lambda_policy_authorizer",
            "module.apigateway_resource_authorization.aws_iam_role.lambda_role_authorizer",
            "module.apigateway_resource_authorization.aws_iam_role_policy_attachment.lambda_attachements",
            "module.apigateway_resource_authorization.aws_iam_role_policy_attachment.lambda_role_policy_authorizer",
            "module.apigateway_resource_authorization.aws_lambda_function.html_lambda_authorizer",
            "module.apigateway_resource_authorization.aws_lambda_permission.allow_api_gw_invoke_authorizer",
            "module.apigateway_resource_authorization.data.archive_file.lambda_package_authorizer",
            "module.apigateway_resource_authorization.data.aws_apigatewayv2_api.selected",
            "module.apigateway_resource_authorization.data.aws_caller_identity.current",
            "module.apigateway_resource_authorization.data.aws_iam_policy_document.lambda_policy_document_authorizer",
            "module.apigateway_resource_authorization.data.aws_region.current",
            "module.apigateway_resource_customers.aws_iam_role.lambda_role_customers_delete_by_id",
            "module.tables_dynamodb.aws_dynamodb_table.tbl_customers",
            "module.tables_dynamodb.aws_dynamodb_table.tbl_employees",
            "module.tables_dynamodb.aws_dynamodb_table.tbl_inventories",
            "module.tables_dynamodb.aws_dynamodb_table.tbl_suppliers",
            "module.tables_dynamodb.aws_dynamodb_table.tbl_token",
            "module.tables_dynamodb.aws_dynamodb_table.tbl_transaction_history",
            "module.tables_dynamodb.aws_dynamodb_table.tbl_users"
          ]
        }
      ]
    },
    {
      "module": "module.apigateway_resource_customers",
      "mode": "managed",
      "type": "aws_iam_role_policy_attachment",
      "name": "lambda_role_policy_customers_filter",
      "provider": "provider[\"registry.terraform.io/hashicorp/aws\"]",
      "instances": [
        {
          "schema_version": 0,
          "attributes": {
            "id": "role-celeste-customers-filter-dev-20250312154730620000000006",
            "policy_arn": "arn:aws:iam::aws:policy/service-role/AWSLambdaBasicExecutionRole",
            "role": "role-celeste-customers-filter-dev"
          },
          "sensitive_attributes": [],
          "private": "bnVsbA==",
          "dependencies": [
            "module.apigateway.aws_apigatewayv2_api.main",
            "module.apigateway.aws_apigatewayv2_stage.dev",
            "module.apigateway.aws_cloudwatch_log_group.main_api_gw",
            "module.apigateway.data.aws_caller_identity.current",
            "module.apigateway.data.aws_region.current",
            "module.apigateway_resource_authorization.aws_apigatewayv2_authorizer.header_based_authorizer",
            "module.apigateway_resource_authorization.aws_cloudwatch_log_group.html_loggroup_lambda_authorizer",
            "module.apigateway_resource_authorization.aws_iam_policy.dynamodb_lambda_policy_authorizer",
            "module.apigateway_resource_authorization.aws_iam_role.lambda_role_authorizer",
            "module.apigateway_resource_authorization.aws_iam_role_policy_attachment.lambda_attachements",
            "module.apigateway_resource_authorization.aws_iam_role_policy_attachment.lambda_role_policy_authorizer",
            "module.apigateway_resource_authorization.aws_lambda_function.html_lambda_authorizer",
            "module.apigateway_resource_authorization.aws_lambda_permission.allow_api_gw_invoke_authorizer",
            "module.apigateway_resource_authorization.data.archive_file.lambda_package_authorizer",
            "module.apigateway_resource_authorization.data.aws_apigatewayv2_api.selected",
            "module.apigateway_resource_authorization.data.aws_caller_identity.current",
            "module.apigateway_resource_authorization.data.aws_iam_policy_document.lambda_policy_document_authorizer",
            "module.apigateway_resource_authorization.data.aws_region.current",
            "module.apigateway_resource_customers.aws_iam_role.lambda_role_customers_filter",
            "module.tables_dynamodb.aws_dynamodb_table.tbl_customers",
            "module.tables_dynamodb.aws_dynamodb_table.tbl_employees",
            "module.tables_dynamodb.aws_dynamodb_table.tbl_inventories",
            "module.tables_dynamodb.aws_dynamodb_table.tbl_suppliers",
            "module.tables_dynamodb.aws_dynamodb_table.tbl_token",
            "module.tables_dynamodb.aws_dynamodb_table.tbl_transaction_history",
            "module.tables_dynamodb.aws_dynamodb_table.tbl_users"
          ]
        }
      ]
    },
    {
      "module": "module.apigateway_resource_customers",
      "mode": "managed",
      "type": "aws_iam_role_policy_attachment",
      "name": "lambda_role_policy_customers_update",
      "provider": "provider[\"registry.terraform.io/hashicorp/aws\"]",
      "instances": [
        {
          "schema_version": 0,
          "attributes": {
            "id": "role-celeste-customers-update-dev-20250312154730611800000004",
            "policy_arn": "arn:aws:iam::aws:policy/service-role/AWSLambdaBasicExecutionRole",
            "role": "role-celeste-customers-update-dev"
          },
          "sensitive_attributes": [],
          "private": "bnVsbA==",
          "dependencies": [
            "module.apigateway.aws_apigatewayv2_api.main",
            "module.apigateway.aws_apigatewayv2_stage.dev",
            "module.apigateway.aws_cloudwatch_log_group.main_api_gw",
            "module.apigateway.data.aws_caller_identity.current",
            "module.apigateway.data.aws_region.current",
            "module.apigateway_resource_authorization.aws_apigatewayv2_authorizer.header_based_authorizer",
            "module.apigateway_resource_authorization.aws_cloudwatch_log_group.html_loggroup_lambda_authorizer",
            "module.apigateway_resource_authorization.aws_iam_policy.dynamodb_lambda_policy_authorizer",
            "module.apigateway_resource_authorization.aws_iam_role.lambda_role_authorizer",
            "module.apigateway_resource_authorization.aws_iam_role_policy_attachment.lambda_attachements",
            "module.apigateway_resource_authorization.aws_iam_role_policy_attachment.lambda_role_policy_authorizer",
            "module.apigateway_resource_authorization.aws_lambda_function.html_lambda_authorizer",
            "module.apigateway_resource_authorization.aws_lambda_permission.allow_api_gw_invoke_authorizer",
            "module.apigateway_resource_authorization.data.archive_file.lambda_package_authorizer",
            "module.apigateway_resource_authorization.data.aws_apigatewayv2_api.selected",
            "module.apigateway_resource_authorization.data.aws_caller_identity.current",
            "module.apigateway_resource_authorization.data.aws_iam_policy_document.lambda_policy_document_authorizer",
            "module.apigateway_resource_authorization.data.aws_region.current",
            "module.apigateway_resource_customers.aws_iam_role.lambda_role_customers_update",
            "module.tables_dynamodb.aws_dynamodb_table.tbl_customers",
            "module.tables_dynamodb.aws_dynamodb_table.tbl_employees",
            "module.tables_dynamodb.aws_dynamodb_table.tbl_inventories",
            "module.tables_dynamodb.aws_dynamodb_table.tbl_suppliers",
            "module.tables_dynamodb.aws_dynamodb_table.tbl_token",
            "module.tables_dynamodb.aws_dynamodb_table.tbl_transaction_history",
            "module.tables_dynamodb.aws_dynamodb_table.tbl_users"
          ]
        }
      ]
    },
    {
      "module": "module.apigateway_resource_customers",
      "mode": "managed",
      "type": "aws_lambda_function",
      "name": "html_lambda_customers_create",
      "provider": "provider[\"registry.terraform.io/hashicorp/aws\"]",
      "instances": [
        {
          "schema_version": 0,
          "attributes": {
            "architectures": [
              "arm64"
            ],
            "arn": "arn:aws:lambda:us-east-1:233925838033:function:lmb-celeste-customers-create-dev",
            "code_sha256": "4Q1jKUx08IOBSBqYtZ2ivw1J/J22oqmU3yse/mvHJJY=",
            "code_signing_config_arn": "",
            "dead_letter_config": [],
            "description": "",
            "environment": [],
            "ephemeral_storage": [
              {
                "size": 512
              }
            ],
            "file_system_config": [],
            "filename": "./resources/core/customers-create/index.zip",
            "function_name": "lmb-celeste-customers-create-dev",
            "handler": "index.handler",
            "id": "lmb-celeste-customers-create-dev",
            "image_config": [],
            "image_uri": "",
            "invoke_arn": "arn:aws:apigateway:us-east-1:lambda:path/2015-03-31/functions/arn:aws:lambda:us-east-1:233925838033:function:lmb-celeste-customers-create-dev/invocations",
            "kms_key_arn": "",
            "last_modified": "2025-03-14T20:08:43.000+0000",
            "layers": [],
            "logging_config": [
              {
                "application_log_level": "",
                "log_format": "Text",
                "log_group": "/aws/lambda/lmb-celeste-customers-create-dev",
                "system_log_level": ""
              }
            ],
            "memory_size": 128,
            "package_type": "Zip",
            "publish": false,
            "qualified_arn": "arn:aws:lambda:us-east-1:233925838033:function:lmb-celeste-customers-create-dev:$LATEST",
            "qualified_invoke_arn": "arn:aws:apigateway:us-east-1:lambda:path/2015-03-31/functions/arn:aws:lambda:us-east-1:233925838033:function:lmb-celeste-customers-create-dev:$LATEST/invocations",
            "replace_security_groups_on_destroy": null,
            "replacement_security_group_ids": null,
            "reserved_concurrent_executions": -1,
            "role": "arn:aws:iam::233925838033:role/role-celeste-customers-create-dev",
            "runtime": "nodejs22.x",
            "s3_bucket": null,
            "s3_key": null,
            "s3_object_version": null,
            "signing_job_arn": "",
            "signing_profile_version_arn": "",
            "skip_destroy": false,
            "snap_start": [],
            "source_code_hash": "4Q1jKUx08IOBSBqYtZ2ivw1J/J22oqmU3yse/mvHJJY=",
            "source_code_size": 362151,
            "tags": {
              "app_name": "celeste",
              "env": "dev"
            },
            "tags_all": {
              "app_name": "celeste",
              "env": "dev",
              "iac": "terraform"
            },
            "timeout": 30,
            "timeouts": null,
            "tracing_config": [
              {
                "mode": "PassThrough"
              }
            ],
            "version": "$LATEST",
            "vpc_config": []
          },
          "sensitive_attributes": [],
          "private": "eyJlMmJmYjczMC1lY2FhLTExZTYtOGY4OC0zNDM2M2JjN2M0YzAiOnsiY3JlYXRlIjo2MDAwMDAwMDAwMDAsImRlbGV0ZSI6NjAwMDAwMDAwMDAwLCJ1cGRhdGUiOjYwMDAwMDAwMDAwMH19",
          "dependencies": [
            "module.apigateway.aws_apigatewayv2_api.main",
            "module.apigateway.aws_apigatewayv2_stage.dev",
            "module.apigateway.aws_cloudwatch_log_group.main_api_gw",
            "module.apigateway.data.aws_caller_identity.current",
            "module.apigateway.data.aws_region.current",
            "module.apigateway_resource_authorization.aws_apigatewayv2_authorizer.header_based_authorizer",
            "module.apigateway_resource_authorization.aws_cloudwatch_log_group.html_loggroup_lambda_authorizer",
            "module.apigateway_resource_authorization.aws_iam_policy.dynamodb_lambda_policy_authorizer",
            "module.apigateway_resource_authorization.aws_iam_role.lambda_role_authorizer",
            "module.apigateway_resource_authorization.aws_iam_role_policy_attachment.lambda_attachements",
            "module.apigateway_resource_authorization.aws_iam_role_policy_attachment.lambda_role_policy_authorizer",
            "module.apigateway_resource_authorization.aws_lambda_function.html_lambda_authorizer",
            "module.apigateway_resource_authorization.aws_lambda_permission.allow_api_gw_invoke_authorizer",
            "module.apigateway_resource_authorization.data.archive_file.lambda_package_authorizer",
            "module.apigateway_resource_authorization.data.aws_apigatewayv2_api.selected",
            "module.apigateway_resource_authorization.data.aws_caller_identity.current",
            "module.apigateway_resource_authorization.data.aws_iam_policy_document.lambda_policy_document_authorizer",
            "module.apigateway_resource_authorization.data.aws_region.current",
            "module.apigateway_resource_customers.aws_iam_role.lambda_role_customers_create",
            "module.apigateway_resource_customers.data.archive_file.lambda_package_customers_create",
            "module.tables_dynamodb.aws_dynamodb_table.tbl_customers",
            "module.tables_dynamodb.aws_dynamodb_table.tbl_employees",
            "module.tables_dynamodb.aws_dynamodb_table.tbl_inventories",
            "module.tables_dynamodb.aws_dynamodb_table.tbl_suppliers",
            "module.tables_dynamodb.aws_dynamodb_table.tbl_token",
            "module.tables_dynamodb.aws_dynamodb_table.tbl_transaction_history",
            "module.tables_dynamodb.aws_dynamodb_table.tbl_users"
          ]
        }
      ]
    },
    {
      "module": "module.apigateway_resource_customers",
      "mode": "managed",
      "type": "aws_lambda_function",
      "name": "html_lambda_customers_delete_by_id",
      "provider": "provider[\"registry.terraform.io/hashicorp/aws\"]",
      "instances": [
        {
          "schema_version": 0,
          "attributes": {
            "architectures": [
              "arm64"
            ],
            "arn": "arn:aws:lambda:us-east-1:233925838033:function:lmb-celeste-customers-delete-by-id-dev",
            "code_sha256": "Prb/BBSA/dfz+zQI0m//xPr4oiTvx49FF02URW1Y2Zs=",
            "code_signing_config_arn": "",
            "dead_letter_config": [],
            "description": "",
            "environment": [],
            "ephemeral_storage": [
              {
                "size": 512
              }
            ],
            "file_system_config": [],
            "filename": "./resources/core/customers-delete-by-id/index.zip",
            "function_name": "lmb-celeste-customers-delete-by-id-dev",
            "handler": "index.handler",
            "id": "lmb-celeste-customers-delete-by-id-dev",
            "image_config": [],
            "image_uri": "",
            "invoke_arn": "arn:aws:apigateway:us-east-1:lambda:path/2015-03-31/functions/arn:aws:lambda:us-east-1:233925838033:function:lmb-celeste-customers-delete-by-id-dev/invocations",
            "kms_key_arn": "",
            "last_modified": "2025-03-14T20:08:55.000+0000",
            "layers": [],
            "logging_config": [
              {
                "application_log_level": "",
                "log_format": "Text",
                "log_group": "/aws/lambda/lmb-celeste-customers-delete-by-id-dev",
                "system_log_level": ""
              }
            ],
            "memory_size": 128,
            "package_type": "Zip",
            "publish": false,
            "qualified_arn": "arn:aws:lambda:us-east-1:233925838033:function:lmb-celeste-customers-delete-by-id-dev:$LATEST",
            "qualified_invoke_arn": "arn:aws:apigateway:us-east-1:lambda:path/2015-03-31/functions/arn:aws:lambda:us-east-1:233925838033:function:lmb-celeste-customers-delete-by-id-dev:$LATEST/invocations",
            "replace_security_groups_on_destroy": null,
            "replacement_security_group_ids": null,
            "reserved_concurrent_executions": -1,
            "role": "arn:aws:iam::233925838033:role/role-celeste-customers-delete-by-id-dev",
            "runtime": "nodejs22.x",
            "s3_bucket": null,
            "s3_key": null,
            "s3_object_version": null,
            "signing_job_arn": "",
            "signing_profile_version_arn": "",
            "skip_destroy": false,
            "snap_start": [],
            "source_code_hash": "Prb/BBSA/dfz+zQI0m//xPr4oiTvx49FF02URW1Y2Zs=",
            "source_code_size": 361289,
            "tags": {
              "app_name": "celeste",
              "env": "dev"
            },
            "tags_all": {
              "app_name": "celeste",
              "env": "dev",
              "iac": "terraform"
            },
            "timeout": 30,
            "timeouts": null,
            "tracing_config": [
              {
                "mode": "PassThrough"
              }
            ],
            "version": "$LATEST",
            "vpc_config": []
          },
          "sensitive_attributes": [],
          "private": "eyJlMmJmYjczMC1lY2FhLTExZTYtOGY4OC0zNDM2M2JjN2M0YzAiOnsiY3JlYXRlIjo2MDAwMDAwMDAwMDAsImRlbGV0ZSI6NjAwMDAwMDAwMDAwLCJ1cGRhdGUiOjYwMDAwMDAwMDAwMH19",
          "dependencies": [
            "module.apigateway.aws_apigatewayv2_api.main",
            "module.apigateway.aws_apigatewayv2_stage.dev",
            "module.apigateway.aws_cloudwatch_log_group.main_api_gw",
            "module.apigateway.data.aws_caller_identity.current",
            "module.apigateway.data.aws_region.current",
            "module.apigateway_resource_authorization.aws_apigatewayv2_authorizer.header_based_authorizer",
            "module.apigateway_resource_authorization.aws_cloudwatch_log_group.html_loggroup_lambda_authorizer",
            "module.apigateway_resource_authorization.aws_iam_policy.dynamodb_lambda_policy_authorizer",
            "module.apigateway_resource_authorization.aws_iam_role.lambda_role_authorizer",
            "module.apigateway_resource_authorization.aws_iam_role_policy_attachment.lambda_attachements",
            "module.apigateway_resource_authorization.aws_iam_role_policy_attachment.lambda_role_policy_authorizer",
            "module.apigateway_resource_authorization.aws_lambda_function.html_lambda_authorizer",
            "module.apigateway_resource_authorization.aws_lambda_permission.allow_api_gw_invoke_authorizer",
            "module.apigateway_resource_authorization.data.archive_file.lambda_package_authorizer",
            "module.apigateway_resource_authorization.data.aws_apigatewayv2_api.selected",
            "module.apigateway_resource_authorization.data.aws_caller_identity.current",
            "module.apigateway_resource_authorization.data.aws_iam_policy_document.lambda_policy_document_authorizer",
            "module.apigateway_resource_authorization.data.aws_region.current",
            "module.apigateway_resource_customers.aws_iam_role.lambda_role_customers_delete_by_id",
            "module.apigateway_resource_customers.data.archive_file.lambda_package_customers_delete_by_id",
            "module.tables_dynamodb.aws_dynamodb_table.tbl_customers",
            "module.tables_dynamodb.aws_dynamodb_table.tbl_employees",
            "module.tables_dynamodb.aws_dynamodb_table.tbl_inventories",
            "module.tables_dynamodb.aws_dynamodb_table.tbl_suppliers",
            "module.tables_dynamodb.aws_dynamodb_table.tbl_token",
            "module.tables_dynamodb.aws_dynamodb_table.tbl_transaction_history",
            "module.tables_dynamodb.aws_dynamodb_table.tbl_users"
          ]
        }
      ]
    },
    {
      "module": "module.apigateway_resource_customers",
      "mode": "managed",
      "type": "aws_lambda_function",
      "name": "html_lambda_customers_filter",
      "provider": "provider[\"registry.terraform.io/hashicorp/aws\"]",
      "instances": [
        {
          "schema_version": 0,
          "attributes": {
            "architectures": [
              "arm64"
            ],
            "arn": "arn:aws:lambda:us-east-1:233925838033:function:lmb-celeste-customers-filter-dev",
            "code_sha256": "jGBh3xwS+LHdOvmcb2dkSa2Cacpt0jTGFp/nYRYjDss=",
            "code_signing_config_arn": "",
            "dead_letter_config": [],
            "description": "",
            "environment": [],
            "ephemeral_storage": [
              {
                "size": 512
              }
            ],
            "file_system_config": [],
            "filename": "./resources/core/customers-filter/index.zip",
            "function_name": "lmb-celeste-customers-filter-dev",
            "handler": "index.handler",
            "id": "lmb-celeste-customers-filter-dev",
            "image_config": [],
            "image_uri": "",
            "invoke_arn": "arn:aws:apigateway:us-east-1:lambda:path/2015-03-31/functions/arn:aws:lambda:us-east-1:233925838033:function:lmb-celeste-customers-filter-dev/invocations",
            "kms_key_arn": "",
            "last_modified": "2025-03-14T20:08:24.000+0000",
            "layers": [],
            "logging_config": [
              {
                "application_log_level": "",
                "log_format": "Text",
                "log_group": "/aws/lambda/lmb-celeste-customers-filter-dev",
                "system_log_level": ""
              }
            ],
            "memory_size": 128,
            "package_type": "Zip",
            "publish": false,
            "qualified_arn": "arn:aws:lambda:us-east-1:233925838033:function:lmb-celeste-customers-filter-dev:$LATEST",
            "qualified_invoke_arn": "arn:aws:apigateway:us-east-1:lambda:path/2015-03-31/functions/arn:aws:lambda:us-east-1:233925838033:function:lmb-celeste-customers-filter-dev:$LATEST/invocations",
            "replace_security_groups_on_destroy": null,
            "replacement_security_group_ids": null,
            "reserved_concurrent_executions": -1,
            "role": "arn:aws:iam::233925838033:role/role-celeste-customers-filter-dev",
            "runtime": "nodejs22.x",
            "s3_bucket": null,
            "s3_key": null,
            "s3_object_version": null,
            "signing_job_arn": "",
            "signing_profile_version_arn": "",
            "skip_destroy": false,
            "snap_start": [],
            "source_code_hash": "jGBh3xwS+LHdOvmcb2dkSa2Cacpt0jTGFp/nYRYjDss=",
            "source_code_size": 370531,
            "tags": {
              "app_name": "celeste",
              "env": "dev"
            },
            "tags_all": {
              "app_name": "celeste",
              "env": "dev",
              "iac": "terraform"
            },
            "timeout": 30,
            "timeouts": null,
            "tracing_config": [
              {
                "mode": "PassThrough"
              }
            ],
            "version": "$LATEST",
            "vpc_config": []
          },
          "sensitive_attributes": [],
          "private": "eyJlMmJmYjczMC1lY2FhLTExZTYtOGY4OC0zNDM2M2JjN2M0YzAiOnsiY3JlYXRlIjo2MDAwMDAwMDAwMDAsImRlbGV0ZSI6NjAwMDAwMDAwMDAwLCJ1cGRhdGUiOjYwMDAwMDAwMDAwMH19",
          "dependencies": [
            "module.apigateway.aws_apigatewayv2_api.main",
            "module.apigateway.aws_apigatewayv2_stage.dev",
            "module.apigateway.aws_cloudwatch_log_group.main_api_gw",
            "module.apigateway.data.aws_caller_identity.current",
            "module.apigateway.data.aws_region.current",
            "module.apigateway_resource_authorization.aws_apigatewayv2_authorizer.header_based_authorizer",
            "module.apigateway_resource_authorization.aws_cloudwatch_log_group.html_loggroup_lambda_authorizer",
            "module.apigateway_resource_authorization.aws_iam_policy.dynamodb_lambda_policy_authorizer",
            "module.apigateway_resource_authorization.aws_iam_role.lambda_role_authorizer",
            "module.apigateway_resource_authorization.aws_iam_role_policy_attachment.lambda_attachements",
            "module.apigateway_resource_authorization.aws_iam_role_policy_attachment.lambda_role_policy_authorizer",
            "module.apigateway_resource_authorization.aws_lambda_function.html_lambda_authorizer",
            "module.apigateway_resource_authorization.aws_lambda_permission.allow_api_gw_invoke_authorizer",
            "module.apigateway_resource_authorization.data.archive_file.lambda_package_authorizer",
            "module.apigateway_resource_authorization.data.aws_apigatewayv2_api.selected",
            "module.apigateway_resource_authorization.data.aws_caller_identity.current",
            "module.apigateway_resource_authorization.data.aws_iam_policy_document.lambda_policy_document_authorizer",
            "module.apigateway_resource_authorization.data.aws_region.current",
            "module.apigateway_resource_customers.aws_iam_role.lambda_role_customers_filter",
            "module.apigateway_resource_customers.data.archive_file.lambda_package_customers_filter",
            "module.tables_dynamodb.aws_dynamodb_table.tbl_customers",
            "module.tables_dynamodb.aws_dynamodb_table.tbl_employees",
            "module.tables_dynamodb.aws_dynamodb_table.tbl_inventories",
            "module.tables_dynamodb.aws_dynamodb_table.tbl_suppliers",
            "module.tables_dynamodb.aws_dynamodb_table.tbl_token",
            "module.tables_dynamodb.aws_dynamodb_table.tbl_transaction_history",
            "module.tables_dynamodb.aws_dynamodb_table.tbl_users"
          ]
        }
      ]
    },
    {
      "module": "module.apigateway_resource_customers",
      "mode": "managed",
      "type": "aws_lambda_function",
      "name": "html_lambda_customers_update",
      "provider": "provider[\"registry.terraform.io/hashicorp/aws\"]",
      "instances": [
        {
          "schema_version": 0,
          "attributes": {
            "architectures": [
              "arm64"
            ],
            "arn": "arn:aws:lambda:us-east-1:233925838033:function:lmb-celeste-customers-update-dev",
            "code_sha256": "8Xl2w29RX87aOnkf+pWkWMi3l5k1+4naDYzGBlULbj4=",
            "code_signing_config_arn": "",
            "dead_letter_config": [],
            "description": "",
            "environment": [],
            "ephemeral_storage": [
              {
                "size": 512
              }
            ],
            "file_system_config": [],
            "filename": "./resources/core/customers-update-by-id/index.zip",
            "function_name": "lmb-celeste-customers-update-dev",
            "handler": "index.handler",
            "id": "lmb-celeste-customers-update-dev",
            "image_config": [],
            "image_uri": "",
            "invoke_arn": "arn:aws:apigateway:us-east-1:lambda:path/2015-03-31/functions/arn:aws:lambda:us-east-1:233925838033:function:lmb-celeste-customers-update-dev/invocations",
            "kms_key_arn": "",
            "last_modified": "2025-03-14T20:08:36.000+0000",
            "layers": [],
            "logging_config": [
              {
                "application_log_level": "",
                "log_format": "Text",
                "log_group": "/aws/lambda/lmb-celeste-customers-update-dev",
                "system_log_level": ""
              }
            ],
            "memory_size": 128,
            "package_type": "Zip",
            "publish": false,
            "qualified_arn": "arn:aws:lambda:us-east-1:233925838033:function:lmb-celeste-customers-update-dev:$LATEST",
            "qualified_invoke_arn": "arn:aws:apigateway:us-east-1:lambda:path/2015-03-31/functions/arn:aws:lambda:us-east-1:233925838033:function:lmb-celeste-customers-update-dev:$LATEST/invocations",
            "replace_security_groups_on_destroy": null,
            "replacement_security_group_ids": null,
            "reserved_concurrent_executions": -1,
            "role": "arn:aws:iam::233925838033:role/role-celeste-customers-update-dev",
            "runtime": "nodejs22.x",
            "s3_bucket": null,
            "s3_key": null,
            "s3_object_version": null,
            "signing_job_arn": "",
            "signing_profile_version_arn": "",
            "skip_destroy": false,
            "snap_start": [],
            "source_code_hash": "8Xl2w29RX87aOnkf+pWkWMi3l5k1+4naDYzGBlULbj4=",
            "source_code_size": 564703,
            "tags": {
              "app_name": "celeste",
              "env": "dev"
            },
            "tags_all": {
              "app_name": "celeste",
              "env": "dev",
              "iac": "terraform"
            },
            "timeout": 30,
            "timeouts": null,
            "tracing_config": [
              {
                "mode": "PassThrough"
              }
            ],
            "version": "$LATEST",
            "vpc_config": []
          },
          "sensitive_attributes": [],
          "private": "eyJlMmJmYjczMC1lY2FhLTExZTYtOGY4OC0zNDM2M2JjN2M0YzAiOnsiY3JlYXRlIjo2MDAwMDAwMDAwMDAsImRlbGV0ZSI6NjAwMDAwMDAwMDAwLCJ1cGRhdGUiOjYwMDAwMDAwMDAwMH19",
          "dependencies": [
            "module.apigateway.aws_apigatewayv2_api.main",
            "module.apigateway.aws_apigatewayv2_stage.dev",
            "module.apigateway.aws_cloudwatch_log_group.main_api_gw",
            "module.apigateway.data.aws_caller_identity.current",
            "module.apigateway.data.aws_region.current",
            "module.apigateway_resource_authorization.aws_apigatewayv2_authorizer.header_based_authorizer",
            "module.apigateway_resource_authorization.aws_cloudwatch_log_group.html_loggroup_lambda_authorizer",
            "module.apigateway_resource_authorization.aws_iam_policy.dynamodb_lambda_policy_authorizer",
            "module.apigateway_resource_authorization.aws_iam_role.lambda_role_authorizer",
            "module.apigateway_resource_authorization.aws_iam_role_policy_attachment.lambda_attachements",
            "module.apigateway_resource_authorization.aws_iam_role_policy_attachment.lambda_role_policy_authorizer",
            "module.apigateway_resource_authorization.aws_lambda_function.html_lambda_authorizer",
            "module.apigateway_resource_authorization.aws_lambda_permission.allow_api_gw_invoke_authorizer",
            "module.apigateway_resource_authorization.data.archive_file.lambda_package_authorizer",
            "module.apigateway_resource_authorization.data.aws_apigatewayv2_api.selected",
            "module.apigateway_resource_authorization.data.aws_caller_identity.current",
            "module.apigateway_resource_authorization.data.aws_iam_policy_document.lambda_policy_document_authorizer",
            "module.apigateway_resource_authorization.data.aws_region.current",
            "module.apigateway_resource_customers.aws_iam_role.lambda_role_customers_update",
            "module.apigateway_resource_customers.data.archive_file.lambda_package_customers_update",
            "module.tables_dynamodb.aws_dynamodb_table.tbl_customers",
            "module.tables_dynamodb.aws_dynamodb_table.tbl_employees",
            "module.tables_dynamodb.aws_dynamodb_table.tbl_inventories",
            "module.tables_dynamodb.aws_dynamodb_table.tbl_suppliers",
            "module.tables_dynamodb.aws_dynamodb_table.tbl_token",
            "module.tables_dynamodb.aws_dynamodb_table.tbl_transaction_history",
            "module.tables_dynamodb.aws_dynamodb_table.tbl_users"
          ]
        }
      ]
    },
    {
      "module": "module.apigateway_resource_customers",
      "mode": "managed",
      "type": "aws_lambda_permission",
      "name": "api_gw_customers_create",
      "provider": "provider[\"registry.terraform.io/hashicorp/aws\"]",
      "instances": [
        {
          "schema_version": 0,
          "attributes": {
            "action": "lambda:InvokeFunction",
            "event_source_token": null,
            "function_name": "lmb-celeste-customers-create-dev",
            "function_url_auth_type": null,
            "id": "AllowExecutionFromAPIGateway",
            "principal": "apigateway.amazonaws.com",
            "principal_org_id": null,
            "qualifier": "",
            "source_account": null,
            "source_arn": "arn:aws:execute-api:us-east-1:233925838033:u83oit2sq6/*/*",
            "statement_id": "AllowExecutionFromAPIGateway",
            "statement_id_prefix": ""
          },
          "sensitive_attributes": [],
          "private": "bnVsbA==",
          "dependencies": [
            "module.apigateway.aws_apigatewayv2_api.main",
            "module.apigateway.aws_apigatewayv2_stage.dev",
            "module.apigateway.aws_cloudwatch_log_group.main_api_gw",
            "module.apigateway.data.aws_caller_identity.current",
            "module.apigateway.data.aws_region.current",
            "module.apigateway_resource_authorization.aws_apigatewayv2_authorizer.header_based_authorizer",
            "module.apigateway_resource_authorization.aws_cloudwatch_log_group.html_loggroup_lambda_authorizer",
            "module.apigateway_resource_authorization.aws_iam_policy.dynamodb_lambda_policy_authorizer",
            "module.apigateway_resource_authorization.aws_iam_role.lambda_role_authorizer",
            "module.apigateway_resource_authorization.aws_iam_role_policy_attachment.lambda_attachements",
            "module.apigateway_resource_authorization.aws_iam_role_policy_attachment.lambda_role_policy_authorizer",
            "module.apigateway_resource_authorization.aws_lambda_function.html_lambda_authorizer",
            "module.apigateway_resource_authorization.aws_lambda_permission.allow_api_gw_invoke_authorizer",
            "module.apigateway_resource_authorization.data.archive_file.lambda_package_authorizer",
            "module.apigateway_resource_authorization.data.aws_apigatewayv2_api.selected",
            "module.apigateway_resource_authorization.data.aws_caller_identity.current",
            "module.apigateway_resource_authorization.data.aws_iam_policy_document.lambda_policy_document_authorizer",
            "module.apigateway_resource_authorization.data.aws_region.current",
            "module.apigateway_resource_customers.aws_iam_role.lambda_role_customers_create",
            "module.apigateway_resource_customers.aws_lambda_function.html_lambda_customers_create",
            "module.apigateway_resource_customers.data.archive_file.lambda_package_customers_create",
            "module.apigateway_resource_customers.data.aws_apigatewayv2_api.selected",
            "module.tables_dynamodb.aws_dynamodb_table.tbl_customers",
            "module.tables_dynamodb.aws_dynamodb_table.tbl_employees",
            "module.tables_dynamodb.aws_dynamodb_table.tbl_inventories",
            "module.tables_dynamodb.aws_dynamodb_table.tbl_suppliers",
            "module.tables_dynamodb.aws_dynamodb_table.tbl_token",
            "module.tables_dynamodb.aws_dynamodb_table.tbl_transaction_history",
            "module.tables_dynamodb.aws_dynamodb_table.tbl_users"
          ]
        }
      ]
    },
    {
      "module": "module.apigateway_resource_customers",
      "mode": "managed",
      "type": "aws_lambda_permission",
      "name": "api_gw_customers_delete_by_id",
      "provider": "provider[\"registry.terraform.io/hashicorp/aws\"]",
      "instances": [
        {
          "schema_version": 0,
          "attributes": {
            "action": "lambda:InvokeFunction",
            "event_source_token": null,
            "function_name": "lmb-celeste-customers-delete-by-id-dev",
            "function_url_auth_type": null,
            "id": "AllowExecutionFromAPIGateway",
            "principal": "apigateway.amazonaws.com",
            "principal_org_id": null,
            "qualifier": "",
            "source_account": null,
            "source_arn": "arn:aws:execute-api:us-east-1:233925838033:u83oit2sq6/*/*",
            "statement_id": "AllowExecutionFromAPIGateway",
            "statement_id_prefix": ""
          },
          "sensitive_attributes": [],
          "private": "bnVsbA==",
          "dependencies": [
            "module.apigateway.aws_apigatewayv2_api.main",
            "module.apigateway.aws_apigatewayv2_stage.dev",
            "module.apigateway.aws_cloudwatch_log_group.main_api_gw",
            "module.apigateway.data.aws_caller_identity.current",
            "module.apigateway.data.aws_region.current",
            "module.apigateway_resource_authorization.aws_apigatewayv2_authorizer.header_based_authorizer",
            "module.apigateway_resource_authorization.aws_cloudwatch_log_group.html_loggroup_lambda_authorizer",
            "module.apigateway_resource_authorization.aws_iam_policy.dynamodb_lambda_policy_authorizer",
            "module.apigateway_resource_authorization.aws_iam_role.lambda_role_authorizer",
            "module.apigateway_resource_authorization.aws_iam_role_policy_attachment.lambda_attachements",
            "module.apigateway_resource_authorization.aws_iam_role_policy_attachment.lambda_role_policy_authorizer",
            "module.apigateway_resource_authorization.aws_lambda_function.html_lambda_authorizer",
            "module.apigateway_resource_authorization.aws_lambda_permission.allow_api_gw_invoke_authorizer",
            "module.apigateway_resource_authorization.data.archive_file.lambda_package_authorizer",
            "module.apigateway_resource_authorization.data.aws_apigatewayv2_api.selected",
            "module.apigateway_resource_authorization.data.aws_caller_identity.current",
            "module.apigateway_resource_authorization.data.aws_iam_policy_document.lambda_policy_document_authorizer",
            "module.apigateway_resource_authorization.data.aws_region.current",
            "module.apigateway_resource_customers.aws_iam_role.lambda_role_customers_delete_by_id",
            "module.apigateway_resource_customers.aws_lambda_function.html_lambda_customers_delete_by_id",
            "module.apigateway_resource_customers.data.archive_file.lambda_package_customers_delete_by_id",
            "module.apigateway_resource_customers.data.aws_apigatewayv2_api.selected",
            "module.tables_dynamodb.aws_dynamodb_table.tbl_customers",
            "module.tables_dynamodb.aws_dynamodb_table.tbl_employees",
            "module.tables_dynamodb.aws_dynamodb_table.tbl_inventories",
            "module.tables_dynamodb.aws_dynamodb_table.tbl_suppliers",
            "module.tables_dynamodb.aws_dynamodb_table.tbl_token",
            "module.tables_dynamodb.aws_dynamodb_table.tbl_transaction_history",
            "module.tables_dynamodb.aws_dynamodb_table.tbl_users"
          ]
        }
      ]
    },
    {
      "module": "module.apigateway_resource_customers",
      "mode": "managed",
      "type": "aws_lambda_permission",
      "name": "api_gw_customers_filter",
      "provider": "provider[\"registry.terraform.io/hashicorp/aws\"]",
      "instances": [
        {
          "schema_version": 0,
          "attributes": {
            "action": "lambda:InvokeFunction",
            "event_source_token": null,
            "function_name": "lmb-celeste-customers-filter-dev",
            "function_url_auth_type": null,
            "id": "AllowExecutionFromAPIGateway",
            "principal": "apigateway.amazonaws.com",
            "principal_org_id": null,
            "qualifier": "",
            "source_account": null,
            "source_arn": "arn:aws:execute-api:us-east-1:233925838033:u83oit2sq6/*/*",
            "statement_id": "AllowExecutionFromAPIGateway",
            "statement_id_prefix": ""
          },
          "sensitive_attributes": [],
          "private": "bnVsbA==",
          "dependencies": [
            "module.apigateway.aws_apigatewayv2_api.main",
            "module.apigateway.aws_apigatewayv2_stage.dev",
            "module.apigateway.aws_cloudwatch_log_group.main_api_gw",
            "module.apigateway.data.aws_caller_identity.current",
            "module.apigateway.data.aws_region.current",
            "module.apigateway_resource_authorization.aws_apigatewayv2_authorizer.header_based_authorizer",
            "module.apigateway_resource_authorization.aws_cloudwatch_log_group.html_loggroup_lambda_authorizer",
            "module.apigateway_resource_authorization.aws_iam_policy.dynamodb_lambda_policy_authorizer",
            "module.apigateway_resource_authorization.aws_iam_role.lambda_role_authorizer",
            "module.apigateway_resource_authorization.aws_iam_role_policy_attachment.lambda_attachements",
            "module.apigateway_resource_authorization.aws_iam_role_policy_attachment.lambda_role_policy_authorizer",
            "module.apigateway_resource_authorization.aws_lambda_function.html_lambda_authorizer",
            "module.apigateway_resource_authorization.aws_lambda_permission.allow_api_gw_invoke_authorizer",
            "module.apigateway_resource_authorization.data.archive_file.lambda_package_authorizer",
            "module.apigateway_resource_authorization.data.aws_apigatewayv2_api.selected",
            "module.apigateway_resource_authorization.data.aws_caller_identity.current",
            "module.apigateway_resource_authorization.data.aws_iam_policy_document.lambda_policy_document_authorizer",
            "module.apigateway_resource_authorization.data.aws_region.current",
            "module.apigateway_resource_customers.aws_iam_role.lambda_role_customers_filter",
            "module.apigateway_resource_customers.aws_lambda_function.html_lambda_customers_filter",
            "module.apigateway_resource_customers.data.archive_file.lambda_package_customers_filter",
            "module.apigateway_resource_customers.data.aws_apigatewayv2_api.selected",
            "module.tables_dynamodb.aws_dynamodb_table.tbl_customers",
            "module.tables_dynamodb.aws_dynamodb_table.tbl_employees",
            "module.tables_dynamodb.aws_dynamodb_table.tbl_inventories",
            "module.tables_dynamodb.aws_dynamodb_table.tbl_suppliers",
            "module.tables_dynamodb.aws_dynamodb_table.tbl_token",
            "module.tables_dynamodb.aws_dynamodb_table.tbl_transaction_history",
            "module.tables_dynamodb.aws_dynamodb_table.tbl_users"
          ]
        }
      ]
    },
    {
      "module": "module.apigateway_resource_customers",
      "mode": "managed",
      "type": "aws_lambda_permission",
      "name": "api_gw_customers_update",
      "provider": "provider[\"registry.terraform.io/hashicorp/aws\"]",
      "instances": [
        {
          "schema_version": 0,
          "attributes": {
            "action": "lambda:InvokeFunction",
            "event_source_token": null,
            "function_name": "lmb-celeste-customers-update-dev",
            "function_url_auth_type": null,
            "id": "AllowExecutionFromAPIGateway",
            "principal": "apigateway.amazonaws.com",
            "principal_org_id": null,
            "qualifier": "",
            "source_account": null,
            "source_arn": "arn:aws:execute-api:us-east-1:233925838033:u83oit2sq6/*/*",
            "statement_id": "AllowExecutionFromAPIGateway",
            "statement_id_prefix": ""
          },
          "sensitive_attributes": [],
          "private": "bnVsbA==",
          "dependencies": [
            "module.apigateway.aws_apigatewayv2_api.main",
            "module.apigateway.aws_apigatewayv2_stage.dev",
            "module.apigateway.aws_cloudwatch_log_group.main_api_gw",
            "module.apigateway.data.aws_caller_identity.current",
            "module.apigateway.data.aws_region.current",
            "module.apigateway_resource_authorization.aws_apigatewayv2_authorizer.header_based_authorizer",
            "module.apigateway_resource_authorization.aws_cloudwatch_log_group.html_loggroup_lambda_authorizer",
            "module.apigateway_resource_authorization.aws_iam_policy.dynamodb_lambda_policy_authorizer",
            "module.apigateway_resource_authorization.aws_iam_role.lambda_role_authorizer",
            "module.apigateway_resource_authorization.aws_iam_role_policy_attachment.lambda_attachements",
            "module.apigateway_resource_authorization.aws_iam_role_policy_attachment.lambda_role_policy_authorizer",
            "module.apigateway_resource_authorization.aws_lambda_function.html_lambda_authorizer",
            "module.apigateway_resource_authorization.aws_lambda_permission.allow_api_gw_invoke_authorizer",
            "module.apigateway_resource_authorization.data.archive_file.lambda_package_authorizer",
            "module.apigateway_resource_authorization.data.aws_apigatewayv2_api.selected",
            "module.apigateway_resource_authorization.data.aws_caller_identity.current",
            "module.apigateway_resource_authorization.data.aws_iam_policy_document.lambda_policy_document_authorizer",
            "module.apigateway_resource_authorization.data.aws_region.current",
            "module.apigateway_resource_customers.aws_iam_role.lambda_role_customers_update",
            "module.apigateway_resource_customers.aws_lambda_function.html_lambda_customers_update",
            "module.apigateway_resource_customers.data.archive_file.lambda_package_customers_update",
            "module.apigateway_resource_customers.data.aws_apigatewayv2_api.selected",
            "module.tables_dynamodb.aws_dynamodb_table.tbl_customers",
            "module.tables_dynamodb.aws_dynamodb_table.tbl_employees",
            "module.tables_dynamodb.aws_dynamodb_table.tbl_inventories",
            "module.tables_dynamodb.aws_dynamodb_table.tbl_suppliers",
            "module.tables_dynamodb.aws_dynamodb_table.tbl_token",
            "module.tables_dynamodb.aws_dynamodb_table.tbl_transaction_history",
            "module.tables_dynamodb.aws_dynamodb_table.tbl_users"
          ]
        }
      ]
    },
    {
      "module": "module.apigateway_resource_employees",
      "mode": "data",
      "type": "archive_file",
      "name": "lambda_package_employees_create",
      "provider": "provider[\"registry.terraform.io/hashicorp/archive\"]",
      "instances": [
        {
          "schema_version": 0,
          "attributes": {
            "exclude_symlink_directories": null,
            "excludes": null,
            "id": "3ab73fcefd1d1f384bf167cb280ae4709d852051",
            "output_base64sha256": "3KfSbocIA/lS8R/LLwaU4zdSEQh0OJTSkRTtBi4IRkY=",
            "output_base64sha512": "DsC3Eq/cQEFIhNQrX5RKVBpV0W/KeR0DDhJKKFN/5ttEZHBeljOVu+4lUFkFDFQpMTZ+4+C7dYxnTmCWZ9Z+Iw==",
            "output_file_mode": null,
            "output_md5": "5657ebba2742dc756566fc80e263ee06",
            "output_path": "./resources/core/employees-create/index.zip",
            "output_sha": "3ab73fcefd1d1f384bf167cb280ae4709d852051",
            "output_sha256": "dca7d26e870803f952f11fcb2f0694e337521108743894d29114ed062e084646",
            "output_sha512": "0ec0b712afdc40414884d42b5f944a541a55d16fca791d030e124a28537fe6db4464705e963395bbee255059050c542931367ee3e0bb758c674e609667d67e23",
            "output_size": 362104,
            "source": [],
            "source_content": null,
            "source_content_filename": null,
            "source_dir": "./lambdas/core/employees-create",
            "source_file": null,
            "type": "zip"
          },
          "sensitive_attributes": []
        }
      ]
    },
    {
      "module": "module.apigateway_resource_employees",
      "mode": "data",
      "type": "archive_file",
      "name": "lambda_package_employees_delete_by_id",
      "provider": "provider[\"registry.terraform.io/hashicorp/archive\"]",
      "instances": [
        {
          "schema_version": 0,
          "attributes": {
            "exclude_symlink_directories": null,
            "excludes": null,
            "id": "07bff2fdf502c101e5d2b8646d7900f40457fd9e",
            "output_base64sha256": "mVgbKv8X0ed7edPsIDP9EEvCXBZDOS6HFbbZcYsdOvI=",
            "output_base64sha512": "5IefGm7Bdl0QIv4Pq0lN4keSg4+w8F40tEYBBe96gkEGTXCxRYs9YXPgfjSq7O757rfliP/LfCJDY9HrSMotVA==",
            "output_file_mode": null,
            "output_md5": "a507cf9c2b07ec51a078f377fbdfd24d",
            "output_path": "./resources/core/employees-delete-by-id/index.zip",
            "output_sha": "07bff2fdf502c101e5d2b8646d7900f40457fd9e",
            "output_sha256": "99581b2aff17d1e77b79d3ec2033fd104bc25c1643392e8715b6d9718b1d3af2",
            "output_sha512": "e4879f1a6ec1765d1022fe0fab494de24792838fb0f05e34b4460105ef7a8241064d70b1458b3d6173e07e34aaeceef9eeb7e588ffcb7c224363d1eb48ca2d54",
            "output_size": 361290,
            "source": [],
            "source_content": null,
            "source_content_filename": null,
            "source_dir": "./lambdas/core/employees-delete-by-id",
            "source_file": null,
            "type": "zip"
          },
          "sensitive_attributes": []
        }
      ]
    },
    {
      "module": "module.apigateway_resource_employees",
      "mode": "data",
      "type": "archive_file",
      "name": "lambda_package_employees_filter",
      "provider": "provider[\"registry.terraform.io/hashicorp/archive\"]",
      "instances": [
        {
          "schema_version": 0,
          "attributes": {
            "exclude_symlink_directories": null,
            "excludes": null,
            "id": "96bec13f35a0b4e873e000485245cc2439417960",
            "output_base64sha256": "5T0a1omBakv3bXlKReJZTkyBS6MQtKUqRXkCvNIvZcQ=",
            "output_base64sha512": "7SpB8tRwh9bZyXOLLc0WapMwdn/IrGW98t/4BVexFRN6a9QF45i/L+rDldEy48Jp+tcRzW9jmqICpKbPePvSKA==",
            "output_file_mode": null,
            "output_md5": "3c8e1df3b612c179c00bb053b617ca52",
            "output_path": "./resources/core/employees-filter/index.zip",
            "output_sha": "96bec13f35a0b4e873e000485245cc2439417960",
            "output_sha256": "e53d1ad689816a4bf76d794a45e2594e4c814ba310b4a52a457902bcd22f65c4",
            "output_sha512": "ed2a41f2d47087d6d9c9738b2dcd166a9330767fc8ac65bdf2dff80557b115137a6bd405e398bf2feac395d132e3c269fad711cd6f639aa202a4a6cf78fbd228",
            "output_size": 370531,
            "source": [],
            "source_content": null,
            "source_content_filename": null,
            "source_dir": "./lambdas/core/employees-filter",
            "source_file": null,
            "type": "zip"
          },
          "sensitive_attributes": []
        }
      ]
    },
    {
      "module": "module.apigateway_resource_employees",
      "mode": "data",
      "type": "archive_file",
      "name": "lambda_package_employees_update",
      "provider": "provider[\"registry.terraform.io/hashicorp/archive\"]",
      "instances": [
        {
          "schema_version": 0,
          "attributes": {
            "exclude_symlink_directories": null,
            "excludes": null,
            "id": "f2fceba5eb172180d37ad5a6acbcd3c943c5ccf0",
            "output_base64sha256": "j9zthpOkwfuXHpoi8f/DjRffQKF8dhMxzbuUlby9QMg=",
            "output_base64sha512": "YhHizJh+hS+N5c5v+7LG06+UsdMgRvqBTgqaLwhPGV1hdlz1xHwC/nrJpwESJk9+hPyVhO8O+t2Nov5nCebPoA==",
            "output_file_mode": null,
            "output_md5": "f9fe611af0c3d14440aa061d657f98f7",
            "output_path": "./resources/core/employees-update-by-id/index.zip",
            "output_sha": "f2fceba5eb172180d37ad5a6acbcd3c943c5ccf0",
            "output_sha256": "8fdced8693a4c1fb971e9a22f1ffc38d17df40a17c761331cdbb9495bcbd40c8",
            "output_sha512": "6211e2cc987e852f8de5ce6ffbb2c6d3af94b1d32046fa814e0a9a2f084f195d61765cf5c47c02fe7ac9a70112264f7e84fc9584ef0efadd8da2fe6709e6cfa0",
            "output_size": 564379,
            "source": [],
            "source_content": null,
            "source_content_filename": null,
            "source_dir": "./lambdas/core/employees-update-by-id",
            "source_file": null,
            "type": "zip"
          },
          "sensitive_attributes": []
        }
      ]
    },
    {
      "module": "module.apigateway_resource_employees",
      "mode": "data",
      "type": "aws_apigatewayv2_api",
      "name": "selected",
      "provider": "provider[\"registry.terraform.io/hashicorp/aws\"]",
      "instances": [
        {
          "schema_version": 0,
          "attributes": {
            "api_endpoint": "https://u83oit2sq6.execute-api.us-east-1.amazonaws.com",
            "api_id": "u83oit2sq6",
            "api_key_selection_expression": "$request.header.x-api-key",
            "arn": "arn:aws:apigateway:us-east-1::/apis/u83oit2sq6",
            "cors_configuration": [
              {
                "allow_credentials": false,
                "allow_headers": [
                  "*"
                ],
                "allow_methods": [
                  "DELETE",
                  "GET",
                  "OPTIONS",
                  "POST",
                  "PUT"
                ],
                "allow_origins": [
                  "*",
                  "http://localhost:3000"
                ],
                "expose_headers": [],
                "max_age": 300
              }
            ],
            "description": "api-celeste-dev API Gateway",
            "disable_execute_api_endpoint": false,
            "execution_arn": "arn:aws:execute-api:us-east-1:233925838033:u83oit2sq6",
            "id": "u83oit2sq6",
            "name": "api-celeste-dev",
            "protocol_type": "HTTP",
            "route_selection_expression": "$request.method $request.path",
            "tags": {
              "iac": "terraform"
            },
            "version": ""
          },
          "sensitive_attributes": []
        }
      ]
    },
    {
      "module": "module.apigateway_resource_employees",
      "mode": "data",
      "type": "aws_caller_identity",
      "name": "current",
      "provider": "provider[\"registry.terraform.io/hashicorp/aws\"]",
      "instances": [
        {
          "schema_version": 0,
          "attributes": {
            "account_id": "233925838033",
            "arn": "arn:aws:iam::233925838033:root",
            "id": "233925838033",
            "user_id": "233925838033"
          },
          "sensitive_attributes": []
        }
      ]
    },
    {
      "module": "module.apigateway_resource_employees",
      "mode": "data",
      "type": "aws_iam_policy_document",
      "name": "lambda_policy_document_employees_create",
      "provider": "provider[\"registry.terraform.io/hashicorp/aws\"]",
      "instances": [
        {
          "schema_version": 0,
          "attributes": {
            "id": "1740121085",
            "json": "{\n  \"Version\": \"2012-10-17\",\n  \"Statement\": [\n    {\n      \"Effect\": \"Allow\",\n      \"Action\": [\n        \"dynamodb:Scan\",\n        \"dynamodb:Query\",\n        \"dynamodb:PutItem\"\n      ],\n      \"Resource\": \"arn:aws:dynamodb:us-east-1:233925838033:table/tbl-celeste-employees-dev\"\n    }\n  ]\n}",
            "minified_json": "{\"Version\":\"2012-10-17\",\"Statement\":[{\"Effect\":\"Allow\",\"Action\":[\"dynamodb:Scan\",\"dynamodb:Query\",\"dynamodb:PutItem\"],\"Resource\":\"arn:aws:dynamodb:us-east-1:233925838033:table/tbl-celeste-employees-dev\"}]}",
            "override_json": null,
            "override_policy_documents": null,
            "policy_id": null,
            "source_json": null,
            "source_policy_documents": null,
            "statement": [
              {
                "actions": [
                  "dynamodb:PutItem",
                  "dynamodb:Query",
                  "dynamodb:Scan"
                ],
                "condition": [],
                "effect": "Allow",
                "not_actions": [],
                "not_principals": [],
                "not_resources": [],
                "principals": [],
                "resources": [
                  "arn:aws:dynamodb:us-east-1:233925838033:table/tbl-celeste-employees-dev"
                ],
                "sid": ""
              }
            ],
            "version": "2012-10-17"
          },
          "sensitive_attributes": []
        }
      ]
    },
    {
      "module": "module.apigateway_resource_employees",
      "mode": "data",
      "type": "aws_iam_policy_document",
      "name": "lambda_policy_document_employees_delete_by_id",
      "provider": "provider[\"registry.terraform.io/hashicorp/aws\"]",
      "instances": [
        {
          "schema_version": 0,
          "attributes": {
            "id": "2720718749",
            "json": "{\n  \"Version\": \"2012-10-17\",\n  \"Statement\": [\n    {\n      \"Effect\": \"Allow\",\n      \"Action\": \"dynamodb:UpdateItem\",\n      \"Resource\": \"arn:aws:dynamodb:us-east-1:233925838033:table/tbl-celeste-employees-dev\"\n    }\n  ]\n}",
            "minified_json": "{\"Version\":\"2012-10-17\",\"Statement\":[{\"Effect\":\"Allow\",\"Action\":\"dynamodb:UpdateItem\",\"Resource\":\"arn:aws:dynamodb:us-east-1:233925838033:table/tbl-celeste-employees-dev\"}]}",
            "override_json": null,
            "override_policy_documents": null,
            "policy_id": null,
            "source_json": null,
            "source_policy_documents": null,
            "statement": [
              {
                "actions": [
                  "dynamodb:UpdateItem"
                ],
                "condition": [],
                "effect": "Allow",
                "not_actions": [],
                "not_principals": [],
                "not_resources": [],
                "principals": [],
                "resources": [
                  "arn:aws:dynamodb:us-east-1:233925838033:table/tbl-celeste-employees-dev"
                ],
                "sid": ""
              }
            ],
            "version": "2012-10-17"
          },
          "sensitive_attributes": []
        }
      ]
    },
    {
      "module": "module.apigateway_resource_employees",
      "mode": "data",
      "type": "aws_iam_policy_document",
      "name": "lambda_policy_document_employees_filter",
      "provider": "provider[\"registry.terraform.io/hashicorp/aws\"]",
      "instances": [
        {
          "schema_version": 0,
          "attributes": {
            "id": "2849737572",
            "json": "{\n  \"Version\": \"2012-10-17\",\n  \"Statement\": [\n    {\n      \"Effect\": \"Allow\",\n      \"Action\": \"dynamodb:Scan\",\n      \"Resource\": \"arn:aws:dynamodb:us-east-1:233925838033:table/tbl-celeste-employees-dev\"\n    }\n  ]\n}",
            "minified_json": "{\"Version\":\"2012-10-17\",\"Statement\":[{\"Effect\":\"Allow\",\"Action\":\"dynamodb:Scan\",\"Resource\":\"arn:aws:dynamodb:us-east-1:233925838033:table/tbl-celeste-employees-dev\"}]}",
            "override_json": null,
            "override_policy_documents": null,
            "policy_id": null,
            "source_json": null,
            "source_policy_documents": null,
            "statement": [
              {
                "actions": [
                  "dynamodb:Scan"
                ],
                "condition": [],
                "effect": "Allow",
                "not_actions": [],
                "not_principals": [],
                "not_resources": [],
                "principals": [],
                "resources": [
                  "arn:aws:dynamodb:us-east-1:233925838033:table/tbl-celeste-employees-dev"
                ],
                "sid": ""
              }
            ],
            "version": "2012-10-17"
          },
          "sensitive_attributes": []
        }
      ]
    },
    {
      "module": "module.apigateway_resource_employees",
      "mode": "data",
      "type": "aws_iam_policy_document",
      "name": "lambda_policy_document_employees_update",
      "provider": "provider[\"registry.terraform.io/hashicorp/aws\"]",
      "instances": [
        {
          "schema_version": 0,
          "attributes": {
            "id": "2720718749",
            "json": "{\n  \"Version\": \"2012-10-17\",\n  \"Statement\": [\n    {\n      \"Effect\": \"Allow\",\n      \"Action\": \"dynamodb:UpdateItem\",\n      \"Resource\": \"arn:aws:dynamodb:us-east-1:233925838033:table/tbl-celeste-employees-dev\"\n    }\n  ]\n}",
            "minified_json": "{\"Version\":\"2012-10-17\",\"Statement\":[{\"Effect\":\"Allow\",\"Action\":\"dynamodb:UpdateItem\",\"Resource\":\"arn:aws:dynamodb:us-east-1:233925838033:table/tbl-celeste-employees-dev\"}]}",
            "override_json": null,
            "override_policy_documents": null,
            "policy_id": null,
            "source_json": null,
            "source_policy_documents": null,
            "statement": [
              {
                "actions": [
                  "dynamodb:UpdateItem"
                ],
                "condition": [],
                "effect": "Allow",
                "not_actions": [],
                "not_principals": [],
                "not_resources": [],
                "principals": [],
                "resources": [
                  "arn:aws:dynamodb:us-east-1:233925838033:table/tbl-celeste-employees-dev"
                ],
                "sid": ""
              }
            ],
            "version": "2012-10-17"
          },
          "sensitive_attributes": []
        }
      ]
    },
    {
      "module": "module.apigateway_resource_employees",
      "mode": "data",
      "type": "aws_region",
      "name": "current",
      "provider": "provider[\"registry.terraform.io/hashicorp/aws\"]",
      "instances": [
        {
          "schema_version": 0,
          "attributes": {
            "description": "US East (N. Virginia)",
            "endpoint": "ec2.us-east-1.amazonaws.com",
            "id": "us-east-1",
            "name": "us-east-1"
          },
          "sensitive_attributes": []
        }
      ]
    },
    {
      "module": "module.apigateway_resource_employees",
      "mode": "managed",
      "type": "aws_apigatewayv2_integration",
      "name": "lambda_handler_employees_create",
      "provider": "provider[\"registry.terraform.io/hashicorp/aws\"]",
      "instances": [
        {
          "schema_version": 0,
          "attributes": {
            "api_id": "u83oit2sq6",
            "connection_id": "",
            "connection_type": "INTERNET",
            "content_handling_strategy": "",
            "credentials_arn": "",
            "description": "",
            "id": "ln6gr9m",
            "integration_method": "POST",
            "integration_response_selection_expression": "",
            "integration_subtype": "",
            "integration_type": "AWS_PROXY",
            "integration_uri": "arn:aws:apigateway:us-east-1:lambda:path/2015-03-31/functions/arn:aws:lambda:us-east-1:233925838033:function:lmb-celeste-employees-create-dev/invocations",
            "passthrough_behavior": "",
            "payload_format_version": "1.0",
            "request_parameters": {},
            "request_templates": {},
            "response_parameters": [],
            "template_selection_expression": "",
            "timeout_milliseconds": 30000,
            "tls_config": []
          },
          "sensitive_attributes": [],
          "private": "bnVsbA==",
          "dependencies": [
            "module.apigateway.aws_apigatewayv2_api.main",
            "module.apigateway.aws_apigatewayv2_stage.dev",
            "module.apigateway.aws_cloudwatch_log_group.main_api_gw",
            "module.apigateway.data.aws_caller_identity.current",
            "module.apigateway.data.aws_region.current",
            "module.apigateway_resource_authorization.aws_apigatewayv2_authorizer.header_based_authorizer",
            "module.apigateway_resource_authorization.aws_cloudwatch_log_group.html_loggroup_lambda_authorizer",
            "module.apigateway_resource_authorization.aws_iam_policy.dynamodb_lambda_policy_authorizer",
            "module.apigateway_resource_authorization.aws_iam_role.lambda_role_authorizer",
            "module.apigateway_resource_authorization.aws_iam_role_policy_attachment.lambda_attachements",
            "module.apigateway_resource_authorization.aws_iam_role_policy_attachment.lambda_role_policy_authorizer",
            "module.apigateway_resource_authorization.aws_lambda_function.html_lambda_authorizer",
            "module.apigateway_resource_authorization.aws_lambda_permission.allow_api_gw_invoke_authorizer",
            "module.apigateway_resource_authorization.data.archive_file.lambda_package_authorizer",
            "module.apigateway_resource_authorization.data.aws_apigatewayv2_api.selected",
            "module.apigateway_resource_authorization.data.aws_caller_identity.current",
            "module.apigateway_resource_authorization.data.aws_iam_policy_document.lambda_policy_document_authorizer",
            "module.apigateway_resource_authorization.data.aws_region.current",
            "module.apigateway_resource_employees.aws_iam_role.lambda_role_employees_create",
            "module.apigateway_resource_employees.aws_lambda_function.html_lambda_employees_create",
            "module.apigateway_resource_employees.data.archive_file.lambda_package_employees_create",
            "module.tables_dynamodb.aws_dynamodb_table.tbl_customers",
            "module.tables_dynamodb.aws_dynamodb_table.tbl_employees",
            "module.tables_dynamodb.aws_dynamodb_table.tbl_inventories",
            "module.tables_dynamodb.aws_dynamodb_table.tbl_suppliers",
            "module.tables_dynamodb.aws_dynamodb_table.tbl_token",
            "module.tables_dynamodb.aws_dynamodb_table.tbl_transaction_history",
            "module.tables_dynamodb.aws_dynamodb_table.tbl_users"
          ]
        }
      ]
    },
    {
      "module": "module.apigateway_resource_employees",
      "mode": "managed",
      "type": "aws_apigatewayv2_integration",
      "name": "lambda_handler_employees_delete_by_id",
      "provider": "provider[\"registry.terraform.io/hashicorp/aws\"]",
      "instances": [
        {
          "schema_version": 0,
          "attributes": {
            "api_id": "u83oit2sq6",
            "connection_id": "",
            "connection_type": "INTERNET",
            "content_handling_strategy": "",
            "credentials_arn": "",
            "description": "",
            "id": "pesivub",
            "integration_method": "POST",
            "integration_response_selection_expression": "",
            "integration_subtype": "",
            "integration_type": "AWS_PROXY",
            "integration_uri": "arn:aws:apigateway:us-east-1:lambda:path/2015-03-31/functions/arn:aws:lambda:us-east-1:233925838033:function:lmb-celeste-employees-delete-by-id-dev/invocations",
            "passthrough_behavior": "",
            "payload_format_version": "1.0",
            "request_parameters": {},
            "request_templates": {},
            "response_parameters": [],
            "template_selection_expression": "",
            "timeout_milliseconds": 30000,
            "tls_config": []
          },
          "sensitive_attributes": [],
          "private": "bnVsbA==",
          "dependencies": [
            "module.apigateway.aws_apigatewayv2_api.main",
            "module.apigateway.aws_apigatewayv2_stage.dev",
            "module.apigateway.aws_cloudwatch_log_group.main_api_gw",
            "module.apigateway.data.aws_caller_identity.current",
            "module.apigateway.data.aws_region.current",
            "module.apigateway_resource_authorization.aws_apigatewayv2_authorizer.header_based_authorizer",
            "module.apigateway_resource_authorization.aws_cloudwatch_log_group.html_loggroup_lambda_authorizer",
            "module.apigateway_resource_authorization.aws_iam_policy.dynamodb_lambda_policy_authorizer",
            "module.apigateway_resource_authorization.aws_iam_role.lambda_role_authorizer",
            "module.apigateway_resource_authorization.aws_iam_role_policy_attachment.lambda_attachements",
            "module.apigateway_resource_authorization.aws_iam_role_policy_attachment.lambda_role_policy_authorizer",
            "module.apigateway_resource_authorization.aws_lambda_function.html_lambda_authorizer",
            "module.apigateway_resource_authorization.aws_lambda_permission.allow_api_gw_invoke_authorizer",
            "module.apigateway_resource_authorization.data.archive_file.lambda_package_authorizer",
            "module.apigateway_resource_authorization.data.aws_apigatewayv2_api.selected",
            "module.apigateway_resource_authorization.data.aws_caller_identity.current",
            "module.apigateway_resource_authorization.data.aws_iam_policy_document.lambda_policy_document_authorizer",
            "module.apigateway_resource_authorization.data.aws_region.current",
            "module.apigateway_resource_employees.aws_iam_role.lambda_role_employees_delete_by_id",
            "module.apigateway_resource_employees.aws_lambda_function.html_lambda_employees_delete_by_id",
            "module.apigateway_resource_employees.data.archive_file.lambda_package_employees_delete_by_id",
            "module.tables_dynamodb.aws_dynamodb_table.tbl_customers",
            "module.tables_dynamodb.aws_dynamodb_table.tbl_employees",
            "module.tables_dynamodb.aws_dynamodb_table.tbl_inventories",
            "module.tables_dynamodb.aws_dynamodb_table.tbl_suppliers",
            "module.tables_dynamodb.aws_dynamodb_table.tbl_token",
            "module.tables_dynamodb.aws_dynamodb_table.tbl_transaction_history",
            "module.tables_dynamodb.aws_dynamodb_table.tbl_users"
          ]
        }
      ]
    },
    {
      "module": "module.apigateway_resource_employees",
      "mode": "managed",
      "type": "aws_apigatewayv2_integration",
      "name": "lambda_handler_employees_filter",
      "provider": "provider[\"registry.terraform.io/hashicorp/aws\"]",
      "instances": [
        {
          "schema_version": 0,
          "attributes": {
            "api_id": "u83oit2sq6",
            "connection_id": "",
            "connection_type": "INTERNET",
            "content_handling_strategy": "",
            "credentials_arn": "",
            "description": "",
            "id": "ohnpiho",
            "integration_method": "POST",
            "integration_response_selection_expression": "",
            "integration_subtype": "",
            "integration_type": "AWS_PROXY",
            "integration_uri": "arn:aws:apigateway:us-east-1:lambda:path/2015-03-31/functions/arn:aws:lambda:us-east-1:233925838033:function:lmb-celeste-employees-filter-dev/invocations",
            "passthrough_behavior": "",
            "payload_format_version": "1.0",
            "request_parameters": {},
            "request_templates": {},
            "response_parameters": [],
            "template_selection_expression": "",
            "timeout_milliseconds": 30000,
            "tls_config": []
          },
          "sensitive_attributes": [],
          "private": "bnVsbA==",
          "dependencies": [
            "module.apigateway.aws_apigatewayv2_api.main",
            "module.apigateway.aws_apigatewayv2_stage.dev",
            "module.apigateway.aws_cloudwatch_log_group.main_api_gw",
            "module.apigateway.data.aws_caller_identity.current",
            "module.apigateway.data.aws_region.current",
            "module.apigateway_resource_authorization.aws_apigatewayv2_authorizer.header_based_authorizer",
            "module.apigateway_resource_authorization.aws_cloudwatch_log_group.html_loggroup_lambda_authorizer",
            "module.apigateway_resource_authorization.aws_iam_policy.dynamodb_lambda_policy_authorizer",
            "module.apigateway_resource_authorization.aws_iam_role.lambda_role_authorizer",
            "module.apigateway_resource_authorization.aws_iam_role_policy_attachment.lambda_attachements",
            "module.apigateway_resource_authorization.aws_iam_role_policy_attachment.lambda_role_policy_authorizer",
            "module.apigateway_resource_authorization.aws_lambda_function.html_lambda_authorizer",
            "module.apigateway_resource_authorization.aws_lambda_permission.allow_api_gw_invoke_authorizer",
            "module.apigateway_resource_authorization.data.archive_file.lambda_package_authorizer",
            "module.apigateway_resource_authorization.data.aws_apigatewayv2_api.selected",
            "module.apigateway_resource_authorization.data.aws_caller_identity.current",
            "module.apigateway_resource_authorization.data.aws_iam_policy_document.lambda_policy_document_authorizer",
            "module.apigateway_resource_authorization.data.aws_region.current",
            "module.apigateway_resource_employees.aws_iam_role.lambda_role_employees_filter",
            "module.apigateway_resource_employees.aws_lambda_function.html_lambda_employees_filter",
            "module.apigateway_resource_employees.data.archive_file.lambda_package_employees_filter",
            "module.tables_dynamodb.aws_dynamodb_table.tbl_customers",
            "module.tables_dynamodb.aws_dynamodb_table.tbl_employees",
            "module.tables_dynamodb.aws_dynamodb_table.tbl_inventories",
            "module.tables_dynamodb.aws_dynamodb_table.tbl_suppliers",
            "module.tables_dynamodb.aws_dynamodb_table.tbl_token",
            "module.tables_dynamodb.aws_dynamodb_table.tbl_transaction_history",
            "module.tables_dynamodb.aws_dynamodb_table.tbl_users"
          ]
        }
      ]
    },
    {
      "module": "module.apigateway_resource_employees",
      "mode": "managed",
      "type": "aws_apigatewayv2_integration",
      "name": "lambda_handler_employees_update",
      "provider": "provider[\"registry.terraform.io/hashicorp/aws\"]",
      "instances": [
        {
          "schema_version": 0,
          "attributes": {
            "api_id": "u83oit2sq6",
            "connection_id": "",
            "connection_type": "INTERNET",
            "content_handling_strategy": "",
            "credentials_arn": "",
            "description": "",
            "id": "ggqxgqs",
            "integration_method": "POST",
            "integration_response_selection_expression": "",
            "integration_subtype": "",
            "integration_type": "AWS_PROXY",
            "integration_uri": "arn:aws:apigateway:us-east-1:lambda:path/2015-03-31/functions/arn:aws:lambda:us-east-1:233925838033:function:lmb-celeste-employees-update-dev/invocations",
            "passthrough_behavior": "",
            "payload_format_version": "1.0",
            "request_parameters": {},
            "request_templates": {},
            "response_parameters": [],
            "template_selection_expression": "",
            "timeout_milliseconds": 30000,
            "tls_config": []
          },
          "sensitive_attributes": [],
          "private": "bnVsbA==",
          "dependencies": [
            "module.apigateway.aws_apigatewayv2_api.main",
            "module.apigateway.aws_apigatewayv2_stage.dev",
            "module.apigateway.aws_cloudwatch_log_group.main_api_gw",
            "module.apigateway.data.aws_caller_identity.current",
            "module.apigateway.data.aws_region.current",
            "module.apigateway_resource_authorization.aws_apigatewayv2_authorizer.header_based_authorizer",
            "module.apigateway_resource_authorization.aws_cloudwatch_log_group.html_loggroup_lambda_authorizer",
            "module.apigateway_resource_authorization.aws_iam_policy.dynamodb_lambda_policy_authorizer",
            "module.apigateway_resource_authorization.aws_iam_role.lambda_role_authorizer",
            "module.apigateway_resource_authorization.aws_iam_role_policy_attachment.lambda_attachements",
            "module.apigateway_resource_authorization.aws_iam_role_policy_attachment.lambda_role_policy_authorizer",
            "module.apigateway_resource_authorization.aws_lambda_function.html_lambda_authorizer",
            "module.apigateway_resource_authorization.aws_lambda_permission.allow_api_gw_invoke_authorizer",
            "module.apigateway_resource_authorization.data.archive_file.lambda_package_authorizer",
            "module.apigateway_resource_authorization.data.aws_apigatewayv2_api.selected",
            "module.apigateway_resource_authorization.data.aws_caller_identity.current",
            "module.apigateway_resource_authorization.data.aws_iam_policy_document.lambda_policy_document_authorizer",
            "module.apigateway_resource_authorization.data.aws_region.current",
            "module.apigateway_resource_employees.aws_iam_role.lambda_role_employees_update",
            "module.apigateway_resource_employees.aws_lambda_function.html_lambda_employees_update",
            "module.apigateway_resource_employees.data.archive_file.lambda_package_employees_update",
            "module.tables_dynamodb.aws_dynamodb_table.tbl_customers",
            "module.tables_dynamodb.aws_dynamodb_table.tbl_employees",
            "module.tables_dynamodb.aws_dynamodb_table.tbl_inventories",
            "module.tables_dynamodb.aws_dynamodb_table.tbl_suppliers",
            "module.tables_dynamodb.aws_dynamodb_table.tbl_token",
            "module.tables_dynamodb.aws_dynamodb_table.tbl_transaction_history",
            "module.tables_dynamodb.aws_dynamodb_table.tbl_users"
          ]
        }
      ]
    },
    {
      "module": "module.apigateway_resource_employees",
      "mode": "managed",
      "type": "aws_apigatewayv2_route",
      "name": "handler_employees_create",
      "provider": "provider[\"registry.terraform.io/hashicorp/aws\"]",
      "instances": [
        {
          "schema_version": 0,
          "attributes": {
            "api_id": "u83oit2sq6",
            "api_key_required": false,
            "authorization_scopes": [],
            "authorization_type": "CUSTOM",
            "authorizer_id": "10477d",
            "id": "ct0p4o0",
            "model_selection_expression": "",
            "operation_name": "",
            "request_models": {},
            "request_parameter": [],
            "route_key": "POST /api/v1/employees",
            "route_response_selection_expression": "",
            "target": "integrations/ln6gr9m"
          },
          "sensitive_attributes": [],
          "private": "bnVsbA==",
          "dependencies": [
            "module.apigateway.aws_apigatewayv2_api.main",
            "module.apigateway.aws_apigatewayv2_stage.dev",
            "module.apigateway.aws_cloudwatch_log_group.main_api_gw",
            "module.apigateway.data.aws_caller_identity.current",
            "module.apigateway.data.aws_region.current",
            "module.apigateway_resource_authorization.aws_apigatewayv2_authorizer.header_based_authorizer",
            "module.apigateway_resource_authorization.aws_cloudwatch_log_group.html_loggroup_lambda_authorizer",
            "module.apigateway_resource_authorization.aws_iam_policy.dynamodb_lambda_policy_authorizer",
            "module.apigateway_resource_authorization.aws_iam_role.lambda_role_authorizer",
            "module.apigateway_resource_authorization.aws_iam_role_policy_attachment.lambda_attachements",
            "module.apigateway_resource_authorization.aws_iam_role_policy_attachment.lambda_role_policy_authorizer",
            "module.apigateway_resource_authorization.aws_lambda_function.html_lambda_authorizer",
            "module.apigateway_resource_authorization.aws_lambda_permission.allow_api_gw_invoke_authorizer",
            "module.apigateway_resource_authorization.data.archive_file.lambda_package_authorizer",
            "module.apigateway_resource_authorization.data.aws_apigatewayv2_api.selected",
            "module.apigateway_resource_authorization.data.aws_caller_identity.current",
            "module.apigateway_resource_authorization.data.aws_iam_policy_document.lambda_policy_document_authorizer",
            "module.apigateway_resource_authorization.data.aws_region.current",
            "module.apigateway_resource_employees.aws_apigatewayv2_integration.lambda_handler_employees_create",
            "module.apigateway_resource_employees.aws_iam_role.lambda_role_employees_create",
            "module.apigateway_resource_employees.aws_lambda_function.html_lambda_employees_create",
            "module.apigateway_resource_employees.data.archive_file.lambda_package_employees_create",
            "module.tables_dynamodb.aws_dynamodb_table.tbl_customers",
            "module.tables_dynamodb.aws_dynamodb_table.tbl_employees",
            "module.tables_dynamodb.aws_dynamodb_table.tbl_inventories",
            "module.tables_dynamodb.aws_dynamodb_table.tbl_suppliers",
            "module.tables_dynamodb.aws_dynamodb_table.tbl_token",
            "module.tables_dynamodb.aws_dynamodb_table.tbl_transaction_history",
            "module.tables_dynamodb.aws_dynamodb_table.tbl_users"
          ]
        }
      ]
    },
    {
      "module": "module.apigateway_resource_employees",
      "mode": "managed",
      "type": "aws_apigatewayv2_route",
      "name": "handler_employees_delete_by_id",
      "provider": "provider[\"registry.terraform.io/hashicorp/aws\"]",
      "instances": [
        {
          "schema_version": 0,
          "attributes": {
            "api_id": "u83oit2sq6",
            "api_key_required": false,
            "authorization_scopes": [],
            "authorization_type": "CUSTOM",
            "authorizer_id": "10477d",
            "id": "cizcov3",
            "model_selection_expression": "",
            "operation_name": "",
            "request_models": {},
            "request_parameter": [],
            "route_key": "DELETE /api/v1/employees/{id}",
            "route_response_selection_expression": "",
            "target": "integrations/pesivub"
          },
          "sensitive_attributes": [],
          "private": "bnVsbA==",
          "dependencies": [
            "module.apigateway.aws_apigatewayv2_api.main",
            "module.apigateway.aws_apigatewayv2_stage.dev",
            "module.apigateway.aws_cloudwatch_log_group.main_api_gw",
            "module.apigateway.data.aws_caller_identity.current",
            "module.apigateway.data.aws_region.current",
            "module.apigateway_resource_authorization.aws_apigatewayv2_authorizer.header_based_authorizer",
            "module.apigateway_resource_authorization.aws_cloudwatch_log_group.html_loggroup_lambda_authorizer",
            "module.apigateway_resource_authorization.aws_iam_policy.dynamodb_lambda_policy_authorizer",
            "module.apigateway_resource_authorization.aws_iam_role.lambda_role_authorizer",
            "module.apigateway_resource_authorization.aws_iam_role_policy_attachment.lambda_attachements",
            "module.apigateway_resource_authorization.aws_iam_role_policy_attachment.lambda_role_policy_authorizer",
            "module.apigateway_resource_authorization.aws_lambda_function.html_lambda_authorizer",
            "module.apigateway_resource_authorization.aws_lambda_permission.allow_api_gw_invoke_authorizer",
            "module.apigateway_resource_authorization.data.archive_file.lambda_package_authorizer",
            "module.apigateway_resource_authorization.data.aws_apigatewayv2_api.selected",
            "module.apigateway_resource_authorization.data.aws_caller_identity.current",
            "module.apigateway_resource_authorization.data.aws_iam_policy_document.lambda_policy_document_authorizer",
            "module.apigateway_resource_authorization.data.aws_region.current",
            "module.apigateway_resource_employees.aws_apigatewayv2_integration.lambda_handler_employees_delete_by_id",
            "module.apigateway_resource_employees.aws_iam_role.lambda_role_employees_delete_by_id",
            "module.apigateway_resource_employees.aws_lambda_function.html_lambda_employees_delete_by_id",
            "module.apigateway_resource_employees.data.archive_file.lambda_package_employees_delete_by_id",
            "module.tables_dynamodb.aws_dynamodb_table.tbl_customers",
            "module.tables_dynamodb.aws_dynamodb_table.tbl_employees",
            "module.tables_dynamodb.aws_dynamodb_table.tbl_inventories",
            "module.tables_dynamodb.aws_dynamodb_table.tbl_suppliers",
            "module.tables_dynamodb.aws_dynamodb_table.tbl_token",
            "module.tables_dynamodb.aws_dynamodb_table.tbl_transaction_history",
            "module.tables_dynamodb.aws_dynamodb_table.tbl_users"
          ]
        }
      ]
    },
    {
      "module": "module.apigateway_resource_employees",
      "mode": "managed",
      "type": "aws_apigatewayv2_route",
      "name": "handler_employees_filter",
      "provider": "provider[\"registry.terraform.io/hashicorp/aws\"]",
      "instances": [
        {
          "schema_version": 0,
          "attributes": {
            "api_id": "u83oit2sq6",
            "api_key_required": false,
            "authorization_scopes": [],
            "authorization_type": "CUSTOM",
            "authorizer_id": "10477d",
            "id": "shw8j00",
            "model_selection_expression": "",
            "operation_name": "",
            "request_models": {},
            "request_parameter": [],
            "route_key": "GET /api/v1/employees",
            "route_response_selection_expression": "",
            "target": "integrations/ohnpiho"
          },
          "sensitive_attributes": [],
          "private": "bnVsbA==",
          "dependencies": [
            "module.apigateway.aws_apigatewayv2_api.main",
            "module.apigateway.aws_apigatewayv2_stage.dev",
            "module.apigateway.aws_cloudwatch_log_group.main_api_gw",
            "module.apigateway.data.aws_caller_identity.current",
            "module.apigateway.data.aws_region.current",
            "module.apigateway_resource_authorization.aws_apigatewayv2_authorizer.header_based_authorizer",
            "module.apigateway_resource_authorization.aws_cloudwatch_log_group.html_loggroup_lambda_authorizer",
            "module.apigateway_resource_authorization.aws_iam_policy.dynamodb_lambda_policy_authorizer",
            "module.apigateway_resource_authorization.aws_iam_role.lambda_role_authorizer",
            "module.apigateway_resource_authorization.aws_iam_role_policy_attachment.lambda_attachements",
            "module.apigateway_resource_authorization.aws_iam_role_policy_attachment.lambda_role_policy_authorizer",
            "module.apigateway_resource_authorization.aws_lambda_function.html_lambda_authorizer",
            "module.apigateway_resource_authorization.aws_lambda_permission.allow_api_gw_invoke_authorizer",
            "module.apigateway_resource_authorization.data.archive_file.lambda_package_authorizer",
            "module.apigateway_resource_authorization.data.aws_apigatewayv2_api.selected",
            "module.apigateway_resource_authorization.data.aws_caller_identity.current",
            "module.apigateway_resource_authorization.data.aws_iam_policy_document.lambda_policy_document_authorizer",
            "module.apigateway_resource_authorization.data.aws_region.current",
            "module.apigateway_resource_employees.aws_apigatewayv2_integration.lambda_handler_employees_filter",
            "module.apigateway_resource_employees.aws_iam_role.lambda_role_employees_filter",
            "module.apigateway_resource_employees.aws_lambda_function.html_lambda_employees_filter",
            "module.apigateway_resource_employees.data.archive_file.lambda_package_employees_filter",
            "module.tables_dynamodb.aws_dynamodb_table.tbl_customers",
            "module.tables_dynamodb.aws_dynamodb_table.tbl_employees",
            "module.tables_dynamodb.aws_dynamodb_table.tbl_inventories",
            "module.tables_dynamodb.aws_dynamodb_table.tbl_suppliers",
            "module.tables_dynamodb.aws_dynamodb_table.tbl_token",
            "module.tables_dynamodb.aws_dynamodb_table.tbl_transaction_history",
            "module.tables_dynamodb.aws_dynamodb_table.tbl_users"
          ]
        }
      ]
    },
    {
      "module": "module.apigateway_resource_employees",
      "mode": "managed",
      "type": "aws_apigatewayv2_route",
      "name": "handler_employees_update",
      "provider": "provider[\"registry.terraform.io/hashicorp/aws\"]",
      "instances": [
        {
          "schema_version": 0,
          "attributes": {
            "api_id": "u83oit2sq6",
            "api_key_required": false,
            "authorization_scopes": [],
            "authorization_type": "CUSTOM",
            "authorizer_id": "10477d",
            "id": "746knw3",
            "model_selection_expression": "",
            "operation_name": "",
            "request_models": {},
            "request_parameter": [],
            "route_key": "PUT /api/v1/employees/{id}",
            "route_response_selection_expression": "",
            "target": "integrations/ggqxgqs"
          },
          "sensitive_attributes": [],
          "private": "bnVsbA==",
          "dependencies": [
            "module.apigateway.aws_apigatewayv2_api.main",
            "module.apigateway.aws_apigatewayv2_stage.dev",
            "module.apigateway.aws_cloudwatch_log_group.main_api_gw",
            "module.apigateway.data.aws_caller_identity.current",
            "module.apigateway.data.aws_region.current",
            "module.apigateway_resource_authorization.aws_apigatewayv2_authorizer.header_based_authorizer",
            "module.apigateway_resource_authorization.aws_cloudwatch_log_group.html_loggroup_lambda_authorizer",
            "module.apigateway_resource_authorization.aws_iam_policy.dynamodb_lambda_policy_authorizer",
            "module.apigateway_resource_authorization.aws_iam_role.lambda_role_authorizer",
            "module.apigateway_resource_authorization.aws_iam_role_policy_attachment.lambda_attachements",
            "module.apigateway_resource_authorization.aws_iam_role_policy_attachment.lambda_role_policy_authorizer",
            "module.apigateway_resource_authorization.aws_lambda_function.html_lambda_authorizer",
            "module.apigateway_resource_authorization.aws_lambda_permission.allow_api_gw_invoke_authorizer",
            "module.apigateway_resource_authorization.data.archive_file.lambda_package_authorizer",
            "module.apigateway_resource_authorization.data.aws_apigatewayv2_api.selected",
            "module.apigateway_resource_authorization.data.aws_caller_identity.current",
            "module.apigateway_resource_authorization.data.aws_iam_policy_document.lambda_policy_document_authorizer",
            "module.apigateway_resource_authorization.data.aws_region.current",
            "module.apigateway_resource_employees.aws_apigatewayv2_integration.lambda_handler_employees_update",
            "module.apigateway_resource_employees.aws_iam_role.lambda_role_employees_update",
            "module.apigateway_resource_employees.aws_lambda_function.html_lambda_employees_update",
            "module.apigateway_resource_employees.data.archive_file.lambda_package_employees_update",
            "module.tables_dynamodb.aws_dynamodb_table.tbl_customers",
            "module.tables_dynamodb.aws_dynamodb_table.tbl_employees",
            "module.tables_dynamodb.aws_dynamodb_table.tbl_inventories",
            "module.tables_dynamodb.aws_dynamodb_table.tbl_suppliers",
            "module.tables_dynamodb.aws_dynamodb_table.tbl_token",
            "module.tables_dynamodb.aws_dynamodb_table.tbl_transaction_history",
            "module.tables_dynamodb.aws_dynamodb_table.tbl_users"
          ]
        }
      ]
    },
    {
      "module": "module.apigateway_resource_employees",
      "mode": "managed",
      "type": "aws_cloudwatch_log_group",
      "name": "html_loggroup_lambda_employees_create",
      "provider": "provider[\"registry.terraform.io/hashicorp/aws\"]",
      "instances": [
        {
          "schema_version": 0,
          "attributes": {
            "arn": "arn:aws:logs:us-east-1:233925838033:log-group:/aws/lambda/lmb-celeste-employees-create-dev",
            "id": "/aws/lambda/lmb-celeste-employees-create-dev",
            "kms_key_id": "",
            "log_group_class": "STANDARD",
            "name": "/aws/lambda/lmb-celeste-employees-create-dev",
            "name_prefix": "",
            "retention_in_days": 7,
            "skip_destroy": false,
            "tags": {},
            "tags_all": {
              "iac": "terraform"
            }
          },
          "sensitive_attributes": [],
          "private": "bnVsbA==",
          "dependencies": [
            "module.apigateway.aws_apigatewayv2_api.main",
            "module.apigateway.aws_apigatewayv2_stage.dev",
            "module.apigateway.aws_cloudwatch_log_group.main_api_gw",
            "module.apigateway.data.aws_caller_identity.current",
            "module.apigateway.data.aws_region.current",
            "module.apigateway_resource_authorization.aws_apigatewayv2_authorizer.header_based_authorizer",
            "module.apigateway_resource_authorization.aws_cloudwatch_log_group.html_loggroup_lambda_authorizer",
            "module.apigateway_resource_authorization.aws_iam_policy.dynamodb_lambda_policy_authorizer",
            "module.apigateway_resource_authorization.aws_iam_role.lambda_role_authorizer",
            "module.apigateway_resource_authorization.aws_iam_role_policy_attachment.lambda_attachements",
            "module.apigateway_resource_authorization.aws_iam_role_policy_attachment.lambda_role_policy_authorizer",
            "module.apigateway_resource_authorization.aws_lambda_function.html_lambda_authorizer",
            "module.apigateway_resource_authorization.aws_lambda_permission.allow_api_gw_invoke_authorizer",
            "module.apigateway_resource_authorization.data.archive_file.lambda_package_authorizer",
            "module.apigateway_resource_authorization.data.aws_apigatewayv2_api.selected",
            "module.apigateway_resource_authorization.data.aws_caller_identity.current",
            "module.apigateway_resource_authorization.data.aws_iam_policy_document.lambda_policy_document_authorizer",
            "module.apigateway_resource_authorization.data.aws_region.current",
            "module.apigateway_resource_employees.aws_iam_role.lambda_role_employees_create",
            "module.apigateway_resource_employees.aws_lambda_function.html_lambda_employees_create",
            "module.apigateway_resource_employees.data.archive_file.lambda_package_employees_create",
            "module.tables_dynamodb.aws_dynamodb_table.tbl_customers",
            "module.tables_dynamodb.aws_dynamodb_table.tbl_employees",
            "module.tables_dynamodb.aws_dynamodb_table.tbl_inventories",
            "module.tables_dynamodb.aws_dynamodb_table.tbl_suppliers",
            "module.tables_dynamodb.aws_dynamodb_table.tbl_token",
            "module.tables_dynamodb.aws_dynamodb_table.tbl_transaction_history",
            "module.tables_dynamodb.aws_dynamodb_table.tbl_users"
          ]
        }
      ]
    },
    {
      "module": "module.apigateway_resource_employees",
      "mode": "managed",
      "type": "aws_cloudwatch_log_group",
      "name": "html_loggroup_lambda_employees_delete_by_id",
      "provider": "provider[\"registry.terraform.io/hashicorp/aws\"]",
      "instances": [
        {
          "schema_version": 0,
          "attributes": {
            "arn": "arn:aws:logs:us-east-1:233925838033:log-group:/aws/lambda/lmb-celeste-employees-delete-by-id-dev",
            "id": "/aws/lambda/lmb-celeste-employees-delete-by-id-dev",
            "kms_key_id": "",
            "log_group_class": "STANDARD",
            "name": "/aws/lambda/lmb-celeste-employees-delete-by-id-dev",
            "name_prefix": "",
            "retention_in_days": 7,
            "skip_destroy": false,
            "tags": {},
            "tags_all": {
              "iac": "terraform"
            }
          },
          "sensitive_attributes": [],
          "private": "bnVsbA==",
          "dependencies": [
            "module.apigateway.aws_apigatewayv2_api.main",
            "module.apigateway.aws_apigatewayv2_stage.dev",
            "module.apigateway.aws_cloudwatch_log_group.main_api_gw",
            "module.apigateway.data.aws_caller_identity.current",
            "module.apigateway.data.aws_region.current",
            "module.apigateway_resource_authorization.aws_apigatewayv2_authorizer.header_based_authorizer",
            "module.apigateway_resource_authorization.aws_cloudwatch_log_group.html_loggroup_lambda_authorizer",
            "module.apigateway_resource_authorization.aws_iam_policy.dynamodb_lambda_policy_authorizer",
            "module.apigateway_resource_authorization.aws_iam_role.lambda_role_authorizer",
            "module.apigateway_resource_authorization.aws_iam_role_policy_attachment.lambda_attachements",
            "module.apigateway_resource_authorization.aws_iam_role_policy_attachment.lambda_role_policy_authorizer",
            "module.apigateway_resource_authorization.aws_lambda_function.html_lambda_authorizer",
            "module.apigateway_resource_authorization.aws_lambda_permission.allow_api_gw_invoke_authorizer",
            "module.apigateway_resource_authorization.data.archive_file.lambda_package_authorizer",
            "module.apigateway_resource_authorization.data.aws_apigatewayv2_api.selected",
            "module.apigateway_resource_authorization.data.aws_caller_identity.current",
            "module.apigateway_resource_authorization.data.aws_iam_policy_document.lambda_policy_document_authorizer",
            "module.apigateway_resource_authorization.data.aws_region.current",
            "module.apigateway_resource_employees.aws_iam_role.lambda_role_employees_delete_by_id",
            "module.apigateway_resource_employees.aws_lambda_function.html_lambda_employees_delete_by_id",
            "module.apigateway_resource_employees.data.archive_file.lambda_package_employees_delete_by_id",
            "module.tables_dynamodb.aws_dynamodb_table.tbl_customers",
            "module.tables_dynamodb.aws_dynamodb_table.tbl_employees",
            "module.tables_dynamodb.aws_dynamodb_table.tbl_inventories",
            "module.tables_dynamodb.aws_dynamodb_table.tbl_suppliers",
            "module.tables_dynamodb.aws_dynamodb_table.tbl_token",
            "module.tables_dynamodb.aws_dynamodb_table.tbl_transaction_history",
            "module.tables_dynamodb.aws_dynamodb_table.tbl_users"
          ]
        }
      ]
    },
    {
      "module": "module.apigateway_resource_employees",
      "mode": "managed",
      "type": "aws_cloudwatch_log_group",
      "name": "html_loggroup_lambda_employees_filter",
      "provider": "provider[\"registry.terraform.io/hashicorp/aws\"]",
      "instances": [
        {
          "schema_version": 0,
          "attributes": {
            "arn": "arn:aws:logs:us-east-1:233925838033:log-group:/aws/lambda/lmb-celeste-employees-filter-dev",
            "id": "/aws/lambda/lmb-celeste-employees-filter-dev",
            "kms_key_id": "",
            "log_group_class": "STANDARD",
            "name": "/aws/lambda/lmb-celeste-employees-filter-dev",
            "name_prefix": "",
            "retention_in_days": 7,
            "skip_destroy": false,
            "tags": {},
            "tags_all": {
              "iac": "terraform"
            }
          },
          "sensitive_attributes": [],
          "private": "bnVsbA==",
          "dependencies": [
            "module.apigateway.aws_apigatewayv2_api.main",
            "module.apigateway.aws_apigatewayv2_stage.dev",
            "module.apigateway.aws_cloudwatch_log_group.main_api_gw",
            "module.apigateway.data.aws_caller_identity.current",
            "module.apigateway.data.aws_region.current",
            "module.apigateway_resource_authorization.aws_apigatewayv2_authorizer.header_based_authorizer",
            "module.apigateway_resource_authorization.aws_cloudwatch_log_group.html_loggroup_lambda_authorizer",
            "module.apigateway_resource_authorization.aws_iam_policy.dynamodb_lambda_policy_authorizer",
            "module.apigateway_resource_authorization.aws_iam_role.lambda_role_authorizer",
            "module.apigateway_resource_authorization.aws_iam_role_policy_attachment.lambda_attachements",
            "module.apigateway_resource_authorization.aws_iam_role_policy_attachment.lambda_role_policy_authorizer",
            "module.apigateway_resource_authorization.aws_lambda_function.html_lambda_authorizer",
            "module.apigateway_resource_authorization.aws_lambda_permission.allow_api_gw_invoke_authorizer",
            "module.apigateway_resource_authorization.data.archive_file.lambda_package_authorizer",
            "module.apigateway_resource_authorization.data.aws_apigatewayv2_api.selected",
            "module.apigateway_resource_authorization.data.aws_caller_identity.current",
            "module.apigateway_resource_authorization.data.aws_iam_policy_document.lambda_policy_document_authorizer",
            "module.apigateway_resource_authorization.data.aws_region.current",
            "module.apigateway_resource_employees.aws_iam_role.lambda_role_employees_filter",
            "module.apigateway_resource_employees.aws_lambda_function.html_lambda_employees_filter",
            "module.apigateway_resource_employees.data.archive_file.lambda_package_employees_filter",
            "module.tables_dynamodb.aws_dynamodb_table.tbl_customers",
            "module.tables_dynamodb.aws_dynamodb_table.tbl_employees",
            "module.tables_dynamodb.aws_dynamodb_table.tbl_inventories",
            "module.tables_dynamodb.aws_dynamodb_table.tbl_suppliers",
            "module.tables_dynamodb.aws_dynamodb_table.tbl_token",
            "module.tables_dynamodb.aws_dynamodb_table.tbl_transaction_history",
            "module.tables_dynamodb.aws_dynamodb_table.tbl_users"
          ]
        }
      ]
    },
    {
      "module": "module.apigateway_resource_employees",
      "mode": "managed",
      "type": "aws_cloudwatch_log_group",
      "name": "html_loggroup_lambda_employees_update",
      "provider": "provider[\"registry.terraform.io/hashicorp/aws\"]",
      "instances": [
        {
          "schema_version": 0,
          "attributes": {
            "arn": "arn:aws:logs:us-east-1:233925838033:log-group:/aws/lambda/lmb-celeste-employees-update-dev",
            "id": "/aws/lambda/lmb-celeste-employees-update-dev",
            "kms_key_id": "",
            "log_group_class": "STANDARD",
            "name": "/aws/lambda/lmb-celeste-employees-update-dev",
            "name_prefix": "",
            "retention_in_days": 7,
            "skip_destroy": false,
            "tags": {},
            "tags_all": {
              "iac": "terraform"
            }
          },
          "sensitive_attributes": [],
          "private": "bnVsbA==",
          "dependencies": [
            "module.apigateway.aws_apigatewayv2_api.main",
            "module.apigateway.aws_apigatewayv2_stage.dev",
            "module.apigateway.aws_cloudwatch_log_group.main_api_gw",
            "module.apigateway.data.aws_caller_identity.current",
            "module.apigateway.data.aws_region.current",
            "module.apigateway_resource_authorization.aws_apigatewayv2_authorizer.header_based_authorizer",
            "module.apigateway_resource_authorization.aws_cloudwatch_log_group.html_loggroup_lambda_authorizer",
            "module.apigateway_resource_authorization.aws_iam_policy.dynamodb_lambda_policy_authorizer",
            "module.apigateway_resource_authorization.aws_iam_role.lambda_role_authorizer",
            "module.apigateway_resource_authorization.aws_iam_role_policy_attachment.lambda_attachements",
            "module.apigateway_resource_authorization.aws_iam_role_policy_attachment.lambda_role_policy_authorizer",
            "module.apigateway_resource_authorization.aws_lambda_function.html_lambda_authorizer",
            "module.apigateway_resource_authorization.aws_lambda_permission.allow_api_gw_invoke_authorizer",
            "module.apigateway_resource_authorization.data.archive_file.lambda_package_authorizer",
            "module.apigateway_resource_authorization.data.aws_apigatewayv2_api.selected",
            "module.apigateway_resource_authorization.data.aws_caller_identity.current",
            "module.apigateway_resource_authorization.data.aws_iam_policy_document.lambda_policy_document_authorizer",
            "module.apigateway_resource_authorization.data.aws_region.current",
            "module.apigateway_resource_employees.aws_iam_role.lambda_role_employees_update",
            "module.apigateway_resource_employees.aws_lambda_function.html_lambda_employees_update",
            "module.apigateway_resource_employees.data.archive_file.lambda_package_employees_update",
            "module.tables_dynamodb.aws_dynamodb_table.tbl_customers",
            "module.tables_dynamodb.aws_dynamodb_table.tbl_employees",
            "module.tables_dynamodb.aws_dynamodb_table.tbl_inventories",
            "module.tables_dynamodb.aws_dynamodb_table.tbl_suppliers",
            "module.tables_dynamodb.aws_dynamodb_table.tbl_token",
            "module.tables_dynamodb.aws_dynamodb_table.tbl_transaction_history",
            "module.tables_dynamodb.aws_dynamodb_table.tbl_users"
          ]
        }
      ]
    },
    {
      "module": "module.apigateway_resource_employees",
      "mode": "managed",
      "type": "aws_iam_policy",
      "name": "dynamodb_lambda_policy_employees_create",
      "provider": "provider[\"registry.terraform.io/hashicorp/aws\"]",
      "instances": [
        {
          "schema_version": 0,
          "attributes": {
            "arn": "arn:aws:iam::233925838033:policy/policy-celeste-employees-create-dev",
            "attachment_count": 1,
            "description": "This policy will be used by the lambda to write get data from DynamoDB",
            "id": "arn:aws:iam::233925838033:policy/policy-celeste-employees-create-dev",
            "name": "policy-celeste-employees-create-dev",
            "name_prefix": "",
            "path": "/",
            "policy": "{\"Statement\":[{\"Action\":[\"dynamodb:Scan\",\"dynamodb:Query\",\"dynamodb:PutItem\"],\"Effect\":\"Allow\",\"Resource\":\"arn:aws:dynamodb:us-east-1:233925838033:table/tbl-celeste-employees-dev\"}],\"Version\":\"2012-10-17\"}",
            "policy_id": "ANPATM5YRATIQYOZWRN5W",
            "tags": {},
            "tags_all": {
              "iac": "terraform"
            }
          },
          "sensitive_attributes": [],
          "private": "bnVsbA==",
          "dependencies": [
            "module.apigateway.aws_apigatewayv2_api.main",
            "module.apigateway.aws_apigatewayv2_stage.dev",
            "module.apigateway.aws_cloudwatch_log_group.main_api_gw",
            "module.apigateway.data.aws_caller_identity.current",
            "module.apigateway.data.aws_region.current",
            "module.apigateway_resource_authorization.aws_apigatewayv2_authorizer.header_based_authorizer",
            "module.apigateway_resource_authorization.aws_cloudwatch_log_group.html_loggroup_lambda_authorizer",
            "module.apigateway_resource_authorization.aws_iam_policy.dynamodb_lambda_policy_authorizer",
            "module.apigateway_resource_authorization.aws_iam_role.lambda_role_authorizer",
            "module.apigateway_resource_authorization.aws_iam_role_policy_attachment.lambda_attachements",
            "module.apigateway_resource_authorization.aws_iam_role_policy_attachment.lambda_role_policy_authorizer",
            "module.apigateway_resource_authorization.aws_lambda_function.html_lambda_authorizer",
            "module.apigateway_resource_authorization.aws_lambda_permission.allow_api_gw_invoke_authorizer",
            "module.apigateway_resource_authorization.data.archive_file.lambda_package_authorizer",
            "module.apigateway_resource_authorization.data.aws_apigatewayv2_api.selected",
            "module.apigateway_resource_authorization.data.aws_caller_identity.current",
            "module.apigateway_resource_authorization.data.aws_iam_policy_document.lambda_policy_document_authorizer",
            "module.apigateway_resource_authorization.data.aws_region.current",
            "module.apigateway_resource_employees.data.aws_caller_identity.current",
            "module.apigateway_resource_employees.data.aws_iam_policy_document.lambda_policy_document_employees_create",
            "module.apigateway_resource_employees.data.aws_region.current",
            "module.tables_dynamodb.aws_dynamodb_table.tbl_customers",
            "module.tables_dynamodb.aws_dynamodb_table.tbl_employees",
            "module.tables_dynamodb.aws_dynamodb_table.tbl_inventories",
            "module.tables_dynamodb.aws_dynamodb_table.tbl_suppliers",
            "module.tables_dynamodb.aws_dynamodb_table.tbl_token",
            "module.tables_dynamodb.aws_dynamodb_table.tbl_transaction_history",
            "module.tables_dynamodb.aws_dynamodb_table.tbl_users"
          ]
        }
      ]
    },
    {
      "module": "module.apigateway_resource_employees",
      "mode": "managed",
      "type": "aws_iam_policy",
      "name": "dynamodb_lambda_policy_employees_delete_by_id",
      "provider": "provider[\"registry.terraform.io/hashicorp/aws\"]",
      "instances": [
        {
          "schema_version": 0,
          "attributes": {
            "arn": "arn:aws:iam::233925838033:policy/policy-celeste-employees-delete-by-id-dev",
            "attachment_count": 1,
            "description": "This policy will be used by the lambda to write get data from DynamoDB",
            "id": "arn:aws:iam::233925838033:policy/policy-celeste-employees-delete-by-id-dev",
            "name": "policy-celeste-employees-delete-by-id-dev",
            "name_prefix": "",
            "path": "/",
            "policy": "{\"Statement\":[{\"Action\":\"dynamodb:UpdateItem\",\"Effect\":\"Allow\",\"Resource\":\"arn:aws:dynamodb:us-east-1:233925838033:table/tbl-celeste-employees-dev\"}],\"Version\":\"2012-10-17\"}",
            "policy_id": "ANPATM5YRATITL7YLWI7D",
            "tags": {},
            "tags_all": {
              "iac": "terraform"
            }
          },
          "sensitive_attributes": [],
          "private": "bnVsbA==",
          "dependencies": [
            "module.apigateway.aws_apigatewayv2_api.main",
            "module.apigateway.aws_apigatewayv2_stage.dev",
            "module.apigateway.aws_cloudwatch_log_group.main_api_gw",
            "module.apigateway.data.aws_caller_identity.current",
            "module.apigateway.data.aws_region.current",
            "module.apigateway_resource_authorization.aws_apigatewayv2_authorizer.header_based_authorizer",
            "module.apigateway_resource_authorization.aws_cloudwatch_log_group.html_loggroup_lambda_authorizer",
            "module.apigateway_resource_authorization.aws_iam_policy.dynamodb_lambda_policy_authorizer",
            "module.apigateway_resource_authorization.aws_iam_role.lambda_role_authorizer",
            "module.apigateway_resource_authorization.aws_iam_role_policy_attachment.lambda_attachements",
            "module.apigateway_resource_authorization.aws_iam_role_policy_attachment.lambda_role_policy_authorizer",
            "module.apigateway_resource_authorization.aws_lambda_function.html_lambda_authorizer",
            "module.apigateway_resource_authorization.aws_lambda_permission.allow_api_gw_invoke_authorizer",
            "module.apigateway_resource_authorization.data.archive_file.lambda_package_authorizer",
            "module.apigateway_resource_authorization.data.aws_apigatewayv2_api.selected",
            "module.apigateway_resource_authorization.data.aws_caller_identity.current",
            "module.apigateway_resource_authorization.data.aws_iam_policy_document.lambda_policy_document_authorizer",
            "module.apigateway_resource_authorization.data.aws_region.current",
            "module.apigateway_resource_employees.data.aws_caller_identity.current",
            "module.apigateway_resource_employees.data.aws_iam_policy_document.lambda_policy_document_employees_delete_by_id",
            "module.apigateway_resource_employees.data.aws_region.current",
            "module.tables_dynamodb.aws_dynamodb_table.tbl_customers",
            "module.tables_dynamodb.aws_dynamodb_table.tbl_employees",
            "module.tables_dynamodb.aws_dynamodb_table.tbl_inventories",
            "module.tables_dynamodb.aws_dynamodb_table.tbl_suppliers",
            "module.tables_dynamodb.aws_dynamodb_table.tbl_token",
            "module.tables_dynamodb.aws_dynamodb_table.tbl_transaction_history",
            "module.tables_dynamodb.aws_dynamodb_table.tbl_users"
          ]
        }
      ]
    },
    {
      "module": "module.apigateway_resource_employees",
      "mode": "managed",
      "type": "aws_iam_policy",
      "name": "dynamodb_lambda_policy_employees_filter",
      "provider": "provider[\"registry.terraform.io/hashicorp/aws\"]",
      "instances": [
        {
          "schema_version": 0,
          "attributes": {
            "arn": "arn:aws:iam::233925838033:policy/policy-celeste-employees-filter-dev",
            "attachment_count": 1,
            "description": "This policy will be used by the lambda to write get data from DynamoDB",
            "id": "arn:aws:iam::233925838033:policy/policy-celeste-employees-filter-dev",
            "name": "policy-celeste-employees-filter-dev",
            "name_prefix": "",
            "path": "/",
            "policy": "{\"Statement\":[{\"Action\":\"dynamodb:Scan\",\"Effect\":\"Allow\",\"Resource\":\"arn:aws:dynamodb:us-east-1:233925838033:table/tbl-celeste-employees-dev\"}],\"Version\":\"2012-10-17\"}",
            "policy_id": "ANPATM5YRATIUMMOLQOGO",
            "tags": {},
            "tags_all": {
              "iac": "terraform"
            }
          },
          "sensitive_attributes": [],
          "private": "bnVsbA==",
          "dependencies": [
            "module.apigateway.aws_apigatewayv2_api.main",
            "module.apigateway.aws_apigatewayv2_stage.dev",
            "module.apigateway.aws_cloudwatch_log_group.main_api_gw",
            "module.apigateway.data.aws_caller_identity.current",
            "module.apigateway.data.aws_region.current",
            "module.apigateway_resource_authorization.aws_apigatewayv2_authorizer.header_based_authorizer",
            "module.apigateway_resource_authorization.aws_cloudwatch_log_group.html_loggroup_lambda_authorizer",
            "module.apigateway_resource_authorization.aws_iam_policy.dynamodb_lambda_policy_authorizer",
            "module.apigateway_resource_authorization.aws_iam_role.lambda_role_authorizer",
            "module.apigateway_resource_authorization.aws_iam_role_policy_attachment.lambda_attachements",
            "module.apigateway_resource_authorization.aws_iam_role_policy_attachment.lambda_role_policy_authorizer",
            "module.apigateway_resource_authorization.aws_lambda_function.html_lambda_authorizer",
            "module.apigateway_resource_authorization.aws_lambda_permission.allow_api_gw_invoke_authorizer",
            "module.apigateway_resource_authorization.data.archive_file.lambda_package_authorizer",
            "module.apigateway_resource_authorization.data.aws_apigatewayv2_api.selected",
            "module.apigateway_resource_authorization.data.aws_caller_identity.current",
            "module.apigateway_resource_authorization.data.aws_iam_policy_document.lambda_policy_document_authorizer",
            "module.apigateway_resource_authorization.data.aws_region.current",
            "module.apigateway_resource_employees.data.aws_caller_identity.current",
            "module.apigateway_resource_employees.data.aws_iam_policy_document.lambda_policy_document_employees_filter",
            "module.apigateway_resource_employees.data.aws_region.current",
            "module.tables_dynamodb.aws_dynamodb_table.tbl_customers",
            "module.tables_dynamodb.aws_dynamodb_table.tbl_employees",
            "module.tables_dynamodb.aws_dynamodb_table.tbl_inventories",
            "module.tables_dynamodb.aws_dynamodb_table.tbl_suppliers",
            "module.tables_dynamodb.aws_dynamodb_table.tbl_token",
            "module.tables_dynamodb.aws_dynamodb_table.tbl_transaction_history",
            "module.tables_dynamodb.aws_dynamodb_table.tbl_users"
          ]
        }
      ]
    },
    {
      "module": "module.apigateway_resource_employees",
      "mode": "managed",
      "type": "aws_iam_policy",
      "name": "dynamodb_lambda_policy_employees_update",
      "provider": "provider[\"registry.terraform.io/hashicorp/aws\"]",
      "instances": [
        {
          "schema_version": 0,
          "attributes": {
            "arn": "arn:aws:iam::233925838033:policy/policy-celeste-employees-update-dev",
            "attachment_count": 1,
            "description": "This policy will be used by the lambda to write get data from DynamoDB",
            "id": "arn:aws:iam::233925838033:policy/policy-celeste-employees-update-dev",
            "name": "policy-celeste-employees-update-dev",
            "name_prefix": "",
            "path": "/",
            "policy": "{\"Statement\":[{\"Action\":\"dynamodb:UpdateItem\",\"Effect\":\"Allow\",\"Resource\":\"arn:aws:dynamodb:us-east-1:233925838033:table/tbl-celeste-employees-dev\"}],\"Version\":\"2012-10-17\"}",
            "policy_id": "ANPATM5YRATIXRO7S7LZM",
            "tags": {},
            "tags_all": {
              "iac": "terraform"
            }
          },
          "sensitive_attributes": [],
          "private": "bnVsbA==",
          "dependencies": [
            "module.apigateway.aws_apigatewayv2_api.main",
            "module.apigateway.aws_apigatewayv2_stage.dev",
            "module.apigateway.aws_cloudwatch_log_group.main_api_gw",
            "module.apigateway.data.aws_caller_identity.current",
            "module.apigateway.data.aws_region.current",
            "module.apigateway_resource_authorization.aws_apigatewayv2_authorizer.header_based_authorizer",
            "module.apigateway_resource_authorization.aws_cloudwatch_log_group.html_loggroup_lambda_authorizer",
            "module.apigateway_resource_authorization.aws_iam_policy.dynamodb_lambda_policy_authorizer",
            "module.apigateway_resource_authorization.aws_iam_role.lambda_role_authorizer",
            "module.apigateway_resource_authorization.aws_iam_role_policy_attachment.lambda_attachements",
            "module.apigateway_resource_authorization.aws_iam_role_policy_attachment.lambda_role_policy_authorizer",
            "module.apigateway_resource_authorization.aws_lambda_function.html_lambda_authorizer",
            "module.apigateway_resource_authorization.aws_lambda_permission.allow_api_gw_invoke_authorizer",
            "module.apigateway_resource_authorization.data.archive_file.lambda_package_authorizer",
            "module.apigateway_resource_authorization.data.aws_apigatewayv2_api.selected",
            "module.apigateway_resource_authorization.data.aws_caller_identity.current",
            "module.apigateway_resource_authorization.data.aws_iam_policy_document.lambda_policy_document_authorizer",
            "module.apigateway_resource_authorization.data.aws_region.current",
            "module.apigateway_resource_employees.data.aws_caller_identity.current",
            "module.apigateway_resource_employees.data.aws_iam_policy_document.lambda_policy_document_employees_update",
            "module.apigateway_resource_employees.data.aws_region.current",
            "module.tables_dynamodb.aws_dynamodb_table.tbl_customers",
            "module.tables_dynamodb.aws_dynamodb_table.tbl_employees",
            "module.tables_dynamodb.aws_dynamodb_table.tbl_inventories",
            "module.tables_dynamodb.aws_dynamodb_table.tbl_suppliers",
            "module.tables_dynamodb.aws_dynamodb_table.tbl_token",
            "module.tables_dynamodb.aws_dynamodb_table.tbl_transaction_history",
            "module.tables_dynamodb.aws_dynamodb_table.tbl_users"
          ]
        }
      ]
    },
    {
      "module": "module.apigateway_resource_employees",
      "mode": "managed",
      "type": "aws_iam_role",
      "name": "lambda_role_employees_create",
      "provider": "provider[\"registry.terraform.io/hashicorp/aws\"]",
      "instances": [
        {
          "schema_version": 0,
          "attributes": {
            "arn": "arn:aws:iam::233925838033:role/role-celeste-employees-create-dev",
            "assume_role_policy": "{\"Statement\":[{\"Action\":\"sts:AssumeRole\",\"Effect\":\"Allow\",\"Principal\":{\"Service\":\"lambda.amazonaws.com\"}}],\"Version\":\"2012-10-17\"}",
            "create_date": "2025-03-06T21:18:37Z",
            "description": "",
            "force_detach_policies": false,
            "id": "role-celeste-employees-create-dev",
            "inline_policy": [],
            "managed_policy_arns": [
              "arn:aws:iam::233925838033:policy/policy-celeste-employees-create-dev",
              "arn:aws:iam::aws:policy/service-role/AWSLambdaBasicExecutionRole"
            ],
            "max_session_duration": 3600,
            "name": "role-celeste-employees-create-dev",
            "name_prefix": "",
            "path": "/",
            "permissions_boundary": "",
            "tags": {},
            "tags_all": {
              "iac": "terraform"
            },
            "unique_id": "AROATM5YRATITM2POZ4AK"
          },
          "sensitive_attributes": [],
          "private": "bnVsbA==",
          "dependencies": [
            "module.apigateway.aws_apigatewayv2_api.main",
            "module.apigateway.aws_apigatewayv2_stage.dev",
            "module.apigateway.aws_cloudwatch_log_group.main_api_gw",
            "module.apigateway.data.aws_caller_identity.current",
            "module.apigateway.data.aws_region.current",
            "module.apigateway_resource_authorization.aws_apigatewayv2_authorizer.header_based_authorizer",
            "module.apigateway_resource_authorization.aws_cloudwatch_log_group.html_loggroup_lambda_authorizer",
            "module.apigateway_resource_authorization.aws_iam_policy.dynamodb_lambda_policy_authorizer",
            "module.apigateway_resource_authorization.aws_iam_role.lambda_role_authorizer",
            "module.apigateway_resource_authorization.aws_iam_role_policy_attachment.lambda_attachements",
            "module.apigateway_resource_authorization.aws_iam_role_policy_attachment.lambda_role_policy_authorizer",
            "module.apigateway_resource_authorization.aws_lambda_function.html_lambda_authorizer",
            "module.apigateway_resource_authorization.aws_lambda_permission.allow_api_gw_invoke_authorizer",
            "module.apigateway_resource_authorization.data.archive_file.lambda_package_authorizer",
            "module.apigateway_resource_authorization.data.aws_apigatewayv2_api.selected",
            "module.apigateway_resource_authorization.data.aws_caller_identity.current",
            "module.apigateway_resource_authorization.data.aws_iam_policy_document.lambda_policy_document_authorizer",
            "module.apigateway_resource_authorization.data.aws_region.current",
            "module.tables_dynamodb.aws_dynamodb_table.tbl_customers",
            "module.tables_dynamodb.aws_dynamodb_table.tbl_employees",
            "module.tables_dynamodb.aws_dynamodb_table.tbl_inventories",
            "module.tables_dynamodb.aws_dynamodb_table.tbl_suppliers",
            "module.tables_dynamodb.aws_dynamodb_table.tbl_token",
            "module.tables_dynamodb.aws_dynamodb_table.tbl_transaction_history",
            "module.tables_dynamodb.aws_dynamodb_table.tbl_users"
          ]
        }
      ]
    },
    {
      "module": "module.apigateway_resource_employees",
      "mode": "managed",
      "type": "aws_iam_role",
      "name": "lambda_role_employees_delete_by_id",
      "provider": "provider[\"registry.terraform.io/hashicorp/aws\"]",
      "instances": [
        {
          "schema_version": 0,
          "attributes": {
            "arn": "arn:aws:iam::233925838033:role/role-celeste-employees-delete-by-id-dev",
            "assume_role_policy": "{\"Statement\":[{\"Action\":\"sts:AssumeRole\",\"Effect\":\"Allow\",\"Principal\":{\"Service\":\"lambda.amazonaws.com\"}}],\"Version\":\"2012-10-17\"}",
            "create_date": "2025-03-06T21:18:37Z",
            "description": "",
            "force_detach_policies": false,
            "id": "role-celeste-employees-delete-by-id-dev",
            "inline_policy": [],
            "managed_policy_arns": [
              "arn:aws:iam::233925838033:policy/policy-celeste-employees-delete-by-id-dev",
              "arn:aws:iam::aws:policy/service-role/AWSLambdaBasicExecutionRole"
            ],
            "max_session_duration": 3600,
            "name": "role-celeste-employees-delete-by-id-dev",
            "name_prefix": "",
            "path": "/",
            "permissions_boundary": "",
            "tags": {},
            "tags_all": {
              "iac": "terraform"
            },
            "unique_id": "AROATM5YRATI77BDM2LH5"
          },
          "sensitive_attributes": [],
          "private": "bnVsbA==",
          "dependencies": [
            "module.apigateway.aws_apigatewayv2_api.main",
            "module.apigateway.aws_apigatewayv2_stage.dev",
            "module.apigateway.aws_cloudwatch_log_group.main_api_gw",
            "module.apigateway.data.aws_caller_identity.current",
            "module.apigateway.data.aws_region.current",
            "module.apigateway_resource_authorization.aws_apigatewayv2_authorizer.header_based_authorizer",
            "module.apigateway_resource_authorization.aws_cloudwatch_log_group.html_loggroup_lambda_authorizer",
            "module.apigateway_resource_authorization.aws_iam_policy.dynamodb_lambda_policy_authorizer",
            "module.apigateway_resource_authorization.aws_iam_role.lambda_role_authorizer",
            "module.apigateway_resource_authorization.aws_iam_role_policy_attachment.lambda_attachements",
            "module.apigateway_resource_authorization.aws_iam_role_policy_attachment.lambda_role_policy_authorizer",
            "module.apigateway_resource_authorization.aws_lambda_function.html_lambda_authorizer",
            "module.apigateway_resource_authorization.aws_lambda_permission.allow_api_gw_invoke_authorizer",
            "module.apigateway_resource_authorization.data.archive_file.lambda_package_authorizer",
            "module.apigateway_resource_authorization.data.aws_apigatewayv2_api.selected",
            "module.apigateway_resource_authorization.data.aws_caller_identity.current",
            "module.apigateway_resource_authorization.data.aws_iam_policy_document.lambda_policy_document_authorizer",
            "module.apigateway_resource_authorization.data.aws_region.current",
            "module.tables_dynamodb.aws_dynamodb_table.tbl_customers",
            "module.tables_dynamodb.aws_dynamodb_table.tbl_employees",
            "module.tables_dynamodb.aws_dynamodb_table.tbl_inventories",
            "module.tables_dynamodb.aws_dynamodb_table.tbl_suppliers",
            "module.tables_dynamodb.aws_dynamodb_table.tbl_token",
            "module.tables_dynamodb.aws_dynamodb_table.tbl_transaction_history",
            "module.tables_dynamodb.aws_dynamodb_table.tbl_users"
          ]
        }
      ]
    },
    {
      "module": "module.apigateway_resource_employees",
      "mode": "managed",
      "type": "aws_iam_role",
      "name": "lambda_role_employees_filter",
      "provider": "provider[\"registry.terraform.io/hashicorp/aws\"]",
      "instances": [
        {
          "schema_version": 0,
          "attributes": {
            "arn": "arn:aws:iam::233925838033:role/role-celeste-employees-filter-dev",
            "assume_role_policy": "{\"Statement\":[{\"Action\":\"sts:AssumeRole\",\"Effect\":\"Allow\",\"Principal\":{\"Service\":\"lambda.amazonaws.com\"}}],\"Version\":\"2012-10-17\"}",
            "create_date": "2025-03-06T21:18:37Z",
            "description": "",
            "force_detach_policies": false,
            "id": "role-celeste-employees-filter-dev",
            "inline_policy": [],
            "managed_policy_arns": [
              "arn:aws:iam::233925838033:policy/policy-celeste-employees-filter-dev",
              "arn:aws:iam::aws:policy/service-role/AWSLambdaBasicExecutionRole"
            ],
            "max_session_duration": 3600,
            "name": "role-celeste-employees-filter-dev",
            "name_prefix": "",
            "path": "/",
            "permissions_boundary": "",
            "tags": {},
            "tags_all": {
              "iac": "terraform"
            },
            "unique_id": "AROATM5YRATI3EXF6J2M6"
          },
          "sensitive_attributes": [],
          "private": "bnVsbA==",
          "dependencies": [
            "module.apigateway.aws_apigatewayv2_api.main",
            "module.apigateway.aws_apigatewayv2_stage.dev",
            "module.apigateway.aws_cloudwatch_log_group.main_api_gw",
            "module.apigateway.data.aws_caller_identity.current",
            "module.apigateway.data.aws_region.current",
            "module.apigateway_resource_authorization.aws_apigatewayv2_authorizer.header_based_authorizer",
            "module.apigateway_resource_authorization.aws_cloudwatch_log_group.html_loggroup_lambda_authorizer",
            "module.apigateway_resource_authorization.aws_iam_policy.dynamodb_lambda_policy_authorizer",
            "module.apigateway_resource_authorization.aws_iam_role.lambda_role_authorizer",
            "module.apigateway_resource_authorization.aws_iam_role_policy_attachment.lambda_attachements",
            "module.apigateway_resource_authorization.aws_iam_role_policy_attachment.lambda_role_policy_authorizer",
            "module.apigateway_resource_authorization.aws_lambda_function.html_lambda_authorizer",
            "module.apigateway_resource_authorization.aws_lambda_permission.allow_api_gw_invoke_authorizer",
            "module.apigateway_resource_authorization.data.archive_file.lambda_package_authorizer",
            "module.apigateway_resource_authorization.data.aws_apigatewayv2_api.selected",
            "module.apigateway_resource_authorization.data.aws_caller_identity.current",
            "module.apigateway_resource_authorization.data.aws_iam_policy_document.lambda_policy_document_authorizer",
            "module.apigateway_resource_authorization.data.aws_region.current",
            "module.tables_dynamodb.aws_dynamodb_table.tbl_customers",
            "module.tables_dynamodb.aws_dynamodb_table.tbl_employees",
            "module.tables_dynamodb.aws_dynamodb_table.tbl_inventories",
            "module.tables_dynamodb.aws_dynamodb_table.tbl_suppliers",
            "module.tables_dynamodb.aws_dynamodb_table.tbl_token",
            "module.tables_dynamodb.aws_dynamodb_table.tbl_transaction_history",
            "module.tables_dynamodb.aws_dynamodb_table.tbl_users"
          ]
        }
      ]
    },
    {
      "module": "module.apigateway_resource_employees",
      "mode": "managed",
      "type": "aws_iam_role",
      "name": "lambda_role_employees_update",
      "provider": "provider[\"registry.terraform.io/hashicorp/aws\"]",
      "instances": [
        {
          "schema_version": 0,
          "attributes": {
            "arn": "arn:aws:iam::233925838033:role/role-celeste-employees-update-dev",
            "assume_role_policy": "{\"Statement\":[{\"Action\":\"sts:AssumeRole\",\"Effect\":\"Allow\",\"Principal\":{\"Service\":\"lambda.amazonaws.com\"}}],\"Version\":\"2012-10-17\"}",
            "create_date": "2025-03-06T21:18:37Z",
            "description": "",
            "force_detach_policies": false,
            "id": "role-celeste-employees-update-dev",
            "inline_policy": [],
            "managed_policy_arns": [
              "arn:aws:iam::233925838033:policy/policy-celeste-employees-update-dev",
              "arn:aws:iam::aws:policy/service-role/AWSLambdaBasicExecutionRole"
            ],
            "max_session_duration": 3600,
            "name": "role-celeste-employees-update-dev",
            "name_prefix": "",
            "path": "/",
            "permissions_boundary": "",
            "tags": {},
            "tags_all": {
              "iac": "terraform"
            },
            "unique_id": "AROATM5YRATI267UD3HCQ"
          },
          "sensitive_attributes": [],
          "private": "bnVsbA==",
          "dependencies": [
            "module.apigateway.aws_apigatewayv2_api.main",
            "module.apigateway.aws_apigatewayv2_stage.dev",
            "module.apigateway.aws_cloudwatch_log_group.main_api_gw",
            "module.apigateway.data.aws_caller_identity.current",
            "module.apigateway.data.aws_region.current",
            "module.apigateway_resource_authorization.aws_apigatewayv2_authorizer.header_based_authorizer",
            "module.apigateway_resource_authorization.aws_cloudwatch_log_group.html_loggroup_lambda_authorizer",
            "module.apigateway_resource_authorization.aws_iam_policy.dynamodb_lambda_policy_authorizer",
            "module.apigateway_resource_authorization.aws_iam_role.lambda_role_authorizer",
            "module.apigateway_resource_authorization.aws_iam_role_policy_attachment.lambda_attachements",
            "module.apigateway_resource_authorization.aws_iam_role_policy_attachment.lambda_role_policy_authorizer",
            "module.apigateway_resource_authorization.aws_lambda_function.html_lambda_authorizer",
            "module.apigateway_resource_authorization.aws_lambda_permission.allow_api_gw_invoke_authorizer",
            "module.apigateway_resource_authorization.data.archive_file.lambda_package_authorizer",
            "module.apigateway_resource_authorization.data.aws_apigatewayv2_api.selected",
            "module.apigateway_resource_authorization.data.aws_caller_identity.current",
            "module.apigateway_resource_authorization.data.aws_iam_policy_document.lambda_policy_document_authorizer",
            "module.apigateway_resource_authorization.data.aws_region.current",
            "module.tables_dynamodb.aws_dynamodb_table.tbl_customers",
            "module.tables_dynamodb.aws_dynamodb_table.tbl_employees",
            "module.tables_dynamodb.aws_dynamodb_table.tbl_inventories",
            "module.tables_dynamodb.aws_dynamodb_table.tbl_suppliers",
            "module.tables_dynamodb.aws_dynamodb_table.tbl_token",
            "module.tables_dynamodb.aws_dynamodb_table.tbl_transaction_history",
            "module.tables_dynamodb.aws_dynamodb_table.tbl_users"
          ]
        }
      ]
    },
    {
      "module": "module.apigateway_resource_employees",
      "mode": "managed",
      "type": "aws_iam_role_policy_attachment",
      "name": "lambda_attachements_employees_create",
      "provider": "provider[\"registry.terraform.io/hashicorp/aws\"]",
      "instances": [
        {
          "schema_version": 0,
          "attributes": {
            "id": "role-celeste-employees-create-dev-2025030621184007340000000d",
            "policy_arn": "arn:aws:iam::233925838033:policy/policy-celeste-employees-create-dev",
            "role": "role-celeste-employees-create-dev"
          },
          "sensitive_attributes": [],
          "private": "bnVsbA==",
          "dependencies": [
            "module.apigateway.aws_apigatewayv2_api.main",
            "module.apigateway.aws_apigatewayv2_stage.dev",
            "module.apigateway.aws_cloudwatch_log_group.main_api_gw",
            "module.apigateway.data.aws_caller_identity.current",
            "module.apigateway.data.aws_region.current",
            "module.apigateway_resource_authorization.aws_apigatewayv2_authorizer.header_based_authorizer",
            "module.apigateway_resource_authorization.aws_cloudwatch_log_group.html_loggroup_lambda_authorizer",
            "module.apigateway_resource_authorization.aws_iam_policy.dynamodb_lambda_policy_authorizer",
            "module.apigateway_resource_authorization.aws_iam_role.lambda_role_authorizer",
            "module.apigateway_resource_authorization.aws_iam_role_policy_attachment.lambda_attachements",
            "module.apigateway_resource_authorization.aws_iam_role_policy_attachment.lambda_role_policy_authorizer",
            "module.apigateway_resource_authorization.aws_lambda_function.html_lambda_authorizer",
            "module.apigateway_resource_authorization.aws_lambda_permission.allow_api_gw_invoke_authorizer",
            "module.apigateway_resource_authorization.data.archive_file.lambda_package_authorizer",
            "module.apigateway_resource_authorization.data.aws_apigatewayv2_api.selected",
            "module.apigateway_resource_authorization.data.aws_caller_identity.current",
            "module.apigateway_resource_authorization.data.aws_iam_policy_document.lambda_policy_document_authorizer",
            "module.apigateway_resource_authorization.data.aws_region.current",
            "module.apigateway_resource_employees.aws_iam_policy.dynamodb_lambda_policy_employees_create",
            "module.apigateway_resource_employees.aws_iam_role.lambda_role_employees_create",
            "module.apigateway_resource_employees.data.aws_caller_identity.current",
            "module.apigateway_resource_employees.data.aws_iam_policy_document.lambda_policy_document_employees_create",
            "module.apigateway_resource_employees.data.aws_region.current",
            "module.tables_dynamodb.aws_dynamodb_table.tbl_customers",
            "module.tables_dynamodb.aws_dynamodb_table.tbl_employees",
            "module.tables_dynamodb.aws_dynamodb_table.tbl_inventories",
            "module.tables_dynamodb.aws_dynamodb_table.tbl_suppliers",
            "module.tables_dynamodb.aws_dynamodb_table.tbl_token",
            "module.tables_dynamodb.aws_dynamodb_table.tbl_transaction_history",
            "module.tables_dynamodb.aws_dynamodb_table.tbl_users"
          ]
        }
      ]
    },
    {
      "module": "module.apigateway_resource_employees",
      "mode": "managed",
      "type": "aws_iam_role_policy_attachment",
      "name": "lambda_attachements_employees_delete",
      "provider": "provider[\"registry.terraform.io/hashicorp/aws\"]",
      "instances": [
        {
          "schema_version": 0,
          "attributes": {
            "id": "role-celeste-employees-delete-by-id-dev-2025030621184068650000000f",
            "policy_arn": "arn:aws:iam::233925838033:policy/policy-celeste-employees-delete-by-id-dev",
            "role": "role-celeste-employees-delete-by-id-dev"
          },
          "sensitive_attributes": [],
          "private": "bnVsbA==",
          "dependencies": [
            "module.apigateway.aws_apigatewayv2_api.main",
            "module.apigateway.aws_apigatewayv2_stage.dev",
            "module.apigateway.aws_cloudwatch_log_group.main_api_gw",
            "module.apigateway.data.aws_caller_identity.current",
            "module.apigateway.data.aws_region.current",
            "module.apigateway_resource_authorization.aws_apigatewayv2_authorizer.header_based_authorizer",
            "module.apigateway_resource_authorization.aws_cloudwatch_log_group.html_loggroup_lambda_authorizer",
            "module.apigateway_resource_authorization.aws_iam_policy.dynamodb_lambda_policy_authorizer",
            "module.apigateway_resource_authorization.aws_iam_role.lambda_role_authorizer",
            "module.apigateway_resource_authorization.aws_iam_role_policy_attachment.lambda_attachements",
            "module.apigateway_resource_authorization.aws_iam_role_policy_attachment.lambda_role_policy_authorizer",
            "module.apigateway_resource_authorization.aws_lambda_function.html_lambda_authorizer",
            "module.apigateway_resource_authorization.aws_lambda_permission.allow_api_gw_invoke_authorizer",
            "module.apigateway_resource_authorization.data.archive_file.lambda_package_authorizer",
            "module.apigateway_resource_authorization.data.aws_apigatewayv2_api.selected",
            "module.apigateway_resource_authorization.data.aws_caller_identity.current",
            "module.apigateway_resource_authorization.data.aws_iam_policy_document.lambda_policy_document_authorizer",
            "module.apigateway_resource_authorization.data.aws_region.current",
            "module.apigateway_resource_employees.aws_iam_policy.dynamodb_lambda_policy_employees_delete_by_id",
            "module.apigateway_resource_employees.aws_iam_role.lambda_role_employees_delete_by_id",
            "module.apigateway_resource_employees.data.aws_caller_identity.current",
            "module.apigateway_resource_employees.data.aws_iam_policy_document.lambda_policy_document_employees_delete_by_id",
            "module.apigateway_resource_employees.data.aws_region.current",
            "module.tables_dynamodb.aws_dynamodb_table.tbl_customers",
            "module.tables_dynamodb.aws_dynamodb_table.tbl_employees",
            "module.tables_dynamodb.aws_dynamodb_table.tbl_inventories",
            "module.tables_dynamodb.aws_dynamodb_table.tbl_suppliers",
            "module.tables_dynamodb.aws_dynamodb_table.tbl_token",
            "module.tables_dynamodb.aws_dynamodb_table.tbl_transaction_history",
            "module.tables_dynamodb.aws_dynamodb_table.tbl_users"
          ]
        }
      ]
    },
    {
      "module": "module.apigateway_resource_employees",
      "mode": "managed",
      "type": "aws_iam_role_policy_attachment",
      "name": "lambda_attachements_employees_filter",
      "provider": "provider[\"registry.terraform.io/hashicorp/aws\"]",
      "instances": [
        {
          "schema_version": 0,
          "attributes": {
            "id": "role-celeste-employees-filter-dev-20250306211841305600000011",
            "policy_arn": "arn:aws:iam::233925838033:policy/policy-celeste-employees-filter-dev",
            "role": "role-celeste-employees-filter-dev"
          },
          "sensitive_attributes": [],
          "private": "bnVsbA==",
          "dependencies": [
            "module.apigateway.aws_apigatewayv2_api.main",
            "module.apigateway.aws_apigatewayv2_stage.dev",
            "module.apigateway.aws_cloudwatch_log_group.main_api_gw",
            "module.apigateway.data.aws_caller_identity.current",
            "module.apigateway.data.aws_region.current",
            "module.apigateway_resource_authorization.aws_apigatewayv2_authorizer.header_based_authorizer",
            "module.apigateway_resource_authorization.aws_cloudwatch_log_group.html_loggroup_lambda_authorizer",
            "module.apigateway_resource_authorization.aws_iam_policy.dynamodb_lambda_policy_authorizer",
            "module.apigateway_resource_authorization.aws_iam_role.lambda_role_authorizer",
            "module.apigateway_resource_authorization.aws_iam_role_policy_attachment.lambda_attachements",
            "module.apigateway_resource_authorization.aws_iam_role_policy_attachment.lambda_role_policy_authorizer",
            "module.apigateway_resource_authorization.aws_lambda_function.html_lambda_authorizer",
            "module.apigateway_resource_authorization.aws_lambda_permission.allow_api_gw_invoke_authorizer",
            "module.apigateway_resource_authorization.data.archive_file.lambda_package_authorizer",
            "module.apigateway_resource_authorization.data.aws_apigatewayv2_api.selected",
            "module.apigateway_resource_authorization.data.aws_caller_identity.current",
            "module.apigateway_resource_authorization.data.aws_iam_policy_document.lambda_policy_document_authorizer",
            "module.apigateway_resource_authorization.data.aws_region.current",
            "module.apigateway_resource_employees.aws_iam_policy.dynamodb_lambda_policy_employees_filter",
            "module.apigateway_resource_employees.aws_iam_role.lambda_role_employees_filter",
            "module.apigateway_resource_employees.data.aws_caller_identity.current",
            "module.apigateway_resource_employees.data.aws_iam_policy_document.lambda_policy_document_employees_filter",
            "module.apigateway_resource_employees.data.aws_region.current",
            "module.tables_dynamodb.aws_dynamodb_table.tbl_customers",
            "module.tables_dynamodb.aws_dynamodb_table.tbl_employees",
            "module.tables_dynamodb.aws_dynamodb_table.tbl_inventories",
            "module.tables_dynamodb.aws_dynamodb_table.tbl_suppliers",
            "module.tables_dynamodb.aws_dynamodb_table.tbl_token",
            "module.tables_dynamodb.aws_dynamodb_table.tbl_transaction_history",
            "module.tables_dynamodb.aws_dynamodb_table.tbl_users"
          ]
        }
      ]
    },
    {
      "module": "module.apigateway_resource_employees",
      "mode": "managed",
      "type": "aws_iam_role_policy_attachment",
      "name": "lambda_attachements_employees_update",
      "provider": "provider[\"registry.terraform.io/hashicorp/aws\"]",
      "instances": [
        {
          "schema_version": 0,
          "attributes": {
            "id": "role-celeste-employees-update-dev-2025030621184038990000000e",
            "policy_arn": "arn:aws:iam::233925838033:policy/policy-celeste-employees-update-dev",
            "role": "role-celeste-employees-update-dev"
          },
          "sensitive_attributes": [],
          "private": "bnVsbA==",
          "dependencies": [
            "module.apigateway.aws_apigatewayv2_api.main",
            "module.apigateway.aws_apigatewayv2_stage.dev",
            "module.apigateway.aws_cloudwatch_log_group.main_api_gw",
            "module.apigateway.data.aws_caller_identity.current",
            "module.apigateway.data.aws_region.current",
            "module.apigateway_resource_authorization.aws_apigatewayv2_authorizer.header_based_authorizer",
            "module.apigateway_resource_authorization.aws_cloudwatch_log_group.html_loggroup_lambda_authorizer",
            "module.apigateway_resource_authorization.aws_iam_policy.dynamodb_lambda_policy_authorizer",
            "module.apigateway_resource_authorization.aws_iam_role.lambda_role_authorizer",
            "module.apigateway_resource_authorization.aws_iam_role_policy_attachment.lambda_attachements",
            "module.apigateway_resource_authorization.aws_iam_role_policy_attachment.lambda_role_policy_authorizer",
            "module.apigateway_resource_authorization.aws_lambda_function.html_lambda_authorizer",
            "module.apigateway_resource_authorization.aws_lambda_permission.allow_api_gw_invoke_authorizer",
            "module.apigateway_resource_authorization.data.archive_file.lambda_package_authorizer",
            "module.apigateway_resource_authorization.data.aws_apigatewayv2_api.selected",
            "module.apigateway_resource_authorization.data.aws_caller_identity.current",
            "module.apigateway_resource_authorization.data.aws_iam_policy_document.lambda_policy_document_authorizer",
            "module.apigateway_resource_authorization.data.aws_region.current",
            "module.apigateway_resource_employees.aws_iam_policy.dynamodb_lambda_policy_employees_update",
            "module.apigateway_resource_employees.aws_iam_role.lambda_role_employees_update",
            "module.apigateway_resource_employees.data.aws_caller_identity.current",
            "module.apigateway_resource_employees.data.aws_iam_policy_document.lambda_policy_document_employees_update",
            "module.apigateway_resource_employees.data.aws_region.current",
            "module.tables_dynamodb.aws_dynamodb_table.tbl_customers",
            "module.tables_dynamodb.aws_dynamodb_table.tbl_employees",
            "module.tables_dynamodb.aws_dynamodb_table.tbl_inventories",
            "module.tables_dynamodb.aws_dynamodb_table.tbl_suppliers",
            "module.tables_dynamodb.aws_dynamodb_table.tbl_token",
            "module.tables_dynamodb.aws_dynamodb_table.tbl_transaction_history",
            "module.tables_dynamodb.aws_dynamodb_table.tbl_users"
          ]
        }
      ]
    },
    {
      "module": "module.apigateway_resource_employees",
      "mode": "managed",
      "type": "aws_iam_role_policy_attachment",
      "name": "lambda_role_policy_employees_create",
      "provider": "provider[\"registry.terraform.io/hashicorp/aws\"]",
      "instances": [
        {
          "schema_version": 0,
          "attributes": {
            "id": "role-celeste-employees-create-dev-2025030621183926920000000a",
            "policy_arn": "arn:aws:iam::aws:policy/service-role/AWSLambdaBasicExecutionRole",
            "role": "role-celeste-employees-create-dev"
          },
          "sensitive_attributes": [],
          "private": "bnVsbA==",
          "dependencies": [
            "module.apigateway.aws_apigatewayv2_api.main",
            "module.apigateway.aws_apigatewayv2_stage.dev",
            "module.apigateway.aws_cloudwatch_log_group.main_api_gw",
            "module.apigateway.data.aws_caller_identity.current",
            "module.apigateway.data.aws_region.current",
            "module.apigateway_resource_authorization.aws_apigatewayv2_authorizer.header_based_authorizer",
            "module.apigateway_resource_authorization.aws_cloudwatch_log_group.html_loggroup_lambda_authorizer",
            "module.apigateway_resource_authorization.aws_iam_policy.dynamodb_lambda_policy_authorizer",
            "module.apigateway_resource_authorization.aws_iam_role.lambda_role_authorizer",
            "module.apigateway_resource_authorization.aws_iam_role_policy_attachment.lambda_attachements",
            "module.apigateway_resource_authorization.aws_iam_role_policy_attachment.lambda_role_policy_authorizer",
            "module.apigateway_resource_authorization.aws_lambda_function.html_lambda_authorizer",
            "module.apigateway_resource_authorization.aws_lambda_permission.allow_api_gw_invoke_authorizer",
            "module.apigateway_resource_authorization.data.archive_file.lambda_package_authorizer",
            "module.apigateway_resource_authorization.data.aws_apigatewayv2_api.selected",
            "module.apigateway_resource_authorization.data.aws_caller_identity.current",
            "module.apigateway_resource_authorization.data.aws_iam_policy_document.lambda_policy_document_authorizer",
            "module.apigateway_resource_authorization.data.aws_region.current",
            "module.apigateway_resource_employees.aws_iam_role.lambda_role_employees_create",
            "module.tables_dynamodb.aws_dynamodb_table.tbl_customers",
            "module.tables_dynamodb.aws_dynamodb_table.tbl_employees",
            "module.tables_dynamodb.aws_dynamodb_table.tbl_inventories",
            "module.tables_dynamodb.aws_dynamodb_table.tbl_suppliers",
            "module.tables_dynamodb.aws_dynamodb_table.tbl_token",
            "module.tables_dynamodb.aws_dynamodb_table.tbl_transaction_history",
            "module.tables_dynamodb.aws_dynamodb_table.tbl_users"
          ]
        }
      ]
    },
    {
      "module": "module.apigateway_resource_employees",
      "mode": "managed",
      "type": "aws_iam_role_policy_attachment",
      "name": "lambda_role_policy_employees_delete_by_id",
      "provider": "provider[\"registry.terraform.io/hashicorp/aws\"]",
      "instances": [
        {
          "schema_version": 0,
          "attributes": {
            "id": "role-celeste-employees-delete-by-id-dev-2025030621183945760000000b",
            "policy_arn": "arn:aws:iam::aws:policy/service-role/AWSLambdaBasicExecutionRole",
            "role": "role-celeste-employees-delete-by-id-dev"
          },
          "sensitive_attributes": [],
          "private": "bnVsbA==",
          "dependencies": [
            "module.apigateway.aws_apigatewayv2_api.main",
            "module.apigateway.aws_apigatewayv2_stage.dev",
            "module.apigateway.aws_cloudwatch_log_group.main_api_gw",
            "module.apigateway.data.aws_caller_identity.current",
            "module.apigateway.data.aws_region.current",
            "module.apigateway_resource_authorization.aws_apigatewayv2_authorizer.header_based_authorizer",
            "module.apigateway_resource_authorization.aws_cloudwatch_log_group.html_loggroup_lambda_authorizer",
            "module.apigateway_resource_authorization.aws_iam_policy.dynamodb_lambda_policy_authorizer",
            "module.apigateway_resource_authorization.aws_iam_role.lambda_role_authorizer",
            "module.apigateway_resource_authorization.aws_iam_role_policy_attachment.lambda_attachements",
            "module.apigateway_resource_authorization.aws_iam_role_policy_attachment.lambda_role_policy_authorizer",
            "module.apigateway_resource_authorization.aws_lambda_function.html_lambda_authorizer",
            "module.apigateway_resource_authorization.aws_lambda_permission.allow_api_gw_invoke_authorizer",
            "module.apigateway_resource_authorization.data.archive_file.lambda_package_authorizer",
            "module.apigateway_resource_authorization.data.aws_apigatewayv2_api.selected",
            "module.apigateway_resource_authorization.data.aws_caller_identity.current",
            "module.apigateway_resource_authorization.data.aws_iam_policy_document.lambda_policy_document_authorizer",
            "module.apigateway_resource_authorization.data.aws_region.current",
            "module.apigateway_resource_employees.aws_iam_role.lambda_role_employees_delete_by_id",
            "module.tables_dynamodb.aws_dynamodb_table.tbl_customers",
            "module.tables_dynamodb.aws_dynamodb_table.tbl_employees",
            "module.tables_dynamodb.aws_dynamodb_table.tbl_inventories",
            "module.tables_dynamodb.aws_dynamodb_table.tbl_suppliers",
            "module.tables_dynamodb.aws_dynamodb_table.tbl_token",
            "module.tables_dynamodb.aws_dynamodb_table.tbl_transaction_history",
            "module.tables_dynamodb.aws_dynamodb_table.tbl_users"
          ]
        }
      ]
    },
    {
      "module": "module.apigateway_resource_employees",
      "mode": "managed",
      "type": "aws_iam_role_policy_attachment",
      "name": "lambda_role_policy_employees_filter",
      "provider": "provider[\"registry.terraform.io/hashicorp/aws\"]",
      "instances": [
        {
          "schema_version": 0,
          "attributes": {
            "id": "role-celeste-employees-filter-dev-20250306211838824800000006",
            "policy_arn": "arn:aws:iam::aws:policy/service-role/AWSLambdaBasicExecutionRole",
            "role": "role-celeste-employees-filter-dev"
          },
          "sensitive_attributes": [],
          "private": "bnVsbA==",
          "dependencies": [
            "module.apigateway.aws_apigatewayv2_api.main",
            "module.apigateway.aws_apigatewayv2_stage.dev",
            "module.apigateway.aws_cloudwatch_log_group.main_api_gw",
            "module.apigateway.data.aws_caller_identity.current",
            "module.apigateway.data.aws_region.current",
            "module.apigateway_resource_authorization.aws_apigatewayv2_authorizer.header_based_authorizer",
            "module.apigateway_resource_authorization.aws_cloudwatch_log_group.html_loggroup_lambda_authorizer",
            "module.apigateway_resource_authorization.aws_iam_policy.dynamodb_lambda_policy_authorizer",
            "module.apigateway_resource_authorization.aws_iam_role.lambda_role_authorizer",
            "module.apigateway_resource_authorization.aws_iam_role_policy_attachment.lambda_attachements",
            "module.apigateway_resource_authorization.aws_iam_role_policy_attachment.lambda_role_policy_authorizer",
            "module.apigateway_resource_authorization.aws_lambda_function.html_lambda_authorizer",
            "module.apigateway_resource_authorization.aws_lambda_permission.allow_api_gw_invoke_authorizer",
            "module.apigateway_resource_authorization.data.archive_file.lambda_package_authorizer",
            "module.apigateway_resource_authorization.data.aws_apigatewayv2_api.selected",
            "module.apigateway_resource_authorization.data.aws_caller_identity.current",
            "module.apigateway_resource_authorization.data.aws_iam_policy_document.lambda_policy_document_authorizer",
            "module.apigateway_resource_authorization.data.aws_region.current",
            "module.apigateway_resource_employees.aws_iam_role.lambda_role_employees_filter",
            "module.tables_dynamodb.aws_dynamodb_table.tbl_customers",
            "module.tables_dynamodb.aws_dynamodb_table.tbl_employees",
            "module.tables_dynamodb.aws_dynamodb_table.tbl_inventories",
            "module.tables_dynamodb.aws_dynamodb_table.tbl_suppliers",
            "module.tables_dynamodb.aws_dynamodb_table.tbl_token",
            "module.tables_dynamodb.aws_dynamodb_table.tbl_transaction_history",
            "module.tables_dynamodb.aws_dynamodb_table.tbl_users"
          ]
        }
      ]
    },
    {
      "module": "module.apigateway_resource_employees",
      "mode": "managed",
      "type": "aws_iam_role_policy_attachment",
      "name": "lambda_role_policy_employees_update",
      "provider": "provider[\"registry.terraform.io/hashicorp/aws\"]",
      "instances": [
        {
          "schema_version": 0,
          "attributes": {
            "id": "role-celeste-employees-update-dev-20250306211839022200000008",
            "policy_arn": "arn:aws:iam::aws:policy/service-role/AWSLambdaBasicExecutionRole",
            "role": "role-celeste-employees-update-dev"
          },
          "sensitive_attributes": [],
          "private": "bnVsbA==",
          "dependencies": [
            "module.apigateway.aws_apigatewayv2_api.main",
            "module.apigateway.aws_apigatewayv2_stage.dev",
            "module.apigateway.aws_cloudwatch_log_group.main_api_gw",
            "module.apigateway.data.aws_caller_identity.current",
            "module.apigateway.data.aws_region.current",
            "module.apigateway_resource_authorization.aws_apigatewayv2_authorizer.header_based_authorizer",
            "module.apigateway_resource_authorization.aws_cloudwatch_log_group.html_loggroup_lambda_authorizer",
            "module.apigateway_resource_authorization.aws_iam_policy.dynamodb_lambda_policy_authorizer",
            "module.apigateway_resource_authorization.aws_iam_role.lambda_role_authorizer",
            "module.apigateway_resource_authorization.aws_iam_role_policy_attachment.lambda_attachements",
            "module.apigateway_resource_authorization.aws_iam_role_policy_attachment.lambda_role_policy_authorizer",
            "module.apigateway_resource_authorization.aws_lambda_function.html_lambda_authorizer",
            "module.apigateway_resource_authorization.aws_lambda_permission.allow_api_gw_invoke_authorizer",
            "module.apigateway_resource_authorization.data.archive_file.lambda_package_authorizer",
            "module.apigateway_resource_authorization.data.aws_apigatewayv2_api.selected",
            "module.apigateway_resource_authorization.data.aws_caller_identity.current",
            "module.apigateway_resource_authorization.data.aws_iam_policy_document.lambda_policy_document_authorizer",
            "module.apigateway_resource_authorization.data.aws_region.current",
            "module.apigateway_resource_employees.aws_iam_role.lambda_role_employees_update",
            "module.tables_dynamodb.aws_dynamodb_table.tbl_customers",
            "module.tables_dynamodb.aws_dynamodb_table.tbl_employees",
            "module.tables_dynamodb.aws_dynamodb_table.tbl_inventories",
            "module.tables_dynamodb.aws_dynamodb_table.tbl_suppliers",
            "module.tables_dynamodb.aws_dynamodb_table.tbl_token",
            "module.tables_dynamodb.aws_dynamodb_table.tbl_transaction_history",
            "module.tables_dynamodb.aws_dynamodb_table.tbl_users"
          ]
        }
      ]
    },
    {
      "module": "module.apigateway_resource_employees",
      "mode": "managed",
      "type": "aws_lambda_function",
      "name": "html_lambda_employees_create",
      "provider": "provider[\"registry.terraform.io/hashicorp/aws\"]",
      "instances": [
        {
          "schema_version": 0,
          "attributes": {
            "architectures": [
              "arm64"
            ],
            "arn": "arn:aws:lambda:us-east-1:233925838033:function:lmb-celeste-employees-create-dev",
            "code_sha256": "3KfSbocIA/lS8R/LLwaU4zdSEQh0OJTSkRTtBi4IRkY=",
            "code_signing_config_arn": "",
            "dead_letter_config": [],
            "description": "",
            "environment": [],
            "ephemeral_storage": [
              {
                "size": 512
              }
            ],
            "file_system_config": [],
            "filename": "./resources/core/employees-create/index.zip",
            "function_name": "lmb-celeste-employees-create-dev",
            "handler": "index.handler",
            "id": "lmb-celeste-employees-create-dev",
            "image_config": [],
            "image_uri": "",
            "invoke_arn": "arn:aws:apigateway:us-east-1:lambda:path/2015-03-31/functions/arn:aws:lambda:us-east-1:233925838033:function:lmb-celeste-employees-create-dev/invocations",
            "kms_key_arn": "",
            "last_modified": "2025-03-14T20:09:13.000+0000",
            "layers": [],
            "logging_config": [
              {
                "application_log_level": "",
                "log_format": "Text",
                "log_group": "/aws/lambda/lmb-celeste-employees-create-dev",
                "system_log_level": ""
              }
            ],
            "memory_size": 128,
            "package_type": "Zip",
            "publish": false,
            "qualified_arn": "arn:aws:lambda:us-east-1:233925838033:function:lmb-celeste-employees-create-dev:$LATEST",
            "qualified_invoke_arn": "arn:aws:apigateway:us-east-1:lambda:path/2015-03-31/functions/arn:aws:lambda:us-east-1:233925838033:function:lmb-celeste-employees-create-dev:$LATEST/invocations",
            "replace_security_groups_on_destroy": null,
            "replacement_security_group_ids": null,
            "reserved_concurrent_executions": -1,
            "role": "arn:aws:iam::233925838033:role/role-celeste-employees-create-dev",
            "runtime": "nodejs22.x",
            "s3_bucket": null,
            "s3_key": null,
            "s3_object_version": null,
            "signing_job_arn": "",
            "signing_profile_version_arn": "",
            "skip_destroy": false,
            "snap_start": [],
            "source_code_hash": "3KfSbocIA/lS8R/LLwaU4zdSEQh0OJTSkRTtBi4IRkY=",
            "source_code_size": 362104,
            "tags": {
              "app_name": "celeste",
              "env": "dev"
            },
            "tags_all": {
              "app_name": "celeste",
              "env": "dev",
              "iac": "terraform"
            },
            "timeout": 30,
            "timeouts": null,
            "tracing_config": [
              {
                "mode": "PassThrough"
              }
            ],
            "version": "$LATEST",
            "vpc_config": []
          },
          "sensitive_attributes": [],
          "private": "eyJlMmJmYjczMC1lY2FhLTExZTYtOGY4OC0zNDM2M2JjN2M0YzAiOnsiY3JlYXRlIjo2MDAwMDAwMDAwMDAsImRlbGV0ZSI6NjAwMDAwMDAwMDAwLCJ1cGRhdGUiOjYwMDAwMDAwMDAwMH19",
          "dependencies": [
            "module.apigateway.aws_apigatewayv2_api.main",
            "module.apigateway.aws_apigatewayv2_stage.dev",
            "module.apigateway.aws_cloudwatch_log_group.main_api_gw",
            "module.apigateway.data.aws_caller_identity.current",
            "module.apigateway.data.aws_region.current",
            "module.apigateway_resource_authorization.aws_apigatewayv2_authorizer.header_based_authorizer",
            "module.apigateway_resource_authorization.aws_cloudwatch_log_group.html_loggroup_lambda_authorizer",
            "module.apigateway_resource_authorization.aws_iam_policy.dynamodb_lambda_policy_authorizer",
            "module.apigateway_resource_authorization.aws_iam_role.lambda_role_authorizer",
            "module.apigateway_resource_authorization.aws_iam_role_policy_attachment.lambda_attachements",
            "module.apigateway_resource_authorization.aws_iam_role_policy_attachment.lambda_role_policy_authorizer",
            "module.apigateway_resource_authorization.aws_lambda_function.html_lambda_authorizer",
            "module.apigateway_resource_authorization.aws_lambda_permission.allow_api_gw_invoke_authorizer",
            "module.apigateway_resource_authorization.data.archive_file.lambda_package_authorizer",
            "module.apigateway_resource_authorization.data.aws_apigatewayv2_api.selected",
            "module.apigateway_resource_authorization.data.aws_caller_identity.current",
            "module.apigateway_resource_authorization.data.aws_iam_policy_document.lambda_policy_document_authorizer",
            "module.apigateway_resource_authorization.data.aws_region.current",
            "module.apigateway_resource_employees.aws_iam_role.lambda_role_employees_create",
            "module.apigateway_resource_employees.data.archive_file.lambda_package_employees_create",
            "module.tables_dynamodb.aws_dynamodb_table.tbl_customers",
            "module.tables_dynamodb.aws_dynamodb_table.tbl_employees",
            "module.tables_dynamodb.aws_dynamodb_table.tbl_inventories",
            "module.tables_dynamodb.aws_dynamodb_table.tbl_suppliers",
            "module.tables_dynamodb.aws_dynamodb_table.tbl_token",
            "module.tables_dynamodb.aws_dynamodb_table.tbl_transaction_history",
            "module.tables_dynamodb.aws_dynamodb_table.tbl_users"
          ]
        }
      ]
    },
    {
      "module": "module.apigateway_resource_employees",
      "mode": "managed",
      "type": "aws_lambda_function",
      "name": "html_lambda_employees_delete_by_id",
      "provider": "provider[\"registry.terraform.io/hashicorp/aws\"]",
      "instances": [
        {
          "schema_version": 0,
          "attributes": {
            "architectures": [
              "arm64"
            ],
            "arn": "arn:aws:lambda:us-east-1:233925838033:function:lmb-celeste-employees-delete-by-id-dev",
            "code_sha256": "mVgbKv8X0ed7edPsIDP9EEvCXBZDOS6HFbbZcYsdOvI=",
            "code_signing_config_arn": "",
            "dead_letter_config": [],
            "description": "",
            "environment": [],
            "ephemeral_storage": [
              {
                "size": 512
              }
            ],
            "file_system_config": [],
            "filename": "./resources/core/employees-delete-by-id/index.zip",
            "function_name": "lmb-celeste-employees-delete-by-id-dev",
            "handler": "index.handler",
            "id": "lmb-celeste-employees-delete-by-id-dev",
            "image_config": [],
            "image_uri": "",
            "invoke_arn": "arn:aws:apigateway:us-east-1:lambda:path/2015-03-31/functions/arn:aws:lambda:us-east-1:233925838033:function:lmb-celeste-employees-delete-by-id-dev/invocations",
            "kms_key_arn": "",
            "last_modified": "2025-03-14T20:09:26.000+0000",
            "layers": [],
            "logging_config": [
              {
                "application_log_level": "",
                "log_format": "Text",
                "log_group": "/aws/lambda/lmb-celeste-employees-delete-by-id-dev",
                "system_log_level": ""
              }
            ],
            "memory_size": 128,
            "package_type": "Zip",
            "publish": false,
            "qualified_arn": "arn:aws:lambda:us-east-1:233925838033:function:lmb-celeste-employees-delete-by-id-dev:$LATEST",
            "qualified_invoke_arn": "arn:aws:apigateway:us-east-1:lambda:path/2015-03-31/functions/arn:aws:lambda:us-east-1:233925838033:function:lmb-celeste-employees-delete-by-id-dev:$LATEST/invocations",
            "replace_security_groups_on_destroy": null,
            "replacement_security_group_ids": null,
            "reserved_concurrent_executions": -1,
            "role": "arn:aws:iam::233925838033:role/role-celeste-employees-delete-by-id-dev",
            "runtime": "nodejs22.x",
            "s3_bucket": null,
            "s3_key": null,
            "s3_object_version": null,
            "signing_job_arn": "",
            "signing_profile_version_arn": "",
            "skip_destroy": false,
            "snap_start": [],
            "source_code_hash": "mVgbKv8X0ed7edPsIDP9EEvCXBZDOS6HFbbZcYsdOvI=",
            "source_code_size": 361290,
            "tags": {
              "app_name": "celeste",
              "env": "dev"
            },
            "tags_all": {
              "app_name": "celeste",
              "env": "dev",
              "iac": "terraform"
            },
            "timeout": 30,
            "timeouts": null,
            "tracing_config": [
              {
                "mode": "PassThrough"
              }
            ],
            "version": "$LATEST",
            "vpc_config": []
          },
          "sensitive_attributes": [],
          "private": "eyJlMmJmYjczMC1lY2FhLTExZTYtOGY4OC0zNDM2M2JjN2M0YzAiOnsiY3JlYXRlIjo2MDAwMDAwMDAwMDAsImRlbGV0ZSI6NjAwMDAwMDAwMDAwLCJ1cGRhdGUiOjYwMDAwMDAwMDAwMH19",
          "dependencies": [
            "module.apigateway.aws_apigatewayv2_api.main",
            "module.apigateway.aws_apigatewayv2_stage.dev",
            "module.apigateway.aws_cloudwatch_log_group.main_api_gw",
            "module.apigateway.data.aws_caller_identity.current",
            "module.apigateway.data.aws_region.current",
            "module.apigateway_resource_authorization.aws_apigatewayv2_authorizer.header_based_authorizer",
            "module.apigateway_resource_authorization.aws_cloudwatch_log_group.html_loggroup_lambda_authorizer",
            "module.apigateway_resource_authorization.aws_iam_policy.dynamodb_lambda_policy_authorizer",
            "module.apigateway_resource_authorization.aws_iam_role.lambda_role_authorizer",
            "module.apigateway_resource_authorization.aws_iam_role_policy_attachment.lambda_attachements",
            "module.apigateway_resource_authorization.aws_iam_role_policy_attachment.lambda_role_policy_authorizer",
            "module.apigateway_resource_authorization.aws_lambda_function.html_lambda_authorizer",
            "module.apigateway_resource_authorization.aws_lambda_permission.allow_api_gw_invoke_authorizer",
            "module.apigateway_resource_authorization.data.archive_file.lambda_package_authorizer",
            "module.apigateway_resource_authorization.data.aws_apigatewayv2_api.selected",
            "module.apigateway_resource_authorization.data.aws_caller_identity.current",
            "module.apigateway_resource_authorization.data.aws_iam_policy_document.lambda_policy_document_authorizer",
            "module.apigateway_resource_authorization.data.aws_region.current",
            "module.apigateway_resource_employees.aws_iam_role.lambda_role_employees_delete_by_id",
            "module.apigateway_resource_employees.data.archive_file.lambda_package_employees_delete_by_id",
            "module.tables_dynamodb.aws_dynamodb_table.tbl_customers",
            "module.tables_dynamodb.aws_dynamodb_table.tbl_employees",
            "module.tables_dynamodb.aws_dynamodb_table.tbl_inventories",
            "module.tables_dynamodb.aws_dynamodb_table.tbl_suppliers",
            "module.tables_dynamodb.aws_dynamodb_table.tbl_token",
            "module.tables_dynamodb.aws_dynamodb_table.tbl_transaction_history",
            "module.tables_dynamodb.aws_dynamodb_table.tbl_users"
          ]
        }
      ]
    },
    {
      "module": "module.apigateway_resource_employees",
      "mode": "managed",
      "type": "aws_lambda_function",
      "name": "html_lambda_employees_filter",
      "provider": "provider[\"registry.terraform.io/hashicorp/aws\"]",
      "instances": [
        {
          "schema_version": 0,
          "attributes": {
            "architectures": [
              "arm64"
            ],
            "arn": "arn:aws:lambda:us-east-1:233925838033:function:lmb-celeste-employees-filter-dev",
            "code_sha256": "5T0a1omBakv3bXlKReJZTkyBS6MQtKUqRXkCvNIvZcQ=",
            "code_signing_config_arn": "",
            "dead_letter_config": [],
            "description": "",
            "environment": [],
            "ephemeral_storage": [
              {
                "size": 512
              }
            ],
            "file_system_config": [],
            "filename": "./resources/core/employees-filter/index.zip",
            "function_name": "lmb-celeste-employees-filter-dev",
            "handler": "index.handler",
            "id": "lmb-celeste-employees-filter-dev",
            "image_config": [],
            "image_uri": "",
            "invoke_arn": "arn:aws:apigateway:us-east-1:lambda:path/2015-03-31/functions/arn:aws:lambda:us-east-1:233925838033:function:lmb-celeste-employees-filter-dev/invocations",
            "kms_key_arn": "",
            "last_modified": "2025-03-14T20:09:20.000+0000",
            "layers": [],
            "logging_config": [
              {
                "application_log_level": "",
                "log_format": "Text",
                "log_group": "/aws/lambda/lmb-celeste-employees-filter-dev",
                "system_log_level": ""
              }
            ],
            "memory_size": 128,
            "package_type": "Zip",
            "publish": false,
            "qualified_arn": "arn:aws:lambda:us-east-1:233925838033:function:lmb-celeste-employees-filter-dev:$LATEST",
            "qualified_invoke_arn": "arn:aws:apigateway:us-east-1:lambda:path/2015-03-31/functions/arn:aws:lambda:us-east-1:233925838033:function:lmb-celeste-employees-filter-dev:$LATEST/invocations",
            "replace_security_groups_on_destroy": null,
            "replacement_security_group_ids": null,
            "reserved_concurrent_executions": -1,
            "role": "arn:aws:iam::233925838033:role/role-celeste-employees-filter-dev",
            "runtime": "nodejs22.x",
            "s3_bucket": null,
            "s3_key": null,
            "s3_object_version": null,
            "signing_job_arn": "",
            "signing_profile_version_arn": "",
            "skip_destroy": false,
            "snap_start": [],
            "source_code_hash": "5T0a1omBakv3bXlKReJZTkyBS6MQtKUqRXkCvNIvZcQ=",
            "source_code_size": 370531,
            "tags": {
              "app_name": "celeste",
              "env": "dev"
            },
            "tags_all": {
              "app_name": "celeste",
              "env": "dev",
              "iac": "terraform"
            },
            "timeout": 30,
            "timeouts": null,
            "tracing_config": [
              {
                "mode": "PassThrough"
              }
            ],
            "version": "$LATEST",
            "vpc_config": []
          },
          "sensitive_attributes": [],
          "private": "eyJlMmJmYjczMC1lY2FhLTExZTYtOGY4OC0zNDM2M2JjN2M0YzAiOnsiY3JlYXRlIjo2MDAwMDAwMDAwMDAsImRlbGV0ZSI6NjAwMDAwMDAwMDAwLCJ1cGRhdGUiOjYwMDAwMDAwMDAwMH19",
          "dependencies": [
            "module.apigateway.aws_apigatewayv2_api.main",
            "module.apigateway.aws_apigatewayv2_stage.dev",
            "module.apigateway.aws_cloudwatch_log_group.main_api_gw",
            "module.apigateway.data.aws_caller_identity.current",
            "module.apigateway.data.aws_region.current",
            "module.apigateway_resource_authorization.aws_apigatewayv2_authorizer.header_based_authorizer",
            "module.apigateway_resource_authorization.aws_cloudwatch_log_group.html_loggroup_lambda_authorizer",
            "module.apigateway_resource_authorization.aws_iam_policy.dynamodb_lambda_policy_authorizer",
            "module.apigateway_resource_authorization.aws_iam_role.lambda_role_authorizer",
            "module.apigateway_resource_authorization.aws_iam_role_policy_attachment.lambda_attachements",
            "module.apigateway_resource_authorization.aws_iam_role_policy_attachment.lambda_role_policy_authorizer",
            "module.apigateway_resource_authorization.aws_lambda_function.html_lambda_authorizer",
            "module.apigateway_resource_authorization.aws_lambda_permission.allow_api_gw_invoke_authorizer",
            "module.apigateway_resource_authorization.data.archive_file.lambda_package_authorizer",
            "module.apigateway_resource_authorization.data.aws_apigatewayv2_api.selected",
            "module.apigateway_resource_authorization.data.aws_caller_identity.current",
            "module.apigateway_resource_authorization.data.aws_iam_policy_document.lambda_policy_document_authorizer",
            "module.apigateway_resource_authorization.data.aws_region.current",
            "module.apigateway_resource_employees.aws_iam_role.lambda_role_employees_filter",
            "module.apigateway_resource_employees.data.archive_file.lambda_package_employees_filter",
            "module.tables_dynamodb.aws_dynamodb_table.tbl_customers",
            "module.tables_dynamodb.aws_dynamodb_table.tbl_employees",
            "module.tables_dynamodb.aws_dynamodb_table.tbl_inventories",
            "module.tables_dynamodb.aws_dynamodb_table.tbl_suppliers",
            "module.tables_dynamodb.aws_dynamodb_table.tbl_token",
            "module.tables_dynamodb.aws_dynamodb_table.tbl_transaction_history",
            "module.tables_dynamodb.aws_dynamodb_table.tbl_users"
          ]
        }
      ]
    },
    {
      "module": "module.apigateway_resource_employees",
      "mode": "managed",
      "type": "aws_lambda_function",
      "name": "html_lambda_employees_update",
      "provider": "provider[\"registry.terraform.io/hashicorp/aws\"]",
      "instances": [
        {
          "schema_version": 0,
          "attributes": {
            "architectures": [
              "arm64"
            ],
            "arn": "arn:aws:lambda:us-east-1:233925838033:function:lmb-celeste-employees-update-dev",
            "code_sha256": "j9zthpOkwfuXHpoi8f/DjRffQKF8dhMxzbuUlby9QMg=",
            "code_signing_config_arn": "",
            "dead_letter_config": [],
            "description": "",
            "environment": [],
            "ephemeral_storage": [
              {
                "size": 512
              }
            ],
            "file_system_config": [],
            "filename": "./resources/core/employees-update-by-id/index.zip",
            "function_name": "lmb-celeste-employees-update-dev",
            "handler": "index.handler",
            "id": "lmb-celeste-employees-update-dev",
            "image_config": [],
            "image_uri": "",
            "invoke_arn": "arn:aws:apigateway:us-east-1:lambda:path/2015-03-31/functions/arn:aws:lambda:us-east-1:233925838033:function:lmb-celeste-employees-update-dev/invocations",
            "kms_key_arn": "",
            "last_modified": "2025-03-14T20:09:07.000+0000",
            "layers": [],
            "logging_config": [
              {
                "application_log_level": "",
                "log_format": "Text",
                "log_group": "/aws/lambda/lmb-celeste-employees-update-dev",
                "system_log_level": ""
              }
            ],
            "memory_size": 128,
            "package_type": "Zip",
            "publish": false,
            "qualified_arn": "arn:aws:lambda:us-east-1:233925838033:function:lmb-celeste-employees-update-dev:$LATEST",
            "qualified_invoke_arn": "arn:aws:apigateway:us-east-1:lambda:path/2015-03-31/functions/arn:aws:lambda:us-east-1:233925838033:function:lmb-celeste-employees-update-dev:$LATEST/invocations",
            "replace_security_groups_on_destroy": null,
            "replacement_security_group_ids": null,
            "reserved_concurrent_executions": -1,
            "role": "arn:aws:iam::233925838033:role/role-celeste-employees-update-dev",
            "runtime": "nodejs22.x",
            "s3_bucket": null,
            "s3_key": null,
            "s3_object_version": null,
            "signing_job_arn": "",
            "signing_profile_version_arn": "",
            "skip_destroy": false,
            "snap_start": [],
            "source_code_hash": "j9zthpOkwfuXHpoi8f/DjRffQKF8dhMxzbuUlby9QMg=",
            "source_code_size": 564379,
            "tags": {
              "app_name": "celeste",
              "env": "dev"
            },
            "tags_all": {
              "app_name": "celeste",
              "env": "dev",
              "iac": "terraform"
            },
            "timeout": 30,
            "timeouts": null,
            "tracing_config": [
              {
                "mode": "PassThrough"
              }
            ],
            "version": "$LATEST",
            "vpc_config": []
          },
          "sensitive_attributes": [],
          "private": "eyJlMmJmYjczMC1lY2FhLTExZTYtOGY4OC0zNDM2M2JjN2M0YzAiOnsiY3JlYXRlIjo2MDAwMDAwMDAwMDAsImRlbGV0ZSI6NjAwMDAwMDAwMDAwLCJ1cGRhdGUiOjYwMDAwMDAwMDAwMH19",
          "dependencies": [
            "module.apigateway.aws_apigatewayv2_api.main",
            "module.apigateway.aws_apigatewayv2_stage.dev",
            "module.apigateway.aws_cloudwatch_log_group.main_api_gw",
            "module.apigateway.data.aws_caller_identity.current",
            "module.apigateway.data.aws_region.current",
            "module.apigateway_resource_authorization.aws_apigatewayv2_authorizer.header_based_authorizer",
            "module.apigateway_resource_authorization.aws_cloudwatch_log_group.html_loggroup_lambda_authorizer",
            "module.apigateway_resource_authorization.aws_iam_policy.dynamodb_lambda_policy_authorizer",
            "module.apigateway_resource_authorization.aws_iam_role.lambda_role_authorizer",
            "module.apigateway_resource_authorization.aws_iam_role_policy_attachment.lambda_attachements",
            "module.apigateway_resource_authorization.aws_iam_role_policy_attachment.lambda_role_policy_authorizer",
            "module.apigateway_resource_authorization.aws_lambda_function.html_lambda_authorizer",
            "module.apigateway_resource_authorization.aws_lambda_permission.allow_api_gw_invoke_authorizer",
            "module.apigateway_resource_authorization.data.archive_file.lambda_package_authorizer",
            "module.apigateway_resource_authorization.data.aws_apigatewayv2_api.selected",
            "module.apigateway_resource_authorization.data.aws_caller_identity.current",
            "module.apigateway_resource_authorization.data.aws_iam_policy_document.lambda_policy_document_authorizer",
            "module.apigateway_resource_authorization.data.aws_region.current",
            "module.apigateway_resource_employees.aws_iam_role.lambda_role_employees_update",
            "module.apigateway_resource_employees.data.archive_file.lambda_package_employees_update",
            "module.tables_dynamodb.aws_dynamodb_table.tbl_customers",
            "module.tables_dynamodb.aws_dynamodb_table.tbl_employees",
            "module.tables_dynamodb.aws_dynamodb_table.tbl_inventories",
            "module.tables_dynamodb.aws_dynamodb_table.tbl_suppliers",
            "module.tables_dynamodb.aws_dynamodb_table.tbl_token",
            "module.tables_dynamodb.aws_dynamodb_table.tbl_transaction_history",
            "module.tables_dynamodb.aws_dynamodb_table.tbl_users"
          ]
        }
      ]
    },
    {
      "module": "module.apigateway_resource_employees",
      "mode": "managed",
      "type": "aws_lambda_permission",
      "name": "api_gw_employees_create",
      "provider": "provider[\"registry.terraform.io/hashicorp/aws\"]",
      "instances": [
        {
          "schema_version": 0,
          "attributes": {
            "action": "lambda:InvokeFunction",
            "event_source_token": null,
            "function_name": "lmb-celeste-employees-create-dev",
            "function_url_auth_type": null,
            "id": "AllowExecutionFromAPIGateway",
            "principal": "apigateway.amazonaws.com",
            "principal_org_id": null,
            "qualifier": "",
            "source_account": null,
            "source_arn": "arn:aws:execute-api:us-east-1:233925838033:u83oit2sq6/*/*",
            "statement_id": "AllowExecutionFromAPIGateway",
            "statement_id_prefix": ""
          },
          "sensitive_attributes": [],
          "private": "bnVsbA==",
          "dependencies": [
            "module.apigateway.aws_apigatewayv2_api.main",
            "module.apigateway.aws_apigatewayv2_stage.dev",
            "module.apigateway.aws_cloudwatch_log_group.main_api_gw",
            "module.apigateway.data.aws_caller_identity.current",
            "module.apigateway.data.aws_region.current",
            "module.apigateway_resource_authorization.aws_apigatewayv2_authorizer.header_based_authorizer",
            "module.apigateway_resource_authorization.aws_cloudwatch_log_group.html_loggroup_lambda_authorizer",
            "module.apigateway_resource_authorization.aws_iam_policy.dynamodb_lambda_policy_authorizer",
            "module.apigateway_resource_authorization.aws_iam_role.lambda_role_authorizer",
            "module.apigateway_resource_authorization.aws_iam_role_policy_attachment.lambda_attachements",
            "module.apigateway_resource_authorization.aws_iam_role_policy_attachment.lambda_role_policy_authorizer",
            "module.apigateway_resource_authorization.aws_lambda_function.html_lambda_authorizer",
            "module.apigateway_resource_authorization.aws_lambda_permission.allow_api_gw_invoke_authorizer",
            "module.apigateway_resource_authorization.data.archive_file.lambda_package_authorizer",
            "module.apigateway_resource_authorization.data.aws_apigatewayv2_api.selected",
            "module.apigateway_resource_authorization.data.aws_caller_identity.current",
            "module.apigateway_resource_authorization.data.aws_iam_policy_document.lambda_policy_document_authorizer",
            "module.apigateway_resource_authorization.data.aws_region.current",
            "module.apigateway_resource_employees.aws_iam_role.lambda_role_employees_create",
            "module.apigateway_resource_employees.aws_lambda_function.html_lambda_employees_create",
            "module.apigateway_resource_employees.data.archive_file.lambda_package_employees_create",
            "module.apigateway_resource_employees.data.aws_apigatewayv2_api.selected",
            "module.tables_dynamodb.aws_dynamodb_table.tbl_customers",
            "module.tables_dynamodb.aws_dynamodb_table.tbl_employees",
            "module.tables_dynamodb.aws_dynamodb_table.tbl_inventories",
            "module.tables_dynamodb.aws_dynamodb_table.tbl_suppliers",
            "module.tables_dynamodb.aws_dynamodb_table.tbl_token",
            "module.tables_dynamodb.aws_dynamodb_table.tbl_transaction_history",
            "module.tables_dynamodb.aws_dynamodb_table.tbl_users"
          ]
        }
      ]
    },
    {
      "module": "module.apigateway_resource_employees",
      "mode": "managed",
      "type": "aws_lambda_permission",
      "name": "api_gw_employees_delete_by_id",
      "provider": "provider[\"registry.terraform.io/hashicorp/aws\"]",
      "instances": [
        {
          "schema_version": 0,
          "attributes": {
            "action": "lambda:InvokeFunction",
            "event_source_token": null,
            "function_name": "lmb-celeste-employees-delete-by-id-dev",
            "function_url_auth_type": null,
            "id": "AllowExecutionFromAPIGateway",
            "principal": "apigateway.amazonaws.com",
            "principal_org_id": null,
            "qualifier": "",
            "source_account": null,
            "source_arn": "arn:aws:execute-api:us-east-1:233925838033:u83oit2sq6/*/*",
            "statement_id": "AllowExecutionFromAPIGateway",
            "statement_id_prefix": ""
          },
          "sensitive_attributes": [],
          "private": "bnVsbA==",
          "dependencies": [
            "module.apigateway.aws_apigatewayv2_api.main",
            "module.apigateway.aws_apigatewayv2_stage.dev",
            "module.apigateway.aws_cloudwatch_log_group.main_api_gw",
            "module.apigateway.data.aws_caller_identity.current",
            "module.apigateway.data.aws_region.current",
            "module.apigateway_resource_authorization.aws_apigatewayv2_authorizer.header_based_authorizer",
            "module.apigateway_resource_authorization.aws_cloudwatch_log_group.html_loggroup_lambda_authorizer",
            "module.apigateway_resource_authorization.aws_iam_policy.dynamodb_lambda_policy_authorizer",
            "module.apigateway_resource_authorization.aws_iam_role.lambda_role_authorizer",
            "module.apigateway_resource_authorization.aws_iam_role_policy_attachment.lambda_attachements",
            "module.apigateway_resource_authorization.aws_iam_role_policy_attachment.lambda_role_policy_authorizer",
            "module.apigateway_resource_authorization.aws_lambda_function.html_lambda_authorizer",
            "module.apigateway_resource_authorization.aws_lambda_permission.allow_api_gw_invoke_authorizer",
            "module.apigateway_resource_authorization.data.archive_file.lambda_package_authorizer",
            "module.apigateway_resource_authorization.data.aws_apigatewayv2_api.selected",
            "module.apigateway_resource_authorization.data.aws_caller_identity.current",
            "module.apigateway_resource_authorization.data.aws_iam_policy_document.lambda_policy_document_authorizer",
            "module.apigateway_resource_authorization.data.aws_region.current",
            "module.apigateway_resource_employees.aws_iam_role.lambda_role_employees_delete_by_id",
            "module.apigateway_resource_employees.aws_lambda_function.html_lambda_employees_delete_by_id",
            "module.apigateway_resource_employees.data.archive_file.lambda_package_employees_delete_by_id",
            "module.apigateway_resource_employees.data.aws_apigatewayv2_api.selected",
            "module.tables_dynamodb.aws_dynamodb_table.tbl_customers",
            "module.tables_dynamodb.aws_dynamodb_table.tbl_employees",
            "module.tables_dynamodb.aws_dynamodb_table.tbl_inventories",
            "module.tables_dynamodb.aws_dynamodb_table.tbl_suppliers",
            "module.tables_dynamodb.aws_dynamodb_table.tbl_token",
            "module.tables_dynamodb.aws_dynamodb_table.tbl_transaction_history",
            "module.tables_dynamodb.aws_dynamodb_table.tbl_users"
          ]
        }
      ]
    },
    {
      "module": "module.apigateway_resource_employees",
      "mode": "managed",
      "type": "aws_lambda_permission",
      "name": "api_gw_employees_filter",
      "provider": "provider[\"registry.terraform.io/hashicorp/aws\"]",
      "instances": [
        {
          "schema_version": 0,
          "attributes": {
            "action": "lambda:InvokeFunction",
            "event_source_token": null,
            "function_name": "lmb-celeste-employees-filter-dev",
            "function_url_auth_type": null,
            "id": "AllowExecutionFromAPIGateway",
            "principal": "apigateway.amazonaws.com",
            "principal_org_id": null,
            "qualifier": "",
            "source_account": null,
            "source_arn": "arn:aws:execute-api:us-east-1:233925838033:u83oit2sq6/*/*",
            "statement_id": "AllowExecutionFromAPIGateway",
            "statement_id_prefix": ""
          },
          "sensitive_attributes": [],
          "private": "bnVsbA==",
          "dependencies": [
            "module.apigateway.aws_apigatewayv2_api.main",
            "module.apigateway.aws_apigatewayv2_stage.dev",
            "module.apigateway.aws_cloudwatch_log_group.main_api_gw",
            "module.apigateway.data.aws_caller_identity.current",
            "module.apigateway.data.aws_region.current",
            "module.apigateway_resource_authorization.aws_apigatewayv2_authorizer.header_based_authorizer",
            "module.apigateway_resource_authorization.aws_cloudwatch_log_group.html_loggroup_lambda_authorizer",
            "module.apigateway_resource_authorization.aws_iam_policy.dynamodb_lambda_policy_authorizer",
            "module.apigateway_resource_authorization.aws_iam_role.lambda_role_authorizer",
            "module.apigateway_resource_authorization.aws_iam_role_policy_attachment.lambda_attachements",
            "module.apigateway_resource_authorization.aws_iam_role_policy_attachment.lambda_role_policy_authorizer",
            "module.apigateway_resource_authorization.aws_lambda_function.html_lambda_authorizer",
            "module.apigateway_resource_authorization.aws_lambda_permission.allow_api_gw_invoke_authorizer",
            "module.apigateway_resource_authorization.data.archive_file.lambda_package_authorizer",
            "module.apigateway_resource_authorization.data.aws_apigatewayv2_api.selected",
            "module.apigateway_resource_authorization.data.aws_caller_identity.current",
            "module.apigateway_resource_authorization.data.aws_iam_policy_document.lambda_policy_document_authorizer",
            "module.apigateway_resource_authorization.data.aws_region.current",
            "module.apigateway_resource_employees.aws_iam_role.lambda_role_employees_filter",
            "module.apigateway_resource_employees.aws_lambda_function.html_lambda_employees_filter",
            "module.apigateway_resource_employees.data.archive_file.lambda_package_employees_filter",
            "module.apigateway_resource_employees.data.aws_apigatewayv2_api.selected",
            "module.tables_dynamodb.aws_dynamodb_table.tbl_customers",
            "module.tables_dynamodb.aws_dynamodb_table.tbl_employees",
            "module.tables_dynamodb.aws_dynamodb_table.tbl_inventories",
            "module.tables_dynamodb.aws_dynamodb_table.tbl_suppliers",
            "module.tables_dynamodb.aws_dynamodb_table.tbl_token",
            "module.tables_dynamodb.aws_dynamodb_table.tbl_transaction_history",
            "module.tables_dynamodb.aws_dynamodb_table.tbl_users"
          ]
        }
      ]
    },
    {
      "module": "module.apigateway_resource_employees",
      "mode": "managed",
      "type": "aws_lambda_permission",
      "name": "api_gw_employees_update",
      "provider": "provider[\"registry.terraform.io/hashicorp/aws\"]",
      "instances": [
        {
          "schema_version": 0,
          "attributes": {
            "action": "lambda:InvokeFunction",
            "event_source_token": null,
            "function_name": "lmb-celeste-employees-update-dev",
            "function_url_auth_type": null,
            "id": "AllowExecutionFromAPIGateway",
            "principal": "apigateway.amazonaws.com",
            "principal_org_id": null,
            "qualifier": "",
            "source_account": null,
            "source_arn": "arn:aws:execute-api:us-east-1:233925838033:u83oit2sq6/*/*",
            "statement_id": "AllowExecutionFromAPIGateway",
            "statement_id_prefix": ""
          },
          "sensitive_attributes": [],
          "private": "bnVsbA==",
          "dependencies": [
            "module.apigateway.aws_apigatewayv2_api.main",
            "module.apigateway.aws_apigatewayv2_stage.dev",
            "module.apigateway.aws_cloudwatch_log_group.main_api_gw",
            "module.apigateway.data.aws_caller_identity.current",
            "module.apigateway.data.aws_region.current",
            "module.apigateway_resource_authorization.aws_apigatewayv2_authorizer.header_based_authorizer",
            "module.apigateway_resource_authorization.aws_cloudwatch_log_group.html_loggroup_lambda_authorizer",
            "module.apigateway_resource_authorization.aws_iam_policy.dynamodb_lambda_policy_authorizer",
            "module.apigateway_resource_authorization.aws_iam_role.lambda_role_authorizer",
            "module.apigateway_resource_authorization.aws_iam_role_policy_attachment.lambda_attachements",
            "module.apigateway_resource_authorization.aws_iam_role_policy_attachment.lambda_role_policy_authorizer",
            "module.apigateway_resource_authorization.aws_lambda_function.html_lambda_authorizer",
            "module.apigateway_resource_authorization.aws_lambda_permission.allow_api_gw_invoke_authorizer",
            "module.apigateway_resource_authorization.data.archive_file.lambda_package_authorizer",
            "module.apigateway_resource_authorization.data.aws_apigatewayv2_api.selected",
            "module.apigateway_resource_authorization.data.aws_caller_identity.current",
            "module.apigateway_resource_authorization.data.aws_iam_policy_document.lambda_policy_document_authorizer",
            "module.apigateway_resource_authorization.data.aws_region.current",
            "module.apigateway_resource_employees.aws_iam_role.lambda_role_employees_update",
            "module.apigateway_resource_employees.aws_lambda_function.html_lambda_employees_update",
            "module.apigateway_resource_employees.data.archive_file.lambda_package_employees_update",
            "module.apigateway_resource_employees.data.aws_apigatewayv2_api.selected",
            "module.tables_dynamodb.aws_dynamodb_table.tbl_customers",
            "module.tables_dynamodb.aws_dynamodb_table.tbl_employees",
            "module.tables_dynamodb.aws_dynamodb_table.tbl_inventories",
            "module.tables_dynamodb.aws_dynamodb_table.tbl_suppliers",
            "module.tables_dynamodb.aws_dynamodb_table.tbl_token",
            "module.tables_dynamodb.aws_dynamodb_table.tbl_transaction_history",
            "module.tables_dynamodb.aws_dynamodb_table.tbl_users"
          ]
        }
      ]
    },
    {
      "module": "module.apigateway_resource_security",
      "mode": "data",
      "type": "archive_file",
      "name": "lambda_package_login",
      "provider": "provider[\"registry.terraform.io/hashicorp/archive\"]",
      "instances": [
        {
          "schema_version": 0,
          "attributes": {
            "exclude_symlink_directories": null,
            "excludes": null,
            "id": "05793de8ddaf58fa20201bc7f4cf80979f157ed3",
            "output_base64sha256": "RziKRLk+iIhIxox+m739aPFJ+Z/7fGv7vh20KZhWrwo=",
            "output_base64sha512": "mmGZW24VRngA3PUOD+x+Tko+PpnVLqVuKLLxUPzrTqm0wHCwlxcwNKPJqXYr2ZLHkdllTJ/75az8lTkVzxXUTg==",
            "output_file_mode": null,
            "output_md5": "0a16b2e7fd96942c683ce088a2176e23",
            "output_path": "./resources/auth/login/index.zip",
            "output_sha": "05793de8ddaf58fa20201bc7f4cf80979f157ed3",
            "output_sha256": "47388a44b93e888848c68c7e9bbdfd68f149f99ffb7c6bfbbe1db4299856af0a",
            "output_sha512": "9a61995b6e15467800dcf50e0fec7e4e4a3e3e99d52ea56e28b2f150fceb4ea9b4c070b097173034a3c9a9762bd992c791d9654c9ffbe5acfc953915cf15d44e",
            "output_size": 361377,
            "source": [],
            "source_content": null,
            "source_content_filename": null,
            "source_dir": "./lambdas/auth/login",
            "source_file": null,
            "type": "zip"
          },
          "sensitive_attributes": []
        }
      ]
    },
    {
      "module": "module.apigateway_resource_security",
      "mode": "data",
      "type": "aws_apigatewayv2_api",
      "name": "selected",
      "provider": "provider[\"registry.terraform.io/hashicorp/aws\"]",
      "instances": [
        {
          "schema_version": 0,
          "attributes": {
            "api_endpoint": "https://u83oit2sq6.execute-api.us-east-1.amazonaws.com",
            "api_id": "u83oit2sq6",
            "api_key_selection_expression": "$request.header.x-api-key",
            "arn": "arn:aws:apigateway:us-east-1::/apis/u83oit2sq6",
            "cors_configuration": [
              {
                "allow_credentials": false,
                "allow_headers": [
                  "*"
                ],
                "allow_methods": [
                  "DELETE",
                  "GET",
                  "OPTIONS",
                  "POST",
                  "PUT"
                ],
                "allow_origins": [
                  "*",
                  "http://localhost:3000"
                ],
                "expose_headers": [],
                "max_age": 300
              }
            ],
            "description": "api-celeste-dev API Gateway",
            "disable_execute_api_endpoint": false,
            "execution_arn": "arn:aws:execute-api:us-east-1:233925838033:u83oit2sq6",
            "id": "u83oit2sq6",
            "name": "api-celeste-dev",
            "protocol_type": "HTTP",
            "route_selection_expression": "$request.method $request.path",
            "tags": {
              "iac": "terraform"
            },
            "version": ""
          },
          "sensitive_attributes": []
        }
      ]
    },
    {
      "module": "module.apigateway_resource_security",
      "mode": "data",
      "type": "aws_caller_identity",
      "name": "current",
      "provider": "provider[\"registry.terraform.io/hashicorp/aws\"]",
      "instances": [
        {
          "schema_version": 0,
          "attributes": {
            "account_id": "233925838033",
            "arn": "arn:aws:iam::233925838033:root",
            "id": "233925838033",
            "user_id": "233925838033"
          },
          "sensitive_attributes": []
        }
      ]
    },
    {
      "module": "module.apigateway_resource_security",
      "mode": "data",
      "type": "aws_iam_policy_document",
      "name": "lambda_policy_document_login",
      "provider": "provider[\"registry.terraform.io/hashicorp/aws\"]",
      "instances": [
        {
          "schema_version": 0,
          "attributes": {
            "id": "1159197497",
            "json": "{\n  \"Version\": \"2012-10-17\",\n  \"Statement\": [\n    {\n      \"Effect\": \"Allow\",\n      \"Action\": [\n        \"dynamodb:Scan\",\n        \"dynamodb:PutItem\",\n        \"dynamodb:DeleteItem\"\n      ],\n      \"Resource\": [\n        \"arn:aws:dynamodb:us-east-1:233925838033:table/tbl-celeste-users-dev\",\n        \"arn:aws:dynamodb:us-east-1:233925838033:table/tbl-celeste-token-dev\"\n      ]\n    }\n  ]\n}",
            "minified_json": "{\"Version\":\"2012-10-17\",\"Statement\":[{\"Effect\":\"Allow\",\"Action\":[\"dynamodb:Scan\",\"dynamodb:PutItem\",\"dynamodb:DeleteItem\"],\"Resource\":[\"arn:aws:dynamodb:us-east-1:233925838033:table/tbl-celeste-users-dev\",\"arn:aws:dynamodb:us-east-1:233925838033:table/tbl-celeste-token-dev\"]}]}",
            "override_json": null,
            "override_policy_documents": null,
            "policy_id": null,
            "source_json": null,
            "source_policy_documents": null,
            "statement": [
              {
                "actions": [
                  "dynamodb:DeleteItem",
                  "dynamodb:PutItem",
                  "dynamodb:Scan"
                ],
                "condition": [],
                "effect": "Allow",
                "not_actions": [],
                "not_principals": [],
                "not_resources": [],
                "principals": [],
                "resources": [
                  "arn:aws:dynamodb:us-east-1:233925838033:table/tbl-celeste-token-dev",
                  "arn:aws:dynamodb:us-east-1:233925838033:table/tbl-celeste-users-dev"
                ],
                "sid": ""
              }
            ],
            "version": "2012-10-17"
          },
          "sensitive_attributes": []
        }
      ]
    },
    {
      "module": "module.apigateway_resource_security",
      "mode": "data",
      "type": "aws_region",
      "name": "current",
      "provider": "provider[\"registry.terraform.io/hashicorp/aws\"]",
      "instances": [
        {
          "schema_version": 0,
          "attributes": {
            "description": "US East (N. Virginia)",
            "endpoint": "ec2.us-east-1.amazonaws.com",
            "id": "us-east-1",
            "name": "us-east-1"
          },
          "sensitive_attributes": []
        }
      ]
    },
    {
      "module": "module.apigateway_resource_security",
      "mode": "managed",
      "type": "aws_apigatewayv2_integration",
      "name": "lambda_handler_login",
      "provider": "provider[\"registry.terraform.io/hashicorp/aws\"]",
      "instances": [
        {
          "schema_version": 0,
          "attributes": {
            "api_id": "u83oit2sq6",
            "connection_id": "",
            "connection_type": "INTERNET",
            "content_handling_strategy": "",
            "credentials_arn": "",
            "description": "",
            "id": "sewomkm",
            "integration_method": "POST",
            "integration_response_selection_expression": "",
            "integration_subtype": "",
            "integration_type": "AWS_PROXY",
            "integration_uri": "arn:aws:apigateway:us-east-1:lambda:path/2015-03-31/functions/arn:aws:lambda:us-east-1:233925838033:function:lmb-celeste-login-dev/invocations",
            "passthrough_behavior": "",
            "payload_format_version": "1.0",
            "request_parameters": {},
            "request_templates": {},
            "response_parameters": [],
            "template_selection_expression": "",
            "timeout_milliseconds": 30000,
            "tls_config": []
          },
          "sensitive_attributes": [],
          "private": "bnVsbA==",
          "dependencies": [
            "module.apigateway.aws_apigatewayv2_api.main",
            "module.apigateway.aws_apigatewayv2_stage.dev",
            "module.apigateway.aws_cloudwatch_log_group.main_api_gw",
            "module.apigateway.data.aws_caller_identity.current",
            "module.apigateway.data.aws_region.current",
            "module.apigateway_resource_authorization.aws_apigatewayv2_authorizer.header_based_authorizer",
            "module.apigateway_resource_authorization.aws_cloudwatch_log_group.html_loggroup_lambda_authorizer",
            "module.apigateway_resource_authorization.aws_iam_policy.dynamodb_lambda_policy_authorizer",
            "module.apigateway_resource_authorization.aws_iam_role.lambda_role_authorizer",
            "module.apigateway_resource_authorization.aws_iam_role_policy_attachment.lambda_attachements",
            "module.apigateway_resource_authorization.aws_iam_role_policy_attachment.lambda_role_policy_authorizer",
            "module.apigateway_resource_authorization.aws_lambda_function.html_lambda_authorizer",
            "module.apigateway_resource_authorization.aws_lambda_permission.allow_api_gw_invoke_authorizer",
            "module.apigateway_resource_authorization.data.archive_file.lambda_package_authorizer",
            "module.apigateway_resource_authorization.data.aws_apigatewayv2_api.selected",
            "module.apigateway_resource_authorization.data.aws_caller_identity.current",
            "module.apigateway_resource_authorization.data.aws_iam_policy_document.lambda_policy_document_authorizer",
            "module.apigateway_resource_authorization.data.aws_region.current",
            "module.apigateway_resource_security.aws_iam_role.lambda_role_login",
            "module.apigateway_resource_security.aws_lambda_function.html_lambda_login",
            "module.apigateway_resource_security.data.archive_file.lambda_package_login",
            "module.tables_dynamodb.aws_dynamodb_table.tbl_customers",
            "module.tables_dynamodb.aws_dynamodb_table.tbl_employees",
            "module.tables_dynamodb.aws_dynamodb_table.tbl_inventories",
            "module.tables_dynamodb.aws_dynamodb_table.tbl_suppliers",
            "module.tables_dynamodb.aws_dynamodb_table.tbl_token",
            "module.tables_dynamodb.aws_dynamodb_table.tbl_transaction_history",
            "module.tables_dynamodb.aws_dynamodb_table.tbl_users"
          ]
        }
      ]
    },
    {
      "module": "module.apigateway_resource_security",
      "mode": "managed",
      "type": "aws_apigatewayv2_route",
      "name": "handler_login",
      "provider": "provider[\"registry.terraform.io/hashicorp/aws\"]",
      "instances": [
        {
          "schema_version": 0,
          "attributes": {
            "api_id": "u83oit2sq6",
            "api_key_required": false,
            "authorization_scopes": [],
            "authorization_type": "NONE",
            "authorizer_id": "",
            "id": "1mok186",
            "model_selection_expression": "",
            "operation_name": "",
            "request_models": {},
            "request_parameter": [],
            "route_key": "POST /api/v1/security/login",
            "route_response_selection_expression": "",
            "target": "integrations/sewomkm"
          },
          "sensitive_attributes": [],
          "private": "bnVsbA==",
          "dependencies": [
            "module.apigateway.aws_apigatewayv2_api.main",
            "module.apigateway.aws_apigatewayv2_stage.dev",
            "module.apigateway.aws_cloudwatch_log_group.main_api_gw",
            "module.apigateway.data.aws_caller_identity.current",
            "module.apigateway.data.aws_region.current",
            "module.apigateway_resource_authorization.aws_apigatewayv2_authorizer.header_based_authorizer",
            "module.apigateway_resource_authorization.aws_cloudwatch_log_group.html_loggroup_lambda_authorizer",
            "module.apigateway_resource_authorization.aws_iam_policy.dynamodb_lambda_policy_authorizer",
            "module.apigateway_resource_authorization.aws_iam_role.lambda_role_authorizer",
            "module.apigateway_resource_authorization.aws_iam_role_policy_attachment.lambda_attachements",
            "module.apigateway_resource_authorization.aws_iam_role_policy_attachment.lambda_role_policy_authorizer",
            "module.apigateway_resource_authorization.aws_lambda_function.html_lambda_authorizer",
            "module.apigateway_resource_authorization.aws_lambda_permission.allow_api_gw_invoke_authorizer",
            "module.apigateway_resource_authorization.data.archive_file.lambda_package_authorizer",
            "module.apigateway_resource_authorization.data.aws_apigatewayv2_api.selected",
            "module.apigateway_resource_authorization.data.aws_caller_identity.current",
            "module.apigateway_resource_authorization.data.aws_iam_policy_document.lambda_policy_document_authorizer",
            "module.apigateway_resource_authorization.data.aws_region.current",
            "module.apigateway_resource_security.aws_apigatewayv2_integration.lambda_handler_login",
            "module.apigateway_resource_security.aws_iam_role.lambda_role_login",
            "module.apigateway_resource_security.aws_lambda_function.html_lambda_login",
            "module.apigateway_resource_security.data.archive_file.lambda_package_login",
            "module.tables_dynamodb.aws_dynamodb_table.tbl_customers",
            "module.tables_dynamodb.aws_dynamodb_table.tbl_employees",
            "module.tables_dynamodb.aws_dynamodb_table.tbl_inventories",
            "module.tables_dynamodb.aws_dynamodb_table.tbl_suppliers",
            "module.tables_dynamodb.aws_dynamodb_table.tbl_token",
            "module.tables_dynamodb.aws_dynamodb_table.tbl_transaction_history",
            "module.tables_dynamodb.aws_dynamodb_table.tbl_users"
          ]
        }
      ]
    },
    {
      "module": "module.apigateway_resource_security",
      "mode": "managed",
      "type": "aws_cloudwatch_log_group",
      "name": "html_loggroup_lambda_login",
      "provider": "provider[\"registry.terraform.io/hashicorp/aws\"]",
      "instances": [
        {
          "schema_version": 0,
          "attributes": {
            "arn": "arn:aws:logs:us-east-1:233925838033:log-group:/aws/lambda/lmb-celeste-login-dev",
            "id": "/aws/lambda/lmb-celeste-login-dev",
            "kms_key_id": "",
            "log_group_class": "STANDARD",
            "name": "/aws/lambda/lmb-celeste-login-dev",
            "name_prefix": "",
            "retention_in_days": 7,
            "skip_destroy": false,
            "tags": {},
            "tags_all": {
              "iac": "terraform"
            }
          },
          "sensitive_attributes": [],
          "private": "bnVsbA==",
          "dependencies": [
            "module.apigateway.aws_apigatewayv2_api.main",
            "module.apigateway.aws_apigatewayv2_stage.dev",
            "module.apigateway.aws_cloudwatch_log_group.main_api_gw",
            "module.apigateway.data.aws_caller_identity.current",
            "module.apigateway.data.aws_region.current",
            "module.apigateway_resource_authorization.aws_apigatewayv2_authorizer.header_based_authorizer",
            "module.apigateway_resource_authorization.aws_cloudwatch_log_group.html_loggroup_lambda_authorizer",
            "module.apigateway_resource_authorization.aws_iam_policy.dynamodb_lambda_policy_authorizer",
            "module.apigateway_resource_authorization.aws_iam_role.lambda_role_authorizer",
            "module.apigateway_resource_authorization.aws_iam_role_policy_attachment.lambda_attachements",
            "module.apigateway_resource_authorization.aws_iam_role_policy_attachment.lambda_role_policy_authorizer",
            "module.apigateway_resource_authorization.aws_lambda_function.html_lambda_authorizer",
            "module.apigateway_resource_authorization.aws_lambda_permission.allow_api_gw_invoke_authorizer",
            "module.apigateway_resource_authorization.data.archive_file.lambda_package_authorizer",
            "module.apigateway_resource_authorization.data.aws_apigatewayv2_api.selected",
            "module.apigateway_resource_authorization.data.aws_caller_identity.current",
            "module.apigateway_resource_authorization.data.aws_iam_policy_document.lambda_policy_document_authorizer",
            "module.apigateway_resource_authorization.data.aws_region.current",
            "module.apigateway_resource_security.aws_iam_role.lambda_role_login",
            "module.apigateway_resource_security.aws_lambda_function.html_lambda_login",
            "module.apigateway_resource_security.data.archive_file.lambda_package_login",
            "module.tables_dynamodb.aws_dynamodb_table.tbl_customers",
            "module.tables_dynamodb.aws_dynamodb_table.tbl_employees",
            "module.tables_dynamodb.aws_dynamodb_table.tbl_inventories",
            "module.tables_dynamodb.aws_dynamodb_table.tbl_suppliers",
            "module.tables_dynamodb.aws_dynamodb_table.tbl_token",
            "module.tables_dynamodb.aws_dynamodb_table.tbl_transaction_history",
            "module.tables_dynamodb.aws_dynamodb_table.tbl_users"
          ]
        }
      ]
    },
    {
      "module": "module.apigateway_resource_security",
      "mode": "managed",
      "type": "aws_iam_policy",
      "name": "dynamodb_lambda_policy_login",
      "provider": "provider[\"registry.terraform.io/hashicorp/aws\"]",
      "instances": [
        {
          "schema_version": 0,
          "attributes": {
            "arn": "arn:aws:iam::233925838033:policy/policy-celeste-login-dev",
            "attachment_count": 1,
            "description": "This policy will be used by the lambda to write get data from DynamoDB",
            "id": "arn:aws:iam::233925838033:policy/policy-celeste-login-dev",
            "name": "policy-celeste-login-dev",
            "name_prefix": "",
            "path": "/",
            "policy": "{\"Statement\":[{\"Action\":[\"dynamodb:Scan\",\"dynamodb:PutItem\",\"dynamodb:DeleteItem\"],\"Effect\":\"Allow\",\"Resource\":[\"arn:aws:dynamodb:us-east-1:233925838033:table/tbl-celeste-users-dev\",\"arn:aws:dynamodb:us-east-1:233925838033:table/tbl-celeste-token-dev\"]}],\"Version\":\"2012-10-17\"}",
            "policy_id": "ANPATM5YRATIU3EVKW6MP",
            "tags": {},
            "tags_all": {
              "iac": "terraform"
            }
          },
          "sensitive_attributes": [],
          "private": "bnVsbA==",
          "dependencies": [
            "module.apigateway.aws_apigatewayv2_api.main",
            "module.apigateway.aws_apigatewayv2_stage.dev",
            "module.apigateway.aws_cloudwatch_log_group.main_api_gw",
            "module.apigateway.data.aws_caller_identity.current",
            "module.apigateway.data.aws_region.current",
            "module.apigateway_resource_authorization.aws_apigatewayv2_authorizer.header_based_authorizer",
            "module.apigateway_resource_authorization.aws_cloudwatch_log_group.html_loggroup_lambda_authorizer",
            "module.apigateway_resource_authorization.aws_iam_policy.dynamodb_lambda_policy_authorizer",
            "module.apigateway_resource_authorization.aws_iam_role.lambda_role_authorizer",
            "module.apigateway_resource_authorization.aws_iam_role_policy_attachment.lambda_attachements",
            "module.apigateway_resource_authorization.aws_iam_role_policy_attachment.lambda_role_policy_authorizer",
            "module.apigateway_resource_authorization.aws_lambda_function.html_lambda_authorizer",
            "module.apigateway_resource_authorization.aws_lambda_permission.allow_api_gw_invoke_authorizer",
            "module.apigateway_resource_authorization.data.archive_file.lambda_package_authorizer",
            "module.apigateway_resource_authorization.data.aws_apigatewayv2_api.selected",
            "module.apigateway_resource_authorization.data.aws_caller_identity.current",
            "module.apigateway_resource_authorization.data.aws_iam_policy_document.lambda_policy_document_authorizer",
            "module.apigateway_resource_authorization.data.aws_region.current",
            "module.apigateway_resource_security.data.aws_caller_identity.current",
            "module.apigateway_resource_security.data.aws_iam_policy_document.lambda_policy_document_login",
            "module.apigateway_resource_security.data.aws_region.current",
            "module.tables_dynamodb.aws_dynamodb_table.tbl_customers",
            "module.tables_dynamodb.aws_dynamodb_table.tbl_employees",
            "module.tables_dynamodb.aws_dynamodb_table.tbl_inventories",
            "module.tables_dynamodb.aws_dynamodb_table.tbl_suppliers",
            "module.tables_dynamodb.aws_dynamodb_table.tbl_token",
            "module.tables_dynamodb.aws_dynamodb_table.tbl_transaction_history",
            "module.tables_dynamodb.aws_dynamodb_table.tbl_users"
          ]
        }
      ]
    },
    {
      "module": "module.apigateway_resource_security",
      "mode": "managed",
      "type": "aws_iam_role",
      "name": "lambda_role_login",
      "provider": "provider[\"registry.terraform.io/hashicorp/aws\"]",
      "instances": [
        {
          "schema_version": 0,
          "attributes": {
            "arn": "arn:aws:iam::233925838033:role/role-celeste-login-dev",
            "assume_role_policy": "{\"Statement\":[{\"Action\":\"sts:AssumeRole\",\"Effect\":\"Allow\",\"Principal\":{\"Service\":\"lambda.amazonaws.com\"}}],\"Version\":\"2012-10-17\"}",
            "create_date": "2025-03-06T21:18:37Z",
            "description": "",
            "force_detach_policies": false,
            "id": "role-celeste-login-dev",
            "inline_policy": [],
            "managed_policy_arns": [
              "arn:aws:iam::233925838033:policy/policy-celeste-login-dev",
              "arn:aws:iam::aws:policy/service-role/AWSLambdaBasicExecutionRole"
            ],
            "max_session_duration": 3600,
            "name": "role-celeste-login-dev",
            "name_prefix": "",
            "path": "/",
            "permissions_boundary": "",
            "tags": {},
            "tags_all": {
              "iac": "terraform"
            },
            "unique_id": "AROATM5YRATIWCMCX7MBV"
          },
          "sensitive_attributes": [],
          "private": "bnVsbA==",
          "dependencies": [
            "module.apigateway.aws_apigatewayv2_api.main",
            "module.apigateway.aws_apigatewayv2_stage.dev",
            "module.apigateway.aws_cloudwatch_log_group.main_api_gw",
            "module.apigateway.data.aws_caller_identity.current",
            "module.apigateway.data.aws_region.current",
            "module.apigateway_resource_authorization.aws_apigatewayv2_authorizer.header_based_authorizer",
            "module.apigateway_resource_authorization.aws_cloudwatch_log_group.html_loggroup_lambda_authorizer",
            "module.apigateway_resource_authorization.aws_iam_policy.dynamodb_lambda_policy_authorizer",
            "module.apigateway_resource_authorization.aws_iam_role.lambda_role_authorizer",
            "module.apigateway_resource_authorization.aws_iam_role_policy_attachment.lambda_attachements",
            "module.apigateway_resource_authorization.aws_iam_role_policy_attachment.lambda_role_policy_authorizer",
            "module.apigateway_resource_authorization.aws_lambda_function.html_lambda_authorizer",
            "module.apigateway_resource_authorization.aws_lambda_permission.allow_api_gw_invoke_authorizer",
            "module.apigateway_resource_authorization.data.archive_file.lambda_package_authorizer",
            "module.apigateway_resource_authorization.data.aws_apigatewayv2_api.selected",
            "module.apigateway_resource_authorization.data.aws_caller_identity.current",
            "module.apigateway_resource_authorization.data.aws_iam_policy_document.lambda_policy_document_authorizer",
            "module.apigateway_resource_authorization.data.aws_region.current",
            "module.tables_dynamodb.aws_dynamodb_table.tbl_customers",
            "module.tables_dynamodb.aws_dynamodb_table.tbl_employees",
            "module.tables_dynamodb.aws_dynamodb_table.tbl_inventories",
            "module.tables_dynamodb.aws_dynamodb_table.tbl_suppliers",
            "module.tables_dynamodb.aws_dynamodb_table.tbl_token",
            "module.tables_dynamodb.aws_dynamodb_table.tbl_transaction_history",
            "module.tables_dynamodb.aws_dynamodb_table.tbl_users"
          ]
        }
      ]
    },
    {
      "module": "module.apigateway_resource_security",
      "mode": "managed",
      "type": "aws_iam_role_policy_attachment",
      "name": "lambda_attachements_login",
      "provider": "provider[\"registry.terraform.io/hashicorp/aws\"]",
      "instances": [
        {
          "schema_version": 0,
          "attributes": {
            "id": "role-celeste-login-dev-20250306211838824900000007",
            "policy_arn": "arn:aws:iam::233925838033:policy/policy-celeste-login-dev",
            "role": "role-celeste-login-dev"
          },
          "sensitive_attributes": [],
          "private": "bnVsbA==",
          "dependencies": [
            "module.apigateway.aws_apigatewayv2_api.main",
            "module.apigateway.aws_apigatewayv2_stage.dev",
            "module.apigateway.aws_cloudwatch_log_group.main_api_gw",
            "module.apigateway.data.aws_caller_identity.current",
            "module.apigateway.data.aws_region.current",
            "module.apigateway_resource_authorization.aws_apigatewayv2_authorizer.header_based_authorizer",
            "module.apigateway_resource_authorization.aws_cloudwatch_log_group.html_loggroup_lambda_authorizer",
            "module.apigateway_resource_authorization.aws_iam_policy.dynamodb_lambda_policy_authorizer",
            "module.apigateway_resource_authorization.aws_iam_role.lambda_role_authorizer",
            "module.apigateway_resource_authorization.aws_iam_role_policy_attachment.lambda_attachements",
            "module.apigateway_resource_authorization.aws_iam_role_policy_attachment.lambda_role_policy_authorizer",
            "module.apigateway_resource_authorization.aws_lambda_function.html_lambda_authorizer",
            "module.apigateway_resource_authorization.aws_lambda_permission.allow_api_gw_invoke_authorizer",
            "module.apigateway_resource_authorization.data.archive_file.lambda_package_authorizer",
            "module.apigateway_resource_authorization.data.aws_apigatewayv2_api.selected",
            "module.apigateway_resource_authorization.data.aws_caller_identity.current",
            "module.apigateway_resource_authorization.data.aws_iam_policy_document.lambda_policy_document_authorizer",
            "module.apigateway_resource_authorization.data.aws_region.current",
            "module.apigateway_resource_security.aws_iam_policy.dynamodb_lambda_policy_login",
            "module.apigateway_resource_security.aws_iam_role.lambda_role_login",
            "module.apigateway_resource_security.data.aws_caller_identity.current",
            "module.apigateway_resource_security.data.aws_iam_policy_document.lambda_policy_document_login",
            "module.apigateway_resource_security.data.aws_region.current",
            "module.tables_dynamodb.aws_dynamodb_table.tbl_customers",
            "module.tables_dynamodb.aws_dynamodb_table.tbl_employees",
            "module.tables_dynamodb.aws_dynamodb_table.tbl_inventories",
            "module.tables_dynamodb.aws_dynamodb_table.tbl_suppliers",
            "module.tables_dynamodb.aws_dynamodb_table.tbl_token",
            "module.tables_dynamodb.aws_dynamodb_table.tbl_transaction_history",
            "module.tables_dynamodb.aws_dynamodb_table.tbl_users"
          ]
        }
      ]
    },
    {
      "module": "module.apigateway_resource_security",
      "mode": "managed",
      "type": "aws_iam_role_policy_attachment",
      "name": "lambda_role_policy_login",
      "provider": "provider[\"registry.terraform.io/hashicorp/aws\"]",
      "instances": [
        {
          "schema_version": 0,
          "attributes": {
            "id": "role-celeste-login-dev-20250306211838320700000004",
            "policy_arn": "arn:aws:iam::aws:policy/service-role/AWSLambdaBasicExecutionRole",
            "role": "role-celeste-login-dev"
          },
          "sensitive_attributes": [],
          "private": "bnVsbA==",
          "dependencies": [
            "module.apigateway.aws_apigatewayv2_api.main",
            "module.apigateway.aws_apigatewayv2_stage.dev",
            "module.apigateway.aws_cloudwatch_log_group.main_api_gw",
            "module.apigateway.data.aws_caller_identity.current",
            "module.apigateway.data.aws_region.current",
            "module.apigateway_resource_authorization.aws_apigatewayv2_authorizer.header_based_authorizer",
            "module.apigateway_resource_authorization.aws_cloudwatch_log_group.html_loggroup_lambda_authorizer",
            "module.apigateway_resource_authorization.aws_iam_policy.dynamodb_lambda_policy_authorizer",
            "module.apigateway_resource_authorization.aws_iam_role.lambda_role_authorizer",
            "module.apigateway_resource_authorization.aws_iam_role_policy_attachment.lambda_attachements",
            "module.apigateway_resource_authorization.aws_iam_role_policy_attachment.lambda_role_policy_authorizer",
            "module.apigateway_resource_authorization.aws_lambda_function.html_lambda_authorizer",
            "module.apigateway_resource_authorization.aws_lambda_permission.allow_api_gw_invoke_authorizer",
            "module.apigateway_resource_authorization.data.archive_file.lambda_package_authorizer",
            "module.apigateway_resource_authorization.data.aws_apigatewayv2_api.selected",
            "module.apigateway_resource_authorization.data.aws_caller_identity.current",
            "module.apigateway_resource_authorization.data.aws_iam_policy_document.lambda_policy_document_authorizer",
            "module.apigateway_resource_authorization.data.aws_region.current",
            "module.apigateway_resource_security.aws_iam_role.lambda_role_login",
            "module.tables_dynamodb.aws_dynamodb_table.tbl_customers",
            "module.tables_dynamodb.aws_dynamodb_table.tbl_employees",
            "module.tables_dynamodb.aws_dynamodb_table.tbl_inventories",
            "module.tables_dynamodb.aws_dynamodb_table.tbl_suppliers",
            "module.tables_dynamodb.aws_dynamodb_table.tbl_token",
            "module.tables_dynamodb.aws_dynamodb_table.tbl_transaction_history",
            "module.tables_dynamodb.aws_dynamodb_table.tbl_users"
          ]
        }
      ]
    },
    {
      "module": "module.apigateway_resource_security",
      "mode": "managed",
      "type": "aws_lambda_function",
      "name": "html_lambda_login",
      "provider": "provider[\"registry.terraform.io/hashicorp/aws\"]",
      "instances": [
        {
          "schema_version": 0,
          "attributes": {
            "architectures": [
              "arm64"
            ],
            "arn": "arn:aws:lambda:us-east-1:233925838033:function:lmb-celeste-login-dev",
            "code_sha256": "RziKRLk+iIhIxox+m739aPFJ+Z/7fGv7vh20KZhWrwo=",
            "code_signing_config_arn": "",
            "dead_letter_config": [],
            "description": "",
            "environment": [],
            "ephemeral_storage": [
              {
                "size": 512
              }
            ],
            "file_system_config": [],
            "filename": "./resources/auth/login/index.zip",
            "function_name": "lmb-celeste-login-dev",
            "handler": "index.handler",
            "id": "lmb-celeste-login-dev",
            "image_config": [],
            "image_uri": "",
            "invoke_arn": "arn:aws:apigateway:us-east-1:lambda:path/2015-03-31/functions/arn:aws:lambda:us-east-1:233925838033:function:lmb-celeste-login-dev/invocations",
            "kms_key_arn": "",
            "last_modified": "2025-03-14T20:09:01.000+0000",
            "layers": [],
            "logging_config": [
              {
                "application_log_level": "",
                "log_format": "Text",
                "log_group": "/aws/lambda/lmb-celeste-login-dev",
                "system_log_level": ""
              }
            ],
            "memory_size": 128,
            "package_type": "Zip",
            "publish": false,
            "qualified_arn": "arn:aws:lambda:us-east-1:233925838033:function:lmb-celeste-login-dev:$LATEST",
            "qualified_invoke_arn": "arn:aws:apigateway:us-east-1:lambda:path/2015-03-31/functions/arn:aws:lambda:us-east-1:233925838033:function:lmb-celeste-login-dev:$LATEST/invocations",
            "replace_security_groups_on_destroy": null,
            "replacement_security_group_ids": null,
            "reserved_concurrent_executions": -1,
            "role": "arn:aws:iam::233925838033:role/role-celeste-login-dev",
            "runtime": "nodejs22.x",
            "s3_bucket": null,
            "s3_key": null,
            "s3_object_version": null,
            "signing_job_arn": "",
            "signing_profile_version_arn": "",
            "skip_destroy": false,
            "snap_start": [],
            "source_code_hash": "RziKRLk+iIhIxox+m739aPFJ+Z/7fGv7vh20KZhWrwo=",
            "source_code_size": 361377,
            "tags": {
              "app_name": "celeste",
              "env": "dev"
            },
            "tags_all": {
              "app_name": "celeste",
              "env": "dev",
              "iac": "terraform"
            },
            "timeout": 30,
            "timeouts": null,
            "tracing_config": [
              {
                "mode": "PassThrough"
              }
            ],
            "version": "$LATEST",
            "vpc_config": []
          },
          "sensitive_attributes": [],
          "private": "eyJlMmJmYjczMC1lY2FhLTExZTYtOGY4OC0zNDM2M2JjN2M0YzAiOnsiY3JlYXRlIjo2MDAwMDAwMDAwMDAsImRlbGV0ZSI6NjAwMDAwMDAwMDAwLCJ1cGRhdGUiOjYwMDAwMDAwMDAwMH19",
          "dependencies": [
            "module.apigateway.aws_apigatewayv2_api.main",
            "module.apigateway.aws_apigatewayv2_stage.dev",
            "module.apigateway.aws_cloudwatch_log_group.main_api_gw",
            "module.apigateway.data.aws_caller_identity.current",
            "module.apigateway.data.aws_region.current",
            "module.apigateway_resource_authorization.aws_apigatewayv2_authorizer.header_based_authorizer",
            "module.apigateway_resource_authorization.aws_cloudwatch_log_group.html_loggroup_lambda_authorizer",
            "module.apigateway_resource_authorization.aws_iam_policy.dynamodb_lambda_policy_authorizer",
            "module.apigateway_resource_authorization.aws_iam_role.lambda_role_authorizer",
            "module.apigateway_resource_authorization.aws_iam_role_policy_attachment.lambda_attachements",
            "module.apigateway_resource_authorization.aws_iam_role_policy_attachment.lambda_role_policy_authorizer",
            "module.apigateway_resource_authorization.aws_lambda_function.html_lambda_authorizer",
            "module.apigateway_resource_authorization.aws_lambda_permission.allow_api_gw_invoke_authorizer",
            "module.apigateway_resource_authorization.data.archive_file.lambda_package_authorizer",
            "module.apigateway_resource_authorization.data.aws_apigatewayv2_api.selected",
            "module.apigateway_resource_authorization.data.aws_caller_identity.current",
            "module.apigateway_resource_authorization.data.aws_iam_policy_document.lambda_policy_document_authorizer",
            "module.apigateway_resource_authorization.data.aws_region.current",
            "module.apigateway_resource_security.aws_iam_role.lambda_role_login",
            "module.apigateway_resource_security.data.archive_file.lambda_package_login",
            "module.tables_dynamodb.aws_dynamodb_table.tbl_customers",
            "module.tables_dynamodb.aws_dynamodb_table.tbl_employees",
            "module.tables_dynamodb.aws_dynamodb_table.tbl_inventories",
            "module.tables_dynamodb.aws_dynamodb_table.tbl_suppliers",
            "module.tables_dynamodb.aws_dynamodb_table.tbl_token",
            "module.tables_dynamodb.aws_dynamodb_table.tbl_transaction_history",
            "module.tables_dynamodb.aws_dynamodb_table.tbl_users"
          ]
        }
      ]
    },
    {
      "module": "module.apigateway_resource_security",
      "mode": "managed",
      "type": "aws_lambda_permission",
      "name": "api_gw_login",
      "provider": "provider[\"registry.terraform.io/hashicorp/aws\"]",
      "instances": [
        {
          "schema_version": 0,
          "attributes": {
            "action": "lambda:InvokeFunction",
            "event_source_token": null,
            "function_name": "lmb-celeste-login-dev",
            "function_url_auth_type": null,
            "id": "AllowExecutionFromAPIGateway",
            "principal": "apigateway.amazonaws.com",
            "principal_org_id": null,
            "qualifier": "",
            "source_account": null,
            "source_arn": "arn:aws:execute-api:us-east-1:233925838033:u83oit2sq6/*/*",
            "statement_id": "AllowExecutionFromAPIGateway",
            "statement_id_prefix": ""
          },
          "sensitive_attributes": [],
          "private": "bnVsbA==",
          "dependencies": [
            "module.apigateway.aws_apigatewayv2_api.main",
            "module.apigateway.aws_apigatewayv2_stage.dev",
            "module.apigateway.aws_cloudwatch_log_group.main_api_gw",
            "module.apigateway.data.aws_caller_identity.current",
            "module.apigateway.data.aws_region.current",
            "module.apigateway_resource_authorization.aws_apigatewayv2_authorizer.header_based_authorizer",
            "module.apigateway_resource_authorization.aws_cloudwatch_log_group.html_loggroup_lambda_authorizer",
            "module.apigateway_resource_authorization.aws_iam_policy.dynamodb_lambda_policy_authorizer",
            "module.apigateway_resource_authorization.aws_iam_role.lambda_role_authorizer",
            "module.apigateway_resource_authorization.aws_iam_role_policy_attachment.lambda_attachements",
            "module.apigateway_resource_authorization.aws_iam_role_policy_attachment.lambda_role_policy_authorizer",
            "module.apigateway_resource_authorization.aws_lambda_function.html_lambda_authorizer",
            "module.apigateway_resource_authorization.aws_lambda_permission.allow_api_gw_invoke_authorizer",
            "module.apigateway_resource_authorization.data.archive_file.lambda_package_authorizer",
            "module.apigateway_resource_authorization.data.aws_apigatewayv2_api.selected",
            "module.apigateway_resource_authorization.data.aws_caller_identity.current",
            "module.apigateway_resource_authorization.data.aws_iam_policy_document.lambda_policy_document_authorizer",
            "module.apigateway_resource_authorization.data.aws_region.current",
            "module.apigateway_resource_security.aws_iam_role.lambda_role_login",
            "module.apigateway_resource_security.aws_lambda_function.html_lambda_login",
            "module.apigateway_resource_security.data.archive_file.lambda_package_login",
            "module.apigateway_resource_security.data.aws_apigatewayv2_api.selected",
            "module.tables_dynamodb.aws_dynamodb_table.tbl_customers",
            "module.tables_dynamodb.aws_dynamodb_table.tbl_employees",
            "module.tables_dynamodb.aws_dynamodb_table.tbl_inventories",
            "module.tables_dynamodb.aws_dynamodb_table.tbl_suppliers",
            "module.tables_dynamodb.aws_dynamodb_table.tbl_token",
            "module.tables_dynamodb.aws_dynamodb_table.tbl_transaction_history",
            "module.tables_dynamodb.aws_dynamodb_table.tbl_users"
          ]
        }
      ]
    },
    {
      "module": "module.apigateway_resource_transaction_history",
      "mode": "data",
      "type": "archive_file",
      "name": "lambda_package_transaction_history_create",
      "provider": "provider[\"registry.terraform.io/hashicorp/archive\"]",
      "instances": [
        {
          "schema_version": 0,
          "attributes": {
            "exclude_symlink_directories": null,
            "excludes": null,
            "id": "4d3675de1e5f43aa121ac6ba24da9dca5877dac5",
            "output_base64sha256": "qLc4sKVsizLL5LquOoVzbeZz9qZOOopaFnBf9rqlGHI=",
            "output_base64sha512": "zen26HbCzj1/bla5+Ey9ULC3H8ozOkYMd9R3xUXjlqisVIfqPrK+Z9UDjqc2sFdiVsc19Dc0dheNuvnS/++W8w==",
            "output_file_mode": null,
            "output_md5": "1fd36908c5d2a50640b72638989ed5fb",
            "output_path": "./resources/core/transaction-history-create/index.zip",
            "output_sha": "4d3675de1e5f43aa121ac6ba24da9dca5877dac5",
            "output_sha256": "a8b738b0a56c8b32cbe4baae3a85736de673f6a64e3a8a5a16705ff6baa51872",
            "output_sha512": "cde9f6e876c2ce3d7f6e56b9f84cbd50b0b71fca333a460c77d477c545e396a8ac5487ea3eb2be67d5038ea736b0576256c735f4373476178dbaf9d2ffef96f3",
            "output_size": 361894,
            "source": [],
            "source_content": null,
            "source_content_filename": null,
            "source_dir": "./lambdas/core/transaction-history-create",
            "source_file": null,
            "type": "zip"
          },
          "sensitive_attributes": []
        }
      ]
    },
    {
      "module": "module.apigateway_resource_transaction_history",
      "mode": "data",
      "type": "archive_file",
      "name": "lambda_package_transaction_history_delete_by_id",
      "provider": "provider[\"registry.terraform.io/hashicorp/archive\"]",
      "instances": [
        {
          "schema_version": 0,
          "attributes": {
            "exclude_symlink_directories": null,
            "excludes": null,
            "id": "72b9582e9964d6a74e1e9fac0109d23ddd9be633",
            "output_base64sha256": "aghUwHpk3IFSdwSE1LHhQ4oiHXnkcy4Qd349HKGP5j0=",
            "output_base64sha512": "4+8HmNO8ptQ+xdY01T0ZNK6nwXG2PxylVtj8nvoqU5KluwUiSReO3RqSJPyzk5w6JPgogZNtU97Vj8sYf+buTA==",
            "output_file_mode": null,
            "output_md5": "7c156856780b4d44b417a82f92de17cf",
            "output_path": "./resources/core/transaction-history-delete-by-id/index.zip",
            "output_sha": "72b9582e9964d6a74e1e9fac0109d23ddd9be633",
            "output_sha256": "6a0854c07a64dc8152770484d4b1e1438a221d79e4732e10777e3d1ca18fe63d",
            "output_sha512": "e3ef0798d3bca6d43ec5d634d53d1934aea7c171b63f1ca556d8fc9efa2a5392a5bb052249178edd1a9224fcb3939c3a24f82881936d53ded58fcb187fe6ee4c",
            "output_size": 361295,
            "source": [],
            "source_content": null,
            "source_content_filename": null,
            "source_dir": "./lambdas/core/transaction-history-delete-by-id",
            "source_file": null,
            "type": "zip"
          },
          "sensitive_attributes": []
        }
      ]
    },
    {
      "module": "module.apigateway_resource_transaction_history",
      "mode": "data",
      "type": "archive_file",
      "name": "lambda_package_transaction_history_filter",
      "provider": "provider[\"registry.terraform.io/hashicorp/archive\"]",
      "instances": [
        {
          "schema_version": 0,
          "attributes": {
            "exclude_symlink_directories": null,
            "excludes": null,
            "id": "6097b7c43bb6f99acb2631b2a6dcb86a5747b126",
            "output_base64sha256": "exiSr0E4/MQiwIAZtFh3RczLpZGUUVh/TZtLV+Gy7ao=",
            "output_base64sha512": "eVYz/sZbkhQTQDGleu2bK53DOnlhYCRWerCiUYKukkI7XsNbcLrwBgKn9D9ZzdY+fW1w+VjgBx46HKsfmKi2vg==",
            "output_file_mode": null,
            "output_md5": "41072ca67f23abfb057ffff1dab0e0c9",
            "output_path": "./resources/core/transaction-history-filter/index.zip",
            "output_sha": "6097b7c43bb6f99acb2631b2a6dcb86a5747b126",
            "output_sha256": "7b1892af4138fcc422c08019b4587745cccba5919451587f4d9b4b57e1b2edaa",
            "output_sha512": "795633fec65b9214134031a57aed9b2b9dc33a79616024567ab0a25182ae92423b5ec35b70baf00602a7f43f59cdd63e7d6d70f958e0071e3a1cab1f98a8b6be",
            "output_size": 370645,
            "source": [],
            "source_content": null,
            "source_content_filename": null,
            "source_dir": "./lambdas/core/transaction-history-filter",
            "source_file": null,
            "type": "zip"
          },
          "sensitive_attributes": []
        }
      ]
    },
    {
      "module": "module.apigateway_resource_transaction_history",
      "mode": "data",
      "type": "archive_file",
      "name": "lambda_package_transaction_history_update",
      "provider": "provider[\"registry.terraform.io/hashicorp/archive\"]",
      "instances": [
        {
          "schema_version": 0,
          "attributes": {
            "exclude_symlink_directories": null,
            "excludes": null,
            "id": "0b80fbd2e97276143d51b4f65e97a31c04d796cd",
            "output_base64sha256": "RksvdRWlMzxoCaxFE0pvmdA8B2NwyZFbglz2VbA9rDg=",
            "output_base64sha512": "t2qI0vLiBNGA2MdsBqbiQkpvkVjb0yVF2UuCiNxJN/NvaJbUrd61cXEp5Ke99l7ScXn7apSGg6jYlkT5sgVMnQ==",
            "output_file_mode": null,
            "output_md5": "03864f1e61b17b8d93bb174f999ff2b3",
            "output_path": "./resources/core/transaction-history-update-by-id/index.zip",
            "output_sha": "0b80fbd2e97276143d51b4f65e97a31c04d796cd",
            "output_sha256": "464b2f7515a5333c6809ac45134a6f99d03c076370c9915b825cf655b03dac38",
            "output_sha512": "b76a88d2f2e204d180d8c76c06a6e2424a6f9158dbd32545d94b8288dc4937f36f6896d4addeb5717129e4a7bdf65ed27179fb6a948683a8d89644f9b2054c9d",
            "output_size": 564775,
            "source": [],
            "source_content": null,
            "source_content_filename": null,
            "source_dir": "./lambdas/core/transaction-history-update-by-id",
            "source_file": null,
            "type": "zip"
          },
          "sensitive_attributes": []
        }
      ]
    },
    {
      "module": "module.apigateway_resource_transaction_history",
      "mode": "data",
      "type": "aws_apigatewayv2_api",
      "name": "selected",
      "provider": "provider[\"registry.terraform.io/hashicorp/aws\"]",
      "instances": [
        {
          "schema_version": 0,
          "attributes": {
            "api_endpoint": "https://u83oit2sq6.execute-api.us-east-1.amazonaws.com",
            "api_id": "u83oit2sq6",
            "api_key_selection_expression": "$request.header.x-api-key",
            "arn": "arn:aws:apigateway:us-east-1::/apis/u83oit2sq6",
            "cors_configuration": [
              {
                "allow_credentials": false,
                "allow_headers": [
                  "*"
                ],
                "allow_methods": [
                  "DELETE",
                  "GET",
                  "OPTIONS",
                  "POST",
                  "PUT"
                ],
                "allow_origins": [
                  "*",
                  "http://localhost:3000"
                ],
                "expose_headers": [],
                "max_age": 300
              }
            ],
            "description": "api-celeste-dev API Gateway",
            "disable_execute_api_endpoint": false,
            "execution_arn": "arn:aws:execute-api:us-east-1:233925838033:u83oit2sq6",
            "id": "u83oit2sq6",
            "name": "api-celeste-dev",
            "protocol_type": "HTTP",
            "route_selection_expression": "$request.method $request.path",
            "tags": {
              "iac": "terraform"
            },
            "version": ""
          },
          "sensitive_attributes": []
        }
      ]
    },
    {
      "module": "module.apigateway_resource_transaction_history",
      "mode": "data",
      "type": "aws_caller_identity",
      "name": "current",
      "provider": "provider[\"registry.terraform.io/hashicorp/aws\"]",
      "instances": [
        {
          "schema_version": 0,
          "attributes": {
            "account_id": "233925838033",
            "arn": "arn:aws:iam::233925838033:root",
            "id": "233925838033",
            "user_id": "233925838033"
          },
          "sensitive_attributes": []
        }
      ]
    },
    {
      "module": "module.apigateway_resource_transaction_history",
      "mode": "data",
      "type": "aws_iam_policy_document",
      "name": "lambda_policy_document_transaction_history_create",
      "provider": "provider[\"registry.terraform.io/hashicorp/aws\"]",
      "instances": [
        {
          "schema_version": 0,
          "attributes": {
            "id": "3020647203",
            "json": "{\n  \"Version\": \"2012-10-17\",\n  \"Statement\": [\n    {\n      \"Effect\": \"Allow\",\n      \"Action\": [\n        \"dynamodb:Scan\",\n        \"dynamodb:Query\",\n        \"dynamodb:PutItem\"\n      ],\n      \"Resource\": \"arn:aws:dynamodb:us-east-1:233925838033:table/tbl-celeste-transaction-history-dev\"\n    }\n  ]\n}",
            "minified_json": "{\"Version\":\"2012-10-17\",\"Statement\":[{\"Effect\":\"Allow\",\"Action\":[\"dynamodb:Scan\",\"dynamodb:Query\",\"dynamodb:PutItem\"],\"Resource\":\"arn:aws:dynamodb:us-east-1:233925838033:table/tbl-celeste-transaction-history-dev\"}]}",
            "override_json": null,
            "override_policy_documents": null,
            "policy_id": null,
            "source_json": null,
            "source_policy_documents": null,
            "statement": [
              {
                "actions": [
                  "dynamodb:PutItem",
                  "dynamodb:Query",
                  "dynamodb:Scan"
                ],
                "condition": [],
                "effect": "Allow",
                "not_actions": [],
                "not_principals": [],
                "not_resources": [],
                "principals": [],
                "resources": [
                  "arn:aws:dynamodb:us-east-1:233925838033:table/tbl-celeste-transaction-history-dev"
                ],
                "sid": ""
              }
            ],
            "version": "2012-10-17"
          },
          "sensitive_attributes": []
        }
      ]
    },
    {
      "module": "module.apigateway_resource_transaction_history",
      "mode": "data",
      "type": "aws_iam_policy_document",
      "name": "lambda_policy_document_transaction_history_delete_by_id",
      "provider": "provider[\"registry.terraform.io/hashicorp/aws\"]",
      "instances": [
        {
          "schema_version": 0,
          "attributes": {
            "id": "3870186621",
            "json": "{\n  \"Version\": \"2012-10-17\",\n  \"Statement\": [\n    {\n      \"Effect\": \"Allow\",\n      \"Action\": \"dynamodb:UpdateItem\",\n      \"Resource\": \"arn:aws:dynamodb:us-east-1:233925838033:table/tbl-celeste-transaction-history-dev\"\n    }\n  ]\n}",
            "minified_json": "{\"Version\":\"2012-10-17\",\"Statement\":[{\"Effect\":\"Allow\",\"Action\":\"dynamodb:UpdateItem\",\"Resource\":\"arn:aws:dynamodb:us-east-1:233925838033:table/tbl-celeste-transaction-history-dev\"}]}",
            "override_json": null,
            "override_policy_documents": null,
            "policy_id": null,
            "source_json": null,
            "source_policy_documents": null,
            "statement": [
              {
                "actions": [
                  "dynamodb:UpdateItem"
                ],
                "condition": [],
                "effect": "Allow",
                "not_actions": [],
                "not_principals": [],
                "not_resources": [],
                "principals": [],
                "resources": [
                  "arn:aws:dynamodb:us-east-1:233925838033:table/tbl-celeste-transaction-history-dev"
                ],
                "sid": ""
              }
            ],
            "version": "2012-10-17"
          },
          "sensitive_attributes": []
        }
      ]
    },
    {
      "module": "module.apigateway_resource_transaction_history",
      "mode": "data",
      "type": "aws_iam_policy_document",
      "name": "lambda_policy_document_transaction_history_filter",
      "provider": "provider[\"registry.terraform.io/hashicorp/aws\"]",
      "instances": [
        {
          "schema_version": 0,
          "attributes": {
            "id": "344959866",
            "json": "{\n  \"Version\": \"2012-10-17\",\n  \"Statement\": [\n    {\n      \"Effect\": \"Allow\",\n      \"Action\": \"dynamodb:Scan\",\n      \"Resource\": \"arn:aws:dynamodb:us-east-1:233925838033:table/tbl-celeste-transaction-history-dev\"\n    }\n  ]\n}",
            "minified_json": "{\"Version\":\"2012-10-17\",\"Statement\":[{\"Effect\":\"Allow\",\"Action\":\"dynamodb:Scan\",\"Resource\":\"arn:aws:dynamodb:us-east-1:233925838033:table/tbl-celeste-transaction-history-dev\"}]}",
            "override_json": null,
            "override_policy_documents": null,
            "policy_id": null,
            "source_json": null,
            "source_policy_documents": null,
            "statement": [
              {
                "actions": [
                  "dynamodb:Scan"
                ],
                "condition": [],
                "effect": "Allow",
                "not_actions": [],
                "not_principals": [],
                "not_resources": [],
                "principals": [],
                "resources": [
                  "arn:aws:dynamodb:us-east-1:233925838033:table/tbl-celeste-transaction-history-dev"
                ],
                "sid": ""
              }
            ],
            "version": "2012-10-17"
          },
          "sensitive_attributes": []
        }
      ]
    },
    {
      "module": "module.apigateway_resource_transaction_history",
      "mode": "data",
      "type": "aws_iam_policy_document",
      "name": "lambda_policy_document_transaction_history_update",
      "provider": "provider[\"registry.terraform.io/hashicorp/aws\"]",
      "instances": [
        {
          "schema_version": 0,
          "attributes": {
            "id": "1389668088",
            "json": "{\n  \"Version\": \"2012-10-17\",\n  \"Statement\": [\n    {\n      \"Effect\": \"Allow\",\n      \"Action\": [\n        \"dynamodb:UpdateItem\",\n        \"dynamodb:Scan\",\n        \"dynamodb:GetItem\"\n      ],\n      \"Resource\": \"arn:aws:dynamodb:us-east-1:233925838033:table/tbl-celeste-transaction-history-dev\"\n    }\n  ]\n}",
            "minified_json": "{\"Version\":\"2012-10-17\",\"Statement\":[{\"Effect\":\"Allow\",\"Action\":[\"dynamodb:UpdateItem\",\"dynamodb:Scan\",\"dynamodb:GetItem\"],\"Resource\":\"arn:aws:dynamodb:us-east-1:233925838033:table/tbl-celeste-transaction-history-dev\"}]}",
            "override_json": null,
            "override_policy_documents": null,
            "policy_id": null,
            "source_json": null,
            "source_policy_documents": null,
            "statement": [
              {
                "actions": [
                  "dynamodb:GetItem",
                  "dynamodb:Scan",
                  "dynamodb:UpdateItem"
                ],
                "condition": [],
                "effect": "Allow",
                "not_actions": [],
                "not_principals": [],
                "not_resources": [],
                "principals": [],
                "resources": [
                  "arn:aws:dynamodb:us-east-1:233925838033:table/tbl-celeste-transaction-history-dev"
                ],
                "sid": ""
              }
            ],
            "version": "2012-10-17"
          },
          "sensitive_attributes": []
        }
      ]
    },
    {
      "module": "module.apigateway_resource_transaction_history",
      "mode": "data",
      "type": "aws_region",
      "name": "current",
      "provider": "provider[\"registry.terraform.io/hashicorp/aws\"]",
      "instances": [
        {
          "schema_version": 0,
          "attributes": {
            "description": "US East (N. Virginia)",
            "endpoint": "ec2.us-east-1.amazonaws.com",
            "id": "us-east-1",
            "name": "us-east-1"
          },
          "sensitive_attributes": []
        }
      ]
    },
    {
      "module": "module.apigateway_resource_transaction_history",
      "mode": "managed",
      "type": "aws_apigatewayv2_integration",
      "name": "lambda_handler_transaction_history_create",
      "provider": "provider[\"registry.terraform.io/hashicorp/aws\"]",
      "instances": [
        {
          "schema_version": 0,
          "attributes": {
            "api_id": "u83oit2sq6",
            "connection_id": "",
            "connection_type": "INTERNET",
            "content_handling_strategy": "",
            "credentials_arn": "",
            "description": "",
            "id": "2ytk64q",
            "integration_method": "POST",
            "integration_response_selection_expression": "",
            "integration_subtype": "",
            "integration_type": "AWS_PROXY",
            "integration_uri": "arn:aws:apigateway:us-east-1:lambda:path/2015-03-31/functions/arn:aws:lambda:us-east-1:233925838033:function:lmb-celeste-transaction-history-create-dev/invocations",
            "passthrough_behavior": "",
            "payload_format_version": "1.0",
            "request_parameters": null,
            "request_templates": null,
            "response_parameters": [],
            "template_selection_expression": "",
            "timeout_milliseconds": 30000,
            "tls_config": []
          },
          "sensitive_attributes": [],
          "private": "bnVsbA==",
          "dependencies": [
            "module.apigateway.aws_apigatewayv2_api.main",
            "module.apigateway.aws_apigatewayv2_stage.dev",
            "module.apigateway.aws_cloudwatch_log_group.main_api_gw",
            "module.apigateway.data.aws_caller_identity.current",
            "module.apigateway.data.aws_region.current",
            "module.apigateway_resource_authorization.aws_apigatewayv2_authorizer.header_based_authorizer",
            "module.apigateway_resource_authorization.aws_cloudwatch_log_group.html_loggroup_lambda_authorizer",
            "module.apigateway_resource_authorization.aws_iam_policy.dynamodb_lambda_policy_authorizer",
            "module.apigateway_resource_authorization.aws_iam_role.lambda_role_authorizer",
            "module.apigateway_resource_authorization.aws_iam_role_policy_attachment.lambda_attachements",
            "module.apigateway_resource_authorization.aws_iam_role_policy_attachment.lambda_role_policy_authorizer",
            "module.apigateway_resource_authorization.aws_lambda_function.html_lambda_authorizer",
            "module.apigateway_resource_authorization.aws_lambda_permission.allow_api_gw_invoke_authorizer",
            "module.apigateway_resource_authorization.data.archive_file.lambda_package_authorizer",
            "module.apigateway_resource_authorization.data.aws_apigatewayv2_api.selected",
            "module.apigateway_resource_authorization.data.aws_caller_identity.current",
            "module.apigateway_resource_authorization.data.aws_iam_policy_document.lambda_policy_document_authorizer",
            "module.apigateway_resource_authorization.data.aws_region.current",
            "module.apigateway_resource_transaction_history.aws_iam_role.lambda_role_transaction_history_create",
            "module.apigateway_resource_transaction_history.aws_lambda_function.html_lambda_transaction_history_create",
            "module.apigateway_resource_transaction_history.data.archive_file.lambda_package_transaction_history_create",
            "module.tables_dynamodb.aws_dynamodb_table.tbl_customers",
            "module.tables_dynamodb.aws_dynamodb_table.tbl_employees",
            "module.tables_dynamodb.aws_dynamodb_table.tbl_inventories",
            "module.tables_dynamodb.aws_dynamodb_table.tbl_suppliers",
            "module.tables_dynamodb.aws_dynamodb_table.tbl_token",
            "module.tables_dynamodb.aws_dynamodb_table.tbl_transaction_history",
            "module.tables_dynamodb.aws_dynamodb_table.tbl_users"
          ]
        }
      ]
    },
    {
      "module": "module.apigateway_resource_transaction_history",
      "mode": "managed",
      "type": "aws_apigatewayv2_integration",
      "name": "lambda_handler_transaction_history_delete_by_id",
      "provider": "provider[\"registry.terraform.io/hashicorp/aws\"]",
      "instances": [
        {
          "schema_version": 0,
          "attributes": {
            "api_id": "u83oit2sq6",
            "connection_id": "",
            "connection_type": "INTERNET",
            "content_handling_strategy": "",
            "credentials_arn": "",
            "description": "",
            "id": "nezws6b",
            "integration_method": "POST",
            "integration_response_selection_expression": "",
            "integration_subtype": "",
            "integration_type": "AWS_PROXY",
            "integration_uri": "arn:aws:apigateway:us-east-1:lambda:path/2015-03-31/functions/arn:aws:lambda:us-east-1:233925838033:function:lmb-celeste-transaction-history-delete-by-id-dev/invocations",
            "passthrough_behavior": "",
            "payload_format_version": "1.0",
            "request_parameters": null,
            "request_templates": null,
            "response_parameters": [],
            "template_selection_expression": "",
            "timeout_milliseconds": 30000,
            "tls_config": []
          },
          "sensitive_attributes": [],
          "private": "bnVsbA==",
          "dependencies": [
            "module.apigateway.aws_apigatewayv2_api.main",
            "module.apigateway.aws_apigatewayv2_stage.dev",
            "module.apigateway.aws_cloudwatch_log_group.main_api_gw",
            "module.apigateway.data.aws_caller_identity.current",
            "module.apigateway.data.aws_region.current",
            "module.apigateway_resource_authorization.aws_apigatewayv2_authorizer.header_based_authorizer",
            "module.apigateway_resource_authorization.aws_cloudwatch_log_group.html_loggroup_lambda_authorizer",
            "module.apigateway_resource_authorization.aws_iam_policy.dynamodb_lambda_policy_authorizer",
            "module.apigateway_resource_authorization.aws_iam_role.lambda_role_authorizer",
            "module.apigateway_resource_authorization.aws_iam_role_policy_attachment.lambda_attachements",
            "module.apigateway_resource_authorization.aws_iam_role_policy_attachment.lambda_role_policy_authorizer",
            "module.apigateway_resource_authorization.aws_lambda_function.html_lambda_authorizer",
            "module.apigateway_resource_authorization.aws_lambda_permission.allow_api_gw_invoke_authorizer",
            "module.apigateway_resource_authorization.data.archive_file.lambda_package_authorizer",
            "module.apigateway_resource_authorization.data.aws_apigatewayv2_api.selected",
            "module.apigateway_resource_authorization.data.aws_caller_identity.current",
            "module.apigateway_resource_authorization.data.aws_iam_policy_document.lambda_policy_document_authorizer",
            "module.apigateway_resource_authorization.data.aws_region.current",
            "module.apigateway_resource_transaction_history.aws_iam_role.lambda_role_transaction_history_delete_by_id",
            "module.apigateway_resource_transaction_history.aws_lambda_function.html_lambda_transaction_history_delete_by_id",
            "module.apigateway_resource_transaction_history.data.archive_file.lambda_package_transaction_history_delete_by_id",
            "module.tables_dynamodb.aws_dynamodb_table.tbl_customers",
            "module.tables_dynamodb.aws_dynamodb_table.tbl_employees",
            "module.tables_dynamodb.aws_dynamodb_table.tbl_inventories",
            "module.tables_dynamodb.aws_dynamodb_table.tbl_suppliers",
            "module.tables_dynamodb.aws_dynamodb_table.tbl_token",
            "module.tables_dynamodb.aws_dynamodb_table.tbl_transaction_history",
            "module.tables_dynamodb.aws_dynamodb_table.tbl_users"
          ]
        }
      ]
    },
    {
      "module": "module.apigateway_resource_transaction_history",
      "mode": "managed",
      "type": "aws_apigatewayv2_integration",
      "name": "lambda_handler_transaction_history_filter",
      "provider": "provider[\"registry.terraform.io/hashicorp/aws\"]",
      "instances": [
        {
          "schema_version": 0,
          "attributes": {
            "api_id": "u83oit2sq6",
            "connection_id": "",
            "connection_type": "INTERNET",
            "content_handling_strategy": "",
            "credentials_arn": "",
            "description": "",
            "id": "g2laigc",
            "integration_method": "POST",
            "integration_response_selection_expression": "",
            "integration_subtype": "",
            "integration_type": "AWS_PROXY",
            "integration_uri": "arn:aws:apigateway:us-east-1:lambda:path/2015-03-31/functions/arn:aws:lambda:us-east-1:233925838033:function:lmb-celeste-transaction-history-filter-dev/invocations",
            "passthrough_behavior": "",
            "payload_format_version": "1.0",
            "request_parameters": null,
            "request_templates": null,
            "response_parameters": [],
            "template_selection_expression": "",
            "timeout_milliseconds": 30000,
            "tls_config": []
          },
          "sensitive_attributes": [],
          "private": "bnVsbA==",
          "dependencies": [
            "module.apigateway.aws_apigatewayv2_api.main",
            "module.apigateway.aws_apigatewayv2_stage.dev",
            "module.apigateway.aws_cloudwatch_log_group.main_api_gw",
            "module.apigateway.data.aws_caller_identity.current",
            "module.apigateway.data.aws_region.current",
            "module.apigateway_resource_authorization.aws_apigatewayv2_authorizer.header_based_authorizer",
            "module.apigateway_resource_authorization.aws_cloudwatch_log_group.html_loggroup_lambda_authorizer",
            "module.apigateway_resource_authorization.aws_iam_policy.dynamodb_lambda_policy_authorizer",
            "module.apigateway_resource_authorization.aws_iam_role.lambda_role_authorizer",
            "module.apigateway_resource_authorization.aws_iam_role_policy_attachment.lambda_attachements",
            "module.apigateway_resource_authorization.aws_iam_role_policy_attachment.lambda_role_policy_authorizer",
            "module.apigateway_resource_authorization.aws_lambda_function.html_lambda_authorizer",
            "module.apigateway_resource_authorization.aws_lambda_permission.allow_api_gw_invoke_authorizer",
            "module.apigateway_resource_authorization.data.archive_file.lambda_package_authorizer",
            "module.apigateway_resource_authorization.data.aws_apigatewayv2_api.selected",
            "module.apigateway_resource_authorization.data.aws_caller_identity.current",
            "module.apigateway_resource_authorization.data.aws_iam_policy_document.lambda_policy_document_authorizer",
            "module.apigateway_resource_authorization.data.aws_region.current",
            "module.apigateway_resource_transaction_history.aws_iam_role.lambda_role_transaction_history_filter",
            "module.apigateway_resource_transaction_history.aws_lambda_function.html_lambda_transaction_history_filter",
            "module.apigateway_resource_transaction_history.data.archive_file.lambda_package_transaction_history_filter",
            "module.tables_dynamodb.aws_dynamodb_table.tbl_customers",
            "module.tables_dynamodb.aws_dynamodb_table.tbl_employees",
            "module.tables_dynamodb.aws_dynamodb_table.tbl_inventories",
            "module.tables_dynamodb.aws_dynamodb_table.tbl_suppliers",
            "module.tables_dynamodb.aws_dynamodb_table.tbl_token",
            "module.tables_dynamodb.aws_dynamodb_table.tbl_transaction_history",
            "module.tables_dynamodb.aws_dynamodb_table.tbl_users"
          ]
        }
      ]
    },
    {
      "module": "module.apigateway_resource_transaction_history",
      "mode": "managed",
      "type": "aws_apigatewayv2_integration",
      "name": "lambda_handler_transaction_history_update",
      "provider": "provider[\"registry.terraform.io/hashicorp/aws\"]",
      "instances": [
        {
          "schema_version": 0,
          "attributes": {
            "api_id": "u83oit2sq6",
            "connection_id": "",
            "connection_type": "INTERNET",
            "content_handling_strategy": "",
            "credentials_arn": "",
            "description": "",
            "id": "gwxe0n2",
            "integration_method": "POST",
            "integration_response_selection_expression": "",
            "integration_subtype": "",
            "integration_type": "AWS_PROXY",
            "integration_uri": "arn:aws:apigateway:us-east-1:lambda:path/2015-03-31/functions/arn:aws:lambda:us-east-1:233925838033:function:lmb-celeste-transaction-history-update-dev/invocations",
            "passthrough_behavior": "",
            "payload_format_version": "1.0",
            "request_parameters": null,
            "request_templates": null,
            "response_parameters": [],
            "template_selection_expression": "",
            "timeout_milliseconds": 30000,
            "tls_config": []
          },
          "sensitive_attributes": [],
          "private": "bnVsbA==",
          "dependencies": [
            "module.apigateway.aws_apigatewayv2_api.main",
            "module.apigateway.aws_apigatewayv2_stage.dev",
            "module.apigateway.aws_cloudwatch_log_group.main_api_gw",
            "module.apigateway.data.aws_caller_identity.current",
            "module.apigateway.data.aws_region.current",
            "module.apigateway_resource_authorization.aws_apigatewayv2_authorizer.header_based_authorizer",
            "module.apigateway_resource_authorization.aws_cloudwatch_log_group.html_loggroup_lambda_authorizer",
            "module.apigateway_resource_authorization.aws_iam_policy.dynamodb_lambda_policy_authorizer",
            "module.apigateway_resource_authorization.aws_iam_role.lambda_role_authorizer",
            "module.apigateway_resource_authorization.aws_iam_role_policy_attachment.lambda_attachements",
            "module.apigateway_resource_authorization.aws_iam_role_policy_attachment.lambda_role_policy_authorizer",
            "module.apigateway_resource_authorization.aws_lambda_function.html_lambda_authorizer",
            "module.apigateway_resource_authorization.aws_lambda_permission.allow_api_gw_invoke_authorizer",
            "module.apigateway_resource_authorization.data.archive_file.lambda_package_authorizer",
            "module.apigateway_resource_authorization.data.aws_apigatewayv2_api.selected",
            "module.apigateway_resource_authorization.data.aws_caller_identity.current",
            "module.apigateway_resource_authorization.data.aws_iam_policy_document.lambda_policy_document_authorizer",
            "module.apigateway_resource_authorization.data.aws_region.current",
            "module.apigateway_resource_transaction_history.aws_iam_role.lambda_role_transaction_history_update",
            "module.apigateway_resource_transaction_history.aws_lambda_function.html_lambda_transaction_history_update",
            "module.apigateway_resource_transaction_history.data.archive_file.lambda_package_transaction_history_update",
            "module.tables_dynamodb.aws_dynamodb_table.tbl_customers",
            "module.tables_dynamodb.aws_dynamodb_table.tbl_employees",
            "module.tables_dynamodb.aws_dynamodb_table.tbl_inventories",
            "module.tables_dynamodb.aws_dynamodb_table.tbl_suppliers",
            "module.tables_dynamodb.aws_dynamodb_table.tbl_token",
            "module.tables_dynamodb.aws_dynamodb_table.tbl_transaction_history",
            "module.tables_dynamodb.aws_dynamodb_table.tbl_users"
          ]
        }
      ]
    },
    {
      "module": "module.apigateway_resource_transaction_history",
      "mode": "managed",
      "type": "aws_apigatewayv2_route",
      "name": "handler_transaction_history_create",
      "provider": "provider[\"registry.terraform.io/hashicorp/aws\"]",
      "instances": [
        {
          "schema_version": 0,
          "attributes": {
            "api_id": "u83oit2sq6",
            "api_key_required": false,
            "authorization_scopes": null,
            "authorization_type": "CUSTOM",
            "authorizer_id": "10477d",
            "id": "lsm0ee3",
            "model_selection_expression": "",
            "operation_name": "",
            "request_models": null,
            "request_parameter": [],
            "route_key": "POST /api/v1/transaction-history",
            "route_response_selection_expression": "",
            "target": "integrations/2ytk64q"
          },
          "sensitive_attributes": [],
          "private": "bnVsbA==",
          "dependencies": [
            "module.apigateway.aws_apigatewayv2_api.main",
            "module.apigateway.aws_apigatewayv2_stage.dev",
            "module.apigateway.aws_cloudwatch_log_group.main_api_gw",
            "module.apigateway.data.aws_caller_identity.current",
            "module.apigateway.data.aws_region.current",
            "module.apigateway_resource_authorization.aws_apigatewayv2_authorizer.header_based_authorizer",
            "module.apigateway_resource_authorization.aws_cloudwatch_log_group.html_loggroup_lambda_authorizer",
            "module.apigateway_resource_authorization.aws_iam_policy.dynamodb_lambda_policy_authorizer",
            "module.apigateway_resource_authorization.aws_iam_role.lambda_role_authorizer",
            "module.apigateway_resource_authorization.aws_iam_role_policy_attachment.lambda_attachements",
            "module.apigateway_resource_authorization.aws_iam_role_policy_attachment.lambda_role_policy_authorizer",
            "module.apigateway_resource_authorization.aws_lambda_function.html_lambda_authorizer",
            "module.apigateway_resource_authorization.aws_lambda_permission.allow_api_gw_invoke_authorizer",
            "module.apigateway_resource_authorization.data.archive_file.lambda_package_authorizer",
            "module.apigateway_resource_authorization.data.aws_apigatewayv2_api.selected",
            "module.apigateway_resource_authorization.data.aws_caller_identity.current",
            "module.apigateway_resource_authorization.data.aws_iam_policy_document.lambda_policy_document_authorizer",
            "module.apigateway_resource_authorization.data.aws_region.current",
            "module.apigateway_resource_transaction_history.aws_apigatewayv2_integration.lambda_handler_transaction_history_create",
            "module.apigateway_resource_transaction_history.aws_iam_role.lambda_role_transaction_history_create",
            "module.apigateway_resource_transaction_history.aws_lambda_function.html_lambda_transaction_history_create",
            "module.apigateway_resource_transaction_history.data.archive_file.lambda_package_transaction_history_create",
            "module.tables_dynamodb.aws_dynamodb_table.tbl_customers",
            "module.tables_dynamodb.aws_dynamodb_table.tbl_employees",
            "module.tables_dynamodb.aws_dynamodb_table.tbl_inventories",
            "module.tables_dynamodb.aws_dynamodb_table.tbl_suppliers",
            "module.tables_dynamodb.aws_dynamodb_table.tbl_token",
            "module.tables_dynamodb.aws_dynamodb_table.tbl_transaction_history",
            "module.tables_dynamodb.aws_dynamodb_table.tbl_users"
          ]
        }
      ]
    },
    {
      "module": "module.apigateway_resource_transaction_history",
      "mode": "managed",
      "type": "aws_apigatewayv2_route",
      "name": "handler_transaction_history_delete_by_id",
      "provider": "provider[\"registry.terraform.io/hashicorp/aws\"]",
      "instances": [
        {
          "schema_version": 0,
          "attributes": {
            "api_id": "u83oit2sq6",
            "api_key_required": false,
            "authorization_scopes": null,
            "authorization_type": "CUSTOM",
            "authorizer_id": "10477d",
            "id": "96fduqj",
            "model_selection_expression": "",
            "operation_name": "",
            "request_models": null,
            "request_parameter": [],
            "route_key": "DELETE /api/v1/transaction-history/{id}",
            "route_response_selection_expression": "",
            "target": "integrations/nezws6b"
          },
          "sensitive_attributes": [],
          "private": "bnVsbA==",
          "dependencies": [
            "module.apigateway.aws_apigatewayv2_api.main",
            "module.apigateway.aws_apigatewayv2_stage.dev",
            "module.apigateway.aws_cloudwatch_log_group.main_api_gw",
            "module.apigateway.data.aws_caller_identity.current",
            "module.apigateway.data.aws_region.current",
            "module.apigateway_resource_authorization.aws_apigatewayv2_authorizer.header_based_authorizer",
            "module.apigateway_resource_authorization.aws_cloudwatch_log_group.html_loggroup_lambda_authorizer",
            "module.apigateway_resource_authorization.aws_iam_policy.dynamodb_lambda_policy_authorizer",
            "module.apigateway_resource_authorization.aws_iam_role.lambda_role_authorizer",
            "module.apigateway_resource_authorization.aws_iam_role_policy_attachment.lambda_attachements",
            "module.apigateway_resource_authorization.aws_iam_role_policy_attachment.lambda_role_policy_authorizer",
            "module.apigateway_resource_authorization.aws_lambda_function.html_lambda_authorizer",
            "module.apigateway_resource_authorization.aws_lambda_permission.allow_api_gw_invoke_authorizer",
            "module.apigateway_resource_authorization.data.archive_file.lambda_package_authorizer",
            "module.apigateway_resource_authorization.data.aws_apigatewayv2_api.selected",
            "module.apigateway_resource_authorization.data.aws_caller_identity.current",
            "module.apigateway_resource_authorization.data.aws_iam_policy_document.lambda_policy_document_authorizer",
            "module.apigateway_resource_authorization.data.aws_region.current",
            "module.apigateway_resource_transaction_history.aws_apigatewayv2_integration.lambda_handler_transaction_history_delete_by_id",
            "module.apigateway_resource_transaction_history.aws_iam_role.lambda_role_transaction_history_delete_by_id",
            "module.apigateway_resource_transaction_history.aws_lambda_function.html_lambda_transaction_history_delete_by_id",
            "module.apigateway_resource_transaction_history.data.archive_file.lambda_package_transaction_history_delete_by_id",
            "module.tables_dynamodb.aws_dynamodb_table.tbl_customers",
            "module.tables_dynamodb.aws_dynamodb_table.tbl_employees",
            "module.tables_dynamodb.aws_dynamodb_table.tbl_inventories",
            "module.tables_dynamodb.aws_dynamodb_table.tbl_suppliers",
            "module.tables_dynamodb.aws_dynamodb_table.tbl_token",
            "module.tables_dynamodb.aws_dynamodb_table.tbl_transaction_history",
            "module.tables_dynamodb.aws_dynamodb_table.tbl_users"
          ]
        }
      ]
    },
    {
      "module": "module.apigateway_resource_transaction_history",
      "mode": "managed",
      "type": "aws_apigatewayv2_route",
      "name": "handler_transaction_history_filter",
      "provider": "provider[\"registry.terraform.io/hashicorp/aws\"]",
      "instances": [
        {
          "schema_version": 0,
          "attributes": {
            "api_id": "u83oit2sq6",
            "api_key_required": false,
            "authorization_scopes": null,
            "authorization_type": "CUSTOM",
            "authorizer_id": "10477d",
            "id": "223j0fo",
            "model_selection_expression": "",
            "operation_name": "",
            "request_models": null,
            "request_parameter": [],
            "route_key": "GET /api/v1/transaction-history",
            "route_response_selection_expression": "",
            "target": "integrations/g2laigc"
          },
          "sensitive_attributes": [],
          "private": "bnVsbA==",
          "dependencies": [
            "module.apigateway.aws_apigatewayv2_api.main",
            "module.apigateway.aws_apigatewayv2_stage.dev",
            "module.apigateway.aws_cloudwatch_log_group.main_api_gw",
            "module.apigateway.data.aws_caller_identity.current",
            "module.apigateway.data.aws_region.current",
            "module.apigateway_resource_authorization.aws_apigatewayv2_authorizer.header_based_authorizer",
            "module.apigateway_resource_authorization.aws_cloudwatch_log_group.html_loggroup_lambda_authorizer",
            "module.apigateway_resource_authorization.aws_iam_policy.dynamodb_lambda_policy_authorizer",
            "module.apigateway_resource_authorization.aws_iam_role.lambda_role_authorizer",
            "module.apigateway_resource_authorization.aws_iam_role_policy_attachment.lambda_attachements",
            "module.apigateway_resource_authorization.aws_iam_role_policy_attachment.lambda_role_policy_authorizer",
            "module.apigateway_resource_authorization.aws_lambda_function.html_lambda_authorizer",
            "module.apigateway_resource_authorization.aws_lambda_permission.allow_api_gw_invoke_authorizer",
            "module.apigateway_resource_authorization.data.archive_file.lambda_package_authorizer",
            "module.apigateway_resource_authorization.data.aws_apigatewayv2_api.selected",
            "module.apigateway_resource_authorization.data.aws_caller_identity.current",
            "module.apigateway_resource_authorization.data.aws_iam_policy_document.lambda_policy_document_authorizer",
            "module.apigateway_resource_authorization.data.aws_region.current",
            "module.apigateway_resource_transaction_history.aws_apigatewayv2_integration.lambda_handler_transaction_history_filter",
            "module.apigateway_resource_transaction_history.aws_iam_role.lambda_role_transaction_history_filter",
            "module.apigateway_resource_transaction_history.aws_lambda_function.html_lambda_transaction_history_filter",
            "module.apigateway_resource_transaction_history.data.archive_file.lambda_package_transaction_history_filter",
            "module.tables_dynamodb.aws_dynamodb_table.tbl_customers",
            "module.tables_dynamodb.aws_dynamodb_table.tbl_employees",
            "module.tables_dynamodb.aws_dynamodb_table.tbl_inventories",
            "module.tables_dynamodb.aws_dynamodb_table.tbl_suppliers",
            "module.tables_dynamodb.aws_dynamodb_table.tbl_token",
            "module.tables_dynamodb.aws_dynamodb_table.tbl_transaction_history",
            "module.tables_dynamodb.aws_dynamodb_table.tbl_users"
          ]
        }
      ]
    },
    {
      "module": "module.apigateway_resource_transaction_history",
      "mode": "managed",
      "type": "aws_apigatewayv2_route",
      "name": "handler_transaction_history_update",
      "provider": "provider[\"registry.terraform.io/hashicorp/aws\"]",
      "instances": [
        {
          "schema_version": 0,
          "attributes": {
            "api_id": "u83oit2sq6",
            "api_key_required": false,
            "authorization_scopes": null,
            "authorization_type": "CUSTOM",
            "authorizer_id": "10477d",
            "id": "ptg9w6t",
            "model_selection_expression": "",
            "operation_name": "",
            "request_models": null,
            "request_parameter": [],
            "route_key": "PUT /api/v1/transaction-history/{id}",
            "route_response_selection_expression": "",
            "target": "integrations/gwxe0n2"
          },
          "sensitive_attributes": [],
          "private": "bnVsbA==",
          "dependencies": [
            "module.apigateway.aws_apigatewayv2_api.main",
            "module.apigateway.aws_apigatewayv2_stage.dev",
            "module.apigateway.aws_cloudwatch_log_group.main_api_gw",
            "module.apigateway.data.aws_caller_identity.current",
            "module.apigateway.data.aws_region.current",
            "module.apigateway_resource_authorization.aws_apigatewayv2_authorizer.header_based_authorizer",
            "module.apigateway_resource_authorization.aws_cloudwatch_log_group.html_loggroup_lambda_authorizer",
            "module.apigateway_resource_authorization.aws_iam_policy.dynamodb_lambda_policy_authorizer",
            "module.apigateway_resource_authorization.aws_iam_role.lambda_role_authorizer",
            "module.apigateway_resource_authorization.aws_iam_role_policy_attachment.lambda_attachements",
            "module.apigateway_resource_authorization.aws_iam_role_policy_attachment.lambda_role_policy_authorizer",
            "module.apigateway_resource_authorization.aws_lambda_function.html_lambda_authorizer",
            "module.apigateway_resource_authorization.aws_lambda_permission.allow_api_gw_invoke_authorizer",
            "module.apigateway_resource_authorization.data.archive_file.lambda_package_authorizer",
            "module.apigateway_resource_authorization.data.aws_apigatewayv2_api.selected",
            "module.apigateway_resource_authorization.data.aws_caller_identity.current",
            "module.apigateway_resource_authorization.data.aws_iam_policy_document.lambda_policy_document_authorizer",
            "module.apigateway_resource_authorization.data.aws_region.current",
            "module.apigateway_resource_transaction_history.aws_apigatewayv2_integration.lambda_handler_transaction_history_update",
            "module.apigateway_resource_transaction_history.aws_iam_role.lambda_role_transaction_history_update",
            "module.apigateway_resource_transaction_history.aws_lambda_function.html_lambda_transaction_history_update",
            "module.apigateway_resource_transaction_history.data.archive_file.lambda_package_transaction_history_update",
            "module.tables_dynamodb.aws_dynamodb_table.tbl_customers",
            "module.tables_dynamodb.aws_dynamodb_table.tbl_employees",
            "module.tables_dynamodb.aws_dynamodb_table.tbl_inventories",
            "module.tables_dynamodb.aws_dynamodb_table.tbl_suppliers",
            "module.tables_dynamodb.aws_dynamodb_table.tbl_token",
            "module.tables_dynamodb.aws_dynamodb_table.tbl_transaction_history",
            "module.tables_dynamodb.aws_dynamodb_table.tbl_users"
          ]
        }
      ]
    },
    {
      "module": "module.apigateway_resource_transaction_history",
      "mode": "managed",
      "type": "aws_cloudwatch_log_group",
      "name": "html_loggroup_lambda_transaction_history_create",
      "provider": "provider[\"registry.terraform.io/hashicorp/aws\"]",
      "instances": [
        {
          "schema_version": 0,
          "attributes": {
            "arn": "arn:aws:logs:us-east-1:233925838033:log-group:/aws/lambda/lmb-celeste-transaction-history-create-dev",
            "id": "/aws/lambda/lmb-celeste-transaction-history-create-dev",
            "kms_key_id": "",
            "log_group_class": "STANDARD",
            "name": "/aws/lambda/lmb-celeste-transaction-history-create-dev",
            "name_prefix": "",
            "retention_in_days": 7,
            "skip_destroy": false,
            "tags": null,
            "tags_all": {
              "iac": "terraform"
            }
          },
          "sensitive_attributes": [],
          "private": "bnVsbA==",
          "dependencies": [
            "module.apigateway.aws_apigatewayv2_api.main",
            "module.apigateway.aws_apigatewayv2_stage.dev",
            "module.apigateway.aws_cloudwatch_log_group.main_api_gw",
            "module.apigateway.data.aws_caller_identity.current",
            "module.apigateway.data.aws_region.current",
            "module.apigateway_resource_authorization.aws_apigatewayv2_authorizer.header_based_authorizer",
            "module.apigateway_resource_authorization.aws_cloudwatch_log_group.html_loggroup_lambda_authorizer",
            "module.apigateway_resource_authorization.aws_iam_policy.dynamodb_lambda_policy_authorizer",
            "module.apigateway_resource_authorization.aws_iam_role.lambda_role_authorizer",
            "module.apigateway_resource_authorization.aws_iam_role_policy_attachment.lambda_attachements",
            "module.apigateway_resource_authorization.aws_iam_role_policy_attachment.lambda_role_policy_authorizer",
            "module.apigateway_resource_authorization.aws_lambda_function.html_lambda_authorizer",
            "module.apigateway_resource_authorization.aws_lambda_permission.allow_api_gw_invoke_authorizer",
            "module.apigateway_resource_authorization.data.archive_file.lambda_package_authorizer",
            "module.apigateway_resource_authorization.data.aws_apigatewayv2_api.selected",
            "module.apigateway_resource_authorization.data.aws_caller_identity.current",
            "module.apigateway_resource_authorization.data.aws_iam_policy_document.lambda_policy_document_authorizer",
            "module.apigateway_resource_authorization.data.aws_region.current",
            "module.apigateway_resource_transaction_history.aws_iam_role.lambda_role_transaction_history_create",
            "module.apigateway_resource_transaction_history.aws_lambda_function.html_lambda_transaction_history_create",
            "module.apigateway_resource_transaction_history.data.archive_file.lambda_package_transaction_history_create",
            "module.tables_dynamodb.aws_dynamodb_table.tbl_customers",
            "module.tables_dynamodb.aws_dynamodb_table.tbl_employees",
            "module.tables_dynamodb.aws_dynamodb_table.tbl_inventories",
            "module.tables_dynamodb.aws_dynamodb_table.tbl_suppliers",
            "module.tables_dynamodb.aws_dynamodb_table.tbl_token",
            "module.tables_dynamodb.aws_dynamodb_table.tbl_transaction_history",
            "module.tables_dynamodb.aws_dynamodb_table.tbl_users"
          ]
        }
      ]
    },
    {
      "module": "module.apigateway_resource_transaction_history",
      "mode": "managed",
      "type": "aws_cloudwatch_log_group",
      "name": "html_loggroup_lambda_transaction_history_delete_by_id",
      "provider": "provider[\"registry.terraform.io/hashicorp/aws\"]",
      "instances": [
        {
          "schema_version": 0,
          "attributes": {
            "arn": "arn:aws:logs:us-east-1:233925838033:log-group:/aws/lambda/lmb-celeste-transaction-history-delete-by-id-dev",
            "id": "/aws/lambda/lmb-celeste-transaction-history-delete-by-id-dev",
            "kms_key_id": "",
            "log_group_class": "STANDARD",
            "name": "/aws/lambda/lmb-celeste-transaction-history-delete-by-id-dev",
            "name_prefix": "",
            "retention_in_days": 7,
            "skip_destroy": false,
            "tags": null,
            "tags_all": {
              "iac": "terraform"
            }
          },
          "sensitive_attributes": [],
          "private": "bnVsbA==",
          "dependencies": [
            "module.apigateway.aws_apigatewayv2_api.main",
            "module.apigateway.aws_apigatewayv2_stage.dev",
            "module.apigateway.aws_cloudwatch_log_group.main_api_gw",
            "module.apigateway.data.aws_caller_identity.current",
            "module.apigateway.data.aws_region.current",
            "module.apigateway_resource_authorization.aws_apigatewayv2_authorizer.header_based_authorizer",
            "module.apigateway_resource_authorization.aws_cloudwatch_log_group.html_loggroup_lambda_authorizer",
            "module.apigateway_resource_authorization.aws_iam_policy.dynamodb_lambda_policy_authorizer",
            "module.apigateway_resource_authorization.aws_iam_role.lambda_role_authorizer",
            "module.apigateway_resource_authorization.aws_iam_role_policy_attachment.lambda_attachements",
            "module.apigateway_resource_authorization.aws_iam_role_policy_attachment.lambda_role_policy_authorizer",
            "module.apigateway_resource_authorization.aws_lambda_function.html_lambda_authorizer",
            "module.apigateway_resource_authorization.aws_lambda_permission.allow_api_gw_invoke_authorizer",
            "module.apigateway_resource_authorization.data.archive_file.lambda_package_authorizer",
            "module.apigateway_resource_authorization.data.aws_apigatewayv2_api.selected",
            "module.apigateway_resource_authorization.data.aws_caller_identity.current",
            "module.apigateway_resource_authorization.data.aws_iam_policy_document.lambda_policy_document_authorizer",
            "module.apigateway_resource_authorization.data.aws_region.current",
            "module.apigateway_resource_transaction_history.aws_iam_role.lambda_role_transaction_history_delete_by_id",
            "module.apigateway_resource_transaction_history.aws_lambda_function.html_lambda_transaction_history_delete_by_id",
            "module.apigateway_resource_transaction_history.data.archive_file.lambda_package_transaction_history_delete_by_id",
            "module.tables_dynamodb.aws_dynamodb_table.tbl_customers",
            "module.tables_dynamodb.aws_dynamodb_table.tbl_employees",
            "module.tables_dynamodb.aws_dynamodb_table.tbl_inventories",
            "module.tables_dynamodb.aws_dynamodb_table.tbl_suppliers",
            "module.tables_dynamodb.aws_dynamodb_table.tbl_token",
            "module.tables_dynamodb.aws_dynamodb_table.tbl_transaction_history",
            "module.tables_dynamodb.aws_dynamodb_table.tbl_users"
          ]
        }
      ]
    },
    {
      "module": "module.apigateway_resource_transaction_history",
      "mode": "managed",
      "type": "aws_cloudwatch_log_group",
      "name": "html_loggroup_lambda_transaction_history_filter",
      "provider": "provider[\"registry.terraform.io/hashicorp/aws\"]",
      "instances": [
        {
          "schema_version": 0,
          "attributes": {
            "arn": "arn:aws:logs:us-east-1:233925838033:log-group:/aws/lambda/lmb-celeste-transaction-history-filter-dev",
            "id": "/aws/lambda/lmb-celeste-transaction-history-filter-dev",
            "kms_key_id": "",
            "log_group_class": "STANDARD",
            "name": "/aws/lambda/lmb-celeste-transaction-history-filter-dev",
            "name_prefix": "",
            "retention_in_days": 7,
            "skip_destroy": false,
            "tags": null,
            "tags_all": {
              "iac": "terraform"
            }
          },
          "sensitive_attributes": [],
          "private": "bnVsbA==",
          "dependencies": [
            "module.apigateway.aws_apigatewayv2_api.main",
            "module.apigateway.aws_apigatewayv2_stage.dev",
            "module.apigateway.aws_cloudwatch_log_group.main_api_gw",
            "module.apigateway.data.aws_caller_identity.current",
            "module.apigateway.data.aws_region.current",
            "module.apigateway_resource_authorization.aws_apigatewayv2_authorizer.header_based_authorizer",
            "module.apigateway_resource_authorization.aws_cloudwatch_log_group.html_loggroup_lambda_authorizer",
            "module.apigateway_resource_authorization.aws_iam_policy.dynamodb_lambda_policy_authorizer",
            "module.apigateway_resource_authorization.aws_iam_role.lambda_role_authorizer",
            "module.apigateway_resource_authorization.aws_iam_role_policy_attachment.lambda_attachements",
            "module.apigateway_resource_authorization.aws_iam_role_policy_attachment.lambda_role_policy_authorizer",
            "module.apigateway_resource_authorization.aws_lambda_function.html_lambda_authorizer",
            "module.apigateway_resource_authorization.aws_lambda_permission.allow_api_gw_invoke_authorizer",
            "module.apigateway_resource_authorization.data.archive_file.lambda_package_authorizer",
            "module.apigateway_resource_authorization.data.aws_apigatewayv2_api.selected",
            "module.apigateway_resource_authorization.data.aws_caller_identity.current",
            "module.apigateway_resource_authorization.data.aws_iam_policy_document.lambda_policy_document_authorizer",
            "module.apigateway_resource_authorization.data.aws_region.current",
            "module.apigateway_resource_transaction_history.aws_iam_role.lambda_role_transaction_history_filter",
            "module.apigateway_resource_transaction_history.aws_lambda_function.html_lambda_transaction_history_filter",
            "module.apigateway_resource_transaction_history.data.archive_file.lambda_package_transaction_history_filter",
            "module.tables_dynamodb.aws_dynamodb_table.tbl_customers",
            "module.tables_dynamodb.aws_dynamodb_table.tbl_employees",
            "module.tables_dynamodb.aws_dynamodb_table.tbl_inventories",
            "module.tables_dynamodb.aws_dynamodb_table.tbl_suppliers",
            "module.tables_dynamodb.aws_dynamodb_table.tbl_token",
            "module.tables_dynamodb.aws_dynamodb_table.tbl_transaction_history",
            "module.tables_dynamodb.aws_dynamodb_table.tbl_users"
          ]
        }
      ]
    },
    {
      "module": "module.apigateway_resource_transaction_history",
      "mode": "managed",
      "type": "aws_cloudwatch_log_group",
      "name": "html_loggroup_lambda_transaction_history_update",
      "provider": "provider[\"registry.terraform.io/hashicorp/aws\"]",
      "instances": [
        {
          "schema_version": 0,
          "attributes": {
            "arn": "arn:aws:logs:us-east-1:233925838033:log-group:/aws/lambda/lmb-celeste-transaction-history-update-dev",
            "id": "/aws/lambda/lmb-celeste-transaction-history-update-dev",
            "kms_key_id": "",
            "log_group_class": "STANDARD",
            "name": "/aws/lambda/lmb-celeste-transaction-history-update-dev",
            "name_prefix": "",
            "retention_in_days": 7,
            "skip_destroy": false,
            "tags": null,
            "tags_all": {
              "iac": "terraform"
            }
          },
          "sensitive_attributes": [],
          "private": "bnVsbA==",
          "dependencies": [
            "module.apigateway.aws_apigatewayv2_api.main",
            "module.apigateway.aws_apigatewayv2_stage.dev",
            "module.apigateway.aws_cloudwatch_log_group.main_api_gw",
            "module.apigateway.data.aws_caller_identity.current",
            "module.apigateway.data.aws_region.current",
            "module.apigateway_resource_authorization.aws_apigatewayv2_authorizer.header_based_authorizer",
            "module.apigateway_resource_authorization.aws_cloudwatch_log_group.html_loggroup_lambda_authorizer",
            "module.apigateway_resource_authorization.aws_iam_policy.dynamodb_lambda_policy_authorizer",
            "module.apigateway_resource_authorization.aws_iam_role.lambda_role_authorizer",
            "module.apigateway_resource_authorization.aws_iam_role_policy_attachment.lambda_attachements",
            "module.apigateway_resource_authorization.aws_iam_role_policy_attachment.lambda_role_policy_authorizer",
            "module.apigateway_resource_authorization.aws_lambda_function.html_lambda_authorizer",
            "module.apigateway_resource_authorization.aws_lambda_permission.allow_api_gw_invoke_authorizer",
            "module.apigateway_resource_authorization.data.archive_file.lambda_package_authorizer",
            "module.apigateway_resource_authorization.data.aws_apigatewayv2_api.selected",
            "module.apigateway_resource_authorization.data.aws_caller_identity.current",
            "module.apigateway_resource_authorization.data.aws_iam_policy_document.lambda_policy_document_authorizer",
            "module.apigateway_resource_authorization.data.aws_region.current",
            "module.apigateway_resource_transaction_history.aws_iam_role.lambda_role_transaction_history_update",
            "module.apigateway_resource_transaction_history.aws_lambda_function.html_lambda_transaction_history_update",
            "module.apigateway_resource_transaction_history.data.archive_file.lambda_package_transaction_history_update",
            "module.tables_dynamodb.aws_dynamodb_table.tbl_customers",
            "module.tables_dynamodb.aws_dynamodb_table.tbl_employees",
            "module.tables_dynamodb.aws_dynamodb_table.tbl_inventories",
            "module.tables_dynamodb.aws_dynamodb_table.tbl_suppliers",
            "module.tables_dynamodb.aws_dynamodb_table.tbl_token",
            "module.tables_dynamodb.aws_dynamodb_table.tbl_transaction_history",
            "module.tables_dynamodb.aws_dynamodb_table.tbl_users"
          ]
        }
      ]
    },
    {
      "module": "module.apigateway_resource_transaction_history",
      "mode": "managed",
      "type": "aws_iam_policy",
      "name": "dynamodb_lambda_policy_transaction_history_create",
      "provider": "provider[\"registry.terraform.io/hashicorp/aws\"]",
      "instances": [
        {
          "schema_version": 0,
          "attributes": {
            "arn": "arn:aws:iam::233925838033:policy/policy-celeste-transaction-history-create-dev",
            "attachment_count": 0,
            "description": "This policy will be used by the lambda to write get data from DynamoDB",
            "id": "arn:aws:iam::233925838033:policy/policy-celeste-transaction-history-create-dev",
            "name": "policy-celeste-transaction-history-create-dev",
            "name_prefix": "",
            "path": "/",
            "policy": "{\"Statement\":[{\"Action\":[\"dynamodb:Scan\",\"dynamodb:Query\",\"dynamodb:PutItem\"],\"Effect\":\"Allow\",\"Resource\":\"arn:aws:dynamodb:us-east-1:233925838033:table/tbl-celeste-transaction-history-dev\"}],\"Version\":\"2012-10-17\"}",
            "policy_id": "ANPATM5YRATIYLM5O7KYK",
            "tags": null,
            "tags_all": {
              "iac": "terraform"
            }
          },
          "sensitive_attributes": [],
          "private": "bnVsbA==",
          "dependencies": [
            "module.apigateway.aws_apigatewayv2_api.main",
            "module.apigateway.aws_apigatewayv2_stage.dev",
            "module.apigateway.aws_cloudwatch_log_group.main_api_gw",
            "module.apigateway.data.aws_caller_identity.current",
            "module.apigateway.data.aws_region.current",
            "module.apigateway_resource_authorization.aws_apigatewayv2_authorizer.header_based_authorizer",
            "module.apigateway_resource_authorization.aws_cloudwatch_log_group.html_loggroup_lambda_authorizer",
            "module.apigateway_resource_authorization.aws_iam_policy.dynamodb_lambda_policy_authorizer",
            "module.apigateway_resource_authorization.aws_iam_role.lambda_role_authorizer",
            "module.apigateway_resource_authorization.aws_iam_role_policy_attachment.lambda_attachements",
            "module.apigateway_resource_authorization.aws_iam_role_policy_attachment.lambda_role_policy_authorizer",
            "module.apigateway_resource_authorization.aws_lambda_function.html_lambda_authorizer",
            "module.apigateway_resource_authorization.aws_lambda_permission.allow_api_gw_invoke_authorizer",
            "module.apigateway_resource_authorization.data.archive_file.lambda_package_authorizer",
            "module.apigateway_resource_authorization.data.aws_apigatewayv2_api.selected",
            "module.apigateway_resource_authorization.data.aws_caller_identity.current",
            "module.apigateway_resource_authorization.data.aws_iam_policy_document.lambda_policy_document_authorizer",
            "module.apigateway_resource_authorization.data.aws_region.current",
            "module.apigateway_resource_transaction_history.data.aws_caller_identity.current",
            "module.apigateway_resource_transaction_history.data.aws_iam_policy_document.lambda_policy_document_transaction_history_create",
            "module.apigateway_resource_transaction_history.data.aws_region.current",
            "module.tables_dynamodb.aws_dynamodb_table.tbl_customers",
            "module.tables_dynamodb.aws_dynamodb_table.tbl_employees",
            "module.tables_dynamodb.aws_dynamodb_table.tbl_inventories",
            "module.tables_dynamodb.aws_dynamodb_table.tbl_suppliers",
            "module.tables_dynamodb.aws_dynamodb_table.tbl_token",
            "module.tables_dynamodb.aws_dynamodb_table.tbl_transaction_history",
            "module.tables_dynamodb.aws_dynamodb_table.tbl_users"
          ]
        }
      ]
    },
    {
      "module": "module.apigateway_resource_transaction_history",
      "mode": "managed",
      "type": "aws_iam_policy",
      "name": "dynamodb_lambda_policy_transaction_history_delete_by_id",
      "provider": "provider[\"registry.terraform.io/hashicorp/aws\"]",
      "instances": [
        {
          "schema_version": 0,
          "attributes": {
            "arn": "arn:aws:iam::233925838033:policy/policy-celeste-transaction-history-delete-by-id-dev",
            "attachment_count": 0,
            "description": "This policy will be used by the lambda to write get data from DynamoDB",
            "id": "arn:aws:iam::233925838033:policy/policy-celeste-transaction-history-delete-by-id-dev",
            "name": "policy-celeste-transaction-history-delete-by-id-dev",
            "name_prefix": "",
            "path": "/",
            "policy": "{\"Statement\":[{\"Action\":\"dynamodb:UpdateItem\",\"Effect\":\"Allow\",\"Resource\":\"arn:aws:dynamodb:us-east-1:233925838033:table/tbl-celeste-transaction-history-dev\"}],\"Version\":\"2012-10-17\"}",
            "policy_id": "ANPATM5YRATI6FKPCKUKL",
            "tags": null,
            "tags_all": {
              "iac": "terraform"
            }
          },
          "sensitive_attributes": [],
          "private": "bnVsbA==",
          "dependencies": [
            "module.apigateway.aws_apigatewayv2_api.main",
            "module.apigateway.aws_apigatewayv2_stage.dev",
            "module.apigateway.aws_cloudwatch_log_group.main_api_gw",
            "module.apigateway.data.aws_caller_identity.current",
            "module.apigateway.data.aws_region.current",
            "module.apigateway_resource_authorization.aws_apigatewayv2_authorizer.header_based_authorizer",
            "module.apigateway_resource_authorization.aws_cloudwatch_log_group.html_loggroup_lambda_authorizer",
            "module.apigateway_resource_authorization.aws_iam_policy.dynamodb_lambda_policy_authorizer",
            "module.apigateway_resource_authorization.aws_iam_role.lambda_role_authorizer",
            "module.apigateway_resource_authorization.aws_iam_role_policy_attachment.lambda_attachements",
            "module.apigateway_resource_authorization.aws_iam_role_policy_attachment.lambda_role_policy_authorizer",
            "module.apigateway_resource_authorization.aws_lambda_function.html_lambda_authorizer",
            "module.apigateway_resource_authorization.aws_lambda_permission.allow_api_gw_invoke_authorizer",
            "module.apigateway_resource_authorization.data.archive_file.lambda_package_authorizer",
            "module.apigateway_resource_authorization.data.aws_apigatewayv2_api.selected",
            "module.apigateway_resource_authorization.data.aws_caller_identity.current",
            "module.apigateway_resource_authorization.data.aws_iam_policy_document.lambda_policy_document_authorizer",
            "module.apigateway_resource_authorization.data.aws_region.current",
            "module.apigateway_resource_transaction_history.data.aws_caller_identity.current",
            "module.apigateway_resource_transaction_history.data.aws_iam_policy_document.lambda_policy_document_transaction_history_delete_by_id",
            "module.apigateway_resource_transaction_history.data.aws_region.current",
            "module.tables_dynamodb.aws_dynamodb_table.tbl_customers",
            "module.tables_dynamodb.aws_dynamodb_table.tbl_employees",
            "module.tables_dynamodb.aws_dynamodb_table.tbl_inventories",
            "module.tables_dynamodb.aws_dynamodb_table.tbl_suppliers",
            "module.tables_dynamodb.aws_dynamodb_table.tbl_token",
            "module.tables_dynamodb.aws_dynamodb_table.tbl_transaction_history",
            "module.tables_dynamodb.aws_dynamodb_table.tbl_users"
          ]
        }
      ]
    },
    {
      "module": "module.apigateway_resource_transaction_history",
      "mode": "managed",
      "type": "aws_iam_policy",
      "name": "dynamodb_lambda_policy_transaction_history_filter",
      "provider": "provider[\"registry.terraform.io/hashicorp/aws\"]",
      "instances": [
        {
          "schema_version": 0,
          "attributes": {
            "arn": "arn:aws:iam::233925838033:policy/policy-celeste-transaction-history-filter-dev",
            "attachment_count": 0,
            "description": "This policy will be used by the lambda to write get data from DynamoDB",
            "id": "arn:aws:iam::233925838033:policy/policy-celeste-transaction-history-filter-dev",
            "name": "policy-celeste-transaction-history-filter-dev",
            "name_prefix": "",
            "path": "/",
            "policy": "{\"Statement\":[{\"Action\":\"dynamodb:Scan\",\"Effect\":\"Allow\",\"Resource\":\"arn:aws:dynamodb:us-east-1:233925838033:table/tbl-celeste-transaction-history-dev\"}],\"Version\":\"2012-10-17\"}",
            "policy_id": "ANPATM5YRATI67J4KUGDV",
            "tags": null,
            "tags_all": {
              "iac": "terraform"
            }
          },
          "sensitive_attributes": [],
          "private": "bnVsbA==",
          "dependencies": [
            "module.apigateway.aws_apigatewayv2_api.main",
            "module.apigateway.aws_apigatewayv2_stage.dev",
            "module.apigateway.aws_cloudwatch_log_group.main_api_gw",
            "module.apigateway.data.aws_caller_identity.current",
            "module.apigateway.data.aws_region.current",
            "module.apigateway_resource_authorization.aws_apigatewayv2_authorizer.header_based_authorizer",
            "module.apigateway_resource_authorization.aws_cloudwatch_log_group.html_loggroup_lambda_authorizer",
            "module.apigateway_resource_authorization.aws_iam_policy.dynamodb_lambda_policy_authorizer",
            "module.apigateway_resource_authorization.aws_iam_role.lambda_role_authorizer",
            "module.apigateway_resource_authorization.aws_iam_role_policy_attachment.lambda_attachements",
            "module.apigateway_resource_authorization.aws_iam_role_policy_attachment.lambda_role_policy_authorizer",
            "module.apigateway_resource_authorization.aws_lambda_function.html_lambda_authorizer",
            "module.apigateway_resource_authorization.aws_lambda_permission.allow_api_gw_invoke_authorizer",
            "module.apigateway_resource_authorization.data.archive_file.lambda_package_authorizer",
            "module.apigateway_resource_authorization.data.aws_apigatewayv2_api.selected",
            "module.apigateway_resource_authorization.data.aws_caller_identity.current",
            "module.apigateway_resource_authorization.data.aws_iam_policy_document.lambda_policy_document_authorizer",
            "module.apigateway_resource_authorization.data.aws_region.current",
            "module.apigateway_resource_transaction_history.data.aws_caller_identity.current",
            "module.apigateway_resource_transaction_history.data.aws_iam_policy_document.lambda_policy_document_transaction_history_filter",
            "module.apigateway_resource_transaction_history.data.aws_region.current",
            "module.tables_dynamodb.aws_dynamodb_table.tbl_customers",
            "module.tables_dynamodb.aws_dynamodb_table.tbl_employees",
            "module.tables_dynamodb.aws_dynamodb_table.tbl_inventories",
            "module.tables_dynamodb.aws_dynamodb_table.tbl_suppliers",
            "module.tables_dynamodb.aws_dynamodb_table.tbl_token",
            "module.tables_dynamodb.aws_dynamodb_table.tbl_transaction_history",
            "module.tables_dynamodb.aws_dynamodb_table.tbl_users"
          ]
        }
      ]
    },
    {
      "module": "module.apigateway_resource_transaction_history",
      "mode": "managed",
      "type": "aws_iam_policy",
      "name": "dynamodb_lambda_policy_transaction_history_update",
      "provider": "provider[\"registry.terraform.io/hashicorp/aws\"]",
      "instances": [
        {
          "schema_version": 0,
          "attributes": {
            "arn": "arn:aws:iam::233925838033:policy/policy-celeste-transaction-history-update-dev",
            "attachment_count": 0,
            "description": "This policy will be used by the lambda to write get data from DynamoDB",
            "id": "arn:aws:iam::233925838033:policy/policy-celeste-transaction-history-update-dev",
            "name": "policy-celeste-transaction-history-update-dev",
            "name_prefix": "",
            "path": "/",
            "policy": "{\"Statement\":[{\"Action\":[\"dynamodb:UpdateItem\",\"dynamodb:Scan\",\"dynamodb:GetItem\"],\"Effect\":\"Allow\",\"Resource\":\"arn:aws:dynamodb:us-east-1:233925838033:table/tbl-celeste-transaction-history-dev\"}],\"Version\":\"2012-10-17\"}",
            "policy_id": "ANPATM5YRATIYTDG5M3L3",
            "tags": null,
            "tags_all": {
              "iac": "terraform"
            }
          },
          "sensitive_attributes": [],
          "private": "bnVsbA==",
          "dependencies": [
            "module.apigateway.aws_apigatewayv2_api.main",
            "module.apigateway.aws_apigatewayv2_stage.dev",
            "module.apigateway.aws_cloudwatch_log_group.main_api_gw",
            "module.apigateway.data.aws_caller_identity.current",
            "module.apigateway.data.aws_region.current",
            "module.apigateway_resource_authorization.aws_apigatewayv2_authorizer.header_based_authorizer",
            "module.apigateway_resource_authorization.aws_cloudwatch_log_group.html_loggroup_lambda_authorizer",
            "module.apigateway_resource_authorization.aws_iam_policy.dynamodb_lambda_policy_authorizer",
            "module.apigateway_resource_authorization.aws_iam_role.lambda_role_authorizer",
            "module.apigateway_resource_authorization.aws_iam_role_policy_attachment.lambda_attachements",
            "module.apigateway_resource_authorization.aws_iam_role_policy_attachment.lambda_role_policy_authorizer",
            "module.apigateway_resource_authorization.aws_lambda_function.html_lambda_authorizer",
            "module.apigateway_resource_authorization.aws_lambda_permission.allow_api_gw_invoke_authorizer",
            "module.apigateway_resource_authorization.data.archive_file.lambda_package_authorizer",
            "module.apigateway_resource_authorization.data.aws_apigatewayv2_api.selected",
            "module.apigateway_resource_authorization.data.aws_caller_identity.current",
            "module.apigateway_resource_authorization.data.aws_iam_policy_document.lambda_policy_document_authorizer",
            "module.apigateway_resource_authorization.data.aws_region.current",
            "module.apigateway_resource_transaction_history.data.aws_caller_identity.current",
            "module.apigateway_resource_transaction_history.data.aws_iam_policy_document.lambda_policy_document_transaction_history_update",
            "module.apigateway_resource_transaction_history.data.aws_region.current",
            "module.tables_dynamodb.aws_dynamodb_table.tbl_customers",
            "module.tables_dynamodb.aws_dynamodb_table.tbl_employees",
            "module.tables_dynamodb.aws_dynamodb_table.tbl_inventories",
            "module.tables_dynamodb.aws_dynamodb_table.tbl_suppliers",
            "module.tables_dynamodb.aws_dynamodb_table.tbl_token",
            "module.tables_dynamodb.aws_dynamodb_table.tbl_transaction_history",
            "module.tables_dynamodb.aws_dynamodb_table.tbl_users"
          ]
        }
      ]
    },
    {
      "module": "module.apigateway_resource_transaction_history",
      "mode": "managed",
      "type": "aws_iam_role",
      "name": "lambda_role_transaction_history_create",
      "provider": "provider[\"registry.terraform.io/hashicorp/aws\"]",
      "instances": [
        {
          "schema_version": 0,
          "attributes": {
            "arn": "arn:aws:iam::233925838033:role/role-celeste-transaction-history-create-dev",
            "assume_role_policy": "{\"Statement\":[{\"Action\":\"sts:AssumeRole\",\"Effect\":\"Allow\",\"Principal\":{\"Service\":\"lambda.amazonaws.com\"}}],\"Version\":\"2012-10-17\"}",
            "create_date": "2025-03-14T20:08:11Z",
            "description": "",
            "force_detach_policies": false,
            "id": "role-celeste-transaction-history-create-dev",
            "inline_policy": [],
            "managed_policy_arns": [],
            "max_session_duration": 3600,
            "name": "role-celeste-transaction-history-create-dev",
            "name_prefix": "",
            "path": "/",
            "permissions_boundary": "",
            "tags": null,
            "tags_all": {
              "iac": "terraform"
            },
            "unique_id": "AROATM5YRATI4UE4VQV76"
          },
          "sensitive_attributes": [],
          "private": "bnVsbA==",
          "dependencies": [
            "module.apigateway.aws_apigatewayv2_api.main",
            "module.apigateway.aws_apigatewayv2_stage.dev",
            "module.apigateway.aws_cloudwatch_log_group.main_api_gw",
            "module.apigateway.data.aws_caller_identity.current",
            "module.apigateway.data.aws_region.current",
            "module.apigateway_resource_authorization.aws_apigatewayv2_authorizer.header_based_authorizer",
            "module.apigateway_resource_authorization.aws_cloudwatch_log_group.html_loggroup_lambda_authorizer",
            "module.apigateway_resource_authorization.aws_iam_policy.dynamodb_lambda_policy_authorizer",
            "module.apigateway_resource_authorization.aws_iam_role.lambda_role_authorizer",
            "module.apigateway_resource_authorization.aws_iam_role_policy_attachment.lambda_attachements",
            "module.apigateway_resource_authorization.aws_iam_role_policy_attachment.lambda_role_policy_authorizer",
            "module.apigateway_resource_authorization.aws_lambda_function.html_lambda_authorizer",
            "module.apigateway_resource_authorization.aws_lambda_permission.allow_api_gw_invoke_authorizer",
            "module.apigateway_resource_authorization.data.archive_file.lambda_package_authorizer",
            "module.apigateway_resource_authorization.data.aws_apigatewayv2_api.selected",
            "module.apigateway_resource_authorization.data.aws_caller_identity.current",
            "module.apigateway_resource_authorization.data.aws_iam_policy_document.lambda_policy_document_authorizer",
            "module.apigateway_resource_authorization.data.aws_region.current",
            "module.tables_dynamodb.aws_dynamodb_table.tbl_customers",
            "module.tables_dynamodb.aws_dynamodb_table.tbl_employees",
            "module.tables_dynamodb.aws_dynamodb_table.tbl_inventories",
            "module.tables_dynamodb.aws_dynamodb_table.tbl_suppliers",
            "module.tables_dynamodb.aws_dynamodb_table.tbl_token",
            "module.tables_dynamodb.aws_dynamodb_table.tbl_transaction_history",
            "module.tables_dynamodb.aws_dynamodb_table.tbl_users"
          ]
        }
      ]
    },
    {
      "module": "module.apigateway_resource_transaction_history",
      "mode": "managed",
      "type": "aws_iam_role",
      "name": "lambda_role_transaction_history_delete_by_id",
      "provider": "provider[\"registry.terraform.io/hashicorp/aws\"]",
      "instances": [
        {
          "schema_version": 0,
          "attributes": {
            "arn": "arn:aws:iam::233925838033:role/role-celeste-transaction-history-delete-by-id-dev",
            "assume_role_policy": "{\"Statement\":[{\"Action\":\"sts:AssumeRole\",\"Effect\":\"Allow\",\"Principal\":{\"Service\":\"lambda.amazonaws.com\"}}],\"Version\":\"2012-10-17\"}",
            "create_date": "2025-03-14T20:08:11Z",
            "description": "",
            "force_detach_policies": false,
            "id": "role-celeste-transaction-history-delete-by-id-dev",
            "inline_policy": [],
            "managed_policy_arns": [],
            "max_session_duration": 3600,
            "name": "role-celeste-transaction-history-delete-by-id-dev",
            "name_prefix": "",
            "path": "/",
            "permissions_boundary": "",
            "tags": null,
            "tags_all": {
              "iac": "terraform"
            },
            "unique_id": "AROATM5YRATIQ5WDIUZXR"
          },
          "sensitive_attributes": [],
          "private": "bnVsbA==",
          "dependencies": [
            "module.apigateway.aws_apigatewayv2_api.main",
            "module.apigateway.aws_apigatewayv2_stage.dev",
            "module.apigateway.aws_cloudwatch_log_group.main_api_gw",
            "module.apigateway.data.aws_caller_identity.current",
            "module.apigateway.data.aws_region.current",
            "module.apigateway_resource_authorization.aws_apigatewayv2_authorizer.header_based_authorizer",
            "module.apigateway_resource_authorization.aws_cloudwatch_log_group.html_loggroup_lambda_authorizer",
            "module.apigateway_resource_authorization.aws_iam_policy.dynamodb_lambda_policy_authorizer",
            "module.apigateway_resource_authorization.aws_iam_role.lambda_role_authorizer",
            "module.apigateway_resource_authorization.aws_iam_role_policy_attachment.lambda_attachements",
            "module.apigateway_resource_authorization.aws_iam_role_policy_attachment.lambda_role_policy_authorizer",
            "module.apigateway_resource_authorization.aws_lambda_function.html_lambda_authorizer",
            "module.apigateway_resource_authorization.aws_lambda_permission.allow_api_gw_invoke_authorizer",
            "module.apigateway_resource_authorization.data.archive_file.lambda_package_authorizer",
            "module.apigateway_resource_authorization.data.aws_apigatewayv2_api.selected",
            "module.apigateway_resource_authorization.data.aws_caller_identity.current",
            "module.apigateway_resource_authorization.data.aws_iam_policy_document.lambda_policy_document_authorizer",
            "module.apigateway_resource_authorization.data.aws_region.current",
            "module.tables_dynamodb.aws_dynamodb_table.tbl_customers",
            "module.tables_dynamodb.aws_dynamodb_table.tbl_employees",
            "module.tables_dynamodb.aws_dynamodb_table.tbl_inventories",
            "module.tables_dynamodb.aws_dynamodb_table.tbl_suppliers",
            "module.tables_dynamodb.aws_dynamodb_table.tbl_token",
            "module.tables_dynamodb.aws_dynamodb_table.tbl_transaction_history",
            "module.tables_dynamodb.aws_dynamodb_table.tbl_users"
          ]
        }
      ]
    },
    {
      "module": "module.apigateway_resource_transaction_history",
      "mode": "managed",
      "type": "aws_iam_role",
      "name": "lambda_role_transaction_history_filter",
      "provider": "provider[\"registry.terraform.io/hashicorp/aws\"]",
      "instances": [
        {
          "schema_version": 0,
          "attributes": {
            "arn": "arn:aws:iam::233925838033:role/role-celeste-transaction-history-filter-dev",
            "assume_role_policy": "{\"Statement\":[{\"Action\":\"sts:AssumeRole\",\"Effect\":\"Allow\",\"Principal\":{\"Service\":\"lambda.amazonaws.com\"}}],\"Version\":\"2012-10-17\"}",
            "create_date": "2025-03-14T20:08:11Z",
            "description": "",
            "force_detach_policies": false,
            "id": "role-celeste-transaction-history-filter-dev",
            "inline_policy": [],
            "managed_policy_arns": [],
            "max_session_duration": 3600,
            "name": "role-celeste-transaction-history-filter-dev",
            "name_prefix": "",
            "path": "/",
            "permissions_boundary": "",
            "tags": null,
            "tags_all": {
              "iac": "terraform"
            },
            "unique_id": "AROATM5YRATISXGGK4FQ2"
          },
          "sensitive_attributes": [],
          "private": "bnVsbA==",
          "dependencies": [
            "module.apigateway.aws_apigatewayv2_api.main",
            "module.apigateway.aws_apigatewayv2_stage.dev",
            "module.apigateway.aws_cloudwatch_log_group.main_api_gw",
            "module.apigateway.data.aws_caller_identity.current",
            "module.apigateway.data.aws_region.current",
            "module.apigateway_resource_authorization.aws_apigatewayv2_authorizer.header_based_authorizer",
            "module.apigateway_resource_authorization.aws_cloudwatch_log_group.html_loggroup_lambda_authorizer",
            "module.apigateway_resource_authorization.aws_iam_policy.dynamodb_lambda_policy_authorizer",
            "module.apigateway_resource_authorization.aws_iam_role.lambda_role_authorizer",
            "module.apigateway_resource_authorization.aws_iam_role_policy_attachment.lambda_attachements",
            "module.apigateway_resource_authorization.aws_iam_role_policy_attachment.lambda_role_policy_authorizer",
            "module.apigateway_resource_authorization.aws_lambda_function.html_lambda_authorizer",
            "module.apigateway_resource_authorization.aws_lambda_permission.allow_api_gw_invoke_authorizer",
            "module.apigateway_resource_authorization.data.archive_file.lambda_package_authorizer",
            "module.apigateway_resource_authorization.data.aws_apigatewayv2_api.selected",
            "module.apigateway_resource_authorization.data.aws_caller_identity.current",
            "module.apigateway_resource_authorization.data.aws_iam_policy_document.lambda_policy_document_authorizer",
            "module.apigateway_resource_authorization.data.aws_region.current",
            "module.tables_dynamodb.aws_dynamodb_table.tbl_customers",
            "module.tables_dynamodb.aws_dynamodb_table.tbl_employees",
            "module.tables_dynamodb.aws_dynamodb_table.tbl_inventories",
            "module.tables_dynamodb.aws_dynamodb_table.tbl_suppliers",
            "module.tables_dynamodb.aws_dynamodb_table.tbl_token",
            "module.tables_dynamodb.aws_dynamodb_table.tbl_transaction_history",
            "module.tables_dynamodb.aws_dynamodb_table.tbl_users"
          ]
        }
      ]
    },
    {
      "module": "module.apigateway_resource_transaction_history",
      "mode": "managed",
      "type": "aws_iam_role",
      "name": "lambda_role_transaction_history_update",
      "provider": "provider[\"registry.terraform.io/hashicorp/aws\"]",
      "instances": [
        {
          "schema_version": 0,
          "attributes": {
            "arn": "arn:aws:iam::233925838033:role/role-celeste-transaction-history-update-dev",
            "assume_role_policy": "{\"Statement\":[{\"Action\":\"sts:AssumeRole\",\"Effect\":\"Allow\",\"Principal\":{\"Service\":\"lambda.amazonaws.com\"}}],\"Version\":\"2012-10-17\"}",
            "create_date": "2025-03-14T20:08:11Z",
            "description": "",
            "force_detach_policies": false,
            "id": "role-celeste-transaction-history-update-dev",
            "inline_policy": [],
            "managed_policy_arns": [],
            "max_session_duration": 3600,
            "name": "role-celeste-transaction-history-update-dev",
            "name_prefix": "",
            "path": "/",
            "permissions_boundary": "",
            "tags": null,
            "tags_all": {
              "iac": "terraform"
            },
            "unique_id": "AROATM5YRATI7VYN6TAI7"
          },
          "sensitive_attributes": [],
          "private": "bnVsbA==",
          "dependencies": [
            "module.apigateway.aws_apigatewayv2_api.main",
            "module.apigateway.aws_apigatewayv2_stage.dev",
            "module.apigateway.aws_cloudwatch_log_group.main_api_gw",
            "module.apigateway.data.aws_caller_identity.current",
            "module.apigateway.data.aws_region.current",
            "module.apigateway_resource_authorization.aws_apigatewayv2_authorizer.header_based_authorizer",
            "module.apigateway_resource_authorization.aws_cloudwatch_log_group.html_loggroup_lambda_authorizer",
            "module.apigateway_resource_authorization.aws_iam_policy.dynamodb_lambda_policy_authorizer",
            "module.apigateway_resource_authorization.aws_iam_role.lambda_role_authorizer",
            "module.apigateway_resource_authorization.aws_iam_role_policy_attachment.lambda_attachements",
            "module.apigateway_resource_authorization.aws_iam_role_policy_attachment.lambda_role_policy_authorizer",
            "module.apigateway_resource_authorization.aws_lambda_function.html_lambda_authorizer",
            "module.apigateway_resource_authorization.aws_lambda_permission.allow_api_gw_invoke_authorizer",
            "module.apigateway_resource_authorization.data.archive_file.lambda_package_authorizer",
            "module.apigateway_resource_authorization.data.aws_apigatewayv2_api.selected",
            "module.apigateway_resource_authorization.data.aws_caller_identity.current",
            "module.apigateway_resource_authorization.data.aws_iam_policy_document.lambda_policy_document_authorizer",
            "module.apigateway_resource_authorization.data.aws_region.current",
            "module.tables_dynamodb.aws_dynamodb_table.tbl_customers",
            "module.tables_dynamodb.aws_dynamodb_table.tbl_employees",
            "module.tables_dynamodb.aws_dynamodb_table.tbl_inventories",
            "module.tables_dynamodb.aws_dynamodb_table.tbl_suppliers",
            "module.tables_dynamodb.aws_dynamodb_table.tbl_token",
            "module.tables_dynamodb.aws_dynamodb_table.tbl_transaction_history",
            "module.tables_dynamodb.aws_dynamodb_table.tbl_users"
          ]
        }
      ]
    },
    {
      "module": "module.apigateway_resource_transaction_history",
      "mode": "managed",
      "type": "aws_iam_role_policy_attachment",
      "name": "lambda_attachements_transaction_history_create",
      "provider": "provider[\"registry.terraform.io/hashicorp/aws\"]",
      "instances": [
        {
          "schema_version": 0,
          "attributes": {
            "id": "role-celeste-transaction-history-create-dev-20250314200903602200000008",
            "policy_arn": "arn:aws:iam::233925838033:policy/policy-celeste-transaction-history-create-dev",
            "role": "role-celeste-transaction-history-create-dev"
          },
          "sensitive_attributes": [],
          "private": "bnVsbA==",
          "dependencies": [
            "module.apigateway.aws_apigatewayv2_api.main",
            "module.apigateway.aws_apigatewayv2_stage.dev",
            "module.apigateway.aws_cloudwatch_log_group.main_api_gw",
            "module.apigateway.data.aws_caller_identity.current",
            "module.apigateway.data.aws_region.current",
            "module.apigateway_resource_authorization.aws_apigatewayv2_authorizer.header_based_authorizer",
            "module.apigateway_resource_authorization.aws_cloudwatch_log_group.html_loggroup_lambda_authorizer",
            "module.apigateway_resource_authorization.aws_iam_policy.dynamodb_lambda_policy_authorizer",
            "module.apigateway_resource_authorization.aws_iam_role.lambda_role_authorizer",
            "module.apigateway_resource_authorization.aws_iam_role_policy_attachment.lambda_attachements",
            "module.apigateway_resource_authorization.aws_iam_role_policy_attachment.lambda_role_policy_authorizer",
            "module.apigateway_resource_authorization.aws_lambda_function.html_lambda_authorizer",
            "module.apigateway_resource_authorization.aws_lambda_permission.allow_api_gw_invoke_authorizer",
            "module.apigateway_resource_authorization.data.archive_file.lambda_package_authorizer",
            "module.apigateway_resource_authorization.data.aws_apigatewayv2_api.selected",
            "module.apigateway_resource_authorization.data.aws_caller_identity.current",
            "module.apigateway_resource_authorization.data.aws_iam_policy_document.lambda_policy_document_authorizer",
            "module.apigateway_resource_authorization.data.aws_region.current",
            "module.apigateway_resource_transaction_history.aws_iam_policy.dynamodb_lambda_policy_transaction_history_create",
            "module.apigateway_resource_transaction_history.aws_iam_role.lambda_role_transaction_history_create",
            "module.apigateway_resource_transaction_history.data.aws_caller_identity.current",
            "module.apigateway_resource_transaction_history.data.aws_iam_policy_document.lambda_policy_document_transaction_history_create",
            "module.apigateway_resource_transaction_history.data.aws_region.current",
            "module.tables_dynamodb.aws_dynamodb_table.tbl_customers",
            "module.tables_dynamodb.aws_dynamodb_table.tbl_employees",
            "module.tables_dynamodb.aws_dynamodb_table.tbl_inventories",
            "module.tables_dynamodb.aws_dynamodb_table.tbl_suppliers",
            "module.tables_dynamodb.aws_dynamodb_table.tbl_token",
            "module.tables_dynamodb.aws_dynamodb_table.tbl_transaction_history",
            "module.tables_dynamodb.aws_dynamodb_table.tbl_users"
          ]
        }
      ]
    },
    {
      "module": "module.apigateway_resource_transaction_history",
      "mode": "managed",
      "type": "aws_iam_role_policy_attachment",
      "name": "lambda_attachements_transaction_history_delete",
      "provider": "provider[\"registry.terraform.io/hashicorp/aws\"]",
      "instances": [
        {
          "schema_version": 0,
          "attributes": {
            "id": "role-celeste-transaction-history-delete-by-id-dev-20250314200902646100000005",
            "policy_arn": "arn:aws:iam::233925838033:policy/policy-celeste-transaction-history-delete-by-id-dev",
            "role": "role-celeste-transaction-history-delete-by-id-dev"
          },
          "sensitive_attributes": [],
          "private": "bnVsbA==",
          "dependencies": [
            "module.apigateway.aws_apigatewayv2_api.main",
            "module.apigateway.aws_apigatewayv2_stage.dev",
            "module.apigateway.aws_cloudwatch_log_group.main_api_gw",
            "module.apigateway.data.aws_caller_identity.current",
            "module.apigateway.data.aws_region.current",
            "module.apigateway_resource_authorization.aws_apigatewayv2_authorizer.header_based_authorizer",
            "module.apigateway_resource_authorization.aws_cloudwatch_log_group.html_loggroup_lambda_authorizer",
            "module.apigateway_resource_authorization.aws_iam_policy.dynamodb_lambda_policy_authorizer",
            "module.apigateway_resource_authorization.aws_iam_role.lambda_role_authorizer",
            "module.apigateway_resource_authorization.aws_iam_role_policy_attachment.lambda_attachements",
            "module.apigateway_resource_authorization.aws_iam_role_policy_attachment.lambda_role_policy_authorizer",
            "module.apigateway_resource_authorization.aws_lambda_function.html_lambda_authorizer",
            "module.apigateway_resource_authorization.aws_lambda_permission.allow_api_gw_invoke_authorizer",
            "module.apigateway_resource_authorization.data.archive_file.lambda_package_authorizer",
            "module.apigateway_resource_authorization.data.aws_apigatewayv2_api.selected",
            "module.apigateway_resource_authorization.data.aws_caller_identity.current",
            "module.apigateway_resource_authorization.data.aws_iam_policy_document.lambda_policy_document_authorizer",
            "module.apigateway_resource_authorization.data.aws_region.current",
            "module.apigateway_resource_transaction_history.aws_iam_policy.dynamodb_lambda_policy_transaction_history_delete_by_id",
            "module.apigateway_resource_transaction_history.aws_iam_role.lambda_role_transaction_history_delete_by_id",
            "module.apigateway_resource_transaction_history.data.aws_caller_identity.current",
            "module.apigateway_resource_transaction_history.data.aws_iam_policy_document.lambda_policy_document_transaction_history_delete_by_id",
            "module.apigateway_resource_transaction_history.data.aws_region.current",
            "module.tables_dynamodb.aws_dynamodb_table.tbl_customers",
            "module.tables_dynamodb.aws_dynamodb_table.tbl_employees",
            "module.tables_dynamodb.aws_dynamodb_table.tbl_inventories",
            "module.tables_dynamodb.aws_dynamodb_table.tbl_suppliers",
            "module.tables_dynamodb.aws_dynamodb_table.tbl_token",
            "module.tables_dynamodb.aws_dynamodb_table.tbl_transaction_history",
            "module.tables_dynamodb.aws_dynamodb_table.tbl_users"
          ]
        }
      ]
    },
    {
      "module": "module.apigateway_resource_transaction_history",
      "mode": "managed",
      "type": "aws_iam_role_policy_attachment",
      "name": "lambda_attachements_transaction_history_filter",
      "provider": "provider[\"registry.terraform.io/hashicorp/aws\"]",
      "instances": [
        {
          "schema_version": 0,
          "attributes": {
            "id": "role-celeste-transaction-history-filter-dev-20250314200903294500000007",
            "policy_arn": "arn:aws:iam::233925838033:policy/policy-celeste-transaction-history-filter-dev",
            "role": "role-celeste-transaction-history-filter-dev"
          },
          "sensitive_attributes": [],
          "private": "bnVsbA==",
          "dependencies": [
            "module.apigateway.aws_apigatewayv2_api.main",
            "module.apigateway.aws_apigatewayv2_stage.dev",
            "module.apigateway.aws_cloudwatch_log_group.main_api_gw",
            "module.apigateway.data.aws_caller_identity.current",
            "module.apigateway.data.aws_region.current",
            "module.apigateway_resource_authorization.aws_apigatewayv2_authorizer.header_based_authorizer",
            "module.apigateway_resource_authorization.aws_cloudwatch_log_group.html_loggroup_lambda_authorizer",
            "module.apigateway_resource_authorization.aws_iam_policy.dynamodb_lambda_policy_authorizer",
            "module.apigateway_resource_authorization.aws_iam_role.lambda_role_authorizer",
            "module.apigateway_resource_authorization.aws_iam_role_policy_attachment.lambda_attachements",
            "module.apigateway_resource_authorization.aws_iam_role_policy_attachment.lambda_role_policy_authorizer",
            "module.apigateway_resource_authorization.aws_lambda_function.html_lambda_authorizer",
            "module.apigateway_resource_authorization.aws_lambda_permission.allow_api_gw_invoke_authorizer",
            "module.apigateway_resource_authorization.data.archive_file.lambda_package_authorizer",
            "module.apigateway_resource_authorization.data.aws_apigatewayv2_api.selected",
            "module.apigateway_resource_authorization.data.aws_caller_identity.current",
            "module.apigateway_resource_authorization.data.aws_iam_policy_document.lambda_policy_document_authorizer",
            "module.apigateway_resource_authorization.data.aws_region.current",
            "module.apigateway_resource_transaction_history.aws_iam_policy.dynamodb_lambda_policy_transaction_history_filter",
            "module.apigateway_resource_transaction_history.aws_iam_role.lambda_role_transaction_history_filter",
            "module.apigateway_resource_transaction_history.data.aws_caller_identity.current",
            "module.apigateway_resource_transaction_history.data.aws_iam_policy_document.lambda_policy_document_transaction_history_filter",
            "module.apigateway_resource_transaction_history.data.aws_region.current",
            "module.tables_dynamodb.aws_dynamodb_table.tbl_customers",
            "module.tables_dynamodb.aws_dynamodb_table.tbl_employees",
            "module.tables_dynamodb.aws_dynamodb_table.tbl_inventories",
            "module.tables_dynamodb.aws_dynamodb_table.tbl_suppliers",
            "module.tables_dynamodb.aws_dynamodb_table.tbl_token",
            "module.tables_dynamodb.aws_dynamodb_table.tbl_transaction_history",
            "module.tables_dynamodb.aws_dynamodb_table.tbl_users"
          ]
        }
      ]
    },
    {
      "module": "module.apigateway_resource_transaction_history",
      "mode": "managed",
      "type": "aws_iam_role_policy_attachment",
      "name": "lambda_attachements_transaction_history_update",
      "provider": "provider[\"registry.terraform.io/hashicorp/aws\"]",
      "instances": [
        {
          "schema_version": 0,
          "attributes": {
            "id": "role-celeste-transaction-history-update-dev-20250314200902983800000006",
            "policy_arn": "arn:aws:iam::233925838033:policy/policy-celeste-transaction-history-update-dev",
            "role": "role-celeste-transaction-history-update-dev"
          },
          "sensitive_attributes": [],
          "private": "bnVsbA==",
          "dependencies": [
            "module.apigateway.aws_apigatewayv2_api.main",
            "module.apigateway.aws_apigatewayv2_stage.dev",
            "module.apigateway.aws_cloudwatch_log_group.main_api_gw",
            "module.apigateway.data.aws_caller_identity.current",
            "module.apigateway.data.aws_region.current",
            "module.apigateway_resource_authorization.aws_apigatewayv2_authorizer.header_based_authorizer",
            "module.apigateway_resource_authorization.aws_cloudwatch_log_group.html_loggroup_lambda_authorizer",
            "module.apigateway_resource_authorization.aws_iam_policy.dynamodb_lambda_policy_authorizer",
            "module.apigateway_resource_authorization.aws_iam_role.lambda_role_authorizer",
            "module.apigateway_resource_authorization.aws_iam_role_policy_attachment.lambda_attachements",
            "module.apigateway_resource_authorization.aws_iam_role_policy_attachment.lambda_role_policy_authorizer",
            "module.apigateway_resource_authorization.aws_lambda_function.html_lambda_authorizer",
            "module.apigateway_resource_authorization.aws_lambda_permission.allow_api_gw_invoke_authorizer",
            "module.apigateway_resource_authorization.data.archive_file.lambda_package_authorizer",
            "module.apigateway_resource_authorization.data.aws_apigatewayv2_api.selected",
            "module.apigateway_resource_authorization.data.aws_caller_identity.current",
            "module.apigateway_resource_authorization.data.aws_iam_policy_document.lambda_policy_document_authorizer",
            "module.apigateway_resource_authorization.data.aws_region.current",
            "module.apigateway_resource_transaction_history.aws_iam_policy.dynamodb_lambda_policy_transaction_history_update",
            "module.apigateway_resource_transaction_history.aws_iam_role.lambda_role_transaction_history_update",
            "module.apigateway_resource_transaction_history.data.aws_caller_identity.current",
            "module.apigateway_resource_transaction_history.data.aws_iam_policy_document.lambda_policy_document_transaction_history_update",
            "module.apigateway_resource_transaction_history.data.aws_region.current",
            "module.tables_dynamodb.aws_dynamodb_table.tbl_customers",
            "module.tables_dynamodb.aws_dynamodb_table.tbl_employees",
            "module.tables_dynamodb.aws_dynamodb_table.tbl_inventories",
            "module.tables_dynamodb.aws_dynamodb_table.tbl_suppliers",
            "module.tables_dynamodb.aws_dynamodb_table.tbl_token",
            "module.tables_dynamodb.aws_dynamodb_table.tbl_transaction_history",
            "module.tables_dynamodb.aws_dynamodb_table.tbl_users"
          ]
        }
      ]
    },
    {
      "module": "module.apigateway_resource_transaction_history",
      "mode": "managed",
      "type": "aws_iam_role_policy_attachment",
      "name": "lambda_role_policy_transaction_history_create",
      "provider": "provider[\"registry.terraform.io/hashicorp/aws\"]",
      "instances": [
        {
          "schema_version": 0,
          "attributes": {
            "id": "role-celeste-transaction-history-create-dev-20250314200854979300000003",
            "policy_arn": "arn:aws:iam::aws:policy/service-role/AWSLambdaBasicExecutionRole",
            "role": "role-celeste-transaction-history-create-dev"
          },
          "sensitive_attributes": [],
          "private": "bnVsbA==",
          "dependencies": [
            "module.apigateway.aws_apigatewayv2_api.main",
            "module.apigateway.aws_apigatewayv2_stage.dev",
            "module.apigateway.aws_cloudwatch_log_group.main_api_gw",
            "module.apigateway.data.aws_caller_identity.current",
            "module.apigateway.data.aws_region.current",
            "module.apigateway_resource_authorization.aws_apigatewayv2_authorizer.header_based_authorizer",
            "module.apigateway_resource_authorization.aws_cloudwatch_log_group.html_loggroup_lambda_authorizer",
            "module.apigateway_resource_authorization.aws_iam_policy.dynamodb_lambda_policy_authorizer",
            "module.apigateway_resource_authorization.aws_iam_role.lambda_role_authorizer",
            "module.apigateway_resource_authorization.aws_iam_role_policy_attachment.lambda_attachements",
            "module.apigateway_resource_authorization.aws_iam_role_policy_attachment.lambda_role_policy_authorizer",
            "module.apigateway_resource_authorization.aws_lambda_function.html_lambda_authorizer",
            "module.apigateway_resource_authorization.aws_lambda_permission.allow_api_gw_invoke_authorizer",
            "module.apigateway_resource_authorization.data.archive_file.lambda_package_authorizer",
            "module.apigateway_resource_authorization.data.aws_apigatewayv2_api.selected",
            "module.apigateway_resource_authorization.data.aws_caller_identity.current",
            "module.apigateway_resource_authorization.data.aws_iam_policy_document.lambda_policy_document_authorizer",
            "module.apigateway_resource_authorization.data.aws_region.current",
            "module.apigateway_resource_transaction_history.aws_iam_role.lambda_role_transaction_history_create",
            "module.tables_dynamodb.aws_dynamodb_table.tbl_customers",
            "module.tables_dynamodb.aws_dynamodb_table.tbl_employees",
            "module.tables_dynamodb.aws_dynamodb_table.tbl_inventories",
            "module.tables_dynamodb.aws_dynamodb_table.tbl_suppliers",
            "module.tables_dynamodb.aws_dynamodb_table.tbl_token",
            "module.tables_dynamodb.aws_dynamodb_table.tbl_transaction_history",
            "module.tables_dynamodb.aws_dynamodb_table.tbl_users"
          ]
        }
      ]
    },
    {
      "module": "module.apigateway_resource_transaction_history",
      "mode": "managed",
      "type": "aws_iam_role_policy_attachment",
      "name": "lambda_role_policy_transaction_history_delete_by_id",
      "provider": "provider[\"registry.terraform.io/hashicorp/aws\"]",
      "instances": [
        {
          "schema_version": 0,
          "attributes": {
            "id": "role-celeste-transaction-history-delete-by-id-dev-20250314200842597900000001",
            "policy_arn": "arn:aws:iam::aws:policy/service-role/AWSLambdaBasicExecutionRole",
            "role": "role-celeste-transaction-history-delete-by-id-dev"
          },
          "sensitive_attributes": [],
          "private": "bnVsbA==",
          "dependencies": [
            "module.apigateway.aws_apigatewayv2_api.main",
            "module.apigateway.aws_apigatewayv2_stage.dev",
            "module.apigateway.aws_cloudwatch_log_group.main_api_gw",
            "module.apigateway.data.aws_caller_identity.current",
            "module.apigateway.data.aws_region.current",
            "module.apigateway_resource_authorization.aws_apigatewayv2_authorizer.header_based_authorizer",
            "module.apigateway_resource_authorization.aws_cloudwatch_log_group.html_loggroup_lambda_authorizer",
            "module.apigateway_resource_authorization.aws_iam_policy.dynamodb_lambda_policy_authorizer",
            "module.apigateway_resource_authorization.aws_iam_role.lambda_role_authorizer",
            "module.apigateway_resource_authorization.aws_iam_role_policy_attachment.lambda_attachements",
            "module.apigateway_resource_authorization.aws_iam_role_policy_attachment.lambda_role_policy_authorizer",
            "module.apigateway_resource_authorization.aws_lambda_function.html_lambda_authorizer",
            "module.apigateway_resource_authorization.aws_lambda_permission.allow_api_gw_invoke_authorizer",
            "module.apigateway_resource_authorization.data.archive_file.lambda_package_authorizer",
            "module.apigateway_resource_authorization.data.aws_apigatewayv2_api.selected",
            "module.apigateway_resource_authorization.data.aws_caller_identity.current",
            "module.apigateway_resource_authorization.data.aws_iam_policy_document.lambda_policy_document_authorizer",
            "module.apigateway_resource_authorization.data.aws_region.current",
            "module.apigateway_resource_transaction_history.aws_iam_role.lambda_role_transaction_history_delete_by_id",
            "module.tables_dynamodb.aws_dynamodb_table.tbl_customers",
            "module.tables_dynamodb.aws_dynamodb_table.tbl_employees",
            "module.tables_dynamodb.aws_dynamodb_table.tbl_inventories",
            "module.tables_dynamodb.aws_dynamodb_table.tbl_suppliers",
            "module.tables_dynamodb.aws_dynamodb_table.tbl_token",
            "module.tables_dynamodb.aws_dynamodb_table.tbl_transaction_history",
            "module.tables_dynamodb.aws_dynamodb_table.tbl_users"
          ]
        }
      ]
    },
    {
      "module": "module.apigateway_resource_transaction_history",
      "mode": "managed",
      "type": "aws_iam_role_policy_attachment",
      "name": "lambda_role_policy_transaction_history_filter",
      "provider": "provider[\"registry.terraform.io/hashicorp/aws\"]",
      "instances": [
        {
          "schema_version": 0,
          "attributes": {
            "id": "role-celeste-transaction-history-filter-dev-20250314200842929700000002",
            "policy_arn": "arn:aws:iam::aws:policy/service-role/AWSLambdaBasicExecutionRole",
            "role": "role-celeste-transaction-history-filter-dev"
          },
          "sensitive_attributes": [],
          "private": "bnVsbA==",
          "dependencies": [
            "module.apigateway.aws_apigatewayv2_api.main",
            "module.apigateway.aws_apigatewayv2_stage.dev",
            "module.apigateway.aws_cloudwatch_log_group.main_api_gw",
            "module.apigateway.data.aws_caller_identity.current",
            "module.apigateway.data.aws_region.current",
            "module.apigateway_resource_authorization.aws_apigatewayv2_authorizer.header_based_authorizer",
            "module.apigateway_resource_authorization.aws_cloudwatch_log_group.html_loggroup_lambda_authorizer",
            "module.apigateway_resource_authorization.aws_iam_policy.dynamodb_lambda_policy_authorizer",
            "module.apigateway_resource_authorization.aws_iam_role.lambda_role_authorizer",
            "module.apigateway_resource_authorization.aws_iam_role_policy_attachment.lambda_attachements",
            "module.apigateway_resource_authorization.aws_iam_role_policy_attachment.lambda_role_policy_authorizer",
            "module.apigateway_resource_authorization.aws_lambda_function.html_lambda_authorizer",
            "module.apigateway_resource_authorization.aws_lambda_permission.allow_api_gw_invoke_authorizer",
            "module.apigateway_resource_authorization.data.archive_file.lambda_package_authorizer",
            "module.apigateway_resource_authorization.data.aws_apigatewayv2_api.selected",
            "module.apigateway_resource_authorization.data.aws_caller_identity.current",
            "module.apigateway_resource_authorization.data.aws_iam_policy_document.lambda_policy_document_authorizer",
            "module.apigateway_resource_authorization.data.aws_region.current",
            "module.apigateway_resource_transaction_history.aws_iam_role.lambda_role_transaction_history_filter",
            "module.tables_dynamodb.aws_dynamodb_table.tbl_customers",
            "module.tables_dynamodb.aws_dynamodb_table.tbl_employees",
            "module.tables_dynamodb.aws_dynamodb_table.tbl_inventories",
            "module.tables_dynamodb.aws_dynamodb_table.tbl_suppliers",
            "module.tables_dynamodb.aws_dynamodb_table.tbl_token",
            "module.tables_dynamodb.aws_dynamodb_table.tbl_transaction_history",
            "module.tables_dynamodb.aws_dynamodb_table.tbl_users"
          ]
        }
      ]
    },
    {
      "module": "module.apigateway_resource_transaction_history",
      "mode": "managed",
      "type": "aws_iam_role_policy_attachment",
      "name": "lambda_role_policy_transaction_history_update",
      "provider": "provider[\"registry.terraform.io/hashicorp/aws\"]",
      "instances": [
        {
          "schema_version": 0,
          "attributes": {
            "id": "role-celeste-transaction-history-update-dev-20250314200901157000000004",
            "policy_arn": "arn:aws:iam::aws:policy/service-role/AWSLambdaBasicExecutionRole",
            "role": "role-celeste-transaction-history-update-dev"
          },
          "sensitive_attributes": [],
          "private": "bnVsbA==",
          "dependencies": [
            "module.apigateway.aws_apigatewayv2_api.main",
            "module.apigateway.aws_apigatewayv2_stage.dev",
            "module.apigateway.aws_cloudwatch_log_group.main_api_gw",
            "module.apigateway.data.aws_caller_identity.current",
            "module.apigateway.data.aws_region.current",
            "module.apigateway_resource_authorization.aws_apigatewayv2_authorizer.header_based_authorizer",
            "module.apigateway_resource_authorization.aws_cloudwatch_log_group.html_loggroup_lambda_authorizer",
            "module.apigateway_resource_authorization.aws_iam_policy.dynamodb_lambda_policy_authorizer",
            "module.apigateway_resource_authorization.aws_iam_role.lambda_role_authorizer",
            "module.apigateway_resource_authorization.aws_iam_role_policy_attachment.lambda_attachements",
            "module.apigateway_resource_authorization.aws_iam_role_policy_attachment.lambda_role_policy_authorizer",
            "module.apigateway_resource_authorization.aws_lambda_function.html_lambda_authorizer",
            "module.apigateway_resource_authorization.aws_lambda_permission.allow_api_gw_invoke_authorizer",
            "module.apigateway_resource_authorization.data.archive_file.lambda_package_authorizer",
            "module.apigateway_resource_authorization.data.aws_apigatewayv2_api.selected",
            "module.apigateway_resource_authorization.data.aws_caller_identity.current",
            "module.apigateway_resource_authorization.data.aws_iam_policy_document.lambda_policy_document_authorizer",
            "module.apigateway_resource_authorization.data.aws_region.current",
            "module.apigateway_resource_transaction_history.aws_iam_role.lambda_role_transaction_history_update",
            "module.tables_dynamodb.aws_dynamodb_table.tbl_customers",
            "module.tables_dynamodb.aws_dynamodb_table.tbl_employees",
            "module.tables_dynamodb.aws_dynamodb_table.tbl_inventories",
            "module.tables_dynamodb.aws_dynamodb_table.tbl_suppliers",
            "module.tables_dynamodb.aws_dynamodb_table.tbl_token",
            "module.tables_dynamodb.aws_dynamodb_table.tbl_transaction_history",
            "module.tables_dynamodb.aws_dynamodb_table.tbl_users"
          ]
        }
      ]
    },
    {
      "module": "module.apigateway_resource_transaction_history",
      "mode": "managed",
      "type": "aws_lambda_function",
      "name": "html_lambda_transaction_history_create",
      "provider": "provider[\"registry.terraform.io/hashicorp/aws\"]",
      "instances": [
        {
          "schema_version": 0,
          "attributes": {
            "architectures": [
              "arm64"
            ],
            "arn": "arn:aws:lambda:us-east-1:233925838033:function:lmb-celeste-transaction-history-create-dev",
            "code_sha256": "qLc4sKVsizLL5LquOoVzbeZz9qZOOopaFnBf9rqlGHI=",
            "code_signing_config_arn": "",
            "dead_letter_config": [],
            "description": "",
            "environment": [],
            "ephemeral_storage": [
              {
                "size": 512
              }
            ],
            "file_system_config": [],
            "filename": "./resources/core/transaction-history-create/index.zip",
            "function_name": "lmb-celeste-transaction-history-create-dev",
            "handler": "index.handler",
            "id": "lmb-celeste-transaction-history-create-dev",
            "image_config": [],
            "image_uri": "",
            "invoke_arn": "arn:aws:apigateway:us-east-1:lambda:path/2015-03-31/functions/arn:aws:lambda:us-east-1:233925838033:function:lmb-celeste-transaction-history-create-dev/invocations",
            "kms_key_arn": "",
            "last_modified": "2025-03-14T20:09:47.119+0000",
            "layers": null,
            "logging_config": [
              {
                "application_log_level": "",
                "log_format": "Text",
                "log_group": "/aws/lambda/lmb-celeste-transaction-history-create-dev",
                "system_log_level": ""
              }
            ],
            "memory_size": 128,
            "package_type": "Zip",
            "publish": false,
            "qualified_arn": "arn:aws:lambda:us-east-1:233925838033:function:lmb-celeste-transaction-history-create-dev:$LATEST",
            "qualified_invoke_arn": "arn:aws:apigateway:us-east-1:lambda:path/2015-03-31/functions/arn:aws:lambda:us-east-1:233925838033:function:lmb-celeste-transaction-history-create-dev:$LATEST/invocations",
            "replace_security_groups_on_destroy": null,
            "replacement_security_group_ids": null,
            "reserved_concurrent_executions": -1,
            "role": "arn:aws:iam::233925838033:role/role-celeste-transaction-history-create-dev",
            "runtime": "nodejs22.x",
            "s3_bucket": null,
            "s3_key": null,
            "s3_object_version": null,
            "signing_job_arn": "",
            "signing_profile_version_arn": "",
            "skip_destroy": false,
            "snap_start": [],
            "source_code_hash": "qLc4sKVsizLL5LquOoVzbeZz9qZOOopaFnBf9rqlGHI=",
            "source_code_size": 361894,
            "tags": {
              "app_name": "celeste",
              "env": "dev"
            },
            "tags_all": {
              "app_name": "celeste",
              "env": "dev",
              "iac": "terraform"
            },
            "timeout": 30,
            "timeouts": null,
            "tracing_config": [
              {
                "mode": "PassThrough"
              }
            ],
            "version": "$LATEST",
            "vpc_config": []
          },
          "sensitive_attributes": [],
          "private": "eyJlMmJmYjczMC1lY2FhLTExZTYtOGY4OC0zNDM2M2JjN2M0YzAiOnsiY3JlYXRlIjo2MDAwMDAwMDAwMDAsImRlbGV0ZSI6NjAwMDAwMDAwMDAwLCJ1cGRhdGUiOjYwMDAwMDAwMDAwMH19",
          "dependencies": [
            "module.apigateway.aws_apigatewayv2_api.main",
            "module.apigateway.aws_apigatewayv2_stage.dev",
            "module.apigateway.aws_cloudwatch_log_group.main_api_gw",
            "module.apigateway.data.aws_caller_identity.current",
            "module.apigateway.data.aws_region.current",
            "module.apigateway_resource_authorization.aws_apigatewayv2_authorizer.header_based_authorizer",
            "module.apigateway_resource_authorization.aws_cloudwatch_log_group.html_loggroup_lambda_authorizer",
            "module.apigateway_resource_authorization.aws_iam_policy.dynamodb_lambda_policy_authorizer",
            "module.apigateway_resource_authorization.aws_iam_role.lambda_role_authorizer",
            "module.apigateway_resource_authorization.aws_iam_role_policy_attachment.lambda_attachements",
            "module.apigateway_resource_authorization.aws_iam_role_policy_attachment.lambda_role_policy_authorizer",
            "module.apigateway_resource_authorization.aws_lambda_function.html_lambda_authorizer",
            "module.apigateway_resource_authorization.aws_lambda_permission.allow_api_gw_invoke_authorizer",
            "module.apigateway_resource_authorization.data.archive_file.lambda_package_authorizer",
            "module.apigateway_resource_authorization.data.aws_apigatewayv2_api.selected",
            "module.apigateway_resource_authorization.data.aws_caller_identity.current",
            "module.apigateway_resource_authorization.data.aws_iam_policy_document.lambda_policy_document_authorizer",
            "module.apigateway_resource_authorization.data.aws_region.current",
            "module.apigateway_resource_transaction_history.aws_iam_role.lambda_role_transaction_history_create",
            "module.apigateway_resource_transaction_history.data.archive_file.lambda_package_transaction_history_create",
            "module.tables_dynamodb.aws_dynamodb_table.tbl_customers",
            "module.tables_dynamodb.aws_dynamodb_table.tbl_employees",
            "module.tables_dynamodb.aws_dynamodb_table.tbl_inventories",
            "module.tables_dynamodb.aws_dynamodb_table.tbl_suppliers",
            "module.tables_dynamodb.aws_dynamodb_table.tbl_token",
            "module.tables_dynamodb.aws_dynamodb_table.tbl_transaction_history",
            "module.tables_dynamodb.aws_dynamodb_table.tbl_users"
          ]
        }
      ]
    },
    {
      "module": "module.apigateway_resource_transaction_history",
      "mode": "managed",
      "type": "aws_lambda_function",
      "name": "html_lambda_transaction_history_delete_by_id",
      "provider": "provider[\"registry.terraform.io/hashicorp/aws\"]",
      "instances": [
        {
          "schema_version": 0,
          "attributes": {
            "architectures": [
              "arm64"
            ],
            "arn": "arn:aws:lambda:us-east-1:233925838033:function:lmb-celeste-transaction-history-delete-by-id-dev",
            "code_sha256": "aghUwHpk3IFSdwSE1LHhQ4oiHXnkcy4Qd349HKGP5j0=",
            "code_signing_config_arn": "",
            "dead_letter_config": [],
            "description": "",
            "environment": [],
            "ephemeral_storage": [
              {
                "size": 512
              }
            ],
            "file_system_config": [],
            "filename": "./resources/core/transaction-history-delete-by-id/index.zip",
            "function_name": "lmb-celeste-transaction-history-delete-by-id-dev",
            "handler": "index.handler",
            "id": "lmb-celeste-transaction-history-delete-by-id-dev",
            "image_config": [],
            "image_uri": "",
            "invoke_arn": "arn:aws:apigateway:us-east-1:lambda:path/2015-03-31/functions/arn:aws:lambda:us-east-1:233925838033:function:lmb-celeste-transaction-history-delete-by-id-dev/invocations",
            "kms_key_arn": "",
            "last_modified": "2025-03-14T20:09:32.244+0000",
            "layers": null,
            "logging_config": [
              {
                "application_log_level": "",
                "log_format": "Text",
                "log_group": "/aws/lambda/lmb-celeste-transaction-history-delete-by-id-dev",
                "system_log_level": ""
              }
            ],
            "memory_size": 128,
            "package_type": "Zip",
            "publish": false,
            "qualified_arn": "arn:aws:lambda:us-east-1:233925838033:function:lmb-celeste-transaction-history-delete-by-id-dev:$LATEST",
            "qualified_invoke_arn": "arn:aws:apigateway:us-east-1:lambda:path/2015-03-31/functions/arn:aws:lambda:us-east-1:233925838033:function:lmb-celeste-transaction-history-delete-by-id-dev:$LATEST/invocations",
            "replace_security_groups_on_destroy": null,
            "replacement_security_group_ids": null,
            "reserved_concurrent_executions": -1,
            "role": "arn:aws:iam::233925838033:role/role-celeste-transaction-history-delete-by-id-dev",
            "runtime": "nodejs22.x",
            "s3_bucket": null,
            "s3_key": null,
            "s3_object_version": null,
            "signing_job_arn": "",
            "signing_profile_version_arn": "",
            "skip_destroy": false,
            "snap_start": [],
            "source_code_hash": "aghUwHpk3IFSdwSE1LHhQ4oiHXnkcy4Qd349HKGP5j0=",
            "source_code_size": 361295,
            "tags": {
              "app_name": "celeste",
              "env": "dev"
            },
            "tags_all": {
              "app_name": "celeste",
              "env": "dev",
              "iac": "terraform"
            },
            "timeout": 30,
            "timeouts": null,
            "tracing_config": [
              {
                "mode": "PassThrough"
              }
            ],
            "version": "$LATEST",
            "vpc_config": []
          },
          "sensitive_attributes": [],
          "private": "eyJlMmJmYjczMC1lY2FhLTExZTYtOGY4OC0zNDM2M2JjN2M0YzAiOnsiY3JlYXRlIjo2MDAwMDAwMDAwMDAsImRlbGV0ZSI6NjAwMDAwMDAwMDAwLCJ1cGRhdGUiOjYwMDAwMDAwMDAwMH19",
          "dependencies": [
            "module.apigateway.aws_apigatewayv2_api.main",
            "module.apigateway.aws_apigatewayv2_stage.dev",
            "module.apigateway.aws_cloudwatch_log_group.main_api_gw",
            "module.apigateway.data.aws_caller_identity.current",
            "module.apigateway.data.aws_region.current",
            "module.apigateway_resource_authorization.aws_apigatewayv2_authorizer.header_based_authorizer",
            "module.apigateway_resource_authorization.aws_cloudwatch_log_group.html_loggroup_lambda_authorizer",
            "module.apigateway_resource_authorization.aws_iam_policy.dynamodb_lambda_policy_authorizer",
            "module.apigateway_resource_authorization.aws_iam_role.lambda_role_authorizer",
            "module.apigateway_resource_authorization.aws_iam_role_policy_attachment.lambda_attachements",
            "module.apigateway_resource_authorization.aws_iam_role_policy_attachment.lambda_role_policy_authorizer",
            "module.apigateway_resource_authorization.aws_lambda_function.html_lambda_authorizer",
            "module.apigateway_resource_authorization.aws_lambda_permission.allow_api_gw_invoke_authorizer",
            "module.apigateway_resource_authorization.data.archive_file.lambda_package_authorizer",
            "module.apigateway_resource_authorization.data.aws_apigatewayv2_api.selected",
            "module.apigateway_resource_authorization.data.aws_caller_identity.current",
            "module.apigateway_resource_authorization.data.aws_iam_policy_document.lambda_policy_document_authorizer",
            "module.apigateway_resource_authorization.data.aws_region.current",
            "module.apigateway_resource_transaction_history.aws_iam_role.lambda_role_transaction_history_delete_by_id",
            "module.apigateway_resource_transaction_history.data.archive_file.lambda_package_transaction_history_delete_by_id",
            "module.tables_dynamodb.aws_dynamodb_table.tbl_customers",
            "module.tables_dynamodb.aws_dynamodb_table.tbl_employees",
            "module.tables_dynamodb.aws_dynamodb_table.tbl_inventories",
            "module.tables_dynamodb.aws_dynamodb_table.tbl_suppliers",
            "module.tables_dynamodb.aws_dynamodb_table.tbl_token",
            "module.tables_dynamodb.aws_dynamodb_table.tbl_transaction_history",
            "module.tables_dynamodb.aws_dynamodb_table.tbl_users"
          ]
        }
      ]
    },
    {
      "module": "module.apigateway_resource_transaction_history",
      "mode": "managed",
      "type": "aws_lambda_function",
      "name": "html_lambda_transaction_history_filter",
      "provider": "provider[\"registry.terraform.io/hashicorp/aws\"]",
      "instances": [
        {
          "schema_version": 0,
          "attributes": {
            "architectures": [
              "arm64"
            ],
            "arn": "arn:aws:lambda:us-east-1:233925838033:function:lmb-celeste-transaction-history-filter-dev",
            "code_sha256": "exiSr0E4/MQiwIAZtFh3RczLpZGUUVh/TZtLV+Gy7ao=",
            "code_signing_config_arn": "",
            "dead_letter_config": [],
            "description": "",
            "environment": [],
            "ephemeral_storage": [
              {
                "size": 512
              }
            ],
            "file_system_config": [],
            "filename": "./resources/core/transaction-history-filter/index.zip",
            "function_name": "lmb-celeste-transaction-history-filter-dev",
            "handler": "index.handler",
            "id": "lmb-celeste-transaction-history-filter-dev",
            "image_config": [],
            "image_uri": "",
            "invoke_arn": "arn:aws:apigateway:us-east-1:lambda:path/2015-03-31/functions/arn:aws:lambda:us-east-1:233925838033:function:lmb-celeste-transaction-history-filter-dev/invocations",
            "kms_key_arn": "",
            "last_modified": "2025-03-14T20:09:39.510+0000",
            "layers": null,
            "logging_config": [
              {
                "application_log_level": "",
                "log_format": "Text",
                "log_group": "/aws/lambda/lmb-celeste-transaction-history-filter-dev",
                "system_log_level": ""
              }
            ],
            "memory_size": 128,
            "package_type": "Zip",
            "publish": false,
            "qualified_arn": "arn:aws:lambda:us-east-1:233925838033:function:lmb-celeste-transaction-history-filter-dev:$LATEST",
            "qualified_invoke_arn": "arn:aws:apigateway:us-east-1:lambda:path/2015-03-31/functions/arn:aws:lambda:us-east-1:233925838033:function:lmb-celeste-transaction-history-filter-dev:$LATEST/invocations",
            "replace_security_groups_on_destroy": null,
            "replacement_security_group_ids": null,
            "reserved_concurrent_executions": -1,
            "role": "arn:aws:iam::233925838033:role/role-celeste-transaction-history-filter-dev",
            "runtime": "nodejs22.x",
            "s3_bucket": null,
            "s3_key": null,
            "s3_object_version": null,
            "signing_job_arn": "",
            "signing_profile_version_arn": "",
            "skip_destroy": false,
            "snap_start": [],
            "source_code_hash": "exiSr0E4/MQiwIAZtFh3RczLpZGUUVh/TZtLV+Gy7ao=",
            "source_code_size": 370645,
            "tags": {
              "app_name": "celeste",
              "env": "dev"
            },
            "tags_all": {
              "app_name": "celeste",
              "env": "dev",
              "iac": "terraform"
            },
            "timeout": 30,
            "timeouts": null,
            "tracing_config": [
              {
                "mode": "PassThrough"
              }
            ],
            "version": "$LATEST",
            "vpc_config": []
          },
          "sensitive_attributes": [],
          "private": "eyJlMmJmYjczMC1lY2FhLTExZTYtOGY4OC0zNDM2M2JjN2M0YzAiOnsiY3JlYXRlIjo2MDAwMDAwMDAwMDAsImRlbGV0ZSI6NjAwMDAwMDAwMDAwLCJ1cGRhdGUiOjYwMDAwMDAwMDAwMH19",
          "dependencies": [
            "module.apigateway.aws_apigatewayv2_api.main",
            "module.apigateway.aws_apigatewayv2_stage.dev",
            "module.apigateway.aws_cloudwatch_log_group.main_api_gw",
            "module.apigateway.data.aws_caller_identity.current",
            "module.apigateway.data.aws_region.current",
            "module.apigateway_resource_authorization.aws_apigatewayv2_authorizer.header_based_authorizer",
            "module.apigateway_resource_authorization.aws_cloudwatch_log_group.html_loggroup_lambda_authorizer",
            "module.apigateway_resource_authorization.aws_iam_policy.dynamodb_lambda_policy_authorizer",
            "module.apigateway_resource_authorization.aws_iam_role.lambda_role_authorizer",
            "module.apigateway_resource_authorization.aws_iam_role_policy_attachment.lambda_attachements",
            "module.apigateway_resource_authorization.aws_iam_role_policy_attachment.lambda_role_policy_authorizer",
            "module.apigateway_resource_authorization.aws_lambda_function.html_lambda_authorizer",
            "module.apigateway_resource_authorization.aws_lambda_permission.allow_api_gw_invoke_authorizer",
            "module.apigateway_resource_authorization.data.archive_file.lambda_package_authorizer",
            "module.apigateway_resource_authorization.data.aws_apigatewayv2_api.selected",
            "module.apigateway_resource_authorization.data.aws_caller_identity.current",
            "module.apigateway_resource_authorization.data.aws_iam_policy_document.lambda_policy_document_authorizer",
            "module.apigateway_resource_authorization.data.aws_region.current",
            "module.apigateway_resource_transaction_history.aws_iam_role.lambda_role_transaction_history_filter",
            "module.apigateway_resource_transaction_history.data.archive_file.lambda_package_transaction_history_filter",
            "module.tables_dynamodb.aws_dynamodb_table.tbl_customers",
            "module.tables_dynamodb.aws_dynamodb_table.tbl_employees",
            "module.tables_dynamodb.aws_dynamodb_table.tbl_inventories",
            "module.tables_dynamodb.aws_dynamodb_table.tbl_suppliers",
            "module.tables_dynamodb.aws_dynamodb_table.tbl_token",
            "module.tables_dynamodb.aws_dynamodb_table.tbl_transaction_history",
            "module.tables_dynamodb.aws_dynamodb_table.tbl_users"
          ]
        }
      ]
    },
    {
      "module": "module.apigateway_resource_transaction_history",
      "mode": "managed",
      "type": "aws_lambda_function",
      "name": "html_lambda_transaction_history_update",
      "provider": "provider[\"registry.terraform.io/hashicorp/aws\"]",
      "instances": [
        {
          "schema_version": 0,
          "attributes": {
            "architectures": [
              "arm64"
            ],
            "arn": "arn:aws:lambda:us-east-1:233925838033:function:lmb-celeste-transaction-history-update-dev",
            "code_sha256": "RksvdRWlMzxoCaxFE0pvmdA8B2NwyZFbglz2VbA9rDg=",
            "code_signing_config_arn": "",
            "dead_letter_config": [],
            "description": "",
            "environment": [],
            "ephemeral_storage": [
              {
                "size": 512
              }
            ],
            "file_system_config": [],
            "filename": "./resources/core/transaction-history-update-by-id/index.zip",
            "function_name": "lmb-celeste-transaction-history-update-dev",
            "handler": "index.handler",
            "id": "lmb-celeste-transaction-history-update-dev",
            "image_config": [],
            "image_uri": "",
            "invoke_arn": "arn:aws:apigateway:us-east-1:lambda:path/2015-03-31/functions/arn:aws:lambda:us-east-1:233925838033:function:lmb-celeste-transaction-history-update-dev/invocations",
            "kms_key_arn": "",
            "last_modified": "2025-03-14T20:09:53.875+0000",
            "layers": null,
            "logging_config": [
              {
                "application_log_level": "",
                "log_format": "Text",
                "log_group": "/aws/lambda/lmb-celeste-transaction-history-update-dev",
                "system_log_level": ""
              }
            ],
            "memory_size": 128,
            "package_type": "Zip",
            "publish": false,
            "qualified_arn": "arn:aws:lambda:us-east-1:233925838033:function:lmb-celeste-transaction-history-update-dev:$LATEST",
            "qualified_invoke_arn": "arn:aws:apigateway:us-east-1:lambda:path/2015-03-31/functions/arn:aws:lambda:us-east-1:233925838033:function:lmb-celeste-transaction-history-update-dev:$LATEST/invocations",
            "replace_security_groups_on_destroy": null,
            "replacement_security_group_ids": null,
            "reserved_concurrent_executions": -1,
            "role": "arn:aws:iam::233925838033:role/role-celeste-transaction-history-update-dev",
            "runtime": "nodejs22.x",
            "s3_bucket": null,
            "s3_key": null,
            "s3_object_version": null,
            "signing_job_arn": "",
            "signing_profile_version_arn": "",
            "skip_destroy": false,
            "snap_start": [],
            "source_code_hash": "RksvdRWlMzxoCaxFE0pvmdA8B2NwyZFbglz2VbA9rDg=",
            "source_code_size": 564775,
            "tags": {
              "app_name": "celeste",
              "env": "dev"
            },
            "tags_all": {
              "app_name": "celeste",
              "env": "dev",
              "iac": "terraform"
            },
            "timeout": 30,
            "timeouts": null,
            "tracing_config": [
              {
                "mode": "PassThrough"
              }
            ],
            "version": "$LATEST",
            "vpc_config": []
          },
          "sensitive_attributes": [],
          "private": "eyJlMmJmYjczMC1lY2FhLTExZTYtOGY4OC0zNDM2M2JjN2M0YzAiOnsiY3JlYXRlIjo2MDAwMDAwMDAwMDAsImRlbGV0ZSI6NjAwMDAwMDAwMDAwLCJ1cGRhdGUiOjYwMDAwMDAwMDAwMH19",
          "dependencies": [
            "module.apigateway.aws_apigatewayv2_api.main",
            "module.apigateway.aws_apigatewayv2_stage.dev",
            "module.apigateway.aws_cloudwatch_log_group.main_api_gw",
            "module.apigateway.data.aws_caller_identity.current",
            "module.apigateway.data.aws_region.current",
            "module.apigateway_resource_authorization.aws_apigatewayv2_authorizer.header_based_authorizer",
            "module.apigateway_resource_authorization.aws_cloudwatch_log_group.html_loggroup_lambda_authorizer",
            "module.apigateway_resource_authorization.aws_iam_policy.dynamodb_lambda_policy_authorizer",
            "module.apigateway_resource_authorization.aws_iam_role.lambda_role_authorizer",
            "module.apigateway_resource_authorization.aws_iam_role_policy_attachment.lambda_attachements",
            "module.apigateway_resource_authorization.aws_iam_role_policy_attachment.lambda_role_policy_authorizer",
            "module.apigateway_resource_authorization.aws_lambda_function.html_lambda_authorizer",
            "module.apigateway_resource_authorization.aws_lambda_permission.allow_api_gw_invoke_authorizer",
            "module.apigateway_resource_authorization.data.archive_file.lambda_package_authorizer",
            "module.apigateway_resource_authorization.data.aws_apigatewayv2_api.selected",
            "module.apigateway_resource_authorization.data.aws_caller_identity.current",
            "module.apigateway_resource_authorization.data.aws_iam_policy_document.lambda_policy_document_authorizer",
            "module.apigateway_resource_authorization.data.aws_region.current",
            "module.apigateway_resource_transaction_history.aws_iam_role.lambda_role_transaction_history_update",
            "module.apigateway_resource_transaction_history.data.archive_file.lambda_package_transaction_history_update",
            "module.tables_dynamodb.aws_dynamodb_table.tbl_customers",
            "module.tables_dynamodb.aws_dynamodb_table.tbl_employees",
            "module.tables_dynamodb.aws_dynamodb_table.tbl_inventories",
            "module.tables_dynamodb.aws_dynamodb_table.tbl_suppliers",
            "module.tables_dynamodb.aws_dynamodb_table.tbl_token",
            "module.tables_dynamodb.aws_dynamodb_table.tbl_transaction_history",
            "module.tables_dynamodb.aws_dynamodb_table.tbl_users"
          ]
        }
      ]
    },
    {
      "module": "module.apigateway_resource_transaction_history",
      "mode": "managed",
      "type": "aws_lambda_permission",
      "name": "api_gw_transaction_history_create",
      "provider": "provider[\"registry.terraform.io/hashicorp/aws\"]",
      "instances": [
        {
          "schema_version": 0,
          "attributes": {
            "action": "lambda:InvokeFunction",
            "event_source_token": null,
            "function_name": "lmb-celeste-transaction-history-create-dev",
            "function_url_auth_type": null,
            "id": "AllowExecutionFromAPIGateway",
            "principal": "apigateway.amazonaws.com",
            "principal_org_id": null,
            "qualifier": "",
            "source_account": null,
            "source_arn": "arn:aws:execute-api:us-east-1:233925838033:u83oit2sq6/*/*",
            "statement_id": "AllowExecutionFromAPIGateway",
            "statement_id_prefix": ""
          },
          "sensitive_attributes": [],
          "private": "bnVsbA==",
          "dependencies": [
            "module.apigateway.aws_apigatewayv2_api.main",
            "module.apigateway.aws_apigatewayv2_stage.dev",
            "module.apigateway.aws_cloudwatch_log_group.main_api_gw",
            "module.apigateway.data.aws_caller_identity.current",
            "module.apigateway.data.aws_region.current",
            "module.apigateway_resource_authorization.aws_apigatewayv2_authorizer.header_based_authorizer",
            "module.apigateway_resource_authorization.aws_cloudwatch_log_group.html_loggroup_lambda_authorizer",
            "module.apigateway_resource_authorization.aws_iam_policy.dynamodb_lambda_policy_authorizer",
            "module.apigateway_resource_authorization.aws_iam_role.lambda_role_authorizer",
            "module.apigateway_resource_authorization.aws_iam_role_policy_attachment.lambda_attachements",
            "module.apigateway_resource_authorization.aws_iam_role_policy_attachment.lambda_role_policy_authorizer",
            "module.apigateway_resource_authorization.aws_lambda_function.html_lambda_authorizer",
            "module.apigateway_resource_authorization.aws_lambda_permission.allow_api_gw_invoke_authorizer",
            "module.apigateway_resource_authorization.data.archive_file.lambda_package_authorizer",
            "module.apigateway_resource_authorization.data.aws_apigatewayv2_api.selected",
            "module.apigateway_resource_authorization.data.aws_caller_identity.current",
            "module.apigateway_resource_authorization.data.aws_iam_policy_document.lambda_policy_document_authorizer",
            "module.apigateway_resource_authorization.data.aws_region.current",
            "module.apigateway_resource_transaction_history.aws_iam_role.lambda_role_transaction_history_create",
            "module.apigateway_resource_transaction_history.aws_lambda_function.html_lambda_transaction_history_create",
            "module.apigateway_resource_transaction_history.data.archive_file.lambda_package_transaction_history_create",
            "module.apigateway_resource_transaction_history.data.aws_apigatewayv2_api.selected",
            "module.tables_dynamodb.aws_dynamodb_table.tbl_customers",
            "module.tables_dynamodb.aws_dynamodb_table.tbl_employees",
            "module.tables_dynamodb.aws_dynamodb_table.tbl_inventories",
            "module.tables_dynamodb.aws_dynamodb_table.tbl_suppliers",
            "module.tables_dynamodb.aws_dynamodb_table.tbl_token",
            "module.tables_dynamodb.aws_dynamodb_table.tbl_transaction_history",
            "module.tables_dynamodb.aws_dynamodb_table.tbl_users"
          ]
        }
      ]
    },
    {
      "module": "module.apigateway_resource_transaction_history",
      "mode": "managed",
      "type": "aws_lambda_permission",
      "name": "api_gw_transaction_history_delete_by_id",
      "provider": "provider[\"registry.terraform.io/hashicorp/aws\"]",
      "instances": [
        {
          "schema_version": 0,
          "attributes": {
            "action": "lambda:InvokeFunction",
            "event_source_token": null,
            "function_name": "lmb-celeste-transaction-history-delete-by-id-dev",
            "function_url_auth_type": null,
            "id": "AllowExecutionFromAPIGateway",
            "principal": "apigateway.amazonaws.com",
            "principal_org_id": null,
            "qualifier": "",
            "source_account": null,
            "source_arn": "arn:aws:execute-api:us-east-1:233925838033:u83oit2sq6/*/*",
            "statement_id": "AllowExecutionFromAPIGateway",
            "statement_id_prefix": ""
          },
          "sensitive_attributes": [],
          "private": "bnVsbA==",
          "dependencies": [
            "module.apigateway.aws_apigatewayv2_api.main",
            "module.apigateway.aws_apigatewayv2_stage.dev",
            "module.apigateway.aws_cloudwatch_log_group.main_api_gw",
            "module.apigateway.data.aws_caller_identity.current",
            "module.apigateway.data.aws_region.current",
            "module.apigateway_resource_authorization.aws_apigatewayv2_authorizer.header_based_authorizer",
            "module.apigateway_resource_authorization.aws_cloudwatch_log_group.html_loggroup_lambda_authorizer",
            "module.apigateway_resource_authorization.aws_iam_policy.dynamodb_lambda_policy_authorizer",
            "module.apigateway_resource_authorization.aws_iam_role.lambda_role_authorizer",
            "module.apigateway_resource_authorization.aws_iam_role_policy_attachment.lambda_attachements",
            "module.apigateway_resource_authorization.aws_iam_role_policy_attachment.lambda_role_policy_authorizer",
            "module.apigateway_resource_authorization.aws_lambda_function.html_lambda_authorizer",
            "module.apigateway_resource_authorization.aws_lambda_permission.allow_api_gw_invoke_authorizer",
            "module.apigateway_resource_authorization.data.archive_file.lambda_package_authorizer",
            "module.apigateway_resource_authorization.data.aws_apigatewayv2_api.selected",
            "module.apigateway_resource_authorization.data.aws_caller_identity.current",
            "module.apigateway_resource_authorization.data.aws_iam_policy_document.lambda_policy_document_authorizer",
            "module.apigateway_resource_authorization.data.aws_region.current",
            "module.apigateway_resource_transaction_history.aws_iam_role.lambda_role_transaction_history_delete_by_id",
            "module.apigateway_resource_transaction_history.aws_lambda_function.html_lambda_transaction_history_delete_by_id",
            "module.apigateway_resource_transaction_history.data.archive_file.lambda_package_transaction_history_delete_by_id",
            "module.apigateway_resource_transaction_history.data.aws_apigatewayv2_api.selected",
            "module.tables_dynamodb.aws_dynamodb_table.tbl_customers",
            "module.tables_dynamodb.aws_dynamodb_table.tbl_employees",
            "module.tables_dynamodb.aws_dynamodb_table.tbl_inventories",
            "module.tables_dynamodb.aws_dynamodb_table.tbl_suppliers",
            "module.tables_dynamodb.aws_dynamodb_table.tbl_token",
            "module.tables_dynamodb.aws_dynamodb_table.tbl_transaction_history",
            "module.tables_dynamodb.aws_dynamodb_table.tbl_users"
          ]
        }
      ]
    },
    {
      "module": "module.apigateway_resource_transaction_history",
      "mode": "managed",
      "type": "aws_lambda_permission",
      "name": "api_gw_transaction_history_filter",
      "provider": "provider[\"registry.terraform.io/hashicorp/aws\"]",
      "instances": [
        {
          "schema_version": 0,
          "attributes": {
            "action": "lambda:InvokeFunction",
            "event_source_token": null,
            "function_name": "lmb-celeste-transaction-history-filter-dev",
            "function_url_auth_type": null,
            "id": "AllowExecutionFromAPIGateway",
            "principal": "apigateway.amazonaws.com",
            "principal_org_id": null,
            "qualifier": "",
            "source_account": null,
            "source_arn": "arn:aws:execute-api:us-east-1:233925838033:u83oit2sq6/*/*",
            "statement_id": "AllowExecutionFromAPIGateway",
            "statement_id_prefix": ""
          },
          "sensitive_attributes": [],
          "private": "bnVsbA==",
          "dependencies": [
            "module.apigateway.aws_apigatewayv2_api.main",
            "module.apigateway.aws_apigatewayv2_stage.dev",
            "module.apigateway.aws_cloudwatch_log_group.main_api_gw",
            "module.apigateway.data.aws_caller_identity.current",
            "module.apigateway.data.aws_region.current",
            "module.apigateway_resource_authorization.aws_apigatewayv2_authorizer.header_based_authorizer",
            "module.apigateway_resource_authorization.aws_cloudwatch_log_group.html_loggroup_lambda_authorizer",
            "module.apigateway_resource_authorization.aws_iam_policy.dynamodb_lambda_policy_authorizer",
            "module.apigateway_resource_authorization.aws_iam_role.lambda_role_authorizer",
            "module.apigateway_resource_authorization.aws_iam_role_policy_attachment.lambda_attachements",
            "module.apigateway_resource_authorization.aws_iam_role_policy_attachment.lambda_role_policy_authorizer",
            "module.apigateway_resource_authorization.aws_lambda_function.html_lambda_authorizer",
            "module.apigateway_resource_authorization.aws_lambda_permission.allow_api_gw_invoke_authorizer",
            "module.apigateway_resource_authorization.data.archive_file.lambda_package_authorizer",
            "module.apigateway_resource_authorization.data.aws_apigatewayv2_api.selected",
            "module.apigateway_resource_authorization.data.aws_caller_identity.current",
            "module.apigateway_resource_authorization.data.aws_iam_policy_document.lambda_policy_document_authorizer",
            "module.apigateway_resource_authorization.data.aws_region.current",
            "module.apigateway_resource_transaction_history.aws_iam_role.lambda_role_transaction_history_filter",
            "module.apigateway_resource_transaction_history.aws_lambda_function.html_lambda_transaction_history_filter",
            "module.apigateway_resource_transaction_history.data.archive_file.lambda_package_transaction_history_filter",
            "module.apigateway_resource_transaction_history.data.aws_apigatewayv2_api.selected",
            "module.tables_dynamodb.aws_dynamodb_table.tbl_customers",
            "module.tables_dynamodb.aws_dynamodb_table.tbl_employees",
            "module.tables_dynamodb.aws_dynamodb_table.tbl_inventories",
            "module.tables_dynamodb.aws_dynamodb_table.tbl_suppliers",
            "module.tables_dynamodb.aws_dynamodb_table.tbl_token",
            "module.tables_dynamodb.aws_dynamodb_table.tbl_transaction_history",
            "module.tables_dynamodb.aws_dynamodb_table.tbl_users"
          ]
        }
      ]
    },
    {
      "module": "module.apigateway_resource_transaction_history",
      "mode": "managed",
      "type": "aws_lambda_permission",
      "name": "api_gw_transaction_history_update",
      "provider": "provider[\"registry.terraform.io/hashicorp/aws\"]",
      "instances": [
        {
          "schema_version": 0,
          "attributes": {
            "action": "lambda:InvokeFunction",
            "event_source_token": null,
            "function_name": "lmb-celeste-transaction-history-update-dev",
            "function_url_auth_type": null,
            "id": "AllowExecutionFromAPIGateway",
            "principal": "apigateway.amazonaws.com",
            "principal_org_id": null,
            "qualifier": "",
            "source_account": null,
            "source_arn": "arn:aws:execute-api:us-east-1:233925838033:u83oit2sq6/*/*",
            "statement_id": "AllowExecutionFromAPIGateway",
            "statement_id_prefix": ""
          },
          "sensitive_attributes": [],
          "private": "bnVsbA==",
          "dependencies": [
            "module.apigateway.aws_apigatewayv2_api.main",
            "module.apigateway.aws_apigatewayv2_stage.dev",
            "module.apigateway.aws_cloudwatch_log_group.main_api_gw",
            "module.apigateway.data.aws_caller_identity.current",
            "module.apigateway.data.aws_region.current",
            "module.apigateway_resource_authorization.aws_apigatewayv2_authorizer.header_based_authorizer",
            "module.apigateway_resource_authorization.aws_cloudwatch_log_group.html_loggroup_lambda_authorizer",
            "module.apigateway_resource_authorization.aws_iam_policy.dynamodb_lambda_policy_authorizer",
            "module.apigateway_resource_authorization.aws_iam_role.lambda_role_authorizer",
            "module.apigateway_resource_authorization.aws_iam_role_policy_attachment.lambda_attachements",
            "module.apigateway_resource_authorization.aws_iam_role_policy_attachment.lambda_role_policy_authorizer",
            "module.apigateway_resource_authorization.aws_lambda_function.html_lambda_authorizer",
            "module.apigateway_resource_authorization.aws_lambda_permission.allow_api_gw_invoke_authorizer",
            "module.apigateway_resource_authorization.data.archive_file.lambda_package_authorizer",
            "module.apigateway_resource_authorization.data.aws_apigatewayv2_api.selected",
            "module.apigateway_resource_authorization.data.aws_caller_identity.current",
            "module.apigateway_resource_authorization.data.aws_iam_policy_document.lambda_policy_document_authorizer",
            "module.apigateway_resource_authorization.data.aws_region.current",
            "module.apigateway_resource_transaction_history.aws_iam_role.lambda_role_transaction_history_update",
            "module.apigateway_resource_transaction_history.aws_lambda_function.html_lambda_transaction_history_update",
            "module.apigateway_resource_transaction_history.data.archive_file.lambda_package_transaction_history_update",
            "module.apigateway_resource_transaction_history.data.aws_apigatewayv2_api.selected",
            "module.tables_dynamodb.aws_dynamodb_table.tbl_customers",
            "module.tables_dynamodb.aws_dynamodb_table.tbl_employees",
            "module.tables_dynamodb.aws_dynamodb_table.tbl_inventories",
            "module.tables_dynamodb.aws_dynamodb_table.tbl_suppliers",
            "module.tables_dynamodb.aws_dynamodb_table.tbl_token",
            "module.tables_dynamodb.aws_dynamodb_table.tbl_transaction_history",
            "module.tables_dynamodb.aws_dynamodb_table.tbl_users"
          ]
        }
      ]
    },
    {
      "module": "module.apigateway_resource_users",
      "mode": "data",
      "type": "archive_file",
      "name": "lambda_package_users_create",
      "provider": "provider[\"registry.terraform.io/hashicorp/archive\"]",
      "instances": [
        {
          "schema_version": 0,
          "attributes": {
            "exclude_symlink_directories": null,
            "excludes": null,
            "id": "cf14e3490b6f248d21f701c81f75d5ebc7669b1a",
            "output_base64sha256": "TvvnVnfYi9vkH8oD/Xk0LmDOktM99nOoYj1HmwUMF8Y=",
            "output_base64sha512": "2lm96DpVQOVl7awSy9wtWd5vfFsgwf4BwQTra1HUfwdgzkXfmRr5S+5LNmB5jGAwusNDkabwwucmCPnog6xFDQ==",
            "output_file_mode": null,
            "output_md5": "4438a0b7a977fd0c9ab64741f542c1cd",
            "output_path": "./resources/core/users-create/index.zip",
            "output_sha": "cf14e3490b6f248d21f701c81f75d5ebc7669b1a",
            "output_sha256": "4efbe75677d88bdbe41fca03fd79342e60ce92d33df673a8623d479b050c17c6",
            "output_sha512": "da59bde83a5540e565edac12cbdc2d59de6f7c5b20c1fe01c104eb6b51d47f0760ce45df991af94bee4b3660798c6030bac34391a6f0c2e72608f9e883ac450d",
            "output_size": 361998,
            "source": [],
            "source_content": null,
            "source_content_filename": null,
            "source_dir": "./lambdas/core/users-create",
            "source_file": null,
            "type": "zip"
          },
          "sensitive_attributes": []
        }
      ]
    },
    {
      "module": "module.apigateway_resource_users",
      "mode": "data",
      "type": "archive_file",
      "name": "lambda_package_users_delete_by_id",
      "provider": "provider[\"registry.terraform.io/hashicorp/archive\"]",
      "instances": [
        {
          "schema_version": 0,
          "attributes": {
            "exclude_symlink_directories": null,
            "excludes": null,
            "id": "358c04b99fa14f2c530cefe4be681e32d33e7c6a",
            "output_base64sha256": "CmA19Luw3uabiHSjlX3X/FVZDiKpPjViE59dZa35v3U=",
            "output_base64sha512": "tj0vJy0JuaKRqCL476UDVBJasPy8zC1lKqmluYDq7O9Uq3L8k7rDtlh/FqJY/M1o+WtT4jiK1dpNEnaWDkSj9Q==",
            "output_file_mode": null,
            "output_md5": "103f76681e85c64bd2c6fba21415fafa",
            "output_path": "./resources/core/users-delete-by-id/index.zip",
            "output_sha": "358c04b99fa14f2c530cefe4be681e32d33e7c6a",
            "output_sha256": "0a6035f4bbb0dee69b8874a3957dd7fc55590e22a93e3562139f5d65adf9bf75",
            "output_sha512": "b63d2f272d09b9a291a822f8efa50354125ab0fcbccc2d652aa9a5b980eaecef54ab72fc93bac3b6587f16a258fccd68f96b53e2388ad5da4d1276960e44a3f5",
            "output_size": 361184,
            "source": [],
            "source_content": null,
            "source_content_filename": null,
            "source_dir": "./lambdas/core/users-delete-by-id",
            "source_file": null,
            "type": "zip"
          },
          "sensitive_attributes": []
        }
      ]
    },
    {
      "module": "module.apigateway_resource_users",
      "mode": "data",
      "type": "archive_file",
      "name": "lambda_package_users_find_by_id",
      "provider": "provider[\"registry.terraform.io/hashicorp/archive\"]",
      "instances": [
        {
          "schema_version": 0,
          "attributes": {
            "exclude_symlink_directories": null,
            "excludes": null,
            "id": "3688caea2f6ed78ed9233e590dc9fa3f7259d92e",
            "output_base64sha256": "YKftu2d7CE2q43Fha8VRQRqL1WOOFaXZE38RMCtgBbw=",
            "output_base64sha512": "Mg3w+MGDVEEMEzx1HPU2G4YZNrO/lpuF0oh1TzWeePhfrK9HOxbyQq0eUPo930i18hSPkYhcJib+uL1KVuwtYw==",
            "output_file_mode": null,
            "output_md5": "acf06cc83df8194c4cd96a4237630767",
            "output_path": "./resources/core/users-find-by-id/index.zip",
            "output_sha": "3688caea2f6ed78ed9233e590dc9fa3f7259d92e",
            "output_sha256": "60a7edbb677b084daae371616bc551411a8bd5638e15a5d9137f11302b6005bc",
            "output_sha512": "320df0f8c18354410c133c751cf5361b861936b3bf969b85d288754f359e78f85facaf473b16f242ad1e50fa3ddf48b5f2148f91885c2626feb8bd4a56ec2d63",
            "output_size": 361212,
            "source": [],
            "source_content": null,
            "source_content_filename": null,
            "source_dir": "./lambdas/core/users-find-by-id",
            "source_file": null,
            "type": "zip"
          },
          "sensitive_attributes": []
        }
      ]
    },
    {
      "module": "module.apigateway_resource_users",
      "mode": "data",
      "type": "archive_file",
      "name": "lambda_package_users_update",
      "provider": "provider[\"registry.terraform.io/hashicorp/archive\"]",
      "instances": [
        {
          "schema_version": 0,
          "attributes": {
            "exclude_symlink_directories": null,
            "excludes": null,
            "id": "267f445e8bd3eb1df0228cd5c636b11f8666785f",
            "output_base64sha256": "q9w7e2rEudtzlcSxdPXDmKQEJC3L3Y3eDCkrDEkQr0E=",
            "output_base64sha512": "w/+YcmK+5xPqAKxgP8MivUXLoXLYtQhMyIeYGn598Vsr/Om7+o0xlYdKyRp+K3CFN/hMu4eg2a+mxlQVRH7o2Q==",
            "output_file_mode": null,
            "output_md5": "219a7b96c3beec5bea3e548d73c4ab7a",
            "output_path": "./resources/core/users-update-by-id/index.zip",
            "output_sha": "267f445e8bd3eb1df0228cd5c636b11f8666785f",
            "output_sha256": "abdc3b7b6ac4b9db7395c4b174f5c398a404242dcbdd8dde0c292b0c4910af41",
            "output_sha512": "c3ff987262bee713ea00ac603fc322bd45cba172d8b5084cc887981a7e7df15b2bfce9bbfa8d3195874ac91a7e2b708537f84cbb87a0d9afa6c65415447ee8d9",
            "output_size": 564340,
            "source": [],
            "source_content": null,
            "source_content_filename": null,
            "source_dir": "./lambdas/core/users-update-by-id",
            "source_file": null,
            "type": "zip"
          },
          "sensitive_attributes": []
        }
      ]
    },
    {
      "module": "module.apigateway_resource_users",
      "mode": "data",
      "type": "aws_apigatewayv2_api",
      "name": "selected",
      "provider": "provider[\"registry.terraform.io/hashicorp/aws\"]",
      "instances": [
        {
          "schema_version": 0,
          "attributes": {
            "api_endpoint": "https://u83oit2sq6.execute-api.us-east-1.amazonaws.com",
            "api_id": "u83oit2sq6",
            "api_key_selection_expression": "$request.header.x-api-key",
            "arn": "arn:aws:apigateway:us-east-1::/apis/u83oit2sq6",
            "cors_configuration": [
              {
                "allow_credentials": false,
                "allow_headers": [
                  "*"
                ],
                "allow_methods": [
                  "DELETE",
                  "GET",
                  "OPTIONS",
                  "POST",
                  "PUT"
                ],
                "allow_origins": [
                  "*",
                  "http://localhost:3000"
                ],
                "expose_headers": [],
                "max_age": 300
              }
            ],
            "description": "api-celeste-dev API Gateway",
            "disable_execute_api_endpoint": false,
            "execution_arn": "arn:aws:execute-api:us-east-1:233925838033:u83oit2sq6",
            "id": "u83oit2sq6",
            "name": "api-celeste-dev",
            "protocol_type": "HTTP",
            "route_selection_expression": "$request.method $request.path",
            "tags": {
              "iac": "terraform"
            },
            "version": ""
          },
          "sensitive_attributes": []
        }
      ]
    },
    {
      "module": "module.apigateway_resource_users",
      "mode": "data",
      "type": "aws_caller_identity",
      "name": "current",
      "provider": "provider[\"registry.terraform.io/hashicorp/aws\"]",
      "instances": [
        {
          "schema_version": 0,
          "attributes": {
            "account_id": "233925838033",
            "arn": "arn:aws:iam::233925838033:root",
            "id": "233925838033",
            "user_id": "233925838033"
          },
          "sensitive_attributes": []
        }
      ]
    },
    {
      "module": "module.apigateway_resource_users",
      "mode": "data",
      "type": "aws_iam_policy_document",
      "name": "lambda_policy_document_users_create",
      "provider": "provider[\"registry.terraform.io/hashicorp/aws\"]",
      "instances": [
        {
          "schema_version": 0,
          "attributes": {
            "id": "2018379957",
            "json": "{\n  \"Version\": \"2012-10-17\",\n  \"Statement\": [\n    {\n      \"Effect\": \"Allow\",\n      \"Action\": [\n        \"dynamodb:Scan\",\n        \"dynamodb:PutItem\"\n      ],\n      \"Resource\": \"arn:aws:dynamodb:us-east-1:233925838033:table/tbl-celeste-users-dev\"\n    }\n  ]\n}",
            "minified_json": "{\"Version\":\"2012-10-17\",\"Statement\":[{\"Effect\":\"Allow\",\"Action\":[\"dynamodb:Scan\",\"dynamodb:PutItem\"],\"Resource\":\"arn:aws:dynamodb:us-east-1:233925838033:table/tbl-celeste-users-dev\"}]}",
            "override_json": null,
            "override_policy_documents": null,
            "policy_id": null,
            "source_json": null,
            "source_policy_documents": null,
            "statement": [
              {
                "actions": [
                  "dynamodb:PutItem",
                  "dynamodb:Scan"
                ],
                "condition": [],
                "effect": "Allow",
                "not_actions": [],
                "not_principals": [],
                "not_resources": [],
                "principals": [],
                "resources": [
                  "arn:aws:dynamodb:us-east-1:233925838033:table/tbl-celeste-users-dev"
                ],
                "sid": ""
              }
            ],
            "version": "2012-10-17"
          },
          "sensitive_attributes": []
        }
      ]
    },
    {
      "module": "module.apigateway_resource_users",
      "mode": "data",
      "type": "aws_iam_policy_document",
      "name": "lambda_policy_document_users_delete_by_id",
      "provider": "provider[\"registry.terraform.io/hashicorp/aws\"]",
      "instances": [
        {
          "schema_version": 0,
          "attributes": {
            "id": "2490280816",
            "json": "{\n  \"Version\": \"2012-10-17\",\n  \"Statement\": [\n    {\n      \"Effect\": \"Allow\",\n      \"Action\": \"dynamodb:UpdateItem\",\n      \"Resource\": \"arn:aws:dynamodb:us-east-1:233925838033:table/tbl-celeste-users-dev\"\n    }\n  ]\n}",
            "minified_json": "{\"Version\":\"2012-10-17\",\"Statement\":[{\"Effect\":\"Allow\",\"Action\":\"dynamodb:UpdateItem\",\"Resource\":\"arn:aws:dynamodb:us-east-1:233925838033:table/tbl-celeste-users-dev\"}]}",
            "override_json": null,
            "override_policy_documents": null,
            "policy_id": null,
            "source_json": null,
            "source_policy_documents": null,
            "statement": [
              {
                "actions": [
                  "dynamodb:UpdateItem"
                ],
                "condition": [],
                "effect": "Allow",
                "not_actions": [],
                "not_principals": [],
                "not_resources": [],
                "principals": [],
                "resources": [
                  "arn:aws:dynamodb:us-east-1:233925838033:table/tbl-celeste-users-dev"
                ],
                "sid": ""
              }
            ],
            "version": "2012-10-17"
          },
          "sensitive_attributes": []
        }
      ]
    },
    {
      "module": "module.apigateway_resource_users",
      "mode": "data",
      "type": "aws_iam_policy_document",
      "name": "lambda_policy_document_users_find_by_id",
      "provider": "provider[\"registry.terraform.io/hashicorp/aws\"]",
      "instances": [
        {
          "schema_version": 0,
          "attributes": {
            "id": "2490280816",
            "json": "{\n  \"Version\": \"2012-10-17\",\n  \"Statement\": [\n    {\n      \"Effect\": \"Allow\",\n      \"Action\": \"dynamodb:UpdateItem\",\n      \"Resource\": \"arn:aws:dynamodb:us-east-1:233925838033:table/tbl-celeste-users-dev\"\n    }\n  ]\n}",
            "minified_json": "{\"Version\":\"2012-10-17\",\"Statement\":[{\"Effect\":\"Allow\",\"Action\":\"dynamodb:UpdateItem\",\"Resource\":\"arn:aws:dynamodb:us-east-1:233925838033:table/tbl-celeste-users-dev\"}]}",
            "override_json": null,
            "override_policy_documents": null,
            "policy_id": null,
            "source_json": null,
            "source_policy_documents": null,
            "statement": [
              {
                "actions": [
                  "dynamodb:UpdateItem"
                ],
                "condition": [],
                "effect": "Allow",
                "not_actions": [],
                "not_principals": [],
                "not_resources": [],
                "principals": [],
                "resources": [
                  "arn:aws:dynamodb:us-east-1:233925838033:table/tbl-celeste-users-dev"
                ],
                "sid": ""
              }
            ],
            "version": "2012-10-17"
          },
          "sensitive_attributes": []
        }
      ]
    },
    {
      "module": "module.apigateway_resource_users",
      "mode": "data",
      "type": "aws_iam_policy_document",
      "name": "lambda_policy_document_users_update",
      "provider": "provider[\"registry.terraform.io/hashicorp/aws\"]",
      "instances": [
        {
          "schema_version": 0,
          "attributes": {
            "id": "2490280816",
            "json": "{\n  \"Version\": \"2012-10-17\",\n  \"Statement\": [\n    {\n      \"Effect\": \"Allow\",\n      \"Action\": \"dynamodb:UpdateItem\",\n      \"Resource\": \"arn:aws:dynamodb:us-east-1:233925838033:table/tbl-celeste-users-dev\"\n    }\n  ]\n}",
            "minified_json": "{\"Version\":\"2012-10-17\",\"Statement\":[{\"Effect\":\"Allow\",\"Action\":\"dynamodb:UpdateItem\",\"Resource\":\"arn:aws:dynamodb:us-east-1:233925838033:table/tbl-celeste-users-dev\"}]}",
            "override_json": null,
            "override_policy_documents": null,
            "policy_id": null,
            "source_json": null,
            "source_policy_documents": null,
            "statement": [
              {
                "actions": [
                  "dynamodb:UpdateItem"
                ],
                "condition": [],
                "effect": "Allow",
                "not_actions": [],
                "not_principals": [],
                "not_resources": [],
                "principals": [],
                "resources": [
                  "arn:aws:dynamodb:us-east-1:233925838033:table/tbl-celeste-users-dev"
                ],
                "sid": ""
              }
            ],
            "version": "2012-10-17"
          },
          "sensitive_attributes": []
        }
      ]
    },
    {
      "module": "module.apigateway_resource_users",
      "mode": "data",
      "type": "aws_region",
      "name": "current",
      "provider": "provider[\"registry.terraform.io/hashicorp/aws\"]",
      "instances": [
        {
          "schema_version": 0,
          "attributes": {
            "description": "US East (N. Virginia)",
            "endpoint": "ec2.us-east-1.amazonaws.com",
            "id": "us-east-1",
            "name": "us-east-1"
          },
          "sensitive_attributes": []
        }
      ]
    },
    {
      "module": "module.apigateway_resource_users",
      "mode": "managed",
      "type": "aws_apigatewayv2_integration",
      "name": "lambda_handler_users_create",
      "provider": "provider[\"registry.terraform.io/hashicorp/aws\"]",
      "instances": [
        {
          "schema_version": 0,
          "attributes": {
            "api_id": "u83oit2sq6",
            "connection_id": "",
            "connection_type": "INTERNET",
            "content_handling_strategy": "",
            "credentials_arn": "",
            "description": "",
            "id": "05g40co",
            "integration_method": "POST",
            "integration_response_selection_expression": "",
            "integration_subtype": "",
            "integration_type": "AWS_PROXY",
            "integration_uri": "arn:aws:apigateway:us-east-1:lambda:path/2015-03-31/functions/arn:aws:lambda:us-east-1:233925838033:function:lmb-celeste-users-create-dev/invocations",
            "passthrough_behavior": "",
            "payload_format_version": "1.0",
            "request_parameters": {},
            "request_templates": {},
            "response_parameters": [],
            "template_selection_expression": "",
            "timeout_milliseconds": 30000,
            "tls_config": []
          },
          "sensitive_attributes": [],
          "private": "bnVsbA==",
          "dependencies": [
            "module.apigateway.aws_apigatewayv2_api.main",
            "module.apigateway.aws_apigatewayv2_stage.dev",
            "module.apigateway.aws_cloudwatch_log_group.main_api_gw",
            "module.apigateway.data.aws_caller_identity.current",
            "module.apigateway.data.aws_region.current",
            "module.apigateway_resource_authorization.aws_apigatewayv2_authorizer.header_based_authorizer",
            "module.apigateway_resource_authorization.aws_cloudwatch_log_group.html_loggroup_lambda_authorizer",
            "module.apigateway_resource_authorization.aws_iam_policy.dynamodb_lambda_policy_authorizer",
            "module.apigateway_resource_authorization.aws_iam_role.lambda_role_authorizer",
            "module.apigateway_resource_authorization.aws_iam_role_policy_attachment.lambda_attachements",
            "module.apigateway_resource_authorization.aws_iam_role_policy_attachment.lambda_role_policy_authorizer",
            "module.apigateway_resource_authorization.aws_lambda_function.html_lambda_authorizer",
            "module.apigateway_resource_authorization.aws_lambda_permission.allow_api_gw_invoke_authorizer",
            "module.apigateway_resource_authorization.data.archive_file.lambda_package_authorizer",
            "module.apigateway_resource_authorization.data.aws_apigatewayv2_api.selected",
            "module.apigateway_resource_authorization.data.aws_caller_identity.current",
            "module.apigateway_resource_authorization.data.aws_iam_policy_document.lambda_policy_document_authorizer",
            "module.apigateway_resource_authorization.data.aws_region.current",
            "module.apigateway_resource_users.aws_iam_role.lambda_role_users_create",
            "module.apigateway_resource_users.aws_lambda_function.html_lambda_users_create",
            "module.apigateway_resource_users.data.archive_file.lambda_package_users_create",
            "module.tables_dynamodb.aws_dynamodb_table.tbl_customers",
            "module.tables_dynamodb.aws_dynamodb_table.tbl_employees",
            "module.tables_dynamodb.aws_dynamodb_table.tbl_inventories",
            "module.tables_dynamodb.aws_dynamodb_table.tbl_suppliers",
            "module.tables_dynamodb.aws_dynamodb_table.tbl_token",
            "module.tables_dynamodb.aws_dynamodb_table.tbl_transaction_history",
            "module.tables_dynamodb.aws_dynamodb_table.tbl_users"
          ]
        }
      ]
    },
    {
      "module": "module.apigateway_resource_users",
      "mode": "managed",
      "type": "aws_apigatewayv2_integration",
      "name": "lambda_handler_users_delete_by_id",
      "provider": "provider[\"registry.terraform.io/hashicorp/aws\"]",
      "instances": [
        {
          "schema_version": 0,
          "attributes": {
            "api_id": "u83oit2sq6",
            "connection_id": "",
            "connection_type": "INTERNET",
            "content_handling_strategy": "",
            "credentials_arn": "",
            "description": "",
            "id": "xw9ysms",
            "integration_method": "POST",
            "integration_response_selection_expression": "",
            "integration_subtype": "",
            "integration_type": "AWS_PROXY",
            "integration_uri": "arn:aws:apigateway:us-east-1:lambda:path/2015-03-31/functions/arn:aws:lambda:us-east-1:233925838033:function:lmb-celeste-users-delete-by-id-dev/invocations",
            "passthrough_behavior": "",
            "payload_format_version": "1.0",
            "request_parameters": {},
            "request_templates": {},
            "response_parameters": [],
            "template_selection_expression": "",
            "timeout_milliseconds": 30000,
            "tls_config": []
          },
          "sensitive_attributes": [],
          "private": "bnVsbA==",
          "dependencies": [
            "module.apigateway.aws_apigatewayv2_api.main",
            "module.apigateway.aws_apigatewayv2_stage.dev",
            "module.apigateway.aws_cloudwatch_log_group.main_api_gw",
            "module.apigateway.data.aws_caller_identity.current",
            "module.apigateway.data.aws_region.current",
            "module.apigateway_resource_authorization.aws_apigatewayv2_authorizer.header_based_authorizer",
            "module.apigateway_resource_authorization.aws_cloudwatch_log_group.html_loggroup_lambda_authorizer",
            "module.apigateway_resource_authorization.aws_iam_policy.dynamodb_lambda_policy_authorizer",
            "module.apigateway_resource_authorization.aws_iam_role.lambda_role_authorizer",
            "module.apigateway_resource_authorization.aws_iam_role_policy_attachment.lambda_attachements",
            "module.apigateway_resource_authorization.aws_iam_role_policy_attachment.lambda_role_policy_authorizer",
            "module.apigateway_resource_authorization.aws_lambda_function.html_lambda_authorizer",
            "module.apigateway_resource_authorization.aws_lambda_permission.allow_api_gw_invoke_authorizer",
            "module.apigateway_resource_authorization.data.archive_file.lambda_package_authorizer",
            "module.apigateway_resource_authorization.data.aws_apigatewayv2_api.selected",
            "module.apigateway_resource_authorization.data.aws_caller_identity.current",
            "module.apigateway_resource_authorization.data.aws_iam_policy_document.lambda_policy_document_authorizer",
            "module.apigateway_resource_authorization.data.aws_region.current",
            "module.apigateway_resource_users.aws_iam_role.lambda_role_users_delete_by_id",
            "module.apigateway_resource_users.aws_lambda_function.html_lambda_users_delete_by_id",
            "module.apigateway_resource_users.data.archive_file.lambda_package_users_delete_by_id",
            "module.tables_dynamodb.aws_dynamodb_table.tbl_customers",
            "module.tables_dynamodb.aws_dynamodb_table.tbl_employees",
            "module.tables_dynamodb.aws_dynamodb_table.tbl_inventories",
            "module.tables_dynamodb.aws_dynamodb_table.tbl_suppliers",
            "module.tables_dynamodb.aws_dynamodb_table.tbl_token",
            "module.tables_dynamodb.aws_dynamodb_table.tbl_transaction_history",
            "module.tables_dynamodb.aws_dynamodb_table.tbl_users"
          ]
        }
      ]
    },
    {
      "module": "module.apigateway_resource_users",
      "mode": "managed",
      "type": "aws_apigatewayv2_integration",
      "name": "lambda_handler_users_find_by_id",
      "provider": "provider[\"registry.terraform.io/hashicorp/aws\"]",
      "instances": [
        {
          "schema_version": 0,
          "attributes": {
            "api_id": "u83oit2sq6",
            "connection_id": "",
            "connection_type": "INTERNET",
            "content_handling_strategy": "",
            "credentials_arn": "",
            "description": "",
            "id": "pcydr7t",
            "integration_method": "POST",
            "integration_response_selection_expression": "",
            "integration_subtype": "",
            "integration_type": "AWS_PROXY",
            "integration_uri": "arn:aws:apigateway:us-east-1:lambda:path/2015-03-31/functions/arn:aws:lambda:us-east-1:233925838033:function:lmb-celeste-users-find-by-id-dev/invocations",
            "passthrough_behavior": "",
            "payload_format_version": "1.0",
            "request_parameters": {},
            "request_templates": {},
            "response_parameters": [],
            "template_selection_expression": "",
            "timeout_milliseconds": 30000,
            "tls_config": []
          },
          "sensitive_attributes": [],
          "private": "bnVsbA==",
          "dependencies": [
            "module.apigateway.aws_apigatewayv2_api.main",
            "module.apigateway.aws_apigatewayv2_stage.dev",
            "module.apigateway.aws_cloudwatch_log_group.main_api_gw",
            "module.apigateway.data.aws_caller_identity.current",
            "module.apigateway.data.aws_region.current",
            "module.apigateway_resource_authorization.aws_apigatewayv2_authorizer.header_based_authorizer",
            "module.apigateway_resource_authorization.aws_cloudwatch_log_group.html_loggroup_lambda_authorizer",
            "module.apigateway_resource_authorization.aws_iam_policy.dynamodb_lambda_policy_authorizer",
            "module.apigateway_resource_authorization.aws_iam_role.lambda_role_authorizer",
            "module.apigateway_resource_authorization.aws_iam_role_policy_attachment.lambda_attachements",
            "module.apigateway_resource_authorization.aws_iam_role_policy_attachment.lambda_role_policy_authorizer",
            "module.apigateway_resource_authorization.aws_lambda_function.html_lambda_authorizer",
            "module.apigateway_resource_authorization.aws_lambda_permission.allow_api_gw_invoke_authorizer",
            "module.apigateway_resource_authorization.data.archive_file.lambda_package_authorizer",
            "module.apigateway_resource_authorization.data.aws_apigatewayv2_api.selected",
            "module.apigateway_resource_authorization.data.aws_caller_identity.current",
            "module.apigateway_resource_authorization.data.aws_iam_policy_document.lambda_policy_document_authorizer",
            "module.apigateway_resource_authorization.data.aws_region.current",
            "module.apigateway_resource_users.aws_iam_role.lambda_role_users_find_by_id",
            "module.apigateway_resource_users.aws_lambda_function.html_lambda_users_find_by_id",
            "module.apigateway_resource_users.data.archive_file.lambda_package_users_find_by_id",
            "module.tables_dynamodb.aws_dynamodb_table.tbl_customers",
            "module.tables_dynamodb.aws_dynamodb_table.tbl_employees",
            "module.tables_dynamodb.aws_dynamodb_table.tbl_inventories",
            "module.tables_dynamodb.aws_dynamodb_table.tbl_suppliers",
            "module.tables_dynamodb.aws_dynamodb_table.tbl_token",
            "module.tables_dynamodb.aws_dynamodb_table.tbl_transaction_history",
            "module.tables_dynamodb.aws_dynamodb_table.tbl_users"
          ]
        }
      ]
    },
    {
      "module": "module.apigateway_resource_users",
      "mode": "managed",
      "type": "aws_apigatewayv2_integration",
      "name": "lambda_handler_users_update",
      "provider": "provider[\"registry.terraform.io/hashicorp/aws\"]",
      "instances": [
        {
          "schema_version": 0,
          "attributes": {
            "api_id": "u83oit2sq6",
            "connection_id": "",
            "connection_type": "INTERNET",
            "content_handling_strategy": "",
            "credentials_arn": "",
            "description": "",
            "id": "ac2wr69",
            "integration_method": "POST",
            "integration_response_selection_expression": "",
            "integration_subtype": "",
            "integration_type": "AWS_PROXY",
            "integration_uri": "arn:aws:apigateway:us-east-1:lambda:path/2015-03-31/functions/arn:aws:lambda:us-east-1:233925838033:function:lmb-celeste-users-update-dev/invocations",
            "passthrough_behavior": "",
            "payload_format_version": "1.0",
            "request_parameters": {},
            "request_templates": {},
            "response_parameters": [],
            "template_selection_expression": "",
            "timeout_milliseconds": 30000,
            "tls_config": []
          },
          "sensitive_attributes": [],
          "private": "bnVsbA==",
          "dependencies": [
            "module.apigateway.aws_apigatewayv2_api.main",
            "module.apigateway.aws_apigatewayv2_stage.dev",
            "module.apigateway.aws_cloudwatch_log_group.main_api_gw",
            "module.apigateway.data.aws_caller_identity.current",
            "module.apigateway.data.aws_region.current",
            "module.apigateway_resource_authorization.aws_apigatewayv2_authorizer.header_based_authorizer",
            "module.apigateway_resource_authorization.aws_cloudwatch_log_group.html_loggroup_lambda_authorizer",
            "module.apigateway_resource_authorization.aws_iam_policy.dynamodb_lambda_policy_authorizer",
            "module.apigateway_resource_authorization.aws_iam_role.lambda_role_authorizer",
            "module.apigateway_resource_authorization.aws_iam_role_policy_attachment.lambda_attachements",
            "module.apigateway_resource_authorization.aws_iam_role_policy_attachment.lambda_role_policy_authorizer",
            "module.apigateway_resource_authorization.aws_lambda_function.html_lambda_authorizer",
            "module.apigateway_resource_authorization.aws_lambda_permission.allow_api_gw_invoke_authorizer",
            "module.apigateway_resource_authorization.data.archive_file.lambda_package_authorizer",
            "module.apigateway_resource_authorization.data.aws_apigatewayv2_api.selected",
            "module.apigateway_resource_authorization.data.aws_caller_identity.current",
            "module.apigateway_resource_authorization.data.aws_iam_policy_document.lambda_policy_document_authorizer",
            "module.apigateway_resource_authorization.data.aws_region.current",
            "module.apigateway_resource_users.aws_iam_role.lambda_role_users_update",
            "module.apigateway_resource_users.aws_lambda_function.html_lambda_users_update",
            "module.apigateway_resource_users.data.archive_file.lambda_package_users_update",
            "module.tables_dynamodb.aws_dynamodb_table.tbl_customers",
            "module.tables_dynamodb.aws_dynamodb_table.tbl_employees",
            "module.tables_dynamodb.aws_dynamodb_table.tbl_inventories",
            "module.tables_dynamodb.aws_dynamodb_table.tbl_suppliers",
            "module.tables_dynamodb.aws_dynamodb_table.tbl_token",
            "module.tables_dynamodb.aws_dynamodb_table.tbl_transaction_history",
            "module.tables_dynamodb.aws_dynamodb_table.tbl_users"
          ]
        }
      ]
    },
    {
      "module": "module.apigateway_resource_users",
      "mode": "managed",
      "type": "aws_apigatewayv2_route",
      "name": "handler_users_create",
      "provider": "provider[\"registry.terraform.io/hashicorp/aws\"]",
      "instances": [
        {
          "schema_version": 0,
          "attributes": {
            "api_id": "u83oit2sq6",
            "api_key_required": false,
            "authorization_scopes": [],
            "authorization_type": "NONE",
            "authorizer_id": "",
            "id": "8kqbn6q",
            "model_selection_expression": "",
            "operation_name": "",
            "request_models": {},
            "request_parameter": [],
            "route_key": "POST /api/v1/users",
            "route_response_selection_expression": "",
            "target": "integrations/05g40co"
          },
          "sensitive_attributes": [],
          "private": "bnVsbA==",
          "dependencies": [
            "module.apigateway.aws_apigatewayv2_api.main",
            "module.apigateway.aws_apigatewayv2_stage.dev",
            "module.apigateway.aws_cloudwatch_log_group.main_api_gw",
            "module.apigateway.data.aws_caller_identity.current",
            "module.apigateway.data.aws_region.current",
            "module.apigateway_resource_authorization.aws_apigatewayv2_authorizer.header_based_authorizer",
            "module.apigateway_resource_authorization.aws_cloudwatch_log_group.html_loggroup_lambda_authorizer",
            "module.apigateway_resource_authorization.aws_iam_policy.dynamodb_lambda_policy_authorizer",
            "module.apigateway_resource_authorization.aws_iam_role.lambda_role_authorizer",
            "module.apigateway_resource_authorization.aws_iam_role_policy_attachment.lambda_attachements",
            "module.apigateway_resource_authorization.aws_iam_role_policy_attachment.lambda_role_policy_authorizer",
            "module.apigateway_resource_authorization.aws_lambda_function.html_lambda_authorizer",
            "module.apigateway_resource_authorization.aws_lambda_permission.allow_api_gw_invoke_authorizer",
            "module.apigateway_resource_authorization.data.archive_file.lambda_package_authorizer",
            "module.apigateway_resource_authorization.data.aws_apigatewayv2_api.selected",
            "module.apigateway_resource_authorization.data.aws_caller_identity.current",
            "module.apigateway_resource_authorization.data.aws_iam_policy_document.lambda_policy_document_authorizer",
            "module.apigateway_resource_authorization.data.aws_region.current",
            "module.apigateway_resource_users.aws_apigatewayv2_integration.lambda_handler_users_create",
            "module.apigateway_resource_users.aws_iam_role.lambda_role_users_create",
            "module.apigateway_resource_users.aws_lambda_function.html_lambda_users_create",
            "module.apigateway_resource_users.data.archive_file.lambda_package_users_create",
            "module.tables_dynamodb.aws_dynamodb_table.tbl_customers",
            "module.tables_dynamodb.aws_dynamodb_table.tbl_employees",
            "module.tables_dynamodb.aws_dynamodb_table.tbl_inventories",
            "module.tables_dynamodb.aws_dynamodb_table.tbl_suppliers",
            "module.tables_dynamodb.aws_dynamodb_table.tbl_token",
            "module.tables_dynamodb.aws_dynamodb_table.tbl_transaction_history",
            "module.tables_dynamodb.aws_dynamodb_table.tbl_users"
          ]
        }
      ]
    },
    {
      "module": "module.apigateway_resource_users",
      "mode": "managed",
      "type": "aws_apigatewayv2_route",
      "name": "handler_users_delete_by_id",
      "provider": "provider[\"registry.terraform.io/hashicorp/aws\"]",
      "instances": [
        {
          "schema_version": 0,
          "attributes": {
            "api_id": "u83oit2sq6",
            "api_key_required": false,
            "authorization_scopes": [],
            "authorization_type": "CUSTOM",
            "authorizer_id": "10477d",
            "id": "aelrhsq",
            "model_selection_expression": "",
            "operation_name": "",
            "request_models": {},
            "request_parameter": [],
            "route_key": "DELETE /api/v1/users/{id}",
            "route_response_selection_expression": "",
            "target": "integrations/xw9ysms"
          },
          "sensitive_attributes": [],
          "private": "bnVsbA==",
          "dependencies": [
            "module.apigateway.aws_apigatewayv2_api.main",
            "module.apigateway.aws_apigatewayv2_stage.dev",
            "module.apigateway.aws_cloudwatch_log_group.main_api_gw",
            "module.apigateway.data.aws_caller_identity.current",
            "module.apigateway.data.aws_region.current",
            "module.apigateway_resource_authorization.aws_apigatewayv2_authorizer.header_based_authorizer",
            "module.apigateway_resource_authorization.aws_cloudwatch_log_group.html_loggroup_lambda_authorizer",
            "module.apigateway_resource_authorization.aws_iam_policy.dynamodb_lambda_policy_authorizer",
            "module.apigateway_resource_authorization.aws_iam_role.lambda_role_authorizer",
            "module.apigateway_resource_authorization.aws_iam_role_policy_attachment.lambda_attachements",
            "module.apigateway_resource_authorization.aws_iam_role_policy_attachment.lambda_role_policy_authorizer",
            "module.apigateway_resource_authorization.aws_lambda_function.html_lambda_authorizer",
            "module.apigateway_resource_authorization.aws_lambda_permission.allow_api_gw_invoke_authorizer",
            "module.apigateway_resource_authorization.data.archive_file.lambda_package_authorizer",
            "module.apigateway_resource_authorization.data.aws_apigatewayv2_api.selected",
            "module.apigateway_resource_authorization.data.aws_caller_identity.current",
            "module.apigateway_resource_authorization.data.aws_iam_policy_document.lambda_policy_document_authorizer",
            "module.apigateway_resource_authorization.data.aws_region.current",
            "module.apigateway_resource_users.aws_apigatewayv2_integration.lambda_handler_users_delete_by_id",
            "module.apigateway_resource_users.aws_iam_role.lambda_role_users_delete_by_id",
            "module.apigateway_resource_users.aws_lambda_function.html_lambda_users_delete_by_id",
            "module.apigateway_resource_users.data.archive_file.lambda_package_users_delete_by_id",
            "module.tables_dynamodb.aws_dynamodb_table.tbl_customers",
            "module.tables_dynamodb.aws_dynamodb_table.tbl_employees",
            "module.tables_dynamodb.aws_dynamodb_table.tbl_inventories",
            "module.tables_dynamodb.aws_dynamodb_table.tbl_suppliers",
            "module.tables_dynamodb.aws_dynamodb_table.tbl_token",
            "module.tables_dynamodb.aws_dynamodb_table.tbl_transaction_history",
            "module.tables_dynamodb.aws_dynamodb_table.tbl_users"
          ]
        }
      ]
    },
    {
      "module": "module.apigateway_resource_users",
      "mode": "managed",
      "type": "aws_apigatewayv2_route",
      "name": "handler_users_find_by_id",
      "provider": "provider[\"registry.terraform.io/hashicorp/aws\"]",
      "instances": [
        {
          "schema_version": 0,
          "attributes": {
            "api_id": "u83oit2sq6",
            "api_key_required": false,
            "authorization_scopes": [],
            "authorization_type": "CUSTOM",
            "authorizer_id": "10477d",
            "id": "d4j07b4",
            "model_selection_expression": "",
            "operation_name": "",
            "request_models": {},
            "request_parameter": [],
            "route_key": "GET /api/v1/users/{id}",
            "route_response_selection_expression": "",
            "target": "integrations/pcydr7t"
          },
          "sensitive_attributes": [],
          "private": "bnVsbA==",
          "dependencies": [
            "module.apigateway.aws_apigatewayv2_api.main",
            "module.apigateway.aws_apigatewayv2_stage.dev",
            "module.apigateway.aws_cloudwatch_log_group.main_api_gw",
            "module.apigateway.data.aws_caller_identity.current",
            "module.apigateway.data.aws_region.current",
            "module.apigateway_resource_authorization.aws_apigatewayv2_authorizer.header_based_authorizer",
            "module.apigateway_resource_authorization.aws_cloudwatch_log_group.html_loggroup_lambda_authorizer",
            "module.apigateway_resource_authorization.aws_iam_policy.dynamodb_lambda_policy_authorizer",
            "module.apigateway_resource_authorization.aws_iam_role.lambda_role_authorizer",
            "module.apigateway_resource_authorization.aws_iam_role_policy_attachment.lambda_attachements",
            "module.apigateway_resource_authorization.aws_iam_role_policy_attachment.lambda_role_policy_authorizer",
            "module.apigateway_resource_authorization.aws_lambda_function.html_lambda_authorizer",
            "module.apigateway_resource_authorization.aws_lambda_permission.allow_api_gw_invoke_authorizer",
            "module.apigateway_resource_authorization.data.archive_file.lambda_package_authorizer",
            "module.apigateway_resource_authorization.data.aws_apigatewayv2_api.selected",
            "module.apigateway_resource_authorization.data.aws_caller_identity.current",
            "module.apigateway_resource_authorization.data.aws_iam_policy_document.lambda_policy_document_authorizer",
            "module.apigateway_resource_authorization.data.aws_region.current",
            "module.apigateway_resource_users.aws_apigatewayv2_integration.lambda_handler_users_find_by_id",
            "module.apigateway_resource_users.aws_iam_role.lambda_role_users_find_by_id",
            "module.apigateway_resource_users.aws_lambda_function.html_lambda_users_find_by_id",
            "module.apigateway_resource_users.data.archive_file.lambda_package_users_find_by_id",
            "module.tables_dynamodb.aws_dynamodb_table.tbl_customers",
            "module.tables_dynamodb.aws_dynamodb_table.tbl_employees",
            "module.tables_dynamodb.aws_dynamodb_table.tbl_inventories",
            "module.tables_dynamodb.aws_dynamodb_table.tbl_suppliers",
            "module.tables_dynamodb.aws_dynamodb_table.tbl_token",
            "module.tables_dynamodb.aws_dynamodb_table.tbl_transaction_history",
            "module.tables_dynamodb.aws_dynamodb_table.tbl_users"
          ]
        }
      ]
    },
    {
      "module": "module.apigateway_resource_users",
      "mode": "managed",
      "type": "aws_apigatewayv2_route",
      "name": "handler_users_update",
      "provider": "provider[\"registry.terraform.io/hashicorp/aws\"]",
      "instances": [
        {
          "schema_version": 0,
          "attributes": {
            "api_id": "u83oit2sq6",
            "api_key_required": false,
            "authorization_scopes": [],
            "authorization_type": "CUSTOM",
            "authorizer_id": "10477d",
            "id": "q5gr8rf",
            "model_selection_expression": "",
            "operation_name": "",
            "request_models": {},
            "request_parameter": [],
            "route_key": "PUT /api/v1/users/{id}",
            "route_response_selection_expression": "",
            "target": "integrations/ac2wr69"
          },
          "sensitive_attributes": [],
          "private": "bnVsbA==",
          "dependencies": [
            "module.apigateway.aws_apigatewayv2_api.main",
            "module.apigateway.aws_apigatewayv2_stage.dev",
            "module.apigateway.aws_cloudwatch_log_group.main_api_gw",
            "module.apigateway.data.aws_caller_identity.current",
            "module.apigateway.data.aws_region.current",
            "module.apigateway_resource_authorization.aws_apigatewayv2_authorizer.header_based_authorizer",
            "module.apigateway_resource_authorization.aws_cloudwatch_log_group.html_loggroup_lambda_authorizer",
            "module.apigateway_resource_authorization.aws_iam_policy.dynamodb_lambda_policy_authorizer",
            "module.apigateway_resource_authorization.aws_iam_role.lambda_role_authorizer",
            "module.apigateway_resource_authorization.aws_iam_role_policy_attachment.lambda_attachements",
            "module.apigateway_resource_authorization.aws_iam_role_policy_attachment.lambda_role_policy_authorizer",
            "module.apigateway_resource_authorization.aws_lambda_function.html_lambda_authorizer",
            "module.apigateway_resource_authorization.aws_lambda_permission.allow_api_gw_invoke_authorizer",
            "module.apigateway_resource_authorization.data.archive_file.lambda_package_authorizer",
            "module.apigateway_resource_authorization.data.aws_apigatewayv2_api.selected",
            "module.apigateway_resource_authorization.data.aws_caller_identity.current",
            "module.apigateway_resource_authorization.data.aws_iam_policy_document.lambda_policy_document_authorizer",
            "module.apigateway_resource_authorization.data.aws_region.current",
            "module.apigateway_resource_users.aws_apigatewayv2_integration.lambda_handler_users_update",
            "module.apigateway_resource_users.aws_iam_role.lambda_role_users_update",
            "module.apigateway_resource_users.aws_lambda_function.html_lambda_users_update",
            "module.apigateway_resource_users.data.archive_file.lambda_package_users_update",
            "module.tables_dynamodb.aws_dynamodb_table.tbl_customers",
            "module.tables_dynamodb.aws_dynamodb_table.tbl_employees",
            "module.tables_dynamodb.aws_dynamodb_table.tbl_inventories",
            "module.tables_dynamodb.aws_dynamodb_table.tbl_suppliers",
            "module.tables_dynamodb.aws_dynamodb_table.tbl_token",
            "module.tables_dynamodb.aws_dynamodb_table.tbl_transaction_history",
            "module.tables_dynamodb.aws_dynamodb_table.tbl_users"
          ]
        }
      ]
    },
    {
      "module": "module.apigateway_resource_users",
      "mode": "managed",
      "type": "aws_cloudwatch_log_group",
      "name": "html_loggroup_lambda_users_create",
      "provider": "provider[\"registry.terraform.io/hashicorp/aws\"]",
      "instances": [
        {
          "schema_version": 0,
          "attributes": {
            "arn": "arn:aws:logs:us-east-1:233925838033:log-group:/aws/lambda/lmb-celeste-users-create-dev",
            "id": "/aws/lambda/lmb-celeste-users-create-dev",
            "kms_key_id": "",
            "log_group_class": "STANDARD",
            "name": "/aws/lambda/lmb-celeste-users-create-dev",
            "name_prefix": "",
            "retention_in_days": 7,
            "skip_destroy": false,
            "tags": {},
            "tags_all": {
              "iac": "terraform"
            }
          },
          "sensitive_attributes": [],
          "private": "bnVsbA==",
          "dependencies": [
            "module.apigateway.aws_apigatewayv2_api.main",
            "module.apigateway.aws_apigatewayv2_stage.dev",
            "module.apigateway.aws_cloudwatch_log_group.main_api_gw",
            "module.apigateway.data.aws_caller_identity.current",
            "module.apigateway.data.aws_region.current",
            "module.apigateway_resource_authorization.aws_apigatewayv2_authorizer.header_based_authorizer",
            "module.apigateway_resource_authorization.aws_cloudwatch_log_group.html_loggroup_lambda_authorizer",
            "module.apigateway_resource_authorization.aws_iam_policy.dynamodb_lambda_policy_authorizer",
            "module.apigateway_resource_authorization.aws_iam_role.lambda_role_authorizer",
            "module.apigateway_resource_authorization.aws_iam_role_policy_attachment.lambda_attachements",
            "module.apigateway_resource_authorization.aws_iam_role_policy_attachment.lambda_role_policy_authorizer",
            "module.apigateway_resource_authorization.aws_lambda_function.html_lambda_authorizer",
            "module.apigateway_resource_authorization.aws_lambda_permission.allow_api_gw_invoke_authorizer",
            "module.apigateway_resource_authorization.data.archive_file.lambda_package_authorizer",
            "module.apigateway_resource_authorization.data.aws_apigatewayv2_api.selected",
            "module.apigateway_resource_authorization.data.aws_caller_identity.current",
            "module.apigateway_resource_authorization.data.aws_iam_policy_document.lambda_policy_document_authorizer",
            "module.apigateway_resource_authorization.data.aws_region.current",
            "module.apigateway_resource_users.aws_iam_role.lambda_role_users_create",
            "module.apigateway_resource_users.aws_lambda_function.html_lambda_users_create",
            "module.apigateway_resource_users.data.archive_file.lambda_package_users_create",
            "module.tables_dynamodb.aws_dynamodb_table.tbl_customers",
            "module.tables_dynamodb.aws_dynamodb_table.tbl_employees",
            "module.tables_dynamodb.aws_dynamodb_table.tbl_inventories",
            "module.tables_dynamodb.aws_dynamodb_table.tbl_suppliers",
            "module.tables_dynamodb.aws_dynamodb_table.tbl_token",
            "module.tables_dynamodb.aws_dynamodb_table.tbl_transaction_history",
            "module.tables_dynamodb.aws_dynamodb_table.tbl_users"
          ]
        }
      ]
    },
    {
      "module": "module.apigateway_resource_users",
      "mode": "managed",
      "type": "aws_cloudwatch_log_group",
      "name": "html_loggroup_lambda_users_delete_by_id",
      "provider": "provider[\"registry.terraform.io/hashicorp/aws\"]",
      "instances": [
        {
          "schema_version": 0,
          "attributes": {
            "arn": "arn:aws:logs:us-east-1:233925838033:log-group:/aws/lambda/lmb-celeste-users-delete-by-id-dev",
            "id": "/aws/lambda/lmb-celeste-users-delete-by-id-dev",
            "kms_key_id": "",
            "log_group_class": "STANDARD",
            "name": "/aws/lambda/lmb-celeste-users-delete-by-id-dev",
            "name_prefix": "",
            "retention_in_days": 7,
            "skip_destroy": false,
            "tags": {},
            "tags_all": {
              "iac": "terraform"
            }
          },
          "sensitive_attributes": [],
          "private": "bnVsbA==",
          "dependencies": [
            "module.apigateway.aws_apigatewayv2_api.main",
            "module.apigateway.aws_apigatewayv2_stage.dev",
            "module.apigateway.aws_cloudwatch_log_group.main_api_gw",
            "module.apigateway.data.aws_caller_identity.current",
            "module.apigateway.data.aws_region.current",
            "module.apigateway_resource_authorization.aws_apigatewayv2_authorizer.header_based_authorizer",
            "module.apigateway_resource_authorization.aws_cloudwatch_log_group.html_loggroup_lambda_authorizer",
            "module.apigateway_resource_authorization.aws_iam_policy.dynamodb_lambda_policy_authorizer",
            "module.apigateway_resource_authorization.aws_iam_role.lambda_role_authorizer",
            "module.apigateway_resource_authorization.aws_iam_role_policy_attachment.lambda_attachements",
            "module.apigateway_resource_authorization.aws_iam_role_policy_attachment.lambda_role_policy_authorizer",
            "module.apigateway_resource_authorization.aws_lambda_function.html_lambda_authorizer",
            "module.apigateway_resource_authorization.aws_lambda_permission.allow_api_gw_invoke_authorizer",
            "module.apigateway_resource_authorization.data.archive_file.lambda_package_authorizer",
            "module.apigateway_resource_authorization.data.aws_apigatewayv2_api.selected",
            "module.apigateway_resource_authorization.data.aws_caller_identity.current",
            "module.apigateway_resource_authorization.data.aws_iam_policy_document.lambda_policy_document_authorizer",
            "module.apigateway_resource_authorization.data.aws_region.current",
            "module.apigateway_resource_users.aws_iam_role.lambda_role_users_delete_by_id",
            "module.apigateway_resource_users.aws_lambda_function.html_lambda_users_delete_by_id",
            "module.apigateway_resource_users.data.archive_file.lambda_package_users_delete_by_id",
            "module.tables_dynamodb.aws_dynamodb_table.tbl_customers",
            "module.tables_dynamodb.aws_dynamodb_table.tbl_employees",
            "module.tables_dynamodb.aws_dynamodb_table.tbl_inventories",
            "module.tables_dynamodb.aws_dynamodb_table.tbl_suppliers",
            "module.tables_dynamodb.aws_dynamodb_table.tbl_token",
            "module.tables_dynamodb.aws_dynamodb_table.tbl_transaction_history",
            "module.tables_dynamodb.aws_dynamodb_table.tbl_users"
          ]
        }
      ]
    },
    {
      "module": "module.apigateway_resource_users",
      "mode": "managed",
      "type": "aws_cloudwatch_log_group",
      "name": "html_loggroup_lambda_users_find_by_id",
      "provider": "provider[\"registry.terraform.io/hashicorp/aws\"]",
      "instances": [
        {
          "schema_version": 0,
          "attributes": {
            "arn": "arn:aws:logs:us-east-1:233925838033:log-group:/aws/lambda/lmb-celeste-users-find-by-id-dev",
            "id": "/aws/lambda/lmb-celeste-users-find-by-id-dev",
            "kms_key_id": "",
            "log_group_class": "STANDARD",
            "name": "/aws/lambda/lmb-celeste-users-find-by-id-dev",
            "name_prefix": "",
            "retention_in_days": 7,
            "skip_destroy": false,
            "tags": {},
            "tags_all": {
              "iac": "terraform"
            }
          },
          "sensitive_attributes": [],
          "private": "bnVsbA==",
          "dependencies": [
            "module.apigateway.aws_apigatewayv2_api.main",
            "module.apigateway.aws_apigatewayv2_stage.dev",
            "module.apigateway.aws_cloudwatch_log_group.main_api_gw",
            "module.apigateway.data.aws_caller_identity.current",
            "module.apigateway.data.aws_region.current",
            "module.apigateway_resource_authorization.aws_apigatewayv2_authorizer.header_based_authorizer",
            "module.apigateway_resource_authorization.aws_cloudwatch_log_group.html_loggroup_lambda_authorizer",
            "module.apigateway_resource_authorization.aws_iam_policy.dynamodb_lambda_policy_authorizer",
            "module.apigateway_resource_authorization.aws_iam_role.lambda_role_authorizer",
            "module.apigateway_resource_authorization.aws_iam_role_policy_attachment.lambda_attachements",
            "module.apigateway_resource_authorization.aws_iam_role_policy_attachment.lambda_role_policy_authorizer",
            "module.apigateway_resource_authorization.aws_lambda_function.html_lambda_authorizer",
            "module.apigateway_resource_authorization.aws_lambda_permission.allow_api_gw_invoke_authorizer",
            "module.apigateway_resource_authorization.data.archive_file.lambda_package_authorizer",
            "module.apigateway_resource_authorization.data.aws_apigatewayv2_api.selected",
            "module.apigateway_resource_authorization.data.aws_caller_identity.current",
            "module.apigateway_resource_authorization.data.aws_iam_policy_document.lambda_policy_document_authorizer",
            "module.apigateway_resource_authorization.data.aws_region.current",
            "module.apigateway_resource_users.aws_iam_role.lambda_role_users_find_by_id",
            "module.apigateway_resource_users.aws_lambda_function.html_lambda_users_find_by_id",
            "module.apigateway_resource_users.data.archive_file.lambda_package_users_find_by_id",
            "module.tables_dynamodb.aws_dynamodb_table.tbl_customers",
            "module.tables_dynamodb.aws_dynamodb_table.tbl_employees",
            "module.tables_dynamodb.aws_dynamodb_table.tbl_inventories",
            "module.tables_dynamodb.aws_dynamodb_table.tbl_suppliers",
            "module.tables_dynamodb.aws_dynamodb_table.tbl_token",
            "module.tables_dynamodb.aws_dynamodb_table.tbl_transaction_history",
            "module.tables_dynamodb.aws_dynamodb_table.tbl_users"
          ]
        }
      ]
    },
    {
      "module": "module.apigateway_resource_users",
      "mode": "managed",
      "type": "aws_cloudwatch_log_group",
      "name": "html_loggroup_lambda_users_update",
      "provider": "provider[\"registry.terraform.io/hashicorp/aws\"]",
      "instances": [
        {
          "schema_version": 0,
          "attributes": {
            "arn": "arn:aws:logs:us-east-1:233925838033:log-group:/aws/lambda/lmb-celeste-users-update-dev",
            "id": "/aws/lambda/lmb-celeste-users-update-dev",
            "kms_key_id": "",
            "log_group_class": "STANDARD",
            "name": "/aws/lambda/lmb-celeste-users-update-dev",
            "name_prefix": "",
            "retention_in_days": 7,
            "skip_destroy": false,
            "tags": {},
            "tags_all": {
              "iac": "terraform"
            }
          },
          "sensitive_attributes": [],
          "private": "bnVsbA==",
          "dependencies": [
            "module.apigateway.aws_apigatewayv2_api.main",
            "module.apigateway.aws_apigatewayv2_stage.dev",
            "module.apigateway.aws_cloudwatch_log_group.main_api_gw",
            "module.apigateway.data.aws_caller_identity.current",
            "module.apigateway.data.aws_region.current",
            "module.apigateway_resource_authorization.aws_apigatewayv2_authorizer.header_based_authorizer",
            "module.apigateway_resource_authorization.aws_cloudwatch_log_group.html_loggroup_lambda_authorizer",
            "module.apigateway_resource_authorization.aws_iam_policy.dynamodb_lambda_policy_authorizer",
            "module.apigateway_resource_authorization.aws_iam_role.lambda_role_authorizer",
            "module.apigateway_resource_authorization.aws_iam_role_policy_attachment.lambda_attachements",
            "module.apigateway_resource_authorization.aws_iam_role_policy_attachment.lambda_role_policy_authorizer",
            "module.apigateway_resource_authorization.aws_lambda_function.html_lambda_authorizer",
            "module.apigateway_resource_authorization.aws_lambda_permission.allow_api_gw_invoke_authorizer",
            "module.apigateway_resource_authorization.data.archive_file.lambda_package_authorizer",
            "module.apigateway_resource_authorization.data.aws_apigatewayv2_api.selected",
            "module.apigateway_resource_authorization.data.aws_caller_identity.current",
            "module.apigateway_resource_authorization.data.aws_iam_policy_document.lambda_policy_document_authorizer",
            "module.apigateway_resource_authorization.data.aws_region.current",
            "module.apigateway_resource_users.aws_iam_role.lambda_role_users_update",
            "module.apigateway_resource_users.aws_lambda_function.html_lambda_users_update",
            "module.apigateway_resource_users.data.archive_file.lambda_package_users_update",
            "module.tables_dynamodb.aws_dynamodb_table.tbl_customers",
            "module.tables_dynamodb.aws_dynamodb_table.tbl_employees",
            "module.tables_dynamodb.aws_dynamodb_table.tbl_inventories",
            "module.tables_dynamodb.aws_dynamodb_table.tbl_suppliers",
            "module.tables_dynamodb.aws_dynamodb_table.tbl_token",
            "module.tables_dynamodb.aws_dynamodb_table.tbl_transaction_history",
            "module.tables_dynamodb.aws_dynamodb_table.tbl_users"
          ]
        }
      ]
    },
    {
      "module": "module.apigateway_resource_users",
      "mode": "managed",
      "type": "aws_iam_policy",
      "name": "dynamodb_lambda_policy_users_create",
      "provider": "provider[\"registry.terraform.io/hashicorp/aws\"]",
      "instances": [
        {
          "schema_version": 0,
          "attributes": {
            "arn": "arn:aws:iam::233925838033:policy/policy-celeste-users-create-dev",
            "attachment_count": 1,
            "description": "This policy will be used by the lambda to write get data from DynamoDB",
            "id": "arn:aws:iam::233925838033:policy/policy-celeste-users-create-dev",
            "name": "policy-celeste-users-create-dev",
            "name_prefix": "",
            "path": "/",
            "policy": "{\"Statement\":[{\"Action\":[\"dynamodb:Scan\",\"dynamodb:PutItem\"],\"Effect\":\"Allow\",\"Resource\":\"arn:aws:dynamodb:us-east-1:233925838033:table/tbl-celeste-users-dev\"}],\"Version\":\"2012-10-17\"}",
            "policy_id": "ANPATM5YRATIQKUY2I4LE",
            "tags": {},
            "tags_all": {
              "iac": "terraform"
            }
          },
          "sensitive_attributes": [],
          "private": "bnVsbA==",
          "dependencies": [
            "module.apigateway.aws_apigatewayv2_api.main",
            "module.apigateway.aws_apigatewayv2_stage.dev",
            "module.apigateway.aws_cloudwatch_log_group.main_api_gw",
            "module.apigateway.data.aws_caller_identity.current",
            "module.apigateway.data.aws_region.current",
            "module.apigateway_resource_authorization.aws_apigatewayv2_authorizer.header_based_authorizer",
            "module.apigateway_resource_authorization.aws_cloudwatch_log_group.html_loggroup_lambda_authorizer",
            "module.apigateway_resource_authorization.aws_iam_policy.dynamodb_lambda_policy_authorizer",
            "module.apigateway_resource_authorization.aws_iam_role.lambda_role_authorizer",
            "module.apigateway_resource_authorization.aws_iam_role_policy_attachment.lambda_attachements",
            "module.apigateway_resource_authorization.aws_iam_role_policy_attachment.lambda_role_policy_authorizer",
            "module.apigateway_resource_authorization.aws_lambda_function.html_lambda_authorizer",
            "module.apigateway_resource_authorization.aws_lambda_permission.allow_api_gw_invoke_authorizer",
            "module.apigateway_resource_authorization.data.archive_file.lambda_package_authorizer",
            "module.apigateway_resource_authorization.data.aws_apigatewayv2_api.selected",
            "module.apigateway_resource_authorization.data.aws_caller_identity.current",
            "module.apigateway_resource_authorization.data.aws_iam_policy_document.lambda_policy_document_authorizer",
            "module.apigateway_resource_authorization.data.aws_region.current",
            "module.apigateway_resource_users.data.aws_caller_identity.current",
            "module.apigateway_resource_users.data.aws_iam_policy_document.lambda_policy_document_users_create",
            "module.apigateway_resource_users.data.aws_region.current",
            "module.tables_dynamodb.aws_dynamodb_table.tbl_customers",
            "module.tables_dynamodb.aws_dynamodb_table.tbl_employees",
            "module.tables_dynamodb.aws_dynamodb_table.tbl_inventories",
            "module.tables_dynamodb.aws_dynamodb_table.tbl_suppliers",
            "module.tables_dynamodb.aws_dynamodb_table.tbl_token",
            "module.tables_dynamodb.aws_dynamodb_table.tbl_transaction_history",
            "module.tables_dynamodb.aws_dynamodb_table.tbl_users"
          ]
        }
      ]
    },
    {
      "module": "module.apigateway_resource_users",
      "mode": "managed",
      "type": "aws_iam_policy",
      "name": "dynamodb_lambda_policy_users_delete_by_id",
      "provider": "provider[\"registry.terraform.io/hashicorp/aws\"]",
      "instances": [
        {
          "schema_version": 0,
          "attributes": {
            "arn": "arn:aws:iam::233925838033:policy/policy-celeste-users-delete-by-id-dev",
            "attachment_count": 1,
            "description": "This policy will be used by the lambda to write get data from DynamoDB",
            "id": "arn:aws:iam::233925838033:policy/policy-celeste-users-delete-by-id-dev",
            "name": "policy-celeste-users-delete-by-id-dev",
            "name_prefix": "",
            "path": "/",
            "policy": "{\"Statement\":[{\"Action\":\"dynamodb:UpdateItem\",\"Effect\":\"Allow\",\"Resource\":\"arn:aws:dynamodb:us-east-1:233925838033:table/tbl-celeste-users-dev\"}],\"Version\":\"2012-10-17\"}",
            "policy_id": "ANPATM5YRATIY3GTMG52Y",
            "tags": {},
            "tags_all": {
              "iac": "terraform"
            }
          },
          "sensitive_attributes": [],
          "private": "bnVsbA==",
          "dependencies": [
            "module.apigateway.aws_apigatewayv2_api.main",
            "module.apigateway.aws_apigatewayv2_stage.dev",
            "module.apigateway.aws_cloudwatch_log_group.main_api_gw",
            "module.apigateway.data.aws_caller_identity.current",
            "module.apigateway.data.aws_region.current",
            "module.apigateway_resource_authorization.aws_apigatewayv2_authorizer.header_based_authorizer",
            "module.apigateway_resource_authorization.aws_cloudwatch_log_group.html_loggroup_lambda_authorizer",
            "module.apigateway_resource_authorization.aws_iam_policy.dynamodb_lambda_policy_authorizer",
            "module.apigateway_resource_authorization.aws_iam_role.lambda_role_authorizer",
            "module.apigateway_resource_authorization.aws_iam_role_policy_attachment.lambda_attachements",
            "module.apigateway_resource_authorization.aws_iam_role_policy_attachment.lambda_role_policy_authorizer",
            "module.apigateway_resource_authorization.aws_lambda_function.html_lambda_authorizer",
            "module.apigateway_resource_authorization.aws_lambda_permission.allow_api_gw_invoke_authorizer",
            "module.apigateway_resource_authorization.data.archive_file.lambda_package_authorizer",
            "module.apigateway_resource_authorization.data.aws_apigatewayv2_api.selected",
            "module.apigateway_resource_authorization.data.aws_caller_identity.current",
            "module.apigateway_resource_authorization.data.aws_iam_policy_document.lambda_policy_document_authorizer",
            "module.apigateway_resource_authorization.data.aws_region.current",
            "module.apigateway_resource_users.data.aws_caller_identity.current",
            "module.apigateway_resource_users.data.aws_iam_policy_document.lambda_policy_document_users_delete_by_id",
            "module.apigateway_resource_users.data.aws_region.current",
            "module.tables_dynamodb.aws_dynamodb_table.tbl_customers",
            "module.tables_dynamodb.aws_dynamodb_table.tbl_employees",
            "module.tables_dynamodb.aws_dynamodb_table.tbl_inventories",
            "module.tables_dynamodb.aws_dynamodb_table.tbl_suppliers",
            "module.tables_dynamodb.aws_dynamodb_table.tbl_token",
            "module.tables_dynamodb.aws_dynamodb_table.tbl_transaction_history",
            "module.tables_dynamodb.aws_dynamodb_table.tbl_users"
          ]
        }
      ]
    },
    {
      "module": "module.apigateway_resource_users",
      "mode": "managed",
      "type": "aws_iam_policy",
      "name": "dynamodb_lambda_policy_users_find_by_id",
      "provider": "provider[\"registry.terraform.io/hashicorp/aws\"]",
      "instances": [
        {
          "schema_version": 0,
          "attributes": {
            "arn": "arn:aws:iam::233925838033:policy/policy-celeste-users-find-by-id-dev",
            "attachment_count": 1,
            "description": "This policy will be used by the lambda to write get data from DynamoDB",
            "id": "arn:aws:iam::233925838033:policy/policy-celeste-users-find-by-id-dev",
            "name": "policy-celeste-users-find-by-id-dev",
            "name_prefix": "",
            "path": "/",
            "policy": "{\"Statement\":[{\"Action\":\"dynamodb:UpdateItem\",\"Effect\":\"Allow\",\"Resource\":\"arn:aws:dynamodb:us-east-1:233925838033:table/tbl-celeste-users-dev\"}],\"Version\":\"2012-10-17\"}",
            "policy_id": "ANPATM5YRATIUCSQNDVHS",
            "tags": {},
            "tags_all": {
              "iac": "terraform"
            }
          },
          "sensitive_attributes": [],
          "private": "bnVsbA==",
          "dependencies": [
            "module.apigateway.aws_apigatewayv2_api.main",
            "module.apigateway.aws_apigatewayv2_stage.dev",
            "module.apigateway.aws_cloudwatch_log_group.main_api_gw",
            "module.apigateway.data.aws_caller_identity.current",
            "module.apigateway.data.aws_region.current",
            "module.apigateway_resource_authorization.aws_apigatewayv2_authorizer.header_based_authorizer",
            "module.apigateway_resource_authorization.aws_cloudwatch_log_group.html_loggroup_lambda_authorizer",
            "module.apigateway_resource_authorization.aws_iam_policy.dynamodb_lambda_policy_authorizer",
            "module.apigateway_resource_authorization.aws_iam_role.lambda_role_authorizer",
            "module.apigateway_resource_authorization.aws_iam_role_policy_attachment.lambda_attachements",
            "module.apigateway_resource_authorization.aws_iam_role_policy_attachment.lambda_role_policy_authorizer",
            "module.apigateway_resource_authorization.aws_lambda_function.html_lambda_authorizer",
            "module.apigateway_resource_authorization.aws_lambda_permission.allow_api_gw_invoke_authorizer",
            "module.apigateway_resource_authorization.data.archive_file.lambda_package_authorizer",
            "module.apigateway_resource_authorization.data.aws_apigatewayv2_api.selected",
            "module.apigateway_resource_authorization.data.aws_caller_identity.current",
            "module.apigateway_resource_authorization.data.aws_iam_policy_document.lambda_policy_document_authorizer",
            "module.apigateway_resource_authorization.data.aws_region.current",
            "module.apigateway_resource_users.data.aws_caller_identity.current",
            "module.apigateway_resource_users.data.aws_iam_policy_document.lambda_policy_document_users_find_by_id",
            "module.apigateway_resource_users.data.aws_region.current",
            "module.tables_dynamodb.aws_dynamodb_table.tbl_customers",
            "module.tables_dynamodb.aws_dynamodb_table.tbl_employees",
            "module.tables_dynamodb.aws_dynamodb_table.tbl_inventories",
            "module.tables_dynamodb.aws_dynamodb_table.tbl_suppliers",
            "module.tables_dynamodb.aws_dynamodb_table.tbl_token",
            "module.tables_dynamodb.aws_dynamodb_table.tbl_transaction_history",
            "module.tables_dynamodb.aws_dynamodb_table.tbl_users"
          ]
        }
      ]
    },
    {
      "module": "module.apigateway_resource_users",
      "mode": "managed",
      "type": "aws_iam_policy",
      "name": "dynamodb_lambda_policy_users_update",
      "provider": "provider[\"registry.terraform.io/hashicorp/aws\"]",
      "instances": [
        {
          "schema_version": 0,
          "attributes": {
            "arn": "arn:aws:iam::233925838033:policy/policy-celeste-users-update-dev",
            "attachment_count": 1,
            "description": "This policy will be used by the lambda to write get data from DynamoDB",
            "id": "arn:aws:iam::233925838033:policy/policy-celeste-users-update-dev",
            "name": "policy-celeste-users-update-dev",
            "name_prefix": "",
            "path": "/",
            "policy": "{\"Statement\":[{\"Action\":\"dynamodb:UpdateItem\",\"Effect\":\"Allow\",\"Resource\":\"arn:aws:dynamodb:us-east-1:233925838033:table/tbl-celeste-users-dev\"}],\"Version\":\"2012-10-17\"}",
            "policy_id": "ANPATM5YRATI5LFWUPPXO",
            "tags": {},
            "tags_all": {
              "iac": "terraform"
            }
          },
          "sensitive_attributes": [],
          "private": "bnVsbA==",
          "dependencies": [
            "module.apigateway.aws_apigatewayv2_api.main",
            "module.apigateway.aws_apigatewayv2_stage.dev",
            "module.apigateway.aws_cloudwatch_log_group.main_api_gw",
            "module.apigateway.data.aws_caller_identity.current",
            "module.apigateway.data.aws_region.current",
            "module.apigateway_resource_authorization.aws_apigatewayv2_authorizer.header_based_authorizer",
            "module.apigateway_resource_authorization.aws_cloudwatch_log_group.html_loggroup_lambda_authorizer",
            "module.apigateway_resource_authorization.aws_iam_policy.dynamodb_lambda_policy_authorizer",
            "module.apigateway_resource_authorization.aws_iam_role.lambda_role_authorizer",
            "module.apigateway_resource_authorization.aws_iam_role_policy_attachment.lambda_attachements",
            "module.apigateway_resource_authorization.aws_iam_role_policy_attachment.lambda_role_policy_authorizer",
            "module.apigateway_resource_authorization.aws_lambda_function.html_lambda_authorizer",
            "module.apigateway_resource_authorization.aws_lambda_permission.allow_api_gw_invoke_authorizer",
            "module.apigateway_resource_authorization.data.archive_file.lambda_package_authorizer",
            "module.apigateway_resource_authorization.data.aws_apigatewayv2_api.selected",
            "module.apigateway_resource_authorization.data.aws_caller_identity.current",
            "module.apigateway_resource_authorization.data.aws_iam_policy_document.lambda_policy_document_authorizer",
            "module.apigateway_resource_authorization.data.aws_region.current",
            "module.apigateway_resource_users.data.aws_caller_identity.current",
            "module.apigateway_resource_users.data.aws_iam_policy_document.lambda_policy_document_users_update",
            "module.apigateway_resource_users.data.aws_region.current",
            "module.tables_dynamodb.aws_dynamodb_table.tbl_customers",
            "module.tables_dynamodb.aws_dynamodb_table.tbl_employees",
            "module.tables_dynamodb.aws_dynamodb_table.tbl_inventories",
            "module.tables_dynamodb.aws_dynamodb_table.tbl_suppliers",
            "module.tables_dynamodb.aws_dynamodb_table.tbl_token",
            "module.tables_dynamodb.aws_dynamodb_table.tbl_transaction_history",
            "module.tables_dynamodb.aws_dynamodb_table.tbl_users"
          ]
        }
      ]
    },
    {
      "module": "module.apigateway_resource_users",
      "mode": "managed",
      "type": "aws_iam_role",
      "name": "lambda_role_users_create",
      "provider": "provider[\"registry.terraform.io/hashicorp/aws\"]",
      "instances": [
        {
          "schema_version": 0,
          "attributes": {
            "arn": "arn:aws:iam::233925838033:role/role-celeste-users-create-dev",
            "assume_role_policy": "{\"Statement\":[{\"Action\":\"sts:AssumeRole\",\"Effect\":\"Allow\",\"Principal\":{\"Service\":\"lambda.amazonaws.com\"}}],\"Version\":\"2012-10-17\"}",
            "create_date": "2025-03-06T21:18:37Z",
            "description": "",
            "force_detach_policies": false,
            "id": "role-celeste-users-create-dev",
            "inline_policy": [],
            "managed_policy_arns": [
              "arn:aws:iam::233925838033:policy/policy-celeste-users-create-dev",
              "arn:aws:iam::aws:policy/service-role/AWSLambdaBasicExecutionRole"
            ],
            "max_session_duration": 3600,
            "name": "role-celeste-users-create-dev",
            "name_prefix": "",
            "path": "/",
            "permissions_boundary": "",
            "tags": {},
            "tags_all": {
              "iac": "terraform"
            },
            "unique_id": "AROATM5YRATIRDR6MQX5Y"
          },
          "sensitive_attributes": [],
          "private": "bnVsbA==",
          "dependencies": [
            "module.apigateway.aws_apigatewayv2_api.main",
            "module.apigateway.aws_apigatewayv2_stage.dev",
            "module.apigateway.aws_cloudwatch_log_group.main_api_gw",
            "module.apigateway.data.aws_caller_identity.current",
            "module.apigateway.data.aws_region.current",
            "module.apigateway_resource_authorization.aws_apigatewayv2_authorizer.header_based_authorizer",
            "module.apigateway_resource_authorization.aws_cloudwatch_log_group.html_loggroup_lambda_authorizer",
            "module.apigateway_resource_authorization.aws_iam_policy.dynamodb_lambda_policy_authorizer",
            "module.apigateway_resource_authorization.aws_iam_role.lambda_role_authorizer",
            "module.apigateway_resource_authorization.aws_iam_role_policy_attachment.lambda_attachements",
            "module.apigateway_resource_authorization.aws_iam_role_policy_attachment.lambda_role_policy_authorizer",
            "module.apigateway_resource_authorization.aws_lambda_function.html_lambda_authorizer",
            "module.apigateway_resource_authorization.aws_lambda_permission.allow_api_gw_invoke_authorizer",
            "module.apigateway_resource_authorization.data.archive_file.lambda_package_authorizer",
            "module.apigateway_resource_authorization.data.aws_apigatewayv2_api.selected",
            "module.apigateway_resource_authorization.data.aws_caller_identity.current",
            "module.apigateway_resource_authorization.data.aws_iam_policy_document.lambda_policy_document_authorizer",
            "module.apigateway_resource_authorization.data.aws_region.current",
            "module.tables_dynamodb.aws_dynamodb_table.tbl_customers",
            "module.tables_dynamodb.aws_dynamodb_table.tbl_employees",
            "module.tables_dynamodb.aws_dynamodb_table.tbl_inventories",
            "module.tables_dynamodb.aws_dynamodb_table.tbl_suppliers",
            "module.tables_dynamodb.aws_dynamodb_table.tbl_token",
            "module.tables_dynamodb.aws_dynamodb_table.tbl_transaction_history",
            "module.tables_dynamodb.aws_dynamodb_table.tbl_users"
          ]
        }
      ]
    },
    {
      "module": "module.apigateway_resource_users",
      "mode": "managed",
      "type": "aws_iam_role",
      "name": "lambda_role_users_delete_by_id",
      "provider": "provider[\"registry.terraform.io/hashicorp/aws\"]",
      "instances": [
        {
          "schema_version": 0,
          "attributes": {
            "arn": "arn:aws:iam::233925838033:role/role-celeste-users-delete-by-id-dev",
            "assume_role_policy": "{\"Statement\":[{\"Action\":\"sts:AssumeRole\",\"Effect\":\"Allow\",\"Principal\":{\"Service\":\"lambda.amazonaws.com\"}}],\"Version\":\"2012-10-17\"}",
            "create_date": "2025-03-06T21:18:37Z",
            "description": "",
            "force_detach_policies": false,
            "id": "role-celeste-users-delete-by-id-dev",
            "inline_policy": [],
            "managed_policy_arns": [
              "arn:aws:iam::233925838033:policy/policy-celeste-users-delete-by-id-dev",
              "arn:aws:iam::aws:policy/service-role/AWSLambdaBasicExecutionRole"
            ],
            "max_session_duration": 3600,
            "name": "role-celeste-users-delete-by-id-dev",
            "name_prefix": "",
            "path": "/",
            "permissions_boundary": "",
            "tags": {},
            "tags_all": {
              "iac": "terraform"
            },
            "unique_id": "AROATM5YRATI52EBZZ5Y5"
          },
          "sensitive_attributes": [],
          "private": "bnVsbA==",
          "dependencies": [
            "module.apigateway.aws_apigatewayv2_api.main",
            "module.apigateway.aws_apigatewayv2_stage.dev",
            "module.apigateway.aws_cloudwatch_log_group.main_api_gw",
            "module.apigateway.data.aws_caller_identity.current",
            "module.apigateway.data.aws_region.current",
            "module.apigateway_resource_authorization.aws_apigatewayv2_authorizer.header_based_authorizer",
            "module.apigateway_resource_authorization.aws_cloudwatch_log_group.html_loggroup_lambda_authorizer",
            "module.apigateway_resource_authorization.aws_iam_policy.dynamodb_lambda_policy_authorizer",
            "module.apigateway_resource_authorization.aws_iam_role.lambda_role_authorizer",
            "module.apigateway_resource_authorization.aws_iam_role_policy_attachment.lambda_attachements",
            "module.apigateway_resource_authorization.aws_iam_role_policy_attachment.lambda_role_policy_authorizer",
            "module.apigateway_resource_authorization.aws_lambda_function.html_lambda_authorizer",
            "module.apigateway_resource_authorization.aws_lambda_permission.allow_api_gw_invoke_authorizer",
            "module.apigateway_resource_authorization.data.archive_file.lambda_package_authorizer",
            "module.apigateway_resource_authorization.data.aws_apigatewayv2_api.selected",
            "module.apigateway_resource_authorization.data.aws_caller_identity.current",
            "module.apigateway_resource_authorization.data.aws_iam_policy_document.lambda_policy_document_authorizer",
            "module.apigateway_resource_authorization.data.aws_region.current",
            "module.tables_dynamodb.aws_dynamodb_table.tbl_customers",
            "module.tables_dynamodb.aws_dynamodb_table.tbl_employees",
            "module.tables_dynamodb.aws_dynamodb_table.tbl_inventories",
            "module.tables_dynamodb.aws_dynamodb_table.tbl_suppliers",
            "module.tables_dynamodb.aws_dynamodb_table.tbl_token",
            "module.tables_dynamodb.aws_dynamodb_table.tbl_transaction_history",
            "module.tables_dynamodb.aws_dynamodb_table.tbl_users"
          ]
        }
      ]
    },
    {
      "module": "module.apigateway_resource_users",
      "mode": "managed",
      "type": "aws_iam_role",
      "name": "lambda_role_users_find_by_id",
      "provider": "provider[\"registry.terraform.io/hashicorp/aws\"]",
      "instances": [
        {
          "schema_version": 0,
          "attributes": {
            "arn": "arn:aws:iam::233925838033:role/role-celeste-users-find-by-id-dev",
            "assume_role_policy": "{\"Statement\":[{\"Action\":\"sts:AssumeRole\",\"Effect\":\"Allow\",\"Principal\":{\"Service\":\"lambda.amazonaws.com\"}}],\"Version\":\"2012-10-17\"}",
            "create_date": "2025-03-06T21:18:37Z",
            "description": "",
            "force_detach_policies": false,
            "id": "role-celeste-users-find-by-id-dev",
            "inline_policy": [],
            "managed_policy_arns": [
              "arn:aws:iam::233925838033:policy/policy-celeste-users-find-by-id-dev",
              "arn:aws:iam::aws:policy/service-role/AWSLambdaBasicExecutionRole"
            ],
            "max_session_duration": 3600,
            "name": "role-celeste-users-find-by-id-dev",
            "name_prefix": "",
            "path": "/",
            "permissions_boundary": "",
            "tags": {},
            "tags_all": {
              "iac": "terraform"
            },
            "unique_id": "AROATM5YRATIZQW7KN3AK"
          },
          "sensitive_attributes": [],
          "private": "bnVsbA==",
          "dependencies": [
            "module.apigateway.aws_apigatewayv2_api.main",
            "module.apigateway.aws_apigatewayv2_stage.dev",
            "module.apigateway.aws_cloudwatch_log_group.main_api_gw",
            "module.apigateway.data.aws_caller_identity.current",
            "module.apigateway.data.aws_region.current",
            "module.apigateway_resource_authorization.aws_apigatewayv2_authorizer.header_based_authorizer",
            "module.apigateway_resource_authorization.aws_cloudwatch_log_group.html_loggroup_lambda_authorizer",
            "module.apigateway_resource_authorization.aws_iam_policy.dynamodb_lambda_policy_authorizer",
            "module.apigateway_resource_authorization.aws_iam_role.lambda_role_authorizer",
            "module.apigateway_resource_authorization.aws_iam_role_policy_attachment.lambda_attachements",
            "module.apigateway_resource_authorization.aws_iam_role_policy_attachment.lambda_role_policy_authorizer",
            "module.apigateway_resource_authorization.aws_lambda_function.html_lambda_authorizer",
            "module.apigateway_resource_authorization.aws_lambda_permission.allow_api_gw_invoke_authorizer",
            "module.apigateway_resource_authorization.data.archive_file.lambda_package_authorizer",
            "module.apigateway_resource_authorization.data.aws_apigatewayv2_api.selected",
            "module.apigateway_resource_authorization.data.aws_caller_identity.current",
            "module.apigateway_resource_authorization.data.aws_iam_policy_document.lambda_policy_document_authorizer",
            "module.apigateway_resource_authorization.data.aws_region.current",
            "module.tables_dynamodb.aws_dynamodb_table.tbl_customers",
            "module.tables_dynamodb.aws_dynamodb_table.tbl_employees",
            "module.tables_dynamodb.aws_dynamodb_table.tbl_inventories",
            "module.tables_dynamodb.aws_dynamodb_table.tbl_suppliers",
            "module.tables_dynamodb.aws_dynamodb_table.tbl_token",
            "module.tables_dynamodb.aws_dynamodb_table.tbl_transaction_history",
            "module.tables_dynamodb.aws_dynamodb_table.tbl_users"
          ]
        }
      ]
    },
    {
      "module": "module.apigateway_resource_users",
      "mode": "managed",
      "type": "aws_iam_role",
      "name": "lambda_role_users_update",
      "provider": "provider[\"registry.terraform.io/hashicorp/aws\"]",
      "instances": [
        {
          "schema_version": 0,
          "attributes": {
            "arn": "arn:aws:iam::233925838033:role/role-celeste-users-update-dev",
            "assume_role_policy": "{\"Statement\":[{\"Action\":\"sts:AssumeRole\",\"Effect\":\"Allow\",\"Principal\":{\"Service\":\"lambda.amazonaws.com\"}}],\"Version\":\"2012-10-17\"}",
            "create_date": "2025-03-06T21:18:37Z",
            "description": "",
            "force_detach_policies": false,
            "id": "role-celeste-users-update-dev",
            "inline_policy": [],
            "managed_policy_arns": [
              "arn:aws:iam::233925838033:policy/policy-celeste-users-update-dev",
              "arn:aws:iam::aws:policy/service-role/AWSLambdaBasicExecutionRole"
            ],
            "max_session_duration": 3600,
            "name": "role-celeste-users-update-dev",
            "name_prefix": "",
            "path": "/",
            "permissions_boundary": "",
            "tags": {},
            "tags_all": {
              "iac": "terraform"
            },
            "unique_id": "AROATM5YRATIQ5C5FWOAS"
          },
          "sensitive_attributes": [],
          "private": "bnVsbA==",
          "dependencies": [
            "module.apigateway.aws_apigatewayv2_api.main",
            "module.apigateway.aws_apigatewayv2_stage.dev",
            "module.apigateway.aws_cloudwatch_log_group.main_api_gw",
            "module.apigateway.data.aws_caller_identity.current",
            "module.apigateway.data.aws_region.current",
            "module.apigateway_resource_authorization.aws_apigatewayv2_authorizer.header_based_authorizer",
            "module.apigateway_resource_authorization.aws_cloudwatch_log_group.html_loggroup_lambda_authorizer",
            "module.apigateway_resource_authorization.aws_iam_policy.dynamodb_lambda_policy_authorizer",
            "module.apigateway_resource_authorization.aws_iam_role.lambda_role_authorizer",
            "module.apigateway_resource_authorization.aws_iam_role_policy_attachment.lambda_attachements",
            "module.apigateway_resource_authorization.aws_iam_role_policy_attachment.lambda_role_policy_authorizer",
            "module.apigateway_resource_authorization.aws_lambda_function.html_lambda_authorizer",
            "module.apigateway_resource_authorization.aws_lambda_permission.allow_api_gw_invoke_authorizer",
            "module.apigateway_resource_authorization.data.archive_file.lambda_package_authorizer",
            "module.apigateway_resource_authorization.data.aws_apigatewayv2_api.selected",
            "module.apigateway_resource_authorization.data.aws_caller_identity.current",
            "module.apigateway_resource_authorization.data.aws_iam_policy_document.lambda_policy_document_authorizer",
            "module.apigateway_resource_authorization.data.aws_region.current",
            "module.tables_dynamodb.aws_dynamodb_table.tbl_customers",
            "module.tables_dynamodb.aws_dynamodb_table.tbl_employees",
            "module.tables_dynamodb.aws_dynamodb_table.tbl_inventories",
            "module.tables_dynamodb.aws_dynamodb_table.tbl_suppliers",
            "module.tables_dynamodb.aws_dynamodb_table.tbl_token",
            "module.tables_dynamodb.aws_dynamodb_table.tbl_transaction_history",
            "module.tables_dynamodb.aws_dynamodb_table.tbl_users"
          ]
        }
      ]
    },
    {
      "module": "module.apigateway_resource_users",
      "mode": "managed",
      "type": "aws_iam_role_policy_attachment",
      "name": "lambda_attachements_find_by_id",
      "provider": "provider[\"registry.terraform.io/hashicorp/aws\"]",
      "instances": [
        {
          "schema_version": 0,
          "attributes": {
            "id": "role-celeste-users-find-by-id-dev-20250306211841949800000013",
            "policy_arn": "arn:aws:iam::233925838033:policy/policy-celeste-users-find-by-id-dev",
            "role": "role-celeste-users-find-by-id-dev"
          },
          "sensitive_attributes": [],
          "private": "bnVsbA==",
          "dependencies": [
            "module.apigateway.aws_apigatewayv2_api.main",
            "module.apigateway.aws_apigatewayv2_stage.dev",
            "module.apigateway.aws_cloudwatch_log_group.main_api_gw",
            "module.apigateway.data.aws_caller_identity.current",
            "module.apigateway.data.aws_region.current",
            "module.apigateway_resource_authorization.aws_apigatewayv2_authorizer.header_based_authorizer",
            "module.apigateway_resource_authorization.aws_cloudwatch_log_group.html_loggroup_lambda_authorizer",
            "module.apigateway_resource_authorization.aws_iam_policy.dynamodb_lambda_policy_authorizer",
            "module.apigateway_resource_authorization.aws_iam_role.lambda_role_authorizer",
            "module.apigateway_resource_authorization.aws_iam_role_policy_attachment.lambda_attachements",
            "module.apigateway_resource_authorization.aws_iam_role_policy_attachment.lambda_role_policy_authorizer",
            "module.apigateway_resource_authorization.aws_lambda_function.html_lambda_authorizer",
            "module.apigateway_resource_authorization.aws_lambda_permission.allow_api_gw_invoke_authorizer",
            "module.apigateway_resource_authorization.data.archive_file.lambda_package_authorizer",
            "module.apigateway_resource_authorization.data.aws_apigatewayv2_api.selected",
            "module.apigateway_resource_authorization.data.aws_caller_identity.current",
            "module.apigateway_resource_authorization.data.aws_iam_policy_document.lambda_policy_document_authorizer",
            "module.apigateway_resource_authorization.data.aws_region.current",
            "module.apigateway_resource_users.aws_iam_policy.dynamodb_lambda_policy_users_find_by_id",
            "module.apigateway_resource_users.aws_iam_role.lambda_role_users_find_by_id",
            "module.apigateway_resource_users.data.aws_caller_identity.current",
            "module.apigateway_resource_users.data.aws_iam_policy_document.lambda_policy_document_users_find_by_id",
            "module.apigateway_resource_users.data.aws_region.current",
            "module.tables_dynamodb.aws_dynamodb_table.tbl_customers",
            "module.tables_dynamodb.aws_dynamodb_table.tbl_employees",
            "module.tables_dynamodb.aws_dynamodb_table.tbl_inventories",
            "module.tables_dynamodb.aws_dynamodb_table.tbl_suppliers",
            "module.tables_dynamodb.aws_dynamodb_table.tbl_token",
            "module.tables_dynamodb.aws_dynamodb_table.tbl_transaction_history",
            "module.tables_dynamodb.aws_dynamodb_table.tbl_users"
          ]
        }
      ]
    },
    {
      "module": "module.apigateway_resource_users",
      "mode": "managed",
      "type": "aws_iam_role_policy_attachment",
      "name": "lambda_attachements_users_create",
      "provider": "provider[\"registry.terraform.io/hashicorp/aws\"]",
      "instances": [
        {
          "schema_version": 0,
          "attributes": {
            "id": "role-celeste-users-create-dev-20250306211840986900000010",
            "policy_arn": "arn:aws:iam::233925838033:policy/policy-celeste-users-create-dev",
            "role": "role-celeste-users-create-dev"
          },
          "sensitive_attributes": [],
          "private": "bnVsbA==",
          "dependencies": [
            "module.apigateway.aws_apigatewayv2_api.main",
            "module.apigateway.aws_apigatewayv2_stage.dev",
            "module.apigateway.aws_cloudwatch_log_group.main_api_gw",
            "module.apigateway.data.aws_caller_identity.current",
            "module.apigateway.data.aws_region.current",
            "module.apigateway_resource_authorization.aws_apigatewayv2_authorizer.header_based_authorizer",
            "module.apigateway_resource_authorization.aws_cloudwatch_log_group.html_loggroup_lambda_authorizer",
            "module.apigateway_resource_authorization.aws_iam_policy.dynamodb_lambda_policy_authorizer",
            "module.apigateway_resource_authorization.aws_iam_role.lambda_role_authorizer",
            "module.apigateway_resource_authorization.aws_iam_role_policy_attachment.lambda_attachements",
            "module.apigateway_resource_authorization.aws_iam_role_policy_attachment.lambda_role_policy_authorizer",
            "module.apigateway_resource_authorization.aws_lambda_function.html_lambda_authorizer",
            "module.apigateway_resource_authorization.aws_lambda_permission.allow_api_gw_invoke_authorizer",
            "module.apigateway_resource_authorization.data.archive_file.lambda_package_authorizer",
            "module.apigateway_resource_authorization.data.aws_apigatewayv2_api.selected",
            "module.apigateway_resource_authorization.data.aws_caller_identity.current",
            "module.apigateway_resource_authorization.data.aws_iam_policy_document.lambda_policy_document_authorizer",
            "module.apigateway_resource_authorization.data.aws_region.current",
            "module.apigateway_resource_users.aws_iam_policy.dynamodb_lambda_policy_users_create",
            "module.apigateway_resource_users.aws_iam_role.lambda_role_users_create",
            "module.apigateway_resource_users.data.aws_caller_identity.current",
            "module.apigateway_resource_users.data.aws_iam_policy_document.lambda_policy_document_users_create",
            "module.apigateway_resource_users.data.aws_region.current",
            "module.tables_dynamodb.aws_dynamodb_table.tbl_customers",
            "module.tables_dynamodb.aws_dynamodb_table.tbl_employees",
            "module.tables_dynamodb.aws_dynamodb_table.tbl_inventories",
            "module.tables_dynamodb.aws_dynamodb_table.tbl_suppliers",
            "module.tables_dynamodb.aws_dynamodb_table.tbl_token",
            "module.tables_dynamodb.aws_dynamodb_table.tbl_transaction_history",
            "module.tables_dynamodb.aws_dynamodb_table.tbl_users"
          ]
        }
      ]
    },
    {
      "module": "module.apigateway_resource_users",
      "mode": "managed",
      "type": "aws_iam_role_policy_attachment",
      "name": "lambda_attachements_users_delete",
      "provider": "provider[\"registry.terraform.io/hashicorp/aws\"]",
      "instances": [
        {
          "schema_version": 0,
          "attributes": {
            "id": "role-celeste-users-delete-by-id-dev-20250306211841618000000012",
            "policy_arn": "arn:aws:iam::233925838033:policy/policy-celeste-users-delete-by-id-dev",
            "role": "role-celeste-users-delete-by-id-dev"
          },
          "sensitive_attributes": [],
          "private": "bnVsbA==",
          "dependencies": [
            "module.apigateway.aws_apigatewayv2_api.main",
            "module.apigateway.aws_apigatewayv2_stage.dev",
            "module.apigateway.aws_cloudwatch_log_group.main_api_gw",
            "module.apigateway.data.aws_caller_identity.current",
            "module.apigateway.data.aws_region.current",
            "module.apigateway_resource_authorization.aws_apigatewayv2_authorizer.header_based_authorizer",
            "module.apigateway_resource_authorization.aws_cloudwatch_log_group.html_loggroup_lambda_authorizer",
            "module.apigateway_resource_authorization.aws_iam_policy.dynamodb_lambda_policy_authorizer",
            "module.apigateway_resource_authorization.aws_iam_role.lambda_role_authorizer",
            "module.apigateway_resource_authorization.aws_iam_role_policy_attachment.lambda_attachements",
            "module.apigateway_resource_authorization.aws_iam_role_policy_attachment.lambda_role_policy_authorizer",
            "module.apigateway_resource_authorization.aws_lambda_function.html_lambda_authorizer",
            "module.apigateway_resource_authorization.aws_lambda_permission.allow_api_gw_invoke_authorizer",
            "module.apigateway_resource_authorization.data.archive_file.lambda_package_authorizer",
            "module.apigateway_resource_authorization.data.aws_apigatewayv2_api.selected",
            "module.apigateway_resource_authorization.data.aws_caller_identity.current",
            "module.apigateway_resource_authorization.data.aws_iam_policy_document.lambda_policy_document_authorizer",
            "module.apigateway_resource_authorization.data.aws_region.current",
            "module.apigateway_resource_users.aws_iam_policy.dynamodb_lambda_policy_users_delete_by_id",
            "module.apigateway_resource_users.aws_iam_role.lambda_role_users_delete_by_id",
            "module.apigateway_resource_users.data.aws_caller_identity.current",
            "module.apigateway_resource_users.data.aws_iam_policy_document.lambda_policy_document_users_delete_by_id",
            "module.apigateway_resource_users.data.aws_region.current",
            "module.tables_dynamodb.aws_dynamodb_table.tbl_customers",
            "module.tables_dynamodb.aws_dynamodb_table.tbl_employees",
            "module.tables_dynamodb.aws_dynamodb_table.tbl_inventories",
            "module.tables_dynamodb.aws_dynamodb_table.tbl_suppliers",
            "module.tables_dynamodb.aws_dynamodb_table.tbl_token",
            "module.tables_dynamodb.aws_dynamodb_table.tbl_transaction_history",
            "module.tables_dynamodb.aws_dynamodb_table.tbl_users"
          ]
        }
      ]
    },
    {
      "module": "module.apigateway_resource_users",
      "mode": "managed",
      "type": "aws_iam_role_policy_attachment",
      "name": "lambda_attachements_users_update",
      "provider": "provider[\"registry.terraform.io/hashicorp/aws\"]",
      "instances": [
        {
          "schema_version": 0,
          "attributes": {
            "id": "role-celeste-users-update-dev-20250306211842258100000014",
            "policy_arn": "arn:aws:iam::233925838033:policy/policy-celeste-users-update-dev",
            "role": "role-celeste-users-update-dev"
          },
          "sensitive_attributes": [],
          "private": "bnVsbA==",
          "dependencies": [
            "module.apigateway.aws_apigatewayv2_api.main",
            "module.apigateway.aws_apigatewayv2_stage.dev",
            "module.apigateway.aws_cloudwatch_log_group.main_api_gw",
            "module.apigateway.data.aws_caller_identity.current",
            "module.apigateway.data.aws_region.current",
            "module.apigateway_resource_authorization.aws_apigatewayv2_authorizer.header_based_authorizer",
            "module.apigateway_resource_authorization.aws_cloudwatch_log_group.html_loggroup_lambda_authorizer",
            "module.apigateway_resource_authorization.aws_iam_policy.dynamodb_lambda_policy_authorizer",
            "module.apigateway_resource_authorization.aws_iam_role.lambda_role_authorizer",
            "module.apigateway_resource_authorization.aws_iam_role_policy_attachment.lambda_attachements",
            "module.apigateway_resource_authorization.aws_iam_role_policy_attachment.lambda_role_policy_authorizer",
            "module.apigateway_resource_authorization.aws_lambda_function.html_lambda_authorizer",
            "module.apigateway_resource_authorization.aws_lambda_permission.allow_api_gw_invoke_authorizer",
            "module.apigateway_resource_authorization.data.archive_file.lambda_package_authorizer",
            "module.apigateway_resource_authorization.data.aws_apigatewayv2_api.selected",
            "module.apigateway_resource_authorization.data.aws_caller_identity.current",
            "module.apigateway_resource_authorization.data.aws_iam_policy_document.lambda_policy_document_authorizer",
            "module.apigateway_resource_authorization.data.aws_region.current",
            "module.apigateway_resource_users.aws_iam_policy.dynamodb_lambda_policy_users_update",
            "module.apigateway_resource_users.aws_iam_role.lambda_role_users_update",
            "module.apigateway_resource_users.data.aws_caller_identity.current",
            "module.apigateway_resource_users.data.aws_iam_policy_document.lambda_policy_document_users_update",
            "module.apigateway_resource_users.data.aws_region.current",
            "module.tables_dynamodb.aws_dynamodb_table.tbl_customers",
            "module.tables_dynamodb.aws_dynamodb_table.tbl_employees",
            "module.tables_dynamodb.aws_dynamodb_table.tbl_inventories",
            "module.tables_dynamodb.aws_dynamodb_table.tbl_suppliers",
            "module.tables_dynamodb.aws_dynamodb_table.tbl_token",
            "module.tables_dynamodb.aws_dynamodb_table.tbl_transaction_history",
            "module.tables_dynamodb.aws_dynamodb_table.tbl_users"
          ]
        }
      ]
    },
    {
      "module": "module.apigateway_resource_users",
      "mode": "managed",
      "type": "aws_iam_role_policy_attachment",
      "name": "lambda_role_policy_users_create",
      "provider": "provider[\"registry.terraform.io/hashicorp/aws\"]",
      "instances": [
        {
          "schema_version": 0,
          "attributes": {
            "id": "role-celeste-users-create-dev-20250306211838824000000005",
            "policy_arn": "arn:aws:iam::aws:policy/service-role/AWSLambdaBasicExecutionRole",
            "role": "role-celeste-users-create-dev"
          },
          "sensitive_attributes": [],
          "private": "bnVsbA==",
          "dependencies": [
            "module.apigateway.aws_apigatewayv2_api.main",
            "module.apigateway.aws_apigatewayv2_stage.dev",
            "module.apigateway.aws_cloudwatch_log_group.main_api_gw",
            "module.apigateway.data.aws_caller_identity.current",
            "module.apigateway.data.aws_region.current",
            "module.apigateway_resource_authorization.aws_apigatewayv2_authorizer.header_based_authorizer",
            "module.apigateway_resource_authorization.aws_cloudwatch_log_group.html_loggroup_lambda_authorizer",
            "module.apigateway_resource_authorization.aws_iam_policy.dynamodb_lambda_policy_authorizer",
            "module.apigateway_resource_authorization.aws_iam_role.lambda_role_authorizer",
            "module.apigateway_resource_authorization.aws_iam_role_policy_attachment.lambda_attachements",
            "module.apigateway_resource_authorization.aws_iam_role_policy_attachment.lambda_role_policy_authorizer",
            "module.apigateway_resource_authorization.aws_lambda_function.html_lambda_authorizer",
            "module.apigateway_resource_authorization.aws_lambda_permission.allow_api_gw_invoke_authorizer",
            "module.apigateway_resource_authorization.data.archive_file.lambda_package_authorizer",
            "module.apigateway_resource_authorization.data.aws_apigatewayv2_api.selected",
            "module.apigateway_resource_authorization.data.aws_caller_identity.current",
            "module.apigateway_resource_authorization.data.aws_iam_policy_document.lambda_policy_document_authorizer",
            "module.apigateway_resource_authorization.data.aws_region.current",
            "module.apigateway_resource_users.aws_iam_role.lambda_role_users_create",
            "module.tables_dynamodb.aws_dynamodb_table.tbl_customers",
            "module.tables_dynamodb.aws_dynamodb_table.tbl_employees",
            "module.tables_dynamodb.aws_dynamodb_table.tbl_inventories",
            "module.tables_dynamodb.aws_dynamodb_table.tbl_suppliers",
            "module.tables_dynamodb.aws_dynamodb_table.tbl_token",
            "module.tables_dynamodb.aws_dynamodb_table.tbl_transaction_history",
            "module.tables_dynamodb.aws_dynamodb_table.tbl_users"
          ]
        }
      ]
    },
    {
      "module": "module.apigateway_resource_users",
      "mode": "managed",
      "type": "aws_iam_role_policy_attachment",
      "name": "lambda_role_policy_users_delete_by_id",
      "provider": "provider[\"registry.terraform.io/hashicorp/aws\"]",
      "instances": [
        {
          "schema_version": 0,
          "attributes": {
            "id": "role-celeste-users-delete-by-id-dev-20250306211838292100000003",
            "policy_arn": "arn:aws:iam::aws:policy/service-role/AWSLambdaBasicExecutionRole",
            "role": "role-celeste-users-delete-by-id-dev"
          },
          "sensitive_attributes": [],
          "private": "bnVsbA==",
          "dependencies": [
            "module.apigateway.aws_apigatewayv2_api.main",
            "module.apigateway.aws_apigatewayv2_stage.dev",
            "module.apigateway.aws_cloudwatch_log_group.main_api_gw",
            "module.apigateway.data.aws_caller_identity.current",
            "module.apigateway.data.aws_region.current",
            "module.apigateway_resource_authorization.aws_apigatewayv2_authorizer.header_based_authorizer",
            "module.apigateway_resource_authorization.aws_cloudwatch_log_group.html_loggroup_lambda_authorizer",
            "module.apigateway_resource_authorization.aws_iam_policy.dynamodb_lambda_policy_authorizer",
            "module.apigateway_resource_authorization.aws_iam_role.lambda_role_authorizer",
            "module.apigateway_resource_authorization.aws_iam_role_policy_attachment.lambda_attachements",
            "module.apigateway_resource_authorization.aws_iam_role_policy_attachment.lambda_role_policy_authorizer",
            "module.apigateway_resource_authorization.aws_lambda_function.html_lambda_authorizer",
            "module.apigateway_resource_authorization.aws_lambda_permission.allow_api_gw_invoke_authorizer",
            "module.apigateway_resource_authorization.data.archive_file.lambda_package_authorizer",
            "module.apigateway_resource_authorization.data.aws_apigatewayv2_api.selected",
            "module.apigateway_resource_authorization.data.aws_caller_identity.current",
            "module.apigateway_resource_authorization.data.aws_iam_policy_document.lambda_policy_document_authorizer",
            "module.apigateway_resource_authorization.data.aws_region.current",
            "module.apigateway_resource_users.aws_iam_role.lambda_role_users_delete_by_id",
            "module.tables_dynamodb.aws_dynamodb_table.tbl_customers",
            "module.tables_dynamodb.aws_dynamodb_table.tbl_employees",
            "module.tables_dynamodb.aws_dynamodb_table.tbl_inventories",
            "module.tables_dynamodb.aws_dynamodb_table.tbl_suppliers",
            "module.tables_dynamodb.aws_dynamodb_table.tbl_token",
            "module.tables_dynamodb.aws_dynamodb_table.tbl_transaction_history",
            "module.tables_dynamodb.aws_dynamodb_table.tbl_users"
          ]
        }
      ]
    },
    {
      "module": "module.apigateway_resource_users",
      "mode": "managed",
      "type": "aws_iam_role_policy_attachment",
      "name": "lambda_role_policy_users_find_by_id",
      "provider": "provider[\"registry.terraform.io/hashicorp/aws\"]",
      "instances": [
        {
          "schema_version": 0,
          "attributes": {
            "id": "role-celeste-users-find-by-id-dev-2025030621183977560000000c",
            "policy_arn": "arn:aws:iam::aws:policy/service-role/AWSLambdaBasicExecutionRole",
            "role": "role-celeste-users-find-by-id-dev"
          },
          "sensitive_attributes": [],
          "private": "bnVsbA==",
          "dependencies": [
            "module.apigateway.aws_apigatewayv2_api.main",
            "module.apigateway.aws_apigatewayv2_stage.dev",
            "module.apigateway.aws_cloudwatch_log_group.main_api_gw",
            "module.apigateway.data.aws_caller_identity.current",
            "module.apigateway.data.aws_region.current",
            "module.apigateway_resource_authorization.aws_apigatewayv2_authorizer.header_based_authorizer",
            "module.apigateway_resource_authorization.aws_cloudwatch_log_group.html_loggroup_lambda_authorizer",
            "module.apigateway_resource_authorization.aws_iam_policy.dynamodb_lambda_policy_authorizer",
            "module.apigateway_resource_authorization.aws_iam_role.lambda_role_authorizer",
            "module.apigateway_resource_authorization.aws_iam_role_policy_attachment.lambda_attachements",
            "module.apigateway_resource_authorization.aws_iam_role_policy_attachment.lambda_role_policy_authorizer",
            "module.apigateway_resource_authorization.aws_lambda_function.html_lambda_authorizer",
            "module.apigateway_resource_authorization.aws_lambda_permission.allow_api_gw_invoke_authorizer",
            "module.apigateway_resource_authorization.data.archive_file.lambda_package_authorizer",
            "module.apigateway_resource_authorization.data.aws_apigatewayv2_api.selected",
            "module.apigateway_resource_authorization.data.aws_caller_identity.current",
            "module.apigateway_resource_authorization.data.aws_iam_policy_document.lambda_policy_document_authorizer",
            "module.apigateway_resource_authorization.data.aws_region.current",
            "module.apigateway_resource_users.aws_iam_role.lambda_role_users_find_by_id",
            "module.tables_dynamodb.aws_dynamodb_table.tbl_customers",
            "module.tables_dynamodb.aws_dynamodb_table.tbl_employees",
            "module.tables_dynamodb.aws_dynamodb_table.tbl_inventories",
            "module.tables_dynamodb.aws_dynamodb_table.tbl_suppliers",
            "module.tables_dynamodb.aws_dynamodb_table.tbl_token",
            "module.tables_dynamodb.aws_dynamodb_table.tbl_transaction_history",
            "module.tables_dynamodb.aws_dynamodb_table.tbl_users"
          ]
        }
      ]
    },
    {
      "module": "module.apigateway_resource_users",
      "mode": "managed",
      "type": "aws_iam_role_policy_attachment",
      "name": "lambda_role_policy_users_update",
      "provider": "provider[\"registry.terraform.io/hashicorp/aws\"]",
      "instances": [
        {
          "schema_version": 0,
          "attributes": {
            "id": "role-celeste-users-update-dev-20250306211839145200000009",
            "policy_arn": "arn:aws:iam::aws:policy/service-role/AWSLambdaBasicExecutionRole",
            "role": "role-celeste-users-update-dev"
          },
          "sensitive_attributes": [],
          "private": "bnVsbA==",
          "dependencies": [
            "module.apigateway.aws_apigatewayv2_api.main",
            "module.apigateway.aws_apigatewayv2_stage.dev",
            "module.apigateway.aws_cloudwatch_log_group.main_api_gw",
            "module.apigateway.data.aws_caller_identity.current",
            "module.apigateway.data.aws_region.current",
            "module.apigateway_resource_authorization.aws_apigatewayv2_authorizer.header_based_authorizer",
            "module.apigateway_resource_authorization.aws_cloudwatch_log_group.html_loggroup_lambda_authorizer",
            "module.apigateway_resource_authorization.aws_iam_policy.dynamodb_lambda_policy_authorizer",
            "module.apigateway_resource_authorization.aws_iam_role.lambda_role_authorizer",
            "module.apigateway_resource_authorization.aws_iam_role_policy_attachment.lambda_attachements",
            "module.apigateway_resource_authorization.aws_iam_role_policy_attachment.lambda_role_policy_authorizer",
            "module.apigateway_resource_authorization.aws_lambda_function.html_lambda_authorizer",
            "module.apigateway_resource_authorization.aws_lambda_permission.allow_api_gw_invoke_authorizer",
            "module.apigateway_resource_authorization.data.archive_file.lambda_package_authorizer",
            "module.apigateway_resource_authorization.data.aws_apigatewayv2_api.selected",
            "module.apigateway_resource_authorization.data.aws_caller_identity.current",
            "module.apigateway_resource_authorization.data.aws_iam_policy_document.lambda_policy_document_authorizer",
            "module.apigateway_resource_authorization.data.aws_region.current",
            "module.apigateway_resource_users.aws_iam_role.lambda_role_users_update",
            "module.tables_dynamodb.aws_dynamodb_table.tbl_customers",
            "module.tables_dynamodb.aws_dynamodb_table.tbl_employees",
            "module.tables_dynamodb.aws_dynamodb_table.tbl_inventories",
            "module.tables_dynamodb.aws_dynamodb_table.tbl_suppliers",
            "module.tables_dynamodb.aws_dynamodb_table.tbl_token",
            "module.tables_dynamodb.aws_dynamodb_table.tbl_transaction_history",
            "module.tables_dynamodb.aws_dynamodb_table.tbl_users"
          ]
        }
      ]
    },
    {
      "module": "module.apigateway_resource_users",
      "mode": "managed",
      "type": "aws_lambda_function",
      "name": "html_lambda_users_create",
      "provider": "provider[\"registry.terraform.io/hashicorp/aws\"]",
      "instances": [
        {
          "schema_version": 0,
          "attributes": {
            "architectures": [
              "arm64"
            ],
            "arn": "arn:aws:lambda:us-east-1:233925838033:function:lmb-celeste-users-create-dev",
            "code_sha256": "TvvnVnfYi9vkH8oD/Xk0LmDOktM99nOoYj1HmwUMF8Y=",
            "code_signing_config_arn": "",
            "dead_letter_config": [],
            "description": "",
            "environment": [],
            "ephemeral_storage": [
              {
                "size": 512
              }
            ],
            "file_system_config": [],
            "filename": "./resources/core/users-create/index.zip",
            "function_name": "lmb-celeste-users-create-dev",
            "handler": "index.handler",
            "id": "lmb-celeste-users-create-dev",
            "image_config": [],
            "image_uri": "",
            "invoke_arn": "arn:aws:apigateway:us-east-1:lambda:path/2015-03-31/functions/arn:aws:lambda:us-east-1:233925838033:function:lmb-celeste-users-create-dev/invocations",
            "kms_key_arn": "",
            "last_modified": "2025-03-14T20:08:11.000+0000",
            "layers": [],
            "logging_config": [
              {
                "application_log_level": "",
                "log_format": "Text",
                "log_group": "/aws/lambda/lmb-celeste-users-create-dev",
                "system_log_level": ""
              }
            ],
            "memory_size": 128,
            "package_type": "Zip",
            "publish": false,
            "qualified_arn": "arn:aws:lambda:us-east-1:233925838033:function:lmb-celeste-users-create-dev:$LATEST",
            "qualified_invoke_arn": "arn:aws:apigateway:us-east-1:lambda:path/2015-03-31/functions/arn:aws:lambda:us-east-1:233925838033:function:lmb-celeste-users-create-dev:$LATEST/invocations",
            "replace_security_groups_on_destroy": null,
            "replacement_security_group_ids": null,
            "reserved_concurrent_executions": -1,
            "role": "arn:aws:iam::233925838033:role/role-celeste-users-create-dev",
            "runtime": "nodejs22.x",
            "s3_bucket": null,
            "s3_key": null,
            "s3_object_version": null,
            "signing_job_arn": "",
            "signing_profile_version_arn": "",
            "skip_destroy": false,
            "snap_start": [],
            "source_code_hash": "TvvnVnfYi9vkH8oD/Xk0LmDOktM99nOoYj1HmwUMF8Y=",
            "source_code_size": 361998,
            "tags": {
              "app_name": "celeste",
              "env": "dev"
            },
            "tags_all": {
              "app_name": "celeste",
              "env": "dev",
              "iac": "terraform"
            },
            "timeout": 30,
            "timeouts": null,
            "tracing_config": [
              {
                "mode": "PassThrough"
              }
            ],
            "version": "$LATEST",
            "vpc_config": []
          },
          "sensitive_attributes": [],
          "private": "eyJlMmJmYjczMC1lY2FhLTExZTYtOGY4OC0zNDM2M2JjN2M0YzAiOnsiY3JlYXRlIjo2MDAwMDAwMDAwMDAsImRlbGV0ZSI6NjAwMDAwMDAwMDAwLCJ1cGRhdGUiOjYwMDAwMDAwMDAwMH19",
          "dependencies": [
            "module.apigateway.aws_apigatewayv2_api.main",
            "module.apigateway.aws_apigatewayv2_stage.dev",
            "module.apigateway.aws_cloudwatch_log_group.main_api_gw",
            "module.apigateway.data.aws_caller_identity.current",
            "module.apigateway.data.aws_region.current",
            "module.apigateway_resource_authorization.aws_apigatewayv2_authorizer.header_based_authorizer",
            "module.apigateway_resource_authorization.aws_cloudwatch_log_group.html_loggroup_lambda_authorizer",
            "module.apigateway_resource_authorization.aws_iam_policy.dynamodb_lambda_policy_authorizer",
            "module.apigateway_resource_authorization.aws_iam_role.lambda_role_authorizer",
            "module.apigateway_resource_authorization.aws_iam_role_policy_attachment.lambda_attachements",
            "module.apigateway_resource_authorization.aws_iam_role_policy_attachment.lambda_role_policy_authorizer",
            "module.apigateway_resource_authorization.aws_lambda_function.html_lambda_authorizer",
            "module.apigateway_resource_authorization.aws_lambda_permission.allow_api_gw_invoke_authorizer",
            "module.apigateway_resource_authorization.data.archive_file.lambda_package_authorizer",
            "module.apigateway_resource_authorization.data.aws_apigatewayv2_api.selected",
            "module.apigateway_resource_authorization.data.aws_caller_identity.current",
            "module.apigateway_resource_authorization.data.aws_iam_policy_document.lambda_policy_document_authorizer",
            "module.apigateway_resource_authorization.data.aws_region.current",
            "module.apigateway_resource_users.aws_iam_role.lambda_role_users_create",
            "module.apigateway_resource_users.data.archive_file.lambda_package_users_create",
            "module.tables_dynamodb.aws_dynamodb_table.tbl_customers",
            "module.tables_dynamodb.aws_dynamodb_table.tbl_employees",
            "module.tables_dynamodb.aws_dynamodb_table.tbl_inventories",
            "module.tables_dynamodb.aws_dynamodb_table.tbl_suppliers",
            "module.tables_dynamodb.aws_dynamodb_table.tbl_token",
            "module.tables_dynamodb.aws_dynamodb_table.tbl_transaction_history",
            "module.tables_dynamodb.aws_dynamodb_table.tbl_users"
          ]
        }
      ]
    },
    {
      "module": "module.apigateway_resource_users",
      "mode": "managed",
      "type": "aws_lambda_function",
      "name": "html_lambda_users_delete_by_id",
      "provider": "provider[\"registry.terraform.io/hashicorp/aws\"]",
      "instances": [
        {
          "schema_version": 0,
          "attributes": {
            "architectures": [
              "arm64"
            ],
            "arn": "arn:aws:lambda:us-east-1:233925838033:function:lmb-celeste-users-delete-by-id-dev",
            "code_sha256": "CmA19Luw3uabiHSjlX3X/FVZDiKpPjViE59dZa35v3U=",
            "code_signing_config_arn": "",
            "dead_letter_config": [],
            "description": "",
            "environment": [],
            "ephemeral_storage": [
              {
                "size": 512
              }
            ],
            "file_system_config": [],
            "filename": "./resources/core/users-delete-by-id/index.zip",
            "function_name": "lmb-celeste-users-delete-by-id-dev",
            "handler": "index.handler",
            "id": "lmb-celeste-users-delete-by-id-dev",
            "image_config": [],
            "image_uri": "",
            "invoke_arn": "arn:aws:apigateway:us-east-1:lambda:path/2015-03-31/functions/arn:aws:lambda:us-east-1:233925838033:function:lmb-celeste-users-delete-by-id-dev/invocations",
            "kms_key_arn": "",
            "last_modified": "2025-03-14T20:08:18.000+0000",
            "layers": [],
            "logging_config": [
              {
                "application_log_level": "",
                "log_format": "Text",
                "log_group": "/aws/lambda/lmb-celeste-users-delete-by-id-dev",
                "system_log_level": ""
              }
            ],
            "memory_size": 128,
            "package_type": "Zip",
            "publish": false,
            "qualified_arn": "arn:aws:lambda:us-east-1:233925838033:function:lmb-celeste-users-delete-by-id-dev:$LATEST",
            "qualified_invoke_arn": "arn:aws:apigateway:us-east-1:lambda:path/2015-03-31/functions/arn:aws:lambda:us-east-1:233925838033:function:lmb-celeste-users-delete-by-id-dev:$LATEST/invocations",
            "replace_security_groups_on_destroy": null,
            "replacement_security_group_ids": null,
            "reserved_concurrent_executions": -1,
            "role": "arn:aws:iam::233925838033:role/role-celeste-users-delete-by-id-dev",
            "runtime": "nodejs22.x",
            "s3_bucket": null,
            "s3_key": null,
            "s3_object_version": null,
            "signing_job_arn": "",
            "signing_profile_version_arn": "",
            "skip_destroy": false,
            "snap_start": [],
            "source_code_hash": "CmA19Luw3uabiHSjlX3X/FVZDiKpPjViE59dZa35v3U=",
            "source_code_size": 361184,
            "tags": {
              "app_name": "celeste",
              "env": "dev"
            },
            "tags_all": {
              "app_name": "celeste",
              "env": "dev",
              "iac": "terraform"
            },
            "timeout": 30,
            "timeouts": null,
            "tracing_config": [
              {
                "mode": "PassThrough"
              }
            ],
            "version": "$LATEST",
            "vpc_config": []
          },
          "sensitive_attributes": [],
          "private": "eyJlMmJmYjczMC1lY2FhLTExZTYtOGY4OC0zNDM2M2JjN2M0YzAiOnsiY3JlYXRlIjo2MDAwMDAwMDAwMDAsImRlbGV0ZSI6NjAwMDAwMDAwMDAwLCJ1cGRhdGUiOjYwMDAwMDAwMDAwMH19",
          "dependencies": [
            "module.apigateway.aws_apigatewayv2_api.main",
            "module.apigateway.aws_apigatewayv2_stage.dev",
            "module.apigateway.aws_cloudwatch_log_group.main_api_gw",
            "module.apigateway.data.aws_caller_identity.current",
            "module.apigateway.data.aws_region.current",
            "module.apigateway_resource_authorization.aws_apigatewayv2_authorizer.header_based_authorizer",
            "module.apigateway_resource_authorization.aws_cloudwatch_log_group.html_loggroup_lambda_authorizer",
            "module.apigateway_resource_authorization.aws_iam_policy.dynamodb_lambda_policy_authorizer",
            "module.apigateway_resource_authorization.aws_iam_role.lambda_role_authorizer",
            "module.apigateway_resource_authorization.aws_iam_role_policy_attachment.lambda_attachements",
            "module.apigateway_resource_authorization.aws_iam_role_policy_attachment.lambda_role_policy_authorizer",
            "module.apigateway_resource_authorization.aws_lambda_function.html_lambda_authorizer",
            "module.apigateway_resource_authorization.aws_lambda_permission.allow_api_gw_invoke_authorizer",
            "module.apigateway_resource_authorization.data.archive_file.lambda_package_authorizer",
            "module.apigateway_resource_authorization.data.aws_apigatewayv2_api.selected",
            "module.apigateway_resource_authorization.data.aws_caller_identity.current",
            "module.apigateway_resource_authorization.data.aws_iam_policy_document.lambda_policy_document_authorizer",
            "module.apigateway_resource_authorization.data.aws_region.current",
            "module.apigateway_resource_users.aws_iam_role.lambda_role_users_delete_by_id",
            "module.apigateway_resource_users.data.archive_file.lambda_package_users_delete_by_id",
            "module.tables_dynamodb.aws_dynamodb_table.tbl_customers",
            "module.tables_dynamodb.aws_dynamodb_table.tbl_employees",
            "module.tables_dynamodb.aws_dynamodb_table.tbl_inventories",
            "module.tables_dynamodb.aws_dynamodb_table.tbl_suppliers",
            "module.tables_dynamodb.aws_dynamodb_table.tbl_token",
            "module.tables_dynamodb.aws_dynamodb_table.tbl_transaction_history",
            "module.tables_dynamodb.aws_dynamodb_table.tbl_users"
          ]
        }
      ]
    },
    {
      "module": "module.apigateway_resource_users",
      "mode": "managed",
      "type": "aws_lambda_function",
      "name": "html_lambda_users_find_by_id",
      "provider": "provider[\"registry.terraform.io/hashicorp/aws\"]",
      "instances": [
        {
          "schema_version": 0,
          "attributes": {
            "architectures": [
              "arm64"
            ],
            "arn": "arn:aws:lambda:us-east-1:233925838033:function:lmb-celeste-users-find-by-id-dev",
            "code_sha256": "YKftu2d7CE2q43Fha8VRQRqL1WOOFaXZE38RMCtgBbw=",
            "code_signing_config_arn": "",
            "dead_letter_config": [],
            "description": "",
            "environment": [],
            "ephemeral_storage": [
              {
                "size": 512
              }
            ],
            "file_system_config": [],
            "filename": "./resources/core/users-find-by-id/index.zip",
            "function_name": "lmb-celeste-users-find-by-id-dev",
            "handler": "index.handler",
            "id": "lmb-celeste-users-find-by-id-dev",
            "image_config": [],
            "image_uri": "",
            "invoke_arn": "arn:aws:apigateway:us-east-1:lambda:path/2015-03-31/functions/arn:aws:lambda:us-east-1:233925838033:function:lmb-celeste-users-find-by-id-dev/invocations",
            "kms_key_arn": "",
            "last_modified": "2025-03-14T20:08:49.000+0000",
            "layers": [],
            "logging_config": [
              {
                "application_log_level": "",
                "log_format": "Text",
                "log_group": "/aws/lambda/lmb-celeste-users-find-by-id-dev",
                "system_log_level": ""
              }
            ],
            "memory_size": 128,
            "package_type": "Zip",
            "publish": false,
            "qualified_arn": "arn:aws:lambda:us-east-1:233925838033:function:lmb-celeste-users-find-by-id-dev:$LATEST",
            "qualified_invoke_arn": "arn:aws:apigateway:us-east-1:lambda:path/2015-03-31/functions/arn:aws:lambda:us-east-1:233925838033:function:lmb-celeste-users-find-by-id-dev:$LATEST/invocations",
            "replace_security_groups_on_destroy": null,
            "replacement_security_group_ids": null,
            "reserved_concurrent_executions": -1,
            "role": "arn:aws:iam::233925838033:role/role-celeste-users-find-by-id-dev",
            "runtime": "nodejs22.x",
            "s3_bucket": null,
            "s3_key": null,
            "s3_object_version": null,
            "signing_job_arn": "",
            "signing_profile_version_arn": "",
            "skip_destroy": false,
            "snap_start": [],
            "source_code_hash": "YKftu2d7CE2q43Fha8VRQRqL1WOOFaXZE38RMCtgBbw=",
            "source_code_size": 361212,
            "tags": {
              "app_name": "celeste",
              "env": "dev"
            },
            "tags_all": {
              "app_name": "celeste",
              "env": "dev",
              "iac": "terraform"
            },
            "timeout": 30,
            "timeouts": null,
            "tracing_config": [
              {
                "mode": "PassThrough"
              }
            ],
            "version": "$LATEST",
            "vpc_config": []
          },
          "sensitive_attributes": [],
          "private": "eyJlMmJmYjczMC1lY2FhLTExZTYtOGY4OC0zNDM2M2JjN2M0YzAiOnsiY3JlYXRlIjo2MDAwMDAwMDAwMDAsImRlbGV0ZSI6NjAwMDAwMDAwMDAwLCJ1cGRhdGUiOjYwMDAwMDAwMDAwMH19",
          "dependencies": [
            "module.apigateway.aws_apigatewayv2_api.main",
            "module.apigateway.aws_apigatewayv2_stage.dev",
            "module.apigateway.aws_cloudwatch_log_group.main_api_gw",
            "module.apigateway.data.aws_caller_identity.current",
            "module.apigateway.data.aws_region.current",
            "module.apigateway_resource_authorization.aws_apigatewayv2_authorizer.header_based_authorizer",
            "module.apigateway_resource_authorization.aws_cloudwatch_log_group.html_loggroup_lambda_authorizer",
            "module.apigateway_resource_authorization.aws_iam_policy.dynamodb_lambda_policy_authorizer",
            "module.apigateway_resource_authorization.aws_iam_role.lambda_role_authorizer",
            "module.apigateway_resource_authorization.aws_iam_role_policy_attachment.lambda_attachements",
            "module.apigateway_resource_authorization.aws_iam_role_policy_attachment.lambda_role_policy_authorizer",
            "module.apigateway_resource_authorization.aws_lambda_function.html_lambda_authorizer",
            "module.apigateway_resource_authorization.aws_lambda_permission.allow_api_gw_invoke_authorizer",
            "module.apigateway_resource_authorization.data.archive_file.lambda_package_authorizer",
            "module.apigateway_resource_authorization.data.aws_apigatewayv2_api.selected",
            "module.apigateway_resource_authorization.data.aws_caller_identity.current",
            "module.apigateway_resource_authorization.data.aws_iam_policy_document.lambda_policy_document_authorizer",
            "module.apigateway_resource_authorization.data.aws_region.current",
            "module.apigateway_resource_users.aws_iam_role.lambda_role_users_find_by_id",
            "module.apigateway_resource_users.data.archive_file.lambda_package_users_find_by_id",
            "module.tables_dynamodb.aws_dynamodb_table.tbl_customers",
            "module.tables_dynamodb.aws_dynamodb_table.tbl_employees",
            "module.tables_dynamodb.aws_dynamodb_table.tbl_inventories",
            "module.tables_dynamodb.aws_dynamodb_table.tbl_suppliers",
            "module.tables_dynamodb.aws_dynamodb_table.tbl_token",
            "module.tables_dynamodb.aws_dynamodb_table.tbl_transaction_history",
            "module.tables_dynamodb.aws_dynamodb_table.tbl_users"
          ]
        }
      ]
    },
    {
      "module": "module.apigateway_resource_users",
      "mode": "managed",
      "type": "aws_lambda_function",
      "name": "html_lambda_users_update",
      "provider": "provider[\"registry.terraform.io/hashicorp/aws\"]",
      "instances": [
        {
          "schema_version": 0,
          "attributes": {
            "architectures": [
              "arm64"
            ],
            "arn": "arn:aws:lambda:us-east-1:233925838033:function:lmb-celeste-users-update-dev",
            "code_sha256": "q9w7e2rEudtzlcSxdPXDmKQEJC3L3Y3eDCkrDEkQr0E=",
            "code_signing_config_arn": "",
            "dead_letter_config": [],
            "description": "",
            "environment": [],
            "ephemeral_storage": [
              {
                "size": 512
              }
            ],
            "file_system_config": [],
            "filename": "./resources/core/users-update-by-id/index.zip",
            "function_name": "lmb-celeste-users-update-dev",
            "handler": "index.handler",
            "id": "lmb-celeste-users-update-dev",
            "image_config": [],
            "image_uri": "",
            "invoke_arn": "arn:aws:apigateway:us-east-1:lambda:path/2015-03-31/functions/arn:aws:lambda:us-east-1:233925838033:function:lmb-celeste-users-update-dev/invocations",
            "kms_key_arn": "",
            "last_modified": "2025-03-14T20:08:30.000+0000",
            "layers": [],
            "logging_config": [
              {
                "application_log_level": "",
                "log_format": "Text",
                "log_group": "/aws/lambda/lmb-celeste-users-update-dev",
                "system_log_level": ""
              }
            ],
            "memory_size": 128,
            "package_type": "Zip",
            "publish": false,
            "qualified_arn": "arn:aws:lambda:us-east-1:233925838033:function:lmb-celeste-users-update-dev:$LATEST",
            "qualified_invoke_arn": "arn:aws:apigateway:us-east-1:lambda:path/2015-03-31/functions/arn:aws:lambda:us-east-1:233925838033:function:lmb-celeste-users-update-dev:$LATEST/invocations",
            "replace_security_groups_on_destroy": null,
            "replacement_security_group_ids": null,
            "reserved_concurrent_executions": -1,
            "role": "arn:aws:iam::233925838033:role/role-celeste-users-update-dev",
            "runtime": "nodejs22.x",
            "s3_bucket": null,
            "s3_key": null,
            "s3_object_version": null,
            "signing_job_arn": "",
            "signing_profile_version_arn": "",
            "skip_destroy": false,
            "snap_start": [],
            "source_code_hash": "q9w7e2rEudtzlcSxdPXDmKQEJC3L3Y3eDCkrDEkQr0E=",
            "source_code_size": 564340,
            "tags": {
              "app_name": "celeste",
              "env": "dev"
            },
            "tags_all": {
              "app_name": "celeste",
              "env": "dev",
              "iac": "terraform"
            },
            "timeout": 30,
            "timeouts": null,
            "tracing_config": [
              {
                "mode": "PassThrough"
              }
            ],
            "version": "$LATEST",
            "vpc_config": []
          },
          "sensitive_attributes": [],
          "private": "eyJlMmJmYjczMC1lY2FhLTExZTYtOGY4OC0zNDM2M2JjN2M0YzAiOnsiY3JlYXRlIjo2MDAwMDAwMDAwMDAsImRlbGV0ZSI6NjAwMDAwMDAwMDAwLCJ1cGRhdGUiOjYwMDAwMDAwMDAwMH19",
          "dependencies": [
            "module.apigateway.aws_apigatewayv2_api.main",
            "module.apigateway.aws_apigatewayv2_stage.dev",
            "module.apigateway.aws_cloudwatch_log_group.main_api_gw",
            "module.apigateway.data.aws_caller_identity.current",
            "module.apigateway.data.aws_region.current",
            "module.apigateway_resource_authorization.aws_apigatewayv2_authorizer.header_based_authorizer",
            "module.apigateway_resource_authorization.aws_cloudwatch_log_group.html_loggroup_lambda_authorizer",
            "module.apigateway_resource_authorization.aws_iam_policy.dynamodb_lambda_policy_authorizer",
            "module.apigateway_resource_authorization.aws_iam_role.lambda_role_authorizer",
            "module.apigateway_resource_authorization.aws_iam_role_policy_attachment.lambda_attachements",
            "module.apigateway_resource_authorization.aws_iam_role_policy_attachment.lambda_role_policy_authorizer",
            "module.apigateway_resource_authorization.aws_lambda_function.html_lambda_authorizer",
            "module.apigateway_resource_authorization.aws_lambda_permission.allow_api_gw_invoke_authorizer",
            "module.apigateway_resource_authorization.data.archive_file.lambda_package_authorizer",
            "module.apigateway_resource_authorization.data.aws_apigatewayv2_api.selected",
            "module.apigateway_resource_authorization.data.aws_caller_identity.current",
            "module.apigateway_resource_authorization.data.aws_iam_policy_document.lambda_policy_document_authorizer",
            "module.apigateway_resource_authorization.data.aws_region.current",
            "module.apigateway_resource_users.aws_iam_role.lambda_role_users_update",
            "module.apigateway_resource_users.data.archive_file.lambda_package_users_update",
            "module.tables_dynamodb.aws_dynamodb_table.tbl_customers",
            "module.tables_dynamodb.aws_dynamodb_table.tbl_employees",
            "module.tables_dynamodb.aws_dynamodb_table.tbl_inventories",
            "module.tables_dynamodb.aws_dynamodb_table.tbl_suppliers",
            "module.tables_dynamodb.aws_dynamodb_table.tbl_token",
            "module.tables_dynamodb.aws_dynamodb_table.tbl_transaction_history",
            "module.tables_dynamodb.aws_dynamodb_table.tbl_users"
          ]
        }
      ]
    },
    {
      "module": "module.apigateway_resource_users",
      "mode": "managed",
      "type": "aws_lambda_permission",
      "name": "api_gw_users_create",
      "provider": "provider[\"registry.terraform.io/hashicorp/aws\"]",
      "instances": [
        {
          "schema_version": 0,
          "attributes": {
            "action": "lambda:InvokeFunction",
            "event_source_token": null,
            "function_name": "lmb-celeste-users-create-dev",
            "function_url_auth_type": null,
            "id": "AllowExecutionFromAPIGateway",
            "principal": "apigateway.amazonaws.com",
            "principal_org_id": null,
            "qualifier": "",
            "source_account": null,
            "source_arn": "arn:aws:execute-api:us-east-1:233925838033:u83oit2sq6/*/*",
            "statement_id": "AllowExecutionFromAPIGateway",
            "statement_id_prefix": ""
          },
          "sensitive_attributes": [],
          "private": "bnVsbA==",
          "dependencies": [
            "module.apigateway.aws_apigatewayv2_api.main",
            "module.apigateway.aws_apigatewayv2_stage.dev",
            "module.apigateway.aws_cloudwatch_log_group.main_api_gw",
            "module.apigateway.data.aws_caller_identity.current",
            "module.apigateway.data.aws_region.current",
            "module.apigateway_resource_authorization.aws_apigatewayv2_authorizer.header_based_authorizer",
            "module.apigateway_resource_authorization.aws_cloudwatch_log_group.html_loggroup_lambda_authorizer",
            "module.apigateway_resource_authorization.aws_iam_policy.dynamodb_lambda_policy_authorizer",
            "module.apigateway_resource_authorization.aws_iam_role.lambda_role_authorizer",
            "module.apigateway_resource_authorization.aws_iam_role_policy_attachment.lambda_attachements",
            "module.apigateway_resource_authorization.aws_iam_role_policy_attachment.lambda_role_policy_authorizer",
            "module.apigateway_resource_authorization.aws_lambda_function.html_lambda_authorizer",
            "module.apigateway_resource_authorization.aws_lambda_permission.allow_api_gw_invoke_authorizer",
            "module.apigateway_resource_authorization.data.archive_file.lambda_package_authorizer",
            "module.apigateway_resource_authorization.data.aws_apigatewayv2_api.selected",
            "module.apigateway_resource_authorization.data.aws_caller_identity.current",
            "module.apigateway_resource_authorization.data.aws_iam_policy_document.lambda_policy_document_authorizer",
            "module.apigateway_resource_authorization.data.aws_region.current",
            "module.apigateway_resource_users.aws_iam_role.lambda_role_users_create",
            "module.apigateway_resource_users.aws_lambda_function.html_lambda_users_create",
            "module.apigateway_resource_users.data.archive_file.lambda_package_users_create",
            "module.apigateway_resource_users.data.aws_apigatewayv2_api.selected",
            "module.tables_dynamodb.aws_dynamodb_table.tbl_customers",
            "module.tables_dynamodb.aws_dynamodb_table.tbl_employees",
            "module.tables_dynamodb.aws_dynamodb_table.tbl_inventories",
            "module.tables_dynamodb.aws_dynamodb_table.tbl_suppliers",
            "module.tables_dynamodb.aws_dynamodb_table.tbl_token",
            "module.tables_dynamodb.aws_dynamodb_table.tbl_transaction_history",
            "module.tables_dynamodb.aws_dynamodb_table.tbl_users"
          ]
        }
      ]
    },
    {
      "module": "module.apigateway_resource_users",
      "mode": "managed",
      "type": "aws_lambda_permission",
      "name": "api_gw_users_delete_by_id",
      "provider": "provider[\"registry.terraform.io/hashicorp/aws\"]",
      "instances": [
        {
          "schema_version": 0,
          "attributes": {
            "action": "lambda:InvokeFunction",
            "event_source_token": null,
            "function_name": "lmb-celeste-users-delete-by-id-dev",
            "function_url_auth_type": null,
            "id": "AllowExecutionFromAPIGateway",
            "principal": "apigateway.amazonaws.com",
            "principal_org_id": null,
            "qualifier": "",
            "source_account": null,
            "source_arn": "arn:aws:execute-api:us-east-1:233925838033:u83oit2sq6/*/*",
            "statement_id": "AllowExecutionFromAPIGateway",
            "statement_id_prefix": ""
          },
          "sensitive_attributes": [],
          "private": "bnVsbA==",
          "dependencies": [
            "module.apigateway.aws_apigatewayv2_api.main",
            "module.apigateway.aws_apigatewayv2_stage.dev",
            "module.apigateway.aws_cloudwatch_log_group.main_api_gw",
            "module.apigateway.data.aws_caller_identity.current",
            "module.apigateway.data.aws_region.current",
            "module.apigateway_resource_authorization.aws_apigatewayv2_authorizer.header_based_authorizer",
            "module.apigateway_resource_authorization.aws_cloudwatch_log_group.html_loggroup_lambda_authorizer",
            "module.apigateway_resource_authorization.aws_iam_policy.dynamodb_lambda_policy_authorizer",
            "module.apigateway_resource_authorization.aws_iam_role.lambda_role_authorizer",
            "module.apigateway_resource_authorization.aws_iam_role_policy_attachment.lambda_attachements",
            "module.apigateway_resource_authorization.aws_iam_role_policy_attachment.lambda_role_policy_authorizer",
            "module.apigateway_resource_authorization.aws_lambda_function.html_lambda_authorizer",
            "module.apigateway_resource_authorization.aws_lambda_permission.allow_api_gw_invoke_authorizer",
            "module.apigateway_resource_authorization.data.archive_file.lambda_package_authorizer",
            "module.apigateway_resource_authorization.data.aws_apigatewayv2_api.selected",
            "module.apigateway_resource_authorization.data.aws_caller_identity.current",
            "module.apigateway_resource_authorization.data.aws_iam_policy_document.lambda_policy_document_authorizer",
            "module.apigateway_resource_authorization.data.aws_region.current",
            "module.apigateway_resource_users.aws_iam_role.lambda_role_users_delete_by_id",
            "module.apigateway_resource_users.aws_lambda_function.html_lambda_users_delete_by_id",
            "module.apigateway_resource_users.data.archive_file.lambda_package_users_delete_by_id",
            "module.apigateway_resource_users.data.aws_apigatewayv2_api.selected",
            "module.tables_dynamodb.aws_dynamodb_table.tbl_customers",
            "module.tables_dynamodb.aws_dynamodb_table.tbl_employees",
            "module.tables_dynamodb.aws_dynamodb_table.tbl_inventories",
            "module.tables_dynamodb.aws_dynamodb_table.tbl_suppliers",
            "module.tables_dynamodb.aws_dynamodb_table.tbl_token",
            "module.tables_dynamodb.aws_dynamodb_table.tbl_transaction_history",
            "module.tables_dynamodb.aws_dynamodb_table.tbl_users"
          ]
        }
      ]
    },
    {
      "module": "module.apigateway_resource_users",
      "mode": "managed",
      "type": "aws_lambda_permission",
      "name": "api_gw_users_find_by_id",
      "provider": "provider[\"registry.terraform.io/hashicorp/aws\"]",
      "instances": [
        {
          "schema_version": 0,
          "attributes": {
            "action": "lambda:InvokeFunction",
            "event_source_token": null,
            "function_name": "lmb-celeste-users-find-by-id-dev",
            "function_url_auth_type": null,
            "id": "AllowExecutionFromAPIGateway",
            "principal": "apigateway.amazonaws.com",
            "principal_org_id": null,
            "qualifier": "",
            "source_account": null,
            "source_arn": "arn:aws:execute-api:us-east-1:233925838033:u83oit2sq6/*/*",
            "statement_id": "AllowExecutionFromAPIGateway",
            "statement_id_prefix": ""
          },
          "sensitive_attributes": [],
          "private": "bnVsbA==",
          "dependencies": [
            "module.apigateway.aws_apigatewayv2_api.main",
            "module.apigateway.aws_apigatewayv2_stage.dev",
            "module.apigateway.aws_cloudwatch_log_group.main_api_gw",
            "module.apigateway.data.aws_caller_identity.current",
            "module.apigateway.data.aws_region.current",
            "module.apigateway_resource_authorization.aws_apigatewayv2_authorizer.header_based_authorizer",
            "module.apigateway_resource_authorization.aws_cloudwatch_log_group.html_loggroup_lambda_authorizer",
            "module.apigateway_resource_authorization.aws_iam_policy.dynamodb_lambda_policy_authorizer",
            "module.apigateway_resource_authorization.aws_iam_role.lambda_role_authorizer",
            "module.apigateway_resource_authorization.aws_iam_role_policy_attachment.lambda_attachements",
            "module.apigateway_resource_authorization.aws_iam_role_policy_attachment.lambda_role_policy_authorizer",
            "module.apigateway_resource_authorization.aws_lambda_function.html_lambda_authorizer",
            "module.apigateway_resource_authorization.aws_lambda_permission.allow_api_gw_invoke_authorizer",
            "module.apigateway_resource_authorization.data.archive_file.lambda_package_authorizer",
            "module.apigateway_resource_authorization.data.aws_apigatewayv2_api.selected",
            "module.apigateway_resource_authorization.data.aws_caller_identity.current",
            "module.apigateway_resource_authorization.data.aws_iam_policy_document.lambda_policy_document_authorizer",
            "module.apigateway_resource_authorization.data.aws_region.current",
            "module.apigateway_resource_users.aws_iam_role.lambda_role_users_find_by_id",
            "module.apigateway_resource_users.aws_lambda_function.html_lambda_users_find_by_id",
            "module.apigateway_resource_users.data.archive_file.lambda_package_users_find_by_id",
            "module.apigateway_resource_users.data.aws_apigatewayv2_api.selected",
            "module.tables_dynamodb.aws_dynamodb_table.tbl_customers",
            "module.tables_dynamodb.aws_dynamodb_table.tbl_employees",
            "module.tables_dynamodb.aws_dynamodb_table.tbl_inventories",
            "module.tables_dynamodb.aws_dynamodb_table.tbl_suppliers",
            "module.tables_dynamodb.aws_dynamodb_table.tbl_token",
            "module.tables_dynamodb.aws_dynamodb_table.tbl_transaction_history",
            "module.tables_dynamodb.aws_dynamodb_table.tbl_users"
          ]
        }
      ]
    },
    {
      "module": "module.apigateway_resource_users",
      "mode": "managed",
      "type": "aws_lambda_permission",
      "name": "api_gw_users_update",
      "provider": "provider[\"registry.terraform.io/hashicorp/aws\"]",
      "instances": [
        {
          "schema_version": 0,
          "attributes": {
            "action": "lambda:InvokeFunction",
            "event_source_token": null,
            "function_name": "lmb-celeste-users-update-dev",
            "function_url_auth_type": null,
            "id": "AllowExecutionFromAPIGateway",
            "principal": "apigateway.amazonaws.com",
            "principal_org_id": null,
            "qualifier": "",
            "source_account": null,
            "source_arn": "arn:aws:execute-api:us-east-1:233925838033:u83oit2sq6/*/*",
            "statement_id": "AllowExecutionFromAPIGateway",
            "statement_id_prefix": ""
          },
          "sensitive_attributes": [],
          "private": "bnVsbA==",
          "dependencies": [
            "module.apigateway.aws_apigatewayv2_api.main",
            "module.apigateway.aws_apigatewayv2_stage.dev",
            "module.apigateway.aws_cloudwatch_log_group.main_api_gw",
            "module.apigateway.data.aws_caller_identity.current",
            "module.apigateway.data.aws_region.current",
            "module.apigateway_resource_authorization.aws_apigatewayv2_authorizer.header_based_authorizer",
            "module.apigateway_resource_authorization.aws_cloudwatch_log_group.html_loggroup_lambda_authorizer",
            "module.apigateway_resource_authorization.aws_iam_policy.dynamodb_lambda_policy_authorizer",
            "module.apigateway_resource_authorization.aws_iam_role.lambda_role_authorizer",
            "module.apigateway_resource_authorization.aws_iam_role_policy_attachment.lambda_attachements",
            "module.apigateway_resource_authorization.aws_iam_role_policy_attachment.lambda_role_policy_authorizer",
            "module.apigateway_resource_authorization.aws_lambda_function.html_lambda_authorizer",
            "module.apigateway_resource_authorization.aws_lambda_permission.allow_api_gw_invoke_authorizer",
            "module.apigateway_resource_authorization.data.archive_file.lambda_package_authorizer",
            "module.apigateway_resource_authorization.data.aws_apigatewayv2_api.selected",
            "module.apigateway_resource_authorization.data.aws_caller_identity.current",
            "module.apigateway_resource_authorization.data.aws_iam_policy_document.lambda_policy_document_authorizer",
            "module.apigateway_resource_authorization.data.aws_region.current",
            "module.apigateway_resource_users.aws_iam_role.lambda_role_users_update",
            "module.apigateway_resource_users.aws_lambda_function.html_lambda_users_update",
            "module.apigateway_resource_users.data.archive_file.lambda_package_users_update",
            "module.apigateway_resource_users.data.aws_apigatewayv2_api.selected",
            "module.tables_dynamodb.aws_dynamodb_table.tbl_customers",
            "module.tables_dynamodb.aws_dynamodb_table.tbl_employees",
            "module.tables_dynamodb.aws_dynamodb_table.tbl_inventories",
            "module.tables_dynamodb.aws_dynamodb_table.tbl_suppliers",
            "module.tables_dynamodb.aws_dynamodb_table.tbl_token",
            "module.tables_dynamodb.aws_dynamodb_table.tbl_transaction_history",
            "module.tables_dynamodb.aws_dynamodb_table.tbl_users"
          ]
        }
      ]
    },
    {
      "module": "module.tables_dynamodb",
      "mode": "managed",
      "type": "aws_dynamodb_table",
      "name": "tbl_customers",
      "provider": "provider[\"registry.terraform.io/hashicorp/aws\"]",
      "instances": [
        {
          "schema_version": 1,
          "attributes": {
            "arn": "arn:aws:dynamodb:us-east-1:233925838033:table/tbl-celeste-customers-dev",
            "attribute": [
              {
                "name": "id",
                "type": "N"
              },
              {
                "name": "userId",
                "type": "N"
              }
            ],
            "billing_mode": "PAY_PER_REQUEST",
            "deletion_protection_enabled": false,
            "global_secondary_index": [],
            "hash_key": "id",
            "id": "tbl-celeste-customers-dev",
            "import_table": [],
            "local_secondary_index": [],
            "name": "tbl-celeste-customers-dev",
            "on_demand_throughput": [],
            "point_in_time_recovery": [
              {
                "enabled": false
              }
            ],
            "range_key": "userId",
            "read_capacity": 0,
            "replica": [],
            "restore_date_time": null,
            "restore_source_name": null,
            "restore_source_table_arn": null,
            "restore_to_latest_time": null,
            "server_side_encryption": [],
            "stream_arn": "",
            "stream_enabled": false,
            "stream_label": "",
            "stream_view_type": "",
            "table_class": "STANDARD",
            "tags": {
              "app_name": "celeste",
              "env": "dev"
            },
            "tags_all": {
              "app_name": "celeste",
              "env": "dev",
              "iac": "terraform"
            },
            "timeouts": null,
            "ttl": [
              {
                "attribute_name": "",
                "enabled": false
              }
            ],
            "write_capacity": 0
          },
          "sensitive_attributes": [],
          "private": "eyJlMmJmYjczMC1lY2FhLTExZTYtOGY4OC0zNDM2M2JjN2M0YzAiOnsiY3JlYXRlIjoxODAwMDAwMDAwMDAwLCJkZWxldGUiOjYwMDAwMDAwMDAwMCwidXBkYXRlIjozNjAwMDAwMDAwMDAwfSwic2NoZW1hX3ZlcnNpb24iOiIxIn0="
        }
      ]
    },
    {
      "module": "module.tables_dynamodb",
      "mode": "managed",
      "type": "aws_dynamodb_table",
      "name": "tbl_employees",
      "provider": "provider[\"registry.terraform.io/hashicorp/aws\"]",
      "instances": [
        {
          "schema_version": 1,
          "attributes": {
            "arn": "arn:aws:dynamodb:us-east-1:233925838033:table/tbl-celeste-employees-dev",
            "attribute": [
              {
                "name": "id",
                "type": "N"
              },
              {
                "name": "userId",
                "type": "N"
              }
            ],
            "billing_mode": "PAY_PER_REQUEST",
            "deletion_protection_enabled": false,
            "global_secondary_index": [],
            "hash_key": "id",
            "id": "tbl-celeste-employees-dev",
            "import_table": [],
            "local_secondary_index": [],
            "name": "tbl-celeste-employees-dev",
            "on_demand_throughput": [],
            "point_in_time_recovery": [
              {
                "enabled": false
              }
            ],
            "range_key": "userId",
            "read_capacity": 0,
            "replica": [],
            "restore_date_time": null,
            "restore_source_name": null,
            "restore_source_table_arn": null,
            "restore_to_latest_time": null,
            "server_side_encryption": [],
            "stream_arn": "",
            "stream_enabled": false,
            "stream_label": "",
            "stream_view_type": "",
            "table_class": "STANDARD",
            "tags": {
              "app_name": "celeste",
              "env": "dev"
            },
            "tags_all": {
              "app_name": "celeste",
              "env": "dev",
              "iac": "terraform"
            },
            "timeouts": null,
            "ttl": [
              {
                "attribute_name": "",
                "enabled": false
              }
            ],
            "write_capacity": 0
          },
          "sensitive_attributes": [],
          "private": "eyJlMmJmYjczMC1lY2FhLTExZTYtOGY4OC0zNDM2M2JjN2M0YzAiOnsiY3JlYXRlIjoxODAwMDAwMDAwMDAwLCJkZWxldGUiOjYwMDAwMDAwMDAwMCwidXBkYXRlIjozNjAwMDAwMDAwMDAwfSwic2NoZW1hX3ZlcnNpb24iOiIxIn0="
        }
      ]
    },
    {
      "module": "module.tables_dynamodb",
      "mode": "managed",
      "type": "aws_dynamodb_table",
      "name": "tbl_inventories",
      "provider": "provider[\"registry.terraform.io/hashicorp/aws\"]",
      "instances": [
        {
          "schema_version": 1,
          "attributes": {
            "arn": "arn:aws:dynamodb:us-east-1:233925838033:table/tbl-celeste-inventories-dev",
            "attribute": [
              {
                "name": "id",
                "type": "N"
              },
              {
                "name": "userId",
                "type": "N"
              }
            ],
            "billing_mode": "PAY_PER_REQUEST",
            "deletion_protection_enabled": false,
            "global_secondary_index": [],
            "hash_key": "id",
            "id": "tbl-celeste-inventories-dev",
            "import_table": [],
            "local_secondary_index": [],
            "name": "tbl-celeste-inventories-dev",
            "on_demand_throughput": [],
            "point_in_time_recovery": [
              {
                "enabled": false
              }
            ],
            "range_key": "userId",
            "read_capacity": 0,
            "replica": [],
            "restore_date_time": null,
            "restore_source_name": null,
            "restore_source_table_arn": null,
            "restore_to_latest_time": null,
            "server_side_encryption": [],
            "stream_arn": "",
            "stream_enabled": false,
            "stream_label": "",
            "stream_view_type": "",
            "table_class": "STANDARD",
            "tags": {
              "app_name": "celeste",
              "env": "dev"
            },
            "tags_all": {
              "app_name": "celeste",
              "env": "dev",
              "iac": "terraform"
            },
            "timeouts": null,
            "ttl": [
              {
                "attribute_name": "",
                "enabled": false
              }
            ],
            "write_capacity": 0
          },
          "sensitive_attributes": [],
          "private": "eyJlMmJmYjczMC1lY2FhLTExZTYtOGY4OC0zNDM2M2JjN2M0YzAiOnsiY3JlYXRlIjoxODAwMDAwMDAwMDAwLCJkZWxldGUiOjYwMDAwMDAwMDAwMCwidXBkYXRlIjozNjAwMDAwMDAwMDAwfSwic2NoZW1hX3ZlcnNpb24iOiIxIn0="
        }
      ]
    },
    {
      "module": "module.tables_dynamodb",
      "mode": "managed",
      "type": "aws_dynamodb_table",
      "name": "tbl_suppliers",
      "provider": "provider[\"registry.terraform.io/hashicorp/aws\"]",
      "instances": [
        {
          "schema_version": 1,
          "attributes": {
            "arn": "arn:aws:dynamodb:us-east-1:233925838033:table/tbl-celeste-suppliers-dev",
            "attribute": [
              {
                "name": "id",
                "type": "N"
              },
              {
                "name": "userId",
                "type": "N"
              }
            ],
            "billing_mode": "PAY_PER_REQUEST",
            "deletion_protection_enabled": false,
            "global_secondary_index": [],
            "hash_key": "id",
            "id": "tbl-celeste-suppliers-dev",
            "import_table": [],
            "local_secondary_index": [],
            "name": "tbl-celeste-suppliers-dev",
            "on_demand_throughput": [],
            "point_in_time_recovery": [
              {
                "enabled": false
              }
            ],
            "range_key": "userId",
            "read_capacity": 0,
            "replica": [],
            "restore_date_time": null,
            "restore_source_name": null,
            "restore_source_table_arn": null,
            "restore_to_latest_time": null,
            "server_side_encryption": [],
            "stream_arn": "",
            "stream_enabled": false,
            "stream_label": "",
            "stream_view_type": "",
            "table_class": "STANDARD",
            "tags": {
              "app_name": "celeste",
              "env": "dev"
            },
            "tags_all": {
              "app_name": "celeste",
              "env": "dev",
              "iac": "terraform"
            },
            "timeouts": null,
            "ttl": [
              {
                "attribute_name": "",
                "enabled": false
              }
            ],
            "write_capacity": 0
          },
          "sensitive_attributes": [],
          "private": "eyJlMmJmYjczMC1lY2FhLTExZTYtOGY4OC0zNDM2M2JjN2M0YzAiOnsiY3JlYXRlIjoxODAwMDAwMDAwMDAwLCJkZWxldGUiOjYwMDAwMDAwMDAwMCwidXBkYXRlIjozNjAwMDAwMDAwMDAwfSwic2NoZW1hX3ZlcnNpb24iOiIxIn0="
        }
      ]
    },
    {
      "module": "module.tables_dynamodb",
      "mode": "managed",
      "type": "aws_dynamodb_table",
      "name": "tbl_token",
      "provider": "provider[\"registry.terraform.io/hashicorp/aws\"]",
      "instances": [
        {
          "schema_version": 1,
          "attributes": {
            "arn": "arn:aws:dynamodb:us-east-1:233925838033:table/tbl-celeste-token-dev",
            "attribute": [
              {
                "name": "id",
                "type": "N"
              }
            ],
            "billing_mode": "PAY_PER_REQUEST",
            "deletion_protection_enabled": false,
            "global_secondary_index": [],
            "hash_key": "id",
            "id": "tbl-celeste-token-dev",
            "import_table": [],
            "local_secondary_index": [],
            "name": "tbl-celeste-token-dev",
            "on_demand_throughput": [],
            "point_in_time_recovery": [
              {
                "enabled": false
              }
            ],
            "range_key": null,
            "read_capacity": 0,
            "replica": [],
            "restore_date_time": null,
            "restore_source_name": null,
            "restore_source_table_arn": null,
            "restore_to_latest_time": null,
            "server_side_encryption": [],
            "stream_arn": "",
            "stream_enabled": false,
            "stream_label": "",
            "stream_view_type": "",
            "table_class": "STANDARD",
            "tags": {
              "app_name": "celeste",
              "env": "dev"
            },
            "tags_all": {
              "app_name": "celeste",
              "env": "dev",
              "iac": "terraform"
            },
            "timeouts": null,
            "ttl": [
              {
                "attribute_name": "",
                "enabled": false
              }
            ],
            "write_capacity": 0
          },
          "sensitive_attributes": [],
          "private": "eyJlMmJmYjczMC1lY2FhLTExZTYtOGY4OC0zNDM2M2JjN2M0YzAiOnsiY3JlYXRlIjoxODAwMDAwMDAwMDAwLCJkZWxldGUiOjYwMDAwMDAwMDAwMCwidXBkYXRlIjozNjAwMDAwMDAwMDAwfSwic2NoZW1hX3ZlcnNpb24iOiIxIn0="
        }
      ]
    },
    {
      "module": "module.tables_dynamodb",
      "mode": "managed",
      "type": "aws_dynamodb_table",
      "name": "tbl_transaction_history",
      "provider": "provider[\"registry.terraform.io/hashicorp/aws\"]",
      "instances": [
        {
          "schema_version": 1,
          "attributes": {
            "arn": "arn:aws:dynamodb:us-east-1:233925838033:table/tbl-celeste-transaction-history-dev",
            "attribute": [
              {
                "name": "id",
                "type": "N"
              },
              {
                "name": "userId",
                "type": "N"
              }
            ],
            "billing_mode": "PAY_PER_REQUEST",
            "deletion_protection_enabled": false,
            "global_secondary_index": [],
            "hash_key": "id",
            "id": "tbl-celeste-transaction-history-dev",
            "import_table": [],
            "local_secondary_index": [],
            "name": "tbl-celeste-transaction-history-dev",
            "on_demand_throughput": [],
            "point_in_time_recovery": [
              {
                "enabled": false
              }
            ],
            "range_key": "userId",
            "read_capacity": 0,
            "replica": [],
            "restore_date_time": null,
            "restore_source_name": null,
            "restore_source_table_arn": null,
            "restore_to_latest_time": null,
            "server_side_encryption": [],
            "stream_arn": "",
            "stream_enabled": false,
            "stream_label": "",
            "stream_view_type": "",
            "table_class": "STANDARD",
            "tags": {
              "app_name": "celeste",
              "env": "dev"
            },
            "tags_all": {
              "app_name": "celeste",
              "env": "dev",
              "iac": "terraform"
            },
            "timeouts": null,
            "ttl": [
              {
                "attribute_name": "",
                "enabled": false
              }
            ],
            "write_capacity": 0
          },
          "sensitive_attributes": [],
          "private": "eyJlMmJmYjczMC1lY2FhLTExZTYtOGY4OC0zNDM2M2JjN2M0YzAiOnsiY3JlYXRlIjoxODAwMDAwMDAwMDAwLCJkZWxldGUiOjYwMDAwMDAwMDAwMCwidXBkYXRlIjozNjAwMDAwMDAwMDAwfSwic2NoZW1hX3ZlcnNpb24iOiIxIn0="
        }
      ]
    },
    {
      "module": "module.tables_dynamodb",
      "mode": "managed",
      "type": "aws_dynamodb_table",
      "name": "tbl_users",
      "provider": "provider[\"registry.terraform.io/hashicorp/aws\"]",
      "instances": [
        {
          "schema_version": 1,
          "attributes": {
            "arn": "arn:aws:dynamodb:us-east-1:233925838033:table/tbl-celeste-users-dev",
            "attribute": [
              {
                "name": "id",
                "type": "N"
              }
            ],
            "billing_mode": "PAY_PER_REQUEST",
            "deletion_protection_enabled": false,
            "global_secondary_index": [],
            "hash_key": "id",
            "id": "tbl-celeste-users-dev",
            "import_table": [],
            "local_secondary_index": [],
            "name": "tbl-celeste-users-dev",
            "on_demand_throughput": [],
            "point_in_time_recovery": [
              {
                "enabled": false
              }
            ],
            "range_key": null,
            "read_capacity": 0,
            "replica": [],
            "restore_date_time": null,
            "restore_source_name": null,
            "restore_source_table_arn": null,
            "restore_to_latest_time": null,
            "server_side_encryption": [],
            "stream_arn": "",
            "stream_enabled": false,
            "stream_label": "",
            "stream_view_type": "",
            "table_class": "STANDARD",
            "tags": {
              "app_name": "celeste",
              "env": "dev"
            },
            "tags_all": {
              "app_name": "celeste",
              "env": "dev",
              "iac": "terraform"
            },
            "timeouts": null,
            "ttl": [
              {
                "attribute_name": "",
                "enabled": false
              }
            ],
            "write_capacity": 0
          },
          "sensitive_attributes": [],
          "private": "eyJlMmJmYjczMC1lY2FhLTExZTYtOGY4OC0zNDM2M2JjN2M0YzAiOnsiY3JlYXRlIjoxODAwMDAwMDAwMDAwLCJkZWxldGUiOjYwMDAwMDAwMDAwMCwidXBkYXRlIjozNjAwMDAwMDAwMDAwfSwic2NoZW1hX3ZlcnNpb24iOiIxIn0="
        }
      ]
    }
  ],
  "check_results": [
    {
      "object_kind": "var",
      "config_addr": "module.tables_dynamodb.var.env",
      "status": "pass",
      "objects": [
        {
          "object_addr": "module.tables_dynamodb.var.env",
          "status": "pass"
        }
      ]
    },
    {
      "object_kind": "var",
      "config_addr": "module.apigateway.var.env",
      "status": "pass",
      "objects": [
        {
          "object_addr": "module.apigateway.var.env",
          "status": "pass"
        }
      ]
    },
    {
      "object_kind": "var",
      "config_addr": "module.apigateway_resource_authorization.var.env",
      "status": "pass",
      "objects": [
        {
          "object_addr": "module.apigateway_resource_authorization.var.env",
          "status": "pass"
        }
      ]
    },
    {
      "object_kind": "var",
      "config_addr": "module.apigateway_resource_customers.var.env",
      "status": "pass",
      "objects": [
        {
          "object_addr": "module.apigateway_resource_customers.var.env",
          "status": "pass"
        }
      ]
    },
    {
      "object_kind": "var",
      "config_addr": "module.apigateway_resource_employees.var.env",
      "status": "pass",
      "objects": [
        {
          "object_addr": "module.apigateway_resource_employees.var.env",
          "status": "pass"
        }
      ]
    },
    {
      "object_kind": "var",
      "config_addr": "module.apigateway_resource_security.var.env",
      "status": "pass",
      "objects": [
        {
          "object_addr": "module.apigateway_resource_security.var.env",
          "status": "pass"
        }
      ]
    },
    {
      "object_kind": "var",
      "config_addr": "module.apigateway_resource_transaction_history.var.env",
      "status": "pass",
      "objects": [
        {
          "object_addr": "module.apigateway_resource_transaction_history.var.env",
          "status": "pass"
        }
      ]
    },
    {
      "object_kind": "var",
      "config_addr": "module.apigateway_resource_users.var.env",
      "status": "pass",
      "objects": [
        {
          "object_addr": "module.apigateway_resource_users.var.env",
          "status": "pass"
        }
      ]
    }
  ]
}
